{
  "version": 4,
  "terraform_version": "0.14.7",
  "serial": 2052,
  "lineage": "70fc8966-4c6d-7651-0b57-261760b463bf",
  "outputs": {},
  "resources": [
    {
      "mode": "data",
      "type": "archive_file",
      "name": "bcp-auth",
      "provider": "provider[\"registry.terraform.io/hashicorp/archive\"]",
      "instances": [
        {
          "schema_version": 0,
          "attributes": {
            "excludes": null,
            "id": "eb57541e9a5331338b778b4f42b90a9cac2fa9b9",
            "output_base64sha256": "yBiCUdSrfpoxi/ZNrWizvCZfDD7+Y9x2P9rzaHxJIaM=",
            "output_file_mode": null,
            "output_md5": "f70fc069f1a8a0bbe8f079b1b2a7ad16",
            "output_path": "./lambda/tmp/basic-auth3.zip",
            "output_sha": "eb57541e9a5331338b778b4f42b90a9cac2fa9b9",
            "output_size": 846,
            "source": [],
            "source_content": null,
            "source_content_filename": null,
            "source_dir": null,
            "source_file": "./lambda/index.js",
            "type": "zip"
          },
          "sensitive_attributes": []
        }
      ]
    },
    {
      "mode": "data",
      "type": "archive_file",
      "name": "dev_log_exporter",
      "provider": "provider[\"registry.terraform.io/hashicorp/archive\"]",
      "instances": [
        {
          "schema_version": 0,
          "attributes": {
            "excludes": null,
            "id": "bd45810f6df1b6f2a6392375e4ee84f3c2cfeb56",
            "output_base64sha256": "5JPs/3KwI4+gWvcH6KgOG2HInzorMS9GxRCQcXWBCXY=",
            "output_file_mode": null,
            "output_md5": "8bf08899f9a2ddb24c35a3be364a95ee",
            "output_path": "./lambda/tmp/cloudwatch-to-s3.zip",
            "output_sha": "bd45810f6df1b6f2a6392375e4ee84f3c2cfeb56",
            "output_size": 1096,
            "source": [],
            "source_content": null,
            "source_content_filename": null,
            "source_dir": null,
            "source_file": "./lambda/cloudwatch-to-s3.py",
            "type": "zip"
          },
          "sensitive_attributes": []
        }
      ]
    },
    {
      "mode": "data",
      "type": "aws_caller_identity",
      "name": "current",
      "provider": "provider[\"registry.terraform.io/hashicorp/aws\"]",
      "instances": [
        {
          "schema_version": 0,
          "attributes": {
            "account_id": "975971611990",
            "arn": "arn:aws:iam::975971611990:user/matthew.rawling@informed.com",
            "id": "975971611990",
            "user_id": "AIDA6GPDQ6VLKH4QHIIT4"
          },
          "sensitive_attributes": []
        }
      ]
    },
    {
      "mode": "data",
      "type": "aws_caller_identity",
      "name": "current1",
      "provider": "provider[\"registry.terraform.io/hashicorp/aws\"]",
      "instances": [
        {
          "schema_version": 0,
          "attributes": {
            "account_id": "975971611990",
            "arn": "arn:aws:iam::975971611990:user/matthew.rawling@informed.com",
            "id": "975971611990",
            "user_id": "AIDA6GPDQ6VLKH4QHIIT4"
          },
          "sensitive_attributes": []
        }
      ]
    },
    {
      "mode": "data",
      "type": "aws_canonical_user_id",
      "name": "current_user",
      "provider": "provider[\"registry.terraform.io/hashicorp/aws\"]",
      "instances": [
        {
          "schema_version": 0,
          "attributes": {
            "display_name": "",
            "id": "7307b95aa6ac0c58ff934c1813d89bcccc87227b7d3dc1a5b109ac1545b5908f"
          },
          "sensitive_attributes": []
        }
      ]
    },
    {
      "mode": "data",
      "type": "aws_db_snapshot",
      "name": "dev-snap",
      "provider": "provider[\"registry.terraform.io/hashicorp/aws\"]",
      "instances": [
        {
          "schema_version": 0,
          "attributes": {
            "allocated_storage": 100,
            "availability_zone": "eu-west-2a",
            "db_instance_identifier": "dev-bcp-db",
            "db_snapshot_arn": "arn:aws:rds:eu-west-2:975971611990:snapshot:rds:dev-bcp-db-2021-06-15-02-08",
            "db_snapshot_identifier": "rds:dev-bcp-db-2021-06-15-02-08",
            "encrypted": true,
            "engine": "mysql",
            "engine_version": "8.0.23",
            "id": "rds:dev-bcp-db-2021-06-15-02-08",
            "include_public": false,
            "include_shared": false,
            "iops": 0,
            "kms_key_id": "arn:aws:kms:eu-west-2:975971611990:key/f356a288-0fce-475a-8223-bd380f9d93cf",
            "license_model": "general-public-license",
            "most_recent": true,
            "option_group_name": "default:mysql-8-0",
            "port": 3306,
            "snapshot_create_time": "2021-06-15T02:08:40Z",
            "snapshot_type": "automated",
            "source_db_snapshot_identifier": "",
            "source_region": "",
            "status": "available",
            "storage_type": "gp2",
            "vpc_id": "vpc-09d56518e2d4026fc"
          },
          "sensitive_attributes": []
        }
      ]
    },
    {
      "mode": "data",
      "type": "aws_elb_service_account",
      "name": "main",
      "provider": "provider[\"registry.terraform.io/hashicorp/aws\"]",
      "instances": [
        {
          "schema_version": 0,
          "attributes": {
            "arn": "arn:aws:iam::652711504416:root",
            "id": "652711504416",
            "region": null
          },
          "sensitive_attributes": []
        }
      ]
    },
    {
      "mode": "data",
      "type": "aws_iam_policy_document",
      "name": "dev_inspector_event_role_policy",
      "provider": "provider[\"registry.terraform.io/hashicorp/aws\"]",
      "instances": [
        {
          "schema_version": 0,
          "attributes": {
            "id": "2380982186",
            "json": "{\n  \"Version\": \"2012-10-17\",\n  \"Statement\": [\n    {\n      \"Sid\": \"StartAssessment\",\n      \"Effect\": \"Allow\",\n      \"Action\": \"inspector:StartAssessmentRun\",\n      \"Resource\": \"*\"\n    }\n  ]\n}",
            "override_json": null,
            "override_policy_documents": null,
            "policy_id": null,
            "source_json": null,
            "source_policy_documents": null,
            "statement": [
              {
                "actions": [
                  "inspector:StartAssessmentRun"
                ],
                "condition": [],
                "effect": "Allow",
                "not_actions": [],
                "not_principals": [],
                "not_resources": [],
                "principals": [],
                "resources": [
                  "*"
                ],
                "sid": "StartAssessment"
              }
            ],
            "version": "2012-10-17"
          },
          "sensitive_attributes": []
        }
      ]
    },
    {
      "mode": "data",
      "type": "aws_region",
      "name": "current",
      "provider": "provider[\"registry.terraform.io/hashicorp/aws\"]",
      "instances": [
        {
          "schema_version": 0,
          "attributes": {
            "description": "Europe (London)",
            "endpoint": "ec2.eu-west-2.amazonaws.com",
            "id": "eu-west-2",
            "name": "eu-west-2"
          },
          "sensitive_attributes": []
        }
      ]
    },
    {
      "mode": "managed",
      "type": "aws_alb_listener",
      "name": "dev-bce-app-alb-listener",
      "provider": "provider[\"registry.terraform.io/hashicorp/aws\"]",
      "instances": [
        {
          "schema_version": 0,
          "attributes": {
            "alpn_policy": null,
            "arn": "arn:aws:elasticloadbalancing:eu-west-2:975971611990:listener/app/dev-bce-app-alb/c6092919971bb20b/4474f89a60995332",
            "certificate_arn": "arn:aws:acm:eu-west-2:975971611990:certificate/18aa0c00-55b3-4f07-81fe-19b7e15291e0",
            "default_action": [
              {
                "authenticate_cognito": [],
                "authenticate_oidc": [],
                "fixed_response": [],
                "forward": [],
                "order": 1,
                "redirect": [],
                "target_group_arn": "arn:aws:elasticloadbalancing:eu-west-2:975971611990:targetgroup/DEV-BCE-Applicaton-TG/7d209282350b217c",
                "type": "forward"
              }
            ],
            "id": "arn:aws:elasticloadbalancing:eu-west-2:975971611990:listener/app/dev-bce-app-alb/c6092919971bb20b/4474f89a60995332",
            "load_balancer_arn": "arn:aws:elasticloadbalancing:eu-west-2:975971611990:loadbalancer/app/dev-bce-app-alb/c6092919971bb20b",
            "port": 443,
            "protocol": "HTTPS",
            "ssl_policy": "ELBSecurityPolicy-TLS-1-2-Ext-2018-06",
            "tags": {},
            "tags_all": {},
            "timeouts": null
          },
          "sensitive_attributes": [],
          "private": "eyJlMmJmYjczMC1lY2FhLTExZTYtOGY4OC0zNDM2M2JjN2M0YzAiOnsicmVhZCI6NjAwMDAwMDAwMDAwfX0=",
          "dependencies": [
            "aws_kms_key.dev-kms",
            "aws_lb.dev-bce-app-alb",
            "aws_lb_target_group.DEV-BCE-APP-TG",
            "aws_s3_bucket.dev-bce-logs",
            "aws_security_group.DEV-BCE-EXTALB-SG",
            "aws_subnet.dev-public",
            "aws_vpc.dev-default",
            "data.aws_canonical_user_id.current_user"
          ]
        }
      ]
    },
    {
      "mode": "managed",
      "type": "aws_alb_listener",
      "name": "dev-bce-app-alb-listener80",
      "provider": "provider[\"registry.terraform.io/hashicorp/aws\"]",
      "instances": [
        {
          "schema_version": 0,
          "attributes": {
            "alpn_policy": null,
            "arn": "arn:aws:elasticloadbalancing:eu-west-2:975971611990:listener/app/dev-bce-app-alb/c6092919971bb20b/de670c0d578e905f",
            "certificate_arn": null,
            "default_action": [
              {
                "authenticate_cognito": [],
                "authenticate_oidc": [],
                "fixed_response": [],
                "forward": [],
                "order": 1,
                "redirect": [],
                "target_group_arn": "arn:aws:elasticloadbalancing:eu-west-2:975971611990:targetgroup/DEV-BCE-Applicaton-TG/7d209282350b217c",
                "type": "forward"
              }
            ],
            "id": "arn:aws:elasticloadbalancing:eu-west-2:975971611990:listener/app/dev-bce-app-alb/c6092919971bb20b/de670c0d578e905f",
            "load_balancer_arn": "arn:aws:elasticloadbalancing:eu-west-2:975971611990:loadbalancer/app/dev-bce-app-alb/c6092919971bb20b",
            "port": 80,
            "protocol": "HTTP",
            "ssl_policy": "",
            "tags": {},
            "tags_all": {},
            "timeouts": null
          },
          "sensitive_attributes": [],
          "private": "eyJlMmJmYjczMC1lY2FhLTExZTYtOGY4OC0zNDM2M2JjN2M0YzAiOnsicmVhZCI6NjAwMDAwMDAwMDAwfX0=",
          "dependencies": [
            "aws_kms_key.dev-kms",
            "aws_lb.dev-bce-app-alb",
            "aws_lb_target_group.DEV-BCE-APP-TG",
            "aws_s3_bucket.dev-bce-logs",
            "aws_security_group.DEV-BCE-EXTALB-SG",
            "aws_subnet.dev-public",
            "aws_vpc.dev-default",
            "data.aws_canonical_user_id.current_user"
          ]
        }
      ]
    },
    {
      "mode": "managed",
      "type": "aws_alb_listener",
      "name": "dev-bce-map-alb-listener",
      "provider": "provider[\"registry.terraform.io/hashicorp/aws\"]",
      "instances": [
        {
          "schema_version": 0,
          "attributes": {
            "alpn_policy": null,
            "arn": "arn:aws:elasticloadbalancing:eu-west-2:975971611990:listener/app/dev-bce-app-alb/c6092919971bb20b/b0adac34bd997058",
            "certificate_arn": null,
            "default_action": [
              {
                "authenticate_cognito": [],
                "authenticate_oidc": [],
                "fixed_response": [],
                "forward": [],
                "order": 1,
                "redirect": [],
                "target_group_arn": "arn:aws:elasticloadbalancing:eu-west-2:975971611990:targetgroup/DEV-BCE-Mapping-TG/78a9bdcd39c65060",
                "type": "forward"
              }
            ],
            "id": "arn:aws:elasticloadbalancing:eu-west-2:975971611990:listener/app/dev-bce-app-alb/c6092919971bb20b/b0adac34bd997058",
            "load_balancer_arn": "arn:aws:elasticloadbalancing:eu-west-2:975971611990:loadbalancer/app/dev-bce-app-alb/c6092919971bb20b",
            "port": 8080,
            "protocol": "HTTP",
            "ssl_policy": "",
            "tags": {},
            "tags_all": {},
            "timeouts": null
          },
          "sensitive_attributes": [],
          "private": "eyJlMmJmYjczMC1lY2FhLTExZTYtOGY4OC0zNDM2M2JjN2M0YzAiOnsicmVhZCI6NjAwMDAwMDAwMDAwfX0=",
          "dependencies": [
            "aws_kms_key.dev-kms",
            "aws_lb.dev-bce-app-alb",
            "aws_lb_target_group.DEV-BCE-MAP-TG",
            "aws_s3_bucket.dev-bce-logs",
            "aws_security_group.DEV-BCE-EXTALB-SG",
            "aws_subnet.dev-public",
            "aws_vpc.dev-default",
            "data.aws_canonical_user_id.current_user"
          ]
        }
      ]
    },
    {
      "mode": "managed",
      "type": "aws_alb_listener",
      "name": "dev-bcs-app-alb-listener",
      "provider": "provider[\"registry.terraform.io/hashicorp/aws\"]",
      "instances": [
        {
          "schema_version": 0,
          "attributes": {
            "alpn_policy": null,
            "arn": "arn:aws:elasticloadbalancing:eu-west-2:975971611990:listener/app/dev-bcs-app-alb/84aeb6fb960630c8/a6459188f0df9531",
            "certificate_arn": "arn:aws:acm:eu-west-2:975971611990:certificate/18aa0c00-55b3-4f07-81fe-19b7e15291e0",
            "default_action": [
              {
                "authenticate_cognito": [],
                "authenticate_oidc": [],
                "fixed_response": [],
                "forward": [],
                "order": 1,
                "redirect": [],
                "target_group_arn": "arn:aws:elasticloadbalancing:eu-west-2:975971611990:targetgroup/DEV-BCS-Applicaton-TG/82a784d0ddd0a61b",
                "type": "forward"
              }
            ],
            "id": "arn:aws:elasticloadbalancing:eu-west-2:975971611990:listener/app/dev-bcs-app-alb/84aeb6fb960630c8/a6459188f0df9531",
            "load_balancer_arn": "arn:aws:elasticloadbalancing:eu-west-2:975971611990:loadbalancer/app/dev-bcs-app-alb/84aeb6fb960630c8",
            "port": 443,
            "protocol": "HTTPS",
            "ssl_policy": "ELBSecurityPolicy-TLS-1-2-Ext-2018-06",
            "tags": {},
            "tags_all": {},
            "timeouts": null
          },
          "sensitive_attributes": [],
          "private": "eyJlMmJmYjczMC1lY2FhLTExZTYtOGY4OC0zNDM2M2JjN2M0YzAiOnsicmVhZCI6NjAwMDAwMDAwMDAwfX0=",
          "dependencies": [
            "aws_kms_key.dev-kms",
            "aws_lb.dev-bcs-app-alb",
            "aws_lb_target_group.DEV-BCS-APP-TG",
            "aws_s3_bucket.dev-bcs-logs",
            "aws_security_group.DEV-BCS-EXTALB-SG",
            "aws_subnet.dev-public",
            "aws_vpc.dev-default",
            "data.aws_canonical_user_id.current_user"
          ]
        }
      ]
    },
    {
      "mode": "managed",
      "type": "aws_alb_listener",
      "name": "dev-bcs-app-alb-listener80",
      "provider": "provider[\"registry.terraform.io/hashicorp/aws\"]",
      "instances": [
        {
          "schema_version": 0,
          "attributes": {
            "alpn_policy": null,
            "arn": "arn:aws:elasticloadbalancing:eu-west-2:975971611990:listener/app/dev-bcs-app-alb/84aeb6fb960630c8/3f14d0151a28f0c7",
            "certificate_arn": null,
            "default_action": [
              {
                "authenticate_cognito": [],
                "authenticate_oidc": [],
                "fixed_response": [],
                "forward": [],
                "order": 1,
                "redirect": [],
                "target_group_arn": "arn:aws:elasticloadbalancing:eu-west-2:975971611990:targetgroup/DEV-BCS-Applicaton-TG/82a784d0ddd0a61b",
                "type": "forward"
              }
            ],
            "id": "arn:aws:elasticloadbalancing:eu-west-2:975971611990:listener/app/dev-bcs-app-alb/84aeb6fb960630c8/3f14d0151a28f0c7",
            "load_balancer_arn": "arn:aws:elasticloadbalancing:eu-west-2:975971611990:loadbalancer/app/dev-bcs-app-alb/84aeb6fb960630c8",
            "port": 80,
            "protocol": "HTTP",
            "ssl_policy": "",
            "tags": {},
            "tags_all": {},
            "timeouts": null
          },
          "sensitive_attributes": [],
          "private": "eyJlMmJmYjczMC1lY2FhLTExZTYtOGY4OC0zNDM2M2JjN2M0YzAiOnsicmVhZCI6NjAwMDAwMDAwMDAwfX0=",
          "dependencies": [
            "aws_kms_key.dev-kms",
            "aws_lb.dev-bcs-app-alb",
            "aws_lb_target_group.DEV-BCS-APP-TG",
            "aws_s3_bucket.dev-bcs-logs",
            "aws_security_group.DEV-BCS-EXTALB-SG",
            "aws_subnet.dev-public",
            "aws_vpc.dev-default",
            "data.aws_canonical_user_id.current_user"
          ]
        }
      ]
    },
    {
      "mode": "managed",
      "type": "aws_alb_listener",
      "name": "dev-bcs-map-alb-listener",
      "provider": "provider[\"registry.terraform.io/hashicorp/aws\"]",
      "instances": [
        {
          "schema_version": 0,
          "attributes": {
            "alpn_policy": null,
            "arn": "arn:aws:elasticloadbalancing:eu-west-2:975971611990:listener/app/dev-bcs-app-alb/84aeb6fb960630c8/86d6f2b388026cd5",
            "certificate_arn": null,
            "default_action": [
              {
                "authenticate_cognito": [],
                "authenticate_oidc": [],
                "fixed_response": [],
                "forward": [],
                "order": 1,
                "redirect": [],
                "target_group_arn": "arn:aws:elasticloadbalancing:eu-west-2:975971611990:targetgroup/DEV-BCS-Mapping-TG/cc3aa953d161ba5c",
                "type": "forward"
              }
            ],
            "id": "arn:aws:elasticloadbalancing:eu-west-2:975971611990:listener/app/dev-bcs-app-alb/84aeb6fb960630c8/86d6f2b388026cd5",
            "load_balancer_arn": "arn:aws:elasticloadbalancing:eu-west-2:975971611990:loadbalancer/app/dev-bcs-app-alb/84aeb6fb960630c8",
            "port": 8080,
            "protocol": "HTTP",
            "ssl_policy": "",
            "tags": {},
            "tags_all": {},
            "timeouts": null
          },
          "sensitive_attributes": [],
          "private": "eyJlMmJmYjczMC1lY2FhLTExZTYtOGY4OC0zNDM2M2JjN2M0YzAiOnsicmVhZCI6NjAwMDAwMDAwMDAwfX0=",
          "dependencies": [
            "aws_kms_key.dev-kms",
            "aws_lb.dev-bcs-app-alb",
            "aws_lb_target_group.DEV-BCS-MAP-TG",
            "aws_s3_bucket.dev-bcs-logs",
            "aws_security_group.DEV-BCS-EXTALB-SG",
            "aws_subnet.dev-public",
            "aws_vpc.dev-default",
            "data.aws_canonical_user_id.current_user"
          ]
        }
      ]
    },
    {
      "mode": "managed",
      "type": "aws_alb_listener",
      "name": "dev-bcw-app-alb-listener",
      "provider": "provider[\"registry.terraform.io/hashicorp/aws\"]",
      "instances": [
        {
          "schema_version": 0,
          "attributes": {
            "alpn_policy": null,
            "arn": "arn:aws:elasticloadbalancing:eu-west-2:975971611990:listener/app/dev-bcw-app-alb/104124d6380f3e24/82b6cace882c4b46",
            "certificate_arn": "arn:aws:acm:eu-west-2:975971611990:certificate/18aa0c00-55b3-4f07-81fe-19b7e15291e0",
            "default_action": [
              {
                "authenticate_cognito": [],
                "authenticate_oidc": [],
                "fixed_response": [],
                "forward": [],
                "order": 1,
                "redirect": [],
                "target_group_arn": "arn:aws:elasticloadbalancing:eu-west-2:975971611990:targetgroup/DEV-BCW-Applicaton-TG/c524baf5b4ac9b2a",
                "type": "forward"
              }
            ],
            "id": "arn:aws:elasticloadbalancing:eu-west-2:975971611990:listener/app/dev-bcw-app-alb/104124d6380f3e24/82b6cace882c4b46",
            "load_balancer_arn": "arn:aws:elasticloadbalancing:eu-west-2:975971611990:loadbalancer/app/dev-bcw-app-alb/104124d6380f3e24",
            "port": 443,
            "protocol": "HTTPS",
            "ssl_policy": "ELBSecurityPolicy-TLS-1-2-Ext-2018-06",
            "tags": {},
            "tags_all": {},
            "timeouts": null
          },
          "sensitive_attributes": [],
          "private": "eyJlMmJmYjczMC1lY2FhLTExZTYtOGY4OC0zNDM2M2JjN2M0YzAiOnsicmVhZCI6NjAwMDAwMDAwMDAwfX0=",
          "dependencies": [
            "aws_kms_key.dev-kms",
            "aws_lb.dev-bcw-app-alb",
            "aws_lb_target_group.DEV-BCW-APP-TG",
            "aws_s3_bucket.dev-bcw-logs",
            "aws_security_group.DEV-BCW-EXTALB-SG",
            "aws_subnet.dev-public",
            "aws_vpc.dev-default",
            "data.aws_canonical_user_id.current_user"
          ]
        }
      ]
    },
    {
      "mode": "managed",
      "type": "aws_alb_listener",
      "name": "dev-bcw-app-alb-listener80",
      "provider": "provider[\"registry.terraform.io/hashicorp/aws\"]",
      "instances": [
        {
          "schema_version": 0,
          "attributes": {
            "alpn_policy": null,
            "arn": "arn:aws:elasticloadbalancing:eu-west-2:975971611990:listener/app/dev-bcw-app-alb/104124d6380f3e24/95388699c59dbac9",
            "certificate_arn": null,
            "default_action": [
              {
                "authenticate_cognito": [],
                "authenticate_oidc": [],
                "fixed_response": [],
                "forward": [],
                "order": 1,
                "redirect": [],
                "target_group_arn": "arn:aws:elasticloadbalancing:eu-west-2:975971611990:targetgroup/DEV-BCW-Applicaton-TG/c524baf5b4ac9b2a",
                "type": "forward"
              }
            ],
            "id": "arn:aws:elasticloadbalancing:eu-west-2:975971611990:listener/app/dev-bcw-app-alb/104124d6380f3e24/95388699c59dbac9",
            "load_balancer_arn": "arn:aws:elasticloadbalancing:eu-west-2:975971611990:loadbalancer/app/dev-bcw-app-alb/104124d6380f3e24",
            "port": 80,
            "protocol": "HTTP",
            "ssl_policy": "",
            "tags": {},
            "tags_all": {},
            "timeouts": null
          },
          "sensitive_attributes": [],
          "private": "eyJlMmJmYjczMC1lY2FhLTExZTYtOGY4OC0zNDM2M2JjN2M0YzAiOnsicmVhZCI6NjAwMDAwMDAwMDAwfX0=",
          "dependencies": [
            "aws_kms_key.dev-kms",
            "aws_lb.dev-bcw-app-alb",
            "aws_lb_target_group.DEV-BCW-APP-TG",
            "aws_s3_bucket.dev-bcw-logs",
            "aws_security_group.DEV-BCW-EXTALB-SG",
            "aws_subnet.dev-public",
            "aws_vpc.dev-default",
            "data.aws_canonical_user_id.current_user"
          ]
        }
      ]
    },
    {
      "mode": "managed",
      "type": "aws_alb_listener",
      "name": "dev-bcw-map-alb-listener",
      "provider": "provider[\"registry.terraform.io/hashicorp/aws\"]",
      "instances": [
        {
          "schema_version": 0,
          "attributes": {
            "alpn_policy": null,
            "arn": "arn:aws:elasticloadbalancing:eu-west-2:975971611990:listener/app/dev-bcw-app-alb/104124d6380f3e24/302ccdb291cd93e0",
            "certificate_arn": null,
            "default_action": [
              {
                "authenticate_cognito": [],
                "authenticate_oidc": [],
                "fixed_response": [],
                "forward": [],
                "order": 1,
                "redirect": [],
                "target_group_arn": "arn:aws:elasticloadbalancing:eu-west-2:975971611990:targetgroup/DEV-BCW-Mapping-TG/02a882ebc7b80477",
                "type": "forward"
              }
            ],
            "id": "arn:aws:elasticloadbalancing:eu-west-2:975971611990:listener/app/dev-bcw-app-alb/104124d6380f3e24/302ccdb291cd93e0",
            "load_balancer_arn": "arn:aws:elasticloadbalancing:eu-west-2:975971611990:loadbalancer/app/dev-bcw-app-alb/104124d6380f3e24",
            "port": 8080,
            "protocol": "HTTP",
            "ssl_policy": "",
            "tags": {},
            "tags_all": {},
            "timeouts": null
          },
          "sensitive_attributes": [],
          "private": "eyJlMmJmYjczMC1lY2FhLTExZTYtOGY4OC0zNDM2M2JjN2M0YzAiOnsicmVhZCI6NjAwMDAwMDAwMDAwfX0=",
          "dependencies": [
            "aws_kms_key.dev-kms",
            "aws_lb.dev-bcw-app-alb",
            "aws_lb_target_group.DEV-BCW-MAP-TG",
            "aws_s3_bucket.dev-bcw-logs",
            "aws_security_group.DEV-BCW-EXTALB-SG",
            "aws_subnet.dev-public",
            "aws_vpc.dev-default",
            "data.aws_canonical_user_id.current_user"
          ]
        }
      ]
    },
    {
      "mode": "managed",
      "type": "aws_alb_listener",
      "name": "dev-cffg-app-alb-listener",
      "provider": "provider[\"registry.terraform.io/hashicorp/aws\"]",
      "instances": [
        {
          "schema_version": 0,
          "attributes": {
            "alpn_policy": null,
            "arn": "arn:aws:elasticloadbalancing:eu-west-2:975971611990:listener/app/dev-cffg-app-alb/2ec9cfa454157f3d/4b280816a4c820a0",
            "certificate_arn": "arn:aws:acm:eu-west-2:975971611990:certificate/18aa0c00-55b3-4f07-81fe-19b7e15291e0",
            "default_action": [
              {
                "authenticate_cognito": [],
                "authenticate_oidc": [],
                "fixed_response": [],
                "forward": [],
                "order": 1,
                "redirect": [],
                "target_group_arn": "arn:aws:elasticloadbalancing:eu-west-2:975971611990:targetgroup/DEV-CFFG-Applicaton-TG/54abf1bd3c464554",
                "type": "forward"
              }
            ],
            "id": "arn:aws:elasticloadbalancing:eu-west-2:975971611990:listener/app/dev-cffg-app-alb/2ec9cfa454157f3d/4b280816a4c820a0",
            "load_balancer_arn": "arn:aws:elasticloadbalancing:eu-west-2:975971611990:loadbalancer/app/dev-cffg-app-alb/2ec9cfa454157f3d",
            "port": 443,
            "protocol": "HTTPS",
            "ssl_policy": "ELBSecurityPolicy-TLS-1-2-Ext-2018-06",
            "tags": {},
            "tags_all": {},
            "timeouts": null
          },
          "sensitive_attributes": [],
          "private": "eyJlMmJmYjczMC1lY2FhLTExZTYtOGY4OC0zNDM2M2JjN2M0YzAiOnsicmVhZCI6NjAwMDAwMDAwMDAwfX0=",
          "dependencies": [
            "aws_kms_key.dev-kms",
            "aws_lb.dev-cffg-app-alb",
            "aws_lb_target_group.DEV-CFFG-APP-TG",
            "aws_s3_bucket.dev-cffg-logs",
            "aws_security_group.DEV-CFFG-EXTALB-SG",
            "aws_subnet.dev-public",
            "aws_vpc.dev-default",
            "data.aws_canonical_user_id.current_user"
          ]
        }
      ]
    },
    {
      "mode": "managed",
      "type": "aws_alb_listener",
      "name": "dev-cffg-app-alb-listener80",
      "provider": "provider[\"registry.terraform.io/hashicorp/aws\"]",
      "instances": [
        {
          "schema_version": 0,
          "attributes": {
            "alpn_policy": null,
            "arn": "arn:aws:elasticloadbalancing:eu-west-2:975971611990:listener/app/dev-cffg-app-alb/2ec9cfa454157f3d/3b8fced5716c9ddd",
            "certificate_arn": null,
            "default_action": [
              {
                "authenticate_cognito": [],
                "authenticate_oidc": [],
                "fixed_response": [],
                "forward": [],
                "order": 1,
                "redirect": [],
                "target_group_arn": "arn:aws:elasticloadbalancing:eu-west-2:975971611990:targetgroup/DEV-CFFG-Applicaton-TG/54abf1bd3c464554",
                "type": "forward"
              }
            ],
            "id": "arn:aws:elasticloadbalancing:eu-west-2:975971611990:listener/app/dev-cffg-app-alb/2ec9cfa454157f3d/3b8fced5716c9ddd",
            "load_balancer_arn": "arn:aws:elasticloadbalancing:eu-west-2:975971611990:loadbalancer/app/dev-cffg-app-alb/2ec9cfa454157f3d",
            "port": 80,
            "protocol": "HTTP",
            "ssl_policy": "",
            "tags": {},
            "tags_all": {},
            "timeouts": null
          },
          "sensitive_attributes": [],
          "private": "eyJlMmJmYjczMC1lY2FhLTExZTYtOGY4OC0zNDM2M2JjN2M0YzAiOnsicmVhZCI6NjAwMDAwMDAwMDAwfX0=",
          "dependencies": [
            "aws_kms_key.dev-kms",
            "aws_lb.dev-cffg-app-alb",
            "aws_lb_target_group.DEV-CFFG-APP-TG",
            "aws_s3_bucket.dev-cffg-logs",
            "aws_security_group.DEV-CFFG-EXTALB-SG",
            "aws_subnet.dev-public",
            "aws_vpc.dev-default",
            "data.aws_canonical_user_id.current_user"
          ]
        }
      ]
    },
    {
      "mode": "managed",
      "type": "aws_alb_listener",
      "name": "dev-cffg-map-alb-listener",
      "provider": "provider[\"registry.terraform.io/hashicorp/aws\"]",
      "instances": [
        {
          "schema_version": 0,
          "attributes": {
            "alpn_policy": null,
            "arn": "arn:aws:elasticloadbalancing:eu-west-2:975971611990:listener/app/dev-cffg-app-alb/2ec9cfa454157f3d/eb7d5ed48554cfa6",
            "certificate_arn": null,
            "default_action": [
              {
                "authenticate_cognito": [],
                "authenticate_oidc": [],
                "fixed_response": [],
                "forward": [],
                "order": 1,
                "redirect": [],
                "target_group_arn": "arn:aws:elasticloadbalancing:eu-west-2:975971611990:targetgroup/DEV-CFFG-Mapping-TG/61fd509757385bf6",
                "type": "forward"
              }
            ],
            "id": "arn:aws:elasticloadbalancing:eu-west-2:975971611990:listener/app/dev-cffg-app-alb/2ec9cfa454157f3d/eb7d5ed48554cfa6",
            "load_balancer_arn": "arn:aws:elasticloadbalancing:eu-west-2:975971611990:loadbalancer/app/dev-cffg-app-alb/2ec9cfa454157f3d",
            "port": 8080,
            "protocol": "HTTP",
            "ssl_policy": "",
            "tags": {},
            "tags_all": {},
            "timeouts": null
          },
          "sensitive_attributes": [],
          "private": "eyJlMmJmYjczMC1lY2FhLTExZTYtOGY4OC0zNDM2M2JjN2M0YzAiOnsicmVhZCI6NjAwMDAwMDAwMDAwfX0=",
          "dependencies": [
            "aws_kms_key.dev-kms",
            "aws_lb.dev-cffg-app-alb",
            "aws_lb_target_group.DEV-CFFG-MAP-TG",
            "aws_s3_bucket.dev-cffg-logs",
            "aws_security_group.DEV-CFFG-EXTALB-SG",
            "aws_subnet.dev-public",
            "aws_vpc.dev-default",
            "data.aws_canonical_user_id.current_user"
          ]
        }
      ]
    },
    {
      "mode": "managed",
      "type": "aws_alb_listener_rule",
      "name": "dev-map-bce-rule",
      "provider": "provider[\"registry.terraform.io/hashicorp/aws\"]",
      "instances": [
        {
          "schema_version": 0,
          "attributes": {
            "action": [
              {
                "authenticate_cognito": [],
                "authenticate_oidc": [],
                "fixed_response": [],
                "forward": [],
                "order": 1,
                "redirect": [],
                "target_group_arn": "arn:aws:elasticloadbalancing:eu-west-2:975971611990:targetgroup/DEV-BCE-Mapping-TG/78a9bdcd39c65060",
                "type": "forward"
              }
            ],
            "arn": "arn:aws:elasticloadbalancing:eu-west-2:975971611990:listener-rule/app/dev-bce-app-alb/c6092919971bb20b/4474f89a60995332/19cc94ef194f3b41",
            "condition": [
              {
                "host_header": [],
                "http_header": [],
                "http_request_method": [],
                "path_pattern": [
                  {
                    "values": [
                      "/geoserver/BCE/*"
                    ]
                  }
                ],
                "query_string": [],
                "source_ip": []
              }
            ],
            "id": "arn:aws:elasticloadbalancing:eu-west-2:975971611990:listener-rule/app/dev-bce-app-alb/c6092919971bb20b/4474f89a60995332/19cc94ef194f3b41",
            "listener_arn": "arn:aws:elasticloadbalancing:eu-west-2:975971611990:listener/app/dev-bce-app-alb/c6092919971bb20b/4474f89a60995332",
            "priority": 1,
            "tags": {},
            "tags_all": {}
          },
          "sensitive_attributes": [],
          "private": "bnVsbA==",
          "dependencies": [
            "aws_alb_listener.dev-bce-app-alb-listener",
            "aws_kms_key.dev-kms",
            "aws_lb.dev-bce-app-alb",
            "aws_lb_target_group.DEV-BCE-APP-TG",
            "aws_lb_target_group.DEV-BCE-MAP-TG",
            "aws_s3_bucket.dev-bce-logs",
            "aws_security_group.DEV-BCE-EXTALB-SG",
            "aws_subnet.dev-public",
            "aws_vpc.dev-default",
            "data.aws_canonical_user_id.current_user"
          ]
        }
      ]
    },
    {
      "mode": "managed",
      "type": "aws_alb_listener_rule",
      "name": "dev-map-bce-rule80",
      "provider": "provider[\"registry.terraform.io/hashicorp/aws\"]",
      "instances": [
        {
          "schema_version": 0,
          "attributes": {
            "action": [
              {
                "authenticate_cognito": [],
                "authenticate_oidc": [],
                "fixed_response": [],
                "forward": [],
                "order": 1,
                "redirect": [],
                "target_group_arn": "arn:aws:elasticloadbalancing:eu-west-2:975971611990:targetgroup/DEV-BCE-Mapping-TG/78a9bdcd39c65060",
                "type": "forward"
              }
            ],
            "arn": "arn:aws:elasticloadbalancing:eu-west-2:975971611990:listener-rule/app/dev-bce-app-alb/c6092919971bb20b/de670c0d578e905f/4dad3a3eab2a7812",
            "condition": [
              {
                "host_header": [],
                "http_header": [],
                "http_request_method": [],
                "path_pattern": [
                  {
                    "values": [
                      "/geoserver/BCE/*"
                    ]
                  }
                ],
                "query_string": [],
                "source_ip": []
              }
            ],
            "id": "arn:aws:elasticloadbalancing:eu-west-2:975971611990:listener-rule/app/dev-bce-app-alb/c6092919971bb20b/de670c0d578e905f/4dad3a3eab2a7812",
            "listener_arn": "arn:aws:elasticloadbalancing:eu-west-2:975971611990:listener/app/dev-bce-app-alb/c6092919971bb20b/de670c0d578e905f",
            "priority": 1,
            "tags": {},
            "tags_all": {}
          },
          "sensitive_attributes": [],
          "private": "bnVsbA==",
          "dependencies": [
            "aws_alb_listener.dev-bce-app-alb-listener80",
            "aws_kms_key.dev-kms",
            "aws_lb.dev-bce-app-alb",
            "aws_lb_target_group.DEV-BCE-APP-TG",
            "aws_lb_target_group.DEV-BCE-MAP-TG",
            "aws_s3_bucket.dev-bce-logs",
            "aws_security_group.DEV-BCE-EXTALB-SG",
            "aws_subnet.dev-public",
            "aws_vpc.dev-default",
            "data.aws_canonical_user_id.current_user"
          ]
        }
      ]
    },
    {
      "mode": "managed",
      "type": "aws_alb_listener_rule",
      "name": "dev-map-bcs-rule",
      "provider": "provider[\"registry.terraform.io/hashicorp/aws\"]",
      "instances": [
        {
          "schema_version": 0,
          "attributes": {
            "action": [
              {
                "authenticate_cognito": [],
                "authenticate_oidc": [],
                "fixed_response": [],
                "forward": [],
                "order": 1,
                "redirect": [],
                "target_group_arn": "arn:aws:elasticloadbalancing:eu-west-2:975971611990:targetgroup/DEV-BCS-Mapping-TG/cc3aa953d161ba5c",
                "type": "forward"
              }
            ],
            "arn": "arn:aws:elasticloadbalancing:eu-west-2:975971611990:listener-rule/app/dev-bcs-app-alb/84aeb6fb960630c8/a6459188f0df9531/88d600d10701d052",
            "condition": [
              {
                "host_header": [],
                "http_header": [],
                "http_request_method": [],
                "path_pattern": [
                  {
                    "values": [
                      "/geoserver/BCS/*"
                    ]
                  }
                ],
                "query_string": [],
                "source_ip": []
              }
            ],
            "id": "arn:aws:elasticloadbalancing:eu-west-2:975971611990:listener-rule/app/dev-bcs-app-alb/84aeb6fb960630c8/a6459188f0df9531/88d600d10701d052",
            "listener_arn": "arn:aws:elasticloadbalancing:eu-west-2:975971611990:listener/app/dev-bcs-app-alb/84aeb6fb960630c8/a6459188f0df9531",
            "priority": 1,
            "tags": {},
            "tags_all": {}
          },
          "sensitive_attributes": [],
          "private": "bnVsbA==",
          "dependencies": [
            "aws_alb_listener.dev-bcs-app-alb-listener",
            "aws_kms_key.dev-kms",
            "aws_lb.dev-bcs-app-alb",
            "aws_lb_target_group.DEV-BCS-APP-TG",
            "aws_lb_target_group.DEV-BCS-MAP-TG",
            "aws_s3_bucket.dev-bcs-logs",
            "aws_security_group.DEV-BCS-EXTALB-SG",
            "aws_subnet.dev-public",
            "aws_vpc.dev-default",
            "data.aws_canonical_user_id.current_user"
          ]
        }
      ]
    },
    {
      "mode": "managed",
      "type": "aws_alb_listener_rule",
      "name": "dev-map-bcs-rule80",
      "provider": "provider[\"registry.terraform.io/hashicorp/aws\"]",
      "instances": [
        {
          "schema_version": 0,
          "attributes": {
            "action": [
              {
                "authenticate_cognito": [],
                "authenticate_oidc": [],
                "fixed_response": [],
                "forward": [],
                "order": 1,
                "redirect": [],
                "target_group_arn": "arn:aws:elasticloadbalancing:eu-west-2:975971611990:targetgroup/DEV-BCS-Mapping-TG/cc3aa953d161ba5c",
                "type": "forward"
              }
            ],
            "arn": "arn:aws:elasticloadbalancing:eu-west-2:975971611990:listener-rule/app/dev-bcs-app-alb/84aeb6fb960630c8/3f14d0151a28f0c7/425d53b985ed65e7",
            "condition": [
              {
                "host_header": [],
                "http_header": [],
                "http_request_method": [],
                "path_pattern": [
                  {
                    "values": [
                      "/geoserver/BCS/*"
                    ]
                  }
                ],
                "query_string": [],
                "source_ip": []
              }
            ],
            "id": "arn:aws:elasticloadbalancing:eu-west-2:975971611990:listener-rule/app/dev-bcs-app-alb/84aeb6fb960630c8/3f14d0151a28f0c7/425d53b985ed65e7",
            "listener_arn": "arn:aws:elasticloadbalancing:eu-west-2:975971611990:listener/app/dev-bcs-app-alb/84aeb6fb960630c8/3f14d0151a28f0c7",
            "priority": 1,
            "tags": {},
            "tags_all": {}
          },
          "sensitive_attributes": [],
          "private": "bnVsbA==",
          "dependencies": [
            "aws_alb_listener.dev-bcs-app-alb-listener80",
            "aws_kms_key.dev-kms",
            "aws_lb.dev-bcs-app-alb",
            "aws_lb_target_group.DEV-BCS-APP-TG",
            "aws_lb_target_group.DEV-BCS-MAP-TG",
            "aws_s3_bucket.dev-bcs-logs",
            "aws_security_group.DEV-BCS-EXTALB-SG",
            "aws_subnet.dev-public",
            "aws_vpc.dev-default",
            "data.aws_canonical_user_id.current_user"
          ]
        }
      ]
    },
    {
      "mode": "managed",
      "type": "aws_alb_listener_rule",
      "name": "dev-map-bcw-rule",
      "provider": "provider[\"registry.terraform.io/hashicorp/aws\"]",
      "instances": [
        {
          "schema_version": 0,
          "attributes": {
            "action": [
              {
                "authenticate_cognito": [],
                "authenticate_oidc": [],
                "fixed_response": [],
                "forward": [],
                "order": 1,
                "redirect": [],
                "target_group_arn": "arn:aws:elasticloadbalancing:eu-west-2:975971611990:targetgroup/DEV-BCW-Mapping-TG/02a882ebc7b80477",
                "type": "forward"
              }
            ],
            "arn": "arn:aws:elasticloadbalancing:eu-west-2:975971611990:listener-rule/app/dev-bcw-app-alb/104124d6380f3e24/82b6cace882c4b46/e7d2413b9d9b364b",
            "condition": [
              {
                "host_header": [],
                "http_header": [],
                "http_request_method": [],
                "path_pattern": [
                  {
                    "values": [
                      "/geoserver/BCW/*"
                    ]
                  }
                ],
                "query_string": [],
                "source_ip": []
              }
            ],
            "id": "arn:aws:elasticloadbalancing:eu-west-2:975971611990:listener-rule/app/dev-bcw-app-alb/104124d6380f3e24/82b6cace882c4b46/e7d2413b9d9b364b",
            "listener_arn": "arn:aws:elasticloadbalancing:eu-west-2:975971611990:listener/app/dev-bcw-app-alb/104124d6380f3e24/82b6cace882c4b46",
            "priority": 1,
            "tags": {},
            "tags_all": {}
          },
          "sensitive_attributes": [],
          "private": "bnVsbA==",
          "dependencies": [
            "aws_alb_listener.dev-bcw-app-alb-listener",
            "aws_kms_key.dev-kms",
            "aws_lb.dev-bcw-app-alb",
            "aws_lb_target_group.DEV-BCW-APP-TG",
            "aws_lb_target_group.DEV-BCW-MAP-TG",
            "aws_s3_bucket.dev-bcw-logs",
            "aws_security_group.DEV-BCW-EXTALB-SG",
            "aws_subnet.dev-public",
            "aws_vpc.dev-default",
            "data.aws_canonical_user_id.current_user"
          ]
        }
      ]
    },
    {
      "mode": "managed",
      "type": "aws_alb_listener_rule",
      "name": "dev-map-bcw-rule80",
      "provider": "provider[\"registry.terraform.io/hashicorp/aws\"]",
      "instances": [
        {
          "schema_version": 0,
          "attributes": {
            "action": [
              {
                "authenticate_cognito": [],
                "authenticate_oidc": [],
                "fixed_response": [],
                "forward": [],
                "order": 1,
                "redirect": [],
                "target_group_arn": "arn:aws:elasticloadbalancing:eu-west-2:975971611990:targetgroup/DEV-BCW-Mapping-TG/02a882ebc7b80477",
                "type": "forward"
              }
            ],
            "arn": "arn:aws:elasticloadbalancing:eu-west-2:975971611990:listener-rule/app/dev-bcw-app-alb/104124d6380f3e24/95388699c59dbac9/56ce24bc05bd4628",
            "condition": [
              {
                "host_header": [],
                "http_header": [],
                "http_request_method": [],
                "path_pattern": [
                  {
                    "values": [
                      "/geoserver/BCW/*"
                    ]
                  }
                ],
                "query_string": [],
                "source_ip": []
              }
            ],
            "id": "arn:aws:elasticloadbalancing:eu-west-2:975971611990:listener-rule/app/dev-bcw-app-alb/104124d6380f3e24/95388699c59dbac9/56ce24bc05bd4628",
            "listener_arn": "arn:aws:elasticloadbalancing:eu-west-2:975971611990:listener/app/dev-bcw-app-alb/104124d6380f3e24/95388699c59dbac9",
            "priority": 1,
            "tags": {},
            "tags_all": {}
          },
          "sensitive_attributes": [],
          "private": "bnVsbA==",
          "dependencies": [
            "aws_alb_listener.dev-bcw-app-alb-listener80",
            "aws_kms_key.dev-kms",
            "aws_lb.dev-bcw-app-alb",
            "aws_lb_target_group.DEV-BCW-APP-TG",
            "aws_lb_target_group.DEV-BCW-MAP-TG",
            "aws_s3_bucket.dev-bcw-logs",
            "aws_security_group.DEV-BCW-EXTALB-SG",
            "aws_subnet.dev-public",
            "aws_vpc.dev-default",
            "data.aws_canonical_user_id.current_user"
          ]
        }
      ]
    },
    {
      "mode": "managed",
      "type": "aws_alb_listener_rule",
      "name": "dev-map-cffg-rule",
      "provider": "provider[\"registry.terraform.io/hashicorp/aws\"]",
      "instances": [
        {
          "schema_version": 0,
          "attributes": {
            "action": [
              {
                "authenticate_cognito": [],
                "authenticate_oidc": [],
                "fixed_response": [],
                "forward": [],
                "order": 1,
                "redirect": [],
                "target_group_arn": "arn:aws:elasticloadbalancing:eu-west-2:975971611990:targetgroup/DEV-CFFG-Mapping-TG/61fd509757385bf6",
                "type": "forward"
              }
            ],
            "arn": "arn:aws:elasticloadbalancing:eu-west-2:975971611990:listener-rule/app/dev-cffg-app-alb/2ec9cfa454157f3d/4b280816a4c820a0/28675372561cc9a6",
            "condition": [
              {
                "host_header": [],
                "http_header": [],
                "http_request_method": [],
                "path_pattern": [
                  {
                    "values": [
                      "/geoserver/CFFG/*"
                    ]
                  }
                ],
                "query_string": [],
                "source_ip": []
              }
            ],
            "id": "arn:aws:elasticloadbalancing:eu-west-2:975971611990:listener-rule/app/dev-cffg-app-alb/2ec9cfa454157f3d/4b280816a4c820a0/28675372561cc9a6",
            "listener_arn": "arn:aws:elasticloadbalancing:eu-west-2:975971611990:listener/app/dev-cffg-app-alb/2ec9cfa454157f3d/4b280816a4c820a0",
            "priority": 1,
            "tags": {},
            "tags_all": {}
          },
          "sensitive_attributes": [],
          "private": "bnVsbA==",
          "dependencies": [
            "aws_alb_listener.dev-cffg-app-alb-listener",
            "aws_kms_key.dev-kms",
            "aws_lb.dev-cffg-app-alb",
            "aws_lb_target_group.DEV-CFFG-APP-TG",
            "aws_lb_target_group.DEV-CFFG-MAP-TG",
            "aws_s3_bucket.dev-cffg-logs",
            "aws_security_group.DEV-CFFG-EXTALB-SG",
            "aws_subnet.dev-public",
            "aws_vpc.dev-default",
            "data.aws_canonical_user_id.current_user"
          ]
        }
      ]
    },
    {
      "mode": "managed",
      "type": "aws_alb_listener_rule",
      "name": "dev-map-cffg-rule80",
      "provider": "provider[\"registry.terraform.io/hashicorp/aws\"]",
      "instances": [
        {
          "schema_version": 0,
          "attributes": {
            "action": [
              {
                "authenticate_cognito": [],
                "authenticate_oidc": [],
                "fixed_response": [],
                "forward": [],
                "order": 1,
                "redirect": [],
                "target_group_arn": "arn:aws:elasticloadbalancing:eu-west-2:975971611990:targetgroup/DEV-CFFG-Mapping-TG/61fd509757385bf6",
                "type": "forward"
              }
            ],
            "arn": "arn:aws:elasticloadbalancing:eu-west-2:975971611990:listener-rule/app/dev-cffg-app-alb/2ec9cfa454157f3d/3b8fced5716c9ddd/dde16bea352382d4",
            "condition": [
              {
                "host_header": [],
                "http_header": [],
                "http_request_method": [],
                "path_pattern": [
                  {
                    "values": [
                      "/geoserver/CFFG/*"
                    ]
                  }
                ],
                "query_string": [],
                "source_ip": []
              }
            ],
            "id": "arn:aws:elasticloadbalancing:eu-west-2:975971611990:listener-rule/app/dev-cffg-app-alb/2ec9cfa454157f3d/3b8fced5716c9ddd/dde16bea352382d4",
            "listener_arn": "arn:aws:elasticloadbalancing:eu-west-2:975971611990:listener/app/dev-cffg-app-alb/2ec9cfa454157f3d/3b8fced5716c9ddd",
            "priority": 1,
            "tags": {},
            "tags_all": {}
          },
          "sensitive_attributes": [],
          "private": "bnVsbA==",
          "dependencies": [
            "aws_alb_listener.dev-cffg-app-alb-listener80",
            "aws_kms_key.dev-kms",
            "aws_lb.dev-cffg-app-alb",
            "aws_lb_target_group.DEV-CFFG-APP-TG",
            "aws_lb_target_group.DEV-CFFG-MAP-TG",
            "aws_s3_bucket.dev-cffg-logs",
            "aws_security_group.DEV-CFFG-EXTALB-SG",
            "aws_subnet.dev-public",
            "aws_vpc.dev-default",
            "data.aws_canonical_user_id.current_user"
          ]
        }
      ]
    },
    {
      "mode": "managed",
      "type": "aws_autoscaling_group",
      "name": "DEV-APP-ASG",
      "provider": "provider[\"registry.terraform.io/hashicorp/aws\"]",
      "instances": [
        {
          "index_key": 0,
          "schema_version": 0,
          "attributes": {
            "arn": "arn:aws:autoscaling:eu-west-2:975971611990:autoScalingGroup:98957fe8-d1de-449b-911b-968e5d0ffffa:autoScalingGroupName/DEV Application Auto Scale Group",
            "availability_zones": [
              "eu-west-2a",
              "eu-west-2b"
            ],
            "capacity_rebalance": false,
            "default_cooldown": 300,
            "desired_capacity": 1,
            "enabled_metrics": [
              "GroupAndWarmPoolDesiredCapacity",
              "GroupAndWarmPoolTotalCapacity",
              "GroupDesiredCapacity",
              "GroupInServiceCapacity",
              "GroupInServiceInstances",
              "GroupMaxSize",
              "GroupMinSize",
              "GroupPendingCapacity",
              "GroupPendingInstances",
              "GroupStandbyCapacity",
              "GroupStandbyInstances",
              "GroupTerminatingCapacity",
              "GroupTerminatingInstances",
              "GroupTotalCapacity",
              "GroupTotalInstances",
              "WarmPoolDesiredCapacity",
              "WarmPoolMinSize",
              "WarmPoolPendingCapacity",
              "WarmPoolTerminatingCapacity",
              "WarmPoolTotalCapacity",
              "WarmPoolWarmedCapacity"
            ],
            "force_delete": false,
            "force_delete_warm_pool": null,
            "health_check_grace_period": 300,
            "health_check_type": "ELB",
            "id": "DEV Application Auto Scale Group",
            "initial_lifecycle_hook": [],
            "instance_refresh": [],
            "launch_configuration": "DEV BCE Application Launch Configuration",
            "launch_template": [],
            "load_balancers": [],
            "max_instance_lifetime": 0,
            "max_size": 6,
            "metrics_granularity": "1Minute",
            "min_elb_capacity": null,
            "min_size": 1,
            "mixed_instances_policy": [],
            "name": "DEV Application Auto Scale Group",
            "name_prefix": null,
            "placement_group": "",
            "protect_from_scale_in": false,
            "service_linked_role_arn": "arn:aws:iam::975971611990:role/aws-service-role/autoscaling.amazonaws.com/AWSServiceRoleForAutoScaling",
            "suspended_processes": [],
            "tag": [
              {
                "key": "Inspector",
                "propagate_at_launch": true,
                "value": "ON"
              },
              {
                "key": "Name",
                "propagate_at_launch": true,
                "value": "DEV-EC2-APPLICATION1"
              }
            ],
            "tags": null,
            "target_group_arns": [
              "arn:aws:elasticloadbalancing:eu-west-2:975971611990:targetgroup/DEV-BCE-Applicaton-TG/7d209282350b217c",
              "arn:aws:elasticloadbalancing:eu-west-2:975971611990:targetgroup/DEV-BCS-Applicaton-TG/82a784d0ddd0a61b",
              "arn:aws:elasticloadbalancing:eu-west-2:975971611990:targetgroup/DEV-BCW-Applicaton-TG/c524baf5b4ac9b2a",
              "arn:aws:elasticloadbalancing:eu-west-2:975971611990:targetgroup/DEV-CFFG-Applicaton-TG/54abf1bd3c464554"
            ],
            "termination_policies": [
              "NewestInstance"
            ],
            "timeouts": null,
            "vpc_zone_identifier": [
              "subnet-015bd8a6cf56a58a1",
              "subnet-081548483804b6631"
            ],
            "wait_for_capacity_timeout": "10m",
            "wait_for_elb_capacity": null,
            "warm_pool": []
          },
          "sensitive_attributes": [],
          "private": "eyJlMmJmYjczMC1lY2FhLTExZTYtOGY4OC0zNDM2M2JjN2M0YzAiOnsiZGVsZXRlIjo2MDAwMDAwMDAwMDB9fQ==",
          "dependencies": [
            "aws_iam_instance_profile.dev-ec2-cloudwatch",
            "aws_iam_role.dev-ec2-cloudwatch",
            "aws_launch_configuration.DEV-APP-LC",
            "aws_lb_target_group.DEV-BCE-APP-TG",
            "aws_lb_target_group.DEV-BCS-APP-TG",
            "aws_lb_target_group.DEV-BCW-APP-TG",
            "aws_lb_target_group.DEV-CFFG-APP-TG",
            "aws_security_group.DEV-BCE-EXTALB-SG",
            "aws_security_group.DEV-BCS-EXTALB-SG",
            "aws_security_group.DEV-BCW-EXTALB-SG",
            "aws_security_group.DEV-CFFG-EXTALB-SG",
            "aws_security_group.DEV-EC2-APP-SG",
            "aws_security_group.allow_ssh",
            "aws_subnet.dev-private",
            "aws_vpc.dev-default"
          ],
          "create_before_destroy": true
        }
      ]
    },
    {
      "mode": "managed",
      "type": "aws_autoscaling_group",
      "name": "DEV-MAP-ASG",
      "provider": "provider[\"registry.terraform.io/hashicorp/aws\"]",
      "instances": [
        {
          "index_key": 0,
          "schema_version": 0,
          "attributes": {
            "arn": "arn:aws:autoscaling:eu-west-2:975971611990:autoScalingGroup:2ffc51b2-782e-4551-a19a-e838b17b8841:autoScalingGroupName/DEV Mapping Auto Scale Group",
            "availability_zones": [
              "eu-west-2a",
              "eu-west-2b"
            ],
            "capacity_rebalance": false,
            "default_cooldown": 300,
            "desired_capacity": 1,
            "enabled_metrics": [
              "GroupAndWarmPoolDesiredCapacity",
              "GroupAndWarmPoolTotalCapacity",
              "GroupDesiredCapacity",
              "GroupInServiceCapacity",
              "GroupInServiceInstances",
              "GroupMaxSize",
              "GroupMinSize",
              "GroupPendingCapacity",
              "GroupPendingInstances",
              "GroupStandbyCapacity",
              "GroupStandbyInstances",
              "GroupTerminatingCapacity",
              "GroupTerminatingInstances",
              "GroupTotalCapacity",
              "GroupTotalInstances",
              "WarmPoolDesiredCapacity",
              "WarmPoolMinSize",
              "WarmPoolPendingCapacity",
              "WarmPoolTerminatingCapacity",
              "WarmPoolTotalCapacity",
              "WarmPoolWarmedCapacity"
            ],
            "force_delete": false,
            "force_delete_warm_pool": null,
            "health_check_grace_period": 300,
            "health_check_type": "ELB",
            "id": "DEV Mapping Auto Scale Group",
            "initial_lifecycle_hook": [],
            "instance_refresh": [],
            "launch_configuration": "DEV BCE Mapping Launch Configuration",
            "launch_template": [],
            "load_balancers": [],
            "max_instance_lifetime": 0,
            "max_size": 6,
            "metrics_granularity": "1Minute",
            "min_elb_capacity": null,
            "min_size": 1,
            "mixed_instances_policy": [],
            "name": "DEV Mapping Auto Scale Group",
            "name_prefix": null,
            "placement_group": "",
            "protect_from_scale_in": false,
            "service_linked_role_arn": "arn:aws:iam::975971611990:role/aws-service-role/autoscaling.amazonaws.com/AWSServiceRoleForAutoScaling",
            "suspended_processes": [],
            "tag": [
              {
                "key": "Inspector",
                "propagate_at_launch": true,
                "value": "ON"
              },
              {
                "key": "Name",
                "propagate_at_launch": true,
                "value": "DEV-EC2-MAPPING1"
              }
            ],
            "tags": null,
            "target_group_arns": [
              "arn:aws:elasticloadbalancing:eu-west-2:975971611990:targetgroup/DEV-BCE-Mapping-TG/78a9bdcd39c65060",
              "arn:aws:elasticloadbalancing:eu-west-2:975971611990:targetgroup/DEV-BCS-Mapping-TG/cc3aa953d161ba5c",
              "arn:aws:elasticloadbalancing:eu-west-2:975971611990:targetgroup/DEV-BCW-Mapping-TG/02a882ebc7b80477",
              "arn:aws:elasticloadbalancing:eu-west-2:975971611990:targetgroup/DEV-CFFG-Mapping-TG/61fd509757385bf6"
            ],
            "termination_policies": [
              "NewestInstance"
            ],
            "timeouts": null,
            "vpc_zone_identifier": [
              "subnet-015bd8a6cf56a58a1",
              "subnet-081548483804b6631"
            ],
            "wait_for_capacity_timeout": "10m",
            "wait_for_elb_capacity": null,
            "warm_pool": []
          },
          "sensitive_attributes": [],
          "private": "eyJlMmJmYjczMC1lY2FhLTExZTYtOGY4OC0zNDM2M2JjN2M0YzAiOnsiZGVsZXRlIjo2MDAwMDAwMDAwMDB9fQ==",
          "dependencies": [
            "aws_iam_instance_profile.dev-ec2-cloudwatch",
            "aws_iam_role.dev-ec2-cloudwatch",
            "aws_launch_configuration.DEV-MAP-LC",
            "aws_lb_target_group.DEV-BCE-MAP-TG",
            "aws_lb_target_group.DEV-BCS-MAP-TG",
            "aws_lb_target_group.DEV-BCW-MAP-TG",
            "aws_lb_target_group.DEV-CFFG-MAP-TG",
            "aws_security_group.DEV-BCE-EXTALB-SG",
            "aws_security_group.DEV-BCS-EXTALB-SG",
            "aws_security_group.DEV-BCW-EXTALB-SG",
            "aws_security_group.DEV-CFFG-EXTALB-SG",
            "aws_security_group.DEV-EC2-MAP-SG",
            "aws_security_group.allow_ssh",
            "aws_subnet.dev-private",
            "aws_vpc.dev-default"
          ],
          "create_before_destroy": true
        }
      ]
    },
    {
      "mode": "managed",
      "type": "aws_autoscaling_policy",
      "name": "dev-app-scale-down",
      "provider": "provider[\"registry.terraform.io/hashicorp/aws\"]",
      "instances": [
        {
          "index_key": 0,
          "schema_version": 0,
          "attributes": {
            "adjustment_type": "ChangeInCapacity",
            "arn": "arn:aws:autoscaling:eu-west-2:975971611990:scalingPolicy:d64a89c4-cd54-4c32-acb1-a0205056fcc4:autoScalingGroupName/DEV Application Auto Scale Group:policyName/dev-app-scale-down",
            "autoscaling_group_name": "DEV Application Auto Scale Group",
            "cooldown": 60,
            "estimated_instance_warmup": 0,
            "id": "dev-app-scale-down",
            "metric_aggregation_type": "",
            "min_adjustment_magnitude": null,
            "name": "dev-app-scale-down",
            "policy_type": "SimpleScaling",
            "predictive_scaling_configuration": [],
            "scaling_adjustment": -1,
            "step_adjustment": [],
            "target_tracking_configuration": []
          },
          "sensitive_attributes": [],
          "private": "bnVsbA==",
          "dependencies": [
            "aws_autoscaling_group.DEV-APP-ASG",
            "aws_iam_instance_profile.dev-ec2-cloudwatch",
            "aws_iam_role.dev-ec2-cloudwatch",
            "aws_launch_configuration.DEV-APP-LC",
            "aws_lb_target_group.DEV-BCE-APP-TG",
            "aws_lb_target_group.DEV-BCS-APP-TG",
            "aws_lb_target_group.DEV-BCW-APP-TG",
            "aws_lb_target_group.DEV-CFFG-APP-TG",
            "aws_security_group.DEV-BCE-EXTALB-SG",
            "aws_security_group.DEV-BCS-EXTALB-SG",
            "aws_security_group.DEV-BCW-EXTALB-SG",
            "aws_security_group.DEV-CFFG-EXTALB-SG",
            "aws_security_group.DEV-EC2-APP-SG",
            "aws_security_group.allow_ssh",
            "aws_subnet.dev-private",
            "aws_vpc.dev-default"
          ]
        }
      ]
    },
    {
      "mode": "managed",
      "type": "aws_autoscaling_policy",
      "name": "dev-app-scale-up",
      "provider": "provider[\"registry.terraform.io/hashicorp/aws\"]",
      "instances": [
        {
          "index_key": 0,
          "schema_version": 0,
          "attributes": {
            "adjustment_type": "ChangeInCapacity",
            "arn": "arn:aws:autoscaling:eu-west-2:975971611990:scalingPolicy:6c5fc707-a862-4ecc-9d40-02c26ba1e481:autoScalingGroupName/DEV Application Auto Scale Group:policyName/dev-app-scale-up",
            "autoscaling_group_name": "DEV Application Auto Scale Group",
            "cooldown": 60,
            "estimated_instance_warmup": 0,
            "id": "dev-app-scale-up",
            "metric_aggregation_type": "",
            "min_adjustment_magnitude": null,
            "name": "dev-app-scale-up",
            "policy_type": "SimpleScaling",
            "predictive_scaling_configuration": [],
            "scaling_adjustment": 1,
            "step_adjustment": [],
            "target_tracking_configuration": []
          },
          "sensitive_attributes": [],
          "private": "bnVsbA==",
          "dependencies": [
            "aws_autoscaling_group.DEV-APP-ASG",
            "aws_iam_instance_profile.dev-ec2-cloudwatch",
            "aws_iam_role.dev-ec2-cloudwatch",
            "aws_launch_configuration.DEV-APP-LC",
            "aws_lb_target_group.DEV-BCE-APP-TG",
            "aws_lb_target_group.DEV-BCS-APP-TG",
            "aws_lb_target_group.DEV-BCW-APP-TG",
            "aws_lb_target_group.DEV-CFFG-APP-TG",
            "aws_security_group.DEV-BCE-EXTALB-SG",
            "aws_security_group.DEV-BCS-EXTALB-SG",
            "aws_security_group.DEV-BCW-EXTALB-SG",
            "aws_security_group.DEV-CFFG-EXTALB-SG",
            "aws_security_group.DEV-EC2-APP-SG",
            "aws_security_group.allow_ssh",
            "aws_subnet.dev-private",
            "aws_vpc.dev-default"
          ]
        }
      ]
    },
    {
      "mode": "managed",
      "type": "aws_autoscaling_policy",
      "name": "dev-map-scale-down",
      "provider": "provider[\"registry.terraform.io/hashicorp/aws\"]",
      "instances": [
        {
          "index_key": 0,
          "schema_version": 0,
          "attributes": {
            "adjustment_type": "ChangeInCapacity",
            "arn": "arn:aws:autoscaling:eu-west-2:975971611990:scalingPolicy:0f3f458d-8f12-4f5e-a3d9-54c0c0be23e6:autoScalingGroupName/DEV Mapping Auto Scale Group:policyName/dev-map-scale-down",
            "autoscaling_group_name": "DEV Mapping Auto Scale Group",
            "cooldown": 60,
            "estimated_instance_warmup": 0,
            "id": "dev-map-scale-down",
            "metric_aggregation_type": "",
            "min_adjustment_magnitude": null,
            "name": "dev-map-scale-down",
            "policy_type": "SimpleScaling",
            "predictive_scaling_configuration": [],
            "scaling_adjustment": -1,
            "step_adjustment": [],
            "target_tracking_configuration": []
          },
          "sensitive_attributes": [],
          "private": "bnVsbA==",
          "dependencies": [
            "aws_autoscaling_group.DEV-MAP-ASG",
            "aws_iam_instance_profile.dev-ec2-cloudwatch",
            "aws_iam_role.dev-ec2-cloudwatch",
            "aws_launch_configuration.DEV-MAP-LC",
            "aws_lb_target_group.DEV-BCE-MAP-TG",
            "aws_lb_target_group.DEV-BCS-MAP-TG",
            "aws_lb_target_group.DEV-BCW-MAP-TG",
            "aws_lb_target_group.DEV-CFFG-MAP-TG",
            "aws_security_group.DEV-BCE-EXTALB-SG",
            "aws_security_group.DEV-BCS-EXTALB-SG",
            "aws_security_group.DEV-BCW-EXTALB-SG",
            "aws_security_group.DEV-CFFG-EXTALB-SG",
            "aws_security_group.DEV-EC2-MAP-SG",
            "aws_security_group.allow_ssh",
            "aws_subnet.dev-private",
            "aws_vpc.dev-default"
          ]
        }
      ]
    },
    {
      "mode": "managed",
      "type": "aws_autoscaling_policy",
      "name": "dev-map-scale-up",
      "provider": "provider[\"registry.terraform.io/hashicorp/aws\"]",
      "instances": [
        {
          "index_key": 0,
          "schema_version": 0,
          "attributes": {
            "adjustment_type": "ChangeInCapacity",
            "arn": "arn:aws:autoscaling:eu-west-2:975971611990:scalingPolicy:97eb1dd6-0a8c-443f-878a-7ea868e3cae6:autoScalingGroupName/DEV Mapping Auto Scale Group:policyName/dev-map-scale-up",
            "autoscaling_group_name": "DEV Mapping Auto Scale Group",
            "cooldown": 60,
            "estimated_instance_warmup": 0,
            "id": "dev-map-scale-up",
            "metric_aggregation_type": "",
            "min_adjustment_magnitude": null,
            "name": "dev-map-scale-up",
            "policy_type": "SimpleScaling",
            "predictive_scaling_configuration": [],
            "scaling_adjustment": 1,
            "step_adjustment": [],
            "target_tracking_configuration": []
          },
          "sensitive_attributes": [],
          "private": "bnVsbA==",
          "dependencies": [
            "aws_autoscaling_group.DEV-MAP-ASG",
            "aws_iam_instance_profile.dev-ec2-cloudwatch",
            "aws_iam_role.dev-ec2-cloudwatch",
            "aws_launch_configuration.DEV-MAP-LC",
            "aws_lb_target_group.DEV-BCE-MAP-TG",
            "aws_lb_target_group.DEV-BCS-MAP-TG",
            "aws_lb_target_group.DEV-BCW-MAP-TG",
            "aws_lb_target_group.DEV-CFFG-MAP-TG",
            "aws_security_group.DEV-BCE-EXTALB-SG",
            "aws_security_group.DEV-BCS-EXTALB-SG",
            "aws_security_group.DEV-BCW-EXTALB-SG",
            "aws_security_group.DEV-CFFG-EXTALB-SG",
            "aws_security_group.DEV-EC2-MAP-SG",
            "aws_security_group.allow_ssh",
            "aws_subnet.dev-private",
            "aws_vpc.dev-default"
          ]
        }
      ]
    },
    {
      "mode": "managed",
      "type": "aws_cloudfront_distribution",
      "name": "dev-bce-cf",
      "provider": "provider[\"registry.terraform.io/hashicorp/aws\"]",
      "instances": [
        {
          "schema_version": 1,
          "attributes": {
            "aliases": [
              "dev.bce2023.co.uk",
              "www.dev.bce2023.co.uk"
            ],
            "arn": "arn:aws:cloudfront::975971611990:distribution/E2WAFR9URFAE0D",
            "caller_reference": "terraform-20210416144023788600000003",
            "comment": null,
            "custom_error_response": [],
            "default_cache_behavior": [
              {
                "allowed_methods": [
                  "DELETE",
                  "GET",
                  "HEAD",
                  "OPTIONS",
                  "PATCH",
                  "POST",
                  "PUT"
                ],
                "cache_policy_id": "",
                "cached_methods": [
                  "GET",
                  "HEAD"
                ],
                "compress": false,
                "default_ttl": 86400,
                "field_level_encryption_id": "",
                "forwarded_values": [
                  {
                    "cookies": [
                      {
                        "forward": "all",
                        "whitelisted_names": []
                      }
                    ],
                    "headers": [
                      "*"
                    ],
                    "query_string": true,
                    "query_string_cache_keys": []
                  }
                ],
                "function_association": [],
                "lambda_function_association": [],
                "max_ttl": 31536000,
                "min_ttl": 0,
                "origin_request_policy_id": "",
                "realtime_log_config_arn": "",
                "smooth_streaming": false,
                "target_origin_id": "dev-bce-app-alb",
                "trusted_key_groups": [],
                "trusted_signers": [],
                "viewer_protocol_policy": "redirect-to-https"
              }
            ],
            "default_root_object": "",
            "domain_name": "d10bxli5sezq4h.cloudfront.net",
            "enabled": true,
            "etag": "E3PQDVEK30Z5AN",
            "hosted_zone_id": "Z2FDTNDATAQYW2",
            "http_version": "http2",
            "id": "E2WAFR9URFAE0D",
            "in_progress_validation_batches": 0,
            "is_ipv6_enabled": false,
            "last_modified_time": "2021-06-07 18:44:22.194 +0000 UTC",
            "logging_config": [
              {
                "bucket": "dev-bce-cloudfront-logs.s3.amazonaws.com",
                "include_cookies": false,
                "prefix": "devbce"
              }
            ],
            "ordered_cache_behavior": [],
            "origin": [
              {
                "connection_attempts": 3,
                "connection_timeout": 10,
                "custom_header": [],
                "custom_origin_config": [
                  {
                    "http_port": 80,
                    "https_port": 443,
                    "origin_keepalive_timeout": 5,
                    "origin_protocol_policy": "match-viewer",
                    "origin_read_timeout": 30,
                    "origin_ssl_protocols": [
                      "TLSv1.2"
                    ]
                  }
                ],
                "domain_name": "dev-bce-app-alb-1375920002.eu-west-2.elb.amazonaws.com",
                "origin_id": "dev-bce-app-alb",
                "origin_path": "",
                "origin_shield": [],
                "s3_origin_config": []
              },
              {
                "connection_attempts": 3,
                "connection_timeout": 10,
                "custom_header": [],
                "custom_origin_config": [
                  {
                    "http_port": 80,
                    "https_port": 443,
                    "origin_keepalive_timeout": 5,
                    "origin_protocol_policy": "match-viewer",
                    "origin_read_timeout": 30,
                    "origin_ssl_protocols": [
                      "TLSv1.2"
                    ]
                  }
                ],
                "domain_name": "dev-bcp-maintenance.s3-website.eu-west-2.amazonaws.com",
                "origin_id": "DEV-Maintenance",
                "origin_path": "",
                "origin_shield": [],
                "s3_origin_config": []
              }
            ],
            "origin_group": [],
            "price_class": "PriceClass_All",
            "restrictions": [
              {
                "geo_restriction": [
                  {
                    "locations": [],
                    "restriction_type": "none"
                  }
                ]
              }
            ],
            "retain_on_delete": false,
            "status": "Deployed",
            "tags": {},
            "tags_all": {},
            "trusted_key_groups": [
              {
                "enabled": false,
                "items": []
              }
            ],
            "trusted_signers": [
              {
                "enabled": false,
                "items": []
              }
            ],
            "viewer_certificate": [
              {
                "acm_certificate_arn": "arn:aws:acm:us-east-1:975971611990:certificate/1efba1d8-8bb2-4763-a4aa-d22916c0f1fe",
                "cloudfront_default_certificate": false,
                "iam_certificate_id": "",
                "minimum_protocol_version": "TLSv1.2_2019",
                "ssl_support_method": "sni-only"
              }
            ],
            "wait_for_deployment": true,
            "web_acl_id": "4fd333c7-ab78-4aa5-9d63-6e6ac8d22bc1"
          },
          "sensitive_attributes": [],
          "private": "eyJzY2hlbWFfdmVyc2lvbiI6IjEifQ==",
          "dependencies": [
            "aws_kms_key.dev-kms",
            "aws_lb.dev-bce-app-alb",
            "aws_s3_bucket.dev-bce-cloudfront-logs",
            "aws_s3_bucket.dev-bce-logs",
            "aws_security_group.DEV-BCE-EXTALB-SG",
            "aws_subnet.dev-public",
            "aws_vpc.dev-default",
            "aws_waf_ipset.dev-bce-waf-ip",
            "aws_waf_rule.dev-bce-waf-rule",
            "aws_waf_web_acl.dev-bce-waf-acl",
            "data.aws_canonical_user_id.current_user"
          ]
        }
      ]
    },
    {
      "mode": "managed",
      "type": "aws_cloudfront_distribution",
      "name": "dev-bcs-cf",
      "provider": "provider[\"registry.terraform.io/hashicorp/aws\"]",
      "instances": [
        {
          "schema_version": 1,
          "attributes": {
            "aliases": [
              "dev.bcs2023.co.uk",
              "www.dev.bcs2023.co.uk"
            ],
            "arn": "arn:aws:cloudfront::975971611990:distribution/E1QF7FLKJ55G2N",
            "caller_reference": "terraform-20210607205426191000000001",
            "comment": null,
            "custom_error_response": [],
            "default_cache_behavior": [
              {
                "allowed_methods": [
                  "DELETE",
                  "GET",
                  "HEAD",
                  "OPTIONS",
                  "PATCH",
                  "POST",
                  "PUT"
                ],
                "cache_policy_id": "",
                "cached_methods": [
                  "GET",
                  "HEAD"
                ],
                "compress": false,
                "default_ttl": 86400,
                "field_level_encryption_id": "",
                "forwarded_values": [
                  {
                    "cookies": [
                      {
                        "forward": "all",
                        "whitelisted_names": []
                      }
                    ],
                    "headers": [
                      "*"
                    ],
                    "query_string": true,
                    "query_string_cache_keys": []
                  }
                ],
                "function_association": [],
                "lambda_function_association": [],
                "max_ttl": 31536000,
                "min_ttl": 0,
                "origin_request_policy_id": "",
                "realtime_log_config_arn": "",
                "smooth_streaming": false,
                "target_origin_id": "dev-bcs-app-alb",
                "trusted_key_groups": [],
                "trusted_signers": [],
                "viewer_protocol_policy": "redirect-to-https"
              }
            ],
            "default_root_object": "",
            "domain_name": "d34620a84s5zq8.cloudfront.net",
            "enabled": true,
            "etag": "E187PZOIL7KGJ4",
            "hosted_zone_id": "Z2FDTNDATAQYW2",
            "http_version": "http2",
            "id": "E1QF7FLKJ55G2N",
            "in_progress_validation_batches": 0,
            "is_ipv6_enabled": false,
            "last_modified_time": "2021-06-15 14:26:41.978 +0000 UTC",
            "logging_config": [
              {
                "bucket": "dev-bcs-cloudfront-logs.s3.amazonaws.com",
                "include_cookies": false,
                "prefix": "devbcs"
              }
            ],
            "ordered_cache_behavior": [],
            "origin": [
              {
                "connection_attempts": 3,
                "connection_timeout": 10,
                "custom_header": [],
                "custom_origin_config": [
                  {
                    "http_port": 80,
                    "https_port": 443,
                    "origin_keepalive_timeout": 5,
                    "origin_protocol_policy": "match-viewer",
                    "origin_read_timeout": 30,
                    "origin_ssl_protocols": [
                      "TLSv1.2"
                    ]
                  }
                ],
                "domain_name": "dev-bcp-maintenance.s3-website.eu-west-2.amazonaws.com",
                "origin_id": "DEV-Maintenance",
                "origin_path": "",
                "origin_shield": [],
                "s3_origin_config": []
              },
              {
                "connection_attempts": 3,
                "connection_timeout": 10,
                "custom_header": [],
                "custom_origin_config": [
                  {
                    "http_port": 80,
                    "https_port": 443,
                    "origin_keepalive_timeout": 5,
                    "origin_protocol_policy": "match-viewer",
                    "origin_read_timeout": 30,
                    "origin_ssl_protocols": [
                      "TLSv1.2"
                    ]
                  }
                ],
                "domain_name": "dev-bcs-app-alb-74268921.eu-west-2.elb.amazonaws.com",
                "origin_id": "dev-bcs-app-alb",
                "origin_path": "",
                "origin_shield": [],
                "s3_origin_config": []
              }
            ],
            "origin_group": [],
            "price_class": "PriceClass_All",
            "restrictions": [
              {
                "geo_restriction": [
                  {
                    "locations": [],
                    "restriction_type": "none"
                  }
                ]
              }
            ],
            "retain_on_delete": false,
            "status": "Deployed",
            "tags": {},
            "tags_all": {},
            "trusted_key_groups": [
              {
                "enabled": false,
                "items": []
              }
            ],
            "trusted_signers": [
              {
                "enabled": false,
                "items": []
              }
            ],
            "viewer_certificate": [
              {
                "acm_certificate_arn": "arn:aws:acm:us-east-1:975971611990:certificate/1efba1d8-8bb2-4763-a4aa-d22916c0f1fe",
                "cloudfront_default_certificate": false,
                "iam_certificate_id": "",
                "minimum_protocol_version": "TLSv1.2_2019",
                "ssl_support_method": "sni-only"
              }
            ],
            "wait_for_deployment": true,
            "web_acl_id": "d15a5c93-66a0-42a7-874b-d0f5e79fb4b5"
          },
          "sensitive_attributes": [],
          "private": "eyJzY2hlbWFfdmVyc2lvbiI6IjEifQ==",
          "dependencies": [
            "aws_kms_key.dev-kms",
            "aws_lb.dev-bcs-app-alb",
            "aws_s3_bucket.dev-bcs-cloudfront-logs",
            "aws_s3_bucket.dev-bcs-logs",
            "aws_security_group.DEV-BCS-EXTALB-SG",
            "aws_subnet.dev-public",
            "aws_vpc.dev-default",
            "aws_waf_ipset.dev-bcs-waf-ip",
            "aws_waf_rule.dev-bcs-waf-rule",
            "aws_waf_web_acl.dev-bcs-waf-acl",
            "data.aws_canonical_user_id.current_user"
          ]
        }
      ]
    },
    {
      "mode": "managed",
      "type": "aws_cloudfront_distribution",
      "name": "dev-bcw-cf",
      "provider": "provider[\"registry.terraform.io/hashicorp/aws\"]",
      "instances": [
        {
          "schema_version": 1,
          "attributes": {
            "aliases": [
              "dev.bcw2023.co.uk",
              "www.dev.bcw2023.co.uk"
            ],
            "arn": "arn:aws:cloudfront::975971611990:distribution/E3HOE9SXF7BAQB",
            "caller_reference": "terraform-20210416144023534200000002",
            "comment": null,
            "custom_error_response": [],
            "default_cache_behavior": [
              {
                "allowed_methods": [
                  "DELETE",
                  "GET",
                  "HEAD",
                  "OPTIONS",
                  "PATCH",
                  "POST",
                  "PUT"
                ],
                "cache_policy_id": "",
                "cached_methods": [
                  "GET",
                  "HEAD"
                ],
                "compress": false,
                "default_ttl": 86400,
                "field_level_encryption_id": "",
                "forwarded_values": [
                  {
                    "cookies": [
                      {
                        "forward": "all",
                        "whitelisted_names": []
                      }
                    ],
                    "headers": [
                      "*"
                    ],
                    "query_string": true,
                    "query_string_cache_keys": []
                  }
                ],
                "function_association": [],
                "lambda_function_association": [],
                "max_ttl": 31536000,
                "min_ttl": 0,
                "origin_request_policy_id": "",
                "realtime_log_config_arn": "",
                "smooth_streaming": false,
                "target_origin_id": "dev-bcw-app-alb",
                "trusted_key_groups": [],
                "trusted_signers": [],
                "viewer_protocol_policy": "redirect-to-https"
              }
            ],
            "default_root_object": "",
            "domain_name": "d318lx8u67ll7d.cloudfront.net",
            "enabled": true,
            "etag": "E1XZ2RU8NIMD6W",
            "hosted_zone_id": "Z2FDTNDATAQYW2",
            "http_version": "http2",
            "id": "E3HOE9SXF7BAQB",
            "in_progress_validation_batches": 0,
            "is_ipv6_enabled": false,
            "last_modified_time": "2021-06-07 18:44:22.245 +0000 UTC",
            "logging_config": [
              {
                "bucket": "dev-bcw-cloudfront-logs.s3.amazonaws.com",
                "include_cookies": false,
                "prefix": "devbcw"
              }
            ],
            "ordered_cache_behavior": [],
            "origin": [
              {
                "connection_attempts": 3,
                "connection_timeout": 10,
                "custom_header": [],
                "custom_origin_config": [
                  {
                    "http_port": 80,
                    "https_port": 443,
                    "origin_keepalive_timeout": 5,
                    "origin_protocol_policy": "match-viewer",
                    "origin_read_timeout": 30,
                    "origin_ssl_protocols": [
                      "TLSv1.2"
                    ]
                  }
                ],
                "domain_name": "dev-bcp-maintenance.s3-website.eu-west-2.amazonaws.com",
                "origin_id": "DEV-Maintenance",
                "origin_path": "",
                "origin_shield": [],
                "s3_origin_config": []
              },
              {
                "connection_attempts": 3,
                "connection_timeout": 10,
                "custom_header": [],
                "custom_origin_config": [
                  {
                    "http_port": 80,
                    "https_port": 443,
                    "origin_keepalive_timeout": 5,
                    "origin_protocol_policy": "match-viewer",
                    "origin_read_timeout": 30,
                    "origin_ssl_protocols": [
                      "TLSv1.2"
                    ]
                  }
                ],
                "domain_name": "dev-bcw-app-alb-1629513142.eu-west-2.elb.amazonaws.com",
                "origin_id": "dev-bcw-app-alb",
                "origin_path": "",
                "origin_shield": [],
                "s3_origin_config": []
              }
            ],
            "origin_group": [],
            "price_class": "PriceClass_All",
            "restrictions": [
              {
                "geo_restriction": [
                  {
                    "locations": [],
                    "restriction_type": "none"
                  }
                ]
              }
            ],
            "retain_on_delete": false,
            "status": "Deployed",
            "tags": {},
            "tags_all": {},
            "trusted_key_groups": [
              {
                "enabled": false,
                "items": []
              }
            ],
            "trusted_signers": [
              {
                "enabled": false,
                "items": []
              }
            ],
            "viewer_certificate": [
              {
                "acm_certificate_arn": "arn:aws:acm:us-east-1:975971611990:certificate/1efba1d8-8bb2-4763-a4aa-d22916c0f1fe",
                "cloudfront_default_certificate": false,
                "iam_certificate_id": "",
                "minimum_protocol_version": "TLSv1.2_2019",
                "ssl_support_method": "sni-only"
              }
            ],
            "wait_for_deployment": true,
            "web_acl_id": "9429079c-7253-4036-a67b-1a1a9a889851"
          },
          "sensitive_attributes": [],
          "private": "eyJzY2hlbWFfdmVyc2lvbiI6IjEifQ==",
          "dependencies": [
            "aws_kms_key.dev-kms",
            "aws_lb.dev-bcw-app-alb",
            "aws_s3_bucket.dev-bcw-cloudfront-logs",
            "aws_s3_bucket.dev-bcw-logs",
            "aws_security_group.DEV-BCW-EXTALB-SG",
            "aws_subnet.dev-public",
            "aws_vpc.dev-default",
            "aws_waf_ipset.dev-bcw-waf-ip",
            "aws_waf_rule.dev-bcw-waf-rule",
            "aws_waf_web_acl.dev-bcw-waf-acl",
            "data.aws_canonical_user_id.current_user"
          ]
        }
      ]
    },
    {
      "mode": "managed",
      "type": "aws_cloudfront_distribution",
      "name": "dev-cffg-cf",
      "provider": "provider[\"registry.terraform.io/hashicorp/aws\"]",
      "instances": [
        {
          "schema_version": 1,
          "attributes": {
            "aliases": [
              "dev.cffg2023.co.uk",
              "www.dev.cffg2023.co.uk"
            ],
            "arn": "arn:aws:cloudfront::975971611990:distribution/E3C1DFE9SQ0561",
            "caller_reference": "terraform-20210416144112802400000005",
            "comment": null,
            "custom_error_response": [],
            "default_cache_behavior": [
              {
                "allowed_methods": [
                  "DELETE",
                  "GET",
                  "HEAD",
                  "OPTIONS",
                  "PATCH",
                  "POST",
                  "PUT"
                ],
                "cache_policy_id": "",
                "cached_methods": [
                  "GET",
                  "HEAD"
                ],
                "compress": false,
                "default_ttl": 86400,
                "field_level_encryption_id": "",
                "forwarded_values": [
                  {
                    "cookies": [
                      {
                        "forward": "all",
                        "whitelisted_names": []
                      }
                    ],
                    "headers": [
                      "*"
                    ],
                    "query_string": true,
                    "query_string_cache_keys": []
                  }
                ],
                "function_association": [],
                "lambda_function_association": [],
                "max_ttl": 31536000,
                "min_ttl": 0,
                "origin_request_policy_id": "",
                "realtime_log_config_arn": "",
                "smooth_streaming": false,
                "target_origin_id": "dev-cffg-app-alb",
                "trusted_key_groups": [],
                "trusted_signers": [],
                "viewer_protocol_policy": "redirect-to-https"
              }
            ],
            "default_root_object": "",
            "domain_name": "d1a5lkuiv4mao2.cloudfront.net",
            "enabled": true,
            "etag": "E28WOSH164LBYA",
            "hosted_zone_id": "Z2FDTNDATAQYW2",
            "http_version": "http2",
            "id": "E3C1DFE9SQ0561",
            "in_progress_validation_batches": 0,
            "is_ipv6_enabled": false,
            "last_modified_time": "2021-06-07 18:44:22.247 +0000 UTC",
            "logging_config": [
              {
                "bucket": "dev-cffg-cloudfront-logs.s3.amazonaws.com",
                "include_cookies": false,
                "prefix": "devcffg"
              }
            ],
            "ordered_cache_behavior": [],
            "origin": [
              {
                "connection_attempts": 3,
                "connection_timeout": 10,
                "custom_header": [],
                "custom_origin_config": [
                  {
                    "http_port": 80,
                    "https_port": 443,
                    "origin_keepalive_timeout": 5,
                    "origin_protocol_policy": "match-viewer",
                    "origin_read_timeout": 30,
                    "origin_ssl_protocols": [
                      "TLSv1.2"
                    ]
                  }
                ],
                "domain_name": "dev-bcp-maintenance.s3-website.eu-west-2.amazonaws.com",
                "origin_id": "DEV-Maintenance",
                "origin_path": "",
                "origin_shield": [],
                "s3_origin_config": []
              },
              {
                "connection_attempts": 3,
                "connection_timeout": 10,
                "custom_header": [],
                "custom_origin_config": [
                  {
                    "http_port": 80,
                    "https_port": 443,
                    "origin_keepalive_timeout": 5,
                    "origin_protocol_policy": "match-viewer",
                    "origin_read_timeout": 30,
                    "origin_ssl_protocols": [
                      "TLSv1.2"
                    ]
                  }
                ],
                "domain_name": "dev-cffg-app-alb-1707008166.eu-west-2.elb.amazonaws.com",
                "origin_id": "dev-cffg-app-alb",
                "origin_path": "",
                "origin_shield": [],
                "s3_origin_config": []
              }
            ],
            "origin_group": [],
            "price_class": "PriceClass_All",
            "restrictions": [
              {
                "geo_restriction": [
                  {
                    "locations": [],
                    "restriction_type": "none"
                  }
                ]
              }
            ],
            "retain_on_delete": false,
            "status": "Deployed",
            "tags": {},
            "tags_all": {},
            "trusted_key_groups": [
              {
                "enabled": false,
                "items": []
              }
            ],
            "trusted_signers": [
              {
                "enabled": false,
                "items": []
              }
            ],
            "viewer_certificate": [
              {
                "acm_certificate_arn": "arn:aws:acm:us-east-1:975971611990:certificate/1efba1d8-8bb2-4763-a4aa-d22916c0f1fe",
                "cloudfront_default_certificate": false,
                "iam_certificate_id": "",
                "minimum_protocol_version": "TLSv1.2_2019",
                "ssl_support_method": "sni-only"
              }
            ],
            "wait_for_deployment": true,
            "web_acl_id": "dd5c4688-75e1-4072-9c50-50403fd5ea52"
          },
          "sensitive_attributes": [],
          "private": "eyJzY2hlbWFfdmVyc2lvbiI6IjEifQ==",
          "dependencies": [
            "aws_kms_key.dev-kms",
            "aws_lb.dev-cffg-app-alb",
            "aws_s3_bucket.dev-cffg-cloudfront-logs",
            "aws_s3_bucket.dev-cffg-logs",
            "aws_security_group.DEV-CFFG-EXTALB-SG",
            "aws_subnet.dev-public",
            "aws_vpc.dev-default",
            "aws_waf_ipset.dev-cffg-waf-ip",
            "aws_waf_rule.dev-cffg-waf-rule",
            "aws_waf_web_acl.dev-cffg-waf-acl",
            "data.aws_canonical_user_id.current_user"
          ]
        }
      ]
    },
    {
      "mode": "managed",
      "type": "aws_cloudtrail",
      "name": "dev-cloudtrail",
      "provider": "provider[\"registry.terraform.io/hashicorp/aws\"]",
      "instances": [
        {
          "schema_version": 0,
          "attributes": {
            "arn": "arn:aws:cloudtrail:eu-west-2:975971611990:trail/dev-cloudtrail",
            "cloud_watch_logs_group_arn": "",
            "cloud_watch_logs_role_arn": "",
            "enable_log_file_validation": false,
            "enable_logging": true,
            "event_selector": [],
            "home_region": "eu-west-2",
            "id": "dev-cloudtrail",
            "include_global_service_events": false,
            "insight_selector": [],
            "is_multi_region_trail": false,
            "is_organization_trail": false,
            "kms_key_id": "",
            "name": "dev-cloudtrail",
            "s3_bucket_name": "bcp-dev-cloudtrail",
            "s3_key_prefix": "prefix",
            "sns_topic_name": "",
            "tags": {},
            "tags_all": {}
          },
          "sensitive_attributes": [],
          "private": "bnVsbA==",
          "dependencies": [
            "aws_kms_key.dev-kms",
            "aws_s3_bucket.bcp-dev-cloudtrail",
            "data.aws_caller_identity.current1"
          ]
        }
      ]
    },
    {
      "mode": "managed",
      "type": "aws_cloudwatch_event_rule",
      "name": "dev-inspector",
      "provider": "provider[\"registry.terraform.io/hashicorp/aws\"]",
      "instances": [
        {
          "schema_version": 0,
          "attributes": {
            "arn": "arn:aws:events:eu-west-2:975971611990:rule/dev-scheduled-inspector-assessment",
            "description": "Scheduled Inspector Assessment for arn:aws:inspector:eu-west-2:975971611990:target/0-QMgt3EE9/template/0-RvbFaRtP",
            "event_bus_name": "default",
            "event_pattern": null,
            "id": "dev-scheduled-inspector-assessment",
            "is_enabled": true,
            "name": "dev-scheduled-inspector-assessment",
            "name_prefix": "",
            "role_arn": "",
            "schedule_expression": "rate(1 day)",
            "tags": {},
            "tags_all": {}
          },
          "sensitive_attributes": [],
          "private": "bnVsbA==",
          "dependencies": [
            "aws_inspector_assessment_target.dev-target",
            "aws_inspector_assessment_template.dev-template",
            "aws_inspector_resource_group.dev-inspector"
          ]
        }
      ]
    },
    {
      "mode": "managed",
      "type": "aws_cloudwatch_event_rule",
      "name": "dev_log_exporter",
      "provider": "provider[\"registry.terraform.io/hashicorp/aws\"]",
      "instances": [
        {
          "schema_version": 0,
          "attributes": {
            "arn": "arn:aws:events:eu-west-2:975971611990:rule/dev-log-exporter-fxysuxch",
            "description": "periodically sends DEV cloudwatch log groups to S3",
            "event_bus_name": "default",
            "event_pattern": null,
            "id": "dev-log-exporter-fxysuxch",
            "is_enabled": true,
            "name": "dev-log-exporter-fxysuxch",
            "name_prefix": "",
            "role_arn": "",
            "schedule_expression": "rate(4 hours)",
            "tags": {},
            "tags_all": {}
          },
          "sensitive_attributes": [],
          "private": "bnVsbA==",
          "dependencies": [
            "random_string.random"
          ]
        }
      ]
    },
    {
      "mode": "managed",
      "type": "aws_cloudwatch_event_target",
      "name": "dev-inspect",
      "provider": "provider[\"registry.terraform.io/hashicorp/aws\"]",
      "instances": [
        {
          "schema_version": 1,
          "attributes": {
            "arn": "arn:aws:inspector:eu-west-2:975971611990:target/0-QMgt3EE9/template/0-RvbFaRtP",
            "batch_target": [],
            "dead_letter_config": [],
            "ecs_target": [],
            "event_bus_name": "default",
            "http_target": [],
            "id": "dev-scheduled-inspector-assessment-Amazon_Inspector_Assess",
            "input": "",
            "input_path": "",
            "input_transformer": [],
            "kinesis_target": [],
            "retry_policy": [],
            "role_arn": "arn:aws:iam::975971611990:role/dev-inspector-event-role",
            "rule": "dev-scheduled-inspector-assessment",
            "run_command_targets": [],
            "sqs_target": [],
            "target_id": "Amazon_Inspector_Assess"
          },
          "sensitive_attributes": [],
          "private": "eyJzY2hlbWFfdmVyc2lvbiI6IjEifQ==",
          "dependencies": [
            "aws_cloudwatch_event_rule.dev-inspector",
            "aws_iam_role.dev_inspector_event_role",
            "aws_inspector_assessment_target.dev-target",
            "aws_inspector_assessment_template.dev-template",
            "aws_inspector_resource_group.dev-inspector"
          ]
        }
      ]
    },
    {
      "mode": "managed",
      "type": "aws_cloudwatch_event_target",
      "name": "dev_log_exporter",
      "provider": "provider[\"registry.terraform.io/hashicorp/aws\"]",
      "instances": [
        {
          "schema_version": 1,
          "attributes": {
            "arn": "arn:aws:lambda:eu-west-2:975971611990:function:dev-log-exporter-fxysuxch",
            "batch_target": [],
            "dead_letter_config": [],
            "ecs_target": [],
            "event_bus_name": "default",
            "http_target": [],
            "id": "dev-log-exporter-fxysuxch-dev-log-exporter-fxysuxch",
            "input": "",
            "input_path": "",
            "input_transformer": [],
            "kinesis_target": [],
            "retry_policy": [],
            "role_arn": "",
            "rule": "dev-log-exporter-fxysuxch",
            "run_command_targets": [],
            "sqs_target": [],
            "target_id": "dev-log-exporter-fxysuxch"
          },
          "sensitive_attributes": [],
          "private": "eyJzY2hlbWFfdmVyc2lvbiI6IjEifQ==",
          "dependencies": [
            "aws_cloudwatch_event_rule.dev_log_exporter",
            "aws_iam_role.dev_log_exporter",
            "aws_kms_key.dev-kms",
            "aws_lambda_function.dev_log_exporter",
            "aws_s3_bucket.dev-bcp-cloudwatch",
            "data.archive_file.dev_log_exporter",
            "random_string.random"
          ]
        }
      ]
    },
    {
      "mode": "managed",
      "type": "aws_cloudwatch_log_group",
      "name": "dev-apache",
      "provider": "provider[\"registry.terraform.io/hashicorp/aws\"]",
      "instances": [
        {
          "schema_version": 0,
          "attributes": {
            "arn": "arn:aws:logs:eu-west-2:975971611990:log-group:DevApacheLogGroup",
            "id": "DevApacheLogGroup",
            "kms_key_id": "",
            "name": "DevApacheLogGroup",
            "name_prefix": null,
            "retention_in_days": 0,
            "tags": {},
            "tags_all": {}
          },
          "sensitive_attributes": [],
          "private": "bnVsbA=="
        }
      ]
    },
    {
      "mode": "managed",
      "type": "aws_cloudwatch_log_group",
      "name": "dev-drupal",
      "provider": "provider[\"registry.terraform.io/hashicorp/aws\"]",
      "instances": [
        {
          "schema_version": 0,
          "attributes": {
            "arn": "arn:aws:logs:eu-west-2:975971611990:log-group:DevDrupalLogGroup",
            "id": "DevDrupalLogGroup",
            "kms_key_id": "",
            "name": "DevDrupalLogGroup",
            "name_prefix": null,
            "retention_in_days": 0,
            "tags": {},
            "tags_all": {}
          },
          "sensitive_attributes": [],
          "private": "bnVsbA=="
        }
      ]
    },
    {
      "mode": "managed",
      "type": "aws_cloudwatch_log_group",
      "name": "dev-geoserver",
      "provider": "provider[\"registry.terraform.io/hashicorp/aws\"]",
      "instances": [
        {
          "schema_version": 0,
          "attributes": {
            "arn": "arn:aws:logs:eu-west-2:975971611990:log-group:DevGeoserverLogGroup",
            "id": "DevGeoserverLogGroup",
            "kms_key_id": "",
            "name": "DevGeoserverLogGroup",
            "name_prefix": null,
            "retention_in_days": 0,
            "tags": {},
            "tags_all": {}
          },
          "sensitive_attributes": [],
          "private": "bnVsbA=="
        }
      ]
    },
    {
      "mode": "managed",
      "type": "aws_cloudwatch_metric_alarm",
      "name": "dev-app-cpu-high",
      "provider": "provider[\"registry.terraform.io/hashicorp/aws\"]",
      "instances": [
        {
          "index_key": 0,
          "schema_version": 1,
          "attributes": {
            "actions_enabled": true,
            "alarm_actions": [
              "arn:aws:autoscaling:eu-west-2:975971611990:scalingPolicy:6c5fc707-a862-4ecc-9d40-02c26ba1e481:autoScalingGroupName/DEV Application Auto Scale Group:policyName/dev-app-scale-up"
            ],
            "alarm_description": "This metric monitors ec2 cpu for high utilization on agent hosts",
            "alarm_name": "dev-app-cpu-high",
            "arn": "arn:aws:cloudwatch:eu-west-2:975971611990:alarm:dev-app-cpu-high",
            "comparison_operator": "GreaterThanOrEqualToThreshold",
            "datapoints_to_alarm": 1,
            "dimensions": {
              "AutoScalingGroupName": "DEV Application Auto Scale Group"
            },
            "evaluate_low_sample_count_percentiles": "",
            "evaluation_periods": 1,
            "extended_statistic": "",
            "id": "dev-app-cpu-high",
            "insufficient_data_actions": [],
            "metric_name": "CPUUtilization",
            "metric_query": [],
            "namespace": "AWS/EC2",
            "ok_actions": [],
            "period": 60,
            "statistic": "Average",
            "tags": {},
            "tags_all": {},
            "threshold": 75,
            "threshold_metric_id": "",
            "treat_missing_data": "missing",
            "unit": ""
          },
          "sensitive_attributes": [],
          "private": "eyJzY2hlbWFfdmVyc2lvbiI6IjEifQ==",
          "dependencies": [
            "aws_autoscaling_group.DEV-APP-ASG",
            "aws_autoscaling_policy.dev-app-scale-up",
            "aws_iam_instance_profile.dev-ec2-cloudwatch",
            "aws_iam_role.dev-ec2-cloudwatch",
            "aws_launch_configuration.DEV-APP-LC",
            "aws_lb_target_group.DEV-BCE-APP-TG",
            "aws_lb_target_group.DEV-BCS-APP-TG",
            "aws_lb_target_group.DEV-BCW-APP-TG",
            "aws_lb_target_group.DEV-CFFG-APP-TG",
            "aws_security_group.DEV-BCE-EXTALB-SG",
            "aws_security_group.DEV-BCS-EXTALB-SG",
            "aws_security_group.DEV-BCW-EXTALB-SG",
            "aws_security_group.DEV-CFFG-EXTALB-SG",
            "aws_security_group.DEV-EC2-APP-SG",
            "aws_security_group.allow_ssh",
            "aws_subnet.dev-private",
            "aws_vpc.dev-default"
          ]
        }
      ]
    },
    {
      "mode": "managed",
      "type": "aws_cloudwatch_metric_alarm",
      "name": "dev-app-cpu-low",
      "provider": "provider[\"registry.terraform.io/hashicorp/aws\"]",
      "instances": [
        {
          "index_key": 0,
          "schema_version": 1,
          "attributes": {
            "actions_enabled": true,
            "alarm_actions": [
              "arn:aws:autoscaling:eu-west-2:975971611990:scalingPolicy:d64a89c4-cd54-4c32-acb1-a0205056fcc4:autoScalingGroupName/DEV Application Auto Scale Group:policyName/dev-app-scale-down"
            ],
            "alarm_description": "This metric monitors ec2 cpu for low utilization on agent hosts",
            "alarm_name": "dev-app-cpu-low",
            "arn": "arn:aws:cloudwatch:eu-west-2:975971611990:alarm:dev-app-cpu-low",
            "comparison_operator": "LessThanOrEqualToThreshold",
            "datapoints_to_alarm": 0,
            "dimensions": {
              "AutoScalingGroupName": "DEV Application Auto Scale Group"
            },
            "evaluate_low_sample_count_percentiles": "",
            "evaluation_periods": 1,
            "extended_statistic": "",
            "id": "dev-app-cpu-low",
            "insufficient_data_actions": [],
            "metric_name": "CPUUtilization",
            "metric_query": [],
            "namespace": "AWS/EC2",
            "ok_actions": [],
            "period": 120,
            "statistic": "Average",
            "tags": {},
            "tags_all": {},
            "threshold": 50,
            "threshold_metric_id": "",
            "treat_missing_data": "missing",
            "unit": ""
          },
          "sensitive_attributes": [],
          "private": "eyJzY2hlbWFfdmVyc2lvbiI6IjEifQ==",
          "dependencies": [
            "aws_autoscaling_group.DEV-APP-ASG",
            "aws_autoscaling_policy.dev-app-scale-down",
            "aws_iam_instance_profile.dev-ec2-cloudwatch",
            "aws_iam_role.dev-ec2-cloudwatch",
            "aws_launch_configuration.DEV-APP-LC",
            "aws_lb_target_group.DEV-BCE-APP-TG",
            "aws_lb_target_group.DEV-BCS-APP-TG",
            "aws_lb_target_group.DEV-BCW-APP-TG",
            "aws_lb_target_group.DEV-CFFG-APP-TG",
            "aws_security_group.DEV-BCE-EXTALB-SG",
            "aws_security_group.DEV-BCS-EXTALB-SG",
            "aws_security_group.DEV-BCW-EXTALB-SG",
            "aws_security_group.DEV-CFFG-EXTALB-SG",
            "aws_security_group.DEV-EC2-APP-SG",
            "aws_security_group.allow_ssh",
            "aws_subnet.dev-private",
            "aws_vpc.dev-default"
          ]
        }
      ]
    },
    {
      "mode": "managed",
      "type": "aws_cloudwatch_metric_alarm",
      "name": "dev-map-cpu-high",
      "provider": "provider[\"registry.terraform.io/hashicorp/aws\"]",
      "instances": [
        {
          "index_key": 0,
          "schema_version": 1,
          "attributes": {
            "actions_enabled": true,
            "alarm_actions": [
              "arn:aws:autoscaling:eu-west-2:975971611990:scalingPolicy:97eb1dd6-0a8c-443f-878a-7ea868e3cae6:autoScalingGroupName/DEV Mapping Auto Scale Group:policyName/dev-map-scale-up"
            ],
            "alarm_description": "This metric monitors ec2 cpu for high utilization on agent hosts",
            "alarm_name": "dev-map-cpu-high",
            "arn": "arn:aws:cloudwatch:eu-west-2:975971611990:alarm:dev-map-cpu-high",
            "comparison_operator": "GreaterThanOrEqualToThreshold",
            "datapoints_to_alarm": 1,
            "dimensions": {
              "AutoScalingGroupName": "DEV Mapping Auto Scale Group"
            },
            "evaluate_low_sample_count_percentiles": "",
            "evaluation_periods": 1,
            "extended_statistic": "",
            "id": "dev-map-cpu-high",
            "insufficient_data_actions": [],
            "metric_name": "CPUUtilization",
            "metric_query": [],
            "namespace": "AWS/EC2",
            "ok_actions": [],
            "period": 60,
            "statistic": "Average",
            "tags": {},
            "tags_all": {},
            "threshold": 75,
            "threshold_metric_id": "",
            "treat_missing_data": "missing",
            "unit": ""
          },
          "sensitive_attributes": [],
          "private": "eyJzY2hlbWFfdmVyc2lvbiI6IjEifQ==",
          "dependencies": [
            "aws_autoscaling_group.DEV-MAP-ASG",
            "aws_autoscaling_policy.dev-map-scale-up",
            "aws_iam_instance_profile.dev-ec2-cloudwatch",
            "aws_iam_role.dev-ec2-cloudwatch",
            "aws_launch_configuration.DEV-MAP-LC",
            "aws_lb_target_group.DEV-BCE-MAP-TG",
            "aws_lb_target_group.DEV-BCS-MAP-TG",
            "aws_lb_target_group.DEV-BCW-MAP-TG",
            "aws_lb_target_group.DEV-CFFG-MAP-TG",
            "aws_security_group.DEV-BCE-EXTALB-SG",
            "aws_security_group.DEV-BCS-EXTALB-SG",
            "aws_security_group.DEV-BCW-EXTALB-SG",
            "aws_security_group.DEV-CFFG-EXTALB-SG",
            "aws_security_group.DEV-EC2-MAP-SG",
            "aws_security_group.allow_ssh",
            "aws_subnet.dev-private",
            "aws_vpc.dev-default"
          ]
        }
      ]
    },
    {
      "mode": "managed",
      "type": "aws_cloudwatch_metric_alarm",
      "name": "dev-map-cpu-low",
      "provider": "provider[\"registry.terraform.io/hashicorp/aws\"]",
      "instances": [
        {
          "index_key": 0,
          "schema_version": 1,
          "attributes": {
            "actions_enabled": true,
            "alarm_actions": [
              "arn:aws:autoscaling:eu-west-2:975971611990:scalingPolicy:0f3f458d-8f12-4f5e-a3d9-54c0c0be23e6:autoScalingGroupName/DEV Mapping Auto Scale Group:policyName/dev-map-scale-down"
            ],
            "alarm_description": "This metric monitors ec2 cpu for low utilization on agent hosts",
            "alarm_name": "dev-map-cpu-low",
            "arn": "arn:aws:cloudwatch:eu-west-2:975971611990:alarm:dev-map-cpu-low",
            "comparison_operator": "LessThanOrEqualToThreshold",
            "datapoints_to_alarm": 0,
            "dimensions": {
              "AutoScalingGroupName": "DEV Mapping Auto Scale Group"
            },
            "evaluate_low_sample_count_percentiles": "",
            "evaluation_periods": 1,
            "extended_statistic": "",
            "id": "dev-map-cpu-low",
            "insufficient_data_actions": [],
            "metric_name": "CPUUtilization",
            "metric_query": [],
            "namespace": "AWS/EC2",
            "ok_actions": [],
            "period": 120,
            "statistic": "Average",
            "tags": {},
            "tags_all": {},
            "threshold": 50,
            "threshold_metric_id": "",
            "treat_missing_data": "missing",
            "unit": ""
          },
          "sensitive_attributes": [],
          "private": "eyJzY2hlbWFfdmVyc2lvbiI6IjEifQ==",
          "dependencies": [
            "aws_autoscaling_group.DEV-MAP-ASG",
            "aws_autoscaling_policy.dev-map-scale-down",
            "aws_iam_instance_profile.dev-ec2-cloudwatch",
            "aws_iam_role.dev-ec2-cloudwatch",
            "aws_launch_configuration.DEV-MAP-LC",
            "aws_lb_target_group.DEV-BCE-MAP-TG",
            "aws_lb_target_group.DEV-BCS-MAP-TG",
            "aws_lb_target_group.DEV-BCW-MAP-TG",
            "aws_lb_target_group.DEV-CFFG-MAP-TG",
            "aws_security_group.DEV-BCE-EXTALB-SG",
            "aws_security_group.DEV-BCS-EXTALB-SG",
            "aws_security_group.DEV-BCW-EXTALB-SG",
            "aws_security_group.DEV-CFFG-EXTALB-SG",
            "aws_security_group.DEV-EC2-MAP-SG",
            "aws_security_group.allow_ssh",
            "aws_subnet.dev-private",
            "aws_vpc.dev-default"
          ]
        }
      ]
    },
    {
      "mode": "managed",
      "type": "aws_cloudwatch_metric_alarm",
      "name": "dev-rds-connections",
      "provider": "provider[\"registry.terraform.io/hashicorp/aws\"]",
      "instances": [
        {
          "schema_version": 1,
          "attributes": {
            "actions_enabled": true,
            "alarm_actions": [
              "arn:aws:sns:eu-west-2:975971611990:DEV-CloudWatch-Alerts"
            ],
            "alarm_description": "Alarm at more than 25 concurrent connections",
            "alarm_name": "dev-rds-high-connections",
            "arn": "arn:aws:cloudwatch:eu-west-2:975971611990:alarm:dev-rds-high-connections",
            "comparison_operator": "GreaterThanOrEqualToThreshold",
            "datapoints_to_alarm": 0,
            "dimensions": {
              "DBInstanceIdentifier": "dev-bcp-db"
            },
            "evaluate_low_sample_count_percentiles": "",
            "evaluation_periods": 1,
            "extended_statistic": "",
            "id": "dev-rds-high-connections",
            "insufficient_data_actions": [],
            "metric_name": "DatabaseConnections",
            "metric_query": [],
            "namespace": "AWS/RDS",
            "ok_actions": [
              "arn:aws:sns:eu-west-2:975971611990:DEV-CloudWatch-Alerts"
            ],
            "period": 60,
            "statistic": "Average",
            "tags": {},
            "tags_all": {},
            "threshold": 25,
            "threshold_metric_id": "",
            "treat_missing_data": "missing",
            "unit": ""
          },
          "sensitive_attributes": [],
          "private": "eyJzY2hlbWFfdmVyc2lvbiI6IjEifQ==",
          "dependencies": [
            "aws_db_instance.dev-bcp-db",
            "aws_db_subnet_group.dev-rds-sub",
            "aws_security_group.DEV-BCE-EXTALB-SG",
            "aws_security_group.DEV-BCS-EXTALB-SG",
            "aws_security_group.DEV-BCW-EXTALB-SG",
            "aws_security_group.DEV-CFFG-EXTALB-SG",
            "aws_security_group.DEV-EC2-APP-SG",
            "aws_security_group.DEV-EC2-MAP-SG",
            "aws_security_group.DEV-RDS-SG",
            "aws_security_group.allow_ssh",
            "aws_sns_topic.dev-cloudwatch-alerts",
            "aws_subnet.dev-private",
            "aws_vpc.dev-default",
            "data.aws_db_snapshot.dev-snap"
          ]
        }
      ]
    },
    {
      "mode": "managed",
      "type": "aws_cloudwatch_metric_alarm",
      "name": "dev-rds-cpu",
      "provider": "provider[\"registry.terraform.io/hashicorp/aws\"]",
      "instances": [
        {
          "schema_version": 1,
          "attributes": {
            "actions_enabled": true,
            "alarm_actions": [
              "arn:aws:sns:eu-west-2:975971611990:DEV-CloudWatch-Alerts"
            ],
            "alarm_description": "Alarm at more than 50% CPU",
            "alarm_name": "dev-rds-high-cpu",
            "arn": "arn:aws:cloudwatch:eu-west-2:975971611990:alarm:dev-rds-high-cpu",
            "comparison_operator": "GreaterThanOrEqualToThreshold",
            "datapoints_to_alarm": 0,
            "dimensions": {
              "DBInstanceIdentifier": "dev-bcp-db"
            },
            "evaluate_low_sample_count_percentiles": "",
            "evaluation_periods": 1,
            "extended_statistic": "",
            "id": "dev-rds-high-cpu",
            "insufficient_data_actions": [],
            "metric_name": "CPUUtilization",
            "metric_query": [],
            "namespace": "AWS/RDS",
            "ok_actions": [
              "arn:aws:sns:eu-west-2:975971611990:DEV-CloudWatch-Alerts"
            ],
            "period": 120,
            "statistic": "Average",
            "tags": {},
            "tags_all": {},
            "threshold": 50,
            "threshold_metric_id": "",
            "treat_missing_data": "missing",
            "unit": ""
          },
          "sensitive_attributes": [],
          "private": "eyJzY2hlbWFfdmVyc2lvbiI6IjEifQ==",
          "dependencies": [
            "aws_db_instance.dev-bcp-db",
            "aws_db_subnet_group.dev-rds-sub",
            "aws_security_group.DEV-BCE-EXTALB-SG",
            "aws_security_group.DEV-BCS-EXTALB-SG",
            "aws_security_group.DEV-BCW-EXTALB-SG",
            "aws_security_group.DEV-CFFG-EXTALB-SG",
            "aws_security_group.DEV-EC2-APP-SG",
            "aws_security_group.DEV-EC2-MAP-SG",
            "aws_security_group.DEV-RDS-SG",
            "aws_security_group.allow_ssh",
            "aws_sns_topic.dev-cloudwatch-alerts",
            "aws_subnet.dev-private",
            "aws_vpc.dev-default",
            "data.aws_db_snapshot.dev-snap"
          ]
        }
      ]
    },
    {
      "mode": "managed",
      "type": "aws_cloudwatch_metric_alarm",
      "name": "dev-rds-freemem",
      "provider": "provider[\"registry.terraform.io/hashicorp/aws\"]",
      "instances": [
        {
          "schema_version": 1,
          "attributes": {
            "actions_enabled": true,
            "alarm_actions": [
              "arn:aws:sns:eu-west-2:975971611990:DEV-CloudWatch-Alerts"
            ],
            "alarm_description": "Alarm at less than 1000MB freeable",
            "alarm_name": "dev-rds-low-freemem",
            "arn": "arn:aws:cloudwatch:eu-west-2:975971611990:alarm:dev-rds-low-freemem",
            "comparison_operator": "LessThanOrEqualToThreshold",
            "datapoints_to_alarm": 0,
            "dimensions": {
              "DBInstanceIdentifier": "dev-bcp-db"
            },
            "evaluate_low_sample_count_percentiles": "",
            "evaluation_periods": 1,
            "extended_statistic": "",
            "id": "dev-rds-low-freemem",
            "insufficient_data_actions": [],
            "metric_name": "FreeableMemory",
            "metric_query": [],
            "namespace": "AWS/RDS",
            "ok_actions": [
              "arn:aws:sns:eu-west-2:975971611990:DEV-CloudWatch-Alerts"
            ],
            "period": 60,
            "statistic": "Average",
            "tags": {},
            "tags_all": {},
            "threshold": 1000,
            "threshold_metric_id": "",
            "treat_missing_data": "missing",
            "unit": ""
          },
          "sensitive_attributes": [],
          "private": "eyJzY2hlbWFfdmVyc2lvbiI6IjEifQ==",
          "dependencies": [
            "aws_db_instance.dev-bcp-db",
            "aws_db_subnet_group.dev-rds-sub",
            "aws_security_group.DEV-BCE-EXTALB-SG",
            "aws_security_group.DEV-BCS-EXTALB-SG",
            "aws_security_group.DEV-BCW-EXTALB-SG",
            "aws_security_group.DEV-CFFG-EXTALB-SG",
            "aws_security_group.DEV-EC2-APP-SG",
            "aws_security_group.DEV-EC2-MAP-SG",
            "aws_security_group.DEV-RDS-SG",
            "aws_security_group.allow_ssh",
            "aws_sns_topic.dev-cloudwatch-alerts",
            "aws_subnet.dev-private",
            "aws_vpc.dev-default",
            "data.aws_db_snapshot.dev-snap"
          ]
        }
      ]
    },
    {
      "mode": "managed",
      "type": "aws_cloudwatch_metric_alarm",
      "name": "dev-rds-latency",
      "provider": "provider[\"registry.terraform.io/hashicorp/aws\"]",
      "instances": [
        {
          "schema_version": 1,
          "attributes": {
            "actions_enabled": true,
            "alarm_actions": [
              "arn:aws:sns:eu-west-2:975971611990:DEV-CloudWatch-Alerts"
            ],
            "alarm_description": "Alarm at more 10 latency",
            "alarm_name": "dev-rds-high-latency",
            "arn": "arn:aws:cloudwatch:eu-west-2:975971611990:alarm:dev-rds-high-latency",
            "comparison_operator": "GreaterThanOrEqualToThreshold",
            "datapoints_to_alarm": 0,
            "dimensions": {
              "DBInstanceIdentifier": "dev-bcp-db"
            },
            "evaluate_low_sample_count_percentiles": "",
            "evaluation_periods": 1,
            "extended_statistic": "",
            "id": "dev-rds-high-latency",
            "insufficient_data_actions": [],
            "metric_name": "WriteLatency",
            "metric_query": [],
            "namespace": "AWS/RDS",
            "ok_actions": [
              "arn:aws:sns:eu-west-2:975971611990:DEV-CloudWatch-Alerts"
            ],
            "period": 60,
            "statistic": "Average",
            "tags": {},
            "tags_all": {},
            "threshold": 10,
            "threshold_metric_id": "",
            "treat_missing_data": "missing",
            "unit": ""
          },
          "sensitive_attributes": [],
          "private": "eyJzY2hlbWFfdmVyc2lvbiI6IjEifQ==",
          "dependencies": [
            "aws_db_instance.dev-bcp-db",
            "aws_db_subnet_group.dev-rds-sub",
            "aws_security_group.DEV-BCE-EXTALB-SG",
            "aws_security_group.DEV-BCS-EXTALB-SG",
            "aws_security_group.DEV-BCW-EXTALB-SG",
            "aws_security_group.DEV-CFFG-EXTALB-SG",
            "aws_security_group.DEV-EC2-APP-SG",
            "aws_security_group.DEV-EC2-MAP-SG",
            "aws_security_group.DEV-RDS-SG",
            "aws_security_group.allow_ssh",
            "aws_sns_topic.dev-cloudwatch-alerts",
            "aws_subnet.dev-private",
            "aws_vpc.dev-default",
            "data.aws_db_snapshot.dev-snap"
          ]
        }
      ]
    },
    {
      "mode": "managed",
      "type": "aws_cloudwatch_metric_alarm",
      "name": "dev-rds-queue",
      "provider": "provider[\"registry.terraform.io/hashicorp/aws\"]",
      "instances": [
        {
          "schema_version": 1,
          "attributes": {
            "actions_enabled": true,
            "alarm_actions": [
              "arn:aws:sns:eu-west-2:975971611990:DEV-CloudWatch-Alerts"
            ],
            "alarm_description": "Alarm at more 20 queue",
            "alarm_name": "dev-rds-high-queue",
            "arn": "arn:aws:cloudwatch:eu-west-2:975971611990:alarm:dev-rds-high-queue",
            "comparison_operator": "GreaterThanOrEqualToThreshold",
            "datapoints_to_alarm": 0,
            "dimensions": {
              "DBInstanceIdentifier": "dev-bcp-db"
            },
            "evaluate_low_sample_count_percentiles": "",
            "evaluation_periods": 1,
            "extended_statistic": "",
            "id": "dev-rds-high-queue",
            "insufficient_data_actions": [],
            "metric_name": "DiskQueueDepth",
            "metric_query": [],
            "namespace": "AWS/RDS",
            "ok_actions": [
              "arn:aws:sns:eu-west-2:975971611990:DEV-CloudWatch-Alerts"
            ],
            "period": 60,
            "statistic": "Average",
            "tags": {},
            "tags_all": {},
            "threshold": 20,
            "threshold_metric_id": "",
            "treat_missing_data": "missing",
            "unit": ""
          },
          "sensitive_attributes": [],
          "private": "eyJzY2hlbWFfdmVyc2lvbiI6IjEifQ==",
          "dependencies": [
            "aws_db_instance.dev-bcp-db",
            "aws_db_subnet_group.dev-rds-sub",
            "aws_security_group.DEV-BCE-EXTALB-SG",
            "aws_security_group.DEV-BCS-EXTALB-SG",
            "aws_security_group.DEV-BCW-EXTALB-SG",
            "aws_security_group.DEV-CFFG-EXTALB-SG",
            "aws_security_group.DEV-EC2-APP-SG",
            "aws_security_group.DEV-EC2-MAP-SG",
            "aws_security_group.DEV-RDS-SG",
            "aws_security_group.allow_ssh",
            "aws_sns_topic.dev-cloudwatch-alerts",
            "aws_subnet.dev-private",
            "aws_vpc.dev-default",
            "data.aws_db_snapshot.dev-snap"
          ]
        }
      ]
    },
    {
      "mode": "managed",
      "type": "aws_cloudwatch_metric_alarm",
      "name": "dev-rds-storage",
      "provider": "provider[\"registry.terraform.io/hashicorp/aws\"]",
      "instances": [
        {
          "schema_version": 1,
          "attributes": {
            "actions_enabled": true,
            "alarm_actions": [
              "arn:aws:sns:eu-west-2:975971611990:DEV-CloudWatch-Alerts"
            ],
            "alarm_description": "Alarm at less than 10GB free storage ",
            "alarm_name": "dev-rds-low-storage",
            "arn": "arn:aws:cloudwatch:eu-west-2:975971611990:alarm:dev-rds-low-storage",
            "comparison_operator": "LessThanOrEqualToThreshold",
            "datapoints_to_alarm": 0,
            "dimensions": {
              "DBInstanceIdentifier": "dev-bcp-db"
            },
            "evaluate_low_sample_count_percentiles": "",
            "evaluation_periods": 1,
            "extended_statistic": "",
            "id": "dev-rds-low-storage",
            "insufficient_data_actions": [],
            "metric_name": "FreeStorageSpace",
            "metric_query": [],
            "namespace": "AWS/RDS",
            "ok_actions": [
              "arn:aws:sns:eu-west-2:975971611990:DEV-CloudWatch-Alerts"
            ],
            "period": 60,
            "statistic": "Average",
            "tags": {},
            "tags_all": {},
            "threshold": 10,
            "threshold_metric_id": "",
            "treat_missing_data": "missing",
            "unit": ""
          },
          "sensitive_attributes": [],
          "private": "eyJzY2hlbWFfdmVyc2lvbiI6IjEifQ==",
          "dependencies": [
            "aws_db_instance.dev-bcp-db",
            "aws_db_subnet_group.dev-rds-sub",
            "aws_security_group.DEV-BCE-EXTALB-SG",
            "aws_security_group.DEV-BCS-EXTALB-SG",
            "aws_security_group.DEV-BCW-EXTALB-SG",
            "aws_security_group.DEV-CFFG-EXTALB-SG",
            "aws_security_group.DEV-EC2-APP-SG",
            "aws_security_group.DEV-EC2-MAP-SG",
            "aws_security_group.DEV-RDS-SG",
            "aws_security_group.allow_ssh",
            "aws_sns_topic.dev-cloudwatch-alerts",
            "aws_subnet.dev-private",
            "aws_vpc.dev-default",
            "data.aws_db_snapshot.dev-snap"
          ]
        }
      ]
    },
    {
      "mode": "managed",
      "type": "aws_cognito_user_group",
      "name": "dev-drupal",
      "provider": "provider[\"registry.terraform.io/hashicorp/aws\"]",
      "instances": [
        {
          "schema_version": 0,
          "attributes": {
            "description": "Group for web auth",
            "id": "eu-west-2_ywVcKQicc/dev-drupal",
            "name": "dev-drupal",
            "precedence": 42,
            "role_arn": "",
            "user_pool_id": "eu-west-2_ywVcKQicc"
          },
          "sensitive_attributes": [],
          "private": "bnVsbA==",
          "dependencies": [
            "aws_cognito_user_pool.dev-userpool"
          ]
        }
      ]
    },
    {
      "mode": "managed",
      "type": "aws_cognito_user_pool",
      "name": "dev-userpool",
      "provider": "provider[\"registry.terraform.io/hashicorp/aws\"]",
      "instances": [
        {
          "schema_version": 0,
          "attributes": {
            "account_recovery_setting": [],
            "admin_create_user_config": [
              {
                "allow_admin_create_user_only": false,
                "invite_message_template": []
              }
            ],
            "alias_attributes": null,
            "arn": "arn:aws:cognito-idp:eu-west-2:975971611990:userpool/eu-west-2_ywVcKQicc",
            "auto_verified_attributes": [],
            "creation_date": "2021-05-18T09:47:44Z",
            "custom_domain": "",
            "device_configuration": [],
            "domain": "",
            "email_configuration": [
              {
                "configuration_set": "",
                "email_sending_account": "COGNITO_DEFAULT",
                "from_email_address": "",
                "reply_to_email_address": "",
                "source_arn": ""
              }
            ],
            "email_verification_message": null,
            "email_verification_subject": null,
            "endpoint": "cognito-idp.eu-west-2.amazonaws.com/eu-west-2_ywVcKQicc",
            "estimated_number_of_users": 0,
            "id": "eu-west-2_ywVcKQicc",
            "lambda_config": [],
            "last_modified_date": "2021-05-18T09:47:44Z",
            "mfa_configuration": "OFF",
            "name": "DEV Cognito User Pool",
            "password_policy": [
              {
                "minimum_length": 8,
                "require_lowercase": true,
                "require_numbers": true,
                "require_symbols": true,
                "require_uppercase": true,
                "temporary_password_validity_days": 7
              }
            ],
            "schema": [],
            "sms_authentication_message": null,
            "sms_configuration": [],
            "sms_verification_message": null,
            "software_token_mfa_configuration": [],
            "tags": {},
            "tags_all": {},
            "user_pool_add_ons": [],
            "username_attributes": null,
            "username_configuration": [],
            "verification_message_template": [
              {
                "default_email_option": "CONFIRM_WITH_CODE",
                "email_message": "",
                "email_message_by_link": "",
                "email_subject": "",
                "email_subject_by_link": "",
                "sms_message": ""
              }
            ]
          },
          "sensitive_attributes": [],
          "private": "bnVsbA=="
        }
      ]
    },
    {
      "mode": "managed",
      "type": "aws_db_instance",
      "name": "dev-bcp-db",
      "provider": "provider[\"registry.terraform.io/hashicorp/aws\"]",
      "instances": [
        {
          "schema_version": 1,
          "attributes": {
            "address": "dev-bcp-db.crjf8wrofi48.eu-west-2.rds.amazonaws.com",
            "allocated_storage": 100,
            "allow_major_version_upgrade": null,
            "apply_immediately": null,
            "arn": "arn:aws:rds:eu-west-2:975971611990:db:dev-bcp-db",
            "auto_minor_version_upgrade": true,
            "availability_zone": "eu-west-2a",
            "backup_retention_period": 7,
            "backup_window": "02:00-02:30",
            "ca_cert_identifier": "rds-ca-2019",
            "character_set_name": null,
            "copy_tags_to_snapshot": false,
            "db_subnet_group_name": "main",
            "delete_automated_backups": true,
            "deletion_protection": false,
            "domain": "",
            "domain_iam_role_name": "",
            "enabled_cloudwatch_logs_exports": [],
            "endpoint": "dev-bcp-db.crjf8wrofi48.eu-west-2.rds.amazonaws.com:3306",
            "engine": "mysql",
            "engine_version": "8.0.23",
            "final_snapshot_identifier": null,
            "hosted_zone_id": "Z1TTGA775OQIYO",
            "iam_database_authentication_enabled": false,
            "id": "dev-bcp-db",
            "identifier": "dev-bcp-db",
            "identifier_prefix": null,
            "instance_class": "db.t3.medium",
            "iops": 0,
            "kms_key_id": "arn:aws:kms:eu-west-2:975971611990:key/f356a288-0fce-475a-8223-bd380f9d93cf",
            "latest_restorable_time": "2021-06-15T22:40:00Z",
            "license_model": "general-public-license",
            "maintenance_window": "mon:03:00-mon:03:30",
            "max_allocated_storage": 0,
            "monitoring_interval": 0,
            "monitoring_role_arn": "",
            "multi_az": false,
            "name": "CO_BCP",
            "option_group_name": "default:mysql-8-0",
            "parameter_group_name": "default.mysql8.0",
            "password": null,
            "performance_insights_enabled": false,
            "performance_insights_kms_key_id": "",
            "performance_insights_retention_period": 0,
            "port": 3306,
            "publicly_accessible": false,
            "replicas": [],
            "replicate_source_db": "",
            "resource_id": "db-Y4VU4JEQEAYXVROK7C2XYQWDCY",
            "restore_to_point_in_time": [],
            "s3_import": [],
            "security_group_names": [],
            "skip_final_snapshot": true,
            "snapshot_identifier": "dev-bcp-db-gold-18052021b",
            "status": "available",
            "storage_encrypted": true,
            "storage_type": "gp2",
            "tags": {},
            "tags_all": {},
            "timeouts": null,
            "timezone": "",
            "username": "cobcp_user",
            "vpc_security_group_ids": [
              "sg-0ae869c4a9a2c4b81"
            ]
          },
          "sensitive_attributes": [],
          "private": "eyJlMmJmYjczMC1lY2FhLTExZTYtOGY4OC0zNDM2M2JjN2M0YzAiOnsiY3JlYXRlIjoyNDAwMDAwMDAwMDAwLCJkZWxldGUiOjM2MDAwMDAwMDAwMDAsInVwZGF0ZSI6NDgwMDAwMDAwMDAwMH0sInNjaGVtYV92ZXJzaW9uIjoiMSJ9",
          "dependencies": [
            "aws_db_subnet_group.dev-rds-sub",
            "aws_security_group.DEV-BCE-EXTALB-SG",
            "aws_security_group.DEV-BCS-EXTALB-SG",
            "aws_security_group.DEV-BCW-EXTALB-SG",
            "aws_security_group.DEV-CFFG-EXTALB-SG",
            "aws_security_group.DEV-EC2-APP-SG",
            "aws_security_group.DEV-EC2-MAP-SG",
            "aws_security_group.DEV-RDS-SG",
            "aws_security_group.allow_ssh",
            "aws_subnet.dev-private",
            "aws_vpc.dev-default",
            "data.aws_db_snapshot.dev-snap"
          ]
        }
      ]
    },
    {
      "mode": "managed",
      "type": "aws_db_subnet_group",
      "name": "dev-rds-sub",
      "provider": "provider[\"registry.terraform.io/hashicorp/aws\"]",
      "instances": [
        {
          "schema_version": 0,
          "attributes": {
            "arn": "arn:aws:rds:eu-west-2:975971611990:subgrp:main",
            "description": "Managed by Terraform",
            "id": "main",
            "name": "main",
            "name_prefix": null,
            "subnet_ids": [
              "subnet-015bd8a6cf56a58a1",
              "subnet-081548483804b6631"
            ],
            "tags": {
              "Name": "DEV RDS Subnet Group"
            },
            "tags_all": {
              "Name": "DEV RDS Subnet Group"
            }
          },
          "sensitive_attributes": [],
          "private": "bnVsbA==",
          "dependencies": [
            "aws_subnet.dev-private",
            "aws_vpc.dev-default"
          ]
        }
      ]
    },
    {
      "mode": "managed",
      "type": "aws_ebs_encryption_by_default",
      "name": "dev-encryption",
      "provider": "provider[\"registry.terraform.io/hashicorp/aws\"]",
      "instances": [
        {
          "schema_version": 0,
          "attributes": {
            "enabled": true,
            "id": "terraform-20210429192131842600000001"
          },
          "sensitive_attributes": [],
          "private": "bnVsbA=="
        }
      ]
    },
    {
      "mode": "managed",
      "type": "aws_eip",
      "name": "dev-eip",
      "provider": "provider[\"registry.terraform.io/hashicorp/aws\"]",
      "instances": [
        {
          "index_key": 0,
          "schema_version": 0,
          "attributes": {
            "address": null,
            "allocation_id": null,
            "associate_with_private_ip": null,
            "association_id": "eipassoc-075653106e89fb836",
            "carrier_ip": "",
            "customer_owned_ip": "",
            "customer_owned_ipv4_pool": "",
            "domain": "vpc",
            "id": "eipalloc-0aa543436aa8110d5",
            "instance": "",
            "network_border_group": "eu-west-2",
            "network_interface": "eni-0068e41bf4db3fec4",
            "private_dns": "ip-10-0-0-92.eu-west-2.compute.internal",
            "private_ip": "10.0.0.92",
            "public_dns": "ec2-18-135-241-92.eu-west-2.compute.amazonaws.com",
            "public_ip": "18.135.241.92",
            "public_ipv4_pool": "amazon",
            "tags": {
              "Name": "DEV-EIP1"
            },
            "tags_all": {
              "Name": "DEV-EIP1"
            },
            "timeouts": null,
            "vpc": true
          },
          "sensitive_attributes": [],
          "private": "eyJlMmJmYjczMC1lY2FhLTExZTYtOGY4OC0zNDM2M2JjN2M0YzAiOnsiZGVsZXRlIjoxODAwMDAwMDAwMDAsInJlYWQiOjkwMDAwMDAwMDAwMCwidXBkYXRlIjozMDAwMDAwMDAwMDB9fQ=="
        },
        {
          "index_key": 1,
          "schema_version": 0,
          "attributes": {
            "address": null,
            "allocation_id": null,
            "associate_with_private_ip": null,
            "association_id": "eipassoc-0362a864d0cc8539f",
            "carrier_ip": "",
            "customer_owned_ip": "",
            "customer_owned_ipv4_pool": "",
            "domain": "vpc",
            "id": "eipalloc-0b1a57d46d982402e",
            "instance": "",
            "network_border_group": "eu-west-2",
            "network_interface": "eni-0383563e6d058d3cf",
            "private_dns": "ip-10-0-2-203.eu-west-2.compute.internal",
            "private_ip": "10.0.2.203",
            "public_dns": "ec2-18-168-175-190.eu-west-2.compute.amazonaws.com",
            "public_ip": "18.168.175.190",
            "public_ipv4_pool": "amazon",
            "tags": {
              "Name": "DEV-EIP2"
            },
            "tags_all": {
              "Name": "DEV-EIP2"
            },
            "timeouts": null,
            "vpc": true
          },
          "sensitive_attributes": [],
          "private": "eyJlMmJmYjczMC1lY2FhLTExZTYtOGY4OC0zNDM2M2JjN2M0YzAiOnsiZGVsZXRlIjoxODAwMDAwMDAwMDAsInJlYWQiOjkwMDAwMDAwMDAwMCwidXBkYXRlIjozMDAwMDAwMDAwMDB9fQ=="
        }
      ]
    },
    {
      "mode": "managed",
      "type": "aws_iam_instance_profile",
      "name": "dev-ec2-cloudwatch",
      "provider": "provider[\"registry.terraform.io/hashicorp/aws\"]",
      "instances": [
        {
          "schema_version": 0,
          "attributes": {
            "arn": "arn:aws:iam::975971611990:instance-profile/dev-ec2-cloudwatch",
            "create_date": "2021-04-16T14:38:10Z",
            "id": "dev-ec2-cloudwatch",
            "name": "dev-ec2-cloudwatch",
            "name_prefix": null,
            "path": "/",
            "role": "dev-ec2-cloudwatch",
            "tags": {},
            "tags_all": {},
            "unique_id": "AIPA6GPDQ6VLGRSYY5S7C"
          },
          "sensitive_attributes": [],
          "private": "bnVsbA==",
          "dependencies": [
            "aws_iam_role.dev-ec2-cloudwatch"
          ],
          "create_before_destroy": true
        }
      ]
    },
    {
      "mode": "managed",
      "type": "aws_iam_role",
      "name": "bcp-auth",
      "provider": "provider[\"registry.terraform.io/hashicorp/aws\"]",
      "instances": [
        {
          "schema_version": 0,
          "attributes": {
            "arn": "arn:aws:iam::975971611990:role/bcp-auth-fxysuxch",
            "assume_role_policy": "{\"Version\":\"2012-10-17\",\"Statement\":[{\"Sid\":\"\",\"Effect\":\"Allow\",\"Principal\":{\"Service\":[\"lambda.amazonaws.com\",\"edgelambda.amazonaws.com\"]},\"Action\":\"sts:AssumeRole\"}]}",
            "create_date": "2021-05-21T11:10:12Z",
            "description": "",
            "force_detach_policies": false,
            "id": "bcp-auth-fxysuxch",
            "inline_policy": [
              {
                "name": "bcp-auth-fxysuxch",
                "policy": "{\n  \"Version\": \"2012-10-17\",\n  \"Statement\": [\n    {\n      \"Action\": [\n        \"logs:CreateExportTask\",\n        \"logs:Describe*\",\n        \"logs:ListTagsLogGroup\",\n        \"ssm:DescribeParameters\",\n        \"ssm:GetParameter\",\n        \"ssm:GetParameters\",\n        \"ssm:GetParametersByPath\",\n        \"ssm:PutParameter\",\n        \"s3:*\"\n      ],\n      \"Effect\": \"Allow\",\n      \"Resource\": \"*\"\n    },\n    {\n      \"Action\": [\n        \"logs:CreateLogGroup\",\n        \"logs:CreateLogStream\",\n        \"logs:PutLogEvents\"\n      ],\n      \"Resource\": \"arn:aws:logs:*:*:*\",\n      \"Effect\": \"Allow\"\n    }\n  ]\n}\n"
              }
            ],
            "managed_policy_arns": [],
            "max_session_duration": 3600,
            "name": "bcp-auth-fxysuxch",
            "name_prefix": null,
            "path": "/",
            "permissions_boundary": null,
            "tags": {},
            "tags_all": {},
            "unique_id": "AROA6GPDQ6VLAMKWBDVKX"
          },
          "sensitive_attributes": [],
          "private": "bnVsbA==",
          "dependencies": [
            "random_string.random"
          ]
        }
      ]
    },
    {
      "mode": "managed",
      "type": "aws_iam_role",
      "name": "dev-ec2-cloudwatch",
      "provider": "provider[\"registry.terraform.io/hashicorp/aws\"]",
      "instances": [
        {
          "schema_version": 0,
          "attributes": {
            "arn": "arn:aws:iam::975971611990:role/dev-ec2-cloudwatch",
            "assume_role_policy": "{\"Version\":\"2012-10-17\",\"Statement\":[{\"Sid\":\"\",\"Effect\":\"Allow\",\"Principal\":{\"Service\":\"ec2.amazonaws.com\"},\"Action\":\"sts:AssumeRole\"}]}",
            "create_date": "2021-04-16T14:38:07Z",
            "description": "",
            "force_detach_policies": false,
            "id": "dev-ec2-cloudwatch",
            "inline_policy": [
              {
                "name": "",
                "policy": ""
              }
            ],
            "managed_policy_arns": [
              "arn:aws:iam::aws:policy/CloudWatchAgentServerPolicy"
            ],
            "max_session_duration": 3600,
            "name": "dev-ec2-cloudwatch",
            "name_prefix": null,
            "path": "/",
            "permissions_boundary": null,
            "tags": {
              "tag-key": "dev-ec2-cloudwatch"
            },
            "tags_all": {
              "tag-key": "dev-ec2-cloudwatch"
            },
            "unique_id": "AROA6GPDQ6VLCJH26DPNV"
          },
          "sensitive_attributes": [],
          "private": "bnVsbA==",
          "create_before_destroy": true
        }
      ]
    },
    {
      "mode": "managed",
      "type": "aws_iam_role",
      "name": "dev_inspector_event_role",
      "provider": "provider[\"registry.terraform.io/hashicorp/aws\"]",
      "instances": [
        {
          "schema_version": 0,
          "attributes": {
            "arn": "arn:aws:iam::975971611990:role/dev-inspector-event-role",
            "assume_role_policy": "{\"Version\":\"2012-10-17\",\"Statement\":[{\"Sid\":\"\",\"Effect\":\"Allow\",\"Principal\":{\"Service\":\"events.amazonaws.com\"},\"Action\":\"sts:AssumeRole\"}]}",
            "create_date": "2021-05-04T16:49:36Z",
            "description": "",
            "force_detach_policies": false,
            "id": "dev-inspector-event-role",
            "inline_policy": [
              {
                "name": "dev-inspector-event-policy",
                "policy": "{\n  \"Version\": \"2012-10-17\",\n  \"Statement\": [\n    {\n      \"Sid\": \"StartAssessment\",\n      \"Effect\": \"Allow\",\n      \"Action\": \"inspector:StartAssessmentRun\",\n      \"Resource\": \"*\"\n    }\n  ]\n}"
              }
            ],
            "managed_policy_arns": [],
            "max_session_duration": 3600,
            "name": "dev-inspector-event-role",
            "name_prefix": null,
            "path": "/",
            "permissions_boundary": null,
            "tags": {},
            "tags_all": {},
            "unique_id": "AROA6GPDQ6VLK4543VWI7"
          },
          "sensitive_attributes": [],
          "private": "bnVsbA=="
        }
      ]
    },
    {
      "mode": "managed",
      "type": "aws_iam_role",
      "name": "dev_log_exporter",
      "provider": "provider[\"registry.terraform.io/hashicorp/aws\"]",
      "instances": [
        {
          "schema_version": 0,
          "attributes": {
            "arn": "arn:aws:iam::975971611990:role/dev-log-exporter-fxysuxch",
            "assume_role_policy": "{\"Version\":\"2012-10-17\",\"Statement\":[{\"Sid\":\"\",\"Effect\":\"Allow\",\"Principal\":{\"Service\":\"lambda.amazonaws.com\"},\"Action\":\"sts:AssumeRole\"}]}",
            "create_date": "2021-05-08T19:42:48Z",
            "description": "",
            "force_detach_policies": false,
            "id": "dev-log-exporter-fxysuxch",
            "inline_policy": [
              {
                "name": "dev-log-exporter-fxysuxch",
                "policy": "{\n  \"Version\": \"2012-10-17\",\n  \"Statement\": [\n    {\n      \"Action\": [\n        \"logs:CreateExportTask\",\n        \"logs:Describe*\",\n        \"logs:ListTagsLogGroup\",\n        \"ssm:DescribeParameters\",\n        \"ssm:GetParameter\",\n        \"ssm:GetParameters\",\n        \"ssm:GetParametersByPath\",\n        \"ssm:PutParameter\",\n        \"s3:*\"\n      ],\n      \"Effect\": \"Allow\",\n      \"Resource\": \"*\"\n    },\n    {\n      \"Action\": [\n        \"logs:CreateLogGroup\",\n        \"logs:CreateLogStream\",\n        \"logs:PutLogEvents\"\n      ],\n      \"Resource\": \"arn:aws:logs:*:*:*\",\n      \"Effect\": \"Allow\"\n    }\n  ]\n}\n"
              }
            ],
            "managed_policy_arns": [],
            "max_session_duration": 3600,
            "name": "dev-log-exporter-fxysuxch",
            "name_prefix": null,
            "path": "/",
            "permissions_boundary": null,
            "tags": {},
            "tags_all": {},
            "unique_id": "AROA6GPDQ6VLOMNRZJZ6H"
          },
          "sensitive_attributes": [],
          "private": "bnVsbA==",
          "dependencies": [
            "random_string.random"
          ]
        }
      ]
    },
    {
      "mode": "managed",
      "type": "aws_iam_role_policy",
      "name": "bcp-auth",
      "provider": "provider[\"registry.terraform.io/hashicorp/aws\"]",
      "instances": [
        {
          "schema_version": 0,
          "attributes": {
            "id": "bcp-auth-fxysuxch:bcp-auth-fxysuxch",
            "name": "bcp-auth-fxysuxch",
            "name_prefix": null,
            "policy": "{\n  \"Version\": \"2012-10-17\",\n  \"Statement\": [\n    {\n      \"Action\": [\n        \"logs:CreateExportTask\",\n        \"logs:Describe*\",\n        \"logs:ListTagsLogGroup\",\n        \"ssm:DescribeParameters\",\n        \"ssm:GetParameter\",\n        \"ssm:GetParameters\",\n        \"ssm:GetParametersByPath\",\n        \"ssm:PutParameter\",\n        \"s3:*\"\n      ],\n      \"Effect\": \"Allow\",\n      \"Resource\": \"*\"\n    },\n    {\n      \"Action\": [\n        \"logs:CreateLogGroup\",\n        \"logs:CreateLogStream\",\n        \"logs:PutLogEvents\"\n      ],\n      \"Resource\": \"arn:aws:logs:*:*:*\",\n      \"Effect\": \"Allow\"\n    }\n  ]\n}\n",
            "role": "bcp-auth-fxysuxch"
          },
          "sensitive_attributes": [],
          "private": "bnVsbA==",
          "dependencies": [
            "aws_iam_role.bcp-auth",
            "random_string.random"
          ]
        }
      ]
    },
    {
      "mode": "managed",
      "type": "aws_iam_role_policy",
      "name": "dev_inspector_event",
      "provider": "provider[\"registry.terraform.io/hashicorp/aws\"]",
      "instances": [
        {
          "schema_version": 0,
          "attributes": {
            "id": "dev-inspector-event-role:dev-inspector-event-policy",
            "name": "dev-inspector-event-policy",
            "name_prefix": null,
            "policy": "{\n  \"Version\": \"2012-10-17\",\n  \"Statement\": [\n    {\n      \"Sid\": \"StartAssessment\",\n      \"Effect\": \"Allow\",\n      \"Action\": \"inspector:StartAssessmentRun\",\n      \"Resource\": \"*\"\n    }\n  ]\n}",
            "role": "dev-inspector-event-role"
          },
          "sensitive_attributes": [],
          "private": "bnVsbA==",
          "dependencies": [
            "aws_iam_role.dev_inspector_event_role",
            "data.aws_iam_policy_document.dev_inspector_event_role_policy"
          ]
        }
      ]
    },
    {
      "mode": "managed",
      "type": "aws_iam_role_policy",
      "name": "dev_log_exporter",
      "provider": "provider[\"registry.terraform.io/hashicorp/aws\"]",
      "instances": [
        {
          "schema_version": 0,
          "attributes": {
            "id": "dev-log-exporter-fxysuxch:dev-log-exporter-fxysuxch",
            "name": "dev-log-exporter-fxysuxch",
            "name_prefix": null,
            "policy": "{\n  \"Version\": \"2012-10-17\",\n  \"Statement\": [\n    {\n      \"Action\": [\n        \"logs:CreateExportTask\",\n        \"logs:Describe*\",\n        \"logs:ListTagsLogGroup\",\n        \"ssm:DescribeParameters\",\n        \"ssm:GetParameter\",\n        \"ssm:GetParameters\",\n        \"ssm:GetParametersByPath\",\n        \"ssm:PutParameter\",\n        \"s3:*\"\n      ],\n      \"Effect\": \"Allow\",\n      \"Resource\": \"*\"\n    },\n    {\n      \"Action\": [\n        \"logs:CreateLogGroup\",\n        \"logs:CreateLogStream\",\n        \"logs:PutLogEvents\"\n      ],\n      \"Resource\": \"arn:aws:logs:*:*:*\",\n      \"Effect\": \"Allow\"\n    }\n  ]\n}\n",
            "role": "dev-log-exporter-fxysuxch"
          },
          "sensitive_attributes": [],
          "private": "bnVsbA==",
          "dependencies": [
            "aws_iam_role.dev_log_exporter",
            "random_string.random"
          ]
        }
      ]
    },
    {
      "mode": "managed",
      "type": "aws_iam_role_policy_attachment",
      "name": "dev-ec2-cloudwatch",
      "provider": "provider[\"registry.terraform.io/hashicorp/aws\"]",
      "instances": [
        {
          "schema_version": 0,
          "attributes": {
            "id": "dev-ec2-cloudwatch-20210416143810228400000001",
            "policy_arn": "arn:aws:iam::aws:policy/CloudWatchAgentServerPolicy",
            "role": "dev-ec2-cloudwatch"
          },
          "sensitive_attributes": [],
          "private": "bnVsbA==",
          "dependencies": [
            "aws_iam_role.dev-ec2-cloudwatch"
          ]
        }
      ]
    },
    {
      "mode": "managed",
      "type": "aws_inspector_assessment_target",
      "name": "dev-target",
      "provider": "provider[\"registry.terraform.io/hashicorp/aws\"]",
      "instances": [
        {
          "schema_version": 0,
          "attributes": {
            "arn": "arn:aws:inspector:eu-west-2:975971611990:target/0-QMgt3EE9",
            "id": "arn:aws:inspector:eu-west-2:975971611990:target/0-QMgt3EE9",
            "name": "DEV Assessment Target",
            "resource_group_arn": "arn:aws:inspector:eu-west-2:975971611990:resourcegroup/0-5mu7Tkbm"
          },
          "sensitive_attributes": [],
          "private": "bnVsbA==",
          "dependencies": [
            "aws_inspector_resource_group.dev-inspector"
          ]
        }
      ]
    },
    {
      "mode": "managed",
      "type": "aws_inspector_assessment_template",
      "name": "dev-template",
      "provider": "provider[\"registry.terraform.io/hashicorp/aws\"]",
      "instances": [
        {
          "schema_version": 0,
          "attributes": {
            "arn": "arn:aws:inspector:eu-west-2:975971611990:target/0-QMgt3EE9/template/0-RvbFaRtP",
            "duration": 3600,
            "id": "arn:aws:inspector:eu-west-2:975971611990:target/0-QMgt3EE9/template/0-RvbFaRtP",
            "name": "DEV Assessment Template",
            "rules_package_arns": [
              "arn:aws:inspector:eu-west-2:146838936955:rulespackage/0-AizSYyNq",
              "arn:aws:inspector:eu-west-2:146838936955:rulespackage/0-XApUiSaP",
              "arn:aws:inspector:eu-west-2:146838936955:rulespackage/0-kZGCqcE1"
            ],
            "tags": {},
            "tags_all": {},
            "target_arn": "arn:aws:inspector:eu-west-2:975971611990:target/0-QMgt3EE9"
          },
          "sensitive_attributes": [],
          "private": "bnVsbA==",
          "dependencies": [
            "aws_inspector_assessment_target.dev-target",
            "aws_inspector_resource_group.dev-inspector"
          ]
        }
      ]
    },
    {
      "mode": "managed",
      "type": "aws_inspector_resource_group",
      "name": "dev-inspector",
      "provider": "provider[\"registry.terraform.io/hashicorp/aws\"]",
      "instances": [
        {
          "schema_version": 0,
          "attributes": {
            "arn": "arn:aws:inspector:eu-west-2:975971611990:resourcegroup/0-5mu7Tkbm",
            "id": "arn:aws:inspector:eu-west-2:975971611990:resourcegroup/0-5mu7Tkbm",
            "tags": {
              "Inspector": "ON"
            }
          },
          "sensitive_attributes": [],
          "private": "bnVsbA=="
        }
      ]
    },
    {
      "mode": "managed",
      "type": "aws_instance",
      "name": "DEV-EC2-BAST",
      "provider": "provider[\"registry.terraform.io/hashicorp/aws\"]",
      "instances": [
        {
          "index_key": 0,
          "schema_version": 1,
          "attributes": {
            "ami": "ami-025beabd8ec9fd516",
            "arn": "arn:aws:ec2:eu-west-2:975971611990:instance/i-05fa58c40a5e68c35",
            "associate_public_ip_address": true,
            "availability_zone": "eu-west-2a",
            "capacity_reservation_specification": [
              {
                "capacity_reservation_preference": "open",
                "capacity_reservation_target": []
              }
            ],
            "cpu_core_count": 1,
            "cpu_threads_per_core": 1,
            "credit_specification": [
              {
                "cpu_credits": "standard"
              }
            ],
            "disable_api_termination": false,
            "ebs_block_device": [],
            "ebs_optimized": false,
            "enclave_options": [
              {
                "enabled": false
              }
            ],
            "ephemeral_block_device": [],
            "get_password_data": false,
            "hibernation": false,
            "host_id": null,
            "iam_instance_profile": "dev-ec2-cloudwatch",
            "id": "i-05fa58c40a5e68c35",
            "instance_initiated_shutdown_behavior": "stop",
            "instance_state": "running",
            "instance_type": "t2.micro",
            "ipv6_address_count": 0,
            "ipv6_addresses": [],
            "key_name": "CO-BCP",
            "metadata_options": [
              {
                "http_endpoint": "enabled",
                "http_put_response_hop_limit": 1,
                "http_tokens": "optional"
              }
            ],
            "monitoring": true,
            "network_interface": [],
            "outpost_arn": "",
            "password_data": "",
            "placement_group": "",
            "primary_network_interface_id": "eni-0a61239d9c47ed5ca",
            "private_dns": "ip-10-0-0-214.eu-west-2.compute.internal",
            "private_ip": "10.0.0.214",
            "public_dns": "ec2-35-178-76-120.eu-west-2.compute.amazonaws.com",
            "public_ip": "35.178.76.120",
            "root_block_device": [
              {
                "delete_on_termination": true,
                "device_name": "/dev/sda1",
                "encrypted": true,
                "iops": 100,
                "kms_key_id": "arn:aws:kms:eu-west-2:975971611990:key/9140cbb3-2afd-4221-9c3f-ce5ba6c56f7d",
                "tags": {},
                "throughput": 0,
                "volume_id": "vol-008c7c9c7ffbb6130",
                "volume_size": 8,
                "volume_type": "gp2"
              }
            ],
            "secondary_private_ips": [],
            "security_groups": [],
            "source_dest_check": true,
            "subnet_id": "subnet-00194a2823e26894f",
            "tags": {
              "Name": "DEV-EC2-BASTION1"
            },
            "tags_all": {
              "Name": "DEV-EC2-BASTION1"
            },
            "tenancy": "default",
            "timeouts": null,
            "user_data": null,
            "user_data_base64": null,
            "volume_tags": null,
            "vpc_security_group_ids": [
              "sg-0a7d66e8b7a496e86"
            ]
          },
          "sensitive_attributes": [],
          "private": "eyJlMmJmYjczMC1lY2FhLTExZTYtOGY4OC0zNDM2M2JjN2M0YzAiOnsiY3JlYXRlIjo2MDAwMDAwMDAwMDAsImRlbGV0ZSI6MTIwMDAwMDAwMDAwMCwidXBkYXRlIjo2MDAwMDAwMDAwMDB9LCJzY2hlbWFfdmVyc2lvbiI6IjEifQ==",
          "dependencies": [
            "aws_iam_instance_profile.dev-ec2-cloudwatch",
            "aws_iam_role.dev-ec2-cloudwatch",
            "aws_security_group.allow_ssh",
            "aws_subnet.dev-public",
            "aws_vpc.dev-default"
          ]
        }
      ]
    },
    {
      "mode": "managed",
      "type": "aws_internet_gateway",
      "name": "dev-default",
      "provider": "provider[\"registry.terraform.io/hashicorp/aws\"]",
      "instances": [
        {
          "schema_version": 0,
          "attributes": {
            "arn": "arn:aws:ec2:eu-west-2:975971611990:internet-gateway/igw-0a1fa1117c4eed15f",
            "id": "igw-0a1fa1117c4eed15f",
            "owner_id": "975971611990",
            "tags": {
              "Name": "DEV-IGW"
            },
            "tags_all": {
              "Name": "DEV-IGW"
            },
            "vpc_id": "vpc-09d56518e2d4026fc"
          },
          "sensitive_attributes": [],
          "private": "bnVsbA==",
          "dependencies": [
            "aws_vpc.dev-default"
          ]
        }
      ]
    },
    {
      "mode": "managed",
      "type": "aws_kms_key",
      "name": "dev-kms",
      "provider": "provider[\"registry.terraform.io/hashicorp/aws\"]",
      "instances": [
        {
          "schema_version": 0,
          "attributes": {
            "arn": "arn:aws:kms:eu-west-2:975971611990:key/e70db23b-5538-411d-a441-f694a22c56e9",
            "customer_master_key_spec": "SYMMETRIC_DEFAULT",
            "deletion_window_in_days": 10,
            "description": "Dev-KMS",
            "enable_key_rotation": false,
            "id": "e70db23b-5538-411d-a441-f694a22c56e9",
            "is_enabled": true,
            "key_id": "e70db23b-5538-411d-a441-f694a22c56e9",
            "key_usage": "ENCRYPT_DECRYPT",
            "policy": "{\"Id\":\"key-default-1\",\"Statement\":[{\"Action\":\"kms:*\",\"Effect\":\"Allow\",\"Principal\":{\"AWS\":\"arn:aws:iam::975971611990:root\"},\"Resource\":\"*\",\"Sid\":\"Enable IAM User Permissions\"}],\"Version\":\"2012-10-17\"}",
            "tags": {},
            "tags_all": {}
          },
          "sensitive_attributes": [],
          "private": "bnVsbA=="
        }
      ]
    },
    {
      "mode": "managed",
      "type": "aws_lambda_function",
      "name": "bcp-auth",
      "provider": "provider[\"registry.terraform.io/hashicorp/aws\"]",
      "instances": [
        {
          "schema_version": 0,
          "attributes": {
            "arn": "arn:aws:lambda:eu-west-2:975971611990:function:bcp-auth-fxysuxch",
            "code_signing_config_arn": "",
            "dead_letter_config": [],
            "description": "",
            "environment": [],
            "file_system_config": [],
            "filename": "./lambda/tmp/basic-auth3.zip",
            "function_name": "bcp-auth-fxysuxch",
            "handler": "index.handler",
            "id": "bcp-auth-fxysuxch",
            "image_config": [],
            "image_uri": "",
            "invoke_arn": "arn:aws:apigateway:eu-west-2:lambda:path/2015-03-31/functions/arn:aws:lambda:eu-west-2:975971611990:function:bcp-auth-fxysuxch/invocations",
            "kms_key_arn": "",
            "last_modified": "2021-05-21T11:10:22.455+0000",
            "layers": [],
            "memory_size": 128,
            "package_type": "Zip",
            "publish": false,
            "qualified_arn": "arn:aws:lambda:eu-west-2:975971611990:function:bcp-auth-fxysuxch:$LATEST",
            "reserved_concurrent_executions": -1,
            "role": "arn:aws:iam::975971611990:role/bcp-auth-fxysuxch",
            "runtime": "nodejs14.x",
            "s3_bucket": null,
            "s3_key": null,
            "s3_object_version": null,
            "signing_job_arn": "",
            "signing_profile_version_arn": "",
            "source_code_hash": "yBiCUdSrfpoxi/ZNrWizvCZfDD7+Y9x2P9rzaHxJIaM=",
            "source_code_size": 846,
            "tags": {},
            "tags_all": {},
            "timeout": 300,
            "timeouts": null,
            "tracing_config": [
              {
                "mode": "PassThrough"
              }
            ],
            "version": "$LATEST",
            "vpc_config": []
          },
          "sensitive_attributes": [],
          "private": "eyJlMmJmYjczMC1lY2FhLTExZTYtOGY4OC0zNDM2M2JjN2M0YzAiOnsiY3JlYXRlIjo2MDAwMDAwMDAwMDB9fQ==",
          "dependencies": [
            "aws_iam_role.bcp-auth",
            "data.archive_file.bcp-auth",
            "random_string.random"
          ]
        }
      ]
    },
    {
      "mode": "managed",
      "type": "aws_lambda_function",
      "name": "dev_log_exporter",
      "provider": "provider[\"registry.terraform.io/hashicorp/aws\"]",
      "instances": [
        {
          "schema_version": 0,
          "attributes": {
            "arn": "arn:aws:lambda:eu-west-2:975971611990:function:dev-log-exporter-fxysuxch",
            "code_signing_config_arn": "",
            "dead_letter_config": [],
            "description": "",
            "environment": [
              {
                "variables": {
                  "S3_BUCKET": "dev-bcp-cloudwatch"
                }
              }
            ],
            "file_system_config": [],
            "filename": "./lambda/tmp/cloudwatch-to-s3.zip",
            "function_name": "dev-log-exporter-fxysuxch",
            "handler": "cloudwatch-to-s3.lambda_handler",
            "id": "dev-log-exporter-fxysuxch",
            "image_config": [],
            "image_uri": "",
            "invoke_arn": "arn:aws:apigateway:eu-west-2:lambda:path/2015-03-31/functions/arn:aws:lambda:eu-west-2:975971611990:function:dev-log-exporter-fxysuxch/invocations",
            "kms_key_arn": "",
            "last_modified": "2021-05-08T19:52:50.793+0000",
            "layers": [],
            "memory_size": 128,
            "package_type": "Zip",
            "publish": false,
            "qualified_arn": "arn:aws:lambda:eu-west-2:975971611990:function:dev-log-exporter-fxysuxch:$LATEST",
            "reserved_concurrent_executions": -1,
            "role": "arn:aws:iam::975971611990:role/dev-log-exporter-fxysuxch",
            "runtime": "python3.8",
            "s3_bucket": null,
            "s3_key": null,
            "s3_object_version": null,
            "signing_job_arn": "",
            "signing_profile_version_arn": "",
            "source_code_hash": "5JPs/3KwI4+gWvcH6KgOG2HInzorMS9GxRCQcXWBCXY=",
            "source_code_size": 1096,
            "tags": {},
            "tags_all": {},
            "timeout": 300,
            "timeouts": null,
            "tracing_config": [
              {
                "mode": "PassThrough"
              }
            ],
            "version": "$LATEST",
            "vpc_config": []
          },
          "sensitive_attributes": [],
          "private": "eyJlMmJmYjczMC1lY2FhLTExZTYtOGY4OC0zNDM2M2JjN2M0YzAiOnsiY3JlYXRlIjo2MDAwMDAwMDAwMDB9fQ==",
          "dependencies": [
            "aws_iam_role.dev_log_exporter",
            "aws_kms_key.dev-kms",
            "aws_s3_bucket.dev-bcp-cloudwatch",
            "data.archive_file.dev_log_exporter",
            "random_string.random"
          ]
        }
      ]
    },
    {
      "mode": "managed",
      "type": "aws_lambda_permission",
      "name": "dev_log_exporter",
      "provider": "provider[\"registry.terraform.io/hashicorp/aws\"]",
      "instances": [
        {
          "schema_version": 0,
          "attributes": {
            "action": "lambda:InvokeFunction",
            "event_source_token": null,
            "function_name": "dev-log-exporter-fxysuxch",
            "id": "AllowExecutionFromCloudWatch",
            "principal": "events.amazonaws.com",
            "qualifier": "",
            "source_account": null,
            "source_arn": "arn:aws:events:eu-west-2:975971611990:rule/dev-log-exporter-fxysuxch",
            "statement_id": "AllowExecutionFromCloudWatch",
            "statement_id_prefix": null
          },
          "sensitive_attributes": [],
          "private": "bnVsbA==",
          "dependencies": [
            "aws_cloudwatch_event_rule.dev_log_exporter",
            "aws_iam_role.dev_log_exporter",
            "aws_kms_key.dev-kms",
            "aws_lambda_function.dev_log_exporter",
            "aws_s3_bucket.dev-bcp-cloudwatch",
            "data.archive_file.dev_log_exporter",
            "random_string.random"
          ]
        }
      ]
    },
    {
      "mode": "managed",
      "type": "aws_launch_configuration",
      "name": "DEV-APP-LC",
      "provider": "provider[\"registry.terraform.io/hashicorp/aws\"]",
      "instances": [
        {
          "schema_version": 0,
          "attributes": {
            "arn": "arn:aws:autoscaling:eu-west-2:975971611990:launchConfiguration:dfd51919-0f71-43d4-82af-cfe294d9ac59:launchConfigurationName/DEV BCE Application Launch Configuration",
            "associate_public_ip_address": false,
            "ebs_block_device": [],
            "ebs_optimized": false,
            "enable_monitoring": true,
            "ephemeral_block_device": [],
            "iam_instance_profile": "dev-ec2-cloudwatch",
            "id": "DEV BCE Application Launch Configuration",
            "image_id": "ami-0fb2079f340931df7",
            "instance_type": "t3.medium",
            "key_name": "CO-BCP",
            "metadata_options": [],
            "name": "DEV BCE Application Launch Configuration",
            "name_prefix": null,
            "placement_tenancy": null,
            "root_block_device": [],
            "security_groups": [
              "sg-0ee6b277227f65c44"
            ],
            "spot_price": "",
            "user_data": null,
            "user_data_base64": null,
            "vpc_classic_link_id": "",
            "vpc_classic_link_security_groups": []
          },
          "sensitive_attributes": [],
          "private": "bnVsbA==",
          "dependencies": [
            "aws_iam_instance_profile.dev-ec2-cloudwatch",
            "aws_iam_role.dev-ec2-cloudwatch",
            "aws_security_group.DEV-BCE-EXTALB-SG",
            "aws_security_group.DEV-BCS-EXTALB-SG",
            "aws_security_group.DEV-BCW-EXTALB-SG",
            "aws_security_group.DEV-CFFG-EXTALB-SG",
            "aws_security_group.DEV-EC2-APP-SG",
            "aws_security_group.allow_ssh",
            "aws_vpc.dev-default"
          ],
          "create_before_destroy": true
        }
      ]
    },
    {
      "mode": "managed",
      "type": "aws_launch_configuration",
      "name": "DEV-APP-LC-TEMP",
      "provider": "provider[\"registry.terraform.io/hashicorp/aws\"]",
      "instances": [
        {
          "schema_version": 0,
          "attributes": {
            "arn": "arn:aws:autoscaling:eu-west-2:975971611990:launchConfiguration:78294518-f7fc-475b-9e47-e36940ac1008:launchConfigurationName/DEV BCE Temporary Application Launch Configuration",
            "associate_public_ip_address": false,
            "ebs_block_device": [],
            "ebs_optimized": false,
            "enable_monitoring": true,
            "ephemeral_block_device": [],
            "iam_instance_profile": "dev-ec2-cloudwatch",
            "id": "DEV BCE Temporary Application Launch Configuration",
            "image_id": "ami-0fb2079f340931df7",
            "instance_type": "t3.medium",
            "key_name": "CO-BCP",
            "metadata_options": [],
            "name": "DEV BCE Temporary Application Launch Configuration",
            "name_prefix": null,
            "placement_tenancy": null,
            "root_block_device": [],
            "security_groups": [
              "sg-0ee6b277227f65c44"
            ],
            "spot_price": "",
            "user_data": null,
            "user_data_base64": null,
            "vpc_classic_link_id": "",
            "vpc_classic_link_security_groups": []
          },
          "sensitive_attributes": [],
          "private": "bnVsbA==",
          "dependencies": [
            "aws_iam_instance_profile.dev-ec2-cloudwatch",
            "aws_iam_role.dev-ec2-cloudwatch",
            "aws_security_group.DEV-BCE-EXTALB-SG",
            "aws_security_group.DEV-BCS-EXTALB-SG",
            "aws_security_group.DEV-BCW-EXTALB-SG",
            "aws_security_group.DEV-CFFG-EXTALB-SG",
            "aws_security_group.DEV-EC2-APP-SG",
            "aws_security_group.allow_ssh",
            "aws_vpc.dev-default"
          ],
          "create_before_destroy": true
        }
      ]
    },
    {
      "mode": "managed",
      "type": "aws_launch_configuration",
      "name": "DEV-MAP-LC",
      "provider": "provider[\"registry.terraform.io/hashicorp/aws\"]",
      "instances": [
        {
          "schema_version": 0,
          "attributes": {
            "arn": "arn:aws:autoscaling:eu-west-2:975971611990:launchConfiguration:21cdf622-30a8-47d6-8422-d6b348b6ee1e:launchConfigurationName/DEV BCE Mapping Launch Configuration",
            "associate_public_ip_address": false,
            "ebs_block_device": [],
            "ebs_optimized": false,
            "enable_monitoring": true,
            "ephemeral_block_device": [],
            "iam_instance_profile": "dev-ec2-cloudwatch",
            "id": "DEV BCE Mapping Launch Configuration",
            "image_id": "ami-073f22066859341db",
            "instance_type": "t3.medium",
            "key_name": "CO-BCP",
            "metadata_options": [],
            "name": "DEV BCE Mapping Launch Configuration",
            "name_prefix": null,
            "placement_tenancy": null,
            "root_block_device": [],
            "security_groups": [
              "sg-0f76b072d17184b0b"
            ],
            "spot_price": "",
            "user_data": null,
            "user_data_base64": null,
            "vpc_classic_link_id": "",
            "vpc_classic_link_security_groups": []
          },
          "sensitive_attributes": [],
          "private": "bnVsbA==",
          "dependencies": [
            "aws_iam_instance_profile.dev-ec2-cloudwatch",
            "aws_iam_role.dev-ec2-cloudwatch",
            "aws_security_group.DEV-BCE-EXTALB-SG",
            "aws_security_group.DEV-BCS-EXTALB-SG",
            "aws_security_group.DEV-BCW-EXTALB-SG",
            "aws_security_group.DEV-CFFG-EXTALB-SG",
            "aws_security_group.DEV-EC2-MAP-SG",
            "aws_security_group.allow_ssh",
            "aws_vpc.dev-default"
          ],
          "create_before_destroy": true
        }
      ]
    },
    {
      "mode": "managed",
      "type": "aws_launch_configuration",
      "name": "DEV-MAP-LC-TEMP",
      "provider": "provider[\"registry.terraform.io/hashicorp/aws\"]",
      "instances": [
        {
          "schema_version": 0,
          "attributes": {
            "arn": "arn:aws:autoscaling:eu-west-2:975971611990:launchConfiguration:2fe31bc1-19a7-4eeb-b931-a78d0fed4093:launchConfigurationName/DEV BCE Temporary Mapping Launch Configuration",
            "associate_public_ip_address": false,
            "ebs_block_device": [],
            "ebs_optimized": false,
            "enable_monitoring": true,
            "ephemeral_block_device": [],
            "iam_instance_profile": "dev-ec2-cloudwatch",
            "id": "DEV BCE Temporary Mapping Launch Configuration",
            "image_id": "ami-073f22066859341db",
            "instance_type": "t3.medium",
            "key_name": "CO-BCP",
            "metadata_options": [],
            "name": "DEV BCE Temporary Mapping Launch Configuration",
            "name_prefix": null,
            "placement_tenancy": null,
            "root_block_device": [],
            "security_groups": [
              "sg-0f76b072d17184b0b"
            ],
            "spot_price": "",
            "user_data": null,
            "user_data_base64": null,
            "vpc_classic_link_id": "",
            "vpc_classic_link_security_groups": []
          },
          "sensitive_attributes": [],
          "private": "bnVsbA==",
          "dependencies": [
            "aws_iam_instance_profile.dev-ec2-cloudwatch",
            "aws_iam_role.dev-ec2-cloudwatch",
            "aws_security_group.DEV-BCE-EXTALB-SG",
            "aws_security_group.DEV-BCS-EXTALB-SG",
            "aws_security_group.DEV-BCW-EXTALB-SG",
            "aws_security_group.DEV-CFFG-EXTALB-SG",
            "aws_security_group.DEV-EC2-MAP-SG",
            "aws_security_group.allow_ssh",
            "aws_vpc.dev-default"
          ],
          "create_before_destroy": true
        }
      ]
    },
    {
      "mode": "managed",
      "type": "aws_lb",
      "name": "dev-bce-app-alb",
      "provider": "provider[\"registry.terraform.io/hashicorp/aws\"]",
      "instances": [
        {
          "schema_version": 0,
          "attributes": {
            "access_logs": [
              {
                "bucket": "dev-bce-logs",
                "enabled": true,
                "prefix": "devbce"
              }
            ],
            "arn": "arn:aws:elasticloadbalancing:eu-west-2:975971611990:loadbalancer/app/dev-bce-app-alb/c6092919971bb20b",
            "arn_suffix": "app/dev-bce-app-alb/c6092919971bb20b",
            "customer_owned_ipv4_pool": "",
            "dns_name": "dev-bce-app-alb-1375920002.eu-west-2.elb.amazonaws.com",
            "drop_invalid_header_fields": true,
            "enable_cross_zone_load_balancing": null,
            "enable_deletion_protection": false,
            "enable_http2": true,
            "id": "arn:aws:elasticloadbalancing:eu-west-2:975971611990:loadbalancer/app/dev-bce-app-alb/c6092919971bb20b",
            "idle_timeout": 60,
            "internal": false,
            "ip_address_type": "ipv4",
            "load_balancer_type": "application",
            "name": "dev-bce-app-alb",
            "name_prefix": null,
            "security_groups": [
              "sg-01cbe5a119b4fdcab"
            ],
            "subnet_mapping": [
              {
                "allocation_id": "",
                "ipv6_address": "",
                "outpost_id": "",
                "private_ipv4_address": "",
                "subnet_id": "subnet-00194a2823e26894f"
              },
              {
                "allocation_id": "",
                "ipv6_address": "",
                "outpost_id": "",
                "private_ipv4_address": "",
                "subnet_id": "subnet-02a2def3c00f0fbbc"
              }
            ],
            "subnets": [
              "subnet-00194a2823e26894f",
              "subnet-02a2def3c00f0fbbc"
            ],
            "tags": {},
            "tags_all": {},
            "timeouts": null,
            "vpc_id": "vpc-09d56518e2d4026fc",
            "zone_id": "ZHURV8PSTC4K8"
          },
          "sensitive_attributes": [],
          "private": "eyJlMmJmYjczMC1lY2FhLTExZTYtOGY4OC0zNDM2M2JjN2M0YzAiOnsiY3JlYXRlIjo2MDAwMDAwMDAwMDAsImRlbGV0ZSI6NjAwMDAwMDAwMDAwLCJ1cGRhdGUiOjYwMDAwMDAwMDAwMH19",
          "dependencies": [
            "aws_kms_key.dev-kms",
            "aws_s3_bucket.dev-bce-logs",
            "aws_security_group.DEV-BCE-EXTALB-SG",
            "aws_subnet.dev-public",
            "aws_vpc.dev-default",
            "data.aws_canonical_user_id.current_user"
          ]
        }
      ]
    },
    {
      "mode": "managed",
      "type": "aws_lb",
      "name": "dev-bcs-app-alb",
      "provider": "provider[\"registry.terraform.io/hashicorp/aws\"]",
      "instances": [
        {
          "schema_version": 0,
          "attributes": {
            "access_logs": [
              {
                "bucket": "dev-bcs-logs",
                "enabled": true,
                "prefix": "devbcs"
              }
            ],
            "arn": "arn:aws:elasticloadbalancing:eu-west-2:975971611990:loadbalancer/app/dev-bcs-app-alb/84aeb6fb960630c8",
            "arn_suffix": "app/dev-bcs-app-alb/84aeb6fb960630c8",
            "customer_owned_ipv4_pool": "",
            "dns_name": "dev-bcs-app-alb-74268921.eu-west-2.elb.amazonaws.com",
            "drop_invalid_header_fields": true,
            "enable_cross_zone_load_balancing": null,
            "enable_deletion_protection": false,
            "enable_http2": true,
            "id": "arn:aws:elasticloadbalancing:eu-west-2:975971611990:loadbalancer/app/dev-bcs-app-alb/84aeb6fb960630c8",
            "idle_timeout": 60,
            "internal": false,
            "ip_address_type": "ipv4",
            "load_balancer_type": "application",
            "name": "dev-bcs-app-alb",
            "name_prefix": null,
            "security_groups": [
              "sg-06da26103b9c67052"
            ],
            "subnet_mapping": [
              {
                "allocation_id": "",
                "ipv6_address": "",
                "outpost_id": "",
                "private_ipv4_address": "",
                "subnet_id": "subnet-00194a2823e26894f"
              },
              {
                "allocation_id": "",
                "ipv6_address": "",
                "outpost_id": "",
                "private_ipv4_address": "",
                "subnet_id": "subnet-02a2def3c00f0fbbc"
              }
            ],
            "subnets": [
              "subnet-00194a2823e26894f",
              "subnet-02a2def3c00f0fbbc"
            ],
            "tags": {},
            "tags_all": {},
            "timeouts": null,
            "vpc_id": "vpc-09d56518e2d4026fc",
            "zone_id": "ZHURV8PSTC4K8"
          },
          "sensitive_attributes": [],
          "private": "eyJlMmJmYjczMC1lY2FhLTExZTYtOGY4OC0zNDM2M2JjN2M0YzAiOnsiY3JlYXRlIjo2MDAwMDAwMDAwMDAsImRlbGV0ZSI6NjAwMDAwMDAwMDAwLCJ1cGRhdGUiOjYwMDAwMDAwMDAwMH19",
          "dependencies": [
            "aws_kms_key.dev-kms",
            "aws_s3_bucket.dev-bcs-logs",
            "aws_security_group.DEV-BCS-EXTALB-SG",
            "aws_subnet.dev-public",
            "aws_vpc.dev-default",
            "data.aws_canonical_user_id.current_user"
          ]
        }
      ]
    },
    {
      "mode": "managed",
      "type": "aws_lb",
      "name": "dev-bcw-app-alb",
      "provider": "provider[\"registry.terraform.io/hashicorp/aws\"]",
      "instances": [
        {
          "schema_version": 0,
          "attributes": {
            "access_logs": [
              {
                "bucket": "dev-bcw-logs",
                "enabled": true,
                "prefix": "devbcw"
              }
            ],
            "arn": "arn:aws:elasticloadbalancing:eu-west-2:975971611990:loadbalancer/app/dev-bcw-app-alb/104124d6380f3e24",
            "arn_suffix": "app/dev-bcw-app-alb/104124d6380f3e24",
            "customer_owned_ipv4_pool": "",
            "dns_name": "dev-bcw-app-alb-1629513142.eu-west-2.elb.amazonaws.com",
            "drop_invalid_header_fields": true,
            "enable_cross_zone_load_balancing": null,
            "enable_deletion_protection": false,
            "enable_http2": true,
            "id": "arn:aws:elasticloadbalancing:eu-west-2:975971611990:loadbalancer/app/dev-bcw-app-alb/104124d6380f3e24",
            "idle_timeout": 60,
            "internal": false,
            "ip_address_type": "ipv4",
            "load_balancer_type": "application",
            "name": "dev-bcw-app-alb",
            "name_prefix": null,
            "security_groups": [
              "sg-06790a4a4140bedc0"
            ],
            "subnet_mapping": [
              {
                "allocation_id": "",
                "ipv6_address": "",
                "outpost_id": "",
                "private_ipv4_address": "",
                "subnet_id": "subnet-00194a2823e26894f"
              },
              {
                "allocation_id": "",
                "ipv6_address": "",
                "outpost_id": "",
                "private_ipv4_address": "",
                "subnet_id": "subnet-02a2def3c00f0fbbc"
              }
            ],
            "subnets": [
              "subnet-00194a2823e26894f",
              "subnet-02a2def3c00f0fbbc"
            ],
            "tags": {},
            "tags_all": {},
            "timeouts": null,
            "vpc_id": "vpc-09d56518e2d4026fc",
            "zone_id": "ZHURV8PSTC4K8"
          },
          "sensitive_attributes": [],
          "private": "eyJlMmJmYjczMC1lY2FhLTExZTYtOGY4OC0zNDM2M2JjN2M0YzAiOnsiY3JlYXRlIjo2MDAwMDAwMDAwMDAsImRlbGV0ZSI6NjAwMDAwMDAwMDAwLCJ1cGRhdGUiOjYwMDAwMDAwMDAwMH19",
          "dependencies": [
            "aws_kms_key.dev-kms",
            "aws_s3_bucket.dev-bcw-logs",
            "aws_security_group.DEV-BCW-EXTALB-SG",
            "aws_subnet.dev-public",
            "aws_vpc.dev-default",
            "data.aws_canonical_user_id.current_user"
          ]
        }
      ]
    },
    {
      "mode": "managed",
      "type": "aws_lb",
      "name": "dev-cffg-app-alb",
      "provider": "provider[\"registry.terraform.io/hashicorp/aws\"]",
      "instances": [
        {
          "schema_version": 0,
          "attributes": {
            "access_logs": [
              {
                "bucket": "dev-cffg-logs",
                "enabled": true,
                "prefix": "devcffg"
              }
            ],
            "arn": "arn:aws:elasticloadbalancing:eu-west-2:975971611990:loadbalancer/app/dev-cffg-app-alb/2ec9cfa454157f3d",
            "arn_suffix": "app/dev-cffg-app-alb/2ec9cfa454157f3d",
            "customer_owned_ipv4_pool": "",
            "dns_name": "dev-cffg-app-alb-1707008166.eu-west-2.elb.amazonaws.com",
            "drop_invalid_header_fields": true,
            "enable_cross_zone_load_balancing": null,
            "enable_deletion_protection": false,
            "enable_http2": true,
            "id": "arn:aws:elasticloadbalancing:eu-west-2:975971611990:loadbalancer/app/dev-cffg-app-alb/2ec9cfa454157f3d",
            "idle_timeout": 60,
            "internal": false,
            "ip_address_type": "ipv4",
            "load_balancer_type": "application",
            "name": "dev-cffg-app-alb",
            "name_prefix": null,
            "security_groups": [
              "sg-030b5e4ea821387c8"
            ],
            "subnet_mapping": [
              {
                "allocation_id": "",
                "ipv6_address": "",
                "outpost_id": "",
                "private_ipv4_address": "",
                "subnet_id": "subnet-00194a2823e26894f"
              },
              {
                "allocation_id": "",
                "ipv6_address": "",
                "outpost_id": "",
                "private_ipv4_address": "",
                "subnet_id": "subnet-02a2def3c00f0fbbc"
              }
            ],
            "subnets": [
              "subnet-00194a2823e26894f",
              "subnet-02a2def3c00f0fbbc"
            ],
            "tags": {},
            "tags_all": {},
            "timeouts": null,
            "vpc_id": "vpc-09d56518e2d4026fc",
            "zone_id": "ZHURV8PSTC4K8"
          },
          "sensitive_attributes": [],
          "private": "eyJlMmJmYjczMC1lY2FhLTExZTYtOGY4OC0zNDM2M2JjN2M0YzAiOnsiY3JlYXRlIjo2MDAwMDAwMDAwMDAsImRlbGV0ZSI6NjAwMDAwMDAwMDAwLCJ1cGRhdGUiOjYwMDAwMDAwMDAwMH19",
          "dependencies": [
            "aws_kms_key.dev-kms",
            "aws_s3_bucket.dev-cffg-logs",
            "aws_security_group.DEV-CFFG-EXTALB-SG",
            "aws_subnet.dev-public",
            "aws_vpc.dev-default",
            "data.aws_canonical_user_id.current_user"
          ]
        }
      ]
    },
    {
      "mode": "managed",
      "type": "aws_lb_target_group",
      "name": "DEV-BCE-APP-TG",
      "provider": "provider[\"registry.terraform.io/hashicorp/aws\"]",
      "instances": [
        {
          "schema_version": 0,
          "attributes": {
            "arn": "arn:aws:elasticloadbalancing:eu-west-2:975971611990:targetgroup/DEV-BCE-Applicaton-TG/7d209282350b217c",
            "arn_suffix": "targetgroup/DEV-BCE-Applicaton-TG/7d209282350b217c",
            "deregistration_delay": 300,
            "health_check": [
              {
                "enabled": true,
                "healthy_threshold": 3,
                "interval": 30,
                "matcher": "200",
                "path": "/health.txt",
                "port": "traffic-port",
                "protocol": "HTTP",
                "timeout": 5,
                "unhealthy_threshold": 3
              }
            ],
            "id": "arn:aws:elasticloadbalancing:eu-west-2:975971611990:targetgroup/DEV-BCE-Applicaton-TG/7d209282350b217c",
            "lambda_multi_value_headers_enabled": false,
            "load_balancing_algorithm_type": "round_robin",
            "name": "DEV-BCE-Applicaton-TG",
            "name_prefix": null,
            "port": 80,
            "preserve_client_ip": null,
            "protocol": "HTTP",
            "protocol_version": "HTTP1",
            "proxy_protocol_v2": false,
            "slow_start": 0,
            "stickiness": [
              {
                "cookie_duration": 86400,
                "enabled": true,
                "type": "lb_cookie"
              }
            ],
            "tags": {},
            "tags_all": {},
            "target_type": "instance",
            "vpc_id": "vpc-09d56518e2d4026fc"
          },
          "sensitive_attributes": [],
          "private": "bnVsbA==",
          "dependencies": [
            "aws_vpc.dev-default"
          ],
          "create_before_destroy": true
        }
      ]
    },
    {
      "mode": "managed",
      "type": "aws_lb_target_group",
      "name": "DEV-BCE-MAP-TG",
      "provider": "provider[\"registry.terraform.io/hashicorp/aws\"]",
      "instances": [
        {
          "schema_version": 0,
          "attributes": {
            "arn": "arn:aws:elasticloadbalancing:eu-west-2:975971611990:targetgroup/DEV-BCE-Mapping-TG/78a9bdcd39c65060",
            "arn_suffix": "targetgroup/DEV-BCE-Mapping-TG/78a9bdcd39c65060",
            "deregistration_delay": 300,
            "health_check": [
              {
                "enabled": true,
                "healthy_threshold": 3,
                "interval": 30,
                "matcher": "200",
                "path": "/geoserver/web/",
                "port": "traffic-port",
                "protocol": "HTTP",
                "timeout": 5,
                "unhealthy_threshold": 3
              }
            ],
            "id": "arn:aws:elasticloadbalancing:eu-west-2:975971611990:targetgroup/DEV-BCE-Mapping-TG/78a9bdcd39c65060",
            "lambda_multi_value_headers_enabled": false,
            "load_balancing_algorithm_type": "round_robin",
            "name": "DEV-BCE-Mapping-TG",
            "name_prefix": null,
            "port": 8080,
            "preserve_client_ip": null,
            "protocol": "HTTP",
            "protocol_version": "HTTP1",
            "proxy_protocol_v2": false,
            "slow_start": 0,
            "stickiness": [
              {
                "cookie_duration": 86400,
                "enabled": false,
                "type": "lb_cookie"
              }
            ],
            "tags": {},
            "tags_all": {},
            "target_type": "instance",
            "vpc_id": "vpc-09d56518e2d4026fc"
          },
          "sensitive_attributes": [],
          "private": "bnVsbA==",
          "dependencies": [
            "aws_vpc.dev-default"
          ],
          "create_before_destroy": true
        }
      ]
    },
    {
      "mode": "managed",
      "type": "aws_lb_target_group",
      "name": "DEV-BCS-APP-TG",
      "provider": "provider[\"registry.terraform.io/hashicorp/aws\"]",
      "instances": [
        {
          "schema_version": 0,
          "attributes": {
            "arn": "arn:aws:elasticloadbalancing:eu-west-2:975971611990:targetgroup/DEV-BCS-Applicaton-TG/82a784d0ddd0a61b",
            "arn_suffix": "targetgroup/DEV-BCS-Applicaton-TG/82a784d0ddd0a61b",
            "deregistration_delay": 300,
            "health_check": [
              {
                "enabled": true,
                "healthy_threshold": 3,
                "interval": 30,
                "matcher": "200",
                "path": "/health.txt",
                "port": "traffic-port",
                "protocol": "HTTP",
                "timeout": 5,
                "unhealthy_threshold": 3
              }
            ],
            "id": "arn:aws:elasticloadbalancing:eu-west-2:975971611990:targetgroup/DEV-BCS-Applicaton-TG/82a784d0ddd0a61b",
            "lambda_multi_value_headers_enabled": false,
            "load_balancing_algorithm_type": "round_robin",
            "name": "DEV-BCS-Applicaton-TG",
            "name_prefix": null,
            "port": 80,
            "preserve_client_ip": null,
            "protocol": "HTTP",
            "protocol_version": "HTTP1",
            "proxy_protocol_v2": false,
            "slow_start": 0,
            "stickiness": [
              {
                "cookie_duration": 86400,
                "enabled": true,
                "type": "lb_cookie"
              }
            ],
            "tags": {},
            "tags_all": {},
            "target_type": "instance",
            "vpc_id": "vpc-09d56518e2d4026fc"
          },
          "sensitive_attributes": [],
          "private": "bnVsbA==",
          "dependencies": [
            "aws_vpc.dev-default"
          ],
          "create_before_destroy": true
        }
      ]
    },
    {
      "mode": "managed",
      "type": "aws_lb_target_group",
      "name": "DEV-BCS-MAP-TG",
      "provider": "provider[\"registry.terraform.io/hashicorp/aws\"]",
      "instances": [
        {
          "schema_version": 0,
          "attributes": {
            "arn": "arn:aws:elasticloadbalancing:eu-west-2:975971611990:targetgroup/DEV-BCS-Mapping-TG/cc3aa953d161ba5c",
            "arn_suffix": "targetgroup/DEV-BCS-Mapping-TG/cc3aa953d161ba5c",
            "deregistration_delay": 300,
            "health_check": [
              {
                "enabled": true,
                "healthy_threshold": 3,
                "interval": 30,
                "matcher": "200",
                "path": "/geoserver/web/",
                "port": "traffic-port",
                "protocol": "HTTP",
                "timeout": 5,
                "unhealthy_threshold": 3
              }
            ],
            "id": "arn:aws:elasticloadbalancing:eu-west-2:975971611990:targetgroup/DEV-BCS-Mapping-TG/cc3aa953d161ba5c",
            "lambda_multi_value_headers_enabled": false,
            "load_balancing_algorithm_type": "round_robin",
            "name": "DEV-BCS-Mapping-TG",
            "name_prefix": null,
            "port": 8080,
            "preserve_client_ip": null,
            "protocol": "HTTP",
            "protocol_version": "HTTP1",
            "proxy_protocol_v2": false,
            "slow_start": 0,
            "stickiness": [
              {
                "cookie_duration": 86400,
                "enabled": false,
                "type": "lb_cookie"
              }
            ],
            "tags": {},
            "tags_all": {},
            "target_type": "instance",
            "vpc_id": "vpc-09d56518e2d4026fc"
          },
          "sensitive_attributes": [],
          "private": "bnVsbA==",
          "dependencies": [
            "aws_vpc.dev-default"
          ],
          "create_before_destroy": true
        }
      ]
    },
    {
      "mode": "managed",
      "type": "aws_lb_target_group",
      "name": "DEV-BCW-APP-TG",
      "provider": "provider[\"registry.terraform.io/hashicorp/aws\"]",
      "instances": [
        {
          "schema_version": 0,
          "attributes": {
            "arn": "arn:aws:elasticloadbalancing:eu-west-2:975971611990:targetgroup/DEV-BCW-Applicaton-TG/c524baf5b4ac9b2a",
            "arn_suffix": "targetgroup/DEV-BCW-Applicaton-TG/c524baf5b4ac9b2a",
            "deregistration_delay": 300,
            "health_check": [
              {
                "enabled": true,
                "healthy_threshold": 3,
                "interval": 30,
                "matcher": "200",
                "path": "/health.txt",
                "port": "traffic-port",
                "protocol": "HTTP",
                "timeout": 5,
                "unhealthy_threshold": 3
              }
            ],
            "id": "arn:aws:elasticloadbalancing:eu-west-2:975971611990:targetgroup/DEV-BCW-Applicaton-TG/c524baf5b4ac9b2a",
            "lambda_multi_value_headers_enabled": false,
            "load_balancing_algorithm_type": "round_robin",
            "name": "DEV-BCW-Applicaton-TG",
            "name_prefix": null,
            "port": 80,
            "preserve_client_ip": null,
            "protocol": "HTTP",
            "protocol_version": "HTTP1",
            "proxy_protocol_v2": false,
            "slow_start": 0,
            "stickiness": [
              {
                "cookie_duration": 86400,
                "enabled": true,
                "type": "lb_cookie"
              }
            ],
            "tags": {},
            "tags_all": {},
            "target_type": "instance",
            "vpc_id": "vpc-09d56518e2d4026fc"
          },
          "sensitive_attributes": [],
          "private": "bnVsbA==",
          "dependencies": [
            "aws_vpc.dev-default"
          ],
          "create_before_destroy": true
        }
      ]
    },
    {
      "mode": "managed",
      "type": "aws_lb_target_group",
      "name": "DEV-BCW-MAP-TG",
      "provider": "provider[\"registry.terraform.io/hashicorp/aws\"]",
      "instances": [
        {
          "schema_version": 0,
          "attributes": {
            "arn": "arn:aws:elasticloadbalancing:eu-west-2:975971611990:targetgroup/DEV-BCW-Mapping-TG/02a882ebc7b80477",
            "arn_suffix": "targetgroup/DEV-BCW-Mapping-TG/02a882ebc7b80477",
            "deregistration_delay": 300,
            "health_check": [
              {
                "enabled": true,
                "healthy_threshold": 3,
                "interval": 30,
                "matcher": "200",
                "path": "/geoserver/web/",
                "port": "traffic-port",
                "protocol": "HTTP",
                "timeout": 5,
                "unhealthy_threshold": 3
              }
            ],
            "id": "arn:aws:elasticloadbalancing:eu-west-2:975971611990:targetgroup/DEV-BCW-Mapping-TG/02a882ebc7b80477",
            "lambda_multi_value_headers_enabled": false,
            "load_balancing_algorithm_type": "round_robin",
            "name": "DEV-BCW-Mapping-TG",
            "name_prefix": null,
            "port": 8080,
            "preserve_client_ip": null,
            "protocol": "HTTP",
            "protocol_version": "HTTP1",
            "proxy_protocol_v2": false,
            "slow_start": 0,
            "stickiness": [
              {
                "cookie_duration": 86400,
                "enabled": false,
                "type": "lb_cookie"
              }
            ],
            "tags": {},
            "tags_all": {},
            "target_type": "instance",
            "vpc_id": "vpc-09d56518e2d4026fc"
          },
          "sensitive_attributes": [],
          "private": "bnVsbA==",
          "dependencies": [
            "aws_vpc.dev-default"
          ],
          "create_before_destroy": true
        }
      ]
    },
    {
      "mode": "managed",
      "type": "aws_lb_target_group",
      "name": "DEV-CFFG-APP-TG",
      "provider": "provider[\"registry.terraform.io/hashicorp/aws\"]",
      "instances": [
        {
          "schema_version": 0,
          "attributes": {
            "arn": "arn:aws:elasticloadbalancing:eu-west-2:975971611990:targetgroup/DEV-CFFG-Applicaton-TG/54abf1bd3c464554",
            "arn_suffix": "targetgroup/DEV-CFFG-Applicaton-TG/54abf1bd3c464554",
            "deregistration_delay": 300,
            "health_check": [
              {
                "enabled": true,
                "healthy_threshold": 3,
                "interval": 30,
                "matcher": "200",
                "path": "/health.txt",
                "port": "traffic-port",
                "protocol": "HTTP",
                "timeout": 5,
                "unhealthy_threshold": 3
              }
            ],
            "id": "arn:aws:elasticloadbalancing:eu-west-2:975971611990:targetgroup/DEV-CFFG-Applicaton-TG/54abf1bd3c464554",
            "lambda_multi_value_headers_enabled": false,
            "load_balancing_algorithm_type": "round_robin",
            "name": "DEV-CFFG-Applicaton-TG",
            "name_prefix": null,
            "port": 80,
            "preserve_client_ip": null,
            "protocol": "HTTP",
            "protocol_version": "HTTP1",
            "proxy_protocol_v2": false,
            "slow_start": 0,
            "stickiness": [
              {
                "cookie_duration": 86400,
                "enabled": true,
                "type": "lb_cookie"
              }
            ],
            "tags": {},
            "tags_all": {},
            "target_type": "instance",
            "vpc_id": "vpc-09d56518e2d4026fc"
          },
          "sensitive_attributes": [],
          "private": "bnVsbA==",
          "dependencies": [
            "aws_vpc.dev-default"
          ],
          "create_before_destroy": true
        }
      ]
    },
    {
      "mode": "managed",
      "type": "aws_lb_target_group",
      "name": "DEV-CFFG-MAP-TG",
      "provider": "provider[\"registry.terraform.io/hashicorp/aws\"]",
      "instances": [
        {
          "schema_version": 0,
          "attributes": {
            "arn": "arn:aws:elasticloadbalancing:eu-west-2:975971611990:targetgroup/DEV-CFFG-Mapping-TG/61fd509757385bf6",
            "arn_suffix": "targetgroup/DEV-CFFG-Mapping-TG/61fd509757385bf6",
            "deregistration_delay": 300,
            "health_check": [
              {
                "enabled": true,
                "healthy_threshold": 3,
                "interval": 30,
                "matcher": "200",
                "path": "/geoserver/web/",
                "port": "traffic-port",
                "protocol": "HTTP",
                "timeout": 5,
                "unhealthy_threshold": 3
              }
            ],
            "id": "arn:aws:elasticloadbalancing:eu-west-2:975971611990:targetgroup/DEV-CFFG-Mapping-TG/61fd509757385bf6",
            "lambda_multi_value_headers_enabled": false,
            "load_balancing_algorithm_type": "round_robin",
            "name": "DEV-CFFG-Mapping-TG",
            "name_prefix": null,
            "port": 8080,
            "preserve_client_ip": null,
            "protocol": "HTTP",
            "protocol_version": "HTTP1",
            "proxy_protocol_v2": false,
            "slow_start": 0,
            "stickiness": [
              {
                "cookie_duration": 86400,
                "enabled": false,
                "type": "lb_cookie"
              }
            ],
            "tags": {},
            "tags_all": {},
            "target_type": "instance",
            "vpc_id": "vpc-09d56518e2d4026fc"
          },
          "sensitive_attributes": [],
          "private": "bnVsbA==",
          "dependencies": [
            "aws_vpc.dev-default"
          ],
          "create_before_destroy": true
        }
      ]
    },
    {
      "mode": "managed",
      "type": "aws_nat_gateway",
      "name": "dev-default",
      "provider": "provider[\"registry.terraform.io/hashicorp/aws\"]",
      "instances": [
        {
          "index_key": 0,
          "schema_version": 0,
          "attributes": {
            "allocation_id": "eipalloc-0aa543436aa8110d5",
            "connectivity_type": "public",
            "id": "nat-04ee51d63ebae6415",
            "network_interface_id": "eni-0068e41bf4db3fec4",
            "private_ip": "10.0.0.92",
            "public_ip": "18.135.241.92",
            "subnet_id": "subnet-00194a2823e26894f",
            "tags": {
              "Name": "DEV-NAT1"
            },
            "tags_all": {
              "Name": "DEV-NAT1"
            }
          },
          "sensitive_attributes": [],
          "private": "bnVsbA==",
          "dependencies": [
            "aws_eip.dev-eip",
            "aws_internet_gateway.dev-default",
            "aws_subnet.dev-public",
            "aws_vpc.dev-default"
          ]
        },
        {
          "index_key": 1,
          "schema_version": 0,
          "attributes": {
            "allocation_id": "eipalloc-0b1a57d46d982402e",
            "connectivity_type": "public",
            "id": "nat-002c5d2631147a488",
            "network_interface_id": "eni-0383563e6d058d3cf",
            "private_ip": "10.0.2.203",
            "public_ip": "18.168.175.190",
            "subnet_id": "subnet-02a2def3c00f0fbbc",
            "tags": {
              "Name": "DEV-NAT2"
            },
            "tags_all": {
              "Name": "DEV-NAT2"
            }
          },
          "sensitive_attributes": [],
          "private": "bnVsbA==",
          "dependencies": [
            "aws_eip.dev-eip",
            "aws_internet_gateway.dev-default",
            "aws_subnet.dev-public",
            "aws_vpc.dev-default"
          ]
        }
      ]
    },
    {
      "mode": "managed",
      "type": "aws_route",
      "name": "dev-private",
      "provider": "provider[\"registry.terraform.io/hashicorp/aws\"]",
      "instances": [
        {
          "index_key": 0,
          "schema_version": 0,
          "attributes": {
            "carrier_gateway_id": "",
            "destination_cidr_block": "0.0.0.0/0",
            "destination_ipv6_cidr_block": "",
            "destination_prefix_list_id": "",
            "egress_only_gateway_id": "",
            "gateway_id": "",
            "id": "r-rtb-03b227a8a0dfb446c1080289494",
            "instance_id": "",
            "instance_owner_id": "",
            "local_gateway_id": "",
            "nat_gateway_id": "nat-04ee51d63ebae6415",
            "network_interface_id": "",
            "origin": "CreateRoute",
            "route_table_id": "rtb-03b227a8a0dfb446c",
            "state": "active",
            "timeouts": null,
            "transit_gateway_id": "",
            "vpc_endpoint_id": "",
            "vpc_peering_connection_id": ""
          },
          "sensitive_attributes": [],
          "private": "eyJlMmJmYjczMC1lY2FhLTExZTYtOGY4OC0zNDM2M2JjN2M0YzAiOnsiY3JlYXRlIjoxMjAwMDAwMDAwMDAsImRlbGV0ZSI6MzAwMDAwMDAwMDAwfX0=",
          "dependencies": [
            "aws_eip.dev-eip",
            "aws_internet_gateway.dev-default",
            "aws_nat_gateway.dev-default",
            "aws_route_table.dev-private",
            "aws_subnet.dev-public",
            "aws_vpc.dev-default"
          ]
        },
        {
          "index_key": 1,
          "schema_version": 0,
          "attributes": {
            "carrier_gateway_id": "",
            "destination_cidr_block": "0.0.0.0/0",
            "destination_ipv6_cidr_block": "",
            "destination_prefix_list_id": "",
            "egress_only_gateway_id": "",
            "gateway_id": "",
            "id": "r-rtb-01e2f517e12bc98e01080289494",
            "instance_id": "",
            "instance_owner_id": "",
            "local_gateway_id": "",
            "nat_gateway_id": "nat-002c5d2631147a488",
            "network_interface_id": "",
            "origin": "CreateRoute",
            "route_table_id": "rtb-01e2f517e12bc98e0",
            "state": "active",
            "timeouts": null,
            "transit_gateway_id": "",
            "vpc_endpoint_id": "",
            "vpc_peering_connection_id": ""
          },
          "sensitive_attributes": [],
          "private": "eyJlMmJmYjczMC1lY2FhLTExZTYtOGY4OC0zNDM2M2JjN2M0YzAiOnsiY3JlYXRlIjoxMjAwMDAwMDAwMDAsImRlbGV0ZSI6MzAwMDAwMDAwMDAwfX0=",
          "dependencies": [
            "aws_eip.dev-eip",
            "aws_internet_gateway.dev-default",
            "aws_nat_gateway.dev-default",
            "aws_route_table.dev-private",
            "aws_subnet.dev-public",
            "aws_vpc.dev-default"
          ]
        }
      ]
    },
    {
      "mode": "managed",
      "type": "aws_route",
      "name": "dev-public",
      "provider": "provider[\"registry.terraform.io/hashicorp/aws\"]",
      "instances": [
        {
          "schema_version": 0,
          "attributes": {
            "carrier_gateway_id": "",
            "destination_cidr_block": "0.0.0.0/0",
            "destination_ipv6_cidr_block": "",
            "destination_prefix_list_id": "",
            "egress_only_gateway_id": "",
            "gateway_id": "igw-0a1fa1117c4eed15f",
            "id": "r-rtb-04d6b8d8660a427eb1080289494",
            "instance_id": "",
            "instance_owner_id": "",
            "local_gateway_id": "",
            "nat_gateway_id": "",
            "network_interface_id": "",
            "origin": "CreateRoute",
            "route_table_id": "rtb-04d6b8d8660a427eb",
            "state": "active",
            "timeouts": null,
            "transit_gateway_id": "",
            "vpc_endpoint_id": "",
            "vpc_peering_connection_id": ""
          },
          "sensitive_attributes": [],
          "private": "eyJlMmJmYjczMC1lY2FhLTExZTYtOGY4OC0zNDM2M2JjN2M0YzAiOnsiY3JlYXRlIjoxMjAwMDAwMDAwMDAsImRlbGV0ZSI6MzAwMDAwMDAwMDAwfX0=",
          "dependencies": [
            "aws_internet_gateway.dev-default",
            "aws_route_table.dev-public",
            "aws_vpc.dev-default"
          ]
        }
      ]
    },
    {
      "mode": "managed",
      "type": "aws_route53_record",
      "name": "bce_dev_alb",
      "provider": "provider[\"registry.terraform.io/hashicorp/aws\"]",
      "instances": [
        {
          "schema_version": 2,
          "attributes": {
            "alias": [],
            "allow_overwrite": null,
            "failover_routing_policy": [],
            "fqdn": "dev-alb.bce2023.co.uk",
            "geolocation_routing_policy": [],
            "health_check_id": "",
            "id": "Z04517471XDEFZB5FO5DB_dev-alb.bce2023.co.uk_CNAME",
            "latency_routing_policy": [],
            "multivalue_answer_routing_policy": null,
            "name": "dev-alb.bce2023.co.uk",
            "records": [
              "dev-bce-app-alb-1375920002.eu-west-2.elb.amazonaws.com"
            ],
            "set_identifier": "",
            "ttl": 60,
            "type": "CNAME",
            "weighted_routing_policy": [],
            "zone_id": "Z04517471XDEFZB5FO5DB"
          },
          "sensitive_attributes": [],
          "private": "eyJzY2hlbWFfdmVyc2lvbiI6IjIifQ==",
          "dependencies": [
            "aws_kms_key.dev-kms",
            "aws_lb.dev-bce-app-alb",
            "aws_s3_bucket.dev-bce-logs",
            "aws_security_group.DEV-BCE-EXTALB-SG",
            "aws_subnet.dev-public",
            "aws_vpc.dev-default",
            "data.aws_canonical_user_id.current_user"
          ]
        }
      ]
    },
    {
      "mode": "managed",
      "type": "aws_route53_record",
      "name": "bce_dev_db",
      "provider": "provider[\"registry.terraform.io/hashicorp/aws\"]",
      "instances": [
        {
          "schema_version": 2,
          "attributes": {
            "alias": [],
            "allow_overwrite": null,
            "failover_routing_policy": [],
            "fqdn": "devdb.bce2023.co.uk",
            "geolocation_routing_policy": [],
            "health_check_id": "",
            "id": "Z04517471XDEFZB5FO5DB_devdb.bce2023.co.uk_CNAME",
            "latency_routing_policy": [],
            "multivalue_answer_routing_policy": null,
            "name": "devdb.bce2023.co.uk",
            "records": [
              "dev-bcp-db.crjf8wrofi48.eu-west-2.rds.amazonaws.com"
            ],
            "set_identifier": "",
            "ttl": 60,
            "type": "CNAME",
            "weighted_routing_policy": [],
            "zone_id": "Z04517471XDEFZB5FO5DB"
          },
          "sensitive_attributes": [],
          "private": "eyJzY2hlbWFfdmVyc2lvbiI6IjIifQ==",
          "dependencies": [
            "aws_db_instance.dev-bcp-db",
            "aws_db_subnet_group.dev-rds-sub",
            "aws_security_group.DEV-BCE-EXTALB-SG",
            "aws_security_group.DEV-BCS-EXTALB-SG",
            "aws_security_group.DEV-BCW-EXTALB-SG",
            "aws_security_group.DEV-CFFG-EXTALB-SG",
            "aws_security_group.DEV-EC2-APP-SG",
            "aws_security_group.DEV-EC2-MAP-SG",
            "aws_security_group.DEV-RDS-SG",
            "aws_security_group.allow_ssh",
            "aws_subnet.dev-private",
            "aws_vpc.dev-default",
            "data.aws_db_snapshot.dev-snap"
          ]
        }
      ]
    },
    {
      "mode": "managed",
      "type": "aws_route53_record",
      "name": "bcs_dev_alb",
      "provider": "provider[\"registry.terraform.io/hashicorp/aws\"]",
      "instances": [
        {
          "schema_version": 2,
          "attributes": {
            "alias": [],
            "allow_overwrite": null,
            "failover_routing_policy": [],
            "fqdn": "dev-alb.bcs2023.co.uk",
            "geolocation_routing_policy": [],
            "health_check_id": "",
            "id": "Z00762241G67N0D1GZ0KC_dev-alb.bcs2023.co.uk_CNAME",
            "latency_routing_policy": [],
            "multivalue_answer_routing_policy": null,
            "name": "dev-alb.bcs2023.co.uk",
            "records": [
              "dev-bcs-app-alb-74268921.eu-west-2.elb.amazonaws.com"
            ],
            "set_identifier": "",
            "ttl": 60,
            "type": "CNAME",
            "weighted_routing_policy": [],
            "zone_id": "Z00762241G67N0D1GZ0KC"
          },
          "sensitive_attributes": [],
          "private": "eyJzY2hlbWFfdmVyc2lvbiI6IjIifQ==",
          "dependencies": [
            "aws_kms_key.dev-kms",
            "aws_lb.dev-bcs-app-alb",
            "aws_s3_bucket.dev-bcs-logs",
            "aws_security_group.DEV-BCS-EXTALB-SG",
            "aws_subnet.dev-public",
            "aws_vpc.dev-default",
            "data.aws_canonical_user_id.current_user"
          ]
        }
      ]
    },
    {
      "mode": "managed",
      "type": "aws_route53_record",
      "name": "bcs_dev_db",
      "provider": "provider[\"registry.terraform.io/hashicorp/aws\"]",
      "instances": [
        {
          "schema_version": 2,
          "attributes": {
            "alias": [],
            "allow_overwrite": null,
            "failover_routing_policy": [],
            "fqdn": "devdb.bcs2023.co.uk",
            "geolocation_routing_policy": [],
            "health_check_id": "",
            "id": "Z00762241G67N0D1GZ0KC_devdb.bcs2023.co.uk_CNAME",
            "latency_routing_policy": [],
            "multivalue_answer_routing_policy": null,
            "name": "devdb.bcs2023.co.uk",
            "records": [
              "dev-bcp-db.crjf8wrofi48.eu-west-2.rds.amazonaws.com"
            ],
            "set_identifier": "",
            "ttl": 60,
            "type": "CNAME",
            "weighted_routing_policy": [],
            "zone_id": "Z00762241G67N0D1GZ0KC"
          },
          "sensitive_attributes": [],
          "private": "eyJzY2hlbWFfdmVyc2lvbiI6IjIifQ==",
          "dependencies": [
            "aws_db_instance.dev-bcp-db",
            "aws_db_subnet_group.dev-rds-sub",
            "aws_security_group.DEV-BCE-EXTALB-SG",
            "aws_security_group.DEV-BCS-EXTALB-SG",
            "aws_security_group.DEV-BCW-EXTALB-SG",
            "aws_security_group.DEV-CFFG-EXTALB-SG",
            "aws_security_group.DEV-EC2-APP-SG",
            "aws_security_group.DEV-EC2-MAP-SG",
            "aws_security_group.DEV-RDS-SG",
            "aws_security_group.allow_ssh",
            "aws_subnet.dev-private",
            "aws_vpc.dev-default",
            "data.aws_db_snapshot.dev-snap"
          ]
        }
      ]
    },
    {
      "mode": "managed",
      "type": "aws_route53_record",
      "name": "bcw_dev_alb",
      "provider": "provider[\"registry.terraform.io/hashicorp/aws\"]",
      "instances": [
        {
          "schema_version": 2,
          "attributes": {
            "alias": [],
            "allow_overwrite": null,
            "failover_routing_policy": [],
            "fqdn": "dev-alb.bcw2023.co.uk",
            "geolocation_routing_policy": [],
            "health_check_id": "",
            "id": "Z031797914Y0JGYK1EOWO_dev-alb.bcw2023.co.uk_CNAME",
            "latency_routing_policy": [],
            "multivalue_answer_routing_policy": null,
            "name": "dev-alb.bcw2023.co.uk",
            "records": [
              "dev-bcw-app-alb-1629513142.eu-west-2.elb.amazonaws.com"
            ],
            "set_identifier": "",
            "ttl": 60,
            "type": "CNAME",
            "weighted_routing_policy": [],
            "zone_id": "Z031797914Y0JGYK1EOWO"
          },
          "sensitive_attributes": [],
          "private": "eyJzY2hlbWFfdmVyc2lvbiI6IjIifQ==",
          "dependencies": [
            "aws_kms_key.dev-kms",
            "aws_lb.dev-bcw-app-alb",
            "aws_s3_bucket.dev-bcw-logs",
            "aws_security_group.DEV-BCW-EXTALB-SG",
            "aws_subnet.dev-public",
            "aws_vpc.dev-default",
            "data.aws_canonical_user_id.current_user"
          ]
        }
      ]
    },
    {
      "mode": "managed",
      "type": "aws_route53_record",
      "name": "bcw_dev_db",
      "provider": "provider[\"registry.terraform.io/hashicorp/aws\"]",
      "instances": [
        {
          "schema_version": 2,
          "attributes": {
            "alias": [],
            "allow_overwrite": null,
            "failover_routing_policy": [],
            "fqdn": "devdb.bcw2023.co.uk",
            "geolocation_routing_policy": [],
            "health_check_id": "",
            "id": "Z031797914Y0JGYK1EOWO_devdb.bcw2023.co.uk_CNAME",
            "latency_routing_policy": [],
            "multivalue_answer_routing_policy": null,
            "name": "devdb.bcw2023.co.uk",
            "records": [
              "dev-bcp-db.crjf8wrofi48.eu-west-2.rds.amazonaws.com"
            ],
            "set_identifier": "",
            "ttl": 60,
            "type": "CNAME",
            "weighted_routing_policy": [],
            "zone_id": "Z031797914Y0JGYK1EOWO"
          },
          "sensitive_attributes": [],
          "private": "eyJzY2hlbWFfdmVyc2lvbiI6IjIifQ==",
          "dependencies": [
            "aws_db_instance.dev-bcp-db",
            "aws_db_subnet_group.dev-rds-sub",
            "aws_security_group.DEV-BCE-EXTALB-SG",
            "aws_security_group.DEV-BCS-EXTALB-SG",
            "aws_security_group.DEV-BCW-EXTALB-SG",
            "aws_security_group.DEV-CFFG-EXTALB-SG",
            "aws_security_group.DEV-EC2-APP-SG",
            "aws_security_group.DEV-EC2-MAP-SG",
            "aws_security_group.DEV-RDS-SG",
            "aws_security_group.allow_ssh",
            "aws_subnet.dev-private",
            "aws_vpc.dev-default",
            "data.aws_db_snapshot.dev-snap"
          ]
        }
      ]
    },
    {
      "mode": "managed",
      "type": "aws_route53_record",
      "name": "cffg_dev_alb",
      "provider": "provider[\"registry.terraform.io/hashicorp/aws\"]",
      "instances": [
        {
          "schema_version": 2,
          "attributes": {
            "alias": [],
            "allow_overwrite": null,
            "failover_routing_policy": [],
            "fqdn": "dev-alb.cffg2023.co.uk",
            "geolocation_routing_policy": [],
            "health_check_id": "",
            "id": "Z03174633CRGT06QCWDSS_dev-alb.cffg2023.co.uk_CNAME",
            "latency_routing_policy": [],
            "multivalue_answer_routing_policy": null,
            "name": "dev-alb.cffg2023.co.uk",
            "records": [
              "dev-cffg-app-alb-1707008166.eu-west-2.elb.amazonaws.com"
            ],
            "set_identifier": "",
            "ttl": 60,
            "type": "CNAME",
            "weighted_routing_policy": [],
            "zone_id": "Z03174633CRGT06QCWDSS"
          },
          "sensitive_attributes": [],
          "private": "eyJzY2hlbWFfdmVyc2lvbiI6IjIifQ==",
          "dependencies": [
            "aws_kms_key.dev-kms",
            "aws_lb.dev-cffg-app-alb",
            "aws_s3_bucket.dev-cffg-logs",
            "aws_security_group.DEV-CFFG-EXTALB-SG",
            "aws_subnet.dev-public",
            "aws_vpc.dev-default",
            "data.aws_canonical_user_id.current_user"
          ]
        }
      ]
    },
    {
      "mode": "managed",
      "type": "aws_route53_record",
      "name": "cffg_dev_db",
      "provider": "provider[\"registry.terraform.io/hashicorp/aws\"]",
      "instances": [
        {
          "schema_version": 2,
          "attributes": {
            "alias": [],
            "allow_overwrite": null,
            "failover_routing_policy": [],
            "fqdn": "devdb.cffg2023.co.uk",
            "geolocation_routing_policy": [],
            "health_check_id": "",
            "id": "Z03174633CRGT06QCWDSS_devdb.cffg2023.co.uk_CNAME",
            "latency_routing_policy": [],
            "multivalue_answer_routing_policy": null,
            "name": "devdb.cffg2023.co.uk",
            "records": [
              "dev-bcp-db.crjf8wrofi48.eu-west-2.rds.amazonaws.com"
            ],
            "set_identifier": "",
            "ttl": 60,
            "type": "CNAME",
            "weighted_routing_policy": [],
            "zone_id": "Z03174633CRGT06QCWDSS"
          },
          "sensitive_attributes": [],
          "private": "eyJzY2hlbWFfdmVyc2lvbiI6IjIifQ==",
          "dependencies": [
            "aws_db_instance.dev-bcp-db",
            "aws_db_subnet_group.dev-rds-sub",
            "aws_security_group.DEV-BCE-EXTALB-SG",
            "aws_security_group.DEV-BCS-EXTALB-SG",
            "aws_security_group.DEV-BCW-EXTALB-SG",
            "aws_security_group.DEV-CFFG-EXTALB-SG",
            "aws_security_group.DEV-EC2-APP-SG",
            "aws_security_group.DEV-EC2-MAP-SG",
            "aws_security_group.DEV-RDS-SG",
            "aws_security_group.allow_ssh",
            "aws_subnet.dev-private",
            "aws_vpc.dev-default",
            "data.aws_db_snapshot.dev-snap"
          ]
        }
      ]
    },
    {
      "mode": "managed",
      "type": "aws_route53_record",
      "name": "dev_bce",
      "provider": "provider[\"registry.terraform.io/hashicorp/aws\"]",
      "instances": [
        {
          "schema_version": 2,
          "attributes": {
            "alias": [],
            "allow_overwrite": null,
            "failover_routing_policy": [],
            "fqdn": "dev.bce2023.co.uk",
            "geolocation_routing_policy": [],
            "health_check_id": "",
            "id": "Z04517471XDEFZB5FO5DB_dev.bce2023.co.uk_CNAME",
            "latency_routing_policy": [],
            "multivalue_answer_routing_policy": null,
            "name": "dev.bce2023.co.uk",
            "records": [
              "d10bxli5sezq4h.cloudfront.net"
            ],
            "set_identifier": "",
            "ttl": 60,
            "type": "CNAME",
            "weighted_routing_policy": [],
            "zone_id": "Z04517471XDEFZB5FO5DB"
          },
          "sensitive_attributes": [],
          "private": "eyJzY2hlbWFfdmVyc2lvbiI6IjIifQ==",
          "dependencies": [
            "aws_cloudfront_distribution.dev-bce-cf",
            "aws_kms_key.dev-kms",
            "aws_lb.dev-bce-app-alb",
            "aws_s3_bucket.dev-bce-cloudfront-logs",
            "aws_s3_bucket.dev-bce-logs",
            "aws_security_group.DEV-BCE-EXTALB-SG",
            "aws_subnet.dev-public",
            "aws_vpc.dev-default",
            "aws_waf_ipset.dev-bce-waf-ip",
            "aws_waf_rule.dev-bce-waf-rule",
            "aws_waf_web_acl.dev-bce-waf-acl",
            "data.aws_canonical_user_id.current_user"
          ]
        }
      ]
    },
    {
      "mode": "managed",
      "type": "aws_route53_record",
      "name": "dev_bcs",
      "provider": "provider[\"registry.terraform.io/hashicorp/aws\"]",
      "instances": [
        {
          "schema_version": 2,
          "attributes": {
            "alias": [],
            "allow_overwrite": null,
            "failover_routing_policy": [],
            "fqdn": "dev.bcs2023.co.uk",
            "geolocation_routing_policy": [],
            "health_check_id": "",
            "id": "Z00762241G67N0D1GZ0KC_dev.bcs2023.co.uk_CNAME",
            "latency_routing_policy": [],
            "multivalue_answer_routing_policy": null,
            "name": "dev.bcs2023.co.uk",
            "records": [
              "d34620a84s5zq8.cloudfront.net"
            ],
            "set_identifier": "",
            "ttl": 60,
            "type": "CNAME",
            "weighted_routing_policy": [],
            "zone_id": "Z00762241G67N0D1GZ0KC"
          },
          "sensitive_attributes": [],
          "private": "eyJzY2hlbWFfdmVyc2lvbiI6IjIifQ==",
          "dependencies": [
            "aws_cloudfront_distribution.dev-bcs-cf",
            "aws_kms_key.dev-kms",
            "aws_lb.dev-bcs-app-alb",
            "aws_s3_bucket.dev-bcs-cloudfront-logs",
            "aws_s3_bucket.dev-bcs-logs",
            "aws_security_group.DEV-BCS-EXTALB-SG",
            "aws_subnet.dev-public",
            "aws_vpc.dev-default",
            "aws_waf_ipset.dev-bcs-waf-ip",
            "aws_waf_rule.dev-bcs-waf-rule",
            "aws_waf_web_acl.dev-bcs-waf-acl",
            "data.aws_canonical_user_id.current_user"
          ]
        }
      ]
    },
    {
      "mode": "managed",
      "type": "aws_route53_record",
      "name": "dev_bcw",
      "provider": "provider[\"registry.terraform.io/hashicorp/aws\"]",
      "instances": [
        {
          "schema_version": 2,
          "attributes": {
            "alias": [],
            "allow_overwrite": null,
            "failover_routing_policy": [],
            "fqdn": "dev.bcw2023.co.uk",
            "geolocation_routing_policy": [],
            "health_check_id": "",
            "id": "Z031797914Y0JGYK1EOWO_dev.bcw2023.co.uk_CNAME",
            "latency_routing_policy": [],
            "multivalue_answer_routing_policy": null,
            "name": "dev.bcw2023.co.uk",
            "records": [
              "d318lx8u67ll7d.cloudfront.net"
            ],
            "set_identifier": "",
            "ttl": 60,
            "type": "CNAME",
            "weighted_routing_policy": [],
            "zone_id": "Z031797914Y0JGYK1EOWO"
          },
          "sensitive_attributes": [],
          "private": "eyJzY2hlbWFfdmVyc2lvbiI6IjIifQ==",
          "dependencies": [
            "aws_cloudfront_distribution.dev-bcw-cf",
            "aws_kms_key.dev-kms",
            "aws_lb.dev-bcw-app-alb",
            "aws_s3_bucket.dev-bcw-cloudfront-logs",
            "aws_s3_bucket.dev-bcw-logs",
            "aws_security_group.DEV-BCW-EXTALB-SG",
            "aws_subnet.dev-public",
            "aws_vpc.dev-default",
            "aws_waf_ipset.dev-bcw-waf-ip",
            "aws_waf_rule.dev-bcw-waf-rule",
            "aws_waf_web_acl.dev-bcw-waf-acl",
            "data.aws_canonical_user_id.current_user"
          ]
        }
      ]
    },
    {
      "mode": "managed",
      "type": "aws_route53_record",
      "name": "dev_cffg",
      "provider": "provider[\"registry.terraform.io/hashicorp/aws\"]",
      "instances": [
        {
          "schema_version": 2,
          "attributes": {
            "alias": [],
            "allow_overwrite": null,
            "failover_routing_policy": [],
            "fqdn": "dev.cffg2023.co.uk",
            "geolocation_routing_policy": [],
            "health_check_id": "",
            "id": "Z03174633CRGT06QCWDSS_dev.cffg2023.co.uk_CNAME",
            "latency_routing_policy": [],
            "multivalue_answer_routing_policy": null,
            "name": "dev.cffg2023.co.uk",
            "records": [
              "d1a5lkuiv4mao2.cloudfront.net"
            ],
            "set_identifier": "",
            "ttl": 60,
            "type": "CNAME",
            "weighted_routing_policy": [],
            "zone_id": "Z03174633CRGT06QCWDSS"
          },
          "sensitive_attributes": [],
          "private": "eyJzY2hlbWFfdmVyc2lvbiI6IjIifQ==",
          "dependencies": [
            "aws_cloudfront_distribution.dev-cffg-cf",
            "aws_kms_key.dev-kms",
            "aws_lb.dev-cffg-app-alb",
            "aws_s3_bucket.dev-cffg-cloudfront-logs",
            "aws_s3_bucket.dev-cffg-logs",
            "aws_security_group.DEV-CFFG-EXTALB-SG",
            "aws_subnet.dev-public",
            "aws_vpc.dev-default",
            "aws_waf_ipset.dev-cffg-waf-ip",
            "aws_waf_rule.dev-cffg-waf-rule",
            "aws_waf_web_acl.dev-cffg-waf-acl",
            "data.aws_canonical_user_id.current_user"
          ]
        }
      ]
    },
    {
      "mode": "managed",
      "type": "aws_route53_record",
      "name": "www_dev_bce",
      "provider": "provider[\"registry.terraform.io/hashicorp/aws\"]",
      "instances": [
        {
          "schema_version": 2,
          "attributes": {
            "alias": [],
            "allow_overwrite": null,
            "failover_routing_policy": [],
            "fqdn": "www.dev.bce2023.co.uk",
            "geolocation_routing_policy": [],
            "health_check_id": "",
            "id": "Z04517471XDEFZB5FO5DB_www.dev.bce2023.co.uk_CNAME",
            "latency_routing_policy": [],
            "multivalue_answer_routing_policy": null,
            "name": "www.dev.bce2023.co.uk",
            "records": [
              "d10bxli5sezq4h.cloudfront.net"
            ],
            "set_identifier": "",
            "ttl": 60,
            "type": "CNAME",
            "weighted_routing_policy": [],
            "zone_id": "Z04517471XDEFZB5FO5DB"
          },
          "sensitive_attributes": [],
          "private": "eyJzY2hlbWFfdmVyc2lvbiI6IjIifQ==",
          "dependencies": [
            "aws_cloudfront_distribution.dev-bce-cf",
            "aws_kms_key.dev-kms",
            "aws_lb.dev-bce-app-alb",
            "aws_s3_bucket.dev-bce-cloudfront-logs",
            "aws_s3_bucket.dev-bce-logs",
            "aws_security_group.DEV-BCE-EXTALB-SG",
            "aws_subnet.dev-public",
            "aws_vpc.dev-default",
            "aws_waf_ipset.dev-bce-waf-ip",
            "aws_waf_rule.dev-bce-waf-rule",
            "aws_waf_web_acl.dev-bce-waf-acl",
            "data.aws_canonical_user_id.current_user"
          ]
        }
      ]
    },
    {
      "mode": "managed",
      "type": "aws_route53_record",
      "name": "www_dev_bcs",
      "provider": "provider[\"registry.terraform.io/hashicorp/aws\"]",
      "instances": [
        {
          "schema_version": 2,
          "attributes": {
            "alias": [],
            "allow_overwrite": null,
            "failover_routing_policy": [],
            "fqdn": "www.dev.bcs2023.co.uk",
            "geolocation_routing_policy": [],
            "health_check_id": "",
            "id": "Z00762241G67N0D1GZ0KC_www.dev.bcs2023.co.uk_CNAME",
            "latency_routing_policy": [],
            "multivalue_answer_routing_policy": null,
            "name": "www.dev.bcs2023.co.uk",
            "records": [
              "d34620a84s5zq8.cloudfront.net"
            ],
            "set_identifier": "",
            "ttl": 60,
            "type": "CNAME",
            "weighted_routing_policy": [],
            "zone_id": "Z00762241G67N0D1GZ0KC"
          },
          "sensitive_attributes": [],
          "private": "eyJzY2hlbWFfdmVyc2lvbiI6IjIifQ==",
          "dependencies": [
            "aws_cloudfront_distribution.dev-bcs-cf",
            "aws_kms_key.dev-kms",
            "aws_lb.dev-bcs-app-alb",
            "aws_s3_bucket.dev-bcs-cloudfront-logs",
            "aws_s3_bucket.dev-bcs-logs",
            "aws_security_group.DEV-BCS-EXTALB-SG",
            "aws_subnet.dev-public",
            "aws_vpc.dev-default",
            "aws_waf_ipset.dev-bcs-waf-ip",
            "aws_waf_rule.dev-bcs-waf-rule",
            "aws_waf_web_acl.dev-bcs-waf-acl",
            "data.aws_canonical_user_id.current_user"
          ]
        }
      ]
    },
    {
      "mode": "managed",
      "type": "aws_route53_record",
      "name": "www_dev_bcw",
      "provider": "provider[\"registry.terraform.io/hashicorp/aws\"]",
      "instances": [
        {
          "schema_version": 2,
          "attributes": {
            "alias": [],
            "allow_overwrite": null,
            "failover_routing_policy": [],
            "fqdn": "www.dev.bcw2023.co.uk",
            "geolocation_routing_policy": [],
            "health_check_id": "",
            "id": "Z031797914Y0JGYK1EOWO_www.dev.bcw2023.co.uk_CNAME",
            "latency_routing_policy": [],
            "multivalue_answer_routing_policy": null,
            "name": "www.dev.bcw2023.co.uk",
            "records": [
              "d318lx8u67ll7d.cloudfront.net"
            ],
            "set_identifier": "",
            "ttl": 60,
            "type": "CNAME",
            "weighted_routing_policy": [],
            "zone_id": "Z031797914Y0JGYK1EOWO"
          },
          "sensitive_attributes": [],
          "private": "eyJzY2hlbWFfdmVyc2lvbiI6IjIifQ==",
          "dependencies": [
            "aws_cloudfront_distribution.dev-bcw-cf",
            "aws_kms_key.dev-kms",
            "aws_lb.dev-bcw-app-alb",
            "aws_s3_bucket.dev-bcw-cloudfront-logs",
            "aws_s3_bucket.dev-bcw-logs",
            "aws_security_group.DEV-BCW-EXTALB-SG",
            "aws_subnet.dev-public",
            "aws_vpc.dev-default",
            "aws_waf_ipset.dev-bcw-waf-ip",
            "aws_waf_rule.dev-bcw-waf-rule",
            "aws_waf_web_acl.dev-bcw-waf-acl",
            "data.aws_canonical_user_id.current_user"
          ]
        }
      ]
    },
    {
      "mode": "managed",
      "type": "aws_route53_record",
      "name": "www_dev_cffg",
      "provider": "provider[\"registry.terraform.io/hashicorp/aws\"]",
      "instances": [
        {
          "schema_version": 2,
          "attributes": {
            "alias": [],
            "allow_overwrite": null,
            "failover_routing_policy": [],
            "fqdn": "www.dev.cffg2023.co.uk",
            "geolocation_routing_policy": [],
            "health_check_id": "",
            "id": "Z03174633CRGT06QCWDSS_www.dev.cffg2023.co.uk_CNAME",
            "latency_routing_policy": [],
            "multivalue_answer_routing_policy": null,
            "name": "www.dev.cffg2023.co.uk",
            "records": [
              "d1a5lkuiv4mao2.cloudfront.net"
            ],
            "set_identifier": "",
            "ttl": 60,
            "type": "CNAME",
            "weighted_routing_policy": [],
            "zone_id": "Z03174633CRGT06QCWDSS"
          },
          "sensitive_attributes": [],
          "private": "eyJzY2hlbWFfdmVyc2lvbiI6IjIifQ==",
          "dependencies": [
            "aws_cloudfront_distribution.dev-cffg-cf",
            "aws_kms_key.dev-kms",
            "aws_lb.dev-cffg-app-alb",
            "aws_s3_bucket.dev-cffg-cloudfront-logs",
            "aws_s3_bucket.dev-cffg-logs",
            "aws_security_group.DEV-CFFG-EXTALB-SG",
            "aws_subnet.dev-public",
            "aws_vpc.dev-default",
            "aws_waf_ipset.dev-cffg-waf-ip",
            "aws_waf_rule.dev-cffg-waf-rule",
            "aws_waf_web_acl.dev-cffg-waf-acl",
            "data.aws_canonical_user_id.current_user"
          ]
        }
      ]
    },
    {
      "mode": "managed",
      "type": "aws_route_table",
      "name": "dev-private",
      "provider": "provider[\"registry.terraform.io/hashicorp/aws\"]",
      "instances": [
        {
          "index_key": 0,
          "schema_version": 0,
          "attributes": {
            "arn": "arn:aws:ec2:eu-west-2:975971611990:route-table/rtb-03b227a8a0dfb446c",
            "id": "rtb-03b227a8a0dfb446c",
            "owner_id": "975971611990",
            "propagating_vgws": [],
            "route": [
              {
                "carrier_gateway_id": "",
                "cidr_block": "0.0.0.0/0",
                "destination_prefix_list_id": "",
                "egress_only_gateway_id": "",
                "gateway_id": "",
                "instance_id": "",
                "ipv6_cidr_block": "",
                "local_gateway_id": "",
                "nat_gateway_id": "nat-04ee51d63ebae6415",
                "network_interface_id": "",
                "transit_gateway_id": "",
                "vpc_endpoint_id": "",
                "vpc_peering_connection_id": ""
              }
            ],
            "tags": {
              "Name": "DEV-PRIVATE-RT"
            },
            "tags_all": {
              "Name": "DEV-PRIVATE-RT"
            },
            "vpc_id": "vpc-09d56518e2d4026fc"
          },
          "sensitive_attributes": [],
          "private": "bnVsbA==",
          "dependencies": [
            "aws_vpc.dev-default"
          ]
        },
        {
          "index_key": 1,
          "schema_version": 0,
          "attributes": {
            "arn": "arn:aws:ec2:eu-west-2:975971611990:route-table/rtb-01e2f517e12bc98e0",
            "id": "rtb-01e2f517e12bc98e0",
            "owner_id": "975971611990",
            "propagating_vgws": [],
            "route": [
              {
                "carrier_gateway_id": "",
                "cidr_block": "0.0.0.0/0",
                "destination_prefix_list_id": "",
                "egress_only_gateway_id": "",
                "gateway_id": "",
                "instance_id": "",
                "ipv6_cidr_block": "",
                "local_gateway_id": "",
                "nat_gateway_id": "nat-002c5d2631147a488",
                "network_interface_id": "",
                "transit_gateway_id": "",
                "vpc_endpoint_id": "",
                "vpc_peering_connection_id": ""
              }
            ],
            "tags": {
              "Name": "DEV-PRIVATE-RT"
            },
            "tags_all": {
              "Name": "DEV-PRIVATE-RT"
            },
            "vpc_id": "vpc-09d56518e2d4026fc"
          },
          "sensitive_attributes": [],
          "private": "bnVsbA==",
          "dependencies": [
            "aws_vpc.dev-default"
          ]
        }
      ]
    },
    {
      "mode": "managed",
      "type": "aws_route_table",
      "name": "dev-public",
      "provider": "provider[\"registry.terraform.io/hashicorp/aws\"]",
      "instances": [
        {
          "schema_version": 0,
          "attributes": {
            "arn": "arn:aws:ec2:eu-west-2:975971611990:route-table/rtb-04d6b8d8660a427eb",
            "id": "rtb-04d6b8d8660a427eb",
            "owner_id": "975971611990",
            "propagating_vgws": [],
            "route": [
              {
                "carrier_gateway_id": "",
                "cidr_block": "0.0.0.0/0",
                "destination_prefix_list_id": "",
                "egress_only_gateway_id": "",
                "gateway_id": "igw-0a1fa1117c4eed15f",
                "instance_id": "",
                "ipv6_cidr_block": "",
                "local_gateway_id": "",
                "nat_gateway_id": "",
                "network_interface_id": "",
                "transit_gateway_id": "",
                "vpc_endpoint_id": "",
                "vpc_peering_connection_id": ""
              }
            ],
            "tags": {
              "Name": "DEV-PUBLIC_RT"
            },
            "tags_all": {
              "Name": "DEV-PUBLIC_RT"
            },
            "vpc_id": "vpc-09d56518e2d4026fc"
          },
          "sensitive_attributes": [],
          "private": "bnVsbA==",
          "dependencies": [
            "aws_vpc.dev-default"
          ]
        }
      ]
    },
    {
      "mode": "managed",
      "type": "aws_route_table_association",
      "name": "dev-private",
      "provider": "provider[\"registry.terraform.io/hashicorp/aws\"]",
      "instances": [
        {
          "index_key": 0,
          "schema_version": 0,
          "attributes": {
            "gateway_id": null,
            "id": "rtbassoc-0992ba0d707db478f",
            "route_table_id": "rtb-03b227a8a0dfb446c",
            "subnet_id": "subnet-081548483804b6631"
          },
          "sensitive_attributes": [],
          "private": "bnVsbA==",
          "dependencies": [
            "aws_route_table.dev-private",
            "aws_subnet.dev-private",
            "aws_vpc.dev-default"
          ]
        },
        {
          "index_key": 1,
          "schema_version": 0,
          "attributes": {
            "gateway_id": null,
            "id": "rtbassoc-0c0471102f86ffc28",
            "route_table_id": "rtb-01e2f517e12bc98e0",
            "subnet_id": "subnet-015bd8a6cf56a58a1"
          },
          "sensitive_attributes": [],
          "private": "bnVsbA==",
          "dependencies": [
            "aws_route_table.dev-private",
            "aws_subnet.dev-private",
            "aws_vpc.dev-default"
          ]
        }
      ]
    },
    {
      "mode": "managed",
      "type": "aws_route_table_association",
      "name": "dev-public",
      "provider": "provider[\"registry.terraform.io/hashicorp/aws\"]",
      "instances": [
        {
          "index_key": 0,
          "schema_version": 0,
          "attributes": {
            "gateway_id": null,
            "id": "rtbassoc-02d5aa43886b4dde6",
            "route_table_id": "rtb-04d6b8d8660a427eb",
            "subnet_id": "subnet-00194a2823e26894f"
          },
          "sensitive_attributes": [],
          "private": "bnVsbA==",
          "dependencies": [
            "aws_route_table.dev-public",
            "aws_subnet.dev-public",
            "aws_vpc.dev-default"
          ]
        },
        {
          "index_key": 1,
          "schema_version": 0,
          "attributes": {
            "gateway_id": null,
            "id": "rtbassoc-0db12b4d0cf90731c",
            "route_table_id": "rtb-04d6b8d8660a427eb",
            "subnet_id": "subnet-02a2def3c00f0fbbc"
          },
          "sensitive_attributes": [],
          "private": "bnVsbA==",
          "dependencies": [
            "aws_route_table.dev-public",
            "aws_subnet.dev-public",
            "aws_vpc.dev-default"
          ]
        }
      ]
    },
    {
      "mode": "managed",
      "type": "aws_s3_bucket",
      "name": "bcp-dev-cloudtrail",
      "provider": "provider[\"registry.terraform.io/hashicorp/aws\"]",
      "instances": [
        {
          "schema_version": 0,
          "attributes": {
            "acceleration_status": "",
            "acl": "private",
            "arn": "arn:aws:s3:::bcp-dev-cloudtrail",
            "bucket": "bcp-dev-cloudtrail",
            "bucket_domain_name": "bcp-dev-cloudtrail.s3.amazonaws.com",
            "bucket_prefix": null,
            "bucket_regional_domain_name": "bcp-dev-cloudtrail.s3.eu-west-2.amazonaws.com",
            "cors_rule": [],
            "force_destroy": true,
            "grant": [],
            "hosted_zone_id": "Z3GKZC51ZF0DB4",
            "id": "bcp-dev-cloudtrail",
            "lifecycle_rule": [],
            "logging": [
              {
                "target_bucket": "dev-bcp-logs",
                "target_prefix": ""
              }
            ],
            "object_lock_configuration": [],
            "policy": "{\"Statement\":[{\"Action\":\"s3:GetBucketAcl\",\"Effect\":\"Allow\",\"Principal\":{\"Service\":\"cloudtrail.amazonaws.com\"},\"Resource\":\"arn:aws:s3:::bcp-dev-cloudtrail\",\"Sid\":\"AWSCloudTrailAclCheck\"},{\"Action\":\"s3:PutObject\",\"Condition\":{\"StringEquals\":{\"s3:x-amz-acl\":\"bucket-owner-full-control\"}},\"Effect\":\"Allow\",\"Principal\":{\"Service\":\"cloudtrail.amazonaws.com\"},\"Resource\":\"arn:aws:s3:::bcp-dev-cloudtrail/prefix/AWSLogs/975971611990/*\",\"Sid\":\"AWSCloudTrailWrite\"}],\"Version\":\"2012-10-17\"}",
            "region": "eu-west-2",
            "replication_configuration": [],
            "request_payer": "BucketOwner",
            "server_side_encryption_configuration": [
              {
                "rule": [
                  {
                    "apply_server_side_encryption_by_default": [
                      {
                        "kms_master_key_id": "arn:aws:kms:eu-west-2:975971611990:key/e70db23b-5538-411d-a441-f694a22c56e9",
                        "sse_algorithm": "aws:kms"
                      }
                    ],
                    "bucket_key_enabled": false
                  }
                ]
              }
            ],
            "tags": {},
            "tags_all": {},
            "versioning": [
              {
                "enabled": true,
                "mfa_delete": false
              }
            ],
            "website": [],
            "website_domain": null,
            "website_endpoint": null
          },
          "sensitive_attributes": [],
          "private": "bnVsbA==",
          "dependencies": [
            "aws_kms_key.dev-kms",
            "data.aws_caller_identity.current1"
          ]
        }
      ]
    },
    {
      "mode": "managed",
      "type": "aws_s3_bucket",
      "name": "dev-bce-cloudfront-logs",
      "provider": "provider[\"registry.terraform.io/hashicorp/aws\"]",
      "instances": [
        {
          "schema_version": 0,
          "attributes": {
            "acceleration_status": "",
            "acl": "private",
            "arn": "arn:aws:s3:::dev-bce-cloudfront-logs",
            "bucket": "dev-bce-cloudfront-logs",
            "bucket_domain_name": "dev-bce-cloudfront-logs.s3.amazonaws.com",
            "bucket_prefix": null,
            "bucket_regional_domain_name": "dev-bce-cloudfront-logs.s3.eu-west-2.amazonaws.com",
            "cors_rule": [],
            "force_destroy": true,
            "grant": [
              {
                "id": "",
                "permissions": [
                  "FULL_CONTROL"
                ],
                "type": "Group",
                "uri": "http://acs.amazonaws.com/groups/s3/LogDelivery"
              },
              {
                "id": "7307b95aa6ac0c58ff934c1813d89bcccc87227b7d3dc1a5b109ac1545b5908f",
                "permissions": [
                  "FULL_CONTROL"
                ],
                "type": "CanonicalUser",
                "uri": ""
              }
            ],
            "hosted_zone_id": "Z3GKZC51ZF0DB4",
            "id": "dev-bce-cloudfront-logs",
            "lifecycle_rule": [],
            "logging": [
              {
                "target_bucket": "dev-bcp-logs",
                "target_prefix": ""
              }
            ],
            "object_lock_configuration": [],
            "policy": null,
            "region": "eu-west-2",
            "replication_configuration": [],
            "request_payer": "BucketOwner",
            "server_side_encryption_configuration": [
              {
                "rule": [
                  {
                    "apply_server_side_encryption_by_default": [
                      {
                        "kms_master_key_id": "arn:aws:kms:eu-west-2:975971611990:key/e70db23b-5538-411d-a441-f694a22c56e9",
                        "sse_algorithm": "aws:kms"
                      }
                    ],
                    "bucket_key_enabled": false
                  }
                ]
              }
            ],
            "tags": {},
            "tags_all": {},
            "versioning": [
              {
                "enabled": true,
                "mfa_delete": false
              }
            ],
            "website": [],
            "website_domain": null,
            "website_endpoint": null
          },
          "sensitive_attributes": [],
          "private": "bnVsbA==",
          "dependencies": [
            "aws_kms_key.dev-kms",
            "data.aws_canonical_user_id.current_user"
          ]
        }
      ]
    },
    {
      "mode": "managed",
      "type": "aws_s3_bucket",
      "name": "dev-bce-documents",
      "provider": "provider[\"registry.terraform.io/hashicorp/aws\"]",
      "instances": [
        {
          "schema_version": 0,
          "attributes": {
            "acceleration_status": "",
            "acl": "private",
            "arn": "arn:aws:s3:::dev-bce-documents",
            "bucket": "dev-bce-documents",
            "bucket_domain_name": "dev-bce-documents.s3.amazonaws.com",
            "bucket_prefix": null,
            "bucket_regional_domain_name": "dev-bce-documents.s3.eu-west-2.amazonaws.com",
            "cors_rule": [],
            "force_destroy": true,
            "grant": [],
            "hosted_zone_id": "Z3GKZC51ZF0DB4",
            "id": "dev-bce-documents",
            "lifecycle_rule": [],
            "logging": [
              {
                "target_bucket": "dev-bcp-logs",
                "target_prefix": ""
              }
            ],
            "object_lock_configuration": [],
            "policy": null,
            "region": "eu-west-2",
            "replication_configuration": [],
            "request_payer": "BucketOwner",
            "server_side_encryption_configuration": [
              {
                "rule": [
                  {
                    "apply_server_side_encryption_by_default": [
                      {
                        "kms_master_key_id": "arn:aws:kms:eu-west-2:975971611990:key/e70db23b-5538-411d-a441-f694a22c56e9",
                        "sse_algorithm": "aws:kms"
                      }
                    ],
                    "bucket_key_enabled": false
                  }
                ]
              }
            ],
            "tags": {},
            "tags_all": {},
            "versioning": [
              {
                "enabled": true,
                "mfa_delete": false
              }
            ],
            "website": [],
            "website_domain": null,
            "website_endpoint": null
          },
          "sensitive_attributes": [],
          "private": "bnVsbA==",
          "dependencies": [
            "aws_kms_key.dev-kms"
          ]
        }
      ]
    },
    {
      "mode": "managed",
      "type": "aws_s3_bucket",
      "name": "dev-bce-logs",
      "provider": "provider[\"registry.terraform.io/hashicorp/aws\"]",
      "instances": [
        {
          "schema_version": 0,
          "attributes": {
            "acceleration_status": "",
            "acl": "private",
            "arn": "arn:aws:s3:::dev-bce-logs",
            "bucket": "dev-bce-logs",
            "bucket_domain_name": "dev-bce-logs.s3.amazonaws.com",
            "bucket_prefix": null,
            "bucket_regional_domain_name": "dev-bce-logs.s3.eu-west-2.amazonaws.com",
            "cors_rule": [],
            "force_destroy": true,
            "grant": [
              {
                "id": "",
                "permissions": [
                  "FULL_CONTROL"
                ],
                "type": "Group",
                "uri": "http://acs.amazonaws.com/groups/s3/LogDelivery"
              },
              {
                "id": "7307b95aa6ac0c58ff934c1813d89bcccc87227b7d3dc1a5b109ac1545b5908f",
                "permissions": [
                  "FULL_CONTROL"
                ],
                "type": "CanonicalUser",
                "uri": ""
              }
            ],
            "hosted_zone_id": "Z3GKZC51ZF0DB4",
            "id": "dev-bce-logs",
            "lifecycle_rule": [],
            "logging": [
              {
                "target_bucket": "dev-bcp-logs",
                "target_prefix": ""
              }
            ],
            "object_lock_configuration": [],
            "policy": null,
            "region": "eu-west-2",
            "replication_configuration": [],
            "request_payer": "BucketOwner",
            "server_side_encryption_configuration": [
              {
                "rule": [
                  {
                    "apply_server_side_encryption_by_default": [
                      {
                        "kms_master_key_id": "arn:aws:kms:eu-west-2:975971611990:key/e70db23b-5538-411d-a441-f694a22c56e9",
                        "sse_algorithm": "aws:kms"
                      }
                    ],
                    "bucket_key_enabled": false
                  }
                ]
              }
            ],
            "tags": {},
            "tags_all": {},
            "versioning": [
              {
                "enabled": true,
                "mfa_delete": false
              }
            ],
            "website": [],
            "website_domain": null,
            "website_endpoint": null
          },
          "sensitive_attributes": [],
          "private": "bnVsbA==",
          "dependencies": [
            "aws_kms_key.dev-kms",
            "data.aws_canonical_user_id.current_user"
          ]
        }
      ]
    },
    {
      "mode": "managed",
      "type": "aws_s3_bucket",
      "name": "dev-bce-response",
      "provider": "provider[\"registry.terraform.io/hashicorp/aws\"]",
      "instances": [
        {
          "schema_version": 0,
          "attributes": {
            "acceleration_status": "",
            "acl": "private",
            "arn": "arn:aws:s3:::dev-bce-response",
            "bucket": "dev-bce-response",
            "bucket_domain_name": "dev-bce-response.s3.amazonaws.com",
            "bucket_prefix": null,
            "bucket_regional_domain_name": "dev-bce-response.s3.eu-west-2.amazonaws.com",
            "cors_rule": [],
            "force_destroy": true,
            "grant": [],
            "hosted_zone_id": "Z3GKZC51ZF0DB4",
            "id": "dev-bce-response",
            "lifecycle_rule": [],
            "logging": [
              {
                "target_bucket": "dev-bcp-logs",
                "target_prefix": ""
              }
            ],
            "object_lock_configuration": [],
            "policy": null,
            "region": "eu-west-2",
            "replication_configuration": [],
            "request_payer": "BucketOwner",
            "server_side_encryption_configuration": [
              {
                "rule": [
                  {
                    "apply_server_side_encryption_by_default": [
                      {
                        "kms_master_key_id": "arn:aws:kms:eu-west-2:975971611990:key/e70db23b-5538-411d-a441-f694a22c56e9",
                        "sse_algorithm": "aws:kms"
                      }
                    ],
                    "bucket_key_enabled": false
                  }
                ]
              }
            ],
            "tags": {},
            "tags_all": {},
            "versioning": [
              {
                "enabled": true,
                "mfa_delete": false
              }
            ],
            "website": [],
            "website_domain": null,
            "website_endpoint": null
          },
          "sensitive_attributes": [],
          "private": "bnVsbA==",
          "dependencies": [
            "aws_kms_key.dev-kms"
          ]
        }
      ]
    },
    {
      "mode": "managed",
      "type": "aws_s3_bucket",
      "name": "dev-bce-test",
      "provider": "provider[\"registry.terraform.io/hashicorp/aws\"]",
      "instances": [
        {
          "schema_version": 0,
          "attributes": {
            "acceleration_status": "",
            "acl": "private",
            "arn": "arn:aws:s3:::dev-bce-test",
            "bucket": "dev-bce-test",
            "bucket_domain_name": "dev-bce-test.s3.amazonaws.com",
            "bucket_prefix": null,
            "bucket_regional_domain_name": "dev-bce-test.s3.eu-west-2.amazonaws.com",
            "cors_rule": [],
            "force_destroy": true,
            "grant": [],
            "hosted_zone_id": "Z3GKZC51ZF0DB4",
            "id": "dev-bce-test",
            "lifecycle_rule": [],
            "logging": [
              {
                "target_bucket": "dev-bcp-logs",
                "target_prefix": ""
              }
            ],
            "object_lock_configuration": [],
            "policy": null,
            "region": "eu-west-2",
            "replication_configuration": [],
            "request_payer": "BucketOwner",
            "server_side_encryption_configuration": [
              {
                "rule": [
                  {
                    "apply_server_side_encryption_by_default": [
                      {
                        "kms_master_key_id": "arn:aws:kms:eu-west-2:975971611990:key/e70db23b-5538-411d-a441-f694a22c56e9",
                        "sse_algorithm": "aws:kms"
                      }
                    ],
                    "bucket_key_enabled": false
                  }
                ]
              }
            ],
            "tags": {},
            "tags_all": {},
            "versioning": [
              {
                "enabled": true,
                "mfa_delete": false
              }
            ],
            "website": [],
            "website_domain": null,
            "website_endpoint": null
          },
          "sensitive_attributes": [],
          "private": "bnVsbA==",
          "dependencies": [
            "aws_kms_key.dev-kms"
          ]
        }
      ]
    },
    {
      "mode": "managed",
      "type": "aws_s3_bucket",
      "name": "dev-bcp-cloudwatch",
      "provider": "provider[\"registry.terraform.io/hashicorp/aws\"]",
      "instances": [
        {
          "schema_version": 0,
          "attributes": {
            "acceleration_status": "",
            "acl": "private",
            "arn": "arn:aws:s3:::dev-bcp-cloudwatch",
            "bucket": "dev-bcp-cloudwatch",
            "bucket_domain_name": "dev-bcp-cloudwatch.s3.amazonaws.com",
            "bucket_prefix": null,
            "bucket_regional_domain_name": "dev-bcp-cloudwatch.s3.eu-west-2.amazonaws.com",
            "cors_rule": [],
            "force_destroy": true,
            "grant": [],
            "hosted_zone_id": "Z3GKZC51ZF0DB4",
            "id": "dev-bcp-cloudwatch",
            "lifecycle_rule": [],
            "logging": [
              {
                "target_bucket": "dev-bcp-logs",
                "target_prefix": ""
              }
            ],
            "object_lock_configuration": [],
            "policy": null,
            "region": "eu-west-2",
            "replication_configuration": [],
            "request_payer": "BucketOwner",
            "server_side_encryption_configuration": [
              {
                "rule": [
                  {
                    "apply_server_side_encryption_by_default": [
                      {
                        "kms_master_key_id": "arn:aws:kms:eu-west-2:975971611990:key/e70db23b-5538-411d-a441-f694a22c56e9",
                        "sse_algorithm": "aws:kms"
                      }
                    ],
                    "bucket_key_enabled": false
                  }
                ]
              }
            ],
            "tags": {},
            "tags_all": {},
            "versioning": [
              {
                "enabled": true,
                "mfa_delete": false
              }
            ],
            "website": [],
            "website_domain": null,
            "website_endpoint": null
          },
          "sensitive_attributes": [],
          "private": "bnVsbA==",
          "dependencies": [
            "aws_kms_key.dev-kms"
          ]
        }
      ]
    },
    {
      "mode": "managed",
      "type": "aws_s3_bucket",
      "name": "dev-bcp-logs",
      "provider": "provider[\"registry.terraform.io/hashicorp/aws\"]",
      "instances": [
        {
          "schema_version": 0,
          "attributes": {
            "acceleration_status": "",
            "acl": "private",
            "arn": "arn:aws:s3:::dev-bcp-logs",
            "bucket": "dev-bcp-logs",
            "bucket_domain_name": "dev-bcp-logs.s3.amazonaws.com",
            "bucket_prefix": null,
            "bucket_regional_domain_name": "dev-bcp-logs.s3.eu-west-2.amazonaws.com",
            "cors_rule": [],
            "force_destroy": true,
            "grant": [
              {
                "id": "",
                "permissions": [
                  "FULL_CONTROL"
                ],
                "type": "Group",
                "uri": "http://acs.amazonaws.com/groups/s3/LogDelivery"
              },
              {
                "id": "7307b95aa6ac0c58ff934c1813d89bcccc87227b7d3dc1a5b109ac1545b5908f",
                "permissions": [
                  "FULL_CONTROL"
                ],
                "type": "CanonicalUser",
                "uri": ""
              }
            ],
            "hosted_zone_id": "Z3GKZC51ZF0DB4",
            "id": "dev-bcp-logs",
            "lifecycle_rule": [],
            "logging": [],
            "object_lock_configuration": [],
            "policy": null,
            "region": "eu-west-2",
            "replication_configuration": [],
            "request_payer": "BucketOwner",
            "server_side_encryption_configuration": [
              {
                "rule": [
                  {
                    "apply_server_side_encryption_by_default": [
                      {
                        "kms_master_key_id": "arn:aws:kms:eu-west-2:975971611990:key/e70db23b-5538-411d-a441-f694a22c56e9",
                        "sse_algorithm": "aws:kms"
                      }
                    ],
                    "bucket_key_enabled": false
                  }
                ]
              }
            ],
            "tags": {},
            "tags_all": {},
            "versioning": [
              {
                "enabled": true,
                "mfa_delete": false
              }
            ],
            "website": [],
            "website_domain": null,
            "website_endpoint": null
          },
          "sensitive_attributes": [],
          "private": "bnVsbA==",
          "dependencies": [
            "aws_kms_key.dev-kms",
            "data.aws_canonical_user_id.current_user"
          ]
        }
      ]
    },
    {
      "mode": "managed",
      "type": "aws_s3_bucket",
      "name": "dev-bcp-maintenance",
      "provider": "provider[\"registry.terraform.io/hashicorp/aws\"]",
      "instances": [
        {
          "schema_version": 0,
          "attributes": {
            "acceleration_status": "",
            "acl": "public-read",
            "arn": "arn:aws:s3:::dev-bcp-maintenance",
            "bucket": "dev-bcp-maintenance",
            "bucket_domain_name": "dev-bcp-maintenance.s3.amazonaws.com",
            "bucket_prefix": null,
            "bucket_regional_domain_name": "dev-bcp-maintenance.s3.eu-west-2.amazonaws.com",
            "cors_rule": [],
            "force_destroy": true,
            "grant": [],
            "hosted_zone_id": "Z3GKZC51ZF0DB4",
            "id": "dev-bcp-maintenance",
            "lifecycle_rule": [],
            "logging": [
              {
                "target_bucket": "dev-bcp-logs",
                "target_prefix": ""
              }
            ],
            "object_lock_configuration": [],
            "policy": null,
            "region": "eu-west-2",
            "replication_configuration": [],
            "request_payer": "BucketOwner",
            "server_side_encryption_configuration": [],
            "tags": {},
            "tags_all": {},
            "versioning": [
              {
                "enabled": true,
                "mfa_delete": false
              }
            ],
            "website": [
              {
                "error_document": "index.html",
                "index_document": "index.html",
                "redirect_all_requests_to": "",
                "routing_rules": ""
              }
            ],
            "website_domain": "s3-website.eu-west-2.amazonaws.com",
            "website_endpoint": "dev-bcp-maintenance.s3-website.eu-west-2.amazonaws.com"
          },
          "sensitive_attributes": [],
          "private": "bnVsbA=="
        }
      ]
    },
    {
      "mode": "managed",
      "type": "aws_s3_bucket",
      "name": "dev-bcs-cloudfront-logs",
      "provider": "provider[\"registry.terraform.io/hashicorp/aws\"]",
      "instances": [
        {
          "schema_version": 0,
          "attributes": {
            "acceleration_status": "",
            "acl": "private",
            "arn": "arn:aws:s3:::dev-bcs-cloudfront-logs",
            "bucket": "dev-bcs-cloudfront-logs",
            "bucket_domain_name": "dev-bcs-cloudfront-logs.s3.amazonaws.com",
            "bucket_prefix": null,
            "bucket_regional_domain_name": "dev-bcs-cloudfront-logs.s3.eu-west-2.amazonaws.com",
            "cors_rule": [],
            "force_destroy": true,
            "grant": [
              {
                "id": "",
                "permissions": [
                  "FULL_CONTROL"
                ],
                "type": "Group",
                "uri": "http://acs.amazonaws.com/groups/s3/LogDelivery"
              },
              {
                "id": "7307b95aa6ac0c58ff934c1813d89bcccc87227b7d3dc1a5b109ac1545b5908f",
                "permissions": [
                  "FULL_CONTROL"
                ],
                "type": "CanonicalUser",
                "uri": ""
              }
            ],
            "hosted_zone_id": "Z3GKZC51ZF0DB4",
            "id": "dev-bcs-cloudfront-logs",
            "lifecycle_rule": [],
            "logging": [
              {
                "target_bucket": "dev-bcp-logs",
                "target_prefix": ""
              }
            ],
            "object_lock_configuration": [],
            "policy": null,
            "region": "eu-west-2",
            "replication_configuration": [],
            "request_payer": "BucketOwner",
            "server_side_encryption_configuration": [
              {
                "rule": [
                  {
                    "apply_server_side_encryption_by_default": [
                      {
                        "kms_master_key_id": "arn:aws:kms:eu-west-2:975971611990:key/e70db23b-5538-411d-a441-f694a22c56e9",
                        "sse_algorithm": "aws:kms"
                      }
                    ],
                    "bucket_key_enabled": false
                  }
                ]
              }
            ],
            "tags": {},
            "tags_all": {},
            "versioning": [
              {
                "enabled": true,
                "mfa_delete": false
              }
            ],
            "website": [],
            "website_domain": null,
            "website_endpoint": null
          },
          "sensitive_attributes": [],
          "private": "bnVsbA==",
          "dependencies": [
            "aws_kms_key.dev-kms",
            "data.aws_canonical_user_id.current_user"
          ]
        }
      ]
    },
    {
      "mode": "managed",
      "type": "aws_s3_bucket",
      "name": "dev-bcs-documents",
      "provider": "provider[\"registry.terraform.io/hashicorp/aws\"]",
      "instances": [
        {
          "schema_version": 0,
          "attributes": {
            "acceleration_status": "",
            "acl": "private",
            "arn": "arn:aws:s3:::dev-bcs-documents",
            "bucket": "dev-bcs-documents",
            "bucket_domain_name": "dev-bcs-documents.s3.amazonaws.com",
            "bucket_prefix": null,
            "bucket_regional_domain_name": "dev-bcs-documents.s3.eu-west-2.amazonaws.com",
            "cors_rule": [],
            "force_destroy": true,
            "grant": [],
            "hosted_zone_id": "Z3GKZC51ZF0DB4",
            "id": "dev-bcs-documents",
            "lifecycle_rule": [],
            "logging": [
              {
                "target_bucket": "dev-bcp-logs",
                "target_prefix": ""
              }
            ],
            "object_lock_configuration": [],
            "policy": null,
            "region": "eu-west-2",
            "replication_configuration": [],
            "request_payer": "BucketOwner",
            "server_side_encryption_configuration": [
              {
                "rule": [
                  {
                    "apply_server_side_encryption_by_default": [
                      {
                        "kms_master_key_id": "arn:aws:kms:eu-west-2:975971611990:key/e70db23b-5538-411d-a441-f694a22c56e9",
                        "sse_algorithm": "aws:kms"
                      }
                    ],
                    "bucket_key_enabled": false
                  }
                ]
              }
            ],
            "tags": {},
            "tags_all": {},
            "versioning": [
              {
                "enabled": true,
                "mfa_delete": false
              }
            ],
            "website": [],
            "website_domain": null,
            "website_endpoint": null
          },
          "sensitive_attributes": [],
          "private": "bnVsbA==",
          "dependencies": [
            "aws_kms_key.dev-kms"
          ]
        }
      ]
    },
    {
      "mode": "managed",
      "type": "aws_s3_bucket",
      "name": "dev-bcs-logs",
      "provider": "provider[\"registry.terraform.io/hashicorp/aws\"]",
      "instances": [
        {
          "schema_version": 0,
          "attributes": {
            "acceleration_status": "",
            "acl": "private",
            "arn": "arn:aws:s3:::dev-bcs-logs",
            "bucket": "dev-bcs-logs",
            "bucket_domain_name": "dev-bcs-logs.s3.amazonaws.com",
            "bucket_prefix": null,
            "bucket_regional_domain_name": "dev-bcs-logs.s3.eu-west-2.amazonaws.com",
            "cors_rule": [],
            "force_destroy": true,
            "grant": [
              {
                "id": "",
                "permissions": [
                  "FULL_CONTROL"
                ],
                "type": "Group",
                "uri": "http://acs.amazonaws.com/groups/s3/LogDelivery"
              },
              {
                "id": "7307b95aa6ac0c58ff934c1813d89bcccc87227b7d3dc1a5b109ac1545b5908f",
                "permissions": [
                  "FULL_CONTROL"
                ],
                "type": "CanonicalUser",
                "uri": ""
              }
            ],
            "hosted_zone_id": "Z3GKZC51ZF0DB4",
            "id": "dev-bcs-logs",
            "lifecycle_rule": [],
            "logging": [
              {
                "target_bucket": "dev-bcp-logs",
                "target_prefix": ""
              }
            ],
            "object_lock_configuration": [],
            "policy": null,
            "region": "eu-west-2",
            "replication_configuration": [],
            "request_payer": "BucketOwner",
            "server_side_encryption_configuration": [
              {
                "rule": [
                  {
                    "apply_server_side_encryption_by_default": [
                      {
                        "kms_master_key_id": "arn:aws:kms:eu-west-2:975971611990:key/e70db23b-5538-411d-a441-f694a22c56e9",
                        "sse_algorithm": "aws:kms"
                      }
                    ],
                    "bucket_key_enabled": false
                  }
                ]
              }
            ],
            "tags": {},
            "tags_all": {},
            "versioning": [
              {
                "enabled": true,
                "mfa_delete": false
              }
            ],
            "website": [],
            "website_domain": null,
            "website_endpoint": null
          },
          "sensitive_attributes": [],
          "private": "bnVsbA==",
          "dependencies": [
            "aws_kms_key.dev-kms",
            "data.aws_canonical_user_id.current_user"
          ]
        }
      ]
    },
    {
      "mode": "managed",
      "type": "aws_s3_bucket",
      "name": "dev-bcs-response",
      "provider": "provider[\"registry.terraform.io/hashicorp/aws\"]",
      "instances": [
        {
          "schema_version": 0,
          "attributes": {
            "acceleration_status": "",
            "acl": "private",
            "arn": "arn:aws:s3:::dev-bcs-response",
            "bucket": "dev-bcs-response",
            "bucket_domain_name": "dev-bcs-response.s3.amazonaws.com",
            "bucket_prefix": null,
            "bucket_regional_domain_name": "dev-bcs-response.s3.eu-west-2.amazonaws.com",
            "cors_rule": [],
            "force_destroy": true,
            "grant": [],
            "hosted_zone_id": "Z3GKZC51ZF0DB4",
            "id": "dev-bcs-response",
            "lifecycle_rule": [],
            "logging": [
              {
                "target_bucket": "dev-bcp-logs",
                "target_prefix": ""
              }
            ],
            "object_lock_configuration": [],
            "policy": null,
            "region": "eu-west-2",
            "replication_configuration": [],
            "request_payer": "BucketOwner",
            "server_side_encryption_configuration": [
              {
                "rule": [
                  {
                    "apply_server_side_encryption_by_default": [
                      {
                        "kms_master_key_id": "arn:aws:kms:eu-west-2:975971611990:key/e70db23b-5538-411d-a441-f694a22c56e9",
                        "sse_algorithm": "aws:kms"
                      }
                    ],
                    "bucket_key_enabled": false
                  }
                ]
              }
            ],
            "tags": {},
            "tags_all": {},
            "versioning": [
              {
                "enabled": true,
                "mfa_delete": false
              }
            ],
            "website": [],
            "website_domain": null,
            "website_endpoint": null
          },
          "sensitive_attributes": [],
          "private": "bnVsbA==",
          "dependencies": [
            "aws_kms_key.dev-kms"
          ]
        }
      ]
    },
    {
      "mode": "managed",
      "type": "aws_s3_bucket",
      "name": "dev-bcw-cloudfront-logs",
      "provider": "provider[\"registry.terraform.io/hashicorp/aws\"]",
      "instances": [
        {
          "schema_version": 0,
          "attributes": {
            "acceleration_status": "",
            "acl": "private",
            "arn": "arn:aws:s3:::dev-bcw-cloudfront-logs",
            "bucket": "dev-bcw-cloudfront-logs",
            "bucket_domain_name": "dev-bcw-cloudfront-logs.s3.amazonaws.com",
            "bucket_prefix": null,
            "bucket_regional_domain_name": "dev-bcw-cloudfront-logs.s3.eu-west-2.amazonaws.com",
            "cors_rule": [],
            "force_destroy": true,
            "grant": [
              {
                "id": "",
                "permissions": [
                  "FULL_CONTROL"
                ],
                "type": "Group",
                "uri": "http://acs.amazonaws.com/groups/s3/LogDelivery"
              },
              {
                "id": "7307b95aa6ac0c58ff934c1813d89bcccc87227b7d3dc1a5b109ac1545b5908f",
                "permissions": [
                  "FULL_CONTROL"
                ],
                "type": "CanonicalUser",
                "uri": ""
              }
            ],
            "hosted_zone_id": "Z3GKZC51ZF0DB4",
            "id": "dev-bcw-cloudfront-logs",
            "lifecycle_rule": [],
            "logging": [
              {
                "target_bucket": "dev-bcp-logs",
                "target_prefix": ""
              }
            ],
            "object_lock_configuration": [],
            "policy": null,
            "region": "eu-west-2",
            "replication_configuration": [],
            "request_payer": "BucketOwner",
            "server_side_encryption_configuration": [
              {
                "rule": [
                  {
                    "apply_server_side_encryption_by_default": [
                      {
                        "kms_master_key_id": "arn:aws:kms:eu-west-2:975971611990:key/e70db23b-5538-411d-a441-f694a22c56e9",
                        "sse_algorithm": "aws:kms"
                      }
                    ],
                    "bucket_key_enabled": false
                  }
                ]
              }
            ],
            "tags": {},
            "tags_all": {},
            "versioning": [
              {
                "enabled": true,
                "mfa_delete": false
              }
            ],
            "website": [],
            "website_domain": null,
            "website_endpoint": null
          },
          "sensitive_attributes": [],
          "private": "bnVsbA==",
          "dependencies": [
            "aws_kms_key.dev-kms",
            "data.aws_canonical_user_id.current_user"
          ]
        }
      ]
    },
    {
      "mode": "managed",
      "type": "aws_s3_bucket",
      "name": "dev-bcw-documents",
      "provider": "provider[\"registry.terraform.io/hashicorp/aws\"]",
      "instances": [
        {
          "schema_version": 0,
          "attributes": {
            "acceleration_status": "",
            "acl": "private",
            "arn": "arn:aws:s3:::dev-bcw-documents",
            "bucket": "dev-bcw-documents",
            "bucket_domain_name": "dev-bcw-documents.s3.amazonaws.com",
            "bucket_prefix": null,
            "bucket_regional_domain_name": "dev-bcw-documents.s3.eu-west-2.amazonaws.com",
            "cors_rule": [],
            "force_destroy": true,
            "grant": [],
            "hosted_zone_id": "Z3GKZC51ZF0DB4",
            "id": "dev-bcw-documents",
            "lifecycle_rule": [],
            "logging": [
              {
                "target_bucket": "dev-bcp-logs",
                "target_prefix": ""
              }
            ],
            "object_lock_configuration": [],
            "policy": null,
            "region": "eu-west-2",
            "replication_configuration": [],
            "request_payer": "BucketOwner",
            "server_side_encryption_configuration": [
              {
                "rule": [
                  {
                    "apply_server_side_encryption_by_default": [
                      {
                        "kms_master_key_id": "arn:aws:kms:eu-west-2:975971611990:key/e70db23b-5538-411d-a441-f694a22c56e9",
                        "sse_algorithm": "aws:kms"
                      }
                    ],
                    "bucket_key_enabled": false
                  }
                ]
              }
            ],
            "tags": {},
            "tags_all": {},
            "versioning": [
              {
                "enabled": true,
                "mfa_delete": false
              }
            ],
            "website": [],
            "website_domain": null,
            "website_endpoint": null
          },
          "sensitive_attributes": [],
          "private": "bnVsbA==",
          "dependencies": [
            "aws_kms_key.dev-kms"
          ]
        }
      ]
    },
    {
      "mode": "managed",
      "type": "aws_s3_bucket",
      "name": "dev-bcw-logs",
      "provider": "provider[\"registry.terraform.io/hashicorp/aws\"]",
      "instances": [
        {
          "schema_version": 0,
          "attributes": {
            "acceleration_status": "",
            "acl": "private",
            "arn": "arn:aws:s3:::dev-bcw-logs",
            "bucket": "dev-bcw-logs",
            "bucket_domain_name": "dev-bcw-logs.s3.amazonaws.com",
            "bucket_prefix": null,
            "bucket_regional_domain_name": "dev-bcw-logs.s3.eu-west-2.amazonaws.com",
            "cors_rule": [],
            "force_destroy": true,
            "grant": [
              {
                "id": "",
                "permissions": [
                  "FULL_CONTROL"
                ],
                "type": "Group",
                "uri": "http://acs.amazonaws.com/groups/s3/LogDelivery"
              },
              {
                "id": "7307b95aa6ac0c58ff934c1813d89bcccc87227b7d3dc1a5b109ac1545b5908f",
                "permissions": [
                  "FULL_CONTROL"
                ],
                "type": "CanonicalUser",
                "uri": ""
              }
            ],
            "hosted_zone_id": "Z3GKZC51ZF0DB4",
            "id": "dev-bcw-logs",
            "lifecycle_rule": [],
            "logging": [
              {
                "target_bucket": "dev-bcp-logs",
                "target_prefix": ""
              }
            ],
            "object_lock_configuration": [],
            "policy": null,
            "region": "eu-west-2",
            "replication_configuration": [],
            "request_payer": "BucketOwner",
            "server_side_encryption_configuration": [
              {
                "rule": [
                  {
                    "apply_server_side_encryption_by_default": [
                      {
                        "kms_master_key_id": "arn:aws:kms:eu-west-2:975971611990:key/e70db23b-5538-411d-a441-f694a22c56e9",
                        "sse_algorithm": "aws:kms"
                      }
                    ],
                    "bucket_key_enabled": false
                  }
                ]
              }
            ],
            "tags": {},
            "tags_all": {},
            "versioning": [
              {
                "enabled": true,
                "mfa_delete": false
              }
            ],
            "website": [],
            "website_domain": null,
            "website_endpoint": null
          },
          "sensitive_attributes": [],
          "private": "bnVsbA==",
          "dependencies": [
            "aws_kms_key.dev-kms",
            "data.aws_canonical_user_id.current_user"
          ]
        }
      ]
    },
    {
      "mode": "managed",
      "type": "aws_s3_bucket",
      "name": "dev-bcw-response",
      "provider": "provider[\"registry.terraform.io/hashicorp/aws\"]",
      "instances": [
        {
          "schema_version": 0,
          "attributes": {
            "acceleration_status": "",
            "acl": "private",
            "arn": "arn:aws:s3:::dev-bcw-response",
            "bucket": "dev-bcw-response",
            "bucket_domain_name": "dev-bcw-response.s3.amazonaws.com",
            "bucket_prefix": null,
            "bucket_regional_domain_name": "dev-bcw-response.s3.eu-west-2.amazonaws.com",
            "cors_rule": [],
            "force_destroy": true,
            "grant": [],
            "hosted_zone_id": "Z3GKZC51ZF0DB4",
            "id": "dev-bcw-response",
            "lifecycle_rule": [],
            "logging": [
              {
                "target_bucket": "dev-bcp-logs",
                "target_prefix": ""
              }
            ],
            "object_lock_configuration": [],
            "policy": null,
            "region": "eu-west-2",
            "replication_configuration": [],
            "request_payer": "BucketOwner",
            "server_side_encryption_configuration": [
              {
                "rule": [
                  {
                    "apply_server_side_encryption_by_default": [
                      {
                        "kms_master_key_id": "arn:aws:kms:eu-west-2:975971611990:key/e70db23b-5538-411d-a441-f694a22c56e9",
                        "sse_algorithm": "aws:kms"
                      }
                    ],
                    "bucket_key_enabled": false
                  }
                ]
              }
            ],
            "tags": {},
            "tags_all": {},
            "versioning": [
              {
                "enabled": true,
                "mfa_delete": false
              }
            ],
            "website": [],
            "website_domain": null,
            "website_endpoint": null
          },
          "sensitive_attributes": [],
          "private": "bnVsbA==",
          "dependencies": [
            "aws_kms_key.dev-kms"
          ]
        }
      ]
    },
    {
      "mode": "managed",
      "type": "aws_s3_bucket",
      "name": "dev-cffg-cloudfront-logs",
      "provider": "provider[\"registry.terraform.io/hashicorp/aws\"]",
      "instances": [
        {
          "schema_version": 0,
          "attributes": {
            "acceleration_status": "",
            "acl": "private",
            "arn": "arn:aws:s3:::dev-cffg-cloudfront-logs",
            "bucket": "dev-cffg-cloudfront-logs",
            "bucket_domain_name": "dev-cffg-cloudfront-logs.s3.amazonaws.com",
            "bucket_prefix": null,
            "bucket_regional_domain_name": "dev-cffg-cloudfront-logs.s3.eu-west-2.amazonaws.com",
            "cors_rule": [],
            "force_destroy": true,
            "grant": [
              {
                "id": "",
                "permissions": [
                  "FULL_CONTROL"
                ],
                "type": "Group",
                "uri": "http://acs.amazonaws.com/groups/s3/LogDelivery"
              },
              {
                "id": "7307b95aa6ac0c58ff934c1813d89bcccc87227b7d3dc1a5b109ac1545b5908f",
                "permissions": [
                  "FULL_CONTROL"
                ],
                "type": "CanonicalUser",
                "uri": ""
              }
            ],
            "hosted_zone_id": "Z3GKZC51ZF0DB4",
            "id": "dev-cffg-cloudfront-logs",
            "lifecycle_rule": [],
            "logging": [
              {
                "target_bucket": "dev-bcp-logs",
                "target_prefix": ""
              }
            ],
            "object_lock_configuration": [],
            "policy": null,
            "region": "eu-west-2",
            "replication_configuration": [],
            "request_payer": "BucketOwner",
            "server_side_encryption_configuration": [
              {
                "rule": [
                  {
                    "apply_server_side_encryption_by_default": [
                      {
                        "kms_master_key_id": "arn:aws:kms:eu-west-2:975971611990:key/e70db23b-5538-411d-a441-f694a22c56e9",
                        "sse_algorithm": "aws:kms"
                      }
                    ],
                    "bucket_key_enabled": false
                  }
                ]
              }
            ],
            "tags": {},
            "tags_all": {},
            "versioning": [
              {
                "enabled": true,
                "mfa_delete": false
              }
            ],
            "website": [],
            "website_domain": null,
            "website_endpoint": null
          },
          "sensitive_attributes": [],
          "private": "bnVsbA==",
          "dependencies": [
            "aws_kms_key.dev-kms",
            "data.aws_canonical_user_id.current_user"
          ]
        }
      ]
    },
    {
      "mode": "managed",
      "type": "aws_s3_bucket",
      "name": "dev-cffg-documents",
      "provider": "provider[\"registry.terraform.io/hashicorp/aws\"]",
      "instances": [
        {
          "schema_version": 0,
          "attributes": {
            "acceleration_status": "",
            "acl": "private",
            "arn": "arn:aws:s3:::dev-cffg-documents",
            "bucket": "dev-cffg-documents",
            "bucket_domain_name": "dev-cffg-documents.s3.amazonaws.com",
            "bucket_prefix": null,
            "bucket_regional_domain_name": "dev-cffg-documents.s3.eu-west-2.amazonaws.com",
            "cors_rule": [],
            "force_destroy": true,
            "grant": [],
            "hosted_zone_id": "Z3GKZC51ZF0DB4",
            "id": "dev-cffg-documents",
            "lifecycle_rule": [],
            "logging": [
              {
                "target_bucket": "dev-bcp-logs",
                "target_prefix": ""
              }
            ],
            "object_lock_configuration": [],
            "policy": null,
            "region": "eu-west-2",
            "replication_configuration": [],
            "request_payer": "BucketOwner",
            "server_side_encryption_configuration": [
              {
                "rule": [
                  {
                    "apply_server_side_encryption_by_default": [
                      {
                        "kms_master_key_id": "arn:aws:kms:eu-west-2:975971611990:key/e70db23b-5538-411d-a441-f694a22c56e9",
                        "sse_algorithm": "aws:kms"
                      }
                    ],
                    "bucket_key_enabled": false
                  }
                ]
              }
            ],
            "tags": {},
            "tags_all": {},
            "versioning": [
              {
                "enabled": true,
                "mfa_delete": false
              }
            ],
            "website": [],
            "website_domain": null,
            "website_endpoint": null
          },
          "sensitive_attributes": [],
          "private": "bnVsbA==",
          "dependencies": [
            "aws_kms_key.dev-kms"
          ]
        }
      ]
    },
    {
      "mode": "managed",
      "type": "aws_s3_bucket",
      "name": "dev-cffg-logs",
      "provider": "provider[\"registry.terraform.io/hashicorp/aws\"]",
      "instances": [
        {
          "schema_version": 0,
          "attributes": {
            "acceleration_status": "",
            "acl": "private",
            "arn": "arn:aws:s3:::dev-cffg-logs",
            "bucket": "dev-cffg-logs",
            "bucket_domain_name": "dev-cffg-logs.s3.amazonaws.com",
            "bucket_prefix": null,
            "bucket_regional_domain_name": "dev-cffg-logs.s3.eu-west-2.amazonaws.com",
            "cors_rule": [],
            "force_destroy": true,
            "grant": [
              {
                "id": "",
                "permissions": [
                  "FULL_CONTROL"
                ],
                "type": "Group",
                "uri": "http://acs.amazonaws.com/groups/s3/LogDelivery"
              },
              {
                "id": "7307b95aa6ac0c58ff934c1813d89bcccc87227b7d3dc1a5b109ac1545b5908f",
                "permissions": [
                  "FULL_CONTROL"
                ],
                "type": "CanonicalUser",
                "uri": ""
              }
            ],
            "hosted_zone_id": "Z3GKZC51ZF0DB4",
            "id": "dev-cffg-logs",
            "lifecycle_rule": [],
            "logging": [
              {
                "target_bucket": "dev-bcp-logs",
                "target_prefix": ""
              }
            ],
            "object_lock_configuration": [],
            "policy": null,
            "region": "eu-west-2",
            "replication_configuration": [],
            "request_payer": "BucketOwner",
            "server_side_encryption_configuration": [
              {
                "rule": [
                  {
                    "apply_server_side_encryption_by_default": [
                      {
                        "kms_master_key_id": "arn:aws:kms:eu-west-2:975971611990:key/e70db23b-5538-411d-a441-f694a22c56e9",
                        "sse_algorithm": "aws:kms"
                      }
                    ],
                    "bucket_key_enabled": false
                  }
                ]
              }
            ],
            "tags": {},
            "tags_all": {},
            "versioning": [
              {
                "enabled": true,
                "mfa_delete": false
              }
            ],
            "website": [],
            "website_domain": null,
            "website_endpoint": null
          },
          "sensitive_attributes": [],
          "private": "bnVsbA==",
          "dependencies": [
            "aws_kms_key.dev-kms",
            "data.aws_canonical_user_id.current_user"
          ]
        }
      ]
    },
    {
      "mode": "managed",
      "type": "aws_s3_bucket",
      "name": "dev-cffg-response",
      "provider": "provider[\"registry.terraform.io/hashicorp/aws\"]",
      "instances": [
        {
          "schema_version": 0,
          "attributes": {
            "acceleration_status": "",
            "acl": "private",
            "arn": "arn:aws:s3:::dev-cffg-response",
            "bucket": "dev-cffg-response",
            "bucket_domain_name": "dev-cffg-response.s3.amazonaws.com",
            "bucket_prefix": null,
            "bucket_regional_domain_name": "dev-cffg-response.s3.eu-west-2.amazonaws.com",
            "cors_rule": [],
            "force_destroy": true,
            "grant": [],
            "hosted_zone_id": "Z3GKZC51ZF0DB4",
            "id": "dev-cffg-response",
            "lifecycle_rule": [],
            "logging": [
              {
                "target_bucket": "dev-bcp-logs",
                "target_prefix": ""
              }
            ],
            "object_lock_configuration": [],
            "policy": null,
            "region": "eu-west-2",
            "replication_configuration": [],
            "request_payer": "BucketOwner",
            "server_side_encryption_configuration": [
              {
                "rule": [
                  {
                    "apply_server_side_encryption_by_default": [
                      {
                        "kms_master_key_id": "arn:aws:kms:eu-west-2:975971611990:key/e70db23b-5538-411d-a441-f694a22c56e9",
                        "sse_algorithm": "aws:kms"
                      }
                    ],
                    "bucket_key_enabled": false
                  }
                ]
              }
            ],
            "tags": {},
            "tags_all": {},
            "versioning": [
              {
                "enabled": true,
                "mfa_delete": false
              }
            ],
            "website": [],
            "website_domain": null,
            "website_endpoint": null
          },
          "sensitive_attributes": [],
          "private": "bnVsbA==",
          "dependencies": [
            "aws_kms_key.dev-kms"
          ]
        }
      ]
    },
    {
      "mode": "managed",
      "type": "aws_s3_bucket_policy",
      "name": "dev-public-read",
      "provider": "provider[\"registry.terraform.io/hashicorp/aws\"]",
      "instances": [
        {
          "schema_version": 0,
          "attributes": {
            "bucket": "dev-bcp-maintenance",
            "id": "dev-bcp-maintenance",
            "policy": "{\"Version\":\"2012-10-17\",\"Statement\":[{\"Sid\":\"PublicReadGetObject\",\"Effect\":\"Allow\",\"Principal\":\"*\",\"Action\":\"s3:GetObject\",\"Resource\":[\"arn:aws:s3:::dev-bcp-maintenance\",\"arn:aws:s3:::dev-bcp-maintenance/*\"]}]}"
          },
          "sensitive_attributes": [],
          "private": "bnVsbA==",
          "dependencies": [
            "aws_s3_bucket.dev-bcp-maintenance"
          ]
        }
      ]
    },
    {
      "mode": "managed",
      "type": "aws_s3_bucket_policy",
      "name": "s3-dec-cffg-response-policy",
      "provider": "provider[\"registry.terraform.io/hashicorp/aws\"]",
      "instances": [
        {
          "schema_version": 0,
          "attributes": {
            "bucket": "dev-cffg-response",
            "id": "dev-cffg-response",
            "policy": "{\"Version\":\"2012-10-17\",\"Id\":\"Policy\",\"Statement\":[{\"Sid\":\"\",\"Effect\":\"Allow\",\"Principal\":{\"AWS\":\"arn:aws:iam::975971611990:user/S3USER\"},\"Action\":\"s3:ListBucket\",\"Resource\":\"arn:aws:s3:::dev-cffg-response\"},{\"Sid\":\"\",\"Effect\":\"Allow\",\"Principal\":{\"AWS\":\"arn:aws:iam::975971611990:user/S3USER\"},\"Action\":[\"s3:DeleteObject\",\"s3:GetObject\",\"s3:PutObject\"],\"Resource\":\"arn:aws:s3:::dev-cffg-response/*\"}]}"
          },
          "sensitive_attributes": [],
          "private": "bnVsbA==",
          "dependencies": [
            "aws_kms_key.dev-kms",
            "aws_s3_bucket.dev-cffg-response"
          ]
        }
      ]
    },
    {
      "mode": "managed",
      "type": "aws_s3_bucket_policy",
      "name": "s3-dev-bce-documents-policy",
      "provider": "provider[\"registry.terraform.io/hashicorp/aws\"]",
      "instances": [
        {
          "schema_version": 0,
          "attributes": {
            "bucket": "dev-bce-documents",
            "id": "dev-bce-documents",
            "policy": "{\"Version\":\"2012-10-17\",\"Id\":\"Policy\",\"Statement\":[{\"Sid\":\"\",\"Effect\":\"Allow\",\"Principal\":{\"AWS\":\"arn:aws:iam::975971611990:user/S3USER\"},\"Action\":\"s3:ListBucket\",\"Resource\":\"arn:aws:s3:::dev-bce-documents\"},{\"Sid\":\"\",\"Effect\":\"Allow\",\"Principal\":{\"AWS\":\"arn:aws:iam::975971611990:user/S3USER\"},\"Action\":[\"s3:DeleteObject\",\"s3:GetObject\",\"s3:PutObject\"],\"Resource\":\"arn:aws:s3:::dev-bce-documents/*\"}]}"
          },
          "sensitive_attributes": [],
          "private": "bnVsbA==",
          "dependencies": [
            "aws_kms_key.dev-kms",
            "aws_s3_bucket.dev-bce-documents"
          ]
        }
      ]
    },
    {
      "mode": "managed",
      "type": "aws_s3_bucket_policy",
      "name": "s3-dev-bce-policy",
      "provider": "provider[\"registry.terraform.io/hashicorp/aws\"]",
      "instances": [
        {
          "schema_version": 0,
          "attributes": {
            "bucket": "dev-bce-logs",
            "id": "dev-bce-logs",
            "policy": "{\"Version\":\"2012-10-17\",\"Id\":\"Policy\",\"Statement\":[{\"Effect\":\"Allow\",\"Principal\":{\"AWS\":\"arn:aws:iam::652711504416:root\"},\"Action\":\"s3:PutObject\",\"Resource\":\"arn:aws:s3:::dev-bce-logs/devbce/AWSLogs/975971611990/*\"},{\"Effect\":\"Allow\",\"Principal\":{\"Service\":\"delivery.logs.amazonaws.com\"},\"Action\":\"s3:PutObject\",\"Resource\":\"arn:aws:s3:::dev-bce-logs/devbce/AWSLogs/975971611990/*\",\"Condition\":{\"StringEquals\":{\"s3:x-amz-acl\":\"bucket-owner-full-control\"}}},{\"Effect\":\"Allow\",\"Principal\":{\"Service\":\"delivery.logs.amazonaws.com\"},\"Action\":\"s3:GetBucketAcl\",\"Resource\":\"arn:aws:s3:::dev-bce-logs\"}]}"
          },
          "sensitive_attributes": [],
          "private": "bnVsbA==",
          "dependencies": [
            "aws_kms_key.dev-kms",
            "aws_s3_bucket.dev-bce-logs",
            "data.aws_caller_identity.current",
            "data.aws_canonical_user_id.current_user",
            "data.aws_elb_service_account.main"
          ]
        }
      ]
    },
    {
      "mode": "managed",
      "type": "aws_s3_bucket_policy",
      "name": "s3-dev-bce-response-policy",
      "provider": "provider[\"registry.terraform.io/hashicorp/aws\"]",
      "instances": [
        {
          "schema_version": 0,
          "attributes": {
            "bucket": "dev-bce-response",
            "id": "dev-bce-response",
            "policy": "{\"Version\":\"2012-10-17\",\"Id\":\"Policy\",\"Statement\":[{\"Sid\":\"\",\"Effect\":\"Allow\",\"Principal\":{\"AWS\":\"arn:aws:iam::975971611990:user/S3USER\"},\"Action\":\"s3:ListBucket\",\"Resource\":\"arn:aws:s3:::dev-bce-response\"},{\"Sid\":\"\",\"Effect\":\"Allow\",\"Principal\":{\"AWS\":\"arn:aws:iam::975971611990:user/S3USER\"},\"Action\":[\"s3:DeleteObject\",\"s3:GetObject\",\"s3:PutObject\"],\"Resource\":\"arn:aws:s3:::dev-bce-response/*\"}]}"
          },
          "sensitive_attributes": [],
          "private": "bnVsbA==",
          "dependencies": [
            "aws_kms_key.dev-kms",
            "aws_s3_bucket.dev-bce-response"
          ]
        }
      ]
    },
    {
      "mode": "managed",
      "type": "aws_s3_bucket_policy",
      "name": "s3-dev-bcs-documents-policy",
      "provider": "provider[\"registry.terraform.io/hashicorp/aws\"]",
      "instances": [
        {
          "schema_version": 0,
          "attributes": {
            "bucket": "dev-bcs-documents",
            "id": "dev-bcs-documents",
            "policy": "{\"Version\":\"2012-10-17\",\"Id\":\"Policy\",\"Statement\":[{\"Sid\":\"\",\"Effect\":\"Allow\",\"Principal\":{\"AWS\":\"arn:aws:iam::975971611990:user/S3USER\"},\"Action\":\"s3:ListBucket\",\"Resource\":\"arn:aws:s3:::dev-bcs-documents\"},{\"Sid\":\"\",\"Effect\":\"Allow\",\"Principal\":{\"AWS\":\"arn:aws:iam::975971611990:user/S3USER\"},\"Action\":[\"s3:DeleteObject\",\"s3:GetObject\",\"s3:PutObject\"],\"Resource\":\"arn:aws:s3:::dev-bcs-documents/*\"}]}"
          },
          "sensitive_attributes": [],
          "private": "bnVsbA==",
          "dependencies": [
            "aws_kms_key.dev-kms",
            "aws_s3_bucket.dev-bcs-documents"
          ]
        }
      ]
    },
    {
      "mode": "managed",
      "type": "aws_s3_bucket_policy",
      "name": "s3-dev-bcs-policy",
      "provider": "provider[\"registry.terraform.io/hashicorp/aws\"]",
      "instances": [
        {
          "schema_version": 0,
          "attributes": {
            "bucket": "dev-bcs-logs",
            "id": "dev-bcs-logs",
            "policy": "{\"Version\":\"2012-10-17\",\"Id\":\"Policy\",\"Statement\":[{\"Effect\":\"Allow\",\"Principal\":{\"AWS\":\"arn:aws:iam::652711504416:root\"},\"Action\":\"s3:PutObject\",\"Resource\":\"arn:aws:s3:::dev-bcs-logs/devbcs/AWSLogs/975971611990/*\"},{\"Effect\":\"Allow\",\"Principal\":{\"Service\":\"delivery.logs.amazonaws.com\"},\"Action\":\"s3:PutObject\",\"Resource\":\"arn:aws:s3:::dev-bcs-logs/devbcs/AWSLogs/975971611990/*\",\"Condition\":{\"StringEquals\":{\"s3:x-amz-acl\":\"bucket-owner-full-control\"}}},{\"Effect\":\"Allow\",\"Principal\":{\"Service\":\"delivery.logs.amazonaws.com\"},\"Action\":\"s3:GetBucketAcl\",\"Resource\":\"arn:aws:s3:::dev-bcs-logs\"}]}"
          },
          "sensitive_attributes": [],
          "private": "bnVsbA==",
          "dependencies": [
            "aws_kms_key.dev-kms",
            "aws_s3_bucket.dev-bcs-logs",
            "data.aws_caller_identity.current",
            "data.aws_canonical_user_id.current_user",
            "data.aws_elb_service_account.main"
          ]
        }
      ]
    },
    {
      "mode": "managed",
      "type": "aws_s3_bucket_policy",
      "name": "s3-dev-bcs-response-policy",
      "provider": "provider[\"registry.terraform.io/hashicorp/aws\"]",
      "instances": [
        {
          "schema_version": 0,
          "attributes": {
            "bucket": "dev-bcs-response",
            "id": "dev-bcs-response",
            "policy": "{\"Version\":\"2012-10-17\",\"Id\":\"Policy\",\"Statement\":[{\"Sid\":\"\",\"Effect\":\"Allow\",\"Principal\":{\"AWS\":\"arn:aws:iam::975971611990:user/S3USER\"},\"Action\":\"s3:ListBucket\",\"Resource\":\"arn:aws:s3:::dev-bcs-response\"},{\"Sid\":\"\",\"Effect\":\"Allow\",\"Principal\":{\"AWS\":\"arn:aws:iam::975971611990:user/S3USER\"},\"Action\":[\"s3:DeleteObject\",\"s3:GetObject\",\"s3:PutObject\"],\"Resource\":\"arn:aws:s3:::dev-bcs-response/*\"}]}"
          },
          "sensitive_attributes": [],
          "private": "bnVsbA==",
          "dependencies": [
            "aws_kms_key.dev-kms",
            "aws_s3_bucket.dev-bcs-response"
          ]
        }
      ]
    },
    {
      "mode": "managed",
      "type": "aws_s3_bucket_policy",
      "name": "s3-dev-bcw-documents-policy",
      "provider": "provider[\"registry.terraform.io/hashicorp/aws\"]",
      "instances": [
        {
          "schema_version": 0,
          "attributes": {
            "bucket": "dev-bcw-documents",
            "id": "dev-bcw-documents",
            "policy": "{\"Version\":\"2012-10-17\",\"Id\":\"Policy\",\"Statement\":[{\"Sid\":\"\",\"Effect\":\"Allow\",\"Principal\":{\"AWS\":\"arn:aws:iam::975971611990:user/S3USER\"},\"Action\":\"s3:ListBucket\",\"Resource\":\"arn:aws:s3:::dev-bcw-documents\"},{\"Sid\":\"\",\"Effect\":\"Allow\",\"Principal\":{\"AWS\":\"arn:aws:iam::975971611990:user/S3USER\"},\"Action\":[\"s3:DeleteObject\",\"s3:GetObject\",\"s3:PutObject\"],\"Resource\":\"arn:aws:s3:::dev-bcw-documents/*\"}]}"
          },
          "sensitive_attributes": [],
          "private": "bnVsbA==",
          "dependencies": [
            "aws_kms_key.dev-kms",
            "aws_s3_bucket.dev-bcw-documents"
          ]
        }
      ]
    },
    {
      "mode": "managed",
      "type": "aws_s3_bucket_policy",
      "name": "s3-dev-bcw-policy",
      "provider": "provider[\"registry.terraform.io/hashicorp/aws\"]",
      "instances": [
        {
          "schema_version": 0,
          "attributes": {
            "bucket": "dev-bcw-logs",
            "id": "dev-bcw-logs",
            "policy": "{\"Version\":\"2012-10-17\",\"Id\":\"Policy\",\"Statement\":[{\"Effect\":\"Allow\",\"Principal\":{\"AWS\":\"arn:aws:iam::652711504416:root\"},\"Action\":\"s3:PutObject\",\"Resource\":\"arn:aws:s3:::dev-bcw-logs/devbcw/AWSLogs/975971611990/*\"},{\"Effect\":\"Allow\",\"Principal\":{\"Service\":\"delivery.logs.amazonaws.com\"},\"Action\":\"s3:PutObject\",\"Resource\":\"arn:aws:s3:::dev-bcw-logs/devbcw/AWSLogs/975971611990/*\",\"Condition\":{\"StringEquals\":{\"s3:x-amz-acl\":\"bucket-owner-full-control\"}}},{\"Effect\":\"Allow\",\"Principal\":{\"Service\":\"delivery.logs.amazonaws.com\"},\"Action\":\"s3:GetBucketAcl\",\"Resource\":\"arn:aws:s3:::dev-bcw-logs\"}]}"
          },
          "sensitive_attributes": [],
          "private": "bnVsbA==",
          "dependencies": [
            "aws_kms_key.dev-kms",
            "aws_s3_bucket.dev-bcw-logs",
            "data.aws_caller_identity.current",
            "data.aws_canonical_user_id.current_user",
            "data.aws_elb_service_account.main"
          ]
        }
      ]
    },
    {
      "mode": "managed",
      "type": "aws_s3_bucket_policy",
      "name": "s3-dev-bcw-response-policy",
      "provider": "provider[\"registry.terraform.io/hashicorp/aws\"]",
      "instances": [
        {
          "schema_version": 0,
          "attributes": {
            "bucket": "dev-bcw-response",
            "id": "dev-bcw-response",
            "policy": "{\"Version\":\"2012-10-17\",\"Id\":\"Policy\",\"Statement\":[{\"Sid\":\"\",\"Effect\":\"Allow\",\"Principal\":{\"AWS\":\"arn:aws:iam::975971611990:user/S3USER\"},\"Action\":\"s3:ListBucket\",\"Resource\":\"arn:aws:s3:::dev-bcw-response\"},{\"Sid\":\"\",\"Effect\":\"Allow\",\"Principal\":{\"AWS\":\"arn:aws:iam::975971611990:user/S3USER\"},\"Action\":[\"s3:DeleteObject\",\"s3:GetObject\",\"s3:PutObject\"],\"Resource\":\"arn:aws:s3:::dev-bcw-response/*\"}]}"
          },
          "sensitive_attributes": [],
          "private": "bnVsbA==",
          "dependencies": [
            "aws_kms_key.dev-kms",
            "aws_s3_bucket.dev-bcw-response"
          ]
        }
      ]
    },
    {
      "mode": "managed",
      "type": "aws_s3_bucket_policy",
      "name": "s3-dev-cffg-documents-policy",
      "provider": "provider[\"registry.terraform.io/hashicorp/aws\"]",
      "instances": [
        {
          "schema_version": 0,
          "attributes": {
            "bucket": "dev-cffg-documents",
            "id": "dev-cffg-documents",
            "policy": "{\"Version\":\"2012-10-17\",\"Id\":\"Policy\",\"Statement\":[{\"Sid\":\"\",\"Effect\":\"Allow\",\"Principal\":{\"AWS\":\"arn:aws:iam::975971611990:user/S3USER\"},\"Action\":\"s3:ListBucket\",\"Resource\":\"arn:aws:s3:::dev-cffg-documents\"},{\"Sid\":\"\",\"Effect\":\"Allow\",\"Principal\":{\"AWS\":\"arn:aws:iam::975971611990:user/S3USER\"},\"Action\":[\"s3:DeleteObject\",\"s3:GetObject\",\"s3:PutObject\"],\"Resource\":\"arn:aws:s3:::dev-cffg-documents/*\"}]}"
          },
          "sensitive_attributes": [],
          "private": "bnVsbA==",
          "dependencies": [
            "aws_kms_key.dev-kms",
            "aws_s3_bucket.dev-cffg-documents"
          ]
        }
      ]
    },
    {
      "mode": "managed",
      "type": "aws_s3_bucket_policy",
      "name": "s3-dev-cffg-policy",
      "provider": "provider[\"registry.terraform.io/hashicorp/aws\"]",
      "instances": [
        {
          "schema_version": 0,
          "attributes": {
            "bucket": "dev-cffg-logs",
            "id": "dev-cffg-logs",
            "policy": "{\"Version\":\"2012-10-17\",\"Id\":\"Policy\",\"Statement\":[{\"Effect\":\"Allow\",\"Principal\":{\"AWS\":\"arn:aws:iam::652711504416:root\"},\"Action\":\"s3:PutObject\",\"Resource\":\"arn:aws:s3:::dev-cffg-logs/devcffg/AWSLogs/975971611990/*\"},{\"Effect\":\"Allow\",\"Principal\":{\"Service\":\"delivery.logs.amazonaws.com\"},\"Action\":\"s3:PutObject\",\"Resource\":\"arn:aws:s3:::dev-cffg-logs/devcffg/AWSLogs/975971611990/*\",\"Condition\":{\"StringEquals\":{\"s3:x-amz-acl\":\"bucket-owner-full-control\"}}},{\"Effect\":\"Allow\",\"Principal\":{\"Service\":\"delivery.logs.amazonaws.com\"},\"Action\":\"s3:GetBucketAcl\",\"Resource\":\"arn:aws:s3:::dev-cffg-logs\"}]}"
          },
          "sensitive_attributes": [],
          "private": "bnVsbA==",
          "dependencies": [
            "aws_kms_key.dev-kms",
            "aws_s3_bucket.dev-cffg-logs",
            "data.aws_caller_identity.current",
            "data.aws_canonical_user_id.current_user",
            "data.aws_elb_service_account.main"
          ]
        }
      ]
    },
    {
      "mode": "managed",
      "type": "aws_s3_bucket_public_access_block",
      "name": "bcp-dev-cloudtrail",
      "provider": "provider[\"registry.terraform.io/hashicorp/aws\"]",
      "instances": [
        {
          "schema_version": 0,
          "attributes": {
            "block_public_acls": true,
            "block_public_policy": true,
            "bucket": "bcp-dev-cloudtrail",
            "id": "bcp-dev-cloudtrail",
            "ignore_public_acls": true,
            "restrict_public_buckets": true
          },
          "sensitive_attributes": [],
          "private": "bnVsbA==",
          "dependencies": [
            "aws_kms_key.dev-kms",
            "aws_s3_bucket.bcp-dev-cloudtrail",
            "data.aws_caller_identity.current1"
          ]
        }
      ]
    },
    {
      "mode": "managed",
      "type": "aws_s3_bucket_public_access_block",
      "name": "dev-bce-cloudfront-logs",
      "provider": "provider[\"registry.terraform.io/hashicorp/aws\"]",
      "instances": [
        {
          "schema_version": 0,
          "attributes": {
            "block_public_acls": true,
            "block_public_policy": true,
            "bucket": "dev-bce-cloudfront-logs",
            "id": "dev-bce-cloudfront-logs",
            "ignore_public_acls": true,
            "restrict_public_buckets": true
          },
          "sensitive_attributes": [],
          "private": "bnVsbA==",
          "dependencies": [
            "aws_kms_key.dev-kms",
            "aws_s3_bucket.dev-bce-cloudfront-logs",
            "data.aws_canonical_user_id.current_user"
          ]
        }
      ]
    },
    {
      "mode": "managed",
      "type": "aws_s3_bucket_public_access_block",
      "name": "dev-bce-documents",
      "provider": "provider[\"registry.terraform.io/hashicorp/aws\"]",
      "instances": [
        {
          "schema_version": 0,
          "attributes": {
            "block_public_acls": true,
            "block_public_policy": true,
            "bucket": "dev-bce-documents",
            "id": "dev-bce-documents",
            "ignore_public_acls": true,
            "restrict_public_buckets": true
          },
          "sensitive_attributes": [],
          "private": "bnVsbA==",
          "dependencies": [
            "aws_kms_key.dev-kms",
            "aws_s3_bucket.dev-bce-documents"
          ]
        }
      ]
    },
    {
      "mode": "managed",
      "type": "aws_s3_bucket_public_access_block",
      "name": "dev-bce-logs",
      "provider": "provider[\"registry.terraform.io/hashicorp/aws\"]",
      "instances": [
        {
          "schema_version": 0,
          "attributes": {
            "block_public_acls": true,
            "block_public_policy": true,
            "bucket": "dev-bce-logs",
            "id": "dev-bce-logs",
            "ignore_public_acls": true,
            "restrict_public_buckets": true
          },
          "sensitive_attributes": [],
          "private": "bnVsbA==",
          "dependencies": [
            "aws_kms_key.dev-kms",
            "aws_s3_bucket.dev-bce-logs",
            "data.aws_canonical_user_id.current_user"
          ]
        }
      ]
    },
    {
      "mode": "managed",
      "type": "aws_s3_bucket_public_access_block",
      "name": "dev-bce-response",
      "provider": "provider[\"registry.terraform.io/hashicorp/aws\"]",
      "instances": [
        {
          "schema_version": 0,
          "attributes": {
            "block_public_acls": true,
            "block_public_policy": true,
            "bucket": "dev-bce-response",
            "id": "dev-bce-response",
            "ignore_public_acls": true,
            "restrict_public_buckets": true
          },
          "sensitive_attributes": [],
          "private": "bnVsbA==",
          "dependencies": [
            "aws_kms_key.dev-kms",
            "aws_s3_bucket.dev-bce-response"
          ]
        }
      ]
    },
    {
      "mode": "managed",
      "type": "aws_s3_bucket_public_access_block",
      "name": "dev-bce-test",
      "provider": "provider[\"registry.terraform.io/hashicorp/aws\"]",
      "instances": [
        {
          "schema_version": 0,
          "attributes": {
            "block_public_acls": true,
            "block_public_policy": true,
            "bucket": "dev-bce-test",
            "id": "dev-bce-test",
            "ignore_public_acls": true,
            "restrict_public_buckets": true
          },
          "sensitive_attributes": [],
          "private": "bnVsbA==",
          "dependencies": [
            "aws_kms_key.dev-kms",
            "aws_s3_bucket.dev-bce-test"
          ]
        }
      ]
    },
    {
      "mode": "managed",
      "type": "aws_s3_bucket_public_access_block",
      "name": "dev-bcp-cloudwatch",
      "provider": "provider[\"registry.terraform.io/hashicorp/aws\"]",
      "instances": [
        {
          "schema_version": 0,
          "attributes": {
            "block_public_acls": true,
            "block_public_policy": true,
            "bucket": "dev-bcp-cloudwatch",
            "id": "dev-bcp-cloudwatch",
            "ignore_public_acls": true,
            "restrict_public_buckets": true
          },
          "sensitive_attributes": [],
          "private": "bnVsbA==",
          "dependencies": [
            "aws_kms_key.dev-kms",
            "aws_s3_bucket.dev-bcp-cloudwatch"
          ]
        }
      ]
    },
    {
      "mode": "managed",
      "type": "aws_s3_bucket_public_access_block",
      "name": "dev-bcp-logs",
      "provider": "provider[\"registry.terraform.io/hashicorp/aws\"]",
      "instances": [
        {
          "schema_version": 0,
          "attributes": {
            "block_public_acls": true,
            "block_public_policy": true,
            "bucket": "dev-bcp-logs",
            "id": "dev-bcp-logs",
            "ignore_public_acls": true,
            "restrict_public_buckets": true
          },
          "sensitive_attributes": [],
          "private": "bnVsbA==",
          "dependencies": [
            "aws_kms_key.dev-kms",
            "aws_s3_bucket.dev-bcp-logs",
            "data.aws_canonical_user_id.current_user"
          ]
        }
      ]
    },
    {
      "mode": "managed",
      "type": "aws_s3_bucket_public_access_block",
      "name": "dev-bcs-cloudfront-logs",
      "provider": "provider[\"registry.terraform.io/hashicorp/aws\"]",
      "instances": [
        {
          "schema_version": 0,
          "attributes": {
            "block_public_acls": true,
            "block_public_policy": true,
            "bucket": "dev-bcs-cloudfront-logs",
            "id": "dev-bcs-cloudfront-logs",
            "ignore_public_acls": true,
            "restrict_public_buckets": true
          },
          "sensitive_attributes": [],
          "private": "bnVsbA==",
          "dependencies": [
            "aws_kms_key.dev-kms",
            "aws_s3_bucket.dev-bcs-cloudfront-logs",
            "data.aws_canonical_user_id.current_user"
          ]
        }
      ]
    },
    {
      "mode": "managed",
      "type": "aws_s3_bucket_public_access_block",
      "name": "dev-bcs-documents",
      "provider": "provider[\"registry.terraform.io/hashicorp/aws\"]",
      "instances": [
        {
          "schema_version": 0,
          "attributes": {
            "block_public_acls": true,
            "block_public_policy": true,
            "bucket": "dev-bcs-documents",
            "id": "dev-bcs-documents",
            "ignore_public_acls": true,
            "restrict_public_buckets": true
          },
          "sensitive_attributes": [],
          "private": "bnVsbA==",
          "dependencies": [
            "aws_kms_key.dev-kms",
            "aws_s3_bucket.dev-bcs-documents"
          ]
        }
      ]
    },
    {
      "mode": "managed",
      "type": "aws_s3_bucket_public_access_block",
      "name": "dev-bcs-logs",
      "provider": "provider[\"registry.terraform.io/hashicorp/aws\"]",
      "instances": [
        {
          "schema_version": 0,
          "attributes": {
            "block_public_acls": true,
            "block_public_policy": true,
            "bucket": "dev-bcs-logs",
            "id": "dev-bcs-logs",
            "ignore_public_acls": true,
            "restrict_public_buckets": true
          },
          "sensitive_attributes": [],
          "private": "bnVsbA==",
          "dependencies": [
            "aws_kms_key.dev-kms",
            "aws_s3_bucket.dev-bcs-logs",
            "data.aws_canonical_user_id.current_user"
          ]
        }
      ]
    },
    {
      "mode": "managed",
      "type": "aws_s3_bucket_public_access_block",
      "name": "dev-bcs-response",
      "provider": "provider[\"registry.terraform.io/hashicorp/aws\"]",
      "instances": [
        {
          "schema_version": 0,
          "attributes": {
            "block_public_acls": true,
            "block_public_policy": true,
            "bucket": "dev-bcs-response",
            "id": "dev-bcs-response",
            "ignore_public_acls": true,
            "restrict_public_buckets": true
          },
          "sensitive_attributes": [],
          "private": "bnVsbA==",
          "dependencies": [
            "aws_kms_key.dev-kms",
            "aws_s3_bucket.dev-bcs-response"
          ]
        }
      ]
    },
    {
      "mode": "managed",
      "type": "aws_s3_bucket_public_access_block",
      "name": "dev-bcw-cloudfront-logs",
      "provider": "provider[\"registry.terraform.io/hashicorp/aws\"]",
      "instances": [
        {
          "schema_version": 0,
          "attributes": {
            "block_public_acls": true,
            "block_public_policy": true,
            "bucket": "dev-bcw-cloudfront-logs",
            "id": "dev-bcw-cloudfront-logs",
            "ignore_public_acls": true,
            "restrict_public_buckets": true
          },
          "sensitive_attributes": [],
          "private": "bnVsbA==",
          "dependencies": [
            "aws_kms_key.dev-kms",
            "aws_s3_bucket.dev-bcw-cloudfront-logs",
            "data.aws_canonical_user_id.current_user"
          ]
        }
      ]
    },
    {
      "mode": "managed",
      "type": "aws_s3_bucket_public_access_block",
      "name": "dev-bcw-documents",
      "provider": "provider[\"registry.terraform.io/hashicorp/aws\"]",
      "instances": [
        {
          "schema_version": 0,
          "attributes": {
            "block_public_acls": true,
            "block_public_policy": true,
            "bucket": "dev-bcw-documents",
            "id": "dev-bcw-documents",
            "ignore_public_acls": true,
            "restrict_public_buckets": true
          },
          "sensitive_attributes": [],
          "private": "bnVsbA==",
          "dependencies": [
            "aws_kms_key.dev-kms",
            "aws_s3_bucket.dev-bcw-documents"
          ]
        }
      ]
    },
    {
      "mode": "managed",
      "type": "aws_s3_bucket_public_access_block",
      "name": "dev-bcw-logs",
      "provider": "provider[\"registry.terraform.io/hashicorp/aws\"]",
      "instances": [
        {
          "schema_version": 0,
          "attributes": {
            "block_public_acls": true,
            "block_public_policy": true,
            "bucket": "dev-bcw-logs",
            "id": "dev-bcw-logs",
            "ignore_public_acls": true,
            "restrict_public_buckets": true
          },
          "sensitive_attributes": [],
          "private": "bnVsbA==",
          "dependencies": [
            "aws_kms_key.dev-kms",
            "aws_s3_bucket.dev-bcw-logs",
            "data.aws_canonical_user_id.current_user"
          ]
        }
      ]
    },
    {
      "mode": "managed",
      "type": "aws_s3_bucket_public_access_block",
      "name": "dev-bcw-response",
      "provider": "provider[\"registry.terraform.io/hashicorp/aws\"]",
      "instances": [
        {
          "schema_version": 0,
          "attributes": {
            "block_public_acls": true,
            "block_public_policy": true,
            "bucket": "dev-bcw-response",
            "id": "dev-bcw-response",
            "ignore_public_acls": true,
            "restrict_public_buckets": true
          },
          "sensitive_attributes": [],
          "private": "bnVsbA==",
          "dependencies": [
            "aws_kms_key.dev-kms",
            "aws_s3_bucket.dev-bcw-response"
          ]
        }
      ]
    },
    {
      "mode": "managed",
      "type": "aws_s3_bucket_public_access_block",
      "name": "dev-cffg-cloudfront-logs",
      "provider": "provider[\"registry.terraform.io/hashicorp/aws\"]",
      "instances": [
        {
          "schema_version": 0,
          "attributes": {
            "block_public_acls": true,
            "block_public_policy": true,
            "bucket": "dev-cffg-cloudfront-logs",
            "id": "dev-cffg-cloudfront-logs",
            "ignore_public_acls": true,
            "restrict_public_buckets": true
          },
          "sensitive_attributes": [],
          "private": "bnVsbA==",
          "dependencies": [
            "aws_kms_key.dev-kms",
            "aws_s3_bucket.dev-cffg-cloudfront-logs",
            "data.aws_canonical_user_id.current_user"
          ]
        }
      ]
    },
    {
      "mode": "managed",
      "type": "aws_s3_bucket_public_access_block",
      "name": "dev-cffg-documents",
      "provider": "provider[\"registry.terraform.io/hashicorp/aws\"]",
      "instances": [
        {
          "schema_version": 0,
          "attributes": {
            "block_public_acls": true,
            "block_public_policy": true,
            "bucket": "dev-cffg-documents",
            "id": "dev-cffg-documents",
            "ignore_public_acls": true,
            "restrict_public_buckets": true
          },
          "sensitive_attributes": [],
          "private": "bnVsbA==",
          "dependencies": [
            "aws_kms_key.dev-kms",
            "aws_s3_bucket.dev-cffg-documents"
          ]
        }
      ]
    },
    {
      "mode": "managed",
      "type": "aws_s3_bucket_public_access_block",
      "name": "dev-cffg-logs",
      "provider": "provider[\"registry.terraform.io/hashicorp/aws\"]",
      "instances": [
        {
          "schema_version": 0,
          "attributes": {
            "block_public_acls": true,
            "block_public_policy": true,
            "bucket": "dev-cffg-logs",
            "id": "dev-cffg-logs",
            "ignore_public_acls": true,
            "restrict_public_buckets": true
          },
          "sensitive_attributes": [],
          "private": "bnVsbA==",
          "dependencies": [
            "aws_kms_key.dev-kms",
            "aws_s3_bucket.dev-cffg-logs",
            "data.aws_canonical_user_id.current_user"
          ]
        }
      ]
    },
    {
      "mode": "managed",
      "type": "aws_s3_bucket_public_access_block",
      "name": "dev-cffg-response",
      "provider": "provider[\"registry.terraform.io/hashicorp/aws\"]",
      "instances": [
        {
          "schema_version": 0,
          "attributes": {
            "block_public_acls": true,
            "block_public_policy": true,
            "bucket": "dev-cffg-response",
            "id": "dev-cffg-response",
            "ignore_public_acls": true,
            "restrict_public_buckets": true
          },
          "sensitive_attributes": [],
          "private": "bnVsbA==",
          "dependencies": [
            "aws_kms_key.dev-kms",
            "aws_s3_bucket.dev-cffg-response"
          ]
        }
      ]
    },
    {
      "mode": "managed",
      "type": "aws_security_group",
      "name": "DEV-BCE-EXTALB-SG",
      "provider": "provider[\"registry.terraform.io/hashicorp/aws\"]",
      "instances": [
        {
          "schema_version": 1,
          "attributes": {
            "arn": "arn:aws:ec2:eu-west-2:975971611990:security-group/sg-01cbe5a119b4fdcab",
            "description": "Security group for the dev BCE external application load balancer",
            "egress": [
              {
                "cidr_blocks": [
                  "0.0.0.0/0"
                ],
                "description": "",
                "from_port": 0,
                "ipv6_cidr_blocks": [],
                "prefix_list_ids": [],
                "protocol": "-1",
                "security_groups": [],
                "self": false,
                "to_port": 0
              }
            ],
            "id": "sg-01cbe5a119b4fdcab",
            "ingress": [
              {
                "cidr_blocks": [
                  "0.0.0.0/0"
                ],
                "description": "",
                "from_port": 443,
                "ipv6_cidr_blocks": [],
                "prefix_list_ids": [],
                "protocol": "tcp",
                "security_groups": [],
                "self": false,
                "to_port": 443
              },
              {
                "cidr_blocks": [
                  "0.0.0.0/0"
                ],
                "description": "",
                "from_port": 80,
                "ipv6_cidr_blocks": [],
                "prefix_list_ids": [],
                "protocol": "tcp",
                "security_groups": [],
                "self": false,
                "to_port": 80
              },
              {
                "cidr_blocks": [
                  "92.54.181.130/32",
                  "10.0.0.0/16"
                ],
                "description": "",
                "from_port": 8080,
                "ipv6_cidr_blocks": [],
                "prefix_list_ids": [],
                "protocol": "tcp",
                "security_groups": [],
                "self": false,
                "to_port": 8080
              }
            ],
            "name": "DEV-BCE-EXTALB-SG",
            "name_prefix": "",
            "owner_id": "975971611990",
            "revoke_rules_on_delete": false,
            "tags": {
              "Name": "DEV BCE External ALB security Group"
            },
            "tags_all": {
              "Name": "DEV BCE External ALB security Group"
            },
            "timeouts": null,
            "vpc_id": "vpc-09d56518e2d4026fc"
          },
          "sensitive_attributes": [],
          "private": "eyJlMmJmYjczMC1lY2FhLTExZTYtOGY4OC0zNDM2M2JjN2M0YzAiOnsiY3JlYXRlIjo2MDAwMDAwMDAwMDAsImRlbGV0ZSI6NjAwMDAwMDAwMDAwfSwic2NoZW1hX3ZlcnNpb24iOiIxIn0=",
          "dependencies": [
            "aws_vpc.dev-default"
          ],
          "create_before_destroy": true
        }
      ]
    },
    {
      "mode": "managed",
      "type": "aws_security_group",
      "name": "DEV-BCS-EXTALB-SG",
      "provider": "provider[\"registry.terraform.io/hashicorp/aws\"]",
      "instances": [
        {
          "schema_version": 1,
          "attributes": {
            "arn": "arn:aws:ec2:eu-west-2:975971611990:security-group/sg-06da26103b9c67052",
            "description": "Security group for the dev BCS external application load balancer",
            "egress": [
              {
                "cidr_blocks": [
                  "0.0.0.0/0"
                ],
                "description": "",
                "from_port": 0,
                "ipv6_cidr_blocks": [],
                "prefix_list_ids": [],
                "protocol": "-1",
                "security_groups": [],
                "self": false,
                "to_port": 0
              }
            ],
            "id": "sg-06da26103b9c67052",
            "ingress": [
              {
                "cidr_blocks": [
                  "0.0.0.0/0"
                ],
                "description": "",
                "from_port": 443,
                "ipv6_cidr_blocks": [],
                "prefix_list_ids": [],
                "protocol": "tcp",
                "security_groups": [],
                "self": false,
                "to_port": 443
              },
              {
                "cidr_blocks": [
                  "0.0.0.0/0"
                ],
                "description": "",
                "from_port": 80,
                "ipv6_cidr_blocks": [],
                "prefix_list_ids": [],
                "protocol": "tcp",
                "security_groups": [],
                "self": false,
                "to_port": 80
              },
              {
                "cidr_blocks": [
                  "92.54.181.130/32",
                  "10.0.0.0/16"
                ],
                "description": "",
                "from_port": 8080,
                "ipv6_cidr_blocks": [],
                "prefix_list_ids": [],
                "protocol": "tcp",
                "security_groups": [],
                "self": false,
                "to_port": 8080
              }
            ],
            "name": "DEV-BCS-EXT-SG",
            "name_prefix": "",
            "owner_id": "975971611990",
            "revoke_rules_on_delete": false,
            "tags": {
              "Name": "DEV BCS External ALB security Group"
            },
            "tags_all": {
              "Name": "DEV BCS External ALB security Group"
            },
            "timeouts": null,
            "vpc_id": "vpc-09d56518e2d4026fc"
          },
          "sensitive_attributes": [],
          "private": "eyJlMmJmYjczMC1lY2FhLTExZTYtOGY4OC0zNDM2M2JjN2M0YzAiOnsiY3JlYXRlIjo2MDAwMDAwMDAwMDAsImRlbGV0ZSI6NjAwMDAwMDAwMDAwfSwic2NoZW1hX3ZlcnNpb24iOiIxIn0=",
          "dependencies": [
            "aws_vpc.dev-default"
          ],
          "create_before_destroy": true
        }
      ]
    },
    {
      "mode": "managed",
      "type": "aws_security_group",
      "name": "DEV-BCW-EXTALB-SG",
      "provider": "provider[\"registry.terraform.io/hashicorp/aws\"]",
      "instances": [
        {
          "schema_version": 1,
          "attributes": {
            "arn": "arn:aws:ec2:eu-west-2:975971611990:security-group/sg-06790a4a4140bedc0",
            "description": "Security group for the dev BCW external application load balancer",
            "egress": [
              {
                "cidr_blocks": [
                  "0.0.0.0/0"
                ],
                "description": "",
                "from_port": 0,
                "ipv6_cidr_blocks": [],
                "prefix_list_ids": [],
                "protocol": "-1",
                "security_groups": [],
                "self": false,
                "to_port": 0
              }
            ],
            "id": "sg-06790a4a4140bedc0",
            "ingress": [
              {
                "cidr_blocks": [
                  "0.0.0.0/0"
                ],
                "description": "",
                "from_port": 443,
                "ipv6_cidr_blocks": [],
                "prefix_list_ids": [],
                "protocol": "tcp",
                "security_groups": [],
                "self": false,
                "to_port": 443
              },
              {
                "cidr_blocks": [
                  "0.0.0.0/0"
                ],
                "description": "",
                "from_port": 80,
                "ipv6_cidr_blocks": [],
                "prefix_list_ids": [],
                "protocol": "tcp",
                "security_groups": [],
                "self": false,
                "to_port": 80
              },
              {
                "cidr_blocks": [
                  "92.54.181.130/32",
                  "10.0.0.0/16"
                ],
                "description": "",
                "from_port": 8080,
                "ipv6_cidr_blocks": [],
                "prefix_list_ids": [],
                "protocol": "tcp",
                "security_groups": [],
                "self": false,
                "to_port": 8080
              }
            ],
            "name": "DEV-BCW-EXTALB-SG",
            "name_prefix": "",
            "owner_id": "975971611990",
            "revoke_rules_on_delete": false,
            "tags": {
              "Name": "DEV BCW External ALB security Group"
            },
            "tags_all": {
              "Name": "DEV BCW External ALB security Group"
            },
            "timeouts": null,
            "vpc_id": "vpc-09d56518e2d4026fc"
          },
          "sensitive_attributes": [],
          "private": "eyJlMmJmYjczMC1lY2FhLTExZTYtOGY4OC0zNDM2M2JjN2M0YzAiOnsiY3JlYXRlIjo2MDAwMDAwMDAwMDAsImRlbGV0ZSI6NjAwMDAwMDAwMDAwfSwic2NoZW1hX3ZlcnNpb24iOiIxIn0=",
          "dependencies": [
            "aws_vpc.dev-default"
          ],
          "create_before_destroy": true
        }
      ]
    },
    {
      "mode": "managed",
      "type": "aws_security_group",
      "name": "DEV-CFFG-EXTALB-SG",
      "provider": "provider[\"registry.terraform.io/hashicorp/aws\"]",
      "instances": [
        {
          "schema_version": 1,
          "attributes": {
            "arn": "arn:aws:ec2:eu-west-2:975971611990:security-group/sg-030b5e4ea821387c8",
            "description": "Security group for the dev CFFG external application load balancer",
            "egress": [
              {
                "cidr_blocks": [
                  "0.0.0.0/0"
                ],
                "description": "",
                "from_port": 0,
                "ipv6_cidr_blocks": [],
                "prefix_list_ids": [],
                "protocol": "-1",
                "security_groups": [],
                "self": false,
                "to_port": 0
              }
            ],
            "id": "sg-030b5e4ea821387c8",
            "ingress": [
              {
                "cidr_blocks": [
                  "0.0.0.0/0"
                ],
                "description": "",
                "from_port": 443,
                "ipv6_cidr_blocks": [],
                "prefix_list_ids": [],
                "protocol": "tcp",
                "security_groups": [],
                "self": false,
                "to_port": 443
              },
              {
                "cidr_blocks": [
                  "0.0.0.0/0"
                ],
                "description": "",
                "from_port": 80,
                "ipv6_cidr_blocks": [],
                "prefix_list_ids": [],
                "protocol": "tcp",
                "security_groups": [],
                "self": false,
                "to_port": 80
              },
              {
                "cidr_blocks": [
                  "92.54.181.130/32",
                  "10.0.0.0/16"
                ],
                "description": "",
                "from_port": 8080,
                "ipv6_cidr_blocks": [],
                "prefix_list_ids": [],
                "protocol": "tcp",
                "security_groups": [],
                "self": false,
                "to_port": 8080
              }
            ],
            "name": "DEV-CFFG-EXTALB-SG",
            "name_prefix": "",
            "owner_id": "975971611990",
            "revoke_rules_on_delete": false,
            "tags": {
              "Name": "DEV CFFG External ALB security Group"
            },
            "tags_all": {
              "Name": "DEV CFFG External ALB security Group"
            },
            "timeouts": null,
            "vpc_id": "vpc-09d56518e2d4026fc"
          },
          "sensitive_attributes": [],
          "private": "eyJlMmJmYjczMC1lY2FhLTExZTYtOGY4OC0zNDM2M2JjN2M0YzAiOnsiY3JlYXRlIjo2MDAwMDAwMDAwMDAsImRlbGV0ZSI6NjAwMDAwMDAwMDAwfSwic2NoZW1hX3ZlcnNpb24iOiIxIn0=",
          "dependencies": [
            "aws_vpc.dev-default"
          ],
          "create_before_destroy": true
        }
      ]
    },
    {
      "mode": "managed",
      "type": "aws_security_group",
      "name": "DEV-EC2-APP-SG",
      "provider": "provider[\"registry.terraform.io/hashicorp/aws\"]",
      "instances": [
        {
          "schema_version": 1,
          "attributes": {
            "arn": "arn:aws:ec2:eu-west-2:975971611990:security-group/sg-0ee6b277227f65c44",
            "description": "Security group for the dev BCE internal application load balancer",
            "egress": [
              {
                "cidr_blocks": [
                  "0.0.0.0/0"
                ],
                "description": "",
                "from_port": 0,
                "ipv6_cidr_blocks": [],
                "prefix_list_ids": [],
                "protocol": "-1",
                "security_groups": [],
                "self": false,
                "to_port": 0
              }
            ],
            "id": "sg-0ee6b277227f65c44",
            "ingress": [
              {
                "cidr_blocks": [],
                "description": "HTTP Access",
                "from_port": 80,
                "ipv6_cidr_blocks": [],
                "prefix_list_ids": [],
                "protocol": "tcp",
                "security_groups": [
                  "sg-01cbe5a119b4fdcab",
                  "sg-030b5e4ea821387c8",
                  "sg-06790a4a4140bedc0",
                  "sg-06da26103b9c67052"
                ],
                "self": false,
                "to_port": 80
              },
              {
                "cidr_blocks": [],
                "description": "SSH Access from bastion",
                "from_port": 22,
                "ipv6_cidr_blocks": [],
                "prefix_list_ids": [],
                "protocol": "tcp",
                "security_groups": [
                  "sg-0a7d66e8b7a496e86"
                ],
                "self": false,
                "to_port": 22
              }
            ],
            "name": "DEV-EC2-APP-SG",
            "name_prefix": "",
            "owner_id": "975971611990",
            "revoke_rules_on_delete": false,
            "tags": {
              "Name": "DEV EC2 Application security Group"
            },
            "tags_all": {
              "Name": "DEV EC2 Application security Group"
            },
            "timeouts": null,
            "vpc_id": "vpc-09d56518e2d4026fc"
          },
          "sensitive_attributes": [],
          "private": "eyJlMmJmYjczMC1lY2FhLTExZTYtOGY4OC0zNDM2M2JjN2M0YzAiOnsiY3JlYXRlIjo2MDAwMDAwMDAwMDAsImRlbGV0ZSI6NjAwMDAwMDAwMDAwfSwic2NoZW1hX3ZlcnNpb24iOiIxIn0=",
          "dependencies": [
            "aws_security_group.DEV-BCE-EXTALB-SG",
            "aws_security_group.DEV-BCS-EXTALB-SG",
            "aws_security_group.DEV-BCW-EXTALB-SG",
            "aws_security_group.DEV-CFFG-EXTALB-SG",
            "aws_security_group.allow_ssh",
            "aws_vpc.dev-default"
          ],
          "create_before_destroy": true
        }
      ]
    },
    {
      "mode": "managed",
      "type": "aws_security_group",
      "name": "DEV-EC2-MAP-SG",
      "provider": "provider[\"registry.terraform.io/hashicorp/aws\"]",
      "instances": [
        {
          "schema_version": 1,
          "attributes": {
            "arn": "arn:aws:ec2:eu-west-2:975971611990:security-group/sg-0f76b072d17184b0b",
            "description": "Security group for the dev mapping server",
            "egress": [
              {
                "cidr_blocks": [
                  "0.0.0.0/0"
                ],
                "description": "",
                "from_port": 0,
                "ipv6_cidr_blocks": [],
                "prefix_list_ids": [],
                "protocol": "-1",
                "security_groups": [],
                "self": false,
                "to_port": 0
              }
            ],
            "id": "sg-0f76b072d17184b0b",
            "ingress": [
              {
                "cidr_blocks": [],
                "description": "22 from bastion access",
                "from_port": 22,
                "ipv6_cidr_blocks": [],
                "prefix_list_ids": [],
                "protocol": "tcp",
                "security_groups": [
                  "sg-0a7d66e8b7a496e86"
                ],
                "self": false,
                "to_port": 22
              },
              {
                "cidr_blocks": [],
                "description": "80 Access",
                "from_port": 80,
                "ipv6_cidr_blocks": [],
                "prefix_list_ids": [],
                "protocol": "tcp",
                "security_groups": [
                  "sg-01cbe5a119b4fdcab"
                ],
                "self": false,
                "to_port": 80
              },
              {
                "cidr_blocks": [],
                "description": "80 Access",
                "from_port": 80,
                "ipv6_cidr_blocks": [],
                "prefix_list_ids": [],
                "protocol": "tcp",
                "security_groups": [
                  "sg-030b5e4ea821387c8"
                ],
                "self": false,
                "to_port": 80
              },
              {
                "cidr_blocks": [],
                "description": "80 Access",
                "from_port": 80,
                "ipv6_cidr_blocks": [],
                "prefix_list_ids": [],
                "protocol": "tcp",
                "security_groups": [
                  "sg-06790a4a4140bedc0"
                ],
                "self": false,
                "to_port": 80
              },
              {
                "cidr_blocks": [],
                "description": "80 Access",
                "from_port": 80,
                "ipv6_cidr_blocks": [],
                "prefix_list_ids": [],
                "protocol": "tcp",
                "security_groups": [
                  "sg-06da26103b9c67052"
                ],
                "self": false,
                "to_port": 80
              },
              {
                "cidr_blocks": [],
                "description": "8080 Access",
                "from_port": 8080,
                "ipv6_cidr_blocks": [],
                "prefix_list_ids": [],
                "protocol": "tcp",
                "security_groups": [
                  "sg-01cbe5a119b4fdcab"
                ],
                "self": false,
                "to_port": 8080
              },
              {
                "cidr_blocks": [],
                "description": "8080 Access",
                "from_port": 8080,
                "ipv6_cidr_blocks": [],
                "prefix_list_ids": [],
                "protocol": "tcp",
                "security_groups": [
                  "sg-030b5e4ea821387c8"
                ],
                "self": false,
                "to_port": 8080
              },
              {
                "cidr_blocks": [],
                "description": "8080 Access",
                "from_port": 8080,
                "ipv6_cidr_blocks": [],
                "prefix_list_ids": [],
                "protocol": "tcp",
                "security_groups": [
                  "sg-06790a4a4140bedc0"
                ],
                "self": false,
                "to_port": 8080
              },
              {
                "cidr_blocks": [],
                "description": "8080 Access",
                "from_port": 8080,
                "ipv6_cidr_blocks": [],
                "prefix_list_ids": [],
                "protocol": "tcp",
                "security_groups": [
                  "sg-06da26103b9c67052"
                ],
                "self": false,
                "to_port": 8080
              }
            ],
            "name": "DEV-EC2-MAP-SG",
            "name_prefix": "",
            "owner_id": "975971611990",
            "revoke_rules_on_delete": false,
            "tags": {
              "Name": "DEV EC2 Mapping security Group"
            },
            "tags_all": {
              "Name": "DEV EC2 Mapping security Group"
            },
            "timeouts": null,
            "vpc_id": "vpc-09d56518e2d4026fc"
          },
          "sensitive_attributes": [],
          "private": "eyJlMmJmYjczMC1lY2FhLTExZTYtOGY4OC0zNDM2M2JjN2M0YzAiOnsiY3JlYXRlIjo2MDAwMDAwMDAwMDAsImRlbGV0ZSI6NjAwMDAwMDAwMDAwfSwic2NoZW1hX3ZlcnNpb24iOiIxIn0=",
          "dependencies": [
            "aws_security_group.DEV-BCE-EXTALB-SG",
            "aws_security_group.DEV-BCS-EXTALB-SG",
            "aws_security_group.DEV-BCW-EXTALB-SG",
            "aws_security_group.DEV-CFFG-EXTALB-SG",
            "aws_security_group.allow_ssh",
            "aws_vpc.dev-default"
          ],
          "create_before_destroy": true
        }
      ]
    },
    {
      "mode": "managed",
      "type": "aws_security_group",
      "name": "DEV-RDS-SG",
      "provider": "provider[\"registry.terraform.io/hashicorp/aws\"]",
      "instances": [
        {
          "schema_version": 1,
          "attributes": {
            "arn": "arn:aws:ec2:eu-west-2:975971611990:security-group/sg-0ae869c4a9a2c4b81",
            "description": "Security group for the dev mapping server",
            "egress": [
              {
                "cidr_blocks": [
                  "0.0.0.0/0"
                ],
                "description": "",
                "from_port": 0,
                "ipv6_cidr_blocks": [],
                "prefix_list_ids": [],
                "protocol": "-1",
                "security_groups": [],
                "self": false,
                "to_port": 0
              }
            ],
            "id": "sg-0ae869c4a9a2c4b81",
            "ingress": [
              {
                "cidr_blocks": [],
                "description": "",
                "from_port": 3306,
                "ipv6_cidr_blocks": [],
                "prefix_list_ids": [],
                "protocol": "tcp",
                "security_groups": [
                  "sg-0ee6b277227f65c44"
                ],
                "self": false,
                "to_port": 3306
              },
              {
                "cidr_blocks": [],
                "description": "",
                "from_port": 3306,
                "ipv6_cidr_blocks": [],
                "prefix_list_ids": [],
                "protocol": "tcp",
                "security_groups": [
                  "sg-0f76b072d17184b0b"
                ],
                "self": false,
                "to_port": 3306
              }
            ],
            "name": "DEV-RDS-SG",
            "name_prefix": "",
            "owner_id": "975971611990",
            "revoke_rules_on_delete": false,
            "tags": {
              "Name": "DEV RDS security Group"
            },
            "tags_all": {
              "Name": "DEV RDS security Group"
            },
            "timeouts": null,
            "vpc_id": "vpc-09d56518e2d4026fc"
          },
          "sensitive_attributes": [],
          "private": "eyJlMmJmYjczMC1lY2FhLTExZTYtOGY4OC0zNDM2M2JjN2M0YzAiOnsiY3JlYXRlIjo2MDAwMDAwMDAwMDAsImRlbGV0ZSI6NjAwMDAwMDAwMDAwfSwic2NoZW1hX3ZlcnNpb24iOiIxIn0=",
          "dependencies": [
            "aws_security_group.DEV-BCE-EXTALB-SG",
            "aws_security_group.DEV-BCS-EXTALB-SG",
            "aws_security_group.DEV-BCW-EXTALB-SG",
            "aws_security_group.DEV-CFFG-EXTALB-SG",
            "aws_security_group.DEV-EC2-APP-SG",
            "aws_security_group.DEV-EC2-MAP-SG",
            "aws_security_group.allow_ssh",
            "aws_vpc.dev-default"
          ]
        }
      ]
    },
    {
      "mode": "managed",
      "type": "aws_security_group",
      "name": "allow_ssh",
      "provider": "provider[\"registry.terraform.io/hashicorp/aws\"]",
      "instances": [
        {
          "schema_version": 1,
          "attributes": {
            "arn": "arn:aws:ec2:eu-west-2:975971611990:security-group/sg-0a7d66e8b7a496e86",
            "description": "Security group for dev bastion server SSH access",
            "egress": [
              {
                "cidr_blocks": [
                  "0.0.0.0/0"
                ],
                "description": "",
                "from_port": 0,
                "ipv6_cidr_blocks": [],
                "prefix_list_ids": [],
                "protocol": "-1",
                "security_groups": [],
                "self": false,
                "to_port": 0
              }
            ],
            "id": "sg-0a7d66e8b7a496e86",
            "ingress": [
              {
                "cidr_blocks": [
                  "92.54.181.130/32",
                  "80.7.206.5/32"
                ],
                "description": "HTTP access",
                "from_port": 80,
                "ipv6_cidr_blocks": [],
                "prefix_list_ids": [],
                "protocol": "tcp",
                "security_groups": [],
                "self": false,
                "to_port": 80
              },
              {
                "cidr_blocks": [
                  "92.54.181.130/32",
                  "80.7.206.5/32"
                ],
                "description": "SSH access",
                "from_port": 22,
                "ipv6_cidr_blocks": [],
                "prefix_list_ids": [],
                "protocol": "tcp",
                "security_groups": [],
                "self": false,
                "to_port": 22
              },
              {
                "cidr_blocks": [
                  "92.54.181.130/32"
                ],
                "description": "HTTPS access",
                "from_port": 443,
                "ipv6_cidr_blocks": [],
                "prefix_list_ids": [],
                "protocol": "tcp",
                "security_groups": [],
                "self": false,
                "to_port": 443
              }
            ],
            "name": "DEV-PUBLIC-BASTION-SG",
            "name_prefix": "",
            "owner_id": "975971611990",
            "revoke_rules_on_delete": false,
            "tags": {
              "Name": "DEV Bastion security Group"
            },
            "tags_all": {
              "Name": "DEV Bastion security Group"
            },
            "timeouts": null,
            "vpc_id": "vpc-09d56518e2d4026fc"
          },
          "sensitive_attributes": [],
          "private": "eyJlMmJmYjczMC1lY2FhLTExZTYtOGY4OC0zNDM2M2JjN2M0YzAiOnsiY3JlYXRlIjo2MDAwMDAwMDAwMDAsImRlbGV0ZSI6NjAwMDAwMDAwMDAwfSwic2NoZW1hX3ZlcnNpb24iOiIxIn0=",
          "dependencies": [
            "aws_vpc.dev-default"
          ],
          "create_before_destroy": true
        }
      ]
    },
    {
      "mode": "managed",
      "type": "aws_securityhub_account",
      "name": "dev-bcp",
      "provider": "provider[\"registry.terraform.io/hashicorp/aws\"]",
      "instances": [
        {
          "schema_version": 0,
          "attributes": {
            "id": "975971611990"
          },
          "sensitive_attributes": [],
          "private": "bnVsbA=="
        }
      ]
    },
    {
      "mode": "managed",
      "type": "aws_securityhub_standards_subscription",
      "name": "dev-bcp",
      "provider": "provider[\"registry.terraform.io/hashicorp/aws\"]",
      "instances": [
        {
          "schema_version": 0,
          "attributes": {
            "id": "arn:aws:securityhub:eu-west-2:975971611990:subscription/aws-foundational-security-best-practices/v/1.0.0",
            "standards_arn": "arn:aws:securityhub:eu-west-2::standards/aws-foundational-security-best-practices/v/1.0.0"
          },
          "sensitive_attributes": [],
          "private": "bnVsbA==",
          "dependencies": [
            "aws_securityhub_account.dev-bcp",
            "data.aws_region.current"
          ]
        }
      ]
    },
    {
      "mode": "managed",
      "type": "aws_sns_topic",
      "name": "dev-cloudwatch-alerts",
      "provider": "provider[\"registry.terraform.io/hashicorp/aws\"]",
      "instances": [
        {
          "schema_version": 0,
          "attributes": {
            "application_failure_feedback_role_arn": "",
            "application_success_feedback_role_arn": "",
            "application_success_feedback_sample_rate": null,
            "arn": "arn:aws:sns:eu-west-2:975971611990:DEV-CloudWatch-Alerts",
            "content_based_deduplication": false,
            "delivery_policy": "",
            "display_name": "",
            "fifo_topic": false,
            "firehose_failure_feedback_role_arn": "",
            "firehose_success_feedback_role_arn": "",
            "firehose_success_feedback_sample_rate": null,
            "http_failure_feedback_role_arn": "",
            "http_success_feedback_role_arn": "",
            "http_success_feedback_sample_rate": null,
            "id": "arn:aws:sns:eu-west-2:975971611990:DEV-CloudWatch-Alerts",
            "kms_master_key_id": "",
            "lambda_failure_feedback_role_arn": "",
            "lambda_success_feedback_role_arn": "",
            "lambda_success_feedback_sample_rate": null,
            "name": "DEV-CloudWatch-Alerts",
            "name_prefix": "",
            "owner": "975971611990",
            "policy": "{\"Version\":\"2008-10-17\",\"Id\":\"__default_policy_ID\",\"Statement\":[{\"Sid\":\"__default_statement_ID\",\"Effect\":\"Allow\",\"Principal\":{\"AWS\":\"*\"},\"Action\":[\"SNS:GetTopicAttributes\",\"SNS:SetTopicAttributes\",\"SNS:AddPermission\",\"SNS:RemovePermission\",\"SNS:DeleteTopic\",\"SNS:Subscribe\",\"SNS:ListSubscriptionsByTopic\",\"SNS:Publish\",\"SNS:Receive\"],\"Resource\":\"arn:aws:sns:eu-west-2:975971611990:DEV-CloudWatch-Alerts\",\"Condition\":{\"StringEquals\":{\"AWS:SourceOwner\":\"975971611990\"}}}]}",
            "sqs_failure_feedback_role_arn": "",
            "sqs_success_feedback_role_arn": "",
            "sqs_success_feedback_sample_rate": null,
            "tags": {},
            "tags_all": {}
          },
          "sensitive_attributes": [],
          "private": "bnVsbA=="
        }
      ]
    },
    {
      "mode": "managed",
      "type": "aws_sns_topic_subscription",
      "name": "dev_sns_subsctiption",
      "provider": "provider[\"registry.terraform.io/hashicorp/aws\"]",
      "instances": [
        {
          "schema_version": 0,
          "attributes": {
            "arn": "arn:aws:sns:eu-west-2:975971611990:DEV-CloudWatch-Alerts:ae669b16-ef9f-497d-805c-1ce14a0f2d4d",
            "confirmation_timeout_in_minutes": 1,
            "confirmation_was_authenticated": false,
            "delivery_policy": "",
            "endpoint": "m.rawling@outlook.com",
            "endpoint_auto_confirms": false,
            "filter_policy": "",
            "id": "arn:aws:sns:eu-west-2:975971611990:DEV-CloudWatch-Alerts:ae669b16-ef9f-497d-805c-1ce14a0f2d4d",
            "owner_id": "975971611990",
            "pending_confirmation": false,
            "protocol": "email",
            "raw_message_delivery": false,
            "redrive_policy": "",
            "subscription_role_arn": "",
            "topic_arn": "arn:aws:sns:eu-west-2:975971611990:DEV-CloudWatch-Alerts"
          },
          "sensitive_attributes": [],
          "private": "bnVsbA==",
          "dependencies": [
            "aws_sns_topic.dev-cloudwatch-alerts"
          ]
        }
      ]
    },
    {
      "mode": "managed",
      "type": "aws_subnet",
      "name": "dev-private",
      "provider": "provider[\"registry.terraform.io/hashicorp/aws\"]",
      "instances": [
        {
          "index_key": 0,
          "schema_version": 1,
          "attributes": {
            "arn": "arn:aws:ec2:eu-west-2:975971611990:subnet/subnet-081548483804b6631",
            "assign_ipv6_address_on_creation": false,
            "availability_zone": "eu-west-2a",
            "availability_zone_id": "euw2-az2",
            "cidr_block": "10.0.1.0/24",
            "customer_owned_ipv4_pool": "",
            "id": "subnet-081548483804b6631",
            "ipv6_cidr_block": "",
            "ipv6_cidr_block_association_id": "",
            "map_customer_owned_ip_on_launch": false,
            "map_public_ip_on_launch": false,
            "outpost_arn": "",
            "owner_id": "975971611990",
            "tags": {
              "Name": "DEV-PRIVATE-SUB1"
            },
            "tags_all": {
              "Name": "DEV-PRIVATE-SUB1"
            },
            "timeouts": null,
            "vpc_id": "vpc-09d56518e2d4026fc"
          },
          "sensitive_attributes": [],
          "private": "eyJlMmJmYjczMC1lY2FhLTExZTYtOGY4OC0zNDM2M2JjN2M0YzAiOnsiY3JlYXRlIjo2MDAwMDAwMDAwMDAsImRlbGV0ZSI6MTIwMDAwMDAwMDAwMH0sInNjaGVtYV92ZXJzaW9uIjoiMSJ9",
          "dependencies": [
            "aws_vpc.dev-default"
          ],
          "create_before_destroy": true
        },
        {
          "index_key": 1,
          "schema_version": 1,
          "attributes": {
            "arn": "arn:aws:ec2:eu-west-2:975971611990:subnet/subnet-015bd8a6cf56a58a1",
            "assign_ipv6_address_on_creation": false,
            "availability_zone": "eu-west-2b",
            "availability_zone_id": "euw2-az3",
            "cidr_block": "10.0.3.0/24",
            "customer_owned_ipv4_pool": "",
            "id": "subnet-015bd8a6cf56a58a1",
            "ipv6_cidr_block": "",
            "ipv6_cidr_block_association_id": "",
            "map_customer_owned_ip_on_launch": false,
            "map_public_ip_on_launch": false,
            "outpost_arn": "",
            "owner_id": "975971611990",
            "tags": {
              "Name": "DEV-PRIVATE-SUB2"
            },
            "tags_all": {
              "Name": "DEV-PRIVATE-SUB2"
            },
            "timeouts": null,
            "vpc_id": "vpc-09d56518e2d4026fc"
          },
          "sensitive_attributes": [],
          "private": "eyJlMmJmYjczMC1lY2FhLTExZTYtOGY4OC0zNDM2M2JjN2M0YzAiOnsiY3JlYXRlIjo2MDAwMDAwMDAwMDAsImRlbGV0ZSI6MTIwMDAwMDAwMDAwMH0sInNjaGVtYV92ZXJzaW9uIjoiMSJ9",
          "dependencies": [
            "aws_vpc.dev-default"
          ],
          "create_before_destroy": true
        }
      ]
    },
    {
      "mode": "managed",
      "type": "aws_subnet",
      "name": "dev-public",
      "provider": "provider[\"registry.terraform.io/hashicorp/aws\"]",
      "instances": [
        {
          "index_key": 0,
          "schema_version": 1,
          "attributes": {
            "arn": "arn:aws:ec2:eu-west-2:975971611990:subnet/subnet-00194a2823e26894f",
            "assign_ipv6_address_on_creation": false,
            "availability_zone": "eu-west-2a",
            "availability_zone_id": "euw2-az2",
            "cidr_block": "10.0.0.0/24",
            "customer_owned_ipv4_pool": "",
            "id": "subnet-00194a2823e26894f",
            "ipv6_cidr_block": "",
            "ipv6_cidr_block_association_id": "",
            "map_customer_owned_ip_on_launch": false,
            "map_public_ip_on_launch": false,
            "outpost_arn": "",
            "owner_id": "975971611990",
            "tags": {
              "Name": "DEV-PUBLIC-SUB1"
            },
            "tags_all": {
              "Name": "DEV-PUBLIC-SUB1"
            },
            "timeouts": null,
            "vpc_id": "vpc-09d56518e2d4026fc"
          },
          "sensitive_attributes": [],
          "private": "eyJlMmJmYjczMC1lY2FhLTExZTYtOGY4OC0zNDM2M2JjN2M0YzAiOnsiY3JlYXRlIjo2MDAwMDAwMDAwMDAsImRlbGV0ZSI6MTIwMDAwMDAwMDAwMH0sInNjaGVtYV92ZXJzaW9uIjoiMSJ9",
          "dependencies": [
            "aws_vpc.dev-default"
          ]
        },
        {
          "index_key": 1,
          "schema_version": 1,
          "attributes": {
            "arn": "arn:aws:ec2:eu-west-2:975971611990:subnet/subnet-02a2def3c00f0fbbc",
            "assign_ipv6_address_on_creation": false,
            "availability_zone": "eu-west-2b",
            "availability_zone_id": "euw2-az3",
            "cidr_block": "10.0.2.0/24",
            "customer_owned_ipv4_pool": "",
            "id": "subnet-02a2def3c00f0fbbc",
            "ipv6_cidr_block": "",
            "ipv6_cidr_block_association_id": "",
            "map_customer_owned_ip_on_launch": false,
            "map_public_ip_on_launch": false,
            "outpost_arn": "",
            "owner_id": "975971611990",
            "tags": {
              "Name": "DEV-PUBLIC-SUB2"
            },
            "tags_all": {
              "Name": "DEV-PUBLIC-SUB2"
            },
            "timeouts": null,
            "vpc_id": "vpc-09d56518e2d4026fc"
          },
          "sensitive_attributes": [],
          "private": "eyJlMmJmYjczMC1lY2FhLTExZTYtOGY4OC0zNDM2M2JjN2M0YzAiOnsiY3JlYXRlIjo2MDAwMDAwMDAwMDAsImRlbGV0ZSI6MTIwMDAwMDAwMDAwMH0sInNjaGVtYV92ZXJzaW9uIjoiMSJ9",
          "dependencies": [
            "aws_vpc.dev-default"
          ]
        }
      ]
    },
    {
      "mode": "managed",
      "type": "aws_vpc",
      "name": "dev-default",
      "provider": "provider[\"registry.terraform.io/hashicorp/aws\"]",
      "instances": [
        {
          "schema_version": 1,
          "attributes": {
            "arn": "arn:aws:ec2:eu-west-2:975971611990:vpc/vpc-09d56518e2d4026fc",
            "assign_generated_ipv6_cidr_block": false,
            "cidr_block": "10.0.0.0/16",
            "default_network_acl_id": "acl-06ac4cc14cc9538bd",
            "default_route_table_id": "rtb-03f60f9e85963fca1",
            "default_security_group_id": "sg-033b37ae7b5d48bc4",
            "dhcp_options_id": "dopt-b2886bdb",
            "enable_classiclink": null,
            "enable_classiclink_dns_support": null,
            "enable_dns_hostnames": true,
            "enable_dns_support": true,
            "id": "vpc-09d56518e2d4026fc",
            "instance_tenancy": "default",
            "ipv6_association_id": "",
            "ipv6_cidr_block": "",
            "main_route_table_id": "rtb-03f60f9e85963fca1",
            "owner_id": "975971611990",
            "tags": {
              "Name": "DEV-VPC"
            },
            "tags_all": {
              "Name": "DEV-VPC"
            }
          },
          "sensitive_attributes": [],
          "private": "eyJzY2hlbWFfdmVyc2lvbiI6IjEifQ==",
          "create_before_destroy": true
        }
      ]
    },
    {
      "mode": "managed",
      "type": "aws_waf_ipset",
      "name": "dev-bce-waf-ip",
      "provider": "provider[\"registry.terraform.io/hashicorp/aws\"]",
      "instances": [
        {
          "schema_version": 0,
          "attributes": {
            "arn": "arn:aws:waf::975971611990:ipset/07e65b84-a03c-4c08-9583-bb31b705e70b",
            "id": "07e65b84-a03c-4c08-9583-bb31b705e70b",
            "ip_set_descriptors": [
              {
                "type": "IPV4",
                "value": "213.160.107.50/32"
              },
              {
                "type": "IPV4",
                "value": "51.149.9.112/29"
              },
              {
                "type": "IPV4",
                "value": "92.54.181.130/32"
              }
            ],
            "name": "dev-bce-waf-ip"
          },
          "sensitive_attributes": [],
          "private": "bnVsbA=="
        }
      ]
    },
    {
      "mode": "managed",
      "type": "aws_waf_ipset",
      "name": "dev-bcs-waf-ip",
      "provider": "provider[\"registry.terraform.io/hashicorp/aws\"]",
      "instances": [
        {
          "schema_version": 0,
          "attributes": {
            "arn": "arn:aws:waf::975971611990:ipset/4d07d16e-e10d-45d2-a564-0632143c981d",
            "id": "4d07d16e-e10d-45d2-a564-0632143c981d",
            "ip_set_descriptors": [
              {
                "type": "IPV4",
                "value": "213.160.107.50/32"
              },
              {
                "type": "IPV4",
                "value": "92.54.181.130/32"
              }
            ],
            "name": "dev-bcs-waf-ip"
          },
          "sensitive_attributes": [],
          "private": "bnVsbA=="
        }
      ]
    },
    {
      "mode": "managed",
      "type": "aws_waf_ipset",
      "name": "dev-bcw-waf-ip",
      "provider": "provider[\"registry.terraform.io/hashicorp/aws\"]",
      "instances": [
        {
          "schema_version": 0,
          "attributes": {
            "arn": "arn:aws:waf::975971611990:ipset/61a990ea-7be3-46fe-b7f5-7833f58592f9",
            "id": "61a990ea-7be3-46fe-b7f5-7833f58592f9",
            "ip_set_descriptors": [
              {
                "type": "IPV4",
                "value": "213.160.107.50/32"
              },
              {
                "type": "IPV4",
                "value": "92.54.181.130/32"
              }
            ],
            "name": "dev-bcw-waf-ip"
          },
          "sensitive_attributes": [],
          "private": "bnVsbA=="
        }
      ]
    },
    {
      "mode": "managed",
      "type": "aws_waf_ipset",
      "name": "dev-cffg-waf-ip",
      "provider": "provider[\"registry.terraform.io/hashicorp/aws\"]",
      "instances": [
        {
          "schema_version": 0,
          "attributes": {
            "arn": "arn:aws:waf::975971611990:ipset/a36ba81f-6583-432f-8d15-a25e5ad97694",
            "id": "a36ba81f-6583-432f-8d15-a25e5ad97694",
            "ip_set_descriptors": [
              {
                "type": "IPV4",
                "value": "213.160.107.50/32"
              },
              {
                "type": "IPV4",
                "value": "92.54.181.130/32"
              }
            ],
            "name": "dev-cffg-waf-ip"
          },
          "sensitive_attributes": [],
          "private": "bnVsbA=="
        }
      ]
    },
    {
      "mode": "managed",
      "type": "aws_waf_rule",
      "name": "dev-bce-waf-rule",
      "provider": "provider[\"registry.terraform.io/hashicorp/aws\"]",
      "instances": [
        {
          "schema_version": 0,
          "attributes": {
            "arn": "arn:aws:waf::975971611990:rule/218e1c5d-8b9f-496e-8217-5defc116422b",
            "id": "218e1c5d-8b9f-496e-8217-5defc116422b",
            "metric_name": "DevBceWafRule",
            "name": "dev-bce-waf-rule",
            "predicates": [
              {
                "data_id": "07e65b84-a03c-4c08-9583-bb31b705e70b",
                "negated": false,
                "type": "IPMatch"
              }
            ],
            "tags": {},
            "tags_all": {}
          },
          "sensitive_attributes": [],
          "private": "bnVsbA==",
          "dependencies": [
            "aws_waf_ipset.dev-bce-waf-ip"
          ]
        }
      ]
    },
    {
      "mode": "managed",
      "type": "aws_waf_rule",
      "name": "dev-bcs-waf-rule",
      "provider": "provider[\"registry.terraform.io/hashicorp/aws\"]",
      "instances": [
        {
          "schema_version": 0,
          "attributes": {
            "arn": "arn:aws:waf::975971611990:rule/50bb2b2e-b89c-42ff-8843-65ea93096a63",
            "id": "50bb2b2e-b89c-42ff-8843-65ea93096a63",
            "metric_name": "DevBcsWafRule",
            "name": "dev-bcs-waf-rule",
            "predicates": [
              {
                "data_id": "4d07d16e-e10d-45d2-a564-0632143c981d",
                "negated": false,
                "type": "IPMatch"
              }
            ],
            "tags": {},
            "tags_all": {}
          },
          "sensitive_attributes": [],
          "private": "bnVsbA==",
          "dependencies": [
            "aws_waf_ipset.dev-bcs-waf-ip"
          ]
        }
      ]
    },
    {
      "mode": "managed",
      "type": "aws_waf_rule",
      "name": "dev-bcw-waf-rule",
      "provider": "provider[\"registry.terraform.io/hashicorp/aws\"]",
      "instances": [
        {
          "schema_version": 0,
          "attributes": {
            "arn": "arn:aws:waf::975971611990:rule/77809a12-5a1d-4ab0-90d4-cdc128fff419",
            "id": "77809a12-5a1d-4ab0-90d4-cdc128fff419",
            "metric_name": "DevBcwWafRule",
            "name": "dev-bcw-waf-rule",
            "predicates": [
              {
                "data_id": "61a990ea-7be3-46fe-b7f5-7833f58592f9",
                "negated": false,
                "type": "IPMatch"
              }
            ],
            "tags": {},
            "tags_all": {}
          },
          "sensitive_attributes": [],
          "private": "bnVsbA==",
          "dependencies": [
            "aws_waf_ipset.dev-bcw-waf-ip"
          ]
        }
      ]
    },
    {
      "mode": "managed",
      "type": "aws_waf_rule",
      "name": "dev-cffg-waf-rule",
      "provider": "provider[\"registry.terraform.io/hashicorp/aws\"]",
      "instances": [
        {
          "schema_version": 0,
          "attributes": {
            "arn": "arn:aws:waf::975971611990:rule/b7c90ab5-97ba-4e7b-9dda-57c887b3ab17",
            "id": "b7c90ab5-97ba-4e7b-9dda-57c887b3ab17",
            "metric_name": "DevCffgWafRule",
            "name": "dev-cffg-waf-rule",
            "predicates": [
              {
                "data_id": "a36ba81f-6583-432f-8d15-a25e5ad97694",
                "negated": false,
                "type": "IPMatch"
              }
            ],
            "tags": {},
            "tags_all": {}
          },
          "sensitive_attributes": [],
          "private": "bnVsbA==",
          "dependencies": [
            "aws_waf_ipset.dev-cffg-waf-ip"
          ]
        }
      ]
    },
    {
      "mode": "managed",
      "type": "aws_waf_web_acl",
      "name": "dev-bce-waf-acl",
      "provider": "provider[\"registry.terraform.io/hashicorp/aws\"]",
      "instances": [
        {
          "schema_version": 0,
          "attributes": {
            "arn": "arn:aws:waf::975971611990:webacl/4fd333c7-ab78-4aa5-9d63-6e6ac8d22bc1",
            "default_action": [
              {
                "type": "BLOCK"
              }
            ],
            "id": "4fd333c7-ab78-4aa5-9d63-6e6ac8d22bc1",
            "logging_configuration": [],
            "metric_name": "DevBceWafAcl",
            "name": "dev-bce-waf-acl",
            "rules": [
              {
                "action": [
                  {
                    "type": "ALLOW"
                  }
                ],
                "override_action": [],
                "priority": 1,
                "rule_id": "218e1c5d-8b9f-496e-8217-5defc116422b",
                "type": "REGULAR"
              }
            ],
            "tags": {},
            "tags_all": {}
          },
          "sensitive_attributes": [],
          "private": "bnVsbA==",
          "dependencies": [
            "aws_waf_ipset.dev-bce-waf-ip",
            "aws_waf_rule.dev-bce-waf-rule"
          ]
        }
      ]
    },
    {
      "mode": "managed",
      "type": "aws_waf_web_acl",
      "name": "dev-bcs-waf-acl",
      "provider": "provider[\"registry.terraform.io/hashicorp/aws\"]",
      "instances": [
        {
          "schema_version": 0,
          "attributes": {
            "arn": "arn:aws:waf::975971611990:webacl/d15a5c93-66a0-42a7-874b-d0f5e79fb4b5",
            "default_action": [
              {
                "type": "BLOCK"
              }
            ],
            "id": "d15a5c93-66a0-42a7-874b-d0f5e79fb4b5",
            "logging_configuration": [],
            "metric_name": "DevBcsWafAcl",
            "name": "dev-bcs-waf-acl",
            "rules": [
              {
                "action": [
                  {
                    "type": "ALLOW"
                  }
                ],
                "override_action": [],
                "priority": 1,
                "rule_id": "50bb2b2e-b89c-42ff-8843-65ea93096a63",
                "type": "REGULAR"
              }
            ],
            "tags": {},
            "tags_all": {}
          },
          "sensitive_attributes": [],
          "private": "bnVsbA==",
          "dependencies": [
            "aws_waf_ipset.dev-bcs-waf-ip",
            "aws_waf_rule.dev-bcs-waf-rule"
          ]
        }
      ]
    },
    {
      "mode": "managed",
      "type": "aws_waf_web_acl",
      "name": "dev-bcw-waf-acl",
      "provider": "provider[\"registry.terraform.io/hashicorp/aws\"]",
      "instances": [
        {
          "schema_version": 0,
          "attributes": {
            "arn": "arn:aws:waf::975971611990:webacl/9429079c-7253-4036-a67b-1a1a9a889851",
            "default_action": [
              {
                "type": "BLOCK"
              }
            ],
            "id": "9429079c-7253-4036-a67b-1a1a9a889851",
            "logging_configuration": [],
            "metric_name": "DevBcwWafAcl",
            "name": "dev-bcw-waf-acl",
            "rules": [
              {
                "action": [
                  {
                    "type": "ALLOW"
                  }
                ],
                "override_action": [],
                "priority": 1,
                "rule_id": "77809a12-5a1d-4ab0-90d4-cdc128fff419",
                "type": "REGULAR"
              }
            ],
            "tags": {},
            "tags_all": {}
          },
          "sensitive_attributes": [],
          "private": "bnVsbA==",
          "dependencies": [
            "aws_waf_ipset.dev-bcw-waf-ip",
            "aws_waf_rule.dev-bcw-waf-rule"
          ]
        }
      ]
    },
    {
      "mode": "managed",
      "type": "aws_waf_web_acl",
      "name": "dev-cffg-waf-acl",
      "provider": "provider[\"registry.terraform.io/hashicorp/aws\"]",
      "instances": [
        {
          "schema_version": 0,
          "attributes": {
            "arn": "arn:aws:waf::975971611990:webacl/dd5c4688-75e1-4072-9c50-50403fd5ea52",
            "default_action": [
              {
                "type": "BLOCK"
              }
            ],
            "id": "dd5c4688-75e1-4072-9c50-50403fd5ea52",
            "logging_configuration": [],
            "metric_name": "DevCffgWafAcl",
            "name": "dev-cffg-waf-acl",
            "rules": [
              {
                "action": [
                  {
                    "type": "ALLOW"
                  }
                ],
                "override_action": [],
                "priority": 1,
                "rule_id": "b7c90ab5-97ba-4e7b-9dda-57c887b3ab17",
                "type": "REGULAR"
              }
            ],
            "tags": {},
            "tags_all": {}
          },
          "sensitive_attributes": [],
          "private": "bnVsbA==",
          "dependencies": [
            "aws_waf_ipset.dev-cffg-waf-ip",
            "aws_waf_rule.dev-cffg-waf-rule"
          ]
        }
      ]
    },
    {
      "mode": "managed",
      "type": "random_string",
      "name": "random",
      "provider": "provider[\"registry.terraform.io/hashicorp/random\"]",
      "instances": [
        {
          "schema_version": 1,
          "attributes": {
            "id": "fxysuxch",
            "keepers": null,
            "length": 8,
            "lower": true,
            "min_lower": 0,
            "min_numeric": 0,
            "min_special": 0,
            "min_upper": 0,
            "number": false,
            "override_special": null,
            "result": "fxysuxch",
            "special": false,
            "upper": false
          },
          "sensitive_attributes": [],
          "private": "eyJzY2hlbWFfdmVyc2lvbiI6IjEifQ=="
        }
      ]
    }
  ]
}
