{
  "version": 4,
  "terraform_version": "0.14.7",
  "serial": 1546,
  "lineage": "ba1f3116-c2df-8a33-317c-a2184cdeb3b1",
  "outputs": {},
  "resources": [
    {
      "mode": "data",
      "type": "archive_file",
      "name": "uat_log_exporter",
      "provider": "provider[\"registry.terraform.io/hashicorp/archive\"]",
      "instances": [
        {
          "schema_version": 0,
          "attributes": {
            "excludes": null,
            "id": "bd45810f6df1b6f2a6392375e4ee84f3c2cfeb56",
            "output_base64sha256": "5JPs/3KwI4+gWvcH6KgOG2HInzorMS9GxRCQcXWBCXY=",
            "output_file_mode": null,
            "output_md5": "8bf08899f9a2ddb24c35a3be364a95ee",
            "output_path": "./lambda/tmp/cloudwatch-to-s3.zip",
            "output_sha": "bd45810f6df1b6f2a6392375e4ee84f3c2cfeb56",
            "output_size": 1096,
            "source": [],
            "source_content": null,
            "source_content_filename": null,
            "source_dir": null,
            "source_file": "./lambda/cloudwatch-to-s3.py",
            "type": "zip"
          },
          "sensitive_attributes": []
        }
      ]
    },
    {
      "mode": "data",
      "type": "aws_caller_identity",
      "name": "current",
      "provider": "provider[\"registry.terraform.io/hashicorp/aws\"]",
      "instances": [
        {
          "schema_version": 0,
          "attributes": {
            "account_id": "975971611990",
            "arn": "arn:aws:iam::975971611990:user/matthew.rawling@informed.com",
            "id": "975971611990",
            "user_id": "AIDA6GPDQ6VLKH4QHIIT4"
          },
          "sensitive_attributes": []
        }
      ]
    },
    {
      "mode": "data",
      "type": "aws_caller_identity",
      "name": "current1",
      "provider": "provider[\"registry.terraform.io/hashicorp/aws\"]",
      "instances": [
        {
          "schema_version": 0,
          "attributes": {
            "account_id": "975971611990",
            "arn": "arn:aws:iam::975971611990:user/matthew.rawling@informed.com",
            "id": "975971611990",
            "user_id": "AIDA6GPDQ6VLKH4QHIIT4"
          },
          "sensitive_attributes": []
        }
      ]
    },
    {
      "mode": "data",
      "type": "aws_canonical_user_id",
      "name": "current_user",
      "provider": "provider[\"registry.terraform.io/hashicorp/aws\"]",
      "instances": [
        {
          "schema_version": 0,
          "attributes": {
            "display_name": "",
            "id": "7307b95aa6ac0c58ff934c1813d89bcccc87227b7d3dc1a5b109ac1545b5908f"
          },
          "sensitive_attributes": []
        }
      ]
    },
    {
      "mode": "data",
      "type": "aws_db_snapshot",
      "name": "uat-snap",
      "provider": "provider[\"registry.terraform.io/hashicorp/aws\"]",
      "instances": [
        {
          "schema_version": 0,
          "attributes": {
            "allocated_storage": 100,
            "availability_zone": "eu-west-2b",
            "db_instance_identifier": "uat-bcp-db",
            "db_snapshot_arn": "arn:aws:rds:eu-west-2:975971611990:snapshot:rds:uat-bcp-db-2022-11-03-02-06",
            "db_snapshot_identifier": "rds:uat-bcp-db-2022-11-03-02-06",
            "encrypted": true,
            "engine": "mysql",
            "engine_version": "8.0.28",
            "id": "rds:uat-bcp-db-2022-11-03-02-06",
            "include_public": false,
            "include_shared": false,
            "iops": 0,
            "kms_key_id": "arn:aws:kms:eu-west-2:975971611990:key/f356a288-0fce-475a-8223-bd380f9d93cf",
            "license_model": "general-public-license",
            "most_recent": true,
            "option_group_name": "default:mysql-8-0",
            "port": 3306,
            "snapshot_create_time": "2022-11-03T02:06:50Z",
            "snapshot_type": "automated",
            "source_db_snapshot_identifier": "",
            "source_region": "",
            "status": "available",
            "storage_type": "gp2",
            "vpc_id": "vpc-04976fafdcd3c8f88"
          },
          "sensitive_attributes": []
        }
      ]
    },
    {
      "mode": "data",
      "type": "aws_elb_service_account",
      "name": "main",
      "provider": "provider[\"registry.terraform.io/hashicorp/aws\"]",
      "instances": [
        {
          "schema_version": 0,
          "attributes": {
            "arn": "arn:aws:iam::652711504416:root",
            "id": "652711504416",
            "region": null
          },
          "sensitive_attributes": []
        }
      ]
    },
    {
      "mode": "data",
      "type": "aws_iam_policy_document",
      "name": "uat_inspector_event_role_policy",
      "provider": "provider[\"registry.terraform.io/hashicorp/aws\"]",
      "instances": [
        {
          "schema_version": 0,
          "attributes": {
            "id": "2380982186",
            "json": "{\n  \"Version\": \"2012-10-17\",\n  \"Statement\": [\n    {\n      \"Sid\": \"StartAssessment\",\n      \"Effect\": \"Allow\",\n      \"Action\": \"inspector:StartAssessmentRun\",\n      \"Resource\": \"*\"\n    }\n  ]\n}",
            "override_json": null,
            "override_policy_documents": null,
            "policy_id": null,
            "source_json": null,
            "source_policy_documents": null,
            "statement": [
              {
                "actions": [
                  "inspector:StartAssessmentRun"
                ],
                "condition": [],
                "effect": "Allow",
                "not_actions": [],
                "not_principals": [],
                "not_resources": [],
                "principals": [],
                "resources": [
                  "*"
                ],
                "sid": "StartAssessment"
              }
            ],
            "version": "2012-10-17"
          },
          "sensitive_attributes": []
        }
      ]
    },
    {
      "mode": "data",
      "type": "aws_region",
      "name": "current",
      "provider": "provider[\"registry.terraform.io/hashicorp/aws\"]",
      "instances": [
        {
          "schema_version": 0,
          "attributes": {
            "description": "Europe (London)",
            "endpoint": "ec2.eu-west-2.amazonaws.com",
            "id": "eu-west-2",
            "name": "eu-west-2"
          },
          "sensitive_attributes": []
        }
      ]
    },
    {
      "mode": "managed",
      "type": "aws_alb_listener",
      "name": "uat-bce-app-alb-listener",
      "provider": "provider[\"registry.terraform.io/hashicorp/aws\"]",
      "instances": [
        {
          "schema_version": 0,
          "attributes": {
            "alpn_policy": null,
            "arn": "arn:aws:elasticloadbalancing:eu-west-2:975971611990:listener/app/uat-bce-app-alb/54ae724609b05647/023136c405d7efa1",
            "certificate_arn": "arn:aws:acm:eu-west-2:975971611990:certificate/c751b490-39bb-402e-9363-e5e842edc319",
            "default_action": [
              {
                "authenticate_cognito": [],
                "authenticate_oidc": [],
                "fixed_response": [],
                "forward": [],
                "order": 1,
                "redirect": [],
                "target_group_arn": "arn:aws:elasticloadbalancing:eu-west-2:975971611990:targetgroup/UAT-BCE-Applicaton-TG/cbe5d0fd27c094f0",
                "type": "forward"
              }
            ],
            "id": "arn:aws:elasticloadbalancing:eu-west-2:975971611990:listener/app/uat-bce-app-alb/54ae724609b05647/023136c405d7efa1",
            "load_balancer_arn": "arn:aws:elasticloadbalancing:eu-west-2:975971611990:loadbalancer/app/uat-bce-app-alb/54ae724609b05647",
            "port": 443,
            "protocol": "HTTPS",
            "ssl_policy": "ELBSecurityPolicy-TLS-1-2-Ext-2018-06",
            "tags": {},
            "tags_all": {},
            "timeouts": null
          },
          "sensitive_attributes": [],
          "private": "eyJlMmJmYjczMC1lY2FhLTExZTYtOGY4OC0zNDM2M2JjN2M0YzAiOnsicmVhZCI6NjAwMDAwMDAwMDAwfX0=",
          "dependencies": [
            "aws_iam_role.uat-bcp-rep",
            "aws_kms_key.uat-kms",
            "aws_lb.uat-bce-app-alb",
            "aws_lb_target_group.UAT-BCE-APP-TG",
            "aws_s3_bucket.uat-bce-logs",
            "aws_security_group.UAT-BCE-EXTALB-SG",
            "aws_subnet.uat-public",
            "aws_vpc.uat-default",
            "data.aws_canonical_user_id.current_user"
          ]
        }
      ]
    },
    {
      "mode": "managed",
      "type": "aws_alb_listener",
      "name": "uat-bce-app-alb-listener80",
      "provider": "provider[\"registry.terraform.io/hashicorp/aws\"]",
      "instances": [
        {
          "schema_version": 0,
          "attributes": {
            "alpn_policy": null,
            "arn": "arn:aws:elasticloadbalancing:eu-west-2:975971611990:listener/app/uat-bce-app-alb/54ae724609b05647/37a3b84a927aef9b",
            "certificate_arn": null,
            "default_action": [
              {
                "authenticate_cognito": [],
                "authenticate_oidc": [],
                "fixed_response": [],
                "forward": [],
                "order": 1,
                "redirect": [],
                "target_group_arn": "arn:aws:elasticloadbalancing:eu-west-2:975971611990:targetgroup/UAT-BCE-Applicaton-TG/cbe5d0fd27c094f0",
                "type": "forward"
              }
            ],
            "id": "arn:aws:elasticloadbalancing:eu-west-2:975971611990:listener/app/uat-bce-app-alb/54ae724609b05647/37a3b84a927aef9b",
            "load_balancer_arn": "arn:aws:elasticloadbalancing:eu-west-2:975971611990:loadbalancer/app/uat-bce-app-alb/54ae724609b05647",
            "port": 80,
            "protocol": "HTTP",
            "ssl_policy": "",
            "tags": {},
            "tags_all": {},
            "timeouts": null
          },
          "sensitive_attributes": [],
          "private": "eyJlMmJmYjczMC1lY2FhLTExZTYtOGY4OC0zNDM2M2JjN2M0YzAiOnsicmVhZCI6NjAwMDAwMDAwMDAwfX0=",
          "dependencies": [
            "aws_iam_role.uat-bcp-rep",
            "aws_kms_key.uat-kms",
            "aws_lb.uat-bce-app-alb",
            "aws_lb_target_group.UAT-BCE-APP-TG",
            "aws_s3_bucket.uat-bce-logs",
            "aws_security_group.UAT-BCE-EXTALB-SG",
            "aws_subnet.uat-public",
            "aws_vpc.uat-default",
            "data.aws_canonical_user_id.current_user"
          ]
        }
      ]
    },
    {
      "mode": "managed",
      "type": "aws_alb_listener",
      "name": "uat-bce-map-alb-listener",
      "provider": "provider[\"registry.terraform.io/hashicorp/aws\"]",
      "instances": [
        {
          "schema_version": 0,
          "attributes": {
            "alpn_policy": null,
            "arn": "arn:aws:elasticloadbalancing:eu-west-2:975971611990:listener/app/uat-bce-app-alb/54ae724609b05647/182a6b016ed900b1",
            "certificate_arn": null,
            "default_action": [
              {
                "authenticate_cognito": [],
                "authenticate_oidc": [],
                "fixed_response": [],
                "forward": [],
                "order": 1,
                "redirect": [],
                "target_group_arn": "arn:aws:elasticloadbalancing:eu-west-2:975971611990:targetgroup/UAT-BCE-Mapping-TG/3aa8021fbaa07b69",
                "type": "forward"
              }
            ],
            "id": "arn:aws:elasticloadbalancing:eu-west-2:975971611990:listener/app/uat-bce-app-alb/54ae724609b05647/182a6b016ed900b1",
            "load_balancer_arn": "arn:aws:elasticloadbalancing:eu-west-2:975971611990:loadbalancer/app/uat-bce-app-alb/54ae724609b05647",
            "port": 8080,
            "protocol": "HTTP",
            "ssl_policy": "",
            "tags": {},
            "tags_all": {},
            "timeouts": null
          },
          "sensitive_attributes": [],
          "private": "eyJlMmJmYjczMC1lY2FhLTExZTYtOGY4OC0zNDM2M2JjN2M0YzAiOnsicmVhZCI6NjAwMDAwMDAwMDAwfX0=",
          "dependencies": [
            "aws_iam_role.uat-bcp-rep",
            "aws_kms_key.uat-kms",
            "aws_lb.uat-bce-app-alb",
            "aws_lb_target_group.UAT-BCE-MAP-TG",
            "aws_s3_bucket.uat-bce-logs",
            "aws_security_group.UAT-BCE-EXTALB-SG",
            "aws_subnet.uat-public",
            "aws_vpc.uat-default",
            "data.aws_canonical_user_id.current_user"
          ]
        }
      ]
    },
    {
      "mode": "managed",
      "type": "aws_alb_listener",
      "name": "uat-bcs-app-alb-listener",
      "provider": "provider[\"registry.terraform.io/hashicorp/aws\"]",
      "instances": [
        {
          "schema_version": 0,
          "attributes": {
            "alpn_policy": null,
            "arn": "arn:aws:elasticloadbalancing:eu-west-2:975971611990:listener/app/uat-bcs-app-alb/88680ab9dca777aa/e626ef51009e72c1",
            "certificate_arn": "arn:aws:acm:eu-west-2:975971611990:certificate/c751b490-39bb-402e-9363-e5e842edc319",
            "default_action": [
              {
                "authenticate_cognito": [],
                "authenticate_oidc": [],
                "fixed_response": [],
                "forward": [],
                "order": 1,
                "redirect": [],
                "target_group_arn": "arn:aws:elasticloadbalancing:eu-west-2:975971611990:targetgroup/UAT-BCS-Applicaton-TG/180df5b2e1bc167f",
                "type": "forward"
              }
            ],
            "id": "arn:aws:elasticloadbalancing:eu-west-2:975971611990:listener/app/uat-bcs-app-alb/88680ab9dca777aa/e626ef51009e72c1",
            "load_balancer_arn": "arn:aws:elasticloadbalancing:eu-west-2:975971611990:loadbalancer/app/uat-bcs-app-alb/88680ab9dca777aa",
            "port": 443,
            "protocol": "HTTPS",
            "ssl_policy": "ELBSecurityPolicy-TLS-1-2-Ext-2018-06",
            "tags": {},
            "tags_all": {},
            "timeouts": null
          },
          "sensitive_attributes": [],
          "private": "eyJlMmJmYjczMC1lY2FhLTExZTYtOGY4OC0zNDM2M2JjN2M0YzAiOnsicmVhZCI6NjAwMDAwMDAwMDAwfX0=",
          "dependencies": [
            "aws_iam_role.uat-bcp-rep",
            "aws_kms_key.uat-kms",
            "aws_lb.uat-bcs-app-alb",
            "aws_lb_target_group.UAT-BCS-APP-TG",
            "aws_s3_bucket.uat-bcs-logs",
            "aws_security_group.UAT-BCS-EXTALB-SG",
            "aws_subnet.uat-public",
            "aws_vpc.uat-default",
            "data.aws_canonical_user_id.current_user"
          ]
        }
      ]
    },
    {
      "mode": "managed",
      "type": "aws_alb_listener",
      "name": "uat-bcs-app-alb-listener80",
      "provider": "provider[\"registry.terraform.io/hashicorp/aws\"]",
      "instances": [
        {
          "schema_version": 0,
          "attributes": {
            "alpn_policy": null,
            "arn": "arn:aws:elasticloadbalancing:eu-west-2:975971611990:listener/app/uat-bcs-app-alb/88680ab9dca777aa/85e74c5919cccb3a",
            "certificate_arn": null,
            "default_action": [
              {
                "authenticate_cognito": [],
                "authenticate_oidc": [],
                "fixed_response": [],
                "forward": [],
                "order": 1,
                "redirect": [],
                "target_group_arn": "arn:aws:elasticloadbalancing:eu-west-2:975971611990:targetgroup/UAT-BCS-Applicaton-TG/180df5b2e1bc167f",
                "type": "forward"
              }
            ],
            "id": "arn:aws:elasticloadbalancing:eu-west-2:975971611990:listener/app/uat-bcs-app-alb/88680ab9dca777aa/85e74c5919cccb3a",
            "load_balancer_arn": "arn:aws:elasticloadbalancing:eu-west-2:975971611990:loadbalancer/app/uat-bcs-app-alb/88680ab9dca777aa",
            "port": 80,
            "protocol": "HTTP",
            "ssl_policy": "",
            "tags": {},
            "tags_all": {},
            "timeouts": null
          },
          "sensitive_attributes": [],
          "private": "eyJlMmJmYjczMC1lY2FhLTExZTYtOGY4OC0zNDM2M2JjN2M0YzAiOnsicmVhZCI6NjAwMDAwMDAwMDAwfX0=",
          "dependencies": [
            "aws_iam_role.uat-bcp-rep",
            "aws_kms_key.uat-kms",
            "aws_lb.uat-bcs-app-alb",
            "aws_lb_target_group.UAT-BCS-APP-TG",
            "aws_s3_bucket.uat-bcs-logs",
            "aws_security_group.UAT-BCS-EXTALB-SG",
            "aws_subnet.uat-public",
            "aws_vpc.uat-default",
            "data.aws_canonical_user_id.current_user"
          ]
        }
      ]
    },
    {
      "mode": "managed",
      "type": "aws_alb_listener",
      "name": "uat-bcs-map-alb-listener",
      "provider": "provider[\"registry.terraform.io/hashicorp/aws\"]",
      "instances": [
        {
          "schema_version": 0,
          "attributes": {
            "alpn_policy": null,
            "arn": "arn:aws:elasticloadbalancing:eu-west-2:975971611990:listener/app/uat-bcs-app-alb/88680ab9dca777aa/6805b37e992ee8fb",
            "certificate_arn": null,
            "default_action": [
              {
                "authenticate_cognito": [],
                "authenticate_oidc": [],
                "fixed_response": [],
                "forward": [],
                "order": 1,
                "redirect": [],
                "target_group_arn": "arn:aws:elasticloadbalancing:eu-west-2:975971611990:targetgroup/UAT-BCS-Mapping-TG/28d5251577005c8e",
                "type": "forward"
              }
            ],
            "id": "arn:aws:elasticloadbalancing:eu-west-2:975971611990:listener/app/uat-bcs-app-alb/88680ab9dca777aa/6805b37e992ee8fb",
            "load_balancer_arn": "arn:aws:elasticloadbalancing:eu-west-2:975971611990:loadbalancer/app/uat-bcs-app-alb/88680ab9dca777aa",
            "port": 8080,
            "protocol": "HTTP",
            "ssl_policy": "",
            "tags": {},
            "tags_all": {},
            "timeouts": null
          },
          "sensitive_attributes": [],
          "private": "eyJlMmJmYjczMC1lY2FhLTExZTYtOGY4OC0zNDM2M2JjN2M0YzAiOnsicmVhZCI6NjAwMDAwMDAwMDAwfX0=",
          "dependencies": [
            "aws_iam_role.uat-bcp-rep",
            "aws_kms_key.uat-kms",
            "aws_lb.uat-bcs-app-alb",
            "aws_lb_target_group.UAT-BCS-MAP-TG",
            "aws_s3_bucket.uat-bcs-logs",
            "aws_security_group.UAT-BCS-EXTALB-SG",
            "aws_subnet.uat-public",
            "aws_vpc.uat-default",
            "data.aws_canonical_user_id.current_user"
          ]
        }
      ]
    },
    {
      "mode": "managed",
      "type": "aws_alb_listener",
      "name": "uat-bcw-app-alb-listener",
      "provider": "provider[\"registry.terraform.io/hashicorp/aws\"]",
      "instances": [
        {
          "schema_version": 0,
          "attributes": {
            "alpn_policy": null,
            "arn": "arn:aws:elasticloadbalancing:eu-west-2:975971611990:listener/app/uat-bcw-app-alb/88687cfa60341548/b73cd639a905fe15",
            "certificate_arn": "arn:aws:acm:eu-west-2:975971611990:certificate/c751b490-39bb-402e-9363-e5e842edc319",
            "default_action": [
              {
                "authenticate_cognito": [],
                "authenticate_oidc": [],
                "fixed_response": [],
                "forward": [],
                "order": 1,
                "redirect": [],
                "target_group_arn": "arn:aws:elasticloadbalancing:eu-west-2:975971611990:targetgroup/UAT-BCW-Applicaton-TG/0710885824c8fbfc",
                "type": "forward"
              }
            ],
            "id": "arn:aws:elasticloadbalancing:eu-west-2:975971611990:listener/app/uat-bcw-app-alb/88687cfa60341548/b73cd639a905fe15",
            "load_balancer_arn": "arn:aws:elasticloadbalancing:eu-west-2:975971611990:loadbalancer/app/uat-bcw-app-alb/88687cfa60341548",
            "port": 443,
            "protocol": "HTTPS",
            "ssl_policy": "ELBSecurityPolicy-TLS-1-2-Ext-2018-06",
            "tags": {},
            "tags_all": {},
            "timeouts": null
          },
          "sensitive_attributes": [],
          "private": "eyJlMmJmYjczMC1lY2FhLTExZTYtOGY4OC0zNDM2M2JjN2M0YzAiOnsicmVhZCI6NjAwMDAwMDAwMDAwfX0=",
          "dependencies": [
            "aws_iam_role.uat-bcp-rep",
            "aws_kms_key.uat-kms",
            "aws_lb.uat-bcw-app-alb",
            "aws_lb_target_group.UAT-BCW-APP-TG",
            "aws_s3_bucket.uat-bcw-logs",
            "aws_security_group.UAT-BCW-EXTALB-SG",
            "aws_subnet.uat-public",
            "aws_vpc.uat-default",
            "data.aws_canonical_user_id.current_user"
          ]
        }
      ]
    },
    {
      "mode": "managed",
      "type": "aws_alb_listener",
      "name": "uat-bcw-app-alb-listener80",
      "provider": "provider[\"registry.terraform.io/hashicorp/aws\"]",
      "instances": [
        {
          "schema_version": 0,
          "attributes": {
            "alpn_policy": null,
            "arn": "arn:aws:elasticloadbalancing:eu-west-2:975971611990:listener/app/uat-bcw-app-alb/88687cfa60341548/e0815471789e358c",
            "certificate_arn": null,
            "default_action": [
              {
                "authenticate_cognito": [],
                "authenticate_oidc": [],
                "fixed_response": [],
                "forward": [],
                "order": 1,
                "redirect": [],
                "target_group_arn": "arn:aws:elasticloadbalancing:eu-west-2:975971611990:targetgroup/UAT-BCW-Applicaton-TG/0710885824c8fbfc",
                "type": "forward"
              }
            ],
            "id": "arn:aws:elasticloadbalancing:eu-west-2:975971611990:listener/app/uat-bcw-app-alb/88687cfa60341548/e0815471789e358c",
            "load_balancer_arn": "arn:aws:elasticloadbalancing:eu-west-2:975971611990:loadbalancer/app/uat-bcw-app-alb/88687cfa60341548",
            "port": 80,
            "protocol": "HTTP",
            "ssl_policy": "",
            "tags": {},
            "tags_all": {},
            "timeouts": null
          },
          "sensitive_attributes": [],
          "private": "eyJlMmJmYjczMC1lY2FhLTExZTYtOGY4OC0zNDM2M2JjN2M0YzAiOnsicmVhZCI6NjAwMDAwMDAwMDAwfX0=",
          "dependencies": [
            "aws_iam_role.uat-bcp-rep",
            "aws_kms_key.uat-kms",
            "aws_lb.uat-bcw-app-alb",
            "aws_lb_target_group.UAT-BCW-APP-TG",
            "aws_s3_bucket.uat-bcw-logs",
            "aws_security_group.UAT-BCW-EXTALB-SG",
            "aws_subnet.uat-public",
            "aws_vpc.uat-default",
            "data.aws_canonical_user_id.current_user"
          ]
        }
      ]
    },
    {
      "mode": "managed",
      "type": "aws_alb_listener",
      "name": "uat-bcw-map-alb-listener",
      "provider": "provider[\"registry.terraform.io/hashicorp/aws\"]",
      "instances": [
        {
          "schema_version": 0,
          "attributes": {
            "alpn_policy": null,
            "arn": "arn:aws:elasticloadbalancing:eu-west-2:975971611990:listener/app/uat-bcw-app-alb/88687cfa60341548/2b93a9b436a1e602",
            "certificate_arn": null,
            "default_action": [
              {
                "authenticate_cognito": [],
                "authenticate_oidc": [],
                "fixed_response": [],
                "forward": [],
                "order": 1,
                "redirect": [],
                "target_group_arn": "arn:aws:elasticloadbalancing:eu-west-2:975971611990:targetgroup/UAT-BCW-Mapping-TG/1fa26b4cbb7d52a5",
                "type": "forward"
              }
            ],
            "id": "arn:aws:elasticloadbalancing:eu-west-2:975971611990:listener/app/uat-bcw-app-alb/88687cfa60341548/2b93a9b436a1e602",
            "load_balancer_arn": "arn:aws:elasticloadbalancing:eu-west-2:975971611990:loadbalancer/app/uat-bcw-app-alb/88687cfa60341548",
            "port": 8080,
            "protocol": "HTTP",
            "ssl_policy": "",
            "tags": {},
            "tags_all": {},
            "timeouts": null
          },
          "sensitive_attributes": [],
          "private": "eyJlMmJmYjczMC1lY2FhLTExZTYtOGY4OC0zNDM2M2JjN2M0YzAiOnsicmVhZCI6NjAwMDAwMDAwMDAwfX0=",
          "dependencies": [
            "aws_iam_role.uat-bcp-rep",
            "aws_kms_key.uat-kms",
            "aws_lb.uat-bcw-app-alb",
            "aws_lb_target_group.UAT-BCW-MAP-TG",
            "aws_s3_bucket.uat-bcw-logs",
            "aws_security_group.UAT-BCW-EXTALB-SG",
            "aws_subnet.uat-public",
            "aws_vpc.uat-default",
            "data.aws_canonical_user_id.current_user"
          ]
        }
      ]
    },
    {
      "mode": "managed",
      "type": "aws_alb_listener",
      "name": "uat-cffg-app-alb-listener",
      "provider": "provider[\"registry.terraform.io/hashicorp/aws\"]",
      "instances": [
        {
          "schema_version": 0,
          "attributes": {
            "alpn_policy": null,
            "arn": "arn:aws:elasticloadbalancing:eu-west-2:975971611990:listener/app/uat-cffg-app-alb/b86a648bab2e770b/f54055c34d44b36d",
            "certificate_arn": "arn:aws:acm:eu-west-2:975971611990:certificate/c751b490-39bb-402e-9363-e5e842edc319",
            "default_action": [
              {
                "authenticate_cognito": [],
                "authenticate_oidc": [],
                "fixed_response": [],
                "forward": [],
                "order": 1,
                "redirect": [],
                "target_group_arn": "arn:aws:elasticloadbalancing:eu-west-2:975971611990:targetgroup/UAT-CFFG-Applicaton-TG/04eb87873f9b8ecd",
                "type": "forward"
              }
            ],
            "id": "arn:aws:elasticloadbalancing:eu-west-2:975971611990:listener/app/uat-cffg-app-alb/b86a648bab2e770b/f54055c34d44b36d",
            "load_balancer_arn": "arn:aws:elasticloadbalancing:eu-west-2:975971611990:loadbalancer/app/uat-cffg-app-alb/b86a648bab2e770b",
            "port": 443,
            "protocol": "HTTPS",
            "ssl_policy": "ELBSecurityPolicy-TLS-1-2-Ext-2018-06",
            "tags": {},
            "tags_all": {},
            "timeouts": null
          },
          "sensitive_attributes": [],
          "private": "eyJlMmJmYjczMC1lY2FhLTExZTYtOGY4OC0zNDM2M2JjN2M0YzAiOnsicmVhZCI6NjAwMDAwMDAwMDAwfX0=",
          "dependencies": [
            "aws_iam_role.uat-bcp-rep",
            "aws_kms_key.uat-kms",
            "aws_lb.uat-cffg-app-alb",
            "aws_lb_target_group.UAT-CFFG-APP-TG",
            "aws_s3_bucket.uat-cffg-logs",
            "aws_security_group.UAT-CFFG-EXTALB-SG",
            "aws_subnet.uat-public",
            "aws_vpc.uat-default",
            "data.aws_canonical_user_id.current_user"
          ]
        }
      ]
    },
    {
      "mode": "managed",
      "type": "aws_alb_listener",
      "name": "uat-cffg-app-alb-listener80",
      "provider": "provider[\"registry.terraform.io/hashicorp/aws\"]",
      "instances": [
        {
          "schema_version": 0,
          "attributes": {
            "alpn_policy": null,
            "arn": "arn:aws:elasticloadbalancing:eu-west-2:975971611990:listener/app/uat-cffg-app-alb/b86a648bab2e770b/ac97d3d1978759ab",
            "certificate_arn": null,
            "default_action": [
              {
                "authenticate_cognito": [],
                "authenticate_oidc": [],
                "fixed_response": [],
                "forward": [],
                "order": 1,
                "redirect": [],
                "target_group_arn": "arn:aws:elasticloadbalancing:eu-west-2:975971611990:targetgroup/UAT-CFFG-Applicaton-TG/04eb87873f9b8ecd",
                "type": "forward"
              }
            ],
            "id": "arn:aws:elasticloadbalancing:eu-west-2:975971611990:listener/app/uat-cffg-app-alb/b86a648bab2e770b/ac97d3d1978759ab",
            "load_balancer_arn": "arn:aws:elasticloadbalancing:eu-west-2:975971611990:loadbalancer/app/uat-cffg-app-alb/b86a648bab2e770b",
            "port": 80,
            "protocol": "HTTP",
            "ssl_policy": "",
            "tags": {},
            "tags_all": {},
            "timeouts": null
          },
          "sensitive_attributes": [],
          "private": "eyJlMmJmYjczMC1lY2FhLTExZTYtOGY4OC0zNDM2M2JjN2M0YzAiOnsicmVhZCI6NjAwMDAwMDAwMDAwfX0=",
          "dependencies": [
            "aws_iam_role.uat-bcp-rep",
            "aws_kms_key.uat-kms",
            "aws_lb.uat-cffg-app-alb",
            "aws_lb_target_group.UAT-CFFG-APP-TG",
            "aws_s3_bucket.uat-cffg-logs",
            "aws_security_group.UAT-CFFG-EXTALB-SG",
            "aws_subnet.uat-public",
            "aws_vpc.uat-default",
            "data.aws_canonical_user_id.current_user"
          ]
        }
      ]
    },
    {
      "mode": "managed",
      "type": "aws_alb_listener",
      "name": "uat-cffg-map-alb-listener",
      "provider": "provider[\"registry.terraform.io/hashicorp/aws\"]",
      "instances": [
        {
          "schema_version": 0,
          "attributes": {
            "alpn_policy": null,
            "arn": "arn:aws:elasticloadbalancing:eu-west-2:975971611990:listener/app/uat-cffg-app-alb/b86a648bab2e770b/f9ff607bdf2ab3fc",
            "certificate_arn": null,
            "default_action": [
              {
                "authenticate_cognito": [],
                "authenticate_oidc": [],
                "fixed_response": [],
                "forward": [],
                "order": 1,
                "redirect": [],
                "target_group_arn": "arn:aws:elasticloadbalancing:eu-west-2:975971611990:targetgroup/UAT-CFFG-Mapping-TG/b0cf229dbce9afa8",
                "type": "forward"
              }
            ],
            "id": "arn:aws:elasticloadbalancing:eu-west-2:975971611990:listener/app/uat-cffg-app-alb/b86a648bab2e770b/f9ff607bdf2ab3fc",
            "load_balancer_arn": "arn:aws:elasticloadbalancing:eu-west-2:975971611990:loadbalancer/app/uat-cffg-app-alb/b86a648bab2e770b",
            "port": 8080,
            "protocol": "HTTP",
            "ssl_policy": "",
            "tags": {},
            "tags_all": {},
            "timeouts": null
          },
          "sensitive_attributes": [],
          "private": "eyJlMmJmYjczMC1lY2FhLTExZTYtOGY4OC0zNDM2M2JjN2M0YzAiOnsicmVhZCI6NjAwMDAwMDAwMDAwfX0=",
          "dependencies": [
            "aws_iam_role.uat-bcp-rep",
            "aws_kms_key.uat-kms",
            "aws_lb.uat-cffg-app-alb",
            "aws_lb_target_group.UAT-CFFG-MAP-TG",
            "aws_s3_bucket.uat-cffg-logs",
            "aws_security_group.UAT-CFFG-EXTALB-SG",
            "aws_subnet.uat-public",
            "aws_vpc.uat-default",
            "data.aws_canonical_user_id.current_user"
          ]
        }
      ]
    },
    {
      "mode": "managed",
      "type": "aws_alb_listener_rule",
      "name": "uat-map-bce-rule",
      "provider": "provider[\"registry.terraform.io/hashicorp/aws\"]",
      "instances": [
        {
          "schema_version": 0,
          "attributes": {
            "action": [
              {
                "authenticate_cognito": [],
                "authenticate_oidc": [],
                "fixed_response": [],
                "forward": [],
                "order": 1,
                "redirect": [],
                "target_group_arn": "arn:aws:elasticloadbalancing:eu-west-2:975971611990:targetgroup/UAT-BCE-Mapping-TG/3aa8021fbaa07b69",
                "type": "forward"
              }
            ],
            "arn": "arn:aws:elasticloadbalancing:eu-west-2:975971611990:listener-rule/app/uat-bce-app-alb/54ae724609b05647/023136c405d7efa1/510db3c9f43e6849",
            "condition": [
              {
                "host_header": [],
                "http_header": [],
                "http_request_method": [],
                "path_pattern": [
                  {
                    "values": [
                      "/geoserver/BCE/*"
                    ]
                  }
                ],
                "query_string": [],
                "source_ip": []
              }
            ],
            "id": "arn:aws:elasticloadbalancing:eu-west-2:975971611990:listener-rule/app/uat-bce-app-alb/54ae724609b05647/023136c405d7efa1/510db3c9f43e6849",
            "listener_arn": "arn:aws:elasticloadbalancing:eu-west-2:975971611990:listener/app/uat-bce-app-alb/54ae724609b05647/023136c405d7efa1",
            "priority": 1,
            "tags": {},
            "tags_all": {}
          },
          "sensitive_attributes": [],
          "private": "bnVsbA==",
          "dependencies": [
            "aws_alb_listener.uat-bce-app-alb-listener",
            "aws_iam_role.uat-bcp-rep",
            "aws_kms_key.uat-kms",
            "aws_lb.uat-bce-app-alb",
            "aws_lb_target_group.UAT-BCE-APP-TG",
            "aws_lb_target_group.UAT-BCE-MAP-TG",
            "aws_s3_bucket.uat-bce-logs",
            "aws_security_group.UAT-BCE-EXTALB-SG",
            "aws_subnet.uat-public",
            "aws_vpc.uat-default",
            "data.aws_canonical_user_id.current_user"
          ]
        }
      ]
    },
    {
      "mode": "managed",
      "type": "aws_alb_listener_rule",
      "name": "uat-map-bce-rule80",
      "provider": "provider[\"registry.terraform.io/hashicorp/aws\"]",
      "instances": [
        {
          "schema_version": 0,
          "attributes": {
            "action": [
              {
                "authenticate_cognito": [],
                "authenticate_oidc": [],
                "fixed_response": [],
                "forward": [],
                "order": 1,
                "redirect": [],
                "target_group_arn": "arn:aws:elasticloadbalancing:eu-west-2:975971611990:targetgroup/UAT-BCE-Mapping-TG/3aa8021fbaa07b69",
                "type": "forward"
              }
            ],
            "arn": "arn:aws:elasticloadbalancing:eu-west-2:975971611990:listener-rule/app/uat-bce-app-alb/54ae724609b05647/37a3b84a927aef9b/1dedb93fd1483761",
            "condition": [
              {
                "host_header": [],
                "http_header": [],
                "http_request_method": [],
                "path_pattern": [
                  {
                    "values": [
                      "/geoserver/BCE/*"
                    ]
                  }
                ],
                "query_string": [],
                "source_ip": []
              }
            ],
            "id": "arn:aws:elasticloadbalancing:eu-west-2:975971611990:listener-rule/app/uat-bce-app-alb/54ae724609b05647/37a3b84a927aef9b/1dedb93fd1483761",
            "listener_arn": "arn:aws:elasticloadbalancing:eu-west-2:975971611990:listener/app/uat-bce-app-alb/54ae724609b05647/37a3b84a927aef9b",
            "priority": 1,
            "tags": {},
            "tags_all": {}
          },
          "sensitive_attributes": [],
          "private": "bnVsbA==",
          "dependencies": [
            "aws_alb_listener.uat-bce-app-alb-listener80",
            "aws_iam_role.uat-bcp-rep",
            "aws_kms_key.uat-kms",
            "aws_lb.uat-bce-app-alb",
            "aws_lb_target_group.UAT-BCE-APP-TG",
            "aws_lb_target_group.UAT-BCE-MAP-TG",
            "aws_s3_bucket.uat-bce-logs",
            "aws_security_group.UAT-BCE-EXTALB-SG",
            "aws_subnet.uat-public",
            "aws_vpc.uat-default",
            "data.aws_canonical_user_id.current_user"
          ]
        }
      ]
    },
    {
      "mode": "managed",
      "type": "aws_alb_listener_rule",
      "name": "uat-map-bcs-rule",
      "provider": "provider[\"registry.terraform.io/hashicorp/aws\"]",
      "instances": [
        {
          "schema_version": 0,
          "attributes": {
            "action": [
              {
                "authenticate_cognito": [],
                "authenticate_oidc": [],
                "fixed_response": [],
                "forward": [],
                "order": 1,
                "redirect": [],
                "target_group_arn": "arn:aws:elasticloadbalancing:eu-west-2:975971611990:targetgroup/UAT-BCS-Mapping-TG/28d5251577005c8e",
                "type": "forward"
              }
            ],
            "arn": "arn:aws:elasticloadbalancing:eu-west-2:975971611990:listener-rule/app/uat-bcs-app-alb/88680ab9dca777aa/e626ef51009e72c1/8912d5a2f9b0d9e7",
            "condition": [
              {
                "host_header": [],
                "http_header": [],
                "http_request_method": [],
                "path_pattern": [
                  {
                    "values": [
                      "/geoserver/BCS/*"
                    ]
                  }
                ],
                "query_string": [],
                "source_ip": []
              }
            ],
            "id": "arn:aws:elasticloadbalancing:eu-west-2:975971611990:listener-rule/app/uat-bcs-app-alb/88680ab9dca777aa/e626ef51009e72c1/8912d5a2f9b0d9e7",
            "listener_arn": "arn:aws:elasticloadbalancing:eu-west-2:975971611990:listener/app/uat-bcs-app-alb/88680ab9dca777aa/e626ef51009e72c1",
            "priority": 1,
            "tags": {},
            "tags_all": {}
          },
          "sensitive_attributes": [],
          "private": "bnVsbA==",
          "dependencies": [
            "aws_alb_listener.uat-bcs-app-alb-listener",
            "aws_iam_role.uat-bcp-rep",
            "aws_kms_key.uat-kms",
            "aws_lb.uat-bcs-app-alb",
            "aws_lb_target_group.UAT-BCS-APP-TG",
            "aws_lb_target_group.UAT-BCS-MAP-TG",
            "aws_s3_bucket.uat-bcs-logs",
            "aws_security_group.UAT-BCS-EXTALB-SG",
            "aws_subnet.uat-public",
            "aws_vpc.uat-default",
            "data.aws_canonical_user_id.current_user"
          ]
        }
      ]
    },
    {
      "mode": "managed",
      "type": "aws_alb_listener_rule",
      "name": "uat-map-bcs-rule80",
      "provider": "provider[\"registry.terraform.io/hashicorp/aws\"]",
      "instances": [
        {
          "schema_version": 0,
          "attributes": {
            "action": [
              {
                "authenticate_cognito": [],
                "authenticate_oidc": [],
                "fixed_response": [],
                "forward": [],
                "order": 1,
                "redirect": [],
                "target_group_arn": "arn:aws:elasticloadbalancing:eu-west-2:975971611990:targetgroup/UAT-BCS-Mapping-TG/28d5251577005c8e",
                "type": "forward"
              }
            ],
            "arn": "arn:aws:elasticloadbalancing:eu-west-2:975971611990:listener-rule/app/uat-bcs-app-alb/88680ab9dca777aa/85e74c5919cccb3a/e29b561c9b2f1e26",
            "condition": [
              {
                "host_header": [],
                "http_header": [],
                "http_request_method": [],
                "path_pattern": [
                  {
                    "values": [
                      "/geoserver/BCS/*"
                    ]
                  }
                ],
                "query_string": [],
                "source_ip": []
              }
            ],
            "id": "arn:aws:elasticloadbalancing:eu-west-2:975971611990:listener-rule/app/uat-bcs-app-alb/88680ab9dca777aa/85e74c5919cccb3a/e29b561c9b2f1e26",
            "listener_arn": "arn:aws:elasticloadbalancing:eu-west-2:975971611990:listener/app/uat-bcs-app-alb/88680ab9dca777aa/85e74c5919cccb3a",
            "priority": 1,
            "tags": {},
            "tags_all": {}
          },
          "sensitive_attributes": [],
          "private": "bnVsbA==",
          "dependencies": [
            "aws_alb_listener.uat-bcs-app-alb-listener80",
            "aws_iam_role.uat-bcp-rep",
            "aws_kms_key.uat-kms",
            "aws_lb.uat-bcs-app-alb",
            "aws_lb_target_group.UAT-BCS-APP-TG",
            "aws_lb_target_group.UAT-BCS-MAP-TG",
            "aws_s3_bucket.uat-bcs-logs",
            "aws_security_group.UAT-BCS-EXTALB-SG",
            "aws_subnet.uat-public",
            "aws_vpc.uat-default",
            "data.aws_canonical_user_id.current_user"
          ]
        }
      ]
    },
    {
      "mode": "managed",
      "type": "aws_alb_listener_rule",
      "name": "uat-map-bcw-rule",
      "provider": "provider[\"registry.terraform.io/hashicorp/aws\"]",
      "instances": [
        {
          "schema_version": 0,
          "attributes": {
            "action": [
              {
                "authenticate_cognito": [],
                "authenticate_oidc": [],
                "fixed_response": [],
                "forward": [],
                "order": 1,
                "redirect": [],
                "target_group_arn": "arn:aws:elasticloadbalancing:eu-west-2:975971611990:targetgroup/UAT-BCW-Mapping-TG/1fa26b4cbb7d52a5",
                "type": "forward"
              }
            ],
            "arn": "arn:aws:elasticloadbalancing:eu-west-2:975971611990:listener-rule/app/uat-bcw-app-alb/88687cfa60341548/b73cd639a905fe15/d45d1ec03291b642",
            "condition": [
              {
                "host_header": [],
                "http_header": [],
                "http_request_method": [],
                "path_pattern": [
                  {
                    "values": [
                      "/geoserver/BCW/*"
                    ]
                  }
                ],
                "query_string": [],
                "source_ip": []
              }
            ],
            "id": "arn:aws:elasticloadbalancing:eu-west-2:975971611990:listener-rule/app/uat-bcw-app-alb/88687cfa60341548/b73cd639a905fe15/d45d1ec03291b642",
            "listener_arn": "arn:aws:elasticloadbalancing:eu-west-2:975971611990:listener/app/uat-bcw-app-alb/88687cfa60341548/b73cd639a905fe15",
            "priority": 1,
            "tags": {},
            "tags_all": {}
          },
          "sensitive_attributes": [],
          "private": "bnVsbA==",
          "dependencies": [
            "aws_alb_listener.uat-bcw-app-alb-listener",
            "aws_iam_role.uat-bcp-rep",
            "aws_kms_key.uat-kms",
            "aws_lb.uat-bcw-app-alb",
            "aws_lb_target_group.UAT-BCW-APP-TG",
            "aws_lb_target_group.UAT-BCW-MAP-TG",
            "aws_s3_bucket.uat-bcw-logs",
            "aws_security_group.UAT-BCW-EXTALB-SG",
            "aws_subnet.uat-public",
            "aws_vpc.uat-default",
            "data.aws_canonical_user_id.current_user"
          ]
        }
      ]
    },
    {
      "mode": "managed",
      "type": "aws_alb_listener_rule",
      "name": "uat-map-bcw-rule80",
      "provider": "provider[\"registry.terraform.io/hashicorp/aws\"]",
      "instances": [
        {
          "schema_version": 0,
          "attributes": {
            "action": [
              {
                "authenticate_cognito": [],
                "authenticate_oidc": [],
                "fixed_response": [],
                "forward": [],
                "order": 1,
                "redirect": [],
                "target_group_arn": "arn:aws:elasticloadbalancing:eu-west-2:975971611990:targetgroup/UAT-BCW-Mapping-TG/1fa26b4cbb7d52a5",
                "type": "forward"
              }
            ],
            "arn": "arn:aws:elasticloadbalancing:eu-west-2:975971611990:listener-rule/app/uat-bcw-app-alb/88687cfa60341548/e0815471789e358c/d4376678b868c898",
            "condition": [
              {
                "host_header": [],
                "http_header": [],
                "http_request_method": [],
                "path_pattern": [
                  {
                    "values": [
                      "/geoserver/BCW/*"
                    ]
                  }
                ],
                "query_string": [],
                "source_ip": []
              }
            ],
            "id": "arn:aws:elasticloadbalancing:eu-west-2:975971611990:listener-rule/app/uat-bcw-app-alb/88687cfa60341548/e0815471789e358c/d4376678b868c898",
            "listener_arn": "arn:aws:elasticloadbalancing:eu-west-2:975971611990:listener/app/uat-bcw-app-alb/88687cfa60341548/e0815471789e358c",
            "priority": 1,
            "tags": {},
            "tags_all": {}
          },
          "sensitive_attributes": [],
          "private": "bnVsbA==",
          "dependencies": [
            "aws_alb_listener.uat-bcw-app-alb-listener80",
            "aws_iam_role.uat-bcp-rep",
            "aws_kms_key.uat-kms",
            "aws_lb.uat-bcw-app-alb",
            "aws_lb_target_group.UAT-BCW-APP-TG",
            "aws_lb_target_group.UAT-BCW-MAP-TG",
            "aws_s3_bucket.uat-bcw-logs",
            "aws_security_group.UAT-BCW-EXTALB-SG",
            "aws_subnet.uat-public",
            "aws_vpc.uat-default",
            "data.aws_canonical_user_id.current_user"
          ]
        }
      ]
    },
    {
      "mode": "managed",
      "type": "aws_alb_listener_rule",
      "name": "uat-map-cffg-rule",
      "provider": "provider[\"registry.terraform.io/hashicorp/aws\"]",
      "instances": [
        {
          "schema_version": 0,
          "attributes": {
            "action": [
              {
                "authenticate_cognito": [],
                "authenticate_oidc": [],
                "fixed_response": [],
                "forward": [],
                "order": 1,
                "redirect": [],
                "target_group_arn": "arn:aws:elasticloadbalancing:eu-west-2:975971611990:targetgroup/UAT-CFFG-Mapping-TG/b0cf229dbce9afa8",
                "type": "forward"
              }
            ],
            "arn": "arn:aws:elasticloadbalancing:eu-west-2:975971611990:listener-rule/app/uat-cffg-app-alb/b86a648bab2e770b/f54055c34d44b36d/805c8e8f0299101e",
            "condition": [
              {
                "host_header": [],
                "http_header": [],
                "http_request_method": [],
                "path_pattern": [
                  {
                    "values": [
                      "/geoserver/CFFG/*"
                    ]
                  }
                ],
                "query_string": [],
                "source_ip": []
              }
            ],
            "id": "arn:aws:elasticloadbalancing:eu-west-2:975971611990:listener-rule/app/uat-cffg-app-alb/b86a648bab2e770b/f54055c34d44b36d/805c8e8f0299101e",
            "listener_arn": "arn:aws:elasticloadbalancing:eu-west-2:975971611990:listener/app/uat-cffg-app-alb/b86a648bab2e770b/f54055c34d44b36d",
            "priority": 1,
            "tags": {},
            "tags_all": {}
          },
          "sensitive_attributes": [],
          "private": "bnVsbA==",
          "dependencies": [
            "aws_alb_listener.uat-cffg-app-alb-listener",
            "aws_iam_role.uat-bcp-rep",
            "aws_kms_key.uat-kms",
            "aws_lb.uat-cffg-app-alb",
            "aws_lb_target_group.UAT-CFFG-APP-TG",
            "aws_lb_target_group.UAT-CFFG-MAP-TG",
            "aws_s3_bucket.uat-cffg-logs",
            "aws_security_group.UAT-CFFG-EXTALB-SG",
            "aws_subnet.uat-public",
            "aws_vpc.uat-default",
            "data.aws_canonical_user_id.current_user"
          ]
        }
      ]
    },
    {
      "mode": "managed",
      "type": "aws_alb_listener_rule",
      "name": "uat-map-cffg-rule80",
      "provider": "provider[\"registry.terraform.io/hashicorp/aws\"]",
      "instances": [
        {
          "schema_version": 0,
          "attributes": {
            "action": [
              {
                "authenticate_cognito": [],
                "authenticate_oidc": [],
                "fixed_response": [],
                "forward": [],
                "order": 1,
                "redirect": [],
                "target_group_arn": "arn:aws:elasticloadbalancing:eu-west-2:975971611990:targetgroup/UAT-CFFG-Mapping-TG/b0cf229dbce9afa8",
                "type": "forward"
              }
            ],
            "arn": "arn:aws:elasticloadbalancing:eu-west-2:975971611990:listener-rule/app/uat-cffg-app-alb/b86a648bab2e770b/ac97d3d1978759ab/2dea992db089ad81",
            "condition": [
              {
                "host_header": [],
                "http_header": [],
                "http_request_method": [],
                "path_pattern": [
                  {
                    "values": [
                      "/geoserver/CFFG/*"
                    ]
                  }
                ],
                "query_string": [],
                "source_ip": []
              }
            ],
            "id": "arn:aws:elasticloadbalancing:eu-west-2:975971611990:listener-rule/app/uat-cffg-app-alb/b86a648bab2e770b/ac97d3d1978759ab/2dea992db089ad81",
            "listener_arn": "arn:aws:elasticloadbalancing:eu-west-2:975971611990:listener/app/uat-cffg-app-alb/b86a648bab2e770b/ac97d3d1978759ab",
            "priority": 1,
            "tags": {},
            "tags_all": {}
          },
          "sensitive_attributes": [],
          "private": "bnVsbA==",
          "dependencies": [
            "aws_alb_listener.uat-cffg-app-alb-listener80",
            "aws_iam_role.uat-bcp-rep",
            "aws_kms_key.uat-kms",
            "aws_lb.uat-cffg-app-alb",
            "aws_lb_target_group.UAT-CFFG-APP-TG",
            "aws_lb_target_group.UAT-CFFG-MAP-TG",
            "aws_s3_bucket.uat-cffg-logs",
            "aws_security_group.UAT-CFFG-EXTALB-SG",
            "aws_subnet.uat-public",
            "aws_vpc.uat-default",
            "data.aws_canonical_user_id.current_user"
          ]
        }
      ]
    },
    {
      "mode": "managed",
      "type": "aws_autoscaling_group",
      "name": "UAT-APP-ASG",
      "provider": "provider[\"registry.terraform.io/hashicorp/aws\"]",
      "instances": [
        {
          "index_key": 0,
          "schema_version": 0,
          "attributes": {
            "arn": "arn:aws:autoscaling:eu-west-2:975971611990:autoScalingGroup:e8d0a64f-f8c6-4939-8ef6-c0ac2a47992b:autoScalingGroupName/UAT Application Auto Scale Group",
            "availability_zones": [
              "eu-west-2a",
              "eu-west-2b"
            ],
            "capacity_rebalance": false,
            "default_cooldown": 300,
            "desired_capacity": 1,
            "enabled_metrics": [
              "GroupAndWarmPoolDesiredCapacity",
              "GroupAndWarmPoolTotalCapacity",
              "GroupDesiredCapacity",
              "GroupInServiceCapacity",
              "GroupInServiceInstances",
              "GroupMaxSize",
              "GroupMinSize",
              "GroupPendingCapacity",
              "GroupPendingInstances",
              "GroupStandbyCapacity",
              "GroupStandbyInstances",
              "GroupTerminatingCapacity",
              "GroupTerminatingInstances",
              "GroupTotalCapacity",
              "GroupTotalInstances",
              "WarmPoolDesiredCapacity",
              "WarmPoolMinSize",
              "WarmPoolPendingCapacity",
              "WarmPoolTerminatingCapacity",
              "WarmPoolTotalCapacity",
              "WarmPoolWarmedCapacity"
            ],
            "force_delete": false,
            "force_delete_warm_pool": false,
            "health_check_grace_period": 300,
            "health_check_type": "ELB",
            "id": "UAT Application Auto Scale Group",
            "initial_lifecycle_hook": [],
            "instance_refresh": [],
            "launch_configuration": "UAT BCE Application Launch Configuration",
            "launch_template": [],
            "load_balancers": [],
            "max_instance_lifetime": 0,
            "max_size": 6,
            "metrics_granularity": "1Minute",
            "min_elb_capacity": null,
            "min_size": 1,
            "mixed_instances_policy": [],
            "name": "UAT Application Auto Scale Group",
            "name_prefix": "",
            "placement_group": "",
            "protect_from_scale_in": false,
            "service_linked_role_arn": "arn:aws:iam::975971611990:role/aws-service-role/autoscaling.amazonaws.com/AWSServiceRoleForAutoScaling",
            "suspended_processes": [],
            "tag": [
              {
                "key": "Inspector",
                "propagate_at_launch": true,
                "value": "ON"
              },
              {
                "key": "Name",
                "propagate_at_launch": true,
                "value": "UAT-EC2-APPLICATION1"
              }
            ],
            "tags": null,
            "target_group_arns": [
              "arn:aws:elasticloadbalancing:eu-west-2:975971611990:targetgroup/UAT-BCE-Applicaton-TG/cbe5d0fd27c094f0",
              "arn:aws:elasticloadbalancing:eu-west-2:975971611990:targetgroup/UAT-BCS-Applicaton-TG/180df5b2e1bc167f",
              "arn:aws:elasticloadbalancing:eu-west-2:975971611990:targetgroup/UAT-BCW-Applicaton-TG/0710885824c8fbfc",
              "arn:aws:elasticloadbalancing:eu-west-2:975971611990:targetgroup/UAT-CFFG-Applicaton-TG/04eb87873f9b8ecd"
            ],
            "termination_policies": [
              "OldestInstance"
            ],
            "timeouts": null,
            "vpc_zone_identifier": [
              "subnet-007131e6c2e6bb38f",
              "subnet-071ca9cea4927a3a7"
            ],
            "wait_for_capacity_timeout": "10m",
            "wait_for_elb_capacity": null,
            "warm_pool": []
          },
          "sensitive_attributes": [],
          "private": "eyJlMmJmYjczMC1lY2FhLTExZTYtOGY4OC0zNDM2M2JjN2M0YzAiOnsiZGVsZXRlIjo2MDAwMDAwMDAwMDB9fQ==",
          "dependencies": [
            "aws_iam_instance_profile.uat-ec2-cloudwatch",
            "aws_iam_role.uat-ec2-cloudwatch",
            "aws_launch_configuration.UAT-APP-LC",
            "aws_lb_target_group.UAT-BCE-APP-TG",
            "aws_lb_target_group.UAT-BCS-APP-TG",
            "aws_lb_target_group.UAT-BCW-APP-TG",
            "aws_lb_target_group.UAT-CFFG-APP-TG",
            "aws_security_group.UAT-BCE-EXTALB-SG",
            "aws_security_group.UAT-BCS-EXTALB-SG",
            "aws_security_group.UAT-BCW-EXTALB-SG",
            "aws_security_group.UAT-CFFG-EXTALB-SG",
            "aws_security_group.UAT-EC2-APP-SG",
            "aws_security_group.allow_ssh",
            "aws_subnet.uat-private",
            "aws_vpc.uat-default"
          ],
          "create_before_destroy": true
        }
      ]
    },
    {
      "mode": "managed",
      "type": "aws_autoscaling_group",
      "name": "UAT-MAP-ASG",
      "provider": "provider[\"registry.terraform.io/hashicorp/aws\"]",
      "instances": [
        {
          "index_key": 0,
          "schema_version": 0,
          "attributes": {
            "arn": "arn:aws:autoscaling:eu-west-2:975971611990:autoScalingGroup:a483c15f-606c-4424-9b40-66c9d558eb08:autoScalingGroupName/UAT Mapping Auto Scale Group",
            "availability_zones": [
              "eu-west-2a",
              "eu-west-2b"
            ],
            "capacity_rebalance": false,
            "default_cooldown": 300,
            "desired_capacity": 1,
            "enabled_metrics": [
              "GroupAndWarmPoolDesiredCapacity",
              "GroupAndWarmPoolTotalCapacity",
              "GroupDesiredCapacity",
              "GroupInServiceCapacity",
              "GroupInServiceInstances",
              "GroupMaxSize",
              "GroupMinSize",
              "GroupPendingCapacity",
              "GroupPendingInstances",
              "GroupStandbyCapacity",
              "GroupStandbyInstances",
              "GroupTerminatingCapacity",
              "GroupTerminatingInstances",
              "GroupTotalCapacity",
              "GroupTotalInstances",
              "WarmPoolDesiredCapacity",
              "WarmPoolMinSize",
              "WarmPoolPendingCapacity",
              "WarmPoolTerminatingCapacity",
              "WarmPoolTotalCapacity",
              "WarmPoolWarmedCapacity"
            ],
            "force_delete": false,
            "force_delete_warm_pool": false,
            "health_check_grace_period": 300,
            "health_check_type": "ELB",
            "id": "UAT Mapping Auto Scale Group",
            "initial_lifecycle_hook": [],
            "instance_refresh": [],
            "launch_configuration": "UAT BCE Mapping Launch Configuration",
            "launch_template": [],
            "load_balancers": [],
            "max_instance_lifetime": 0,
            "max_size": 6,
            "metrics_granularity": "1Minute",
            "min_elb_capacity": null,
            "min_size": 1,
            "mixed_instances_policy": [],
            "name": "UAT Mapping Auto Scale Group",
            "name_prefix": "",
            "placement_group": "",
            "protect_from_scale_in": false,
            "service_linked_role_arn": "arn:aws:iam::975971611990:role/aws-service-role/autoscaling.amazonaws.com/AWSServiceRoleForAutoScaling",
            "suspended_processes": [],
            "tag": [
              {
                "key": "Inspector",
                "propagate_at_launch": true,
                "value": "ON"
              },
              {
                "key": "Name",
                "propagate_at_launch": true,
                "value": "UAT-EC2-MAPPING1"
              }
            ],
            "tags": null,
            "target_group_arns": [
              "arn:aws:elasticloadbalancing:eu-west-2:975971611990:targetgroup/UAT-BCE-Mapping-TG/3aa8021fbaa07b69",
              "arn:aws:elasticloadbalancing:eu-west-2:975971611990:targetgroup/UAT-BCS-Mapping-TG/28d5251577005c8e",
              "arn:aws:elasticloadbalancing:eu-west-2:975971611990:targetgroup/UAT-BCW-Mapping-TG/1fa26b4cbb7d52a5",
              "arn:aws:elasticloadbalancing:eu-west-2:975971611990:targetgroup/UAT-CFFG-Mapping-TG/b0cf229dbce9afa8"
            ],
            "termination_policies": [
              "OldestInstance"
            ],
            "timeouts": null,
            "vpc_zone_identifier": [
              "subnet-007131e6c2e6bb38f",
              "subnet-071ca9cea4927a3a7"
            ],
            "wait_for_capacity_timeout": "10m",
            "wait_for_elb_capacity": null,
            "warm_pool": []
          },
          "sensitive_attributes": [],
          "private": "eyJlMmJmYjczMC1lY2FhLTExZTYtOGY4OC0zNDM2M2JjN2M0YzAiOnsiZGVsZXRlIjo2MDAwMDAwMDAwMDB9fQ==",
          "dependencies": [
            "aws_iam_instance_profile.uat-ec2-cloudwatch",
            "aws_iam_role.uat-ec2-cloudwatch",
            "aws_launch_configuration.UAT-MAP-LC",
            "aws_lb_target_group.UAT-BCE-MAP-TG",
            "aws_lb_target_group.UAT-BCS-MAP-TG",
            "aws_lb_target_group.UAT-BCW-MAP-TG",
            "aws_lb_target_group.UAT-CFFG-MAP-TG",
            "aws_security_group.UAT-BCE-EXTALB-SG",
            "aws_security_group.UAT-BCS-EXTALB-SG",
            "aws_security_group.UAT-BCW-EXTALB-SG",
            "aws_security_group.UAT-CFFG-EXTALB-SG",
            "aws_security_group.UAT-EC2-MAP-SG",
            "aws_security_group.allow_ssh",
            "aws_subnet.uat-private",
            "aws_vpc.uat-default"
          ],
          "create_before_destroy": true
        }
      ]
    },
    {
      "mode": "managed",
      "type": "aws_autoscaling_policy",
      "name": "uat-app-scale-down",
      "provider": "provider[\"registry.terraform.io/hashicorp/aws\"]",
      "instances": [
        {
          "index_key": 0,
          "schema_version": 0,
          "attributes": {
            "adjustment_type": "ChangeInCapacity",
            "arn": "arn:aws:autoscaling:eu-west-2:975971611990:scalingPolicy:fa93f0c4-a0d1-4f99-92be-93b12a0f4009:autoScalingGroupName/UAT Application Auto Scale Group:policyName/uat-app-scale-down",
            "autoscaling_group_name": "UAT Application Auto Scale Group",
            "cooldown": 60,
            "estimated_instance_warmup": 0,
            "id": "uat-app-scale-down",
            "metric_aggregation_type": "",
            "min_adjustment_magnitude": null,
            "name": "uat-app-scale-down",
            "policy_type": "SimpleScaling",
            "predictive_scaling_configuration": [],
            "scaling_adjustment": -1,
            "step_adjustment": [],
            "target_tracking_configuration": []
          },
          "sensitive_attributes": [],
          "private": "bnVsbA==",
          "dependencies": [
            "aws_autoscaling_group.UAT-APP-ASG",
            "aws_iam_instance_profile.uat-ec2-cloudwatch",
            "aws_iam_role.uat-ec2-cloudwatch",
            "aws_launch_configuration.UAT-APP-LC",
            "aws_lb_target_group.UAT-BCE-APP-TG",
            "aws_lb_target_group.UAT-BCS-APP-TG",
            "aws_lb_target_group.UAT-BCW-APP-TG",
            "aws_lb_target_group.UAT-CFFG-APP-TG",
            "aws_security_group.UAT-BCE-EXTALB-SG",
            "aws_security_group.UAT-BCS-EXTALB-SG",
            "aws_security_group.UAT-BCW-EXTALB-SG",
            "aws_security_group.UAT-CFFG-EXTALB-SG",
            "aws_security_group.UAT-EC2-APP-SG",
            "aws_security_group.allow_ssh",
            "aws_subnet.uat-private",
            "aws_vpc.uat-default"
          ]
        }
      ]
    },
    {
      "mode": "managed",
      "type": "aws_autoscaling_policy",
      "name": "uat-app-scale-up",
      "provider": "provider[\"registry.terraform.io/hashicorp/aws\"]",
      "instances": [
        {
          "index_key": 0,
          "schema_version": 0,
          "attributes": {
            "adjustment_type": "ChangeInCapacity",
            "arn": "arn:aws:autoscaling:eu-west-2:975971611990:scalingPolicy:01642268-d6e5-4b6a-bfe7-03fb45b2f4e1:autoScalingGroupName/UAT Application Auto Scale Group:policyName/uat-app-scale-up",
            "autoscaling_group_name": "UAT Application Auto Scale Group",
            "cooldown": 60,
            "estimated_instance_warmup": 0,
            "id": "uat-app-scale-up",
            "metric_aggregation_type": "",
            "min_adjustment_magnitude": null,
            "name": "uat-app-scale-up",
            "policy_type": "SimpleScaling",
            "predictive_scaling_configuration": [],
            "scaling_adjustment": 1,
            "step_adjustment": [],
            "target_tracking_configuration": []
          },
          "sensitive_attributes": [],
          "private": "bnVsbA==",
          "dependencies": [
            "aws_autoscaling_group.UAT-APP-ASG",
            "aws_iam_instance_profile.uat-ec2-cloudwatch",
            "aws_iam_role.uat-ec2-cloudwatch",
            "aws_launch_configuration.UAT-APP-LC",
            "aws_lb_target_group.UAT-BCE-APP-TG",
            "aws_lb_target_group.UAT-BCS-APP-TG",
            "aws_lb_target_group.UAT-BCW-APP-TG",
            "aws_lb_target_group.UAT-CFFG-APP-TG",
            "aws_security_group.UAT-BCE-EXTALB-SG",
            "aws_security_group.UAT-BCS-EXTALB-SG",
            "aws_security_group.UAT-BCW-EXTALB-SG",
            "aws_security_group.UAT-CFFG-EXTALB-SG",
            "aws_security_group.UAT-EC2-APP-SG",
            "aws_security_group.allow_ssh",
            "aws_subnet.uat-private",
            "aws_vpc.uat-default"
          ]
        }
      ]
    },
    {
      "mode": "managed",
      "type": "aws_autoscaling_policy",
      "name": "uat-map-scale-down",
      "provider": "provider[\"registry.terraform.io/hashicorp/aws\"]",
      "instances": [
        {
          "index_key": 0,
          "schema_version": 0,
          "attributes": {
            "adjustment_type": "ChangeInCapacity",
            "arn": "arn:aws:autoscaling:eu-west-2:975971611990:scalingPolicy:3ccd7839-2a60-4ff1-b32c-f5d4c3b6b31e:autoScalingGroupName/UAT Mapping Auto Scale Group:policyName/uat-map-scale-down",
            "autoscaling_group_name": "UAT Mapping Auto Scale Group",
            "cooldown": 60,
            "estimated_instance_warmup": 0,
            "id": "uat-map-scale-down",
            "metric_aggregation_type": "",
            "min_adjustment_magnitude": null,
            "name": "uat-map-scale-down",
            "policy_type": "SimpleScaling",
            "predictive_scaling_configuration": [],
            "scaling_adjustment": -1,
            "step_adjustment": [],
            "target_tracking_configuration": []
          },
          "sensitive_attributes": [],
          "private": "bnVsbA==",
          "dependencies": [
            "aws_autoscaling_group.UAT-MAP-ASG",
            "aws_iam_instance_profile.uat-ec2-cloudwatch",
            "aws_iam_role.uat-ec2-cloudwatch",
            "aws_launch_configuration.UAT-MAP-LC",
            "aws_lb_target_group.UAT-BCE-MAP-TG",
            "aws_lb_target_group.UAT-BCS-MAP-TG",
            "aws_lb_target_group.UAT-BCW-MAP-TG",
            "aws_lb_target_group.UAT-CFFG-MAP-TG",
            "aws_security_group.UAT-BCE-EXTALB-SG",
            "aws_security_group.UAT-BCS-EXTALB-SG",
            "aws_security_group.UAT-BCW-EXTALB-SG",
            "aws_security_group.UAT-CFFG-EXTALB-SG",
            "aws_security_group.UAT-EC2-MAP-SG",
            "aws_security_group.allow_ssh",
            "aws_subnet.uat-private",
            "aws_vpc.uat-default"
          ]
        }
      ]
    },
    {
      "mode": "managed",
      "type": "aws_autoscaling_policy",
      "name": "uat-map-scale-up",
      "provider": "provider[\"registry.terraform.io/hashicorp/aws\"]",
      "instances": [
        {
          "index_key": 0,
          "schema_version": 0,
          "attributes": {
            "adjustment_type": "ChangeInCapacity",
            "arn": "arn:aws:autoscaling:eu-west-2:975971611990:scalingPolicy:e1cef5fe-ee50-4c51-9614-4097ec2b76be:autoScalingGroupName/UAT Mapping Auto Scale Group:policyName/uat-map-scale-up",
            "autoscaling_group_name": "UAT Mapping Auto Scale Group",
            "cooldown": 60,
            "estimated_instance_warmup": 0,
            "id": "uat-map-scale-up",
            "metric_aggregation_type": "",
            "min_adjustment_magnitude": null,
            "name": "uat-map-scale-up",
            "policy_type": "SimpleScaling",
            "predictive_scaling_configuration": [],
            "scaling_adjustment": 1,
            "step_adjustment": [],
            "target_tracking_configuration": []
          },
          "sensitive_attributes": [],
          "private": "bnVsbA==",
          "dependencies": [
            "aws_autoscaling_group.UAT-MAP-ASG",
            "aws_iam_instance_profile.uat-ec2-cloudwatch",
            "aws_iam_role.uat-ec2-cloudwatch",
            "aws_launch_configuration.UAT-MAP-LC",
            "aws_lb_target_group.UAT-BCE-MAP-TG",
            "aws_lb_target_group.UAT-BCS-MAP-TG",
            "aws_lb_target_group.UAT-BCW-MAP-TG",
            "aws_lb_target_group.UAT-CFFG-MAP-TG",
            "aws_security_group.UAT-BCE-EXTALB-SG",
            "aws_security_group.UAT-BCS-EXTALB-SG",
            "aws_security_group.UAT-BCW-EXTALB-SG",
            "aws_security_group.UAT-CFFG-EXTALB-SG",
            "aws_security_group.UAT-EC2-MAP-SG",
            "aws_security_group.allow_ssh",
            "aws_subnet.uat-private",
            "aws_vpc.uat-default"
          ]
        }
      ]
    },
    {
      "mode": "managed",
      "type": "aws_cloudfront_distribution",
      "name": "uat-bce-cf",
      "provider": "provider[\"registry.terraform.io/hashicorp/aws\"]",
      "instances": [
        {
          "schema_version": 1,
          "attributes": {
            "aliases": [
              "uat.bce2023.co.uk",
              "www.uat.bce2023.co.uk"
            ],
            "arn": "arn:aws:cloudfront::975971611990:distribution/EJCNF7QUA07S2",
            "caller_reference": "terraform-20210505225236362500000004",
            "comment": null,
            "custom_error_response": [],
            "default_cache_behavior": [
              {
                "allowed_methods": [
                  "DELETE",
                  "GET",
                  "HEAD",
                  "OPTIONS",
                  "PATCH",
                  "POST",
                  "PUT"
                ],
                "cache_policy_id": "",
                "cached_methods": [
                  "GET",
                  "HEAD"
                ],
                "compress": false,
                "default_ttl": 86400,
                "field_level_encryption_id": "",
                "forwarded_values": [
                  {
                    "cookies": [
                      {
                        "forward": "all",
                        "whitelisted_names": []
                      }
                    ],
                    "headers": [
                      "*"
                    ],
                    "query_string": true,
                    "query_string_cache_keys": []
                  }
                ],
                "function_association": [],
                "lambda_function_association": [],
                "max_ttl": 31536000,
                "min_ttl": 0,
                "origin_request_policy_id": "",
                "realtime_log_config_arn": "",
                "response_headers_policy_id": "",
                "smooth_streaming": false,
                "target_origin_id": "uat-bce-app-alb",
                "trusted_key_groups": [],
                "trusted_signers": [],
                "viewer_protocol_policy": "redirect-to-https"
              }
            ],
            "default_root_object": "",
            "domain_name": "dyase469md9r3.cloudfront.net",
            "enabled": true,
            "etag": "E1NYWNUJ8BWLWT",
            "hosted_zone_id": "Z2FDTNDATAQYW2",
            "http_version": "http2",
            "id": "EJCNF7QUA07S2",
            "in_progress_validation_batches": 0,
            "is_ipv6_enabled": false,
            "last_modified_time": "2021-06-07 20:46:00.623 +0000 UTC",
            "logging_config": [
              {
                "bucket": "uat-bce-cloudfront-logs.s3.amazonaws.com",
                "include_cookies": false,
                "prefix": "uatbce"
              }
            ],
            "ordered_cache_behavior": [],
            "origin": [
              {
                "connection_attempts": 3,
                "connection_timeout": 10,
                "custom_header": [],
                "custom_origin_config": [
                  {
                    "http_port": 80,
                    "https_port": 443,
                    "origin_keepalive_timeout": 5,
                    "origin_protocol_policy": "match-viewer",
                    "origin_read_timeout": 30,
                    "origin_ssl_protocols": [
                      "TLSv1.2"
                    ]
                  }
                ],
                "domain_name": "uat-bce-app-alb-546190699.eu-west-2.elb.amazonaws.com",
                "origin_id": "uat-bce-app-alb",
                "origin_path": "",
                "origin_shield": [],
                "s3_origin_config": []
              },
              {
                "connection_attempts": 3,
                "connection_timeout": 10,
                "custom_header": [],
                "custom_origin_config": [
                  {
                    "http_port": 80,
                    "https_port": 443,
                    "origin_keepalive_timeout": 5,
                    "origin_protocol_policy": "match-viewer",
                    "origin_read_timeout": 30,
                    "origin_ssl_protocols": [
                      "TLSv1.2"
                    ]
                  }
                ],
                "domain_name": "uat-bcp-maintenance.s3-website.eu-west-2.amazonaws.com",
                "origin_id": "UAT-Maintenance",
                "origin_path": "",
                "origin_shield": [],
                "s3_origin_config": []
              }
            ],
            "origin_group": [],
            "price_class": "PriceClass_All",
            "restrictions": [
              {
                "geo_restriction": [
                  {
                    "locations": [],
                    "restriction_type": "none"
                  }
                ]
              }
            ],
            "retain_on_delete": false,
            "status": "Deployed",
            "tags": {},
            "tags_all": {},
            "trusted_key_groups": [
              {
                "enabled": false,
                "items": []
              }
            ],
            "trusted_signers": [
              {
                "enabled": false,
                "items": []
              }
            ],
            "viewer_certificate": [
              {
                "acm_certificate_arn": "arn:aws:acm:us-east-1:975971611990:certificate/0df0c2f6-399c-4724-9ff5-9e84e2be40b1",
                "cloudfront_default_certificate": false,
                "iam_certificate_id": "",
                "minimum_protocol_version": "TLSv1.2_2019",
                "ssl_support_method": "sni-only"
              }
            ],
            "wait_for_deployment": true,
            "web_acl_id": "3b757360-eeed-4494-b69d-4658305b6065"
          },
          "sensitive_attributes": [],
          "private": "eyJzY2hlbWFfdmVyc2lvbiI6IjEifQ==",
          "dependencies": [
            "aws_iam_role.uat-bcp-rep",
            "aws_kms_key.uat-kms",
            "aws_lb.uat-bce-app-alb",
            "aws_s3_bucket.uat-bce-cloudfront-logs",
            "aws_s3_bucket.uat-bce-logs",
            "aws_security_group.UAT-BCE-EXTALB-SG",
            "aws_subnet.uat-public",
            "aws_vpc.uat-default",
            "aws_waf_ipset.uat-bce-waf-ip",
            "aws_waf_rule.uat-bce-waf-rule",
            "aws_waf_web_acl.uat-bce-waf-acl",
            "data.aws_canonical_user_id.current_user"
          ]
        }
      ]
    },
    {
      "mode": "managed",
      "type": "aws_cloudfront_distribution",
      "name": "uat-bcs-cf",
      "provider": "provider[\"registry.terraform.io/hashicorp/aws\"]",
      "instances": [
        {
          "schema_version": 1,
          "attributes": {
            "aliases": [
              "uat.bcs2023.co.uk",
              "www.uat.bcs2023.co.uk"
            ],
            "arn": "arn:aws:cloudfront::975971611990:distribution/EE1S5KYVPOSMS",
            "caller_reference": "terraform-20210505225245927400000005",
            "comment": null,
            "custom_error_response": [],
            "default_cache_behavior": [
              {
                "allowed_methods": [
                  "DELETE",
                  "GET",
                  "HEAD",
                  "OPTIONS",
                  "PATCH",
                  "POST",
                  "PUT"
                ],
                "cache_policy_id": "",
                "cached_methods": [
                  "GET",
                  "HEAD"
                ],
                "compress": false,
                "default_ttl": 86400,
                "field_level_encryption_id": "",
                "forwarded_values": [
                  {
                    "cookies": [
                      {
                        "forward": "all",
                        "whitelisted_names": []
                      }
                    ],
                    "headers": [
                      "*"
                    ],
                    "query_string": true,
                    "query_string_cache_keys": []
                  }
                ],
                "function_association": [],
                "lambda_function_association": [],
                "max_ttl": 31536000,
                "min_ttl": 0,
                "origin_request_policy_id": "",
                "realtime_log_config_arn": "",
                "response_headers_policy_id": "",
                "smooth_streaming": false,
                "target_origin_id": "uat-bcs-app-alb",
                "trusted_key_groups": [],
                "trusted_signers": [],
                "viewer_protocol_policy": "redirect-to-https"
              }
            ],
            "default_root_object": "",
            "domain_name": "d395gwgpotmx6x.cloudfront.net",
            "enabled": true,
            "etag": "ECIALU13O7GB3",
            "hosted_zone_id": "Z2FDTNDATAQYW2",
            "http_version": "http2",
            "id": "EE1S5KYVPOSMS",
            "in_progress_validation_batches": 0,
            "is_ipv6_enabled": false,
            "last_modified_time": "2021-06-07 20:46:00.642 +0000 UTC",
            "logging_config": [
              {
                "bucket": "uat-bcs-cloudfront-logs.s3.amazonaws.com",
                "include_cookies": false,
                "prefix": "uatbcs"
              }
            ],
            "ordered_cache_behavior": [],
            "origin": [
              {
                "connection_attempts": 3,
                "connection_timeout": 10,
                "custom_header": [],
                "custom_origin_config": [
                  {
                    "http_port": 80,
                    "https_port": 443,
                    "origin_keepalive_timeout": 5,
                    "origin_protocol_policy": "match-viewer",
                    "origin_read_timeout": 30,
                    "origin_ssl_protocols": [
                      "TLSv1.2"
                    ]
                  }
                ],
                "domain_name": "uat-bcp-maintenance.s3-website.eu-west-2.amazonaws.com",
                "origin_id": "UAT-Maintenance",
                "origin_path": "",
                "origin_shield": [],
                "s3_origin_config": []
              },
              {
                "connection_attempts": 3,
                "connection_timeout": 10,
                "custom_header": [],
                "custom_origin_config": [
                  {
                    "http_port": 80,
                    "https_port": 443,
                    "origin_keepalive_timeout": 5,
                    "origin_protocol_policy": "match-viewer",
                    "origin_read_timeout": 30,
                    "origin_ssl_protocols": [
                      "TLSv1.2"
                    ]
                  }
                ],
                "domain_name": "uat-bcs-app-alb-1768519539.eu-west-2.elb.amazonaws.com",
                "origin_id": "uat-bcs-app-alb",
                "origin_path": "",
                "origin_shield": [],
                "s3_origin_config": []
              }
            ],
            "origin_group": [],
            "price_class": "PriceClass_All",
            "restrictions": [
              {
                "geo_restriction": [
                  {
                    "locations": [],
                    "restriction_type": "none"
                  }
                ]
              }
            ],
            "retain_on_delete": false,
            "status": "Deployed",
            "tags": {},
            "tags_all": {},
            "trusted_key_groups": [
              {
                "enabled": false,
                "items": []
              }
            ],
            "trusted_signers": [
              {
                "enabled": false,
                "items": []
              }
            ],
            "viewer_certificate": [
              {
                "acm_certificate_arn": "arn:aws:acm:us-east-1:975971611990:certificate/0df0c2f6-399c-4724-9ff5-9e84e2be40b1",
                "cloudfront_default_certificate": false,
                "iam_certificate_id": "",
                "minimum_protocol_version": "TLSv1.2_2019",
                "ssl_support_method": "sni-only"
              }
            ],
            "wait_for_deployment": true,
            "web_acl_id": "616319d2-051a-40e3-a5bf-f2344969f8af"
          },
          "sensitive_attributes": [],
          "private": "eyJzY2hlbWFfdmVyc2lvbiI6IjEifQ==",
          "dependencies": [
            "aws_iam_role.uat-bcp-rep",
            "aws_kms_key.uat-kms",
            "aws_lb.uat-bcs-app-alb",
            "aws_s3_bucket.uat-bcs-cloudfront-logs",
            "aws_s3_bucket.uat-bcs-logs",
            "aws_security_group.UAT-BCS-EXTALB-SG",
            "aws_subnet.uat-public",
            "aws_vpc.uat-default",
            "aws_waf_ipset.uat-bcs-waf-ip",
            "aws_waf_rule.uat-bcs-waf-rule",
            "aws_waf_web_acl.uat-bcs-waf-acl",
            "data.aws_canonical_user_id.current_user"
          ]
        }
      ]
    },
    {
      "mode": "managed",
      "type": "aws_cloudfront_distribution",
      "name": "uat-bcw-cf",
      "provider": "provider[\"registry.terraform.io/hashicorp/aws\"]",
      "instances": [
        {
          "schema_version": 1,
          "attributes": {
            "aliases": [
              "uat.bcw2023.co.uk",
              "www.uat.bcw2023.co.uk"
            ],
            "arn": "arn:aws:cloudfront::975971611990:distribution/E7S5AIY0D20SN",
            "caller_reference": "terraform-20210505225246383500000007",
            "comment": null,
            "custom_error_response": [],
            "default_cache_behavior": [
              {
                "allowed_methods": [
                  "DELETE",
                  "GET",
                  "HEAD",
                  "OPTIONS",
                  "PATCH",
                  "POST",
                  "PUT"
                ],
                "cache_policy_id": "",
                "cached_methods": [
                  "GET",
                  "HEAD"
                ],
                "compress": false,
                "default_ttl": 86400,
                "field_level_encryption_id": "",
                "forwarded_values": [
                  {
                    "cookies": [
                      {
                        "forward": "all",
                        "whitelisted_names": []
                      }
                    ],
                    "headers": [
                      "*"
                    ],
                    "query_string": true,
                    "query_string_cache_keys": []
                  }
                ],
                "function_association": [],
                "lambda_function_association": [],
                "max_ttl": 31536000,
                "min_ttl": 0,
                "origin_request_policy_id": "",
                "realtime_log_config_arn": "",
                "response_headers_policy_id": "",
                "smooth_streaming": false,
                "target_origin_id": "uat-bcw-app-alb",
                "trusted_key_groups": [],
                "trusted_signers": [],
                "viewer_protocol_policy": "redirect-to-https"
              }
            ],
            "default_root_object": "",
            "domain_name": "d1g8mw5ewlatg4.cloudfront.net",
            "enabled": true,
            "etag": "EF6GU7Y1FL7R0",
            "hosted_zone_id": "Z2FDTNDATAQYW2",
            "http_version": "http2",
            "id": "E7S5AIY0D20SN",
            "in_progress_validation_batches": 0,
            "is_ipv6_enabled": false,
            "last_modified_time": "2021-06-07 20:46:00.645 +0000 UTC",
            "logging_config": [
              {
                "bucket": "uat-bcw-cloudfront-logs.s3.amazonaws.com",
                "include_cookies": false,
                "prefix": "uatbcw"
              }
            ],
            "ordered_cache_behavior": [],
            "origin": [
              {
                "connection_attempts": 3,
                "connection_timeout": 10,
                "custom_header": [],
                "custom_origin_config": [
                  {
                    "http_port": 80,
                    "https_port": 443,
                    "origin_keepalive_timeout": 5,
                    "origin_protocol_policy": "match-viewer",
                    "origin_read_timeout": 30,
                    "origin_ssl_protocols": [
                      "TLSv1.2"
                    ]
                  }
                ],
                "domain_name": "uat-bcp-maintenance.s3-website.eu-west-2.amazonaws.com",
                "origin_id": "UAT-Maintenance",
                "origin_path": "",
                "origin_shield": [],
                "s3_origin_config": []
              },
              {
                "connection_attempts": 3,
                "connection_timeout": 10,
                "custom_header": [],
                "custom_origin_config": [
                  {
                    "http_port": 80,
                    "https_port": 443,
                    "origin_keepalive_timeout": 5,
                    "origin_protocol_policy": "match-viewer",
                    "origin_read_timeout": 30,
                    "origin_ssl_protocols": [
                      "TLSv1.2"
                    ]
                  }
                ],
                "domain_name": "uat-bcw-app-alb-815203766.eu-west-2.elb.amazonaws.com",
                "origin_id": "uat-bcw-app-alb",
                "origin_path": "",
                "origin_shield": [],
                "s3_origin_config": []
              }
            ],
            "origin_group": [],
            "price_class": "PriceClass_All",
            "restrictions": [
              {
                "geo_restriction": [
                  {
                    "locations": [],
                    "restriction_type": "none"
                  }
                ]
              }
            ],
            "retain_on_delete": false,
            "status": "Deployed",
            "tags": {},
            "tags_all": {},
            "trusted_key_groups": [
              {
                "enabled": false,
                "items": []
              }
            ],
            "trusted_signers": [
              {
                "enabled": false,
                "items": []
              }
            ],
            "viewer_certificate": [
              {
                "acm_certificate_arn": "arn:aws:acm:us-east-1:975971611990:certificate/0df0c2f6-399c-4724-9ff5-9e84e2be40b1",
                "cloudfront_default_certificate": false,
                "iam_certificate_id": "",
                "minimum_protocol_version": "TLSv1.2_2019",
                "ssl_support_method": "sni-only"
              }
            ],
            "wait_for_deployment": true,
            "web_acl_id": "de26f804-2ce8-43eb-a0e4-39797a8cd41f"
          },
          "sensitive_attributes": [],
          "private": "eyJzY2hlbWFfdmVyc2lvbiI6IjEifQ==",
          "dependencies": [
            "aws_iam_role.uat-bcp-rep",
            "aws_kms_key.uat-kms",
            "aws_lb.uat-bcw-app-alb",
            "aws_s3_bucket.uat-bcw-cloudfront-logs",
            "aws_s3_bucket.uat-bcw-logs",
            "aws_security_group.UAT-BCW-EXTALB-SG",
            "aws_subnet.uat-public",
            "aws_vpc.uat-default",
            "aws_waf_ipset.uat-bcw-waf-ip",
            "aws_waf_rule.uat-bcw-waf-rule",
            "aws_waf_web_acl.uat-bcw-waf-acl",
            "data.aws_canonical_user_id.current_user"
          ]
        }
      ]
    },
    {
      "mode": "managed",
      "type": "aws_cloudfront_distribution",
      "name": "uat-cffg-cf",
      "provider": "provider[\"registry.terraform.io/hashicorp/aws\"]",
      "instances": [
        {
          "schema_version": 1,
          "attributes": {
            "aliases": [
              "uat.cffg2023.co.uk",
              "www.uat.cffg2023.co.uk"
            ],
            "arn": "arn:aws:cloudfront::975971611990:distribution/E1P8RTZCCYII6F",
            "caller_reference": "terraform-20210505225245942900000006",
            "comment": null,
            "custom_error_response": [],
            "default_cache_behavior": [
              {
                "allowed_methods": [
                  "DELETE",
                  "GET",
                  "HEAD",
                  "OPTIONS",
                  "PATCH",
                  "POST",
                  "PUT"
                ],
                "cache_policy_id": "",
                "cached_methods": [
                  "GET",
                  "HEAD"
                ],
                "compress": false,
                "default_ttl": 86400,
                "field_level_encryption_id": "",
                "forwarded_values": [
                  {
                    "cookies": [
                      {
                        "forward": "all",
                        "whitelisted_names": []
                      }
                    ],
                    "headers": [
                      "*"
                    ],
                    "query_string": true,
                    "query_string_cache_keys": []
                  }
                ],
                "function_association": [],
                "lambda_function_association": [],
                "max_ttl": 31536000,
                "min_ttl": 0,
                "origin_request_policy_id": "",
                "realtime_log_config_arn": "",
                "response_headers_policy_id": "",
                "smooth_streaming": false,
                "target_origin_id": "uat-cffg-app-alb",
                "trusted_key_groups": [],
                "trusted_signers": [],
                "viewer_protocol_policy": "redirect-to-https"
              }
            ],
            "default_root_object": "",
            "domain_name": "d2qfngyh3kxzpo.cloudfront.net",
            "enabled": true,
            "etag": "E1Z67LLBU7U8YJ",
            "hosted_zone_id": "Z2FDTNDATAQYW2",
            "http_version": "http2",
            "id": "E1P8RTZCCYII6F",
            "in_progress_validation_batches": 0,
            "is_ipv6_enabled": false,
            "last_modified_time": "2021-06-07 20:46:00.625 +0000 UTC",
            "logging_config": [
              {
                "bucket": "uat-cffg-cloudfront-logs.s3.amazonaws.com",
                "include_cookies": false,
                "prefix": "uatcffg"
              }
            ],
            "ordered_cache_behavior": [],
            "origin": [
              {
                "connection_attempts": 3,
                "connection_timeout": 10,
                "custom_header": [],
                "custom_origin_config": [
                  {
                    "http_port": 80,
                    "https_port": 443,
                    "origin_keepalive_timeout": 5,
                    "origin_protocol_policy": "match-viewer",
                    "origin_read_timeout": 30,
                    "origin_ssl_protocols": [
                      "TLSv1.2"
                    ]
                  }
                ],
                "domain_name": "uat-bcp-maintenance.s3-website.eu-west-2.amazonaws.com",
                "origin_id": "UAT-Maintenance",
                "origin_path": "",
                "origin_shield": [],
                "s3_origin_config": []
              },
              {
                "connection_attempts": 3,
                "connection_timeout": 10,
                "custom_header": [],
                "custom_origin_config": [
                  {
                    "http_port": 80,
                    "https_port": 443,
                    "origin_keepalive_timeout": 5,
                    "origin_protocol_policy": "match-viewer",
                    "origin_read_timeout": 30,
                    "origin_ssl_protocols": [
                      "TLSv1.2"
                    ]
                  }
                ],
                "domain_name": "uat-cffg-app-alb-60691542.eu-west-2.elb.amazonaws.com",
                "origin_id": "uat-cffg-app-alb",
                "origin_path": "",
                "origin_shield": [],
                "s3_origin_config": []
              }
            ],
            "origin_group": [],
            "price_class": "PriceClass_All",
            "restrictions": [
              {
                "geo_restriction": [
                  {
                    "locations": [],
                    "restriction_type": "none"
                  }
                ]
              }
            ],
            "retain_on_delete": false,
            "status": "Deployed",
            "tags": {},
            "tags_all": {},
            "trusted_key_groups": [
              {
                "enabled": false,
                "items": []
              }
            ],
            "trusted_signers": [
              {
                "enabled": false,
                "items": []
              }
            ],
            "viewer_certificate": [
              {
                "acm_certificate_arn": "arn:aws:acm:us-east-1:975971611990:certificate/0df0c2f6-399c-4724-9ff5-9e84e2be40b1",
                "cloudfront_default_certificate": false,
                "iam_certificate_id": "",
                "minimum_protocol_version": "TLSv1.2_2019",
                "ssl_support_method": "sni-only"
              }
            ],
            "wait_for_deployment": true,
            "web_acl_id": "5debb511-8195-4e41-9a4a-3ac63030a188"
          },
          "sensitive_attributes": [],
          "private": "eyJzY2hlbWFfdmVyc2lvbiI6IjEifQ==",
          "dependencies": [
            "aws_iam_role.uat-bcp-rep",
            "aws_kms_key.uat-kms",
            "aws_lb.uat-cffg-app-alb",
            "aws_s3_bucket.uat-cffg-cloudfront-logs",
            "aws_s3_bucket.uat-cffg-logs",
            "aws_security_group.UAT-CFFG-EXTALB-SG",
            "aws_subnet.uat-public",
            "aws_vpc.uat-default",
            "aws_waf_ipset.uat-cffg-waf-ip",
            "aws_waf_rule.uat-cffg-waf-rule",
            "aws_waf_web_acl.uat-cffg-waf-acl",
            "data.aws_canonical_user_id.current_user"
          ]
        }
      ]
    },
    {
      "mode": "managed",
      "type": "aws_cloudtrail",
      "name": "uat-cloudtrail",
      "provider": "provider[\"registry.terraform.io/hashicorp/aws\"]",
      "instances": [
        {
          "schema_version": 0,
          "attributes": {
            "advanced_event_selector": [],
            "arn": "arn:aws:cloudtrail:eu-west-2:975971611990:trail/uat-cloudtrail",
            "cloud_watch_logs_group_arn": "arn:aws:logs:eu-west-2:975971611990:log-group:aws-cloudtrail-logs-975971611990-ad1574f8:*",
            "cloud_watch_logs_role_arn": "arn:aws:iam::975971611990:role/service-role/uat-bcp-ct2cw",
            "enable_log_file_validation": true,
            "enable_logging": true,
            "event_selector": [],
            "home_region": "eu-west-2",
            "id": "uat-cloudtrail",
            "include_global_service_events": true,
            "insight_selector": [],
            "is_multi_region_trail": true,
            "is_organization_trail": false,
            "kms_key_id": "arn:aws:kms:eu-west-2:975971611990:key/8aef1df2-783e-40e3-a4cf-36b9197ec98a",
            "name": "uat-cloudtrail",
            "s3_bucket_name": "bcp-uat-cloudtrail",
            "s3_key_prefix": "prefix",
            "sns_topic_name": "",
            "tags": {},
            "tags_all": {}
          },
          "sensitive_attributes": [],
          "private": "bnVsbA==",
          "dependencies": [
            "aws_iam_role.uat-bcp-rep",
            "aws_kms_key.uat-kms",
            "aws_s3_bucket.bcp-uat-cloudtrail",
            "data.aws_caller_identity.current1"
          ]
        }
      ]
    },
    {
      "mode": "managed",
      "type": "aws_cloudwatch_event_rule",
      "name": "uat-inspector",
      "provider": "provider[\"registry.terraform.io/hashicorp/aws\"]",
      "instances": [
        {
          "schema_version": 0,
          "attributes": {
            "arn": "arn:aws:events:eu-west-2:975971611990:rule/uat-scheduled-inspector-assessment",
            "description": "Scheduled Inspector Assessment for arn:aws:inspector:eu-west-2:975971611990:target/0-NMEm2kNO/template/0-yUkyNdCr",
            "event_bus_name": "default",
            "event_pattern": null,
            "id": "uat-scheduled-inspector-assessment",
            "is_enabled": true,
            "name": "uat-scheduled-inspector-assessment",
            "name_prefix": "",
            "role_arn": "",
            "schedule_expression": "rate(1 day)",
            "tags": {},
            "tags_all": {}
          },
          "sensitive_attributes": [],
          "private": "bnVsbA==",
          "dependencies": [
            "aws_inspector_assessment_target.uat-target",
            "aws_inspector_assessment_template.uat-template",
            "aws_inspector_resource_group.uat-inspector"
          ]
        }
      ]
    },
    {
      "mode": "managed",
      "type": "aws_cloudwatch_event_rule",
      "name": "uat_log_exporter",
      "provider": "provider[\"registry.terraform.io/hashicorp/aws\"]",
      "instances": [
        {
          "schema_version": 0,
          "attributes": {
            "arn": "arn:aws:events:eu-west-2:975971611990:rule/uat-log-exporter-pxghoaef",
            "description": "periodically sends UAT cloudwatch log groups to S3",
            "event_bus_name": "default",
            "event_pattern": null,
            "id": "uat-log-exporter-pxghoaef",
            "is_enabled": true,
            "name": "uat-log-exporter-pxghoaef",
            "name_prefix": "",
            "role_arn": "",
            "schedule_expression": "rate(4 hours)",
            "tags": {},
            "tags_all": {}
          },
          "sensitive_attributes": [],
          "private": "bnVsbA==",
          "dependencies": [
            "random_string.random"
          ]
        }
      ]
    },
    {
      "mode": "managed",
      "type": "aws_cloudwatch_event_target",
      "name": "uat-inspect",
      "provider": "provider[\"registry.terraform.io/hashicorp/aws\"]",
      "instances": [
        {
          "schema_version": 1,
          "attributes": {
            "arn": "arn:aws:inspector:eu-west-2:975971611990:target/0-NMEm2kNO/template/0-yUkyNdCr",
            "batch_target": [],
            "dead_letter_config": [],
            "ecs_target": [],
            "event_bus_name": "default",
            "http_target": [],
            "id": "uat-scheduled-inspector-assessment-Amazon_Inspector_Assess",
            "input": "",
            "input_path": "",
            "input_transformer": [],
            "kinesis_target": [],
            "redshift_target": [],
            "retry_policy": [],
            "role_arn": "arn:aws:iam::975971611990:role/uat-inspector-event-role",
            "rule": "uat-scheduled-inspector-assessment",
            "run_command_targets": [],
            "sqs_target": [],
            "target_id": "Amazon_Inspector_Assess"
          },
          "sensitive_attributes": [],
          "private": "eyJzY2hlbWFfdmVyc2lvbiI6IjEifQ==",
          "dependencies": [
            "aws_cloudwatch_event_rule.uat-inspector",
            "aws_iam_role.uat_inspector_event_role",
            "aws_inspector_assessment_target.uat-target",
            "aws_inspector_assessment_template.uat-template",
            "aws_inspector_resource_group.uat-inspector"
          ]
        }
      ]
    },
    {
      "mode": "managed",
      "type": "aws_cloudwatch_event_target",
      "name": "uat_log_exporter",
      "provider": "provider[\"registry.terraform.io/hashicorp/aws\"]",
      "instances": [
        {
          "schema_version": 1,
          "attributes": {
            "arn": "arn:aws:lambda:eu-west-2:975971611990:function:uat-log-exporter-pxghoaef",
            "batch_target": [],
            "dead_letter_config": [],
            "ecs_target": [],
            "event_bus_name": "default",
            "http_target": [],
            "id": "uat-log-exporter-pxghoaef-uat-log-exporter-pxghoaef",
            "input": "",
            "input_path": "",
            "input_transformer": [],
            "kinesis_target": [],
            "redshift_target": [],
            "retry_policy": [],
            "role_arn": "",
            "rule": "uat-log-exporter-pxghoaef",
            "run_command_targets": [],
            "sqs_target": [],
            "target_id": "uat-log-exporter-pxghoaef"
          },
          "sensitive_attributes": [],
          "private": "eyJzY2hlbWFfdmVyc2lvbiI6IjEifQ==",
          "dependencies": [
            "aws_cloudwatch_event_rule.uat_log_exporter",
            "aws_iam_role.uat-bcp-rep",
            "aws_iam_role.uat_log_exporter",
            "aws_kms_key.uat-kms",
            "aws_lambda_function.uat_log_exporter",
            "aws_s3_bucket.uat-bcp-cloudwatch",
            "data.archive_file.uat_log_exporter",
            "random_string.random"
          ]
        }
      ]
    },
    {
      "mode": "managed",
      "type": "aws_cloudwatch_log_group",
      "name": "uat-apache",
      "provider": "provider[\"registry.terraform.io/hashicorp/aws\"]",
      "instances": [
        {
          "schema_version": 0,
          "attributes": {
            "arn": "arn:aws:logs:eu-west-2:975971611990:log-group:UatApacheLogGroup",
            "id": "UatApacheLogGroup",
            "kms_key_id": "",
            "name": "UatApacheLogGroup",
            "name_prefix": null,
            "retention_in_days": 0,
            "tags": {},
            "tags_all": {}
          },
          "sensitive_attributes": [],
          "private": "bnVsbA=="
        }
      ]
    },
    {
      "mode": "managed",
      "type": "aws_cloudwatch_log_group",
      "name": "uat-drupal",
      "provider": "provider[\"registry.terraform.io/hashicorp/aws\"]",
      "instances": [
        {
          "schema_version": 0,
          "attributes": {
            "arn": "arn:aws:logs:eu-west-2:975971611990:log-group:UatDrupalLogGroup",
            "id": "UatDrupalLogGroup",
            "kms_key_id": "",
            "name": "UatDrupalLogGroup",
            "name_prefix": null,
            "retention_in_days": 0,
            "tags": {},
            "tags_all": {}
          },
          "sensitive_attributes": [],
          "private": "bnVsbA=="
        }
      ]
    },
    {
      "mode": "managed",
      "type": "aws_cloudwatch_log_group",
      "name": "uat-geoserver",
      "provider": "provider[\"registry.terraform.io/hashicorp/aws\"]",
      "instances": [
        {
          "schema_version": 0,
          "attributes": {
            "arn": "arn:aws:logs:eu-west-2:975971611990:log-group:UatGeoserverLogGroup",
            "id": "UatGeoserverLogGroup",
            "kms_key_id": "",
            "name": "UatGeoserverLogGroup",
            "name_prefix": null,
            "retention_in_days": 0,
            "tags": {},
            "tags_all": {}
          },
          "sensitive_attributes": [],
          "private": "bnVsbA=="
        }
      ]
    },
    {
      "mode": "managed",
      "type": "aws_cloudwatch_log_group",
      "name": "uat-vpclogs",
      "provider": "provider[\"registry.terraform.io/hashicorp/aws\"]",
      "instances": [
        {
          "schema_version": 0,
          "attributes": {
            "arn": "arn:aws:logs:eu-west-2:975971611990:log-group:UatVPCLogGroup",
            "id": "UatVPCLogGroup",
            "kms_key_id": "",
            "name": "UatVPCLogGroup",
            "name_prefix": null,
            "retention_in_days": 0,
            "tags": {},
            "tags_all": {}
          },
          "sensitive_attributes": [],
          "private": "bnVsbA=="
        }
      ]
    },
    {
      "mode": "managed",
      "type": "aws_cloudwatch_metric_alarm",
      "name": "uat-app-cpu-high",
      "provider": "provider[\"registry.terraform.io/hashicorp/aws\"]",
      "instances": [
        {
          "index_key": 0,
          "schema_version": 1,
          "attributes": {
            "actions_enabled": true,
            "alarm_actions": [
              "arn:aws:autoscaling:eu-west-2:975971611990:scalingPolicy:01642268-d6e5-4b6a-bfe7-03fb45b2f4e1:autoScalingGroupName/UAT Application Auto Scale Group:policyName/uat-app-scale-up"
            ],
            "alarm_description": "This metric monitors ec2 cpu for high utilization on agent hosts",
            "alarm_name": "uat-app-cpu-high",
            "arn": "arn:aws:cloudwatch:eu-west-2:975971611990:alarm:uat-app-cpu-high",
            "comparison_operator": "GreaterThanOrEqualToThreshold",
            "datapoints_to_alarm": 1,
            "dimensions": {
              "AutoScalingGroupName": "UAT Application Auto Scale Group"
            },
            "evaluate_low_sample_count_percentiles": "",
            "evaluation_periods": 1,
            "extended_statistic": "",
            "id": "uat-app-cpu-high",
            "insufficient_data_actions": [],
            "metric_name": "CPUUtilization",
            "metric_query": [],
            "namespace": "AWS/EC2",
            "ok_actions": [],
            "period": 60,
            "statistic": "Average",
            "tags": {},
            "tags_all": {},
            "threshold": 75,
            "threshold_metric_id": "",
            "treat_missing_data": "missing",
            "unit": ""
          },
          "sensitive_attributes": [],
          "private": "eyJzY2hlbWFfdmVyc2lvbiI6IjEifQ==",
          "dependencies": [
            "aws_autoscaling_group.UAT-APP-ASG",
            "aws_autoscaling_policy.uat-app-scale-up",
            "aws_iam_instance_profile.uat-ec2-cloudwatch",
            "aws_iam_role.uat-ec2-cloudwatch",
            "aws_launch_configuration.UAT-APP-LC",
            "aws_lb_target_group.UAT-BCE-APP-TG",
            "aws_lb_target_group.UAT-BCS-APP-TG",
            "aws_lb_target_group.UAT-BCW-APP-TG",
            "aws_lb_target_group.UAT-CFFG-APP-TG",
            "aws_security_group.UAT-BCE-EXTALB-SG",
            "aws_security_group.UAT-BCS-EXTALB-SG",
            "aws_security_group.UAT-BCW-EXTALB-SG",
            "aws_security_group.UAT-CFFG-EXTALB-SG",
            "aws_security_group.UAT-EC2-APP-SG",
            "aws_security_group.allow_ssh",
            "aws_subnet.uat-private",
            "aws_vpc.uat-default"
          ]
        }
      ]
    },
    {
      "mode": "managed",
      "type": "aws_cloudwatch_metric_alarm",
      "name": "uat-app-cpu-low",
      "provider": "provider[\"registry.terraform.io/hashicorp/aws\"]",
      "instances": [
        {
          "index_key": 0,
          "schema_version": 1,
          "attributes": {
            "actions_enabled": true,
            "alarm_actions": [
              "arn:aws:autoscaling:eu-west-2:975971611990:scalingPolicy:fa93f0c4-a0d1-4f99-92be-93b12a0f4009:autoScalingGroupName/UAT Application Auto Scale Group:policyName/uat-app-scale-down"
            ],
            "alarm_description": "This metric monitors ec2 cpu for low utilization on agent hosts",
            "alarm_name": "uat-app-cpu-low",
            "arn": "arn:aws:cloudwatch:eu-west-2:975971611990:alarm:uat-app-cpu-low",
            "comparison_operator": "LessThanOrEqualToThreshold",
            "datapoints_to_alarm": 0,
            "dimensions": {
              "AutoScalingGroupName": "UAT Application Auto Scale Group"
            },
            "evaluate_low_sample_count_percentiles": "",
            "evaluation_periods": 1,
            "extended_statistic": "",
            "id": "uat-app-cpu-low",
            "insufficient_data_actions": [],
            "metric_name": "CPUUtilization",
            "metric_query": [],
            "namespace": "AWS/EC2",
            "ok_actions": [],
            "period": 120,
            "statistic": "Average",
            "tags": {},
            "tags_all": {},
            "threshold": 50,
            "threshold_metric_id": "",
            "treat_missing_data": "missing",
            "unit": ""
          },
          "sensitive_attributes": [],
          "private": "eyJzY2hlbWFfdmVyc2lvbiI6IjEifQ==",
          "dependencies": [
            "aws_autoscaling_group.UAT-APP-ASG",
            "aws_autoscaling_policy.uat-app-scale-down",
            "aws_iam_instance_profile.uat-ec2-cloudwatch",
            "aws_iam_role.uat-ec2-cloudwatch",
            "aws_launch_configuration.UAT-APP-LC",
            "aws_lb_target_group.UAT-BCE-APP-TG",
            "aws_lb_target_group.UAT-BCS-APP-TG",
            "aws_lb_target_group.UAT-BCW-APP-TG",
            "aws_lb_target_group.UAT-CFFG-APP-TG",
            "aws_security_group.UAT-BCE-EXTALB-SG",
            "aws_security_group.UAT-BCS-EXTALB-SG",
            "aws_security_group.UAT-BCW-EXTALB-SG",
            "aws_security_group.UAT-CFFG-EXTALB-SG",
            "aws_security_group.UAT-EC2-APP-SG",
            "aws_security_group.allow_ssh",
            "aws_subnet.uat-private",
            "aws_vpc.uat-default"
          ]
        }
      ]
    },
    {
      "mode": "managed",
      "type": "aws_cloudwatch_metric_alarm",
      "name": "uat-map-cpu-high",
      "provider": "provider[\"registry.terraform.io/hashicorp/aws\"]",
      "instances": [
        {
          "index_key": 0,
          "schema_version": 1,
          "attributes": {
            "actions_enabled": true,
            "alarm_actions": [
              "arn:aws:autoscaling:eu-west-2:975971611990:scalingPolicy:e1cef5fe-ee50-4c51-9614-4097ec2b76be:autoScalingGroupName/UAT Mapping Auto Scale Group:policyName/uat-map-scale-up"
            ],
            "alarm_description": "This metric monitors ec2 cpu for high utilization on agent hosts",
            "alarm_name": "uat-map-cpu-high",
            "arn": "arn:aws:cloudwatch:eu-west-2:975971611990:alarm:uat-map-cpu-high",
            "comparison_operator": "GreaterThanOrEqualToThreshold",
            "datapoints_to_alarm": 1,
            "dimensions": {
              "AutoScalingGroupName": "UAT Mapping Auto Scale Group"
            },
            "evaluate_low_sample_count_percentiles": "",
            "evaluation_periods": 1,
            "extended_statistic": "",
            "id": "uat-map-cpu-high",
            "insufficient_data_actions": [],
            "metric_name": "CPUUtilization",
            "metric_query": [],
            "namespace": "AWS/EC2",
            "ok_actions": [],
            "period": 60,
            "statistic": "Average",
            "tags": {},
            "tags_all": {},
            "threshold": 75,
            "threshold_metric_id": "",
            "treat_missing_data": "missing",
            "unit": ""
          },
          "sensitive_attributes": [],
          "private": "eyJzY2hlbWFfdmVyc2lvbiI6IjEifQ==",
          "dependencies": [
            "aws_autoscaling_group.UAT-MAP-ASG",
            "aws_autoscaling_policy.uat-map-scale-up",
            "aws_iam_instance_profile.uat-ec2-cloudwatch",
            "aws_iam_role.uat-ec2-cloudwatch",
            "aws_launch_configuration.UAT-MAP-LC",
            "aws_lb_target_group.UAT-BCE-MAP-TG",
            "aws_lb_target_group.UAT-BCS-MAP-TG",
            "aws_lb_target_group.UAT-BCW-MAP-TG",
            "aws_lb_target_group.UAT-CFFG-MAP-TG",
            "aws_security_group.UAT-BCE-EXTALB-SG",
            "aws_security_group.UAT-BCS-EXTALB-SG",
            "aws_security_group.UAT-BCW-EXTALB-SG",
            "aws_security_group.UAT-CFFG-EXTALB-SG",
            "aws_security_group.UAT-EC2-MAP-SG",
            "aws_security_group.allow_ssh",
            "aws_subnet.uat-private",
            "aws_vpc.uat-default"
          ]
        }
      ]
    },
    {
      "mode": "managed",
      "type": "aws_cloudwatch_metric_alarm",
      "name": "uat-map-cpu-low",
      "provider": "provider[\"registry.terraform.io/hashicorp/aws\"]",
      "instances": [
        {
          "index_key": 0,
          "schema_version": 1,
          "attributes": {
            "actions_enabled": true,
            "alarm_actions": [
              "arn:aws:autoscaling:eu-west-2:975971611990:scalingPolicy:3ccd7839-2a60-4ff1-b32c-f5d4c3b6b31e:autoScalingGroupName/UAT Mapping Auto Scale Group:policyName/uat-map-scale-down"
            ],
            "alarm_description": "This metric monitors ec2 cpu for low utilization on agent hosts",
            "alarm_name": "uat-map-cpu-low",
            "arn": "arn:aws:cloudwatch:eu-west-2:975971611990:alarm:uat-map-cpu-low",
            "comparison_operator": "LessThanOrEqualToThreshold",
            "datapoints_to_alarm": 0,
            "dimensions": {
              "AutoScalingGroupName": "UAT Mapping Auto Scale Group"
            },
            "evaluate_low_sample_count_percentiles": "",
            "evaluation_periods": 1,
            "extended_statistic": "",
            "id": "uat-map-cpu-low",
            "insufficient_data_actions": [],
            "metric_name": "CPUUtilization",
            "metric_query": [],
            "namespace": "AWS/EC2",
            "ok_actions": [],
            "period": 120,
            "statistic": "Average",
            "tags": {},
            "tags_all": {},
            "threshold": 50,
            "threshold_metric_id": "",
            "treat_missing_data": "missing",
            "unit": ""
          },
          "sensitive_attributes": [],
          "private": "eyJzY2hlbWFfdmVyc2lvbiI6IjEifQ==",
          "dependencies": [
            "aws_autoscaling_group.UAT-MAP-ASG",
            "aws_autoscaling_policy.uat-map-scale-down",
            "aws_iam_instance_profile.uat-ec2-cloudwatch",
            "aws_iam_role.uat-ec2-cloudwatch",
            "aws_launch_configuration.UAT-MAP-LC",
            "aws_lb_target_group.UAT-BCE-MAP-TG",
            "aws_lb_target_group.UAT-BCS-MAP-TG",
            "aws_lb_target_group.UAT-BCW-MAP-TG",
            "aws_lb_target_group.UAT-CFFG-MAP-TG",
            "aws_security_group.UAT-BCE-EXTALB-SG",
            "aws_security_group.UAT-BCS-EXTALB-SG",
            "aws_security_group.UAT-BCW-EXTALB-SG",
            "aws_security_group.UAT-CFFG-EXTALB-SG",
            "aws_security_group.UAT-EC2-MAP-SG",
            "aws_security_group.allow_ssh",
            "aws_subnet.uat-private",
            "aws_vpc.uat-default"
          ]
        }
      ]
    },
    {
      "mode": "managed",
      "type": "aws_cloudwatch_metric_alarm",
      "name": "uat-rds-connections",
      "provider": "provider[\"registry.terraform.io/hashicorp/aws\"]",
      "instances": [
        {
          "schema_version": 1,
          "attributes": {
            "actions_enabled": true,
            "alarm_actions": [
              "arn:aws:sns:eu-west-2:975971611990:UAT-CloudWatch-Alerts"
            ],
            "alarm_description": "Alarm at more than 25 concurrent connections",
            "alarm_name": "uat-rds-high-connections",
            "arn": "arn:aws:cloudwatch:eu-west-2:975971611990:alarm:uat-rds-high-connections",
            "comparison_operator": "GreaterThanOrEqualToThreshold",
            "datapoints_to_alarm": 0,
            "dimensions": {
              "DBInstanceIdentifier": "uat-bcp-db"
            },
            "evaluate_low_sample_count_percentiles": "",
            "evaluation_periods": 1,
            "extended_statistic": "",
            "id": "uat-rds-high-connections",
            "insufficient_data_actions": [],
            "metric_name": "DatabaseConnections",
            "metric_query": [],
            "namespace": "AWS/RDS",
            "ok_actions": [
              "arn:aws:sns:eu-west-2:975971611990:UAT-CloudWatch-Alerts"
            ],
            "period": 60,
            "statistic": "Average",
            "tags": {},
            "tags_all": {},
            "threshold": 25,
            "threshold_metric_id": "",
            "treat_missing_data": "missing",
            "unit": ""
          },
          "sensitive_attributes": [],
          "private": "eyJzY2hlbWFfdmVyc2lvbiI6IjEifQ==",
          "dependencies": [
            "aws_db_instance.uat-bcp-db",
            "aws_db_subnet_group.uat-rds-sub",
            "aws_security_group.UAT-BCE-EXTALB-SG",
            "aws_security_group.UAT-BCS-EXTALB-SG",
            "aws_security_group.UAT-BCW-EXTALB-SG",
            "aws_security_group.UAT-CFFG-EXTALB-SG",
            "aws_security_group.UAT-EC2-APP-SG",
            "aws_security_group.UAT-EC2-MAP-SG",
            "aws_security_group.UAT-RDS-SG",
            "aws_security_group.allow_ssh",
            "aws_sns_topic.uat-cloudwatch-alerts",
            "aws_subnet.uat-private",
            "aws_vpc.uat-default",
            "data.aws_db_snapshot.uat-snap"
          ]
        }
      ]
    },
    {
      "mode": "managed",
      "type": "aws_cloudwatch_metric_alarm",
      "name": "uat-rds-cpu",
      "provider": "provider[\"registry.terraform.io/hashicorp/aws\"]",
      "instances": [
        {
          "schema_version": 1,
          "attributes": {
            "actions_enabled": true,
            "alarm_actions": [
              "arn:aws:sns:eu-west-2:975971611990:UAT-CloudWatch-Alerts"
            ],
            "alarm_description": "Alarm at more than 50% CPU",
            "alarm_name": "uat-rds-high-cpu",
            "arn": "arn:aws:cloudwatch:eu-west-2:975971611990:alarm:uat-rds-high-cpu",
            "comparison_operator": "GreaterThanOrEqualToThreshold",
            "datapoints_to_alarm": 0,
            "dimensions": {
              "DBInstanceIdentifier": "uat-bcp-db"
            },
            "evaluate_low_sample_count_percentiles": "",
            "evaluation_periods": 1,
            "extended_statistic": "",
            "id": "uat-rds-high-cpu",
            "insufficient_data_actions": [],
            "metric_name": "CPUUtilization",
            "metric_query": [],
            "namespace": "AWS/RDS",
            "ok_actions": [
              "arn:aws:sns:eu-west-2:975971611990:UAT-CloudWatch-Alerts"
            ],
            "period": 120,
            "statistic": "Average",
            "tags": {},
            "tags_all": {},
            "threshold": 50,
            "threshold_metric_id": "",
            "treat_missing_data": "missing",
            "unit": ""
          },
          "sensitive_attributes": [],
          "private": "eyJzY2hlbWFfdmVyc2lvbiI6IjEifQ==",
          "dependencies": [
            "aws_db_instance.uat-bcp-db",
            "aws_db_subnet_group.uat-rds-sub",
            "aws_security_group.UAT-BCE-EXTALB-SG",
            "aws_security_group.UAT-BCS-EXTALB-SG",
            "aws_security_group.UAT-BCW-EXTALB-SG",
            "aws_security_group.UAT-CFFG-EXTALB-SG",
            "aws_security_group.UAT-EC2-APP-SG",
            "aws_security_group.UAT-EC2-MAP-SG",
            "aws_security_group.UAT-RDS-SG",
            "aws_security_group.allow_ssh",
            "aws_sns_topic.uat-cloudwatch-alerts",
            "aws_subnet.uat-private",
            "aws_vpc.uat-default",
            "data.aws_db_snapshot.uat-snap"
          ]
        }
      ]
    },
    {
      "mode": "managed",
      "type": "aws_cloudwatch_metric_alarm",
      "name": "uat-rds-freemem",
      "provider": "provider[\"registry.terraform.io/hashicorp/aws\"]",
      "instances": [
        {
          "schema_version": 1,
          "attributes": {
            "actions_enabled": true,
            "alarm_actions": [
              "arn:aws:sns:eu-west-2:975971611990:UAT-CloudWatch-Alerts"
            ],
            "alarm_description": "Alarm at less than 1000MB freeable",
            "alarm_name": "uat-rds-low-freemem",
            "arn": "arn:aws:cloudwatch:eu-west-2:975971611990:alarm:uat-rds-low-freemem",
            "comparison_operator": "LessThanOrEqualToThreshold",
            "datapoints_to_alarm": 0,
            "dimensions": {
              "DBInstanceIdentifier": "uat-bcp-db"
            },
            "evaluate_low_sample_count_percentiles": "",
            "evaluation_periods": 1,
            "extended_statistic": "",
            "id": "uat-rds-low-freemem",
            "insufficient_data_actions": [],
            "metric_name": "FreeableMemory",
            "metric_query": [],
            "namespace": "AWS/RDS",
            "ok_actions": [
              "arn:aws:sns:eu-west-2:975971611990:UAT-CloudWatch-Alerts"
            ],
            "period": 60,
            "statistic": "Average",
            "tags": {},
            "tags_all": {},
            "threshold": 1000,
            "threshold_metric_id": "",
            "treat_missing_data": "missing",
            "unit": ""
          },
          "sensitive_attributes": [],
          "private": "eyJzY2hlbWFfdmVyc2lvbiI6IjEifQ==",
          "dependencies": [
            "aws_db_instance.uat-bcp-db",
            "aws_db_subnet_group.uat-rds-sub",
            "aws_security_group.UAT-BCE-EXTALB-SG",
            "aws_security_group.UAT-BCS-EXTALB-SG",
            "aws_security_group.UAT-BCW-EXTALB-SG",
            "aws_security_group.UAT-CFFG-EXTALB-SG",
            "aws_security_group.UAT-EC2-APP-SG",
            "aws_security_group.UAT-EC2-MAP-SG",
            "aws_security_group.UAT-RDS-SG",
            "aws_security_group.allow_ssh",
            "aws_sns_topic.uat-cloudwatch-alerts",
            "aws_subnet.uat-private",
            "aws_vpc.uat-default",
            "data.aws_db_snapshot.uat-snap"
          ]
        }
      ]
    },
    {
      "mode": "managed",
      "type": "aws_cloudwatch_metric_alarm",
      "name": "uat-rds-latency",
      "provider": "provider[\"registry.terraform.io/hashicorp/aws\"]",
      "instances": [
        {
          "schema_version": 1,
          "attributes": {
            "actions_enabled": true,
            "alarm_actions": [
              "arn:aws:sns:eu-west-2:975971611990:UAT-CloudWatch-Alerts"
            ],
            "alarm_description": "Alarm at more 10 latency",
            "alarm_name": "uat-rds-high-latency",
            "arn": "arn:aws:cloudwatch:eu-west-2:975971611990:alarm:uat-rds-high-latency",
            "comparison_operator": "GreaterThanOrEqualToThreshold",
            "datapoints_to_alarm": 0,
            "dimensions": {
              "DBInstanceIdentifier": "uat-bcp-db"
            },
            "evaluate_low_sample_count_percentiles": "",
            "evaluation_periods": 1,
            "extended_statistic": "",
            "id": "uat-rds-high-latency",
            "insufficient_data_actions": [],
            "metric_name": "WriteLatency",
            "metric_query": [],
            "namespace": "AWS/RDS",
            "ok_actions": [
              "arn:aws:sns:eu-west-2:975971611990:UAT-CloudWatch-Alerts"
            ],
            "period": 60,
            "statistic": "Average",
            "tags": {},
            "tags_all": {},
            "threshold": 10,
            "threshold_metric_id": "",
            "treat_missing_data": "missing",
            "unit": ""
          },
          "sensitive_attributes": [],
          "private": "eyJzY2hlbWFfdmVyc2lvbiI6IjEifQ==",
          "dependencies": [
            "aws_db_instance.uat-bcp-db",
            "aws_db_subnet_group.uat-rds-sub",
            "aws_security_group.UAT-BCE-EXTALB-SG",
            "aws_security_group.UAT-BCS-EXTALB-SG",
            "aws_security_group.UAT-BCW-EXTALB-SG",
            "aws_security_group.UAT-CFFG-EXTALB-SG",
            "aws_security_group.UAT-EC2-APP-SG",
            "aws_security_group.UAT-EC2-MAP-SG",
            "aws_security_group.UAT-RDS-SG",
            "aws_security_group.allow_ssh",
            "aws_sns_topic.uat-cloudwatch-alerts",
            "aws_subnet.uat-private",
            "aws_vpc.uat-default",
            "data.aws_db_snapshot.uat-snap"
          ]
        }
      ]
    },
    {
      "mode": "managed",
      "type": "aws_cloudwatch_metric_alarm",
      "name": "uat-rds-queue",
      "provider": "provider[\"registry.terraform.io/hashicorp/aws\"]",
      "instances": [
        {
          "schema_version": 1,
          "attributes": {
            "actions_enabled": true,
            "alarm_actions": [
              "arn:aws:sns:eu-west-2:975971611990:UAT-CloudWatch-Alerts"
            ],
            "alarm_description": "Alarm at more 20 queue",
            "alarm_name": "uat-rds-high-queue",
            "arn": "arn:aws:cloudwatch:eu-west-2:975971611990:alarm:uat-rds-high-queue",
            "comparison_operator": "GreaterThanOrEqualToThreshold",
            "datapoints_to_alarm": 0,
            "dimensions": {
              "DBInstanceIdentifier": "uat-bcp-db"
            },
            "evaluate_low_sample_count_percentiles": "",
            "evaluation_periods": 1,
            "extended_statistic": "",
            "id": "uat-rds-high-queue",
            "insufficient_data_actions": [],
            "metric_name": "DiskQueueDepth",
            "metric_query": [],
            "namespace": "AWS/RDS",
            "ok_actions": [
              "arn:aws:sns:eu-west-2:975971611990:UAT-CloudWatch-Alerts"
            ],
            "period": 60,
            "statistic": "Average",
            "tags": {},
            "tags_all": {},
            "threshold": 20,
            "threshold_metric_id": "",
            "treat_missing_data": "missing",
            "unit": ""
          },
          "sensitive_attributes": [],
          "private": "eyJzY2hlbWFfdmVyc2lvbiI6IjEifQ==",
          "dependencies": [
            "aws_db_instance.uat-bcp-db",
            "aws_db_subnet_group.uat-rds-sub",
            "aws_security_group.UAT-BCE-EXTALB-SG",
            "aws_security_group.UAT-BCS-EXTALB-SG",
            "aws_security_group.UAT-BCW-EXTALB-SG",
            "aws_security_group.UAT-CFFG-EXTALB-SG",
            "aws_security_group.UAT-EC2-APP-SG",
            "aws_security_group.UAT-EC2-MAP-SG",
            "aws_security_group.UAT-RDS-SG",
            "aws_security_group.allow_ssh",
            "aws_sns_topic.uat-cloudwatch-alerts",
            "aws_subnet.uat-private",
            "aws_vpc.uat-default",
            "data.aws_db_snapshot.uat-snap"
          ]
        }
      ]
    },
    {
      "mode": "managed",
      "type": "aws_cloudwatch_metric_alarm",
      "name": "uat-rds-storage",
      "provider": "provider[\"registry.terraform.io/hashicorp/aws\"]",
      "instances": [
        {
          "schema_version": 1,
          "attributes": {
            "actions_enabled": true,
            "alarm_actions": [
              "arn:aws:sns:eu-west-2:975971611990:UAT-CloudWatch-Alerts"
            ],
            "alarm_description": "Alarm at less than 10GB free storage ",
            "alarm_name": "uat-rds-low-storage",
            "arn": "arn:aws:cloudwatch:eu-west-2:975971611990:alarm:uat-rds-low-storage",
            "comparison_operator": "LessThanOrEqualToThreshold",
            "datapoints_to_alarm": 0,
            "dimensions": {
              "DBInstanceIdentifier": "uat-bcp-db"
            },
            "evaluate_low_sample_count_percentiles": "",
            "evaluation_periods": 1,
            "extended_statistic": "",
            "id": "uat-rds-low-storage",
            "insufficient_data_actions": [],
            "metric_name": "FreeStorageSpace",
            "metric_query": [],
            "namespace": "AWS/RDS",
            "ok_actions": [
              "arn:aws:sns:eu-west-2:975971611990:UAT-CloudWatch-Alerts"
            ],
            "period": 60,
            "statistic": "Average",
            "tags": {},
            "tags_all": {},
            "threshold": 10,
            "threshold_metric_id": "",
            "treat_missing_data": "missing",
            "unit": ""
          },
          "sensitive_attributes": [],
          "private": "eyJzY2hlbWFfdmVyc2lvbiI6IjEifQ==",
          "dependencies": [
            "aws_db_instance.uat-bcp-db",
            "aws_db_subnet_group.uat-rds-sub",
            "aws_security_group.UAT-BCE-EXTALB-SG",
            "aws_security_group.UAT-BCS-EXTALB-SG",
            "aws_security_group.UAT-BCW-EXTALB-SG",
            "aws_security_group.UAT-CFFG-EXTALB-SG",
            "aws_security_group.UAT-EC2-APP-SG",
            "aws_security_group.UAT-EC2-MAP-SG",
            "aws_security_group.UAT-RDS-SG",
            "aws_security_group.allow_ssh",
            "aws_sns_topic.uat-cloudwatch-alerts",
            "aws_subnet.uat-private",
            "aws_vpc.uat-default",
            "data.aws_db_snapshot.uat-snap"
          ]
        }
      ]
    },
    {
      "mode": "managed",
      "type": "aws_db_instance",
      "name": "uat-bcp-db",
      "provider": "provider[\"registry.terraform.io/hashicorp/aws\"]",
      "instances": [
        {
          "schema_version": 1,
          "attributes": {
            "address": "uat-bcp-db.crjf8wrofi48.eu-west-2.rds.amazonaws.com",
            "allocated_storage": 100,
            "allow_major_version_upgrade": null,
            "apply_immediately": null,
            "arn": "arn:aws:rds:eu-west-2:975971611990:db:uat-bcp-db",
            "auto_minor_version_upgrade": false,
            "availability_zone": "eu-west-2b",
            "backup_retention_period": 7,
            "backup_window": "02:00-02:30",
            "ca_cert_identifier": "rds-ca-2019",
            "character_set_name": "",
            "copy_tags_to_snapshot": false,
            "customer_owned_ip_enabled": false,
            "db_subnet_group_name": "dev-main",
            "delete_automated_backups": true,
            "deletion_protection": false,
            "domain": "",
            "domain_iam_role_name": "",
            "enabled_cloudwatch_logs_exports": [],
            "endpoint": "uat-bcp-db.crjf8wrofi48.eu-west-2.rds.amazonaws.com:3306",
            "engine": "mysql",
            "engine_version": "8.0.28",
            "engine_version_actual": "8.0.28",
            "final_snapshot_identifier": null,
            "hosted_zone_id": "Z1TTGA775OQIYO",
            "iam_database_authentication_enabled": false,
            "id": "uat-bcp-db",
            "identifier": "uat-bcp-db",
            "identifier_prefix": null,
            "instance_class": "db.t3.medium",
            "iops": 0,
            "kms_key_id": "arn:aws:kms:eu-west-2:975971611990:key/f356a288-0fce-475a-8223-bd380f9d93cf",
            "latest_restorable_time": "2022-11-03T09:55:00Z",
            "license_model": "general-public-license",
            "maintenance_window": "mon:03:00-mon:03:30",
            "max_allocated_storage": 0,
            "monitoring_interval": 0,
            "monitoring_role_arn": "",
            "multi_az": false,
            "name": "CO_BCP",
            "nchar_character_set_name": "",
            "option_group_name": "default:mysql-8-0",
            "parameter_group_name": "default.mysql8.0",
            "password": null,
            "performance_insights_enabled": false,
            "performance_insights_kms_key_id": "",
            "performance_insights_retention_period": 0,
            "port": 3306,
            "publicly_accessible": false,
            "replica_mode": "",
            "replicas": [],
            "replicate_source_db": "",
            "resource_id": "db-VJ6Y3EIPQRPHVA2K5XZ3BGV7EQ",
            "restore_to_point_in_time": [],
            "s3_import": [],
            "security_group_names": [],
            "skip_final_snapshot": true,
            "snapshot_identifier": "uat-bcp-db-prodclone-16-12-2021",
            "status": "available",
            "storage_encrypted": true,
            "storage_type": "gp2",
            "tags": {},
            "tags_all": {},
            "timeouts": null,
            "timezone": "",
            "username": "cobcp_user",
            "vpc_security_group_ids": [
              "sg-02229b9a482e4dcb4"
            ]
          },
          "sensitive_attributes": [],
          "private": "eyJlMmJmYjczMC1lY2FhLTExZTYtOGY4OC0zNDM2M2JjN2M0YzAiOnsiY3JlYXRlIjoyNDAwMDAwMDAwMDAwLCJkZWxldGUiOjM2MDAwMDAwMDAwMDAsInVwZGF0ZSI6NDgwMDAwMDAwMDAwMH0sInNjaGVtYV92ZXJzaW9uIjoiMSJ9",
          "dependencies": [
            "aws_db_subnet_group.uat-rds-sub",
            "aws_security_group.UAT-BCE-EXTALB-SG",
            "aws_security_group.UAT-BCS-EXTALB-SG",
            "aws_security_group.UAT-BCW-EXTALB-SG",
            "aws_security_group.UAT-CFFG-EXTALB-SG",
            "aws_security_group.UAT-EC2-APP-SG",
            "aws_security_group.UAT-EC2-MAP-SG",
            "aws_security_group.UAT-RDS-SG",
            "aws_security_group.allow_ssh",
            "aws_subnet.uat-private",
            "aws_vpc.uat-default",
            "data.aws_db_snapshot.uat-snap"
          ]
        }
      ]
    },
    {
      "mode": "managed",
      "type": "aws_db_subnet_group",
      "name": "uat-rds-sub",
      "provider": "provider[\"registry.terraform.io/hashicorp/aws\"]",
      "instances": [
        {
          "schema_version": 0,
          "attributes": {
            "arn": "arn:aws:rds:eu-west-2:975971611990:subgrp:dev-main",
            "description": "Managed by Terraform",
            "id": "dev-main",
            "name": "dev-main",
            "name_prefix": null,
            "subnet_ids": [
              "subnet-007131e6c2e6bb38f",
              "subnet-071ca9cea4927a3a7"
            ],
            "tags": {
              "Name": "UAT RDS Subnet Group"
            },
            "tags_all": {
              "Name": "UAT RDS Subnet Group"
            }
          },
          "sensitive_attributes": [],
          "private": "bnVsbA==",
          "dependencies": [
            "aws_subnet.uat-private",
            "aws_vpc.uat-default"
          ]
        }
      ]
    },
    {
      "mode": "managed",
      "type": "aws_ebs_encryption_by_default",
      "name": "uat-encryption",
      "provider": "provider[\"registry.terraform.io/hashicorp/aws\"]",
      "instances": [
        {
          "schema_version": 0,
          "attributes": {
            "enabled": true,
            "id": "terraform-20210505225017983900000001"
          },
          "sensitive_attributes": [],
          "private": "bnVsbA=="
        }
      ]
    },
    {
      "mode": "managed",
      "type": "aws_eip",
      "name": "uat-eip",
      "provider": "provider[\"registry.terraform.io/hashicorp/aws\"]",
      "instances": [
        {
          "index_key": 0,
          "schema_version": 0,
          "attributes": {
            "address": null,
            "allocation_id": "eipalloc-07eda723774197030",
            "associate_with_private_ip": null,
            "association_id": "eipassoc-0787166ece7676ad4",
            "carrier_ip": "",
            "customer_owned_ip": "",
            "customer_owned_ipv4_pool": "",
            "domain": "vpc",
            "id": "eipalloc-07eda723774197030",
            "instance": "",
            "network_border_group": "eu-west-2",
            "network_interface": "eni-0bba44a6c917c441f",
            "private_dns": "ip-10-1-0-72.eu-west-2.compute.internal",
            "private_ip": "10.1.0.72",
            "public_dns": "ec2-18-168-102-174.eu-west-2.compute.amazonaws.com",
            "public_ip": "18.168.102.174",
            "public_ipv4_pool": "amazon",
            "tags": {
              "Name": "UAT-EIP1"
            },
            "tags_all": {
              "Name": "UAT-EIP1"
            },
            "timeouts": null,
            "vpc": true
          },
          "sensitive_attributes": [],
          "private": "eyJlMmJmYjczMC1lY2FhLTExZTYtOGY4OC0zNDM2M2JjN2M0YzAiOnsiZGVsZXRlIjoxODAwMDAwMDAwMDAsInJlYWQiOjkwMDAwMDAwMDAwMCwidXBkYXRlIjozMDAwMDAwMDAwMDB9fQ=="
        },
        {
          "index_key": 1,
          "schema_version": 0,
          "attributes": {
            "address": null,
            "allocation_id": "eipalloc-068cf2f8a16740ea4",
            "associate_with_private_ip": null,
            "association_id": "eipassoc-0a0d8a2a4fee68c5a",
            "carrier_ip": "",
            "customer_owned_ip": "",
            "customer_owned_ipv4_pool": "",
            "domain": "vpc",
            "id": "eipalloc-068cf2f8a16740ea4",
            "instance": "",
            "network_border_group": "eu-west-2",
            "network_interface": "eni-09d797dda310bab7b",
            "private_dns": "ip-10-1-2-225.eu-west-2.compute.internal",
            "private_ip": "10.1.2.225",
            "public_dns": "ec2-3-8-70-214.eu-west-2.compute.amazonaws.com",
            "public_ip": "3.8.70.214",
            "public_ipv4_pool": "amazon",
            "tags": {
              "Name": "UAT-EIP2"
            },
            "tags_all": {
              "Name": "UAT-EIP2"
            },
            "timeouts": null,
            "vpc": true
          },
          "sensitive_attributes": [],
          "private": "eyJlMmJmYjczMC1lY2FhLTExZTYtOGY4OC0zNDM2M2JjN2M0YzAiOnsiZGVsZXRlIjoxODAwMDAwMDAwMDAsInJlYWQiOjkwMDAwMDAwMDAwMCwidXBkYXRlIjozMDAwMDAwMDAwMDB9fQ=="
        }
      ]
    },
    {
      "mode": "managed",
      "type": "aws_flow_log",
      "name": "uat-vpc-flowlog",
      "provider": "provider[\"registry.terraform.io/hashicorp/aws\"]",
      "instances": [
        {
          "schema_version": 0,
          "attributes": {
            "arn": "arn:aws:ec2:eu-west-2:975971611990:vpc-flow-log/fl-04011c45c22d58620",
            "destination_options": [],
            "eni_id": null,
            "iam_role_arn": "arn:aws:iam::975971611990:role/uat-ec2-cloudwatch",
            "id": "fl-04011c45c22d58620",
            "log_destination": "arn:aws:logs:eu-west-2:975971611990:log-group:UatVPCLogGroup",
            "log_destination_type": "cloud-watch-logs",
            "log_format": "${version} ${account-id} ${interface-id} ${srcaddr} ${dstaddr} ${srcport} ${dstport} ${protocol} ${packets} ${bytes} ${start} ${end} ${action} ${log-status}",
            "log_group_name": "UatVPCLogGroup",
            "max_aggregation_interval": 600,
            "subnet_id": null,
            "tags": {
              "Name": "UAT VPC Flow Log"
            },
            "tags_all": {
              "Name": "UAT VPC Flow Log"
            },
            "traffic_type": "ALL",
            "vpc_id": "vpc-04976fafdcd3c8f88"
          },
          "sensitive_attributes": [],
          "private": "bnVsbA==",
          "dependencies": [
            "aws_cloudwatch_log_group.uat-vpclogs",
            "aws_iam_role.uat-ec2-cloudwatch",
            "aws_vpc.uat-default"
          ]
        }
      ]
    },
    {
      "mode": "managed",
      "type": "aws_iam_instance_profile",
      "name": "uat-ec2-cloudwatch",
      "provider": "provider[\"registry.terraform.io/hashicorp/aws\"]",
      "instances": [
        {
          "schema_version": 0,
          "attributes": {
            "arn": "arn:aws:iam::975971611990:instance-profile/uat-ec2-cloudwatch",
            "create_date": "2021-05-05T22:50:23Z",
            "id": "uat-ec2-cloudwatch",
            "name": "uat-ec2-cloudwatch",
            "name_prefix": null,
            "path": "/",
            "role": "uat-ec2-cloudwatch",
            "tags": {},
            "tags_all": {},
            "unique_id": "AIPA6GPDQ6VLBJ3XH2L6P"
          },
          "sensitive_attributes": [],
          "private": "bnVsbA==",
          "dependencies": [
            "aws_iam_role.uat-ec2-cloudwatch"
          ],
          "create_before_destroy": true
        }
      ]
    },
    {
      "mode": "managed",
      "type": "aws_iam_policy",
      "name": "uat-s3-replication",
      "provider": "provider[\"registry.terraform.io/hashicorp/aws\"]",
      "instances": [
        {
          "schema_version": 0,
          "attributes": {
            "arn": "arn:aws:iam::975971611990:policy/uat-s3-rep-policy",
            "description": "UAT S3 Replication Policy",
            "id": "arn:aws:iam::975971611990:policy/uat-s3-rep-policy",
            "name": "uat-s3-rep-policy",
            "name_prefix": null,
            "path": "/",
            "policy": "{\"Statement\":[{\"Action\":[\"s3:Describe*\"],\"Effect\":\"Allow\",\"Resource\":\"*\"}],\"Version\":\"2012-10-17\"}",
            "policy_id": "ANPA6GPDQ6VLMFKCKQFOM",
            "tags": {},
            "tags_all": {}
          },
          "sensitive_attributes": [],
          "private": "bnVsbA=="
        }
      ]
    },
    {
      "mode": "managed",
      "type": "aws_iam_role",
      "name": "uat-bcp-rep",
      "provider": "provider[\"registry.terraform.io/hashicorp/aws\"]",
      "instances": [
        {
          "schema_version": 0,
          "attributes": {
            "arn": "arn:aws:iam::975971611990:role/uat-bcp-rep",
            "assume_role_policy": "{\"Version\":\"2012-10-17\",\"Statement\":[{\"Sid\":\"\",\"Effect\":\"Allow\",\"Principal\":{\"Service\":\"s3.amazonaws.com\"},\"Action\":\"sts:AssumeRole\"}]}",
            "create_date": "2021-05-26T22:01:26Z",
            "description": "",
            "force_detach_policies": false,
            "id": "uat-bcp-rep",
            "inline_policy": [
              {
                "name": "uat-bcp-rep-pol",
                "policy": "{\n    \"Statement\": [\n        {\n            \"Action\": [\n                \"s3:ListBucket\",\n                \"s3:GetReplicationConfiguration\",\n                \"s3:GetObjectVersionForReplication\",\n                \"s3:GetObjectVersionAcl\",\n                \"s3:GetObjectVersionTagging\",\n                \"s3:GetObjectRetention\",\n                \"s3:GetObjectLegalHold\"\n            ],\n            \"Effect\": \"Allow\",\n            \"Resource\": [\n                \"arn:aws:s3:::uat-bce-test\",\n                \"arn:aws:s3:::uat-bce-test/*\",\n                \"arn:aws:s3:::uat-bce-logs\",\n                \"arn:aws:s3:::uat-bce-logs/*\",\n                \"arn:aws:s3:::uat-bcs-logs\",\n                \"arn:aws:s3:::uat-bcs-logs/*\",\n                \"arn:aws:s3:::uat-bcw-logs\",\n                \"arn:aws:s3:::uat-bcw-logs/*\",\n                \"arn:aws:s3:::uat-cffg-logs\",\n                \"arn:aws:s3:::uat-cffg-logs/*\",\n                \"arn:aws:s3:::bcp-uat-cloudtrail\",\n                \"arn:aws:s3:::bcp-uat-cloudtrail/*\",\n                \"arn:aws:s3:::uat-bcp-cloudwatch\",\n                \"arn:aws:s3:::uat-bcp-cloudwatch/*\"\n            ]\n        },\n        {\n            \"Action\": [\n                \"s3:ReplicateObject\",\n                \"s3:ReplicateDelete\",\n                \"s3:ReplicateTags\",\n                \"s3:GetObjectVersionTagging\",\n                \"s3:ObjectOwnerOverrideToBucketOwner\"\n            ],\n            \"Condition\": {\n                \"StringLikeIfExists\": {\n                    \"s3:x-amz-server-side-encryption\": [\n                        \"aws:kms\",\n                        \"AES256\"\n                    ],\n                    \"s3:x-amz-server-side-encryption-aws-kms-key-id\": [\n                        \"arn:aws:kms:eu-west-2:181623394163:key/197bbe36-b994-4665-97f8-87e58fdb8836\"\n                    ]\n                }\n            },\n            \"Effect\": \"Allow\",\n            \"Resource\": [\n                \"arn:aws:s3:::uat-bce-test-co/*\",\n                \"arn:aws:s3:::uat-bce-logs-co/*\",\n                \"arn:aws:s3:::uat-bcs-logs-co/*\",\n                \"arn:aws:s3:::uat-bcw-logs-co/*\",\n                \"arn:aws:s3:::uat-cffg-logs-co/*\",\n                \"arn:aws:s3:::bcp-uat-cloudtrail-co/*\",\n                \"arn:aws:s3:::uat-bcp-cloudwatch-co/*\"\n            ]\n        },\n        {\n            \"Action\": [\n                \"kms:Decrypt\"\n            ],\n            \"Condition\": {\n                \"StringLike\": {\n                    \"kms:EncryptionContext:aws:s3:arn\": [\n                        \"arn:aws:s3:::uat-bce-test/*\",\n                        \"arn:aws:s3:::uat-bce-logs/*\",\n                        \"arn:aws:s3:::uat-bcs-logs/*\",\n                        \"arn:aws:s3:::uat-bcw-logs/*\",\n                        \"arn:aws:s3:::uat-cffg-logs/*\",\n                        \"arn:aws:s3:::bcp-uat-cloudtrail/*\",\n                        \"arn:aws:s3:::uat-bcp-cloudwatch/*\"\n                    ],\n                    \"kms:ViaService\": \"s3.eu-west-2.amazonaws.com\"\n                }\n            },\n            \"Effect\": \"Allow\",\n            \"Resource\": [\n                \"arn:aws:kms:eu-west-2:975971611990:key/a15d7fa2-542c-4d13-a27c-93ece87e0aba\"\n            ]\n        },\n        {\n            \"Action\": [\n                \"kms:Encrypt\"\n            ],\n            \"Condition\": {\n                \"StringLike\": {\n                    \"kms:EncryptionContext:aws:s3:arn\": [\n                        \"arn:aws:s3:::uat-bce-test-co/*\",\n                        \"arn:aws:s3:::uat-bce-logs-co/*\",\n                        \"arn:aws:s3:::uat-bcs-logs-co/*\",\n                        \"arn:aws:s3:::uat-bcw-logs-co/*\",\n                        \"arn:aws:s3:::uat-cffg-logs-co/*\",\n                        \"arn:aws:s3:::bcp-uat-cloudtrail/*\",\n                        \"arn:aws:s3:::uat-bcp-cloudwatch/*\"\n                    ],\n                    \"kms:ViaService\": [\n                        \"s3.eu-west-2.amazonaws.com\"\n                    ]\n                }\n            },\n            \"Effect\": \"Allow\",\n            \"Resource\": [\n                \"arn:aws:kms:eu-west-2:181623394163:key/197bbe36-b994-4665-97f8-87e58fdb8836\"\n            ]\n        }\n    ],\n    \"Version\": \"2012-10-17\"\n}"
              }
            ],
            "managed_policy_arns": [],
            "max_session_duration": 3600,
            "name": "uat-bcp-rep",
            "name_prefix": "",
            "path": "/",
            "permissions_boundary": null,
            "tags": {},
            "tags_all": {},
            "unique_id": "AROA6GPDQ6VLNNVXRSIM4"
          },
          "sensitive_attributes": [],
          "private": "bnVsbA=="
        }
      ]
    },
    {
      "mode": "managed",
      "type": "aws_iam_role",
      "name": "uat-ec2-cloudwatch",
      "provider": "provider[\"registry.terraform.io/hashicorp/aws\"]",
      "instances": [
        {
          "schema_version": 0,
          "attributes": {
            "arn": "arn:aws:iam::975971611990:role/uat-ec2-cloudwatch",
            "assume_role_policy": "{\"Version\":\"2012-10-17\",\"Statement\":[{\"Sid\":\"\",\"Effect\":\"Allow\",\"Principal\":{\"Service\":\"ec2.amazonaws.com\"},\"Action\":\"sts:AssumeRole\"}]}",
            "create_date": "2021-05-05T22:50:19Z",
            "description": "",
            "force_detach_policies": false,
            "id": "uat-ec2-cloudwatch",
            "inline_policy": [
              {
                "name": "",
                "policy": ""
              }
            ],
            "managed_policy_arns": [
              "arn:aws:iam::aws:policy/CloudWatchAgentServerPolicy"
            ],
            "max_session_duration": 3600,
            "name": "uat-ec2-cloudwatch",
            "name_prefix": "",
            "path": "/",
            "permissions_boundary": null,
            "tags": {
              "tag-key": "uat-ec2-cloudwatch"
            },
            "tags_all": {
              "tag-key": "uat-ec2-cloudwatch"
            },
            "unique_id": "AROA6GPDQ6VLO6N5TQRIK"
          },
          "sensitive_attributes": [],
          "private": "bnVsbA==",
          "create_before_destroy": true
        }
      ]
    },
    {
      "mode": "managed",
      "type": "aws_iam_role",
      "name": "uat-s3-replication",
      "provider": "provider[\"registry.terraform.io/hashicorp/aws\"]",
      "instances": [
        {
          "schema_version": 0,
          "attributes": {
            "arn": "arn:aws:iam::975971611990:role/uat-s3-replication",
            "assume_role_policy": "{\"Version\":\"2012-10-17\",\"Statement\":[{\"Sid\":\"\",\"Effect\":\"Allow\",\"Principal\":{\"Service\":\"s3.amazonaws.com\"},\"Action\":\"sts:AssumeRole\"}]}",
            "create_date": "2021-05-20T19:09:39Z",
            "description": "",
            "force_detach_policies": false,
            "id": "uat-s3-replication",
            "inline_policy": [
              {
                "name": "",
                "policy": ""
              }
            ],
            "managed_policy_arns": [
              "arn:aws:iam::975971611990:policy/uat-s3-rep-policy"
            ],
            "max_session_duration": 3600,
            "name": "uat-s3-replication",
            "name_prefix": "",
            "path": "/",
            "permissions_boundary": null,
            "tags": {},
            "tags_all": {},
            "unique_id": "AROA6GPDQ6VLEAOWMHHPD"
          },
          "sensitive_attributes": [],
          "private": "bnVsbA=="
        }
      ]
    },
    {
      "mode": "managed",
      "type": "aws_iam_role",
      "name": "uat_inspector_event_role",
      "provider": "provider[\"registry.terraform.io/hashicorp/aws\"]",
      "instances": [
        {
          "schema_version": 0,
          "attributes": {
            "arn": "arn:aws:iam::975971611990:role/uat-inspector-event-role",
            "assume_role_policy": "{\"Version\":\"2012-10-17\",\"Statement\":[{\"Sid\":\"\",\"Effect\":\"Allow\",\"Principal\":{\"Service\":\"events.amazonaws.com\"},\"Action\":\"sts:AssumeRole\"}]}",
            "create_date": "2021-05-05T22:50:19Z",
            "description": "",
            "force_detach_policies": false,
            "id": "uat-inspector-event-role",
            "inline_policy": [
              {
                "name": "uat-inspector-event-policy",
                "policy": "{\n  \"Version\": \"2012-10-17\",\n  \"Statement\": [\n    {\n      \"Sid\": \"StartAssessment\",\n      \"Effect\": \"Allow\",\n      \"Action\": \"inspector:StartAssessmentRun\",\n      \"Resource\": \"*\"\n    }\n  ]\n}"
              }
            ],
            "managed_policy_arns": [],
            "max_session_duration": 3600,
            "name": "uat-inspector-event-role",
            "name_prefix": "",
            "path": "/",
            "permissions_boundary": null,
            "tags": {},
            "tags_all": {},
            "unique_id": "AROA6GPDQ6VLLA7TGAK7T"
          },
          "sensitive_attributes": [],
          "private": "bnVsbA=="
        }
      ]
    },
    {
      "mode": "managed",
      "type": "aws_iam_role",
      "name": "uat_log_exporter",
      "provider": "provider[\"registry.terraform.io/hashicorp/aws\"]",
      "instances": [
        {
          "schema_version": 0,
          "attributes": {
            "arn": "arn:aws:iam::975971611990:role/uat-log-exporter-pxghoaef",
            "assume_role_policy": "{\"Version\":\"2012-10-17\",\"Statement\":[{\"Sid\":\"\",\"Effect\":\"Allow\",\"Principal\":{\"Service\":\"lambda.amazonaws.com\"},\"Action\":\"sts:AssumeRole\"}]}",
            "create_date": "2021-05-08T20:13:23Z",
            "description": "",
            "force_detach_policies": false,
            "id": "uat-log-exporter-pxghoaef",
            "inline_policy": [
              {
                "name": "uat-log-exporter-pxghoaef",
                "policy": "{\n  \"Version\": \"2012-10-17\",\n  \"Statement\": [\n    {\n      \"Action\": [\n        \"logs:CreateExportTask\",\n        \"logs:Describe*\",\n        \"logs:ListTagsLogGroup\",\n        \"ssm:DescribeParameters\",\n        \"ssm:GetParameter\",\n        \"ssm:GetParameters\",\n        \"ssm:GetParametersByPath\",\n        \"ssm:PutParameter\",\n        \"s3:*\"\n      ],\n      \"Effect\": \"Allow\",\n      \"Resource\": \"*\"\n    },\n    {\n      \"Action\": [\n        \"logs:CreateLogGroup\",\n        \"logs:CreateLogStream\",\n        \"logs:PutLogEvents\"\n      ],\n      \"Resource\": \"arn:aws:logs:*:*:*\",\n      \"Effect\": \"Allow\"\n    }\n  ]\n}\n"
              }
            ],
            "managed_policy_arns": [],
            "max_session_duration": 3600,
            "name": "uat-log-exporter-pxghoaef",
            "name_prefix": "",
            "path": "/",
            "permissions_boundary": null,
            "tags": {},
            "tags_all": {},
            "unique_id": "AROA6GPDQ6VLH34JWDGKE"
          },
          "sensitive_attributes": [],
          "private": "bnVsbA==",
          "dependencies": [
            "random_string.random"
          ]
        }
      ]
    },
    {
      "mode": "managed",
      "type": "aws_iam_role_policy",
      "name": "uat-bcp-rep-pol",
      "provider": "provider[\"registry.terraform.io/hashicorp/aws\"]",
      "instances": [
        {
          "schema_version": 0,
          "attributes": {
            "id": "uat-bcp-rep:uat-bcp-rep-pol",
            "name": "uat-bcp-rep-pol",
            "name_prefix": null,
            "policy": "{\n    \"Statement\": [\n        {\n            \"Action\": [\n                \"s3:ListBucket\",\n                \"s3:GetReplicationConfiguration\",\n                \"s3:GetObjectVersionForReplication\",\n                \"s3:GetObjectVersionAcl\",\n                \"s3:GetObjectVersionTagging\",\n                \"s3:GetObjectRetention\",\n                \"s3:GetObjectLegalHold\"\n            ],\n            \"Effect\": \"Allow\",\n            \"Resource\": [\n                \"arn:aws:s3:::uat-bce-test\",\n                \"arn:aws:s3:::uat-bce-test/*\",\n                \"arn:aws:s3:::uat-bce-logs\",\n                \"arn:aws:s3:::uat-bce-logs/*\",\n                \"arn:aws:s3:::uat-bcs-logs\",\n                \"arn:aws:s3:::uat-bcs-logs/*\",\n                \"arn:aws:s3:::uat-bcw-logs\",\n                \"arn:aws:s3:::uat-bcw-logs/*\",\n                \"arn:aws:s3:::uat-cffg-logs\",\n                \"arn:aws:s3:::uat-cffg-logs/*\",\n                \"arn:aws:s3:::bcp-uat-cloudtrail\",\n                \"arn:aws:s3:::bcp-uat-cloudtrail/*\",\n                \"arn:aws:s3:::uat-bcp-cloudwatch\",\n                \"arn:aws:s3:::uat-bcp-cloudwatch/*\"\n            ]\n        },\n        {\n            \"Action\": [\n                \"s3:ReplicateObject\",\n                \"s3:ReplicateDelete\",\n                \"s3:ReplicateTags\",\n                \"s3:GetObjectVersionTagging\",\n                \"s3:ObjectOwnerOverrideToBucketOwner\"\n            ],\n            \"Condition\": {\n                \"StringLikeIfExists\": {\n                    \"s3:x-amz-server-side-encryption\": [\n                        \"aws:kms\",\n                        \"AES256\"\n                    ],\n                    \"s3:x-amz-server-side-encryption-aws-kms-key-id\": [\n                        \"arn:aws:kms:eu-west-2:181623394163:key/197bbe36-b994-4665-97f8-87e58fdb8836\"\n                    ]\n                }\n            },\n            \"Effect\": \"Allow\",\n            \"Resource\": [\n                \"arn:aws:s3:::uat-bce-test-co/*\",\n                \"arn:aws:s3:::uat-bce-logs-co/*\",\n                \"arn:aws:s3:::uat-bcs-logs-co/*\",\n                \"arn:aws:s3:::uat-bcw-logs-co/*\",\n                \"arn:aws:s3:::uat-cffg-logs-co/*\",\n                \"arn:aws:s3:::bcp-uat-cloudtrail-co/*\",\n                \"arn:aws:s3:::uat-bcp-cloudwatch-co/*\"\n            ]\n        },\n        {\n            \"Action\": [\n                \"kms:Decrypt\"\n            ],\n            \"Condition\": {\n                \"StringLike\": {\n                    \"kms:EncryptionContext:aws:s3:arn\": [\n                        \"arn:aws:s3:::uat-bce-test/*\",\n                        \"arn:aws:s3:::uat-bce-logs/*\",\n                        \"arn:aws:s3:::uat-bcs-logs/*\",\n                        \"arn:aws:s3:::uat-bcw-logs/*\",\n                        \"arn:aws:s3:::uat-cffg-logs/*\",\n                        \"arn:aws:s3:::bcp-uat-cloudtrail/*\",\n                        \"arn:aws:s3:::uat-bcp-cloudwatch/*\"\n                    ],\n                    \"kms:ViaService\": \"s3.eu-west-2.amazonaws.com\"\n                }\n            },\n            \"Effect\": \"Allow\",\n            \"Resource\": [\n                \"arn:aws:kms:eu-west-2:975971611990:key/a15d7fa2-542c-4d13-a27c-93ece87e0aba\"\n            ]\n        },\n        {\n            \"Action\": [\n                \"kms:Encrypt\"\n            ],\n            \"Condition\": {\n                \"StringLike\": {\n                    \"kms:EncryptionContext:aws:s3:arn\": [\n                        \"arn:aws:s3:::uat-bce-test-co/*\",\n                        \"arn:aws:s3:::uat-bce-logs-co/*\",\n                        \"arn:aws:s3:::uat-bcs-logs-co/*\",\n                        \"arn:aws:s3:::uat-bcw-logs-co/*\",\n                        \"arn:aws:s3:::uat-cffg-logs-co/*\",\n                        \"arn:aws:s3:::bcp-uat-cloudtrail/*\",\n                        \"arn:aws:s3:::uat-bcp-cloudwatch/*\"\n                    ],\n                    \"kms:ViaService\": [\n                        \"s3.eu-west-2.amazonaws.com\"\n                    ]\n                }\n            },\n            \"Effect\": \"Allow\",\n            \"Resource\": [\n                \"arn:aws:kms:eu-west-2:181623394163:key/197bbe36-b994-4665-97f8-87e58fdb8836\"\n            ]\n        }\n    ],\n    \"Version\": \"2012-10-17\"\n}",
            "role": "uat-bcp-rep"
          },
          "sensitive_attributes": [],
          "private": "bnVsbA==",
          "dependencies": [
            "aws_iam_role.uat-bcp-rep"
          ]
        }
      ]
    },
    {
      "mode": "managed",
      "type": "aws_iam_role_policy",
      "name": "uat_inspector_event",
      "provider": "provider[\"registry.terraform.io/hashicorp/aws\"]",
      "instances": [
        {
          "schema_version": 0,
          "attributes": {
            "id": "uat-inspector-event-role:uat-inspector-event-policy",
            "name": "uat-inspector-event-policy",
            "name_prefix": null,
            "policy": "{\n  \"Version\": \"2012-10-17\",\n  \"Statement\": [\n    {\n      \"Sid\": \"StartAssessment\",\n      \"Effect\": \"Allow\",\n      \"Action\": \"inspector:StartAssessmentRun\",\n      \"Resource\": \"*\"\n    }\n  ]\n}",
            "role": "uat-inspector-event-role"
          },
          "sensitive_attributes": [],
          "private": "bnVsbA==",
          "dependencies": [
            "aws_iam_role.uat_inspector_event_role",
            "data.aws_iam_policy_document.uat_inspector_event_role_policy"
          ]
        }
      ]
    },
    {
      "mode": "managed",
      "type": "aws_iam_role_policy",
      "name": "uat_log_exporter",
      "provider": "provider[\"registry.terraform.io/hashicorp/aws\"]",
      "instances": [
        {
          "schema_version": 0,
          "attributes": {
            "id": "uat-log-exporter-pxghoaef:uat-log-exporter-pxghoaef",
            "name": "uat-log-exporter-pxghoaef",
            "name_prefix": null,
            "policy": "{\n  \"Version\": \"2012-10-17\",\n  \"Statement\": [\n    {\n      \"Action\": [\n        \"logs:CreateExportTask\",\n        \"logs:Describe*\",\n        \"logs:ListTagsLogGroup\",\n        \"ssm:DescribeParameters\",\n        \"ssm:GetParameter\",\n        \"ssm:GetParameters\",\n        \"ssm:GetParametersByPath\",\n        \"ssm:PutParameter\",\n        \"s3:*\"\n      ],\n      \"Effect\": \"Allow\",\n      \"Resource\": \"*\"\n    },\n    {\n      \"Action\": [\n        \"logs:CreateLogGroup\",\n        \"logs:CreateLogStream\",\n        \"logs:PutLogEvents\"\n      ],\n      \"Resource\": \"arn:aws:logs:*:*:*\",\n      \"Effect\": \"Allow\"\n    }\n  ]\n}\n",
            "role": "uat-log-exporter-pxghoaef"
          },
          "sensitive_attributes": [],
          "private": "bnVsbA==",
          "dependencies": [
            "aws_iam_role.uat_log_exporter",
            "random_string.random"
          ]
        }
      ]
    },
    {
      "mode": "managed",
      "type": "aws_iam_role_policy_attachment",
      "name": "uat-ec2-cloudwatch",
      "provider": "provider[\"registry.terraform.io/hashicorp/aws\"]",
      "instances": [
        {
          "schema_version": 0,
          "attributes": {
            "id": "uat-ec2-cloudwatch-20210505225022693200000003",
            "policy_arn": "arn:aws:iam::aws:policy/CloudWatchAgentServerPolicy",
            "role": "uat-ec2-cloudwatch"
          },
          "sensitive_attributes": [],
          "private": "bnVsbA==",
          "dependencies": [
            "aws_iam_role.uat-ec2-cloudwatch"
          ]
        }
      ]
    },
    {
      "mode": "managed",
      "type": "aws_iam_role_policy_attachment",
      "name": "uat-s3-replication",
      "provider": "provider[\"registry.terraform.io/hashicorp/aws\"]",
      "instances": [
        {
          "schema_version": 0,
          "attributes": {
            "id": "uat-s3-replication-20210520190946141400000001",
            "policy_arn": "arn:aws:iam::975971611990:policy/uat-s3-rep-policy",
            "role": "uat-s3-replication"
          },
          "sensitive_attributes": [],
          "private": "bnVsbA==",
          "dependencies": [
            "aws_iam_policy.uat-s3-replication",
            "aws_iam_role.uat-s3-replication"
          ]
        }
      ]
    },
    {
      "mode": "managed",
      "type": "aws_inspector_assessment_target",
      "name": "uat-target",
      "provider": "provider[\"registry.terraform.io/hashicorp/aws\"]",
      "instances": [
        {
          "schema_version": 0,
          "attributes": {
            "arn": "arn:aws:inspector:eu-west-2:975971611990:target/0-NMEm2kNO",
            "id": "arn:aws:inspector:eu-west-2:975971611990:target/0-NMEm2kNO",
            "name": "UAT Assessment Target",
            "resource_group_arn": "arn:aws:inspector:eu-west-2:975971611990:resourcegroup/0-GpPOQIf5"
          },
          "sensitive_attributes": [],
          "private": "bnVsbA==",
          "dependencies": [
            "aws_inspector_resource_group.uat-inspector"
          ]
        }
      ]
    },
    {
      "mode": "managed",
      "type": "aws_inspector_assessment_template",
      "name": "uat-template",
      "provider": "provider[\"registry.terraform.io/hashicorp/aws\"]",
      "instances": [
        {
          "schema_version": 0,
          "attributes": {
            "arn": "arn:aws:inspector:eu-west-2:975971611990:target/0-NMEm2kNO/template/0-yUkyNdCr",
            "duration": 3600,
            "id": "arn:aws:inspector:eu-west-2:975971611990:target/0-NMEm2kNO/template/0-yUkyNdCr",
            "name": "UAT Assessment Template",
            "rules_package_arns": [
              "arn:aws:inspector:eu-west-2:146838936955:rulespackage/0-AizSYyNq",
              "arn:aws:inspector:eu-west-2:146838936955:rulespackage/0-XApUiSaP",
              "arn:aws:inspector:eu-west-2:146838936955:rulespackage/0-kZGCqcE1"
            ],
            "tags": {},
            "tags_all": {},
            "target_arn": "arn:aws:inspector:eu-west-2:975971611990:target/0-NMEm2kNO"
          },
          "sensitive_attributes": [],
          "private": "bnVsbA==",
          "dependencies": [
            "aws_inspector_assessment_target.uat-target",
            "aws_inspector_resource_group.uat-inspector"
          ]
        }
      ]
    },
    {
      "mode": "managed",
      "type": "aws_inspector_resource_group",
      "name": "uat-inspector",
      "provider": "provider[\"registry.terraform.io/hashicorp/aws\"]",
      "instances": [
        {
          "schema_version": 0,
          "attributes": {
            "arn": "arn:aws:inspector:eu-west-2:975971611990:resourcegroup/0-GpPOQIf5",
            "id": "arn:aws:inspector:eu-west-2:975971611990:resourcegroup/0-GpPOQIf5",
            "tags": {
              "Inspector": "ON"
            }
          },
          "sensitive_attributes": [],
          "private": "bnVsbA=="
        }
      ]
    },
    {
      "mode": "managed",
      "type": "aws_instance",
      "name": "UAT-EC2-BAST",
      "provider": "provider[\"registry.terraform.io/hashicorp/aws\"]",
      "instances": [
        {
          "index_key": 0,
          "schema_version": 1,
          "attributes": {
            "ami": "ami-03d17d5e2b2d0ca4a",
            "arn": "arn:aws:ec2:eu-west-2:975971611990:instance/i-07d265a618a4d210b",
            "associate_public_ip_address": true,
            "availability_zone": "eu-west-2a",
            "capacity_reservation_specification": [
              {
                "capacity_reservation_preference": "open",
                "capacity_reservation_target": []
              }
            ],
            "cpu_core_count": 1,
            "cpu_threads_per_core": 1,
            "credit_specification": [
              {
                "cpu_credits": "standard"
              }
            ],
            "disable_api_termination": false,
            "ebs_block_device": [],
            "ebs_optimized": false,
            "enclave_options": [
              {
                "enabled": false
              }
            ],
            "ephemeral_block_device": [],
            "get_password_data": false,
            "hibernation": false,
            "host_id": null,
            "iam_instance_profile": "uat-ec2-cloudwatch",
            "id": "i-07d265a618a4d210b",
            "instance_initiated_shutdown_behavior": "stop",
            "instance_state": "running",
            "instance_type": "t2.micro",
            "ipv6_address_count": 0,
            "ipv6_addresses": [],
            "key_name": "CO-BCP",
            "launch_template": [],
            "metadata_options": [
              {
                "http_endpoint": "enabled",
                "http_put_response_hop_limit": 1,
                "http_tokens": "required",
                "instance_metadata_tags": "disabled"
              }
            ],
            "monitoring": true,
            "network_interface": [],
            "outpost_arn": "",
            "password_data": "",
            "placement_group": "",
            "placement_partition_number": null,
            "primary_network_interface_id": "eni-09ec3bfab7ea4fd0b",
            "private_dns": "ip-10-1-0-198.eu-west-2.compute.internal",
            "private_ip": "10.1.0.198",
            "public_dns": "ec2-3-8-1-213.eu-west-2.compute.amazonaws.com",
            "public_ip": "3.8.1.213",
            "root_block_device": [
              {
                "delete_on_termination": true,
                "device_name": "/dev/sda1",
                "encrypted": true,
                "iops": 100,
                "kms_key_id": "arn:aws:kms:eu-west-2:975971611990:key/9140cbb3-2afd-4221-9c3f-ce5ba6c56f7d",
                "tags": {},
                "throughput": 0,
                "volume_id": "vol-06db4d01b7b09aa8f",
                "volume_size": 8,
                "volume_type": "gp2"
              }
            ],
            "secondary_private_ips": [],
            "security_groups": [],
            "source_dest_check": true,
            "subnet_id": "subnet-02a3f1323ec0bf31c",
            "tags": {
              "Name": "UAT-EC2-BASTION1"
            },
            "tags_all": {
              "Name": "UAT-EC2-BASTION1"
            },
            "tenancy": "default",
            "timeouts": null,
            "user_data": null,
            "user_data_base64": null,
            "volume_tags": null,
            "vpc_security_group_ids": [
              "sg-09aad566388ffe1d7"
            ]
          },
          "sensitive_attributes": [],
          "private": "eyJlMmJmYjczMC1lY2FhLTExZTYtOGY4OC0zNDM2M2JjN2M0YzAiOnsiY3JlYXRlIjo2MDAwMDAwMDAwMDAsImRlbGV0ZSI6MTIwMDAwMDAwMDAwMCwidXBkYXRlIjo2MDAwMDAwMDAwMDB9LCJzY2hlbWFfdmVyc2lvbiI6IjEifQ==",
          "dependencies": [
            "aws_iam_instance_profile.uat-ec2-cloudwatch",
            "aws_iam_role.uat-ec2-cloudwatch",
            "aws_security_group.allow_ssh",
            "aws_subnet.uat-public",
            "aws_vpc.uat-default"
          ]
        }
      ]
    },
    {
      "mode": "managed",
      "type": "aws_internet_gateway",
      "name": "uat-default",
      "provider": "provider[\"registry.terraform.io/hashicorp/aws\"]",
      "instances": [
        {
          "schema_version": 0,
          "attributes": {
            "arn": "arn:aws:ec2:eu-west-2:975971611990:internet-gateway/igw-06406ec614cbaf528",
            "id": "igw-06406ec614cbaf528",
            "owner_id": "975971611990",
            "tags": {
              "Name": "UAT-IGW"
            },
            "tags_all": {
              "Name": "UAT-IGW"
            },
            "vpc_id": "vpc-04976fafdcd3c8f88"
          },
          "sensitive_attributes": [],
          "private": "bnVsbA==",
          "dependencies": [
            "aws_vpc.uat-default"
          ]
        }
      ]
    },
    {
      "mode": "managed",
      "type": "aws_kms_key",
      "name": "uat-kms",
      "provider": "provider[\"registry.terraform.io/hashicorp/aws\"]",
      "instances": [
        {
          "schema_version": 0,
          "attributes": {
            "arn": "arn:aws:kms:eu-west-2:975971611990:key/a15d7fa2-542c-4d13-a27c-93ece87e0aba",
            "bypass_policy_lockout_safety_check": null,
            "customer_master_key_spec": "SYMMETRIC_DEFAULT",
            "deletion_window_in_days": 10,
            "description": "Uat-KMS",
            "enable_key_rotation": true,
            "id": "a15d7fa2-542c-4d13-a27c-93ece87e0aba",
            "is_enabled": true,
            "key_id": "a15d7fa2-542c-4d13-a27c-93ece87e0aba",
            "key_usage": "ENCRYPT_DECRYPT",
            "multi_region": false,
            "policy": "{\"Id\":\"key-default-1\",\"Statement\":[{\"Action\":\"kms:*\",\"Effect\":\"Allow\",\"Principal\":{\"AWS\":\"arn:aws:iam::975971611990:root\"},\"Resource\":\"*\",\"Sid\":\"Enable IAM User Permissions\"}],\"Version\":\"2012-10-17\"}",
            "tags": {},
            "tags_all": {}
          },
          "sensitive_attributes": [],
          "private": "bnVsbA=="
        }
      ]
    },
    {
      "mode": "managed",
      "type": "aws_lambda_function",
      "name": "uat_log_exporter",
      "provider": "provider[\"registry.terraform.io/hashicorp/aws\"]",
      "instances": [
        {
          "schema_version": 0,
          "attributes": {
            "architectures": [
              "x86_64"
            ],
            "arn": "arn:aws:lambda:eu-west-2:975971611990:function:uat-log-exporter-pxghoaef",
            "code_signing_config_arn": "",
            "dead_letter_config": [],
            "description": "",
            "environment": [
              {
                "variables": {
                  "S3_BUCKET": "uat-bcp-cloudwatch"
                }
              }
            ],
            "file_system_config": [],
            "filename": "./lambda/tmp/cloudwatch-to-s3.zip",
            "function_name": "uat-log-exporter-pxghoaef",
            "handler": "cloudwatch-to-s3.lambda_handler",
            "id": "uat-log-exporter-pxghoaef",
            "image_config": [],
            "image_uri": "",
            "invoke_arn": "arn:aws:apigateway:eu-west-2:lambda:path/2015-03-31/functions/arn:aws:lambda:eu-west-2:975971611990:function:uat-log-exporter-pxghoaef/invocations",
            "kms_key_arn": "",
            "last_modified": "2021-05-08T20:13:40.308+0000",
            "layers": [],
            "memory_size": 128,
            "package_type": "Zip",
            "publish": false,
            "qualified_arn": "arn:aws:lambda:eu-west-2:975971611990:function:uat-log-exporter-pxghoaef:$LATEST",
            "reserved_concurrent_executions": -1,
            "role": "arn:aws:iam::975971611990:role/uat-log-exporter-pxghoaef",
            "runtime": "python3.8",
            "s3_bucket": null,
            "s3_key": null,
            "s3_object_version": null,
            "signing_job_arn": "",
            "signing_profile_version_arn": "",
            "source_code_hash": "5JPs/3KwI4+gWvcH6KgOG2HInzorMS9GxRCQcXWBCXY=",
            "source_code_size": 1096,
            "tags": {},
            "tags_all": {},
            "timeout": 300,
            "timeouts": null,
            "tracing_config": [
              {
                "mode": "PassThrough"
              }
            ],
            "version": "$LATEST",
            "vpc_config": []
          },
          "sensitive_attributes": [],
          "private": "eyJlMmJmYjczMC1lY2FhLTExZTYtOGY4OC0zNDM2M2JjN2M0YzAiOnsiY3JlYXRlIjo2MDAwMDAwMDAwMDB9fQ==",
          "dependencies": [
            "aws_iam_role.uat-bcp-rep",
            "aws_iam_role.uat_log_exporter",
            "aws_kms_key.uat-kms",
            "aws_s3_bucket.uat-bcp-cloudwatch",
            "data.archive_file.uat_log_exporter",
            "random_string.random"
          ]
        }
      ]
    },
    {
      "mode": "managed",
      "type": "aws_lambda_permission",
      "name": "dev_log_exporter",
      "provider": "provider[\"registry.terraform.io/hashicorp/aws\"]",
      "instances": [
        {
          "schema_version": 0,
          "attributes": {
            "action": "lambda:InvokeFunction",
            "event_source_token": null,
            "function_name": "uat-log-exporter-pxghoaef",
            "id": "AllowExecutionFromCloudWatch",
            "principal": "events.amazonaws.com",
            "qualifier": "",
            "source_account": null,
            "source_arn": "arn:aws:events:eu-west-2:975971611990:rule/uat-log-exporter-pxghoaef",
            "statement_id": "AllowExecutionFromCloudWatch",
            "statement_id_prefix": null
          },
          "sensitive_attributes": [],
          "private": "bnVsbA==",
          "dependencies": [
            "aws_cloudwatch_event_rule.uat_log_exporter",
            "aws_iam_role.uat-bcp-rep",
            "aws_iam_role.uat_log_exporter",
            "aws_kms_key.uat-kms",
            "aws_lambda_function.uat_log_exporter",
            "aws_s3_bucket.uat-bcp-cloudwatch",
            "data.archive_file.uat_log_exporter",
            "random_string.random"
          ]
        }
      ]
    },
    {
      "mode": "managed",
      "type": "aws_launch_configuration",
      "name": "UAT-APP-LC",
      "provider": "provider[\"registry.terraform.io/hashicorp/aws\"]",
      "instances": [
        {
          "schema_version": 0,
          "attributes": {
            "arn": "arn:aws:autoscaling:eu-west-2:975971611990:launchConfiguration:7af51dad-52ca-425a-85ee-b8a502db1746:launchConfigurationName/UAT BCE Application Launch Configuration",
            "associate_public_ip_address": false,
            "ebs_block_device": [],
            "ebs_optimized": false,
            "enable_monitoring": true,
            "ephemeral_block_device": [],
            "iam_instance_profile": "uat-ec2-cloudwatch",
            "id": "UAT BCE Application Launch Configuration",
            "image_id": "ami-0eca1d2c5dda20bed",
            "instance_type": "t3.medium",
            "key_name": "CO-BCP",
            "metadata_options": [
              {
                "http_endpoint": "enabled",
                "http_put_response_hop_limit": 1,
                "http_tokens": "required"
              }
            ],
            "name": "UAT BCE Application Launch Configuration",
            "name_prefix": "",
            "placement_tenancy": null,
            "root_block_device": [],
            "security_groups": [
              "sg-0ede58afea3e1a9e3"
            ],
            "spot_price": "",
            "user_data": null,
            "user_data_base64": null,
            "vpc_classic_link_id": "",
            "vpc_classic_link_security_groups": []
          },
          "sensitive_attributes": [],
          "private": "bnVsbA==",
          "dependencies": [
            "aws_iam_instance_profile.uat-ec2-cloudwatch",
            "aws_iam_role.uat-ec2-cloudwatch",
            "aws_security_group.UAT-BCE-EXTALB-SG",
            "aws_security_group.UAT-BCS-EXTALB-SG",
            "aws_security_group.UAT-BCW-EXTALB-SG",
            "aws_security_group.UAT-CFFG-EXTALB-SG",
            "aws_security_group.UAT-EC2-APP-SG",
            "aws_security_group.allow_ssh",
            "aws_vpc.uat-default"
          ],
          "create_before_destroy": true
        }
      ]
    },
    {
      "mode": "managed",
      "type": "aws_launch_configuration",
      "name": "UAT-APP-LC-TEMP",
      "provider": "provider[\"registry.terraform.io/hashicorp/aws\"]",
      "instances": [
        {
          "schema_version": 0,
          "attributes": {
            "arn": "arn:aws:autoscaling:eu-west-2:975971611990:launchConfiguration:3f2c7f01-7111-456f-8b38-f5a6efc40bf4:launchConfigurationName/UAT BCE Temporary Application Launch Configuration",
            "associate_public_ip_address": false,
            "ebs_block_device": [],
            "ebs_optimized": false,
            "enable_monitoring": true,
            "ephemeral_block_device": [],
            "iam_instance_profile": "uat-ec2-cloudwatch",
            "id": "UAT BCE Temporary Application Launch Configuration",
            "image_id": "ami-0547e35fc34d5cd92",
            "instance_type": "t3.medium",
            "key_name": "CO-BCP",
            "metadata_options": [
              {
                "http_endpoint": "enabled",
                "http_put_response_hop_limit": 1,
                "http_tokens": "required"
              }
            ],
            "name": "UAT BCE Temporary Application Launch Configuration",
            "name_prefix": "",
            "placement_tenancy": null,
            "root_block_device": [],
            "security_groups": [
              "sg-0ede58afea3e1a9e3"
            ],
            "spot_price": "",
            "user_data": null,
            "user_data_base64": null,
            "vpc_classic_link_id": "",
            "vpc_classic_link_security_groups": null
          },
          "sensitive_attributes": [],
          "private": "bnVsbA==",
          "dependencies": [
            "aws_iam_instance_profile.uat-ec2-cloudwatch",
            "aws_security_group.UAT-EC2-APP-SG"
          ]
        }
      ]
    },
    {
      "mode": "managed",
      "type": "aws_launch_configuration",
      "name": "UAT-MAP-LC",
      "provider": "provider[\"registry.terraform.io/hashicorp/aws\"]",
      "instances": [
        {
          "schema_version": 0,
          "attributes": {
            "arn": "arn:aws:autoscaling:eu-west-2:975971611990:launchConfiguration:6667f358-228c-42ae-a5d2-c4d2199393f8:launchConfigurationName/UAT BCE Mapping Launch Configuration",
            "associate_public_ip_address": false,
            "ebs_block_device": [],
            "ebs_optimized": false,
            "enable_monitoring": true,
            "ephemeral_block_device": [],
            "iam_instance_profile": "uat-ec2-cloudwatch",
            "id": "UAT BCE Mapping Launch Configuration",
            "image_id": "ami-02013fd085e79dcdc",
            "instance_type": "t3.medium",
            "key_name": "CO-BCP",
            "metadata_options": [
              {
                "http_endpoint": "enabled",
                "http_put_response_hop_limit": 1,
                "http_tokens": "required"
              }
            ],
            "name": "UAT BCE Mapping Launch Configuration",
            "name_prefix": "",
            "placement_tenancy": null,
            "root_block_device": [],
            "security_groups": [
              "sg-075e9aeb05f5c284c"
            ],
            "spot_price": "",
            "user_data": null,
            "user_data_base64": null,
            "vpc_classic_link_id": "",
            "vpc_classic_link_security_groups": []
          },
          "sensitive_attributes": [],
          "private": "bnVsbA==",
          "dependencies": [
            "aws_iam_instance_profile.uat-ec2-cloudwatch",
            "aws_iam_role.uat-ec2-cloudwatch",
            "aws_security_group.UAT-BCE-EXTALB-SG",
            "aws_security_group.UAT-BCS-EXTALB-SG",
            "aws_security_group.UAT-BCW-EXTALB-SG",
            "aws_security_group.UAT-CFFG-EXTALB-SG",
            "aws_security_group.UAT-EC2-MAP-SG",
            "aws_security_group.allow_ssh",
            "aws_vpc.uat-default"
          ],
          "create_before_destroy": true
        }
      ]
    },
    {
      "mode": "managed",
      "type": "aws_launch_configuration",
      "name": "UAT-MAP-LC-TEMP",
      "provider": "provider[\"registry.terraform.io/hashicorp/aws\"]",
      "instances": [
        {
          "schema_version": 0,
          "attributes": {
            "arn": "arn:aws:autoscaling:eu-west-2:975971611990:launchConfiguration:92e23e6e-12a9-47b0-9dd9-e55ea5bc55c4:launchConfigurationName/UAT BCE Temporary Mapping Launch Configuration",
            "associate_public_ip_address": false,
            "ebs_block_device": [],
            "ebs_optimized": false,
            "enable_monitoring": true,
            "ephemeral_block_device": [],
            "iam_instance_profile": "uat-ec2-cloudwatch",
            "id": "UAT BCE Temporary Mapping Launch Configuration",
            "image_id": "ami-0bce11c4230e4cd5b",
            "instance_type": "t3.medium",
            "key_name": "CO-BCP",
            "metadata_options": [
              {
                "http_endpoint": "enabled",
                "http_put_response_hop_limit": 1,
                "http_tokens": "required"
              }
            ],
            "name": "UAT BCE Temporary Mapping Launch Configuration",
            "name_prefix": "",
            "placement_tenancy": null,
            "root_block_device": [],
            "security_groups": [
              "sg-075e9aeb05f5c284c"
            ],
            "spot_price": "",
            "user_data": null,
            "user_data_base64": null,
            "vpc_classic_link_id": "",
            "vpc_classic_link_security_groups": null
          },
          "sensitive_attributes": [],
          "private": "bnVsbA==",
          "dependencies": [
            "aws_iam_instance_profile.uat-ec2-cloudwatch",
            "aws_security_group.UAT-EC2-MAP-SG"
          ]
        }
      ]
    },
    {
      "mode": "managed",
      "type": "aws_lb",
      "name": "uat-bce-app-alb",
      "provider": "provider[\"registry.terraform.io/hashicorp/aws\"]",
      "instances": [
        {
          "schema_version": 0,
          "attributes": {
            "access_logs": [
              {
                "bucket": "uat-bce-logs",
                "enabled": true,
                "prefix": "uatbce"
              }
            ],
            "arn": "arn:aws:elasticloadbalancing:eu-west-2:975971611990:loadbalancer/app/uat-bce-app-alb/54ae724609b05647",
            "arn_suffix": "app/uat-bce-app-alb/54ae724609b05647",
            "customer_owned_ipv4_pool": "",
            "desync_mitigation_mode": "defensive",
            "dns_name": "uat-bce-app-alb-546190699.eu-west-2.elb.amazonaws.com",
            "drop_invalid_header_fields": true,
            "enable_cross_zone_load_balancing": null,
            "enable_deletion_protection": false,
            "enable_http2": true,
            "enable_waf_fail_open": false,
            "id": "arn:aws:elasticloadbalancing:eu-west-2:975971611990:loadbalancer/app/uat-bce-app-alb/54ae724609b05647",
            "idle_timeout": 60,
            "internal": false,
            "ip_address_type": "ipv4",
            "load_balancer_type": "application",
            "name": "uat-bce-app-alb",
            "name_prefix": null,
            "security_groups": [
              "sg-06f7771690362d24d"
            ],
            "subnet_mapping": [
              {
                "allocation_id": "",
                "ipv6_address": "",
                "outpost_id": "",
                "private_ipv4_address": "",
                "subnet_id": "subnet-02a3f1323ec0bf31c"
              },
              {
                "allocation_id": "",
                "ipv6_address": "",
                "outpost_id": "",
                "private_ipv4_address": "",
                "subnet_id": "subnet-095efb040746c54fd"
              }
            ],
            "subnets": [
              "subnet-02a3f1323ec0bf31c",
              "subnet-095efb040746c54fd"
            ],
            "tags": {},
            "tags_all": {},
            "timeouts": null,
            "vpc_id": "vpc-04976fafdcd3c8f88",
            "zone_id": "ZHURV8PSTC4K8"
          },
          "sensitive_attributes": [],
          "private": "eyJlMmJmYjczMC1lY2FhLTExZTYtOGY4OC0zNDM2M2JjN2M0YzAiOnsiY3JlYXRlIjo2MDAwMDAwMDAwMDAsImRlbGV0ZSI6NjAwMDAwMDAwMDAwLCJ1cGRhdGUiOjYwMDAwMDAwMDAwMH19",
          "dependencies": [
            "aws_iam_role.uat-bcp-rep",
            "aws_kms_key.uat-kms",
            "aws_s3_bucket.uat-bce-logs",
            "aws_security_group.UAT-BCE-EXTALB-SG",
            "aws_subnet.uat-public",
            "aws_vpc.uat-default",
            "data.aws_canonical_user_id.current_user"
          ]
        }
      ]
    },
    {
      "mode": "managed",
      "type": "aws_lb",
      "name": "uat-bcs-app-alb",
      "provider": "provider[\"registry.terraform.io/hashicorp/aws\"]",
      "instances": [
        {
          "schema_version": 0,
          "attributes": {
            "access_logs": [
              {
                "bucket": "uat-bcs-logs",
                "enabled": true,
                "prefix": "uatbcs"
              }
            ],
            "arn": "arn:aws:elasticloadbalancing:eu-west-2:975971611990:loadbalancer/app/uat-bcs-app-alb/88680ab9dca777aa",
            "arn_suffix": "app/uat-bcs-app-alb/88680ab9dca777aa",
            "customer_owned_ipv4_pool": "",
            "desync_mitigation_mode": "defensive",
            "dns_name": "uat-bcs-app-alb-1768519539.eu-west-2.elb.amazonaws.com",
            "drop_invalid_header_fields": true,
            "enable_cross_zone_load_balancing": null,
            "enable_deletion_protection": false,
            "enable_http2": true,
            "enable_waf_fail_open": false,
            "id": "arn:aws:elasticloadbalancing:eu-west-2:975971611990:loadbalancer/app/uat-bcs-app-alb/88680ab9dca777aa",
            "idle_timeout": 60,
            "internal": false,
            "ip_address_type": "ipv4",
            "load_balancer_type": "application",
            "name": "uat-bcs-app-alb",
            "name_prefix": null,
            "security_groups": [
              "sg-0e1b62c85b1051686"
            ],
            "subnet_mapping": [
              {
                "allocation_id": "",
                "ipv6_address": "",
                "outpost_id": "",
                "private_ipv4_address": "",
                "subnet_id": "subnet-02a3f1323ec0bf31c"
              },
              {
                "allocation_id": "",
                "ipv6_address": "",
                "outpost_id": "",
                "private_ipv4_address": "",
                "subnet_id": "subnet-095efb040746c54fd"
              }
            ],
            "subnets": [
              "subnet-02a3f1323ec0bf31c",
              "subnet-095efb040746c54fd"
            ],
            "tags": {},
            "tags_all": {},
            "timeouts": null,
            "vpc_id": "vpc-04976fafdcd3c8f88",
            "zone_id": "ZHURV8PSTC4K8"
          },
          "sensitive_attributes": [],
          "private": "eyJlMmJmYjczMC1lY2FhLTExZTYtOGY4OC0zNDM2M2JjN2M0YzAiOnsiY3JlYXRlIjo2MDAwMDAwMDAwMDAsImRlbGV0ZSI6NjAwMDAwMDAwMDAwLCJ1cGRhdGUiOjYwMDAwMDAwMDAwMH19",
          "dependencies": [
            "aws_iam_role.uat-bcp-rep",
            "aws_kms_key.uat-kms",
            "aws_s3_bucket.uat-bcs-logs",
            "aws_security_group.UAT-BCS-EXTALB-SG",
            "aws_subnet.uat-public",
            "aws_vpc.uat-default",
            "data.aws_canonical_user_id.current_user"
          ]
        }
      ]
    },
    {
      "mode": "managed",
      "type": "aws_lb",
      "name": "uat-bcw-app-alb",
      "provider": "provider[\"registry.terraform.io/hashicorp/aws\"]",
      "instances": [
        {
          "schema_version": 0,
          "attributes": {
            "access_logs": [
              {
                "bucket": "uat-bcw-logs",
                "enabled": true,
                "prefix": "uatbcw"
              }
            ],
            "arn": "arn:aws:elasticloadbalancing:eu-west-2:975971611990:loadbalancer/app/uat-bcw-app-alb/88687cfa60341548",
            "arn_suffix": "app/uat-bcw-app-alb/88687cfa60341548",
            "customer_owned_ipv4_pool": "",
            "desync_mitigation_mode": "defensive",
            "dns_name": "uat-bcw-app-alb-815203766.eu-west-2.elb.amazonaws.com",
            "drop_invalid_header_fields": true,
            "enable_cross_zone_load_balancing": null,
            "enable_deletion_protection": false,
            "enable_http2": true,
            "enable_waf_fail_open": false,
            "id": "arn:aws:elasticloadbalancing:eu-west-2:975971611990:loadbalancer/app/uat-bcw-app-alb/88687cfa60341548",
            "idle_timeout": 60,
            "internal": false,
            "ip_address_type": "ipv4",
            "load_balancer_type": "application",
            "name": "uat-bcw-app-alb",
            "name_prefix": null,
            "security_groups": [
              "sg-0d821adc8d34b9bcb"
            ],
            "subnet_mapping": [
              {
                "allocation_id": "",
                "ipv6_address": "",
                "outpost_id": "",
                "private_ipv4_address": "",
                "subnet_id": "subnet-02a3f1323ec0bf31c"
              },
              {
                "allocation_id": "",
                "ipv6_address": "",
                "outpost_id": "",
                "private_ipv4_address": "",
                "subnet_id": "subnet-095efb040746c54fd"
              }
            ],
            "subnets": [
              "subnet-02a3f1323ec0bf31c",
              "subnet-095efb040746c54fd"
            ],
            "tags": {},
            "tags_all": {},
            "timeouts": null,
            "vpc_id": "vpc-04976fafdcd3c8f88",
            "zone_id": "ZHURV8PSTC4K8"
          },
          "sensitive_attributes": [],
          "private": "eyJlMmJmYjczMC1lY2FhLTExZTYtOGY4OC0zNDM2M2JjN2M0YzAiOnsiY3JlYXRlIjo2MDAwMDAwMDAwMDAsImRlbGV0ZSI6NjAwMDAwMDAwMDAwLCJ1cGRhdGUiOjYwMDAwMDAwMDAwMH19",
          "dependencies": [
            "aws_iam_role.uat-bcp-rep",
            "aws_kms_key.uat-kms",
            "aws_s3_bucket.uat-bcw-logs",
            "aws_security_group.UAT-BCW-EXTALB-SG",
            "aws_subnet.uat-public",
            "aws_vpc.uat-default",
            "data.aws_canonical_user_id.current_user"
          ]
        }
      ]
    },
    {
      "mode": "managed",
      "type": "aws_lb",
      "name": "uat-cffg-app-alb",
      "provider": "provider[\"registry.terraform.io/hashicorp/aws\"]",
      "instances": [
        {
          "schema_version": 0,
          "attributes": {
            "access_logs": [
              {
                "bucket": "uat-cffg-logs",
                "enabled": true,
                "prefix": "uatcffg"
              }
            ],
            "arn": "arn:aws:elasticloadbalancing:eu-west-2:975971611990:loadbalancer/app/uat-cffg-app-alb/b86a648bab2e770b",
            "arn_suffix": "app/uat-cffg-app-alb/b86a648bab2e770b",
            "customer_owned_ipv4_pool": "",
            "desync_mitigation_mode": "defensive",
            "dns_name": "uat-cffg-app-alb-60691542.eu-west-2.elb.amazonaws.com",
            "drop_invalid_header_fields": true,
            "enable_cross_zone_load_balancing": null,
            "enable_deletion_protection": false,
            "enable_http2": true,
            "enable_waf_fail_open": false,
            "id": "arn:aws:elasticloadbalancing:eu-west-2:975971611990:loadbalancer/app/uat-cffg-app-alb/b86a648bab2e770b",
            "idle_timeout": 60,
            "internal": false,
            "ip_address_type": "ipv4",
            "load_balancer_type": "application",
            "name": "uat-cffg-app-alb",
            "name_prefix": null,
            "security_groups": [
              "sg-0c36981a232488731"
            ],
            "subnet_mapping": [
              {
                "allocation_id": "",
                "ipv6_address": "",
                "outpost_id": "",
                "private_ipv4_address": "",
                "subnet_id": "subnet-02a3f1323ec0bf31c"
              },
              {
                "allocation_id": "",
                "ipv6_address": "",
                "outpost_id": "",
                "private_ipv4_address": "",
                "subnet_id": "subnet-095efb040746c54fd"
              }
            ],
            "subnets": [
              "subnet-02a3f1323ec0bf31c",
              "subnet-095efb040746c54fd"
            ],
            "tags": {},
            "tags_all": {},
            "timeouts": null,
            "vpc_id": "vpc-04976fafdcd3c8f88",
            "zone_id": "ZHURV8PSTC4K8"
          },
          "sensitive_attributes": [],
          "private": "eyJlMmJmYjczMC1lY2FhLTExZTYtOGY4OC0zNDM2M2JjN2M0YzAiOnsiY3JlYXRlIjo2MDAwMDAwMDAwMDAsImRlbGV0ZSI6NjAwMDAwMDAwMDAwLCJ1cGRhdGUiOjYwMDAwMDAwMDAwMH19",
          "dependencies": [
            "aws_iam_role.uat-bcp-rep",
            "aws_kms_key.uat-kms",
            "aws_s3_bucket.uat-cffg-logs",
            "aws_security_group.UAT-CFFG-EXTALB-SG",
            "aws_subnet.uat-public",
            "aws_vpc.uat-default",
            "data.aws_canonical_user_id.current_user"
          ]
        }
      ]
    },
    {
      "mode": "managed",
      "type": "aws_lb_listener_certificate",
      "name": "uat-app-bce-cert",
      "provider": "provider[\"registry.terraform.io/hashicorp/aws\"]",
      "instances": [
        {
          "schema_version": 0,
          "attributes": {
            "certificate_arn": "arn:aws:acm:eu-west-2:975971611990:certificate/66c239f3-b46a-4a06-bffb-5308ddb616be",
            "id": "arn:aws:elasticloadbalancing:eu-west-2:975971611990:listener/app/uat-bce-app-alb/54ae724609b05647/023136c405d7efa1_arn:aws:acm:eu-west-2:975971611990:certificate/66c239f3-b46a-4a06-bffb-5308ddb616be",
            "listener_arn": "arn:aws:elasticloadbalancing:eu-west-2:975971611990:listener/app/uat-bce-app-alb/54ae724609b05647/023136c405d7efa1"
          },
          "sensitive_attributes": [],
          "private": "bnVsbA==",
          "dependencies": [
            "aws_alb_listener.uat-bce-app-alb-listener",
            "aws_iam_role.uat-bcp-rep",
            "aws_kms_key.uat-kms",
            "aws_lb.uat-bce-app-alb",
            "aws_lb_target_group.UAT-BCE-APP-TG",
            "aws_s3_bucket.uat-bce-logs",
            "aws_security_group.UAT-BCE-EXTALB-SG",
            "aws_subnet.uat-public",
            "aws_vpc.uat-default",
            "data.aws_canonical_user_id.current_user"
          ]
        }
      ]
    },
    {
      "mode": "managed",
      "type": "aws_lb_listener_certificate",
      "name": "uat-app-bcs-cert",
      "provider": "provider[\"registry.terraform.io/hashicorp/aws\"]",
      "instances": [
        {
          "schema_version": 0,
          "attributes": {
            "certificate_arn": "arn:aws:acm:eu-west-2:975971611990:certificate/cc49daab-ce64-4dea-bfce-1d893756bd5c",
            "id": "arn:aws:elasticloadbalancing:eu-west-2:975971611990:listener/app/uat-bcs-app-alb/88680ab9dca777aa/e626ef51009e72c1_arn:aws:acm:eu-west-2:975971611990:certificate/cc49daab-ce64-4dea-bfce-1d893756bd5c",
            "listener_arn": "arn:aws:elasticloadbalancing:eu-west-2:975971611990:listener/app/uat-bcs-app-alb/88680ab9dca777aa/e626ef51009e72c1"
          },
          "sensitive_attributes": [],
          "private": "bnVsbA==",
          "dependencies": [
            "aws_alb_listener.uat-bcs-app-alb-listener",
            "aws_iam_role.uat-bcp-rep",
            "aws_kms_key.uat-kms",
            "aws_lb.uat-bcs-app-alb",
            "aws_lb_target_group.UAT-BCS-APP-TG",
            "aws_s3_bucket.uat-bcs-logs",
            "aws_security_group.UAT-BCS-EXTALB-SG",
            "aws_subnet.uat-public",
            "aws_vpc.uat-default",
            "data.aws_canonical_user_id.current_user"
          ]
        }
      ]
    },
    {
      "mode": "managed",
      "type": "aws_lb_listener_certificate",
      "name": "uat-app-bcw-cert",
      "provider": "provider[\"registry.terraform.io/hashicorp/aws\"]",
      "instances": [
        {
          "schema_version": 0,
          "attributes": {
            "certificate_arn": "arn:aws:acm:eu-west-2:975971611990:certificate/93d87aa1-d3f7-483c-a01c-9de4977d2065",
            "id": "arn:aws:elasticloadbalancing:eu-west-2:975971611990:listener/app/uat-bcw-app-alb/88687cfa60341548/b73cd639a905fe15_arn:aws:acm:eu-west-2:975971611990:certificate/93d87aa1-d3f7-483c-a01c-9de4977d2065",
            "listener_arn": "arn:aws:elasticloadbalancing:eu-west-2:975971611990:listener/app/uat-bcw-app-alb/88687cfa60341548/b73cd639a905fe15"
          },
          "sensitive_attributes": [],
          "private": "bnVsbA==",
          "dependencies": [
            "aws_alb_listener.uat-bcw-app-alb-listener",
            "aws_iam_role.uat-bcp-rep",
            "aws_kms_key.uat-kms",
            "aws_lb.uat-bcw-app-alb",
            "aws_lb_target_group.UAT-BCW-APP-TG",
            "aws_s3_bucket.uat-bcw-logs",
            "aws_security_group.UAT-BCW-EXTALB-SG",
            "aws_subnet.uat-public",
            "aws_vpc.uat-default",
            "data.aws_canonical_user_id.current_user"
          ]
        }
      ]
    },
    {
      "mode": "managed",
      "type": "aws_lb_listener_certificate",
      "name": "uat-app-cffg-cert",
      "provider": "provider[\"registry.terraform.io/hashicorp/aws\"]",
      "instances": [
        {
          "schema_version": 0,
          "attributes": {
            "certificate_arn": "arn:aws:acm:eu-west-2:975971611990:certificate/a863204a-b8a9-4afb-ac77-8bdbead60237",
            "id": "arn:aws:elasticloadbalancing:eu-west-2:975971611990:listener/app/uat-cffg-app-alb/b86a648bab2e770b/f54055c34d44b36d_arn:aws:acm:eu-west-2:975971611990:certificate/a863204a-b8a9-4afb-ac77-8bdbead60237",
            "listener_arn": "arn:aws:elasticloadbalancing:eu-west-2:975971611990:listener/app/uat-cffg-app-alb/b86a648bab2e770b/f54055c34d44b36d"
          },
          "sensitive_attributes": [],
          "private": "bnVsbA==",
          "dependencies": [
            "aws_alb_listener.uat-cffg-app-alb-listener",
            "aws_iam_role.uat-bcp-rep",
            "aws_kms_key.uat-kms",
            "aws_lb.uat-cffg-app-alb",
            "aws_lb_target_group.UAT-CFFG-APP-TG",
            "aws_s3_bucket.uat-cffg-logs",
            "aws_security_group.UAT-CFFG-EXTALB-SG",
            "aws_subnet.uat-public",
            "aws_vpc.uat-default",
            "data.aws_canonical_user_id.current_user"
          ]
        }
      ]
    },
    {
      "mode": "managed",
      "type": "aws_lb_target_group",
      "name": "UAT-BCE-APP-TG",
      "provider": "provider[\"registry.terraform.io/hashicorp/aws\"]",
      "instances": [
        {
          "schema_version": 0,
          "attributes": {
            "arn": "arn:aws:elasticloadbalancing:eu-west-2:975971611990:targetgroup/UAT-BCE-Applicaton-TG/cbe5d0fd27c094f0",
            "arn_suffix": "targetgroup/UAT-BCE-Applicaton-TG/cbe5d0fd27c094f0",
            "connection_termination": null,
            "deregistration_delay": "300",
            "health_check": [
              {
                "enabled": true,
                "healthy_threshold": 3,
                "interval": 30,
                "matcher": "200",
                "path": "/health.txt",
                "port": "traffic-port",
                "protocol": "HTTP",
                "timeout": 5,
                "unhealthy_threshold": 3
              }
            ],
            "id": "arn:aws:elasticloadbalancing:eu-west-2:975971611990:targetgroup/UAT-BCE-Applicaton-TG/cbe5d0fd27c094f0",
            "lambda_multi_value_headers_enabled": false,
            "load_balancing_algorithm_type": "round_robin",
            "name": "UAT-BCE-Applicaton-TG",
            "name_prefix": null,
            "port": 80,
            "preserve_client_ip": null,
            "protocol": "HTTP",
            "protocol_version": "HTTP1",
            "proxy_protocol_v2": false,
            "slow_start": 0,
            "stickiness": [
              {
                "cookie_duration": 86400,
                "cookie_name": "",
                "enabled": true,
                "type": "lb_cookie"
              }
            ],
            "tags": {},
            "tags_all": {},
            "target_type": "instance",
            "vpc_id": "vpc-04976fafdcd3c8f88"
          },
          "sensitive_attributes": [],
          "private": "bnVsbA==",
          "dependencies": [
            "aws_vpc.uat-default"
          ],
          "create_before_destroy": true
        }
      ]
    },
    {
      "mode": "managed",
      "type": "aws_lb_target_group",
      "name": "UAT-BCE-MAP-TG",
      "provider": "provider[\"registry.terraform.io/hashicorp/aws\"]",
      "instances": [
        {
          "schema_version": 0,
          "attributes": {
            "arn": "arn:aws:elasticloadbalancing:eu-west-2:975971611990:targetgroup/UAT-BCE-Mapping-TG/3aa8021fbaa07b69",
            "arn_suffix": "targetgroup/UAT-BCE-Mapping-TG/3aa8021fbaa07b69",
            "connection_termination": null,
            "deregistration_delay": "300",
            "health_check": [
              {
                "enabled": true,
                "healthy_threshold": 3,
                "interval": 30,
                "matcher": "200",
                "path": "/geoserver/web/",
                "port": "traffic-port",
                "protocol": "HTTP",
                "timeout": 5,
                "unhealthy_threshold": 3
              }
            ],
            "id": "arn:aws:elasticloadbalancing:eu-west-2:975971611990:targetgroup/UAT-BCE-Mapping-TG/3aa8021fbaa07b69",
            "lambda_multi_value_headers_enabled": false,
            "load_balancing_algorithm_type": "round_robin",
            "name": "UAT-BCE-Mapping-TG",
            "name_prefix": null,
            "port": 8080,
            "preserve_client_ip": null,
            "protocol": "HTTP",
            "protocol_version": "HTTP1",
            "proxy_protocol_v2": false,
            "slow_start": 0,
            "stickiness": [
              {
                "cookie_duration": 86400,
                "cookie_name": "",
                "enabled": false,
                "type": "lb_cookie"
              }
            ],
            "tags": {},
            "tags_all": {},
            "target_type": "instance",
            "vpc_id": "vpc-04976fafdcd3c8f88"
          },
          "sensitive_attributes": [],
          "private": "bnVsbA==",
          "dependencies": [
            "aws_vpc.uat-default"
          ],
          "create_before_destroy": true
        }
      ]
    },
    {
      "mode": "managed",
      "type": "aws_lb_target_group",
      "name": "UAT-BCS-APP-TG",
      "provider": "provider[\"registry.terraform.io/hashicorp/aws\"]",
      "instances": [
        {
          "schema_version": 0,
          "attributes": {
            "arn": "arn:aws:elasticloadbalancing:eu-west-2:975971611990:targetgroup/UAT-BCS-Applicaton-TG/180df5b2e1bc167f",
            "arn_suffix": "targetgroup/UAT-BCS-Applicaton-TG/180df5b2e1bc167f",
            "connection_termination": null,
            "deregistration_delay": "300",
            "health_check": [
              {
                "enabled": true,
                "healthy_threshold": 3,
                "interval": 30,
                "matcher": "200",
                "path": "/health.txt",
                "port": "traffic-port",
                "protocol": "HTTP",
                "timeout": 5,
                "unhealthy_threshold": 3
              }
            ],
            "id": "arn:aws:elasticloadbalancing:eu-west-2:975971611990:targetgroup/UAT-BCS-Applicaton-TG/180df5b2e1bc167f",
            "lambda_multi_value_headers_enabled": false,
            "load_balancing_algorithm_type": "round_robin",
            "name": "UAT-BCS-Applicaton-TG",
            "name_prefix": null,
            "port": 80,
            "preserve_client_ip": null,
            "protocol": "HTTP",
            "protocol_version": "HTTP1",
            "proxy_protocol_v2": false,
            "slow_start": 0,
            "stickiness": [
              {
                "cookie_duration": 86400,
                "cookie_name": "",
                "enabled": true,
                "type": "lb_cookie"
              }
            ],
            "tags": {},
            "tags_all": {},
            "target_type": "instance",
            "vpc_id": "vpc-04976fafdcd3c8f88"
          },
          "sensitive_attributes": [],
          "private": "bnVsbA==",
          "dependencies": [
            "aws_vpc.uat-default"
          ],
          "create_before_destroy": true
        }
      ]
    },
    {
      "mode": "managed",
      "type": "aws_lb_target_group",
      "name": "UAT-BCS-MAP-TG",
      "provider": "provider[\"registry.terraform.io/hashicorp/aws\"]",
      "instances": [
        {
          "schema_version": 0,
          "attributes": {
            "arn": "arn:aws:elasticloadbalancing:eu-west-2:975971611990:targetgroup/UAT-BCS-Mapping-TG/28d5251577005c8e",
            "arn_suffix": "targetgroup/UAT-BCS-Mapping-TG/28d5251577005c8e",
            "connection_termination": null,
            "deregistration_delay": "300",
            "health_check": [
              {
                "enabled": true,
                "healthy_threshold": 3,
                "interval": 30,
                "matcher": "200",
                "path": "/geoserver/web/",
                "port": "traffic-port",
                "protocol": "HTTP",
                "timeout": 5,
                "unhealthy_threshold": 3
              }
            ],
            "id": "arn:aws:elasticloadbalancing:eu-west-2:975971611990:targetgroup/UAT-BCS-Mapping-TG/28d5251577005c8e",
            "lambda_multi_value_headers_enabled": false,
            "load_balancing_algorithm_type": "round_robin",
            "name": "UAT-BCS-Mapping-TG",
            "name_prefix": null,
            "port": 8080,
            "preserve_client_ip": null,
            "protocol": "HTTP",
            "protocol_version": "HTTP1",
            "proxy_protocol_v2": false,
            "slow_start": 0,
            "stickiness": [
              {
                "cookie_duration": 86400,
                "cookie_name": "",
                "enabled": false,
                "type": "lb_cookie"
              }
            ],
            "tags": {},
            "tags_all": {},
            "target_type": "instance",
            "vpc_id": "vpc-04976fafdcd3c8f88"
          },
          "sensitive_attributes": [],
          "private": "bnVsbA==",
          "dependencies": [
            "aws_vpc.uat-default"
          ],
          "create_before_destroy": true
        }
      ]
    },
    {
      "mode": "managed",
      "type": "aws_lb_target_group",
      "name": "UAT-BCW-APP-TG",
      "provider": "provider[\"registry.terraform.io/hashicorp/aws\"]",
      "instances": [
        {
          "schema_version": 0,
          "attributes": {
            "arn": "arn:aws:elasticloadbalancing:eu-west-2:975971611990:targetgroup/UAT-BCW-Applicaton-TG/0710885824c8fbfc",
            "arn_suffix": "targetgroup/UAT-BCW-Applicaton-TG/0710885824c8fbfc",
            "connection_termination": null,
            "deregistration_delay": "300",
            "health_check": [
              {
                "enabled": true,
                "healthy_threshold": 3,
                "interval": 30,
                "matcher": "200",
                "path": "/health.txt",
                "port": "traffic-port",
                "protocol": "HTTP",
                "timeout": 5,
                "unhealthy_threshold": 3
              }
            ],
            "id": "arn:aws:elasticloadbalancing:eu-west-2:975971611990:targetgroup/UAT-BCW-Applicaton-TG/0710885824c8fbfc",
            "lambda_multi_value_headers_enabled": false,
            "load_balancing_algorithm_type": "round_robin",
            "name": "UAT-BCW-Applicaton-TG",
            "name_prefix": null,
            "port": 80,
            "preserve_client_ip": null,
            "protocol": "HTTP",
            "protocol_version": "HTTP1",
            "proxy_protocol_v2": false,
            "slow_start": 0,
            "stickiness": [
              {
                "cookie_duration": 86400,
                "cookie_name": "",
                "enabled": true,
                "type": "lb_cookie"
              }
            ],
            "tags": {},
            "tags_all": {},
            "target_type": "instance",
            "vpc_id": "vpc-04976fafdcd3c8f88"
          },
          "sensitive_attributes": [],
          "private": "bnVsbA==",
          "dependencies": [
            "aws_vpc.uat-default"
          ],
          "create_before_destroy": true
        }
      ]
    },
    {
      "mode": "managed",
      "type": "aws_lb_target_group",
      "name": "UAT-BCW-MAP-TG",
      "provider": "provider[\"registry.terraform.io/hashicorp/aws\"]",
      "instances": [
        {
          "schema_version": 0,
          "attributes": {
            "arn": "arn:aws:elasticloadbalancing:eu-west-2:975971611990:targetgroup/UAT-BCW-Mapping-TG/1fa26b4cbb7d52a5",
            "arn_suffix": "targetgroup/UAT-BCW-Mapping-TG/1fa26b4cbb7d52a5",
            "connection_termination": null,
            "deregistration_delay": "300",
            "health_check": [
              {
                "enabled": true,
                "healthy_threshold": 3,
                "interval": 30,
                "matcher": "200",
                "path": "/geoserver/web/",
                "port": "traffic-port",
                "protocol": "HTTP",
                "timeout": 5,
                "unhealthy_threshold": 3
              }
            ],
            "id": "arn:aws:elasticloadbalancing:eu-west-2:975971611990:targetgroup/UAT-BCW-Mapping-TG/1fa26b4cbb7d52a5",
            "lambda_multi_value_headers_enabled": false,
            "load_balancing_algorithm_type": "round_robin",
            "name": "UAT-BCW-Mapping-TG",
            "name_prefix": null,
            "port": 8080,
            "preserve_client_ip": null,
            "protocol": "HTTP",
            "protocol_version": "HTTP1",
            "proxy_protocol_v2": false,
            "slow_start": 0,
            "stickiness": [
              {
                "cookie_duration": 86400,
                "cookie_name": "",
                "enabled": false,
                "type": "lb_cookie"
              }
            ],
            "tags": {},
            "tags_all": {},
            "target_type": "instance",
            "vpc_id": "vpc-04976fafdcd3c8f88"
          },
          "sensitive_attributes": [],
          "private": "bnVsbA==",
          "dependencies": [
            "aws_vpc.uat-default"
          ],
          "create_before_destroy": true
        }
      ]
    },
    {
      "mode": "managed",
      "type": "aws_lb_target_group",
      "name": "UAT-CFFG-APP-TG",
      "provider": "provider[\"registry.terraform.io/hashicorp/aws\"]",
      "instances": [
        {
          "schema_version": 0,
          "attributes": {
            "arn": "arn:aws:elasticloadbalancing:eu-west-2:975971611990:targetgroup/UAT-CFFG-Applicaton-TG/04eb87873f9b8ecd",
            "arn_suffix": "targetgroup/UAT-CFFG-Applicaton-TG/04eb87873f9b8ecd",
            "connection_termination": null,
            "deregistration_delay": "300",
            "health_check": [
              {
                "enabled": true,
                "healthy_threshold": 3,
                "interval": 30,
                "matcher": "200",
                "path": "/health.txt",
                "port": "traffic-port",
                "protocol": "HTTP",
                "timeout": 5,
                "unhealthy_threshold": 3
              }
            ],
            "id": "arn:aws:elasticloadbalancing:eu-west-2:975971611990:targetgroup/UAT-CFFG-Applicaton-TG/04eb87873f9b8ecd",
            "lambda_multi_value_headers_enabled": false,
            "load_balancing_algorithm_type": "round_robin",
            "name": "UAT-CFFG-Applicaton-TG",
            "name_prefix": null,
            "port": 80,
            "preserve_client_ip": null,
            "protocol": "HTTP",
            "protocol_version": "HTTP1",
            "proxy_protocol_v2": false,
            "slow_start": 0,
            "stickiness": [
              {
                "cookie_duration": 86400,
                "cookie_name": "",
                "enabled": true,
                "type": "lb_cookie"
              }
            ],
            "tags": {},
            "tags_all": {},
            "target_type": "instance",
            "vpc_id": "vpc-04976fafdcd3c8f88"
          },
          "sensitive_attributes": [],
          "private": "bnVsbA==",
          "dependencies": [
            "aws_vpc.uat-default"
          ],
          "create_before_destroy": true
        }
      ]
    },
    {
      "mode": "managed",
      "type": "aws_lb_target_group",
      "name": "UAT-CFFG-MAP-TG",
      "provider": "provider[\"registry.terraform.io/hashicorp/aws\"]",
      "instances": [
        {
          "schema_version": 0,
          "attributes": {
            "arn": "arn:aws:elasticloadbalancing:eu-west-2:975971611990:targetgroup/UAT-CFFG-Mapping-TG/b0cf229dbce9afa8",
            "arn_suffix": "targetgroup/UAT-CFFG-Mapping-TG/b0cf229dbce9afa8",
            "connection_termination": null,
            "deregistration_delay": "300",
            "health_check": [
              {
                "enabled": true,
                "healthy_threshold": 3,
                "interval": 30,
                "matcher": "200",
                "path": "/geoserver/web/",
                "port": "traffic-port",
                "protocol": "HTTP",
                "timeout": 5,
                "unhealthy_threshold": 3
              }
            ],
            "id": "arn:aws:elasticloadbalancing:eu-west-2:975971611990:targetgroup/UAT-CFFG-Mapping-TG/b0cf229dbce9afa8",
            "lambda_multi_value_headers_enabled": false,
            "load_balancing_algorithm_type": "round_robin",
            "name": "UAT-CFFG-Mapping-TG",
            "name_prefix": null,
            "port": 8080,
            "preserve_client_ip": null,
            "protocol": "HTTP",
            "protocol_version": "HTTP1",
            "proxy_protocol_v2": false,
            "slow_start": 0,
            "stickiness": [
              {
                "cookie_duration": 86400,
                "cookie_name": "",
                "enabled": false,
                "type": "lb_cookie"
              }
            ],
            "tags": {},
            "tags_all": {},
            "target_type": "instance",
            "vpc_id": "vpc-04976fafdcd3c8f88"
          },
          "sensitive_attributes": [],
          "private": "bnVsbA==",
          "dependencies": [
            "aws_vpc.uat-default"
          ],
          "create_before_destroy": true
        }
      ]
    },
    {
      "mode": "managed",
      "type": "aws_nat_gateway",
      "name": "uat-default",
      "provider": "provider[\"registry.terraform.io/hashicorp/aws\"]",
      "instances": [
        {
          "index_key": 0,
          "schema_version": 0,
          "attributes": {
            "allocation_id": "eipalloc-07eda723774197030",
            "connectivity_type": "public",
            "id": "nat-087eb34d4c645c382",
            "network_interface_id": "eni-0bba44a6c917c441f",
            "private_ip": "10.1.0.72",
            "public_ip": "18.168.102.174",
            "subnet_id": "subnet-02a3f1323ec0bf31c",
            "tags": {
              "Name": "UAT-NAT1"
            },
            "tags_all": {
              "Name": "UAT-NAT1"
            }
          },
          "sensitive_attributes": [],
          "private": "bnVsbA==",
          "dependencies": [
            "aws_eip.uat-eip",
            "aws_internet_gateway.uat-default",
            "aws_subnet.uat-public",
            "aws_vpc.uat-default"
          ]
        },
        {
          "index_key": 1,
          "schema_version": 0,
          "attributes": {
            "allocation_id": "eipalloc-068cf2f8a16740ea4",
            "connectivity_type": "public",
            "id": "nat-0a45f139672ffc571",
            "network_interface_id": "eni-09d797dda310bab7b",
            "private_ip": "10.1.2.225",
            "public_ip": "3.8.70.214",
            "subnet_id": "subnet-095efb040746c54fd",
            "tags": {
              "Name": "UAT-NAT2"
            },
            "tags_all": {
              "Name": "UAT-NAT2"
            }
          },
          "sensitive_attributes": [],
          "private": "bnVsbA==",
          "dependencies": [
            "aws_eip.uat-eip",
            "aws_internet_gateway.uat-default",
            "aws_subnet.uat-public",
            "aws_vpc.uat-default"
          ]
        }
      ]
    },
    {
      "mode": "managed",
      "type": "aws_route",
      "name": "uat-private",
      "provider": "provider[\"registry.terraform.io/hashicorp/aws\"]",
      "instances": [
        {
          "index_key": 0,
          "schema_version": 0,
          "attributes": {
            "carrier_gateway_id": "",
            "destination_cidr_block": "0.0.0.0/0",
            "destination_ipv6_cidr_block": "",
            "destination_prefix_list_id": "",
            "egress_only_gateway_id": "",
            "gateway_id": "",
            "id": "r-rtb-065bf1fddadacf39f1080289494",
            "instance_id": "",
            "instance_owner_id": "",
            "local_gateway_id": "",
            "nat_gateway_id": "nat-087eb34d4c645c382",
            "network_interface_id": "",
            "origin": "CreateRoute",
            "route_table_id": "rtb-065bf1fddadacf39f",
            "state": "active",
            "timeouts": null,
            "transit_gateway_id": "",
            "vpc_endpoint_id": "",
            "vpc_peering_connection_id": ""
          },
          "sensitive_attributes": [],
          "private": "eyJlMmJmYjczMC1lY2FhLTExZTYtOGY4OC0zNDM2M2JjN2M0YzAiOnsiY3JlYXRlIjoxMjAwMDAwMDAwMDAsImRlbGV0ZSI6MzAwMDAwMDAwMDAwfX0=",
          "dependencies": [
            "aws_eip.uat-eip",
            "aws_internet_gateway.uat-default",
            "aws_nat_gateway.uat-default",
            "aws_route_table.uat-private",
            "aws_subnet.uat-public",
            "aws_vpc.uat-default"
          ]
        },
        {
          "index_key": 1,
          "schema_version": 0,
          "attributes": {
            "carrier_gateway_id": "",
            "destination_cidr_block": "0.0.0.0/0",
            "destination_ipv6_cidr_block": "",
            "destination_prefix_list_id": "",
            "egress_only_gateway_id": "",
            "gateway_id": "",
            "id": "r-rtb-0997f1696789a69ba1080289494",
            "instance_id": "",
            "instance_owner_id": "",
            "local_gateway_id": "",
            "nat_gateway_id": "nat-0a45f139672ffc571",
            "network_interface_id": "",
            "origin": "CreateRoute",
            "route_table_id": "rtb-0997f1696789a69ba",
            "state": "active",
            "timeouts": null,
            "transit_gateway_id": "",
            "vpc_endpoint_id": "",
            "vpc_peering_connection_id": ""
          },
          "sensitive_attributes": [],
          "private": "eyJlMmJmYjczMC1lY2FhLTExZTYtOGY4OC0zNDM2M2JjN2M0YzAiOnsiY3JlYXRlIjoxMjAwMDAwMDAwMDAsImRlbGV0ZSI6MzAwMDAwMDAwMDAwfX0=",
          "dependencies": [
            "aws_eip.uat-eip",
            "aws_internet_gateway.uat-default",
            "aws_nat_gateway.uat-default",
            "aws_route_table.uat-private",
            "aws_subnet.uat-public",
            "aws_vpc.uat-default"
          ]
        }
      ]
    },
    {
      "mode": "managed",
      "type": "aws_route",
      "name": "uat-public",
      "provider": "provider[\"registry.terraform.io/hashicorp/aws\"]",
      "instances": [
        {
          "schema_version": 0,
          "attributes": {
            "carrier_gateway_id": "",
            "destination_cidr_block": "0.0.0.0/0",
            "destination_ipv6_cidr_block": "",
            "destination_prefix_list_id": "",
            "egress_only_gateway_id": "",
            "gateway_id": "igw-06406ec614cbaf528",
            "id": "r-rtb-0a16708e6b800d7161080289494",
            "instance_id": "",
            "instance_owner_id": "",
            "local_gateway_id": "",
            "nat_gateway_id": "",
            "network_interface_id": "",
            "origin": "CreateRoute",
            "route_table_id": "rtb-0a16708e6b800d716",
            "state": "active",
            "timeouts": null,
            "transit_gateway_id": "",
            "vpc_endpoint_id": "",
            "vpc_peering_connection_id": ""
          },
          "sensitive_attributes": [],
          "private": "eyJlMmJmYjczMC1lY2FhLTExZTYtOGY4OC0zNDM2M2JjN2M0YzAiOnsiY3JlYXRlIjoxMjAwMDAwMDAwMDAsImRlbGV0ZSI6MzAwMDAwMDAwMDAwfX0=",
          "dependencies": [
            "aws_internet_gateway.uat-default",
            "aws_route_table.uat-public",
            "aws_vpc.uat-default"
          ]
        }
      ]
    },
    {
      "mode": "managed",
      "type": "aws_route53_record",
      "name": "bce_uat_alb",
      "provider": "provider[\"registry.terraform.io/hashicorp/aws\"]",
      "instances": [
        {
          "schema_version": 2,
          "attributes": {
            "alias": [],
            "allow_overwrite": null,
            "failover_routing_policy": [],
            "fqdn": "uat-alb.bce2023.co.uk",
            "geolocation_routing_policy": [],
            "health_check_id": "",
            "id": "Z04517471XDEFZB5FO5DB_uat-alb.bce2023.co.uk_CNAME",
            "latency_routing_policy": [],
            "multivalue_answer_routing_policy": null,
            "name": "uat-alb.bce2023.co.uk",
            "records": [
              "uat-bce-app-alb-546190699.eu-west-2.elb.amazonaws.com"
            ],
            "set_identifier": "",
            "ttl": 60,
            "type": "CNAME",
            "weighted_routing_policy": [],
            "zone_id": "Z04517471XDEFZB5FO5DB"
          },
          "sensitive_attributes": [],
          "private": "eyJzY2hlbWFfdmVyc2lvbiI6IjIifQ==",
          "dependencies": [
            "aws_iam_role.uat-bcp-rep",
            "aws_kms_key.uat-kms",
            "aws_lb.uat-bce-app-alb",
            "aws_s3_bucket.uat-bce-logs",
            "aws_security_group.UAT-BCE-EXTALB-SG",
            "aws_subnet.uat-public",
            "aws_vpc.uat-default",
            "data.aws_canonical_user_id.current_user"
          ]
        }
      ]
    },
    {
      "mode": "managed",
      "type": "aws_route53_record",
      "name": "bce_uat_db",
      "provider": "provider[\"registry.terraform.io/hashicorp/aws\"]",
      "instances": [
        {
          "schema_version": 2,
          "attributes": {
            "alias": [],
            "allow_overwrite": null,
            "failover_routing_policy": [],
            "fqdn": "uatdb.bce2023.co.uk",
            "geolocation_routing_policy": [],
            "health_check_id": "",
            "id": "Z04517471XDEFZB5FO5DB_uatdb.bce2023.co.uk_CNAME",
            "latency_routing_policy": [],
            "multivalue_answer_routing_policy": null,
            "name": "uatdb.bce2023.co.uk",
            "records": [
              "uat-bcp-db.crjf8wrofi48.eu-west-2.rds.amazonaws.com"
            ],
            "set_identifier": "",
            "ttl": 60,
            "type": "CNAME",
            "weighted_routing_policy": [],
            "zone_id": "Z04517471XDEFZB5FO5DB"
          },
          "sensitive_attributes": [],
          "private": "eyJzY2hlbWFfdmVyc2lvbiI6IjIifQ==",
          "dependencies": [
            "aws_db_instance.uat-bcp-db",
            "aws_db_subnet_group.uat-rds-sub",
            "aws_security_group.UAT-BCE-EXTALB-SG",
            "aws_security_group.UAT-BCS-EXTALB-SG",
            "aws_security_group.UAT-BCW-EXTALB-SG",
            "aws_security_group.UAT-CFFG-EXTALB-SG",
            "aws_security_group.UAT-EC2-APP-SG",
            "aws_security_group.UAT-EC2-MAP-SG",
            "aws_security_group.UAT-RDS-SG",
            "aws_security_group.allow_ssh",
            "aws_subnet.uat-private",
            "aws_vpc.uat-default",
            "data.aws_db_snapshot.uat-snap"
          ]
        }
      ]
    },
    {
      "mode": "managed",
      "type": "aws_route53_record",
      "name": "bce_uat_ext_db",
      "provider": "provider[\"registry.terraform.io/hashicorp/aws\"]",
      "instances": [
        {
          "schema_version": 2,
          "attributes": {
            "alias": [],
            "allow_overwrite": null,
            "failover_routing_policy": [],
            "fqdn": "uatdb.bcereviews-uat.org.uk",
            "geolocation_routing_policy": [],
            "health_check_id": "",
            "id": "Z008287218S07FVQS4QQO_uatdb.bcereviews-uat.org.uk_CNAME",
            "latency_routing_policy": [],
            "multivalue_answer_routing_policy": null,
            "name": "uatdb.bcereviews-uat.org.uk",
            "records": [
              "uat-bcp-db.crjf8wrofi48.eu-west-2.rds.amazonaws.com"
            ],
            "set_identifier": "",
            "ttl": 60,
            "type": "CNAME",
            "weighted_routing_policy": [],
            "zone_id": "Z008287218S07FVQS4QQO"
          },
          "sensitive_attributes": [],
          "private": "eyJzY2hlbWFfdmVyc2lvbiI6IjIifQ==",
          "dependencies": [
            "aws_db_instance.uat-bcp-db",
            "aws_db_subnet_group.uat-rds-sub",
            "aws_route53_zone.uat-bce",
            "aws_security_group.UAT-BCE-EXTALB-SG",
            "aws_security_group.UAT-BCS-EXTALB-SG",
            "aws_security_group.UAT-BCW-EXTALB-SG",
            "aws_security_group.UAT-CFFG-EXTALB-SG",
            "aws_security_group.UAT-EC2-APP-SG",
            "aws_security_group.UAT-EC2-MAP-SG",
            "aws_security_group.UAT-RDS-SG",
            "aws_security_group.allow_ssh",
            "aws_subnet.uat-private",
            "aws_vpc.uat-default",
            "data.aws_db_snapshot.uat-snap"
          ]
        }
      ]
    },
    {
      "mode": "managed",
      "type": "aws_route53_record",
      "name": "bcs_uat_alb",
      "provider": "provider[\"registry.terraform.io/hashicorp/aws\"]",
      "instances": [
        {
          "schema_version": 2,
          "attributes": {
            "alias": [],
            "allow_overwrite": null,
            "failover_routing_policy": [],
            "fqdn": "uat-alb.bcs2023.co.uk",
            "geolocation_routing_policy": [],
            "health_check_id": "",
            "id": "Z00762241G67N0D1GZ0KC_uat-alb.bcs2023.co.uk_CNAME",
            "latency_routing_policy": [],
            "multivalue_answer_routing_policy": null,
            "name": "uat-alb.bcs2023.co.uk",
            "records": [
              "uat-bcs-app-alb-1768519539.eu-west-2.elb.amazonaws.com"
            ],
            "set_identifier": "",
            "ttl": 60,
            "type": "CNAME",
            "weighted_routing_policy": [],
            "zone_id": "Z00762241G67N0D1GZ0KC"
          },
          "sensitive_attributes": [],
          "private": "eyJzY2hlbWFfdmVyc2lvbiI6IjIifQ==",
          "dependencies": [
            "aws_iam_role.uat-bcp-rep",
            "aws_kms_key.uat-kms",
            "aws_lb.uat-bcs-app-alb",
            "aws_s3_bucket.uat-bcs-logs",
            "aws_security_group.UAT-BCS-EXTALB-SG",
            "aws_subnet.uat-public",
            "aws_vpc.uat-default",
            "data.aws_canonical_user_id.current_user"
          ]
        }
      ]
    },
    {
      "mode": "managed",
      "type": "aws_route53_record",
      "name": "bcs_uat_db",
      "provider": "provider[\"registry.terraform.io/hashicorp/aws\"]",
      "instances": [
        {
          "schema_version": 2,
          "attributes": {
            "alias": [],
            "allow_overwrite": null,
            "failover_routing_policy": [],
            "fqdn": "uatdb.bcs2023.co.uk",
            "geolocation_routing_policy": [],
            "health_check_id": "",
            "id": "Z00762241G67N0D1GZ0KC_uatdb.bcs2023.co.uk_CNAME",
            "latency_routing_policy": [],
            "multivalue_answer_routing_policy": null,
            "name": "uatdb.bcs2023.co.uk",
            "records": [
              "uat-bcp-db.crjf8wrofi48.eu-west-2.rds.amazonaws.com"
            ],
            "set_identifier": "",
            "ttl": 60,
            "type": "CNAME",
            "weighted_routing_policy": [],
            "zone_id": "Z00762241G67N0D1GZ0KC"
          },
          "sensitive_attributes": [],
          "private": "eyJzY2hlbWFfdmVyc2lvbiI6IjIifQ==",
          "dependencies": [
            "aws_db_instance.uat-bcp-db",
            "aws_db_subnet_group.uat-rds-sub",
            "aws_security_group.UAT-BCE-EXTALB-SG",
            "aws_security_group.UAT-BCS-EXTALB-SG",
            "aws_security_group.UAT-BCW-EXTALB-SG",
            "aws_security_group.UAT-CFFG-EXTALB-SG",
            "aws_security_group.UAT-EC2-APP-SG",
            "aws_security_group.UAT-EC2-MAP-SG",
            "aws_security_group.UAT-RDS-SG",
            "aws_security_group.allow_ssh",
            "aws_subnet.uat-private",
            "aws_vpc.uat-default",
            "data.aws_db_snapshot.uat-snap"
          ]
        }
      ]
    },
    {
      "mode": "managed",
      "type": "aws_route53_record",
      "name": "bcs_uat_ext_db",
      "provider": "provider[\"registry.terraform.io/hashicorp/aws\"]",
      "instances": [
        {
          "schema_version": 2,
          "attributes": {
            "alias": [],
            "allow_overwrite": null,
            "failover_routing_policy": [],
            "fqdn": "uatdb.bcs2023demo.com",
            "geolocation_routing_policy": [],
            "health_check_id": "",
            "id": "Z00763132U6HI5MYZA1Q6_uatdb.bcs2023demo.com_CNAME",
            "latency_routing_policy": [],
            "multivalue_answer_routing_policy": null,
            "name": "uatdb.bcs2023demo.com",
            "records": [
              "uat-bcp-db.crjf8wrofi48.eu-west-2.rds.amazonaws.com"
            ],
            "set_identifier": "",
            "ttl": 60,
            "type": "CNAME",
            "weighted_routing_policy": [],
            "zone_id": "Z00763132U6HI5MYZA1Q6"
          },
          "sensitive_attributes": [],
          "private": "eyJzY2hlbWFfdmVyc2lvbiI6IjIifQ==",
          "dependencies": [
            "aws_db_instance.uat-bcp-db",
            "aws_db_subnet_group.uat-rds-sub",
            "aws_route53_zone.uat-bcs",
            "aws_security_group.UAT-BCE-EXTALB-SG",
            "aws_security_group.UAT-BCS-EXTALB-SG",
            "aws_security_group.UAT-BCW-EXTALB-SG",
            "aws_security_group.UAT-CFFG-EXTALB-SG",
            "aws_security_group.UAT-EC2-APP-SG",
            "aws_security_group.UAT-EC2-MAP-SG",
            "aws_security_group.UAT-RDS-SG",
            "aws_security_group.allow_ssh",
            "aws_subnet.uat-private",
            "aws_vpc.uat-default",
            "data.aws_db_snapshot.uat-snap"
          ]
        }
      ]
    },
    {
      "mode": "managed",
      "type": "aws_route53_record",
      "name": "bcw_uat_alb",
      "provider": "provider[\"registry.terraform.io/hashicorp/aws\"]",
      "instances": [
        {
          "schema_version": 2,
          "attributes": {
            "alias": [],
            "allow_overwrite": null,
            "failover_routing_policy": [],
            "fqdn": "uat-alb.bcw2023.co.uk",
            "geolocation_routing_policy": [],
            "health_check_id": "",
            "id": "Z031797914Y0JGYK1EOWO_uat-alb.bcw2023.co.uk_CNAME",
            "latency_routing_policy": [],
            "multivalue_answer_routing_policy": null,
            "name": "uat-alb.bcw2023.co.uk",
            "records": [
              "uat-bcw-app-alb-815203766.eu-west-2.elb.amazonaws.com"
            ],
            "set_identifier": "",
            "ttl": 60,
            "type": "CNAME",
            "weighted_routing_policy": [],
            "zone_id": "Z031797914Y0JGYK1EOWO"
          },
          "sensitive_attributes": [],
          "private": "eyJzY2hlbWFfdmVyc2lvbiI6IjIifQ==",
          "dependencies": [
            "aws_iam_role.uat-bcp-rep",
            "aws_kms_key.uat-kms",
            "aws_lb.uat-bcw-app-alb",
            "aws_s3_bucket.uat-bcw-logs",
            "aws_security_group.UAT-BCW-EXTALB-SG",
            "aws_subnet.uat-public",
            "aws_vpc.uat-default",
            "data.aws_canonical_user_id.current_user"
          ]
        }
      ]
    },
    {
      "mode": "managed",
      "type": "aws_route53_record",
      "name": "bcw_uat_db",
      "provider": "provider[\"registry.terraform.io/hashicorp/aws\"]",
      "instances": [
        {
          "schema_version": 2,
          "attributes": {
            "alias": [],
            "allow_overwrite": null,
            "failover_routing_policy": [],
            "fqdn": "uatdb.bcw2023.co.uk",
            "geolocation_routing_policy": [],
            "health_check_id": "",
            "id": "Z031797914Y0JGYK1EOWO_uatdb.bcw2023.co.uk_CNAME",
            "latency_routing_policy": [],
            "multivalue_answer_routing_policy": null,
            "name": "uatdb.bcw2023.co.uk",
            "records": [
              "uat-bcp-db.crjf8wrofi48.eu-west-2.rds.amazonaws.com"
            ],
            "set_identifier": "",
            "ttl": 60,
            "type": "CNAME",
            "weighted_routing_policy": [],
            "zone_id": "Z031797914Y0JGYK1EOWO"
          },
          "sensitive_attributes": [],
          "private": "eyJzY2hlbWFfdmVyc2lvbiI6IjIifQ==",
          "dependencies": [
            "aws_db_instance.uat-bcp-db",
            "aws_db_subnet_group.uat-rds-sub",
            "aws_security_group.UAT-BCE-EXTALB-SG",
            "aws_security_group.UAT-BCS-EXTALB-SG",
            "aws_security_group.UAT-BCW-EXTALB-SG",
            "aws_security_group.UAT-CFFG-EXTALB-SG",
            "aws_security_group.UAT-EC2-APP-SG",
            "aws_security_group.UAT-EC2-MAP-SG",
            "aws_security_group.UAT-RDS-SG",
            "aws_security_group.allow_ssh",
            "aws_subnet.uat-private",
            "aws_vpc.uat-default",
            "data.aws_db_snapshot.uat-snap"
          ]
        }
      ]
    },
    {
      "mode": "managed",
      "type": "aws_route53_record",
      "name": "bcw_uat_ext_db",
      "provider": "provider[\"registry.terraform.io/hashicorp/aws\"]",
      "instances": [
        {
          "schema_version": 2,
          "attributes": {
            "alias": [],
            "allow_overwrite": null,
            "failover_routing_policy": [],
            "fqdn": "uatdb.bcw-2023.org.uk",
            "geolocation_routing_policy": [],
            "health_check_id": "",
            "id": "Z08592103QLX2Y8TUBL14_uatdb.bcw-2023.org.uk_CNAME",
            "latency_routing_policy": [],
            "multivalue_answer_routing_policy": null,
            "name": "uatdb.bcw-2023.org.uk",
            "records": [
              "uat-bcp-db.crjf8wrofi48.eu-west-2.rds.amazonaws.com"
            ],
            "set_identifier": "",
            "ttl": 60,
            "type": "CNAME",
            "weighted_routing_policy": [],
            "zone_id": "Z08592103QLX2Y8TUBL14"
          },
          "sensitive_attributes": [],
          "private": "eyJzY2hlbWFfdmVyc2lvbiI6IjIifQ==",
          "dependencies": [
            "aws_db_instance.uat-bcp-db",
            "aws_db_subnet_group.uat-rds-sub",
            "aws_route53_zone.uat-bcw",
            "aws_security_group.UAT-BCE-EXTALB-SG",
            "aws_security_group.UAT-BCS-EXTALB-SG",
            "aws_security_group.UAT-BCW-EXTALB-SG",
            "aws_security_group.UAT-CFFG-EXTALB-SG",
            "aws_security_group.UAT-EC2-APP-SG",
            "aws_security_group.UAT-EC2-MAP-SG",
            "aws_security_group.UAT-RDS-SG",
            "aws_security_group.allow_ssh",
            "aws_subnet.uat-private",
            "aws_vpc.uat-default",
            "data.aws_db_snapshot.uat-snap"
          ]
        }
      ]
    },
    {
      "mode": "managed",
      "type": "aws_route53_record",
      "name": "cffg_uat_alb",
      "provider": "provider[\"registry.terraform.io/hashicorp/aws\"]",
      "instances": [
        {
          "schema_version": 2,
          "attributes": {
            "alias": [],
            "allow_overwrite": null,
            "failover_routing_policy": [],
            "fqdn": "uat-alb.cffg2023.co.uk",
            "geolocation_routing_policy": [],
            "health_check_id": "",
            "id": "Z03174633CRGT06QCWDSS_uat-alb.cffg2023.co.uk_CNAME",
            "latency_routing_policy": [],
            "multivalue_answer_routing_policy": null,
            "name": "uat-alb.cffg2023.co.uk",
            "records": [
              "uat-cffg-app-alb-60691542.eu-west-2.elb.amazonaws.com"
            ],
            "set_identifier": "",
            "ttl": 60,
            "type": "CNAME",
            "weighted_routing_policy": [],
            "zone_id": "Z03174633CRGT06QCWDSS"
          },
          "sensitive_attributes": [],
          "private": "eyJzY2hlbWFfdmVyc2lvbiI6IjIifQ==",
          "dependencies": [
            "aws_iam_role.uat-bcp-rep",
            "aws_kms_key.uat-kms",
            "aws_lb.uat-cffg-app-alb",
            "aws_s3_bucket.uat-cffg-logs",
            "aws_security_group.UAT-CFFG-EXTALB-SG",
            "aws_subnet.uat-public",
            "aws_vpc.uat-default",
            "data.aws_canonical_user_id.current_user"
          ]
        }
      ]
    },
    {
      "mode": "managed",
      "type": "aws_route53_record",
      "name": "cffg_uat_db",
      "provider": "provider[\"registry.terraform.io/hashicorp/aws\"]",
      "instances": [
        {
          "schema_version": 2,
          "attributes": {
            "alias": [],
            "allow_overwrite": null,
            "failover_routing_policy": [],
            "fqdn": "uatdb.cffg2023.co.uk",
            "geolocation_routing_policy": [],
            "health_check_id": "",
            "id": "Z03174633CRGT06QCWDSS_uatdb.cffg2023.co.uk_CNAME",
            "latency_routing_policy": [],
            "multivalue_answer_routing_policy": null,
            "name": "uatdb.cffg2023.co.uk",
            "records": [
              "uat-bcp-db.crjf8wrofi48.eu-west-2.rds.amazonaws.com"
            ],
            "set_identifier": "",
            "ttl": 60,
            "type": "CNAME",
            "weighted_routing_policy": [],
            "zone_id": "Z03174633CRGT06QCWDSS"
          },
          "sensitive_attributes": [],
          "private": "eyJzY2hlbWFfdmVyc2lvbiI6IjIifQ==",
          "dependencies": [
            "aws_db_instance.uat-bcp-db",
            "aws_db_subnet_group.uat-rds-sub",
            "aws_security_group.UAT-BCE-EXTALB-SG",
            "aws_security_group.UAT-BCS-EXTALB-SG",
            "aws_security_group.UAT-BCW-EXTALB-SG",
            "aws_security_group.UAT-CFFG-EXTALB-SG",
            "aws_security_group.UAT-EC2-APP-SG",
            "aws_security_group.UAT-EC2-MAP-SG",
            "aws_security_group.UAT-RDS-SG",
            "aws_security_group.allow_ssh",
            "aws_subnet.uat-private",
            "aws_vpc.uat-default",
            "data.aws_db_snapshot.uat-snap"
          ]
        }
      ]
    },
    {
      "mode": "managed",
      "type": "aws_route53_record",
      "name": "cffg_uat_ext_db",
      "provider": "provider[\"registry.terraform.io/hashicorp/aws\"]",
      "instances": [
        {
          "schema_version": 2,
          "attributes": {
            "alias": [],
            "allow_overwrite": null,
            "failover_routing_policy": [],
            "fqdn": "uatdb.cffg-2023.org.uk",
            "geolocation_routing_policy": [],
            "health_check_id": "",
            "id": "Z00781733B5L2AZ9MXDSH_uatdb.cffg-2023.org.uk_CNAME",
            "latency_routing_policy": [],
            "multivalue_answer_routing_policy": null,
            "name": "uatdb.cffg-2023.org.uk",
            "records": [
              "uat-bcp-db.crjf8wrofi48.eu-west-2.rds.amazonaws.com"
            ],
            "set_identifier": "",
            "ttl": 60,
            "type": "CNAME",
            "weighted_routing_policy": [],
            "zone_id": "Z00781733B5L2AZ9MXDSH"
          },
          "sensitive_attributes": [],
          "private": "eyJzY2hlbWFfdmVyc2lvbiI6IjIifQ==",
          "dependencies": [
            "aws_db_instance.uat-bcp-db",
            "aws_db_subnet_group.uat-rds-sub",
            "aws_route53_zone.uat-cffg",
            "aws_security_group.UAT-BCE-EXTALB-SG",
            "aws_security_group.UAT-BCS-EXTALB-SG",
            "aws_security_group.UAT-BCW-EXTALB-SG",
            "aws_security_group.UAT-CFFG-EXTALB-SG",
            "aws_security_group.UAT-EC2-APP-SG",
            "aws_security_group.UAT-EC2-MAP-SG",
            "aws_security_group.UAT-RDS-SG",
            "aws_security_group.allow_ssh",
            "aws_subnet.uat-private",
            "aws_vpc.uat-default",
            "data.aws_db_snapshot.uat-snap"
          ]
        }
      ]
    },
    {
      "mode": "managed",
      "type": "aws_route53_record",
      "name": "uat_bce",
      "provider": "provider[\"registry.terraform.io/hashicorp/aws\"]",
      "instances": [
        {
          "schema_version": 2,
          "attributes": {
            "alias": [],
            "allow_overwrite": null,
            "failover_routing_policy": [],
            "fqdn": "uat.bce2023.co.uk",
            "geolocation_routing_policy": [],
            "health_check_id": "",
            "id": "Z04517471XDEFZB5FO5DB_uat.bce2023.co.uk_CNAME",
            "latency_routing_policy": [],
            "multivalue_answer_routing_policy": null,
            "name": "uat.bce2023.co.uk",
            "records": [
              "dyase469md9r3.cloudfront.net"
            ],
            "set_identifier": "",
            "ttl": 60,
            "type": "CNAME",
            "weighted_routing_policy": [],
            "zone_id": "Z04517471XDEFZB5FO5DB"
          },
          "sensitive_attributes": [],
          "private": "eyJzY2hlbWFfdmVyc2lvbiI6IjIifQ==",
          "dependencies": [
            "aws_cloudfront_distribution.uat-bce-cf",
            "aws_iam_role.uat-bcp-rep",
            "aws_kms_key.uat-kms",
            "aws_lb.uat-bce-app-alb",
            "aws_s3_bucket.uat-bce-cloudfront-logs",
            "aws_s3_bucket.uat-bce-logs",
            "aws_security_group.UAT-BCE-EXTALB-SG",
            "aws_subnet.uat-public",
            "aws_vpc.uat-default",
            "aws_waf_ipset.uat-bce-waf-ip",
            "aws_waf_rule.uat-bce-waf-rule",
            "aws_waf_web_acl.uat-bce-waf-acl",
            "data.aws_canonical_user_id.current_user"
          ]
        }
      ]
    },
    {
      "mode": "managed",
      "type": "aws_route53_record",
      "name": "uat_bcs",
      "provider": "provider[\"registry.terraform.io/hashicorp/aws\"]",
      "instances": [
        {
          "schema_version": 2,
          "attributes": {
            "alias": [],
            "allow_overwrite": null,
            "failover_routing_policy": [],
            "fqdn": "uat.bcs2023.co.uk",
            "geolocation_routing_policy": [],
            "health_check_id": "",
            "id": "Z00762241G67N0D1GZ0KC_uat.bcs2023.co.uk_CNAME",
            "latency_routing_policy": [],
            "multivalue_answer_routing_policy": null,
            "name": "uat.bcs2023.co.uk",
            "records": [
              "d395gwgpotmx6x.cloudfront.net"
            ],
            "set_identifier": "",
            "ttl": 60,
            "type": "CNAME",
            "weighted_routing_policy": [],
            "zone_id": "Z00762241G67N0D1GZ0KC"
          },
          "sensitive_attributes": [],
          "private": "eyJzY2hlbWFfdmVyc2lvbiI6IjIifQ==",
          "dependencies": [
            "aws_cloudfront_distribution.uat-bcs-cf",
            "aws_iam_role.uat-bcp-rep",
            "aws_kms_key.uat-kms",
            "aws_lb.uat-bcs-app-alb",
            "aws_s3_bucket.uat-bcs-cloudfront-logs",
            "aws_s3_bucket.uat-bcs-logs",
            "aws_security_group.UAT-BCS-EXTALB-SG",
            "aws_subnet.uat-public",
            "aws_vpc.uat-default",
            "aws_waf_ipset.uat-bcs-waf-ip",
            "aws_waf_rule.uat-bcs-waf-rule",
            "aws_waf_web_acl.uat-bcs-waf-acl",
            "data.aws_canonical_user_id.current_user"
          ]
        }
      ]
    },
    {
      "mode": "managed",
      "type": "aws_route53_record",
      "name": "uat_bcw",
      "provider": "provider[\"registry.terraform.io/hashicorp/aws\"]",
      "instances": [
        {
          "schema_version": 2,
          "attributes": {
            "alias": [],
            "allow_overwrite": null,
            "failover_routing_policy": [],
            "fqdn": "uat.bcw2023.co.uk",
            "geolocation_routing_policy": [],
            "health_check_id": "",
            "id": "Z031797914Y0JGYK1EOWO_uat.bcw2023.co.uk_CNAME",
            "latency_routing_policy": [],
            "multivalue_answer_routing_policy": null,
            "name": "uat.bcw2023.co.uk",
            "records": [
              "d1g8mw5ewlatg4.cloudfront.net"
            ],
            "set_identifier": "",
            "ttl": 60,
            "type": "CNAME",
            "weighted_routing_policy": [],
            "zone_id": "Z031797914Y0JGYK1EOWO"
          },
          "sensitive_attributes": [],
          "private": "eyJzY2hlbWFfdmVyc2lvbiI6IjIifQ==",
          "dependencies": [
            "aws_cloudfront_distribution.uat-bcw-cf",
            "aws_iam_role.uat-bcp-rep",
            "aws_kms_key.uat-kms",
            "aws_lb.uat-bcw-app-alb",
            "aws_s3_bucket.uat-bcw-cloudfront-logs",
            "aws_s3_bucket.uat-bcw-logs",
            "aws_security_group.UAT-BCW-EXTALB-SG",
            "aws_subnet.uat-public",
            "aws_vpc.uat-default",
            "aws_waf_ipset.uat-bcw-waf-ip",
            "aws_waf_rule.uat-bcw-waf-rule",
            "aws_waf_web_acl.uat-bcw-waf-acl",
            "data.aws_canonical_user_id.current_user"
          ]
        }
      ]
    },
    {
      "mode": "managed",
      "type": "aws_route53_record",
      "name": "uat_cffg",
      "provider": "provider[\"registry.terraform.io/hashicorp/aws\"]",
      "instances": [
        {
          "schema_version": 2,
          "attributes": {
            "alias": [],
            "allow_overwrite": null,
            "failover_routing_policy": [],
            "fqdn": "uat.cffg2023.co.uk",
            "geolocation_routing_policy": [],
            "health_check_id": "",
            "id": "Z03174633CRGT06QCWDSS_uat.cffg2023.co.uk_CNAME",
            "latency_routing_policy": [],
            "multivalue_answer_routing_policy": null,
            "name": "uat.cffg2023.co.uk",
            "records": [
              "d2qfngyh3kxzpo.cloudfront.net"
            ],
            "set_identifier": "",
            "ttl": 60,
            "type": "CNAME",
            "weighted_routing_policy": [],
            "zone_id": "Z03174633CRGT06QCWDSS"
          },
          "sensitive_attributes": [],
          "private": "eyJzY2hlbWFfdmVyc2lvbiI6IjIifQ==",
          "dependencies": [
            "aws_cloudfront_distribution.uat-cffg-cf",
            "aws_iam_role.uat-bcp-rep",
            "aws_kms_key.uat-kms",
            "aws_lb.uat-cffg-app-alb",
            "aws_s3_bucket.uat-cffg-cloudfront-logs",
            "aws_s3_bucket.uat-cffg-logs",
            "aws_security_group.UAT-CFFG-EXTALB-SG",
            "aws_subnet.uat-public",
            "aws_vpc.uat-default",
            "aws_waf_ipset.uat-cffg-waf-ip",
            "aws_waf_rule.uat-cffg-waf-rule",
            "aws_waf_web_acl.uat-cffg-waf-acl",
            "data.aws_canonical_user_id.current_user"
          ]
        }
      ]
    },
    {
      "mode": "managed",
      "type": "aws_route53_record",
      "name": "uat_ext_bce",
      "provider": "provider[\"registry.terraform.io/hashicorp/aws\"]",
      "instances": [
        {
          "schema_version": 2,
          "attributes": {
            "alias": [
              {
                "evaluate_target_health": false,
                "name": "d22gwzqjsqx19y.cloudfront.net",
                "zone_id": "Z2FDTNDATAQYW2"
              }
            ],
            "allow_overwrite": null,
            "failover_routing_policy": [],
            "fqdn": "bcereviews-uat.org.uk",
            "geolocation_routing_policy": [],
            "health_check_id": "",
            "id": "Z008287218S07FVQS4QQO_bcereviews-uat.org.uk_A",
            "latency_routing_policy": [],
            "multivalue_answer_routing_policy": null,
            "name": "bcereviews-uat.org.uk",
            "records": [],
            "set_identifier": "",
            "ttl": 0,
            "type": "A",
            "weighted_routing_policy": [],
            "zone_id": "Z008287218S07FVQS4QQO"
          },
          "sensitive_attributes": [],
          "private": "eyJzY2hlbWFfdmVyc2lvbiI6IjIifQ==",
          "dependencies": [
            "aws_route53_zone.uat-bce"
          ]
        }
      ]
    },
    {
      "mode": "managed",
      "type": "aws_route53_record",
      "name": "uat_ext_bcs",
      "provider": "provider[\"registry.terraform.io/hashicorp/aws\"]",
      "instances": [
        {
          "schema_version": 2,
          "attributes": {
            "alias": [
              {
                "evaluate_target_health": false,
                "name": "d338aziaac7f9b.cloudfront.net",
                "zone_id": "Z2FDTNDATAQYW2"
              }
            ],
            "allow_overwrite": null,
            "failover_routing_policy": [],
            "fqdn": "bcs2023demo.com",
            "geolocation_routing_policy": [],
            "health_check_id": "",
            "id": "Z00763132U6HI5MYZA1Q6_bcs2023demo.com_A",
            "latency_routing_policy": [],
            "multivalue_answer_routing_policy": null,
            "name": "bcs2023demo.com",
            "records": [],
            "set_identifier": "",
            "ttl": 0,
            "type": "A",
            "weighted_routing_policy": [],
            "zone_id": "Z00763132U6HI5MYZA1Q6"
          },
          "sensitive_attributes": [],
          "private": "eyJzY2hlbWFfdmVyc2lvbiI6IjIifQ==",
          "dependencies": [
            "aws_route53_zone.uat-bcs"
          ]
        }
      ]
    },
    {
      "mode": "managed",
      "type": "aws_route53_record",
      "name": "uat_ext_bcw",
      "provider": "provider[\"registry.terraform.io/hashicorp/aws\"]",
      "instances": [
        {
          "schema_version": 2,
          "attributes": {
            "alias": [
              {
                "evaluate_target_health": false,
                "name": "d3bp7iq9j9cg1b.cloudfront.net",
                "zone_id": "Z2FDTNDATAQYW2"
              }
            ],
            "allow_overwrite": null,
            "failover_routing_policy": [],
            "fqdn": "bcw-2023.org.uk",
            "geolocation_routing_policy": [],
            "health_check_id": "",
            "id": "Z08592103QLX2Y8TUBL14_bcw-2023.org.uk_A",
            "latency_routing_policy": [],
            "multivalue_answer_routing_policy": null,
            "name": "bcw-2023.org.uk",
            "records": [],
            "set_identifier": "",
            "ttl": 0,
            "type": "A",
            "weighted_routing_policy": [],
            "zone_id": "Z08592103QLX2Y8TUBL14"
          },
          "sensitive_attributes": [],
          "private": "eyJzY2hlbWFfdmVyc2lvbiI6IjIifQ==",
          "dependencies": [
            "aws_route53_zone.uat-bcw"
          ]
        }
      ]
    },
    {
      "mode": "managed",
      "type": "aws_route53_record",
      "name": "uat_ext_cffg",
      "provider": "provider[\"registry.terraform.io/hashicorp/aws\"]",
      "instances": [
        {
          "schema_version": 2,
          "attributes": {
            "alias": [
              {
                "evaluate_target_health": false,
                "name": "d3gevfdpkh2g7v.cloudfront.net",
                "zone_id": "Z2FDTNDATAQYW2"
              }
            ],
            "allow_overwrite": null,
            "failover_routing_policy": [],
            "fqdn": "cffg-2023.org.uk",
            "geolocation_routing_policy": [],
            "health_check_id": "",
            "id": "Z00781733B5L2AZ9MXDSH_cffg-2023.org.uk_A",
            "latency_routing_policy": [],
            "multivalue_answer_routing_policy": null,
            "name": "cffg-2023.org.uk",
            "records": [],
            "set_identifier": "",
            "ttl": 0,
            "type": "A",
            "weighted_routing_policy": [],
            "zone_id": "Z00781733B5L2AZ9MXDSH"
          },
          "sensitive_attributes": [],
          "private": "eyJzY2hlbWFfdmVyc2lvbiI6IjIifQ==",
          "dependencies": [
            "aws_route53_zone.uat-cffg"
          ]
        }
      ]
    },
    {
      "mode": "managed",
      "type": "aws_route53_record",
      "name": "www_uat_bce",
      "provider": "provider[\"registry.terraform.io/hashicorp/aws\"]",
      "instances": [
        {
          "schema_version": 2,
          "attributes": {
            "alias": [],
            "allow_overwrite": null,
            "failover_routing_policy": [],
            "fqdn": "www.uat.bce2023.co.uk",
            "geolocation_routing_policy": [],
            "health_check_id": "",
            "id": "Z04517471XDEFZB5FO5DB_www.uat.bce2023.co.uk_CNAME",
            "latency_routing_policy": [],
            "multivalue_answer_routing_policy": null,
            "name": "www.uat.bce2023.co.uk",
            "records": [
              "dyase469md9r3.cloudfront.net"
            ],
            "set_identifier": "",
            "ttl": 60,
            "type": "CNAME",
            "weighted_routing_policy": [],
            "zone_id": "Z04517471XDEFZB5FO5DB"
          },
          "sensitive_attributes": [],
          "private": "eyJzY2hlbWFfdmVyc2lvbiI6IjIifQ==",
          "dependencies": [
            "aws_cloudfront_distribution.uat-bce-cf",
            "aws_iam_role.uat-bcp-rep",
            "aws_kms_key.uat-kms",
            "aws_lb.uat-bce-app-alb",
            "aws_s3_bucket.uat-bce-cloudfront-logs",
            "aws_s3_bucket.uat-bce-logs",
            "aws_security_group.UAT-BCE-EXTALB-SG",
            "aws_subnet.uat-public",
            "aws_vpc.uat-default",
            "aws_waf_ipset.uat-bce-waf-ip",
            "aws_waf_rule.uat-bce-waf-rule",
            "aws_waf_web_acl.uat-bce-waf-acl",
            "data.aws_canonical_user_id.current_user"
          ]
        }
      ]
    },
    {
      "mode": "managed",
      "type": "aws_route53_record",
      "name": "www_uat_bcs",
      "provider": "provider[\"registry.terraform.io/hashicorp/aws\"]",
      "instances": [
        {
          "schema_version": 2,
          "attributes": {
            "alias": [],
            "allow_overwrite": null,
            "failover_routing_policy": [],
            "fqdn": "www.uat.bcs2023.co.uk",
            "geolocation_routing_policy": [],
            "health_check_id": "",
            "id": "Z00762241G67N0D1GZ0KC_www.uat.bcs2023.co.uk_CNAME",
            "latency_routing_policy": [],
            "multivalue_answer_routing_policy": null,
            "name": "www.uat.bcs2023.co.uk",
            "records": [
              "d395gwgpotmx6x.cloudfront.net"
            ],
            "set_identifier": "",
            "ttl": 60,
            "type": "CNAME",
            "weighted_routing_policy": [],
            "zone_id": "Z00762241G67N0D1GZ0KC"
          },
          "sensitive_attributes": [],
          "private": "eyJzY2hlbWFfdmVyc2lvbiI6IjIifQ==",
          "dependencies": [
            "aws_cloudfront_distribution.uat-bcs-cf",
            "aws_iam_role.uat-bcp-rep",
            "aws_kms_key.uat-kms",
            "aws_lb.uat-bcs-app-alb",
            "aws_s3_bucket.uat-bcs-cloudfront-logs",
            "aws_s3_bucket.uat-bcs-logs",
            "aws_security_group.UAT-BCS-EXTALB-SG",
            "aws_subnet.uat-public",
            "aws_vpc.uat-default",
            "aws_waf_ipset.uat-bcs-waf-ip",
            "aws_waf_rule.uat-bcs-waf-rule",
            "aws_waf_web_acl.uat-bcs-waf-acl",
            "data.aws_canonical_user_id.current_user"
          ]
        }
      ]
    },
    {
      "mode": "managed",
      "type": "aws_route53_record",
      "name": "www_uat_bcw",
      "provider": "provider[\"registry.terraform.io/hashicorp/aws\"]",
      "instances": [
        {
          "schema_version": 2,
          "attributes": {
            "alias": [],
            "allow_overwrite": null,
            "failover_routing_policy": [],
            "fqdn": "www.uat.bcw2023.co.uk",
            "geolocation_routing_policy": [],
            "health_check_id": "",
            "id": "Z031797914Y0JGYK1EOWO_www.uat.bcw2023.co.uk_CNAME",
            "latency_routing_policy": [],
            "multivalue_answer_routing_policy": null,
            "name": "www.uat.bcw2023.co.uk",
            "records": [
              "d1g8mw5ewlatg4.cloudfront.net"
            ],
            "set_identifier": "",
            "ttl": 60,
            "type": "CNAME",
            "weighted_routing_policy": [],
            "zone_id": "Z031797914Y0JGYK1EOWO"
          },
          "sensitive_attributes": [],
          "private": "eyJzY2hlbWFfdmVyc2lvbiI6IjIifQ==",
          "dependencies": [
            "aws_cloudfront_distribution.uat-bcw-cf",
            "aws_iam_role.uat-bcp-rep",
            "aws_kms_key.uat-kms",
            "aws_lb.uat-bcw-app-alb",
            "aws_s3_bucket.uat-bcw-cloudfront-logs",
            "aws_s3_bucket.uat-bcw-logs",
            "aws_security_group.UAT-BCW-EXTALB-SG",
            "aws_subnet.uat-public",
            "aws_vpc.uat-default",
            "aws_waf_ipset.uat-bcw-waf-ip",
            "aws_waf_rule.uat-bcw-waf-rule",
            "aws_waf_web_acl.uat-bcw-waf-acl",
            "data.aws_canonical_user_id.current_user"
          ]
        }
      ]
    },
    {
      "mode": "managed",
      "type": "aws_route53_record",
      "name": "www_uat_cffg",
      "provider": "provider[\"registry.terraform.io/hashicorp/aws\"]",
      "instances": [
        {
          "schema_version": 2,
          "attributes": {
            "alias": [],
            "allow_overwrite": null,
            "failover_routing_policy": [],
            "fqdn": "www.uat.cffg2023.co.uk",
            "geolocation_routing_policy": [],
            "health_check_id": "",
            "id": "Z03174633CRGT06QCWDSS_www.uat.cffg2023.co.uk_CNAME",
            "latency_routing_policy": [],
            "multivalue_answer_routing_policy": null,
            "name": "www.uat.cffg2023.co.uk",
            "records": [
              "d2qfngyh3kxzpo.cloudfront.net"
            ],
            "set_identifier": "",
            "ttl": 60,
            "type": "CNAME",
            "weighted_routing_policy": [],
            "zone_id": "Z03174633CRGT06QCWDSS"
          },
          "sensitive_attributes": [],
          "private": "eyJzY2hlbWFfdmVyc2lvbiI6IjIifQ==",
          "dependencies": [
            "aws_cloudfront_distribution.uat-cffg-cf",
            "aws_iam_role.uat-bcp-rep",
            "aws_kms_key.uat-kms",
            "aws_lb.uat-cffg-app-alb",
            "aws_s3_bucket.uat-cffg-cloudfront-logs",
            "aws_s3_bucket.uat-cffg-logs",
            "aws_security_group.UAT-CFFG-EXTALB-SG",
            "aws_subnet.uat-public",
            "aws_vpc.uat-default",
            "aws_waf_ipset.uat-cffg-waf-ip",
            "aws_waf_rule.uat-cffg-waf-rule",
            "aws_waf_web_acl.uat-cffg-waf-acl",
            "data.aws_canonical_user_id.current_user"
          ]
        }
      ]
    },
    {
      "mode": "managed",
      "type": "aws_route53_record",
      "name": "www_uat_ext_bce",
      "provider": "provider[\"registry.terraform.io/hashicorp/aws\"]",
      "instances": [
        {
          "schema_version": 2,
          "attributes": {
            "alias": [],
            "allow_overwrite": null,
            "failover_routing_policy": [],
            "fqdn": "www.bcereviews-uat.org.uk",
            "geolocation_routing_policy": [],
            "health_check_id": "",
            "id": "Z008287218S07FVQS4QQO_www.bcereviews-uat.org.uk_CNAME",
            "latency_routing_policy": [],
            "multivalue_answer_routing_policy": null,
            "name": "www.bcereviews-uat.org.uk",
            "records": [
              "d22gwzqjsqx19y.cloudfront.net"
            ],
            "set_identifier": "",
            "ttl": 60,
            "type": "CNAME",
            "weighted_routing_policy": [],
            "zone_id": "Z008287218S07FVQS4QQO"
          },
          "sensitive_attributes": [],
          "private": "eyJzY2hlbWFfdmVyc2lvbiI6IjIifQ==",
          "dependencies": [
            "aws_route53_zone.uat-bce"
          ]
        }
      ]
    },
    {
      "mode": "managed",
      "type": "aws_route53_record",
      "name": "www_uat_ext_bcs",
      "provider": "provider[\"registry.terraform.io/hashicorp/aws\"]",
      "instances": [
        {
          "schema_version": 2,
          "attributes": {
            "alias": [],
            "allow_overwrite": null,
            "failover_routing_policy": [],
            "fqdn": "www.bcs2023demo.com",
            "geolocation_routing_policy": [],
            "health_check_id": "",
            "id": "Z00763132U6HI5MYZA1Q6_www.bcs2023demo.com_CNAME",
            "latency_routing_policy": [],
            "multivalue_answer_routing_policy": null,
            "name": "www.bcs2023demo.com",
            "records": [
              "d338aziaac7f9b.cloudfront.net"
            ],
            "set_identifier": "",
            "ttl": 60,
            "type": "CNAME",
            "weighted_routing_policy": [],
            "zone_id": "Z00763132U6HI5MYZA1Q6"
          },
          "sensitive_attributes": [],
          "private": "eyJzY2hlbWFfdmVyc2lvbiI6IjIifQ==",
          "dependencies": [
            "aws_route53_zone.uat-bcs"
          ]
        }
      ]
    },
    {
      "mode": "managed",
      "type": "aws_route53_record",
      "name": "www_uat_ext_bcw",
      "provider": "provider[\"registry.terraform.io/hashicorp/aws\"]",
      "instances": [
        {
          "schema_version": 2,
          "attributes": {
            "alias": [],
            "allow_overwrite": null,
            "failover_routing_policy": [],
            "fqdn": "www.bcw-2023.org.uk",
            "geolocation_routing_policy": [],
            "health_check_id": "",
            "id": "Z08592103QLX2Y8TUBL14_www.bcw-2023.org.uk_CNAME",
            "latency_routing_policy": [],
            "multivalue_answer_routing_policy": null,
            "name": "www.bcw-2023.org.uk",
            "records": [
              "d3bp7iq9j9cg1b.cloudfront.net"
            ],
            "set_identifier": "",
            "ttl": 60,
            "type": "CNAME",
            "weighted_routing_policy": [],
            "zone_id": "Z08592103QLX2Y8TUBL14"
          },
          "sensitive_attributes": [],
          "private": "eyJzY2hlbWFfdmVyc2lvbiI6IjIifQ==",
          "dependencies": [
            "aws_route53_zone.uat-bcw"
          ]
        }
      ]
    },
    {
      "mode": "managed",
      "type": "aws_route53_record",
      "name": "www_uat_ext_cffg",
      "provider": "provider[\"registry.terraform.io/hashicorp/aws\"]",
      "instances": [
        {
          "schema_version": 2,
          "attributes": {
            "alias": [],
            "allow_overwrite": null,
            "failover_routing_policy": [],
            "fqdn": "www.cffg-2023.org.uk",
            "geolocation_routing_policy": [],
            "health_check_id": "",
            "id": "Z00781733B5L2AZ9MXDSH_www.cffg-2023.org.uk_CNAME",
            "latency_routing_policy": [],
            "multivalue_answer_routing_policy": null,
            "name": "www.cffg-2023.org.uk",
            "records": [
              "d3gevfdpkh2g7v.cloudfront.net"
            ],
            "set_identifier": "",
            "ttl": 60,
            "type": "CNAME",
            "weighted_routing_policy": [],
            "zone_id": "Z00781733B5L2AZ9MXDSH"
          },
          "sensitive_attributes": [],
          "private": "eyJzY2hlbWFfdmVyc2lvbiI6IjIifQ==",
          "dependencies": [
            "aws_route53_zone.uat-cffg"
          ]
        }
      ]
    },
    {
      "mode": "managed",
      "type": "aws_route53_zone",
      "name": "uat-bce",
      "provider": "provider[\"registry.terraform.io/hashicorp/aws\"]",
      "instances": [
        {
          "schema_version": 0,
          "attributes": {
            "arn": "arn:aws:route53:::hostedzone/Z008287218S07FVQS4QQO",
            "comment": "Managed by Terraform",
            "delegation_set_id": "",
            "force_destroy": true,
            "id": "Z008287218S07FVQS4QQO",
            "name": "bcereviews-uat.org.uk",
            "name_servers": [
              "ns-1133.awsdns-13.org",
              "ns-1769.awsdns-29.co.uk",
              "ns-406.awsdns-50.com",
              "ns-785.awsdns-34.net"
            ],
            "tags": {},
            "tags_all": {},
            "vpc": [],
            "zone_id": "Z008287218S07FVQS4QQO"
          },
          "sensitive_attributes": [],
          "private": "bnVsbA=="
        }
      ]
    },
    {
      "mode": "managed",
      "type": "aws_route53_zone",
      "name": "uat-bcs",
      "provider": "provider[\"registry.terraform.io/hashicorp/aws\"]",
      "instances": [
        {
          "schema_version": 0,
          "attributes": {
            "arn": "arn:aws:route53:::hostedzone/Z00763132U6HI5MYZA1Q6",
            "comment": "Managed by Terraform",
            "delegation_set_id": "",
            "force_destroy": true,
            "id": "Z00763132U6HI5MYZA1Q6",
            "name": "bcs2023demo.com",
            "name_servers": [
              "ns-1468.awsdns-55.org",
              "ns-2043.awsdns-63.co.uk",
              "ns-305.awsdns-38.com",
              "ns-823.awsdns-38.net"
            ],
            "tags": {},
            "tags_all": {},
            "vpc": [],
            "zone_id": "Z00763132U6HI5MYZA1Q6"
          },
          "sensitive_attributes": [],
          "private": "bnVsbA=="
        }
      ]
    },
    {
      "mode": "managed",
      "type": "aws_route53_zone",
      "name": "uat-bcw",
      "provider": "provider[\"registry.terraform.io/hashicorp/aws\"]",
      "instances": [
        {
          "schema_version": 0,
          "attributes": {
            "arn": "arn:aws:route53:::hostedzone/Z08592103QLX2Y8TUBL14",
            "comment": "Managed by Terraform",
            "delegation_set_id": "",
            "force_destroy": true,
            "id": "Z08592103QLX2Y8TUBL14",
            "name": "bcw-2023.org.uk",
            "name_servers": [
              "ns-1489.awsdns-58.org",
              "ns-1794.awsdns-32.co.uk",
              "ns-394.awsdns-49.com",
              "ns-972.awsdns-57.net"
            ],
            "tags": {},
            "tags_all": {},
            "vpc": [],
            "zone_id": "Z08592103QLX2Y8TUBL14"
          },
          "sensitive_attributes": [],
          "private": "bnVsbA=="
        }
      ]
    },
    {
      "mode": "managed",
      "type": "aws_route53_zone",
      "name": "uat-cffg",
      "provider": "provider[\"registry.terraform.io/hashicorp/aws\"]",
      "instances": [
        {
          "schema_version": 0,
          "attributes": {
            "arn": "arn:aws:route53:::hostedzone/Z00781733B5L2AZ9MXDSH",
            "comment": "Managed by Terraform",
            "delegation_set_id": "",
            "force_destroy": true,
            "id": "Z00781733B5L2AZ9MXDSH",
            "name": "cffg-2023.org.uk",
            "name_servers": [
              "ns-1057.awsdns-04.org",
              "ns-1827.awsdns-36.co.uk",
              "ns-454.awsdns-56.com",
              "ns-869.awsdns-44.net"
            ],
            "tags": {},
            "tags_all": {},
            "vpc": [],
            "zone_id": "Z00781733B5L2AZ9MXDSH"
          },
          "sensitive_attributes": [],
          "private": "bnVsbA=="
        }
      ]
    },
    {
      "mode": "managed",
      "type": "aws_route_table",
      "name": "uat-private",
      "provider": "provider[\"registry.terraform.io/hashicorp/aws\"]",
      "instances": [
        {
          "index_key": 0,
          "schema_version": 0,
          "attributes": {
            "arn": "arn:aws:ec2:eu-west-2:975971611990:route-table/rtb-065bf1fddadacf39f",
            "id": "rtb-065bf1fddadacf39f",
            "owner_id": "975971611990",
            "propagating_vgws": [],
            "route": [
              {
                "carrier_gateway_id": "",
                "cidr_block": "0.0.0.0/0",
                "destination_prefix_list_id": "",
                "egress_only_gateway_id": "",
                "gateway_id": "",
                "instance_id": "",
                "ipv6_cidr_block": "",
                "local_gateway_id": "",
                "nat_gateway_id": "nat-087eb34d4c645c382",
                "network_interface_id": "",
                "transit_gateway_id": "",
                "vpc_endpoint_id": "",
                "vpc_peering_connection_id": ""
              }
            ],
            "tags": {
              "Name": "UAT-PRIVATE-RT"
            },
            "tags_all": {
              "Name": "UAT-PRIVATE-RT"
            },
            "timeouts": null,
            "vpc_id": "vpc-04976fafdcd3c8f88"
          },
          "sensitive_attributes": [],
          "private": "bnVsbA==",
          "dependencies": [
            "aws_vpc.uat-default"
          ]
        },
        {
          "index_key": 1,
          "schema_version": 0,
          "attributes": {
            "arn": "arn:aws:ec2:eu-west-2:975971611990:route-table/rtb-0997f1696789a69ba",
            "id": "rtb-0997f1696789a69ba",
            "owner_id": "975971611990",
            "propagating_vgws": [],
            "route": [
              {
                "carrier_gateway_id": "",
                "cidr_block": "0.0.0.0/0",
                "destination_prefix_list_id": "",
                "egress_only_gateway_id": "",
                "gateway_id": "",
                "instance_id": "",
                "ipv6_cidr_block": "",
                "local_gateway_id": "",
                "nat_gateway_id": "nat-0a45f139672ffc571",
                "network_interface_id": "",
                "transit_gateway_id": "",
                "vpc_endpoint_id": "",
                "vpc_peering_connection_id": ""
              }
            ],
            "tags": {
              "Name": "UAT-PRIVATE-RT"
            },
            "tags_all": {
              "Name": "UAT-PRIVATE-RT"
            },
            "timeouts": null,
            "vpc_id": "vpc-04976fafdcd3c8f88"
          },
          "sensitive_attributes": [],
          "private": "bnVsbA==",
          "dependencies": [
            "aws_vpc.uat-default"
          ]
        }
      ]
    },
    {
      "mode": "managed",
      "type": "aws_route_table",
      "name": "uat-public",
      "provider": "provider[\"registry.terraform.io/hashicorp/aws\"]",
      "instances": [
        {
          "schema_version": 0,
          "attributes": {
            "arn": "arn:aws:ec2:eu-west-2:975971611990:route-table/rtb-0a16708e6b800d716",
            "id": "rtb-0a16708e6b800d716",
            "owner_id": "975971611990",
            "propagating_vgws": [],
            "route": [
              {
                "carrier_gateway_id": "",
                "cidr_block": "0.0.0.0/0",
                "destination_prefix_list_id": "",
                "egress_only_gateway_id": "",
                "gateway_id": "igw-06406ec614cbaf528",
                "instance_id": "",
                "ipv6_cidr_block": "",
                "local_gateway_id": "",
                "nat_gateway_id": "",
                "network_interface_id": "",
                "transit_gateway_id": "",
                "vpc_endpoint_id": "",
                "vpc_peering_connection_id": ""
              }
            ],
            "tags": {
              "Name": "UAT-PUBLIC_RT"
            },
            "tags_all": {
              "Name": "UAT-PUBLIC_RT"
            },
            "timeouts": null,
            "vpc_id": "vpc-04976fafdcd3c8f88"
          },
          "sensitive_attributes": [],
          "private": "bnVsbA==",
          "dependencies": [
            "aws_vpc.uat-default"
          ]
        }
      ]
    },
    {
      "mode": "managed",
      "type": "aws_route_table_association",
      "name": "uat-private",
      "provider": "provider[\"registry.terraform.io/hashicorp/aws\"]",
      "instances": [
        {
          "index_key": 0,
          "schema_version": 0,
          "attributes": {
            "gateway_id": "",
            "id": "rtbassoc-0524b773e36db22fd",
            "route_table_id": "rtb-065bf1fddadacf39f",
            "subnet_id": "subnet-071ca9cea4927a3a7"
          },
          "sensitive_attributes": [],
          "private": "bnVsbA==",
          "dependencies": [
            "aws_route_table.uat-private",
            "aws_subnet.uat-private",
            "aws_vpc.uat-default"
          ]
        },
        {
          "index_key": 1,
          "schema_version": 0,
          "attributes": {
            "gateway_id": "",
            "id": "rtbassoc-050cbb7db2c6fc93d",
            "route_table_id": "rtb-0997f1696789a69ba",
            "subnet_id": "subnet-007131e6c2e6bb38f"
          },
          "sensitive_attributes": [],
          "private": "bnVsbA==",
          "dependencies": [
            "aws_route_table.uat-private",
            "aws_subnet.uat-private",
            "aws_vpc.uat-default"
          ]
        }
      ]
    },
    {
      "mode": "managed",
      "type": "aws_route_table_association",
      "name": "uat-public",
      "provider": "provider[\"registry.terraform.io/hashicorp/aws\"]",
      "instances": [
        {
          "index_key": 0,
          "schema_version": 0,
          "attributes": {
            "gateway_id": "",
            "id": "rtbassoc-02456500cf3ec626a",
            "route_table_id": "rtb-0a16708e6b800d716",
            "subnet_id": "subnet-02a3f1323ec0bf31c"
          },
          "sensitive_attributes": [],
          "private": "bnVsbA==",
          "dependencies": [
            "aws_route_table.uat-public",
            "aws_subnet.uat-public",
            "aws_vpc.uat-default"
          ]
        },
        {
          "index_key": 1,
          "schema_version": 0,
          "attributes": {
            "gateway_id": "",
            "id": "rtbassoc-084a37a50ec2fcf51",
            "route_table_id": "rtb-0a16708e6b800d716",
            "subnet_id": "subnet-095efb040746c54fd"
          },
          "sensitive_attributes": [],
          "private": "bnVsbA==",
          "dependencies": [
            "aws_route_table.uat-public",
            "aws_subnet.uat-public",
            "aws_vpc.uat-default"
          ]
        }
      ]
    },
    {
      "mode": "managed",
      "type": "aws_s3_bucket",
      "name": "bcp-uat-cloudtrail",
      "provider": "provider[\"registry.terraform.io/hashicorp/aws\"]",
      "instances": [
        {
          "schema_version": 0,
          "attributes": {
            "acceleration_status": "",
            "acl": "private",
            "arn": "arn:aws:s3:::bcp-uat-cloudtrail",
            "bucket": "bcp-uat-cloudtrail",
            "bucket_domain_name": "bcp-uat-cloudtrail.s3.amazonaws.com",
            "bucket_prefix": null,
            "bucket_regional_domain_name": "bcp-uat-cloudtrail.s3.eu-west-2.amazonaws.com",
            "cors_rule": [],
            "force_destroy": true,
            "grant": [],
            "hosted_zone_id": "Z3GKZC51ZF0DB4",
            "id": "bcp-uat-cloudtrail",
            "lifecycle_rule": [],
            "logging": [
              {
                "target_bucket": "uat-bcp-logs",
                "target_prefix": ""
              }
            ],
            "object_lock_configuration": [],
            "policy": "{\"Statement\":[{\"Action\":\"s3:GetBucketAcl\",\"Effect\":\"Allow\",\"Principal\":{\"Service\":\"cloudtrail.amazonaws.com\"},\"Resource\":\"arn:aws:s3:::bcp-uat-cloudtrail\",\"Sid\":\"AWSCloudTrailAclCheck\"},{\"Action\":\"s3:PutObject\",\"Condition\":{\"StringEquals\":{\"s3:x-amz-acl\":\"bucket-owner-full-control\"}},\"Effect\":\"Allow\",\"Principal\":{\"Service\":\"cloudtrail.amazonaws.com\"},\"Resource\":\"arn:aws:s3:::bcp-uat-cloudtrail/prefix/AWSLogs/975971611990/*\",\"Sid\":\"AWSCloudTrailWrite\"}],\"Version\":\"2012-10-17\"}",
            "region": "eu-west-2",
            "replication_configuration": [
              {
                "role": "arn:aws:iam::975971611990:role/uat-bcp-rep",
                "rules": [
                  {
                    "delete_marker_replication_status": "",
                    "destination": [
                      {
                        "access_control_translation": [
                          {
                            "owner": "Destination"
                          }
                        ],
                        "account_id": "181623394163",
                        "bucket": "arn:aws:s3:::bcp-uat-cloudtrail-co",
                        "metrics": [],
                        "replica_kms_key_id": "arn:aws:kms:eu-west-2:181623394163:key/197bbe36-b994-4665-97f8-87e58fdb8836",
                        "replication_time": [],
                        "storage_class": ""
                      }
                    ],
                    "filter": [
                      {
                        "prefix": "",
                        "tags": {}
                      }
                    ],
                    "id": "bcp-uat-cloudtrail-rep",
                    "prefix": "",
                    "priority": 0,
                    "source_selection_criteria": [
                      {
                        "sse_kms_encrypted_objects": [
                          {
                            "enabled": true
                          }
                        ]
                      }
                    ],
                    "status": "Enabled"
                  }
                ]
              }
            ],
            "request_payer": "BucketOwner",
            "server_side_encryption_configuration": [
              {
                "rule": [
                  {
                    "apply_server_side_encryption_by_default": [
                      {
                        "kms_master_key_id": "arn:aws:kms:eu-west-2:975971611990:key/a15d7fa2-542c-4d13-a27c-93ece87e0aba",
                        "sse_algorithm": "aws:kms"
                      }
                    ],
                    "bucket_key_enabled": false
                  }
                ]
              }
            ],
            "tags": {},
            "tags_all": {},
            "versioning": [
              {
                "enabled": true,
                "mfa_delete": false
              }
            ],
            "website": [],
            "website_domain": null,
            "website_endpoint": null
          },
          "sensitive_attributes": [],
          "private": "bnVsbA==",
          "dependencies": [
            "aws_iam_role.uat-bcp-rep",
            "aws_kms_key.uat-kms",
            "data.aws_caller_identity.current1"
          ]
        }
      ]
    },
    {
      "mode": "managed",
      "type": "aws_s3_bucket",
      "name": "uat-bce-cloudfront-logs",
      "provider": "provider[\"registry.terraform.io/hashicorp/aws\"]",
      "instances": [
        {
          "schema_version": 0,
          "attributes": {
            "acceleration_status": "",
            "acl": "private",
            "arn": "arn:aws:s3:::uat-bce-cloudfront-logs",
            "bucket": "uat-bce-cloudfront-logs",
            "bucket_domain_name": "uat-bce-cloudfront-logs.s3.amazonaws.com",
            "bucket_prefix": null,
            "bucket_regional_domain_name": "uat-bce-cloudfront-logs.s3.eu-west-2.amazonaws.com",
            "cors_rule": [],
            "force_destroy": true,
            "grant": [
              {
                "id": "",
                "permissions": [
                  "FULL_CONTROL"
                ],
                "type": "Group",
                "uri": "http://acs.amazonaws.com/groups/s3/LogDelivery"
              },
              {
                "id": "7307b95aa6ac0c58ff934c1813d89bcccc87227b7d3dc1a5b109ac1545b5908f",
                "permissions": [
                  "FULL_CONTROL"
                ],
                "type": "CanonicalUser",
                "uri": ""
              }
            ],
            "hosted_zone_id": "Z3GKZC51ZF0DB4",
            "id": "uat-bce-cloudfront-logs",
            "lifecycle_rule": [],
            "logging": [
              {
                "target_bucket": "uat-bcp-logs",
                "target_prefix": ""
              }
            ],
            "object_lock_configuration": [],
            "policy": null,
            "region": "eu-west-2",
            "replication_configuration": [],
            "request_payer": "BucketOwner",
            "server_side_encryption_configuration": [
              {
                "rule": [
                  {
                    "apply_server_side_encryption_by_default": [
                      {
                        "kms_master_key_id": "arn:aws:kms:eu-west-2:975971611990:key/a15d7fa2-542c-4d13-a27c-93ece87e0aba",
                        "sse_algorithm": "aws:kms"
                      }
                    ],
                    "bucket_key_enabled": false
                  }
                ]
              }
            ],
            "tags": {},
            "tags_all": {},
            "versioning": [
              {
                "enabled": true,
                "mfa_delete": false
              }
            ],
            "website": [],
            "website_domain": null,
            "website_endpoint": null
          },
          "sensitive_attributes": [],
          "private": "bnVsbA==",
          "dependencies": [
            "aws_kms_key.uat-kms",
            "data.aws_canonical_user_id.current_user"
          ]
        }
      ]
    },
    {
      "mode": "managed",
      "type": "aws_s3_bucket",
      "name": "uat-bce-documents",
      "provider": "provider[\"registry.terraform.io/hashicorp/aws\"]",
      "instances": [
        {
          "schema_version": 0,
          "attributes": {
            "acceleration_status": "",
            "acl": "private",
            "arn": "arn:aws:s3:::uat-bce-documents",
            "bucket": "uat-bce-documents",
            "bucket_domain_name": "uat-bce-documents.s3.amazonaws.com",
            "bucket_prefix": null,
            "bucket_regional_domain_name": "uat-bce-documents.s3.eu-west-2.amazonaws.com",
            "cors_rule": [],
            "force_destroy": true,
            "grant": [],
            "hosted_zone_id": "Z3GKZC51ZF0DB4",
            "id": "uat-bce-documents",
            "lifecycle_rule": [],
            "logging": [
              {
                "target_bucket": "uat-bcp-logs",
                "target_prefix": ""
              }
            ],
            "object_lock_configuration": [],
            "policy": null,
            "region": "eu-west-2",
            "replication_configuration": [],
            "request_payer": "BucketOwner",
            "server_side_encryption_configuration": [
              {
                "rule": [
                  {
                    "apply_server_side_encryption_by_default": [
                      {
                        "kms_master_key_id": "arn:aws:kms:eu-west-2:975971611990:key/a15d7fa2-542c-4d13-a27c-93ece87e0aba",
                        "sse_algorithm": "aws:kms"
                      }
                    ],
                    "bucket_key_enabled": false
                  }
                ]
              }
            ],
            "tags": {},
            "tags_all": {},
            "versioning": [
              {
                "enabled": true,
                "mfa_delete": false
              }
            ],
            "website": [],
            "website_domain": null,
            "website_endpoint": null
          },
          "sensitive_attributes": [],
          "private": "bnVsbA==",
          "dependencies": [
            "aws_kms_key.uat-kms"
          ]
        }
      ]
    },
    {
      "mode": "managed",
      "type": "aws_s3_bucket",
      "name": "uat-bce-logs",
      "provider": "provider[\"registry.terraform.io/hashicorp/aws\"]",
      "instances": [
        {
          "schema_version": 0,
          "attributes": {
            "acceleration_status": "",
            "acl": "private",
            "arn": "arn:aws:s3:::uat-bce-logs",
            "bucket": "uat-bce-logs",
            "bucket_domain_name": "uat-bce-logs.s3.amazonaws.com",
            "bucket_prefix": null,
            "bucket_regional_domain_name": "uat-bce-logs.s3.eu-west-2.amazonaws.com",
            "cors_rule": [],
            "force_destroy": true,
            "grant": [
              {
                "id": "",
                "permissions": [
                  "FULL_CONTROL"
                ],
                "type": "Group",
                "uri": "http://acs.amazonaws.com/groups/s3/LogDelivery"
              },
              {
                "id": "7307b95aa6ac0c58ff934c1813d89bcccc87227b7d3dc1a5b109ac1545b5908f",
                "permissions": [
                  "FULL_CONTROL"
                ],
                "type": "CanonicalUser",
                "uri": ""
              }
            ],
            "hosted_zone_id": "Z3GKZC51ZF0DB4",
            "id": "uat-bce-logs",
            "lifecycle_rule": [],
            "logging": [
              {
                "target_bucket": "uat-bcp-logs",
                "target_prefix": ""
              }
            ],
            "object_lock_configuration": [],
            "policy": null,
            "region": "eu-west-2",
            "replication_configuration": [
              {
                "role": "arn:aws:iam::975971611990:role/uat-bcp-rep",
                "rules": [
                  {
                    "delete_marker_replication_status": "",
                    "destination": [
                      {
                        "access_control_translation": [
                          {
                            "owner": "Destination"
                          }
                        ],
                        "account_id": "181623394163",
                        "bucket": "arn:aws:s3:::uat-bce-logs-co",
                        "metrics": [],
                        "replica_kms_key_id": "arn:aws:kms:eu-west-2:181623394163:key/197bbe36-b994-4665-97f8-87e58fdb8836",
                        "replication_time": [],
                        "storage_class": ""
                      }
                    ],
                    "filter": [
                      {
                        "prefix": "",
                        "tags": {}
                      }
                    ],
                    "id": "uat-bce-logs-rep",
                    "prefix": "",
                    "priority": 0,
                    "source_selection_criteria": [
                      {
                        "sse_kms_encrypted_objects": [
                          {
                            "enabled": true
                          }
                        ]
                      }
                    ],
                    "status": "Enabled"
                  }
                ]
              }
            ],
            "request_payer": "BucketOwner",
            "server_side_encryption_configuration": [
              {
                "rule": [
                  {
                    "apply_server_side_encryption_by_default": [
                      {
                        "kms_master_key_id": "arn:aws:kms:eu-west-2:975971611990:key/a15d7fa2-542c-4d13-a27c-93ece87e0aba",
                        "sse_algorithm": "aws:kms"
                      }
                    ],
                    "bucket_key_enabled": false
                  }
                ]
              }
            ],
            "tags": {},
            "tags_all": {},
            "versioning": [
              {
                "enabled": true,
                "mfa_delete": false
              }
            ],
            "website": [],
            "website_domain": null,
            "website_endpoint": null
          },
          "sensitive_attributes": [],
          "private": "bnVsbA==",
          "dependencies": [
            "aws_iam_role.uat-bcp-rep",
            "aws_kms_key.uat-kms",
            "data.aws_canonical_user_id.current_user"
          ]
        }
      ]
    },
    {
      "mode": "managed",
      "type": "aws_s3_bucket",
      "name": "uat-bce-response",
      "provider": "provider[\"registry.terraform.io/hashicorp/aws\"]",
      "instances": [
        {
          "schema_version": 0,
          "attributes": {
            "acceleration_status": "",
            "acl": "private",
            "arn": "arn:aws:s3:::uat-bce-response",
            "bucket": "uat-bce-response",
            "bucket_domain_name": "uat-bce-response.s3.amazonaws.com",
            "bucket_prefix": null,
            "bucket_regional_domain_name": "uat-bce-response.s3.eu-west-2.amazonaws.com",
            "cors_rule": [],
            "force_destroy": true,
            "grant": [],
            "hosted_zone_id": "Z3GKZC51ZF0DB4",
            "id": "uat-bce-response",
            "lifecycle_rule": [],
            "logging": [
              {
                "target_bucket": "uat-bcp-logs",
                "target_prefix": ""
              }
            ],
            "object_lock_configuration": [],
            "policy": null,
            "region": "eu-west-2",
            "replication_configuration": [],
            "request_payer": "BucketOwner",
            "server_side_encryption_configuration": [
              {
                "rule": [
                  {
                    "apply_server_side_encryption_by_default": [
                      {
                        "kms_master_key_id": "arn:aws:kms:eu-west-2:975971611990:key/a15d7fa2-542c-4d13-a27c-93ece87e0aba",
                        "sse_algorithm": "aws:kms"
                      }
                    ],
                    "bucket_key_enabled": false
                  }
                ]
              }
            ],
            "tags": {},
            "tags_all": {},
            "versioning": [
              {
                "enabled": true,
                "mfa_delete": false
              }
            ],
            "website": [],
            "website_domain": null,
            "website_endpoint": null
          },
          "sensitive_attributes": [],
          "private": "bnVsbA==",
          "dependencies": [
            "aws_kms_key.uat-kms"
          ]
        }
      ]
    },
    {
      "mode": "managed",
      "type": "aws_s3_bucket",
      "name": "uat-bce-test",
      "provider": "provider[\"registry.terraform.io/hashicorp/aws\"]",
      "instances": [
        {
          "schema_version": 0,
          "attributes": {
            "acceleration_status": "",
            "acl": "private",
            "arn": "arn:aws:s3:::uat-bce-test",
            "bucket": "uat-bce-test",
            "bucket_domain_name": "uat-bce-test.s3.amazonaws.com",
            "bucket_prefix": null,
            "bucket_regional_domain_name": "uat-bce-test.s3.eu-west-2.amazonaws.com",
            "cors_rule": [],
            "force_destroy": true,
            "grant": [],
            "hosted_zone_id": "Z3GKZC51ZF0DB4",
            "id": "uat-bce-test",
            "lifecycle_rule": [],
            "logging": [
              {
                "target_bucket": "uat-bcp-logs",
                "target_prefix": ""
              }
            ],
            "object_lock_configuration": [],
            "policy": null,
            "region": "eu-west-2",
            "replication_configuration": [
              {
                "role": "arn:aws:iam::975971611990:role/uat-bcp-rep",
                "rules": [
                  {
                    "delete_marker_replication_status": "",
                    "destination": [
                      {
                        "access_control_translation": [
                          {
                            "owner": "Destination"
                          }
                        ],
                        "account_id": "181623394163",
                        "bucket": "arn:aws:s3:::uat-bce-test-co",
                        "metrics": [],
                        "replica_kms_key_id": "arn:aws:kms:eu-west-2:181623394163:key/197bbe36-b994-4665-97f8-87e58fdb8836",
                        "replication_time": [],
                        "storage_class": ""
                      }
                    ],
                    "filter": [
                      {
                        "prefix": "",
                        "tags": {}
                      }
                    ],
                    "id": "uat-bce-test-rep",
                    "prefix": "",
                    "priority": 0,
                    "source_selection_criteria": [
                      {
                        "sse_kms_encrypted_objects": [
                          {
                            "enabled": true
                          }
                        ]
                      }
                    ],
                    "status": "Enabled"
                  }
                ]
              }
            ],
            "request_payer": "BucketOwner",
            "server_side_encryption_configuration": [
              {
                "rule": [
                  {
                    "apply_server_side_encryption_by_default": [
                      {
                        "kms_master_key_id": "arn:aws:kms:eu-west-2:975971611990:key/a15d7fa2-542c-4d13-a27c-93ece87e0aba",
                        "sse_algorithm": "aws:kms"
                      }
                    ],
                    "bucket_key_enabled": false
                  }
                ]
              }
            ],
            "tags": {},
            "tags_all": {},
            "versioning": [
              {
                "enabled": true,
                "mfa_delete": false
              }
            ],
            "website": [],
            "website_domain": null,
            "website_endpoint": null
          },
          "sensitive_attributes": [],
          "private": "bnVsbA==",
          "dependencies": [
            "aws_iam_role.uat-bcp-rep",
            "aws_kms_key.uat-kms"
          ]
        }
      ]
    },
    {
      "mode": "managed",
      "type": "aws_s3_bucket",
      "name": "uat-bcp-cloudwatch",
      "provider": "provider[\"registry.terraform.io/hashicorp/aws\"]",
      "instances": [
        {
          "schema_version": 0,
          "attributes": {
            "acceleration_status": "",
            "acl": "private",
            "arn": "arn:aws:s3:::uat-bcp-cloudwatch",
            "bucket": "uat-bcp-cloudwatch",
            "bucket_domain_name": "uat-bcp-cloudwatch.s3.amazonaws.com",
            "bucket_prefix": null,
            "bucket_regional_domain_name": "uat-bcp-cloudwatch.s3.eu-west-2.amazonaws.com",
            "cors_rule": [],
            "force_destroy": true,
            "grant": [],
            "hosted_zone_id": "Z3GKZC51ZF0DB4",
            "id": "uat-bcp-cloudwatch",
            "lifecycle_rule": [],
            "logging": [
              {
                "target_bucket": "uat-bcp-logs",
                "target_prefix": ""
              }
            ],
            "object_lock_configuration": [],
            "policy": null,
            "region": "eu-west-2",
            "replication_configuration": [
              {
                "role": "arn:aws:iam::975971611990:role/uat-bcp-rep",
                "rules": [
                  {
                    "delete_marker_replication_status": "",
                    "destination": [
                      {
                        "access_control_translation": [
                          {
                            "owner": "Destination"
                          }
                        ],
                        "account_id": "181623394163",
                        "bucket": "arn:aws:s3:::uat-bcp-cloudwatch-co",
                        "metrics": [],
                        "replica_kms_key_id": "arn:aws:kms:eu-west-2:181623394163:key/197bbe36-b994-4665-97f8-87e58fdb8836",
                        "replication_time": [],
                        "storage_class": ""
                      }
                    ],
                    "filter": [
                      {
                        "prefix": "",
                        "tags": {}
                      }
                    ],
                    "id": "uat-bcp-cloudwatch-rep",
                    "prefix": "",
                    "priority": 0,
                    "source_selection_criteria": [
                      {
                        "sse_kms_encrypted_objects": [
                          {
                            "enabled": true
                          }
                        ]
                      }
                    ],
                    "status": "Enabled"
                  }
                ]
              }
            ],
            "request_payer": "BucketOwner",
            "server_side_encryption_configuration": [
              {
                "rule": [
                  {
                    "apply_server_side_encryption_by_default": [
                      {
                        "kms_master_key_id": "arn:aws:kms:eu-west-2:975971611990:key/a15d7fa2-542c-4d13-a27c-93ece87e0aba",
                        "sse_algorithm": "aws:kms"
                      }
                    ],
                    "bucket_key_enabled": false
                  }
                ]
              }
            ],
            "tags": {},
            "tags_all": {},
            "versioning": [
              {
                "enabled": true,
                "mfa_delete": false
              }
            ],
            "website": [],
            "website_domain": null,
            "website_endpoint": null
          },
          "sensitive_attributes": [],
          "private": "bnVsbA==",
          "dependencies": [
            "aws_iam_role.uat-bcp-rep",
            "aws_kms_key.uat-kms"
          ]
        }
      ]
    },
    {
      "mode": "managed",
      "type": "aws_s3_bucket",
      "name": "uat-bcp-logs",
      "provider": "provider[\"registry.terraform.io/hashicorp/aws\"]",
      "instances": [
        {
          "schema_version": 0,
          "attributes": {
            "acceleration_status": "",
            "acl": "private",
            "arn": "arn:aws:s3:::uat-bcp-logs",
            "bucket": "uat-bcp-logs",
            "bucket_domain_name": "uat-bcp-logs.s3.amazonaws.com",
            "bucket_prefix": null,
            "bucket_regional_domain_name": "uat-bcp-logs.s3.eu-west-2.amazonaws.com",
            "cors_rule": [],
            "force_destroy": true,
            "grant": [
              {
                "id": "",
                "permissions": [
                  "FULL_CONTROL"
                ],
                "type": "Group",
                "uri": "http://acs.amazonaws.com/groups/s3/LogDelivery"
              },
              {
                "id": "7307b95aa6ac0c58ff934c1813d89bcccc87227b7d3dc1a5b109ac1545b5908f",
                "permissions": [
                  "FULL_CONTROL"
                ],
                "type": "CanonicalUser",
                "uri": ""
              }
            ],
            "hosted_zone_id": "Z3GKZC51ZF0DB4",
            "id": "uat-bcp-logs",
            "lifecycle_rule": [],
            "logging": [
              {
                "target_bucket": "uat-bcp-logs",
                "target_prefix": ""
              }
            ],
            "object_lock_configuration": [],
            "policy": null,
            "region": "eu-west-2",
            "replication_configuration": [],
            "request_payer": "BucketOwner",
            "server_side_encryption_configuration": [
              {
                "rule": [
                  {
                    "apply_server_side_encryption_by_default": [
                      {
                        "kms_master_key_id": "arn:aws:kms:eu-west-2:975971611990:key/a15d7fa2-542c-4d13-a27c-93ece87e0aba",
                        "sse_algorithm": "aws:kms"
                      }
                    ],
                    "bucket_key_enabled": false
                  }
                ]
              }
            ],
            "tags": {},
            "tags_all": {},
            "versioning": [
              {
                "enabled": true,
                "mfa_delete": false
              }
            ],
            "website": [],
            "website_domain": null,
            "website_endpoint": null
          },
          "sensitive_attributes": [],
          "private": "bnVsbA==",
          "dependencies": [
            "aws_kms_key.uat-kms",
            "data.aws_canonical_user_id.current_user"
          ]
        }
      ]
    },
    {
      "mode": "managed",
      "type": "aws_s3_bucket",
      "name": "uat-bcp-maintenance",
      "provider": "provider[\"registry.terraform.io/hashicorp/aws\"]",
      "instances": [
        {
          "schema_version": 0,
          "attributes": {
            "acceleration_status": "",
            "acl": "public-read",
            "arn": "arn:aws:s3:::uat-bcp-maintenance",
            "bucket": "uat-bcp-maintenance",
            "bucket_domain_name": "uat-bcp-maintenance.s3.amazonaws.com",
            "bucket_prefix": null,
            "bucket_regional_domain_name": "uat-bcp-maintenance.s3.eu-west-2.amazonaws.com",
            "cors_rule": [],
            "force_destroy": true,
            "grant": [],
            "hosted_zone_id": "Z3GKZC51ZF0DB4",
            "id": "uat-bcp-maintenance",
            "lifecycle_rule": [],
            "logging": [
              {
                "target_bucket": "uat-bcp-logs",
                "target_prefix": ""
              }
            ],
            "object_lock_configuration": [],
            "policy": null,
            "region": "eu-west-2",
            "replication_configuration": [],
            "request_payer": "BucketOwner",
            "server_side_encryption_configuration": [
              {
                "rule": [
                  {
                    "apply_server_side_encryption_by_default": [
                      {
                        "kms_master_key_id": "",
                        "sse_algorithm": "aws:kms"
                      }
                    ],
                    "bucket_key_enabled": false
                  }
                ]
              }
            ],
            "tags": {},
            "tags_all": {},
            "versioning": [
              {
                "enabled": true,
                "mfa_delete": false
              }
            ],
            "website": [
              {
                "error_document": "index.html",
                "index_document": "index.html",
                "redirect_all_requests_to": "",
                "routing_rules": ""
              }
            ],
            "website_domain": "s3-website.eu-west-2.amazonaws.com",
            "website_endpoint": "uat-bcp-maintenance.s3-website.eu-west-2.amazonaws.com"
          },
          "sensitive_attributes": [],
          "private": "bnVsbA=="
        }
      ]
    },
    {
      "mode": "managed",
      "type": "aws_s3_bucket",
      "name": "uat-bcs-cloudfront-logs",
      "provider": "provider[\"registry.terraform.io/hashicorp/aws\"]",
      "instances": [
        {
          "schema_version": 0,
          "attributes": {
            "acceleration_status": "",
            "acl": "private",
            "arn": "arn:aws:s3:::uat-bcs-cloudfront-logs",
            "bucket": "uat-bcs-cloudfront-logs",
            "bucket_domain_name": "uat-bcs-cloudfront-logs.s3.amazonaws.com",
            "bucket_prefix": null,
            "bucket_regional_domain_name": "uat-bcs-cloudfront-logs.s3.eu-west-2.amazonaws.com",
            "cors_rule": [],
            "force_destroy": true,
            "grant": [
              {
                "id": "",
                "permissions": [
                  "FULL_CONTROL"
                ],
                "type": "Group",
                "uri": "http://acs.amazonaws.com/groups/s3/LogDelivery"
              },
              {
                "id": "7307b95aa6ac0c58ff934c1813d89bcccc87227b7d3dc1a5b109ac1545b5908f",
                "permissions": [
                  "FULL_CONTROL"
                ],
                "type": "CanonicalUser",
                "uri": ""
              }
            ],
            "hosted_zone_id": "Z3GKZC51ZF0DB4",
            "id": "uat-bcs-cloudfront-logs",
            "lifecycle_rule": [],
            "logging": [
              {
                "target_bucket": "uat-bcp-logs",
                "target_prefix": ""
              }
            ],
            "object_lock_configuration": [],
            "policy": null,
            "region": "eu-west-2",
            "replication_configuration": [],
            "request_payer": "BucketOwner",
            "server_side_encryption_configuration": [
              {
                "rule": [
                  {
                    "apply_server_side_encryption_by_default": [
                      {
                        "kms_master_key_id": "arn:aws:kms:eu-west-2:975971611990:key/a15d7fa2-542c-4d13-a27c-93ece87e0aba",
                        "sse_algorithm": "aws:kms"
                      }
                    ],
                    "bucket_key_enabled": false
                  }
                ]
              }
            ],
            "tags": {},
            "tags_all": {},
            "versioning": [
              {
                "enabled": true,
                "mfa_delete": false
              }
            ],
            "website": [],
            "website_domain": null,
            "website_endpoint": null
          },
          "sensitive_attributes": [],
          "private": "bnVsbA==",
          "dependencies": [
            "aws_kms_key.uat-kms",
            "data.aws_canonical_user_id.current_user"
          ]
        }
      ]
    },
    {
      "mode": "managed",
      "type": "aws_s3_bucket",
      "name": "uat-bcs-documents",
      "provider": "provider[\"registry.terraform.io/hashicorp/aws\"]",
      "instances": [
        {
          "schema_version": 0,
          "attributes": {
            "acceleration_status": "",
            "acl": "private",
            "arn": "arn:aws:s3:::uat-bcs-documents",
            "bucket": "uat-bcs-documents",
            "bucket_domain_name": "uat-bcs-documents.s3.amazonaws.com",
            "bucket_prefix": null,
            "bucket_regional_domain_name": "uat-bcs-documents.s3.eu-west-2.amazonaws.com",
            "cors_rule": [],
            "force_destroy": true,
            "grant": [],
            "hosted_zone_id": "Z3GKZC51ZF0DB4",
            "id": "uat-bcs-documents",
            "lifecycle_rule": [],
            "logging": [
              {
                "target_bucket": "uat-bcp-logs",
                "target_prefix": ""
              }
            ],
            "object_lock_configuration": [],
            "policy": null,
            "region": "eu-west-2",
            "replication_configuration": [],
            "request_payer": "BucketOwner",
            "server_side_encryption_configuration": [
              {
                "rule": [
                  {
                    "apply_server_side_encryption_by_default": [
                      {
                        "kms_master_key_id": "arn:aws:kms:eu-west-2:975971611990:key/a15d7fa2-542c-4d13-a27c-93ece87e0aba",
                        "sse_algorithm": "aws:kms"
                      }
                    ],
                    "bucket_key_enabled": false
                  }
                ]
              }
            ],
            "tags": {},
            "tags_all": {},
            "versioning": [
              {
                "enabled": true,
                "mfa_delete": false
              }
            ],
            "website": [],
            "website_domain": null,
            "website_endpoint": null
          },
          "sensitive_attributes": [],
          "private": "bnVsbA==",
          "dependencies": [
            "aws_kms_key.uat-kms"
          ]
        }
      ]
    },
    {
      "mode": "managed",
      "type": "aws_s3_bucket",
      "name": "uat-bcs-logs",
      "provider": "provider[\"registry.terraform.io/hashicorp/aws\"]",
      "instances": [
        {
          "schema_version": 0,
          "attributes": {
            "acceleration_status": "",
            "acl": "private",
            "arn": "arn:aws:s3:::uat-bcs-logs",
            "bucket": "uat-bcs-logs",
            "bucket_domain_name": "uat-bcs-logs.s3.amazonaws.com",
            "bucket_prefix": null,
            "bucket_regional_domain_name": "uat-bcs-logs.s3.eu-west-2.amazonaws.com",
            "cors_rule": [],
            "force_destroy": true,
            "grant": [
              {
                "id": "",
                "permissions": [
                  "FULL_CONTROL"
                ],
                "type": "Group",
                "uri": "http://acs.amazonaws.com/groups/s3/LogDelivery"
              },
              {
                "id": "7307b95aa6ac0c58ff934c1813d89bcccc87227b7d3dc1a5b109ac1545b5908f",
                "permissions": [
                  "FULL_CONTROL"
                ],
                "type": "CanonicalUser",
                "uri": ""
              }
            ],
            "hosted_zone_id": "Z3GKZC51ZF0DB4",
            "id": "uat-bcs-logs",
            "lifecycle_rule": [],
            "logging": [
              {
                "target_bucket": "uat-bcp-logs",
                "target_prefix": ""
              }
            ],
            "object_lock_configuration": [],
            "policy": null,
            "region": "eu-west-2",
            "replication_configuration": [
              {
                "role": "arn:aws:iam::975971611990:role/uat-bcp-rep",
                "rules": [
                  {
                    "delete_marker_replication_status": "",
                    "destination": [
                      {
                        "access_control_translation": [
                          {
                            "owner": "Destination"
                          }
                        ],
                        "account_id": "181623394163",
                        "bucket": "arn:aws:s3:::uat-bcs-logs-co",
                        "metrics": [],
                        "replica_kms_key_id": "arn:aws:kms:eu-west-2:181623394163:key/197bbe36-b994-4665-97f8-87e58fdb8836",
                        "replication_time": [],
                        "storage_class": ""
                      }
                    ],
                    "filter": [
                      {
                        "prefix": "",
                        "tags": {}
                      }
                    ],
                    "id": "uat-bcs-logs-rep",
                    "prefix": "",
                    "priority": 0,
                    "source_selection_criteria": [
                      {
                        "sse_kms_encrypted_objects": [
                          {
                            "enabled": true
                          }
                        ]
                      }
                    ],
                    "status": "Enabled"
                  }
                ]
              }
            ],
            "request_payer": "BucketOwner",
            "server_side_encryption_configuration": [
              {
                "rule": [
                  {
                    "apply_server_side_encryption_by_default": [
                      {
                        "kms_master_key_id": "arn:aws:kms:eu-west-2:975971611990:key/a15d7fa2-542c-4d13-a27c-93ece87e0aba",
                        "sse_algorithm": "aws:kms"
                      }
                    ],
                    "bucket_key_enabled": false
                  }
                ]
              }
            ],
            "tags": {},
            "tags_all": {},
            "versioning": [
              {
                "enabled": true,
                "mfa_delete": false
              }
            ],
            "website": [],
            "website_domain": null,
            "website_endpoint": null
          },
          "sensitive_attributes": [],
          "private": "bnVsbA==",
          "dependencies": [
            "aws_iam_role.uat-bcp-rep",
            "aws_kms_key.uat-kms",
            "data.aws_canonical_user_id.current_user"
          ]
        }
      ]
    },
    {
      "mode": "managed",
      "type": "aws_s3_bucket",
      "name": "uat-bcs-response",
      "provider": "provider[\"registry.terraform.io/hashicorp/aws\"]",
      "instances": [
        {
          "schema_version": 0,
          "attributes": {
            "acceleration_status": "",
            "acl": "private",
            "arn": "arn:aws:s3:::uat-bcs-response",
            "bucket": "uat-bcs-response",
            "bucket_domain_name": "uat-bcs-response.s3.amazonaws.com",
            "bucket_prefix": null,
            "bucket_regional_domain_name": "uat-bcs-response.s3.eu-west-2.amazonaws.com",
            "cors_rule": [],
            "force_destroy": true,
            "grant": [],
            "hosted_zone_id": "Z3GKZC51ZF0DB4",
            "id": "uat-bcs-response",
            "lifecycle_rule": [],
            "logging": [
              {
                "target_bucket": "uat-bcp-logs",
                "target_prefix": ""
              }
            ],
            "object_lock_configuration": [],
            "policy": null,
            "region": "eu-west-2",
            "replication_configuration": [],
            "request_payer": "BucketOwner",
            "server_side_encryption_configuration": [
              {
                "rule": [
                  {
                    "apply_server_side_encryption_by_default": [
                      {
                        "kms_master_key_id": "arn:aws:kms:eu-west-2:975971611990:key/a15d7fa2-542c-4d13-a27c-93ece87e0aba",
                        "sse_algorithm": "aws:kms"
                      }
                    ],
                    "bucket_key_enabled": false
                  }
                ]
              }
            ],
            "tags": {},
            "tags_all": {},
            "versioning": [
              {
                "enabled": true,
                "mfa_delete": false
              }
            ],
            "website": [],
            "website_domain": null,
            "website_endpoint": null
          },
          "sensitive_attributes": [],
          "private": "bnVsbA==",
          "dependencies": [
            "aws_kms_key.uat-kms"
          ]
        }
      ]
    },
    {
      "mode": "managed",
      "type": "aws_s3_bucket",
      "name": "uat-bcw-cloudfront-logs",
      "provider": "provider[\"registry.terraform.io/hashicorp/aws\"]",
      "instances": [
        {
          "schema_version": 0,
          "attributes": {
            "acceleration_status": "",
            "acl": "private",
            "arn": "arn:aws:s3:::uat-bcw-cloudfront-logs",
            "bucket": "uat-bcw-cloudfront-logs",
            "bucket_domain_name": "uat-bcw-cloudfront-logs.s3.amazonaws.com",
            "bucket_prefix": null,
            "bucket_regional_domain_name": "uat-bcw-cloudfront-logs.s3.eu-west-2.amazonaws.com",
            "cors_rule": [],
            "force_destroy": true,
            "grant": [
              {
                "id": "",
                "permissions": [
                  "FULL_CONTROL"
                ],
                "type": "Group",
                "uri": "http://acs.amazonaws.com/groups/s3/LogDelivery"
              },
              {
                "id": "7307b95aa6ac0c58ff934c1813d89bcccc87227b7d3dc1a5b109ac1545b5908f",
                "permissions": [
                  "FULL_CONTROL"
                ],
                "type": "CanonicalUser",
                "uri": ""
              }
            ],
            "hosted_zone_id": "Z3GKZC51ZF0DB4",
            "id": "uat-bcw-cloudfront-logs",
            "lifecycle_rule": [],
            "logging": [
              {
                "target_bucket": "uat-bcp-logs",
                "target_prefix": ""
              }
            ],
            "object_lock_configuration": [],
            "policy": null,
            "region": "eu-west-2",
            "replication_configuration": [],
            "request_payer": "BucketOwner",
            "server_side_encryption_configuration": [
              {
                "rule": [
                  {
                    "apply_server_side_encryption_by_default": [
                      {
                        "kms_master_key_id": "arn:aws:kms:eu-west-2:975971611990:key/a15d7fa2-542c-4d13-a27c-93ece87e0aba",
                        "sse_algorithm": "aws:kms"
                      }
                    ],
                    "bucket_key_enabled": false
                  }
                ]
              }
            ],
            "tags": {},
            "tags_all": {},
            "versioning": [
              {
                "enabled": true,
                "mfa_delete": false
              }
            ],
            "website": [],
            "website_domain": null,
            "website_endpoint": null
          },
          "sensitive_attributes": [],
          "private": "bnVsbA==",
          "dependencies": [
            "aws_kms_key.uat-kms",
            "data.aws_canonical_user_id.current_user"
          ]
        }
      ]
    },
    {
      "mode": "managed",
      "type": "aws_s3_bucket",
      "name": "uat-bcw-documents",
      "provider": "provider[\"registry.terraform.io/hashicorp/aws\"]",
      "instances": [
        {
          "schema_version": 0,
          "attributes": {
            "acceleration_status": "",
            "acl": "private",
            "arn": "arn:aws:s3:::uat-bcw-documents",
            "bucket": "uat-bcw-documents",
            "bucket_domain_name": "uat-bcw-documents.s3.amazonaws.com",
            "bucket_prefix": null,
            "bucket_regional_domain_name": "uat-bcw-documents.s3.eu-west-2.amazonaws.com",
            "cors_rule": [],
            "force_destroy": true,
            "grant": [],
            "hosted_zone_id": "Z3GKZC51ZF0DB4",
            "id": "uat-bcw-documents",
            "lifecycle_rule": [],
            "logging": [
              {
                "target_bucket": "uat-bcp-logs",
                "target_prefix": ""
              }
            ],
            "object_lock_configuration": [],
            "policy": null,
            "region": "eu-west-2",
            "replication_configuration": [],
            "request_payer": "BucketOwner",
            "server_side_encryption_configuration": [
              {
                "rule": [
                  {
                    "apply_server_side_encryption_by_default": [
                      {
                        "kms_master_key_id": "arn:aws:kms:eu-west-2:975971611990:key/a15d7fa2-542c-4d13-a27c-93ece87e0aba",
                        "sse_algorithm": "aws:kms"
                      }
                    ],
                    "bucket_key_enabled": false
                  }
                ]
              }
            ],
            "tags": {},
            "tags_all": {},
            "versioning": [
              {
                "enabled": true,
                "mfa_delete": false
              }
            ],
            "website": [],
            "website_domain": null,
            "website_endpoint": null
          },
          "sensitive_attributes": [],
          "private": "bnVsbA==",
          "dependencies": [
            "aws_kms_key.uat-kms"
          ]
        }
      ]
    },
    {
      "mode": "managed",
      "type": "aws_s3_bucket",
      "name": "uat-bcw-logs",
      "provider": "provider[\"registry.terraform.io/hashicorp/aws\"]",
      "instances": [
        {
          "schema_version": 0,
          "attributes": {
            "acceleration_status": "",
            "acl": "private",
            "arn": "arn:aws:s3:::uat-bcw-logs",
            "bucket": "uat-bcw-logs",
            "bucket_domain_name": "uat-bcw-logs.s3.amazonaws.com",
            "bucket_prefix": null,
            "bucket_regional_domain_name": "uat-bcw-logs.s3.eu-west-2.amazonaws.com",
            "cors_rule": [],
            "force_destroy": true,
            "grant": [
              {
                "id": "",
                "permissions": [
                  "FULL_CONTROL"
                ],
                "type": "Group",
                "uri": "http://acs.amazonaws.com/groups/s3/LogDelivery"
              },
              {
                "id": "7307b95aa6ac0c58ff934c1813d89bcccc87227b7d3dc1a5b109ac1545b5908f",
                "permissions": [
                  "FULL_CONTROL"
                ],
                "type": "CanonicalUser",
                "uri": ""
              }
            ],
            "hosted_zone_id": "Z3GKZC51ZF0DB4",
            "id": "uat-bcw-logs",
            "lifecycle_rule": [],
            "logging": [
              {
                "target_bucket": "uat-bcp-logs",
                "target_prefix": ""
              }
            ],
            "object_lock_configuration": [],
            "policy": null,
            "region": "eu-west-2",
            "replication_configuration": [
              {
                "role": "arn:aws:iam::975971611990:role/uat-bcp-rep",
                "rules": [
                  {
                    "delete_marker_replication_status": "",
                    "destination": [
                      {
                        "access_control_translation": [
                          {
                            "owner": "Destination"
                          }
                        ],
                        "account_id": "181623394163",
                        "bucket": "arn:aws:s3:::uat-bcw-logs-co",
                        "metrics": [],
                        "replica_kms_key_id": "arn:aws:kms:eu-west-2:181623394163:key/197bbe36-b994-4665-97f8-87e58fdb8836",
                        "replication_time": [],
                        "storage_class": ""
                      }
                    ],
                    "filter": [
                      {
                        "prefix": "",
                        "tags": {}
                      }
                    ],
                    "id": "uat-bcw-logs-rep",
                    "prefix": "",
                    "priority": 0,
                    "source_selection_criteria": [
                      {
                        "sse_kms_encrypted_objects": [
                          {
                            "enabled": true
                          }
                        ]
                      }
                    ],
                    "status": "Enabled"
                  }
                ]
              }
            ],
            "request_payer": "BucketOwner",
            "server_side_encryption_configuration": [
              {
                "rule": [
                  {
                    "apply_server_side_encryption_by_default": [
                      {
                        "kms_master_key_id": "arn:aws:kms:eu-west-2:975971611990:key/a15d7fa2-542c-4d13-a27c-93ece87e0aba",
                        "sse_algorithm": "aws:kms"
                      }
                    ],
                    "bucket_key_enabled": false
                  }
                ]
              }
            ],
            "tags": {},
            "tags_all": {},
            "versioning": [
              {
                "enabled": true,
                "mfa_delete": false
              }
            ],
            "website": [],
            "website_domain": null,
            "website_endpoint": null
          },
          "sensitive_attributes": [],
          "private": "bnVsbA==",
          "dependencies": [
            "aws_iam_role.uat-bcp-rep",
            "aws_kms_key.uat-kms",
            "data.aws_canonical_user_id.current_user"
          ]
        }
      ]
    },
    {
      "mode": "managed",
      "type": "aws_s3_bucket",
      "name": "uat-bcw-response",
      "provider": "provider[\"registry.terraform.io/hashicorp/aws\"]",
      "instances": [
        {
          "schema_version": 0,
          "attributes": {
            "acceleration_status": "",
            "acl": "private",
            "arn": "arn:aws:s3:::uat-bcw-response",
            "bucket": "uat-bcw-response",
            "bucket_domain_name": "uat-bcw-response.s3.amazonaws.com",
            "bucket_prefix": null,
            "bucket_regional_domain_name": "uat-bcw-response.s3.eu-west-2.amazonaws.com",
            "cors_rule": [],
            "force_destroy": true,
            "grant": [],
            "hosted_zone_id": "Z3GKZC51ZF0DB4",
            "id": "uat-bcw-response",
            "lifecycle_rule": [],
            "logging": [
              {
                "target_bucket": "uat-bcp-logs",
                "target_prefix": ""
              }
            ],
            "object_lock_configuration": [],
            "policy": null,
            "region": "eu-west-2",
            "replication_configuration": [],
            "request_payer": "BucketOwner",
            "server_side_encryption_configuration": [
              {
                "rule": [
                  {
                    "apply_server_side_encryption_by_default": [
                      {
                        "kms_master_key_id": "arn:aws:kms:eu-west-2:975971611990:key/a15d7fa2-542c-4d13-a27c-93ece87e0aba",
                        "sse_algorithm": "aws:kms"
                      }
                    ],
                    "bucket_key_enabled": false
                  }
                ]
              }
            ],
            "tags": {},
            "tags_all": {},
            "versioning": [
              {
                "enabled": true,
                "mfa_delete": false
              }
            ],
            "website": [],
            "website_domain": null,
            "website_endpoint": null
          },
          "sensitive_attributes": [],
          "private": "bnVsbA==",
          "dependencies": [
            "aws_kms_key.uat-kms"
          ]
        }
      ]
    },
    {
      "mode": "managed",
      "type": "aws_s3_bucket",
      "name": "uat-cffg-cloudfront-logs",
      "provider": "provider[\"registry.terraform.io/hashicorp/aws\"]",
      "instances": [
        {
          "schema_version": 0,
          "attributes": {
            "acceleration_status": "",
            "acl": "private",
            "arn": "arn:aws:s3:::uat-cffg-cloudfront-logs",
            "bucket": "uat-cffg-cloudfront-logs",
            "bucket_domain_name": "uat-cffg-cloudfront-logs.s3.amazonaws.com",
            "bucket_prefix": null,
            "bucket_regional_domain_name": "uat-cffg-cloudfront-logs.s3.eu-west-2.amazonaws.com",
            "cors_rule": [],
            "force_destroy": true,
            "grant": [
              {
                "id": "",
                "permissions": [
                  "FULL_CONTROL"
                ],
                "type": "Group",
                "uri": "http://acs.amazonaws.com/groups/s3/LogDelivery"
              },
              {
                "id": "7307b95aa6ac0c58ff934c1813d89bcccc87227b7d3dc1a5b109ac1545b5908f",
                "permissions": [
                  "FULL_CONTROL"
                ],
                "type": "CanonicalUser",
                "uri": ""
              }
            ],
            "hosted_zone_id": "Z3GKZC51ZF0DB4",
            "id": "uat-cffg-cloudfront-logs",
            "lifecycle_rule": [],
            "logging": [
              {
                "target_bucket": "uat-bcp-logs",
                "target_prefix": ""
              }
            ],
            "object_lock_configuration": [],
            "policy": null,
            "region": "eu-west-2",
            "replication_configuration": [],
            "request_payer": "BucketOwner",
            "server_side_encryption_configuration": [
              {
                "rule": [
                  {
                    "apply_server_side_encryption_by_default": [
                      {
                        "kms_master_key_id": "arn:aws:kms:eu-west-2:975971611990:key/a15d7fa2-542c-4d13-a27c-93ece87e0aba",
                        "sse_algorithm": "aws:kms"
                      }
                    ],
                    "bucket_key_enabled": false
                  }
                ]
              }
            ],
            "tags": {},
            "tags_all": {},
            "versioning": [
              {
                "enabled": true,
                "mfa_delete": false
              }
            ],
            "website": [],
            "website_domain": null,
            "website_endpoint": null
          },
          "sensitive_attributes": [],
          "private": "bnVsbA==",
          "dependencies": [
            "aws_kms_key.uat-kms",
            "data.aws_canonical_user_id.current_user"
          ]
        }
      ]
    },
    {
      "mode": "managed",
      "type": "aws_s3_bucket",
      "name": "uat-cffg-documents",
      "provider": "provider[\"registry.terraform.io/hashicorp/aws\"]",
      "instances": [
        {
          "schema_version": 0,
          "attributes": {
            "acceleration_status": "",
            "acl": "private",
            "arn": "arn:aws:s3:::uat-cffg-documents",
            "bucket": "uat-cffg-documents",
            "bucket_domain_name": "uat-cffg-documents.s3.amazonaws.com",
            "bucket_prefix": null,
            "bucket_regional_domain_name": "uat-cffg-documents.s3.eu-west-2.amazonaws.com",
            "cors_rule": [],
            "force_destroy": true,
            "grant": [],
            "hosted_zone_id": "Z3GKZC51ZF0DB4",
            "id": "uat-cffg-documents",
            "lifecycle_rule": [],
            "logging": [
              {
                "target_bucket": "uat-bcp-logs",
                "target_prefix": ""
              }
            ],
            "object_lock_configuration": [],
            "policy": null,
            "region": "eu-west-2",
            "replication_configuration": [],
            "request_payer": "BucketOwner",
            "server_side_encryption_configuration": [
              {
                "rule": [
                  {
                    "apply_server_side_encryption_by_default": [
                      {
                        "kms_master_key_id": "arn:aws:kms:eu-west-2:975971611990:key/a15d7fa2-542c-4d13-a27c-93ece87e0aba",
                        "sse_algorithm": "aws:kms"
                      }
                    ],
                    "bucket_key_enabled": false
                  }
                ]
              }
            ],
            "tags": {},
            "tags_all": {},
            "versioning": [
              {
                "enabled": true,
                "mfa_delete": false
              }
            ],
            "website": [],
            "website_domain": null,
            "website_endpoint": null
          },
          "sensitive_attributes": [],
          "private": "bnVsbA==",
          "dependencies": [
            "aws_kms_key.uat-kms"
          ]
        }
      ]
    },
    {
      "mode": "managed",
      "type": "aws_s3_bucket",
      "name": "uat-cffg-logs",
      "provider": "provider[\"registry.terraform.io/hashicorp/aws\"]",
      "instances": [
        {
          "schema_version": 0,
          "attributes": {
            "acceleration_status": "",
            "acl": "private",
            "arn": "arn:aws:s3:::uat-cffg-logs",
            "bucket": "uat-cffg-logs",
            "bucket_domain_name": "uat-cffg-logs.s3.amazonaws.com",
            "bucket_prefix": null,
            "bucket_regional_domain_name": "uat-cffg-logs.s3.eu-west-2.amazonaws.com",
            "cors_rule": [],
            "force_destroy": true,
            "grant": [
              {
                "id": "",
                "permissions": [
                  "FULL_CONTROL"
                ],
                "type": "Group",
                "uri": "http://acs.amazonaws.com/groups/s3/LogDelivery"
              },
              {
                "id": "7307b95aa6ac0c58ff934c1813d89bcccc87227b7d3dc1a5b109ac1545b5908f",
                "permissions": [
                  "FULL_CONTROL"
                ],
                "type": "CanonicalUser",
                "uri": ""
              }
            ],
            "hosted_zone_id": "Z3GKZC51ZF0DB4",
            "id": "uat-cffg-logs",
            "lifecycle_rule": [],
            "logging": [
              {
                "target_bucket": "uat-bcp-logs",
                "target_prefix": ""
              }
            ],
            "object_lock_configuration": [],
            "policy": null,
            "region": "eu-west-2",
            "replication_configuration": [
              {
                "role": "arn:aws:iam::975971611990:role/uat-bcp-rep",
                "rules": [
                  {
                    "delete_marker_replication_status": "",
                    "destination": [
                      {
                        "access_control_translation": [
                          {
                            "owner": "Destination"
                          }
                        ],
                        "account_id": "181623394163",
                        "bucket": "arn:aws:s3:::uat-cffg-logs-co",
                        "metrics": [],
                        "replica_kms_key_id": "arn:aws:kms:eu-west-2:181623394163:key/197bbe36-b994-4665-97f8-87e58fdb8836",
                        "replication_time": [],
                        "storage_class": ""
                      }
                    ],
                    "filter": [
                      {
                        "prefix": "",
                        "tags": {}
                      }
                    ],
                    "id": "uat-cffg-logs-rep",
                    "prefix": "",
                    "priority": 0,
                    "source_selection_criteria": [
                      {
                        "sse_kms_encrypted_objects": [
                          {
                            "enabled": true
                          }
                        ]
                      }
                    ],
                    "status": "Enabled"
                  }
                ]
              }
            ],
            "request_payer": "BucketOwner",
            "server_side_encryption_configuration": [
              {
                "rule": [
                  {
                    "apply_server_side_encryption_by_default": [
                      {
                        "kms_master_key_id": "arn:aws:kms:eu-west-2:975971611990:key/a15d7fa2-542c-4d13-a27c-93ece87e0aba",
                        "sse_algorithm": "aws:kms"
                      }
                    ],
                    "bucket_key_enabled": false
                  }
                ]
              }
            ],
            "tags": {},
            "tags_all": {},
            "versioning": [
              {
                "enabled": true,
                "mfa_delete": false
              }
            ],
            "website": [],
            "website_domain": null,
            "website_endpoint": null
          },
          "sensitive_attributes": [],
          "private": "bnVsbA==",
          "dependencies": [
            "aws_iam_role.uat-bcp-rep",
            "aws_kms_key.uat-kms",
            "data.aws_canonical_user_id.current_user"
          ]
        }
      ]
    },
    {
      "mode": "managed",
      "type": "aws_s3_bucket",
      "name": "uat-cffg-response",
      "provider": "provider[\"registry.terraform.io/hashicorp/aws\"]",
      "instances": [
        {
          "schema_version": 0,
          "attributes": {
            "acceleration_status": "",
            "acl": "private",
            "arn": "arn:aws:s3:::uat-cffg-response",
            "bucket": "uat-cffg-response",
            "bucket_domain_name": "uat-cffg-response.s3.amazonaws.com",
            "bucket_prefix": null,
            "bucket_regional_domain_name": "uat-cffg-response.s3.eu-west-2.amazonaws.com",
            "cors_rule": [],
            "force_destroy": true,
            "grant": [],
            "hosted_zone_id": "Z3GKZC51ZF0DB4",
            "id": "uat-cffg-response",
            "lifecycle_rule": [],
            "logging": [
              {
                "target_bucket": "uat-bcp-logs",
                "target_prefix": ""
              }
            ],
            "object_lock_configuration": [],
            "policy": null,
            "region": "eu-west-2",
            "replication_configuration": [],
            "request_payer": "BucketOwner",
            "server_side_encryption_configuration": [
              {
                "rule": [
                  {
                    "apply_server_side_encryption_by_default": [
                      {
                        "kms_master_key_id": "arn:aws:kms:eu-west-2:975971611990:key/a15d7fa2-542c-4d13-a27c-93ece87e0aba",
                        "sse_algorithm": "aws:kms"
                      }
                    ],
                    "bucket_key_enabled": false
                  }
                ]
              }
            ],
            "tags": {},
            "tags_all": {},
            "versioning": [
              {
                "enabled": true,
                "mfa_delete": false
              }
            ],
            "website": [],
            "website_domain": null,
            "website_endpoint": null
          },
          "sensitive_attributes": [],
          "private": "bnVsbA==",
          "dependencies": [
            "aws_kms_key.uat-kms"
          ]
        }
      ]
    },
    {
      "mode": "managed",
      "type": "aws_s3_bucket_policy",
      "name": "s3-uat-bce-documents-policy",
      "provider": "provider[\"registry.terraform.io/hashicorp/aws\"]",
      "instances": [
        {
          "schema_version": 0,
          "attributes": {
            "bucket": "uat-bce-documents",
            "id": "uat-bce-documents",
            "policy": "{\"Id\":\"Policy\",\"Statement\":[{\"Action\":\"s3:ListBucket\",\"Effect\":\"Allow\",\"Principal\":{\"AWS\":\"arn:aws:iam::975971611990:user/S3USER\"},\"Resource\":\"arn:aws:s3:::uat-bce-documents\",\"Sid\":\"\"},{\"Action\":[\"s3:DeleteObject\",\"s3:GetObject\",\"s3:PutObject\"],\"Effect\":\"Allow\",\"Principal\":{\"AWS\":\"arn:aws:iam::975971611990:user/S3USER\"},\"Resource\":\"arn:aws:s3:::uat-bce-documents/*\",\"Sid\":\"\"}],\"Version\":\"2012-10-17\"}"
          },
          "sensitive_attributes": [],
          "private": "bnVsbA==",
          "dependencies": [
            "aws_kms_key.uat-kms",
            "aws_s3_bucket.uat-bce-documents"
          ]
        }
      ]
    },
    {
      "mode": "managed",
      "type": "aws_s3_bucket_policy",
      "name": "s3-uat-bce-policy",
      "provider": "provider[\"registry.terraform.io/hashicorp/aws\"]",
      "instances": [
        {
          "schema_version": 0,
          "attributes": {
            "bucket": "uat-bce-logs",
            "id": "uat-bce-logs",
            "policy": "{\"Id\":\"Policy\",\"Statement\":[{\"Action\":\"s3:PutObject\",\"Effect\":\"Allow\",\"Principal\":{\"AWS\":\"arn:aws:iam::652711504416:root\"},\"Resource\":\"arn:aws:s3:::uat-bce-logs/uatbce/AWSLogs/975971611990/*\"},{\"Action\":\"s3:PutObject\",\"Condition\":{\"StringEquals\":{\"s3:x-amz-acl\":\"bucket-owner-full-control\"}},\"Effect\":\"Allow\",\"Principal\":{\"Service\":\"delivery.logs.amazonaws.com\"},\"Resource\":\"arn:aws:s3:::uat-bce-logs/uatbce/AWSLogs/975971611990/*\"},{\"Action\":\"s3:GetBucketAcl\",\"Effect\":\"Allow\",\"Principal\":{\"Service\":\"delivery.logs.amazonaws.com\"},\"Resource\":\"arn:aws:s3:::uat-bce-logs\"}],\"Version\":\"2012-10-17\"}"
          },
          "sensitive_attributes": [],
          "private": "bnVsbA==",
          "dependencies": [
            "aws_iam_role.uat-bcp-rep",
            "aws_kms_key.uat-kms",
            "aws_s3_bucket.uat-bce-logs",
            "data.aws_caller_identity.current",
            "data.aws_canonical_user_id.current_user",
            "data.aws_elb_service_account.main"
          ]
        }
      ]
    },
    {
      "mode": "managed",
      "type": "aws_s3_bucket_policy",
      "name": "s3-uat-bce-response-policy",
      "provider": "provider[\"registry.terraform.io/hashicorp/aws\"]",
      "instances": [
        {
          "schema_version": 0,
          "attributes": {
            "bucket": "uat-bce-response",
            "id": "uat-bce-response",
            "policy": "{\"Id\":\"Policy\",\"Statement\":[{\"Action\":\"s3:ListBucket\",\"Effect\":\"Allow\",\"Principal\":{\"AWS\":\"arn:aws:iam::975971611990:user/S3USER\"},\"Resource\":\"arn:aws:s3:::uat-bce-response\",\"Sid\":\"\"},{\"Action\":[\"s3:DeleteObject\",\"s3:GetObject\",\"s3:PutObject\"],\"Effect\":\"Allow\",\"Principal\":{\"AWS\":\"arn:aws:iam::975971611990:user/S3USER\"},\"Resource\":\"arn:aws:s3:::uat-bce-response/*\",\"Sid\":\"\"}],\"Version\":\"2012-10-17\"}"
          },
          "sensitive_attributes": [],
          "private": "bnVsbA==",
          "dependencies": [
            "aws_kms_key.uat-kms",
            "aws_s3_bucket.uat-bce-response"
          ]
        }
      ]
    },
    {
      "mode": "managed",
      "type": "aws_s3_bucket_policy",
      "name": "s3-uat-bcs-documents-policy",
      "provider": "provider[\"registry.terraform.io/hashicorp/aws\"]",
      "instances": [
        {
          "schema_version": 0,
          "attributes": {
            "bucket": "uat-bcs-documents",
            "id": "uat-bcs-documents",
            "policy": "{\"Id\":\"Policy\",\"Statement\":[{\"Action\":\"s3:ListBucket\",\"Effect\":\"Allow\",\"Principal\":{\"AWS\":\"arn:aws:iam::975971611990:user/S3USER\"},\"Resource\":\"arn:aws:s3:::uat-bcs-documents\",\"Sid\":\"\"},{\"Action\":[\"s3:DeleteObject\",\"s3:GetObject\",\"s3:PutObject\"],\"Effect\":\"Allow\",\"Principal\":{\"AWS\":\"arn:aws:iam::975971611990:user/S3USER\"},\"Resource\":\"arn:aws:s3:::uat-bcs-documents/*\",\"Sid\":\"\"}],\"Version\":\"2012-10-17\"}"
          },
          "sensitive_attributes": [],
          "private": "bnVsbA==",
          "dependencies": [
            "aws_kms_key.uat-kms",
            "aws_s3_bucket.uat-bcs-documents"
          ]
        }
      ]
    },
    {
      "mode": "managed",
      "type": "aws_s3_bucket_policy",
      "name": "s3-uat-bcs-policy",
      "provider": "provider[\"registry.terraform.io/hashicorp/aws\"]",
      "instances": [
        {
          "schema_version": 0,
          "attributes": {
            "bucket": "uat-bcs-logs",
            "id": "uat-bcs-logs",
            "policy": "{\"Id\":\"Policy\",\"Statement\":[{\"Action\":\"s3:PutObject\",\"Effect\":\"Allow\",\"Principal\":{\"AWS\":\"arn:aws:iam::652711504416:root\"},\"Resource\":\"arn:aws:s3:::uat-bcs-logs/uatbcs/AWSLogs/975971611990/*\"},{\"Action\":\"s3:PutObject\",\"Condition\":{\"StringEquals\":{\"s3:x-amz-acl\":\"bucket-owner-full-control\"}},\"Effect\":\"Allow\",\"Principal\":{\"Service\":\"delivery.logs.amazonaws.com\"},\"Resource\":\"arn:aws:s3:::uat-bcs-logs/uatbcs/AWSLogs/975971611990/*\"},{\"Action\":\"s3:GetBucketAcl\",\"Effect\":\"Allow\",\"Principal\":{\"Service\":\"delivery.logs.amazonaws.com\"},\"Resource\":\"arn:aws:s3:::uat-bcs-logs\"}],\"Version\":\"2012-10-17\"}"
          },
          "sensitive_attributes": [],
          "private": "bnVsbA==",
          "dependencies": [
            "aws_iam_role.uat-bcp-rep",
            "aws_kms_key.uat-kms",
            "aws_s3_bucket.uat-bcs-logs",
            "data.aws_caller_identity.current",
            "data.aws_canonical_user_id.current_user",
            "data.aws_elb_service_account.main"
          ]
        }
      ]
    },
    {
      "mode": "managed",
      "type": "aws_s3_bucket_policy",
      "name": "s3-uat-bcs-response-policy",
      "provider": "provider[\"registry.terraform.io/hashicorp/aws\"]",
      "instances": [
        {
          "schema_version": 0,
          "attributes": {
            "bucket": "uat-bcs-response",
            "id": "uat-bcs-response",
            "policy": "{\"Id\":\"Policy\",\"Statement\":[{\"Action\":\"s3:ListBucket\",\"Effect\":\"Allow\",\"Principal\":{\"AWS\":\"arn:aws:iam::975971611990:user/S3USER\"},\"Resource\":\"arn:aws:s3:::uat-bcs-response\",\"Sid\":\"\"},{\"Action\":[\"s3:DeleteObject\",\"s3:GetObject\",\"s3:PutObject\"],\"Effect\":\"Allow\",\"Principal\":{\"AWS\":\"arn:aws:iam::975971611990:user/S3USER\"},\"Resource\":\"arn:aws:s3:::uat-bcs-response/*\",\"Sid\":\"\"}],\"Version\":\"2012-10-17\"}"
          },
          "sensitive_attributes": [],
          "private": "bnVsbA==",
          "dependencies": [
            "aws_kms_key.uat-kms",
            "aws_s3_bucket.uat-bcs-response"
          ]
        }
      ]
    },
    {
      "mode": "managed",
      "type": "aws_s3_bucket_policy",
      "name": "s3-uat-bcw-documents-policy",
      "provider": "provider[\"registry.terraform.io/hashicorp/aws\"]",
      "instances": [
        {
          "schema_version": 0,
          "attributes": {
            "bucket": "uat-bcw-documents",
            "id": "uat-bcw-documents",
            "policy": "{\"Id\":\"Policy\",\"Statement\":[{\"Action\":\"s3:ListBucket\",\"Effect\":\"Allow\",\"Principal\":{\"AWS\":\"arn:aws:iam::975971611990:user/S3USER\"},\"Resource\":\"arn:aws:s3:::uat-bcw-documents\",\"Sid\":\"\"},{\"Action\":[\"s3:DeleteObject\",\"s3:GetObject\",\"s3:PutObject\"],\"Effect\":\"Allow\",\"Principal\":{\"AWS\":\"arn:aws:iam::975971611990:user/S3USER\"},\"Resource\":\"arn:aws:s3:::uat-bcw-documents/*\",\"Sid\":\"\"}],\"Version\":\"2012-10-17\"}"
          },
          "sensitive_attributes": [],
          "private": "bnVsbA==",
          "dependencies": [
            "aws_kms_key.uat-kms",
            "aws_s3_bucket.uat-bcw-documents"
          ]
        }
      ]
    },
    {
      "mode": "managed",
      "type": "aws_s3_bucket_policy",
      "name": "s3-uat-bcw-policy",
      "provider": "provider[\"registry.terraform.io/hashicorp/aws\"]",
      "instances": [
        {
          "schema_version": 0,
          "attributes": {
            "bucket": "uat-bcw-logs",
            "id": "uat-bcw-logs",
            "policy": "{\"Id\":\"Policy\",\"Statement\":[{\"Action\":\"s3:PutObject\",\"Effect\":\"Allow\",\"Principal\":{\"AWS\":\"arn:aws:iam::652711504416:root\"},\"Resource\":\"arn:aws:s3:::uat-bcw-logs/uatbcw/AWSLogs/975971611990/*\"},{\"Action\":\"s3:PutObject\",\"Condition\":{\"StringEquals\":{\"s3:x-amz-acl\":\"bucket-owner-full-control\"}},\"Effect\":\"Allow\",\"Principal\":{\"Service\":\"delivery.logs.amazonaws.com\"},\"Resource\":\"arn:aws:s3:::uat-bcw-logs/uatbcw/AWSLogs/975971611990/*\"},{\"Action\":\"s3:GetBucketAcl\",\"Effect\":\"Allow\",\"Principal\":{\"Service\":\"delivery.logs.amazonaws.com\"},\"Resource\":\"arn:aws:s3:::uat-bcw-logs\"}],\"Version\":\"2012-10-17\"}"
          },
          "sensitive_attributes": [],
          "private": "bnVsbA==",
          "dependencies": [
            "aws_iam_role.uat-bcp-rep",
            "aws_kms_key.uat-kms",
            "aws_s3_bucket.uat-bcw-logs",
            "data.aws_caller_identity.current",
            "data.aws_canonical_user_id.current_user",
            "data.aws_elb_service_account.main"
          ]
        }
      ]
    },
    {
      "mode": "managed",
      "type": "aws_s3_bucket_policy",
      "name": "s3-uat-bcw-response-policy",
      "provider": "provider[\"registry.terraform.io/hashicorp/aws\"]",
      "instances": [
        {
          "schema_version": 0,
          "attributes": {
            "bucket": "uat-bcw-response",
            "id": "uat-bcw-response",
            "policy": "{\"Id\":\"Policy\",\"Statement\":[{\"Action\":\"s3:ListBucket\",\"Effect\":\"Allow\",\"Principal\":{\"AWS\":\"arn:aws:iam::975971611990:user/S3USER\"},\"Resource\":\"arn:aws:s3:::uat-bcw-response\",\"Sid\":\"\"},{\"Action\":[\"s3:DeleteObject\",\"s3:GetObject\",\"s3:PutObject\"],\"Effect\":\"Allow\",\"Principal\":{\"AWS\":\"arn:aws:iam::975971611990:user/S3USER\"},\"Resource\":\"arn:aws:s3:::uat-bcw-response/*\",\"Sid\":\"\"}],\"Version\":\"2012-10-17\"}"
          },
          "sensitive_attributes": [],
          "private": "bnVsbA==",
          "dependencies": [
            "aws_kms_key.uat-kms",
            "aws_s3_bucket.uat-bcw-response"
          ]
        }
      ]
    },
    {
      "mode": "managed",
      "type": "aws_s3_bucket_policy",
      "name": "s3-uat-cffg-documents-policy",
      "provider": "provider[\"registry.terraform.io/hashicorp/aws\"]",
      "instances": [
        {
          "schema_version": 0,
          "attributes": {
            "bucket": "uat-cffg-documents",
            "id": "uat-cffg-documents",
            "policy": "{\"Id\":\"Policy\",\"Statement\":[{\"Action\":\"s3:ListBucket\",\"Effect\":\"Allow\",\"Principal\":{\"AWS\":\"arn:aws:iam::975971611990:user/S3USER\"},\"Resource\":\"arn:aws:s3:::uat-cffg-documents\",\"Sid\":\"\"},{\"Action\":[\"s3:DeleteObject\",\"s3:GetObject\",\"s3:PutObject\"],\"Effect\":\"Allow\",\"Principal\":{\"AWS\":\"arn:aws:iam::975971611990:user/S3USER\"},\"Resource\":\"arn:aws:s3:::uat-cffg-documents/*\",\"Sid\":\"\"}],\"Version\":\"2012-10-17\"}"
          },
          "sensitive_attributes": [],
          "private": "bnVsbA==",
          "dependencies": [
            "aws_kms_key.uat-kms",
            "aws_s3_bucket.uat-cffg-documents"
          ]
        }
      ]
    },
    {
      "mode": "managed",
      "type": "aws_s3_bucket_policy",
      "name": "s3-uat-cffg-policy",
      "provider": "provider[\"registry.terraform.io/hashicorp/aws\"]",
      "instances": [
        {
          "schema_version": 0,
          "attributes": {
            "bucket": "uat-cffg-logs",
            "id": "uat-cffg-logs",
            "policy": "{\"Id\":\"Policy\",\"Statement\":[{\"Action\":\"s3:PutObject\",\"Effect\":\"Allow\",\"Principal\":{\"AWS\":\"arn:aws:iam::652711504416:root\"},\"Resource\":\"arn:aws:s3:::uat-cffg-logs/uatcffg/AWSLogs/975971611990/*\"},{\"Action\":\"s3:PutObject\",\"Condition\":{\"StringEquals\":{\"s3:x-amz-acl\":\"bucket-owner-full-control\"}},\"Effect\":\"Allow\",\"Principal\":{\"Service\":\"delivery.logs.amazonaws.com\"},\"Resource\":\"arn:aws:s3:::uat-cffg-logs/uatcffg/AWSLogs/975971611990/*\"},{\"Action\":\"s3:GetBucketAcl\",\"Effect\":\"Allow\",\"Principal\":{\"Service\":\"delivery.logs.amazonaws.com\"},\"Resource\":\"arn:aws:s3:::uat-cffg-logs\"}],\"Version\":\"2012-10-17\"}"
          },
          "sensitive_attributes": [],
          "private": "bnVsbA==",
          "dependencies": [
            "aws_iam_role.uat-bcp-rep",
            "aws_kms_key.uat-kms",
            "aws_s3_bucket.uat-cffg-logs",
            "data.aws_caller_identity.current",
            "data.aws_canonical_user_id.current_user",
            "data.aws_elb_service_account.main"
          ]
        }
      ]
    },
    {
      "mode": "managed",
      "type": "aws_s3_bucket_policy",
      "name": "s3-uat-cffg-response-policy",
      "provider": "provider[\"registry.terraform.io/hashicorp/aws\"]",
      "instances": [
        {
          "schema_version": 0,
          "attributes": {
            "bucket": "uat-cffg-response",
            "id": "uat-cffg-response",
            "policy": "{\"Id\":\"Policy\",\"Statement\":[{\"Action\":\"s3:ListBucket\",\"Effect\":\"Allow\",\"Principal\":{\"AWS\":\"arn:aws:iam::975971611990:user/S3USER\"},\"Resource\":\"arn:aws:s3:::uat-cffg-response\",\"Sid\":\"\"},{\"Action\":[\"s3:DeleteObject\",\"s3:GetObject\",\"s3:PutObject\"],\"Effect\":\"Allow\",\"Principal\":{\"AWS\":\"arn:aws:iam::975971611990:user/S3USER\"},\"Resource\":\"arn:aws:s3:::uat-cffg-response/*\",\"Sid\":\"\"}],\"Version\":\"2012-10-17\"}"
          },
          "sensitive_attributes": [],
          "private": "bnVsbA==",
          "dependencies": [
            "aws_kms_key.uat-kms",
            "aws_s3_bucket.uat-cffg-response"
          ]
        }
      ]
    },
    {
      "mode": "managed",
      "type": "aws_s3_bucket_policy",
      "name": "uat-public-read",
      "provider": "provider[\"registry.terraform.io/hashicorp/aws\"]",
      "instances": [
        {
          "schema_version": 0,
          "attributes": {
            "bucket": "uat-bcp-maintenance",
            "id": "uat-bcp-maintenance",
            "policy": "{\"Statement\":[{\"Action\":\"s3:GetObject\",\"Effect\":\"Allow\",\"Principal\":\"*\",\"Resource\":[\"arn:aws:s3:::uat-bcp-maintenance\",\"arn:aws:s3:::uat-bcp-maintenance/*\"],\"Sid\":\"PublicReadGetObject\"}],\"Version\":\"2012-10-17\"}"
          },
          "sensitive_attributes": [],
          "private": "bnVsbA==",
          "dependencies": [
            "aws_s3_bucket.uat-bcp-maintenance"
          ]
        }
      ]
    },
    {
      "mode": "managed",
      "type": "aws_s3_bucket_public_access_block",
      "name": "bcp-uat-cloudtrail",
      "provider": "provider[\"registry.terraform.io/hashicorp/aws\"]",
      "instances": [
        {
          "schema_version": 0,
          "attributes": {
            "block_public_acls": true,
            "block_public_policy": true,
            "bucket": "bcp-uat-cloudtrail",
            "id": "bcp-uat-cloudtrail",
            "ignore_public_acls": true,
            "restrict_public_buckets": true
          },
          "sensitive_attributes": [],
          "private": "bnVsbA==",
          "dependencies": [
            "aws_iam_role.uat-bcp-rep",
            "aws_kms_key.uat-kms",
            "aws_s3_bucket.bcp-uat-cloudtrail",
            "data.aws_caller_identity.current1"
          ]
        }
      ]
    },
    {
      "mode": "managed",
      "type": "aws_s3_bucket_public_access_block",
      "name": "uat-bce-cloudfront-logs",
      "provider": "provider[\"registry.terraform.io/hashicorp/aws\"]",
      "instances": [
        {
          "schema_version": 0,
          "attributes": {
            "block_public_acls": true,
            "block_public_policy": true,
            "bucket": "uat-bce-cloudfront-logs",
            "id": "uat-bce-cloudfront-logs",
            "ignore_public_acls": true,
            "restrict_public_buckets": true
          },
          "sensitive_attributes": [],
          "private": "bnVsbA==",
          "dependencies": [
            "aws_kms_key.uat-kms",
            "aws_s3_bucket.uat-bce-cloudfront-logs",
            "data.aws_canonical_user_id.current_user"
          ]
        }
      ]
    },
    {
      "mode": "managed",
      "type": "aws_s3_bucket_public_access_block",
      "name": "uat-bce-documents",
      "provider": "provider[\"registry.terraform.io/hashicorp/aws\"]",
      "instances": [
        {
          "schema_version": 0,
          "attributes": {
            "block_public_acls": true,
            "block_public_policy": true,
            "bucket": "uat-bce-documents",
            "id": "uat-bce-documents",
            "ignore_public_acls": true,
            "restrict_public_buckets": true
          },
          "sensitive_attributes": [],
          "private": "bnVsbA==",
          "dependencies": [
            "aws_kms_key.uat-kms",
            "aws_s3_bucket.uat-bce-documents"
          ]
        }
      ]
    },
    {
      "mode": "managed",
      "type": "aws_s3_bucket_public_access_block",
      "name": "uat-bce-logs",
      "provider": "provider[\"registry.terraform.io/hashicorp/aws\"]",
      "instances": [
        {
          "schema_version": 0,
          "attributes": {
            "block_public_acls": true,
            "block_public_policy": true,
            "bucket": "uat-bce-logs",
            "id": "uat-bce-logs",
            "ignore_public_acls": true,
            "restrict_public_buckets": true
          },
          "sensitive_attributes": [],
          "private": "bnVsbA==",
          "dependencies": [
            "aws_iam_role.uat-bcp-rep",
            "aws_kms_key.uat-kms",
            "aws_s3_bucket.uat-bce-logs",
            "data.aws_canonical_user_id.current_user"
          ]
        }
      ]
    },
    {
      "mode": "managed",
      "type": "aws_s3_bucket_public_access_block",
      "name": "uat-bce-response",
      "provider": "provider[\"registry.terraform.io/hashicorp/aws\"]",
      "instances": [
        {
          "schema_version": 0,
          "attributes": {
            "block_public_acls": true,
            "block_public_policy": true,
            "bucket": "uat-bce-response",
            "id": "uat-bce-response",
            "ignore_public_acls": true,
            "restrict_public_buckets": true
          },
          "sensitive_attributes": [],
          "private": "bnVsbA==",
          "dependencies": [
            "aws_kms_key.uat-kms",
            "aws_s3_bucket.uat-bce-response"
          ]
        }
      ]
    },
    {
      "mode": "managed",
      "type": "aws_s3_bucket_public_access_block",
      "name": "uat-bce-test",
      "provider": "provider[\"registry.terraform.io/hashicorp/aws\"]",
      "instances": [
        {
          "schema_version": 0,
          "attributes": {
            "block_public_acls": true,
            "block_public_policy": true,
            "bucket": "uat-bce-test",
            "id": "uat-bce-test",
            "ignore_public_acls": true,
            "restrict_public_buckets": true
          },
          "sensitive_attributes": [],
          "private": "bnVsbA==",
          "dependencies": [
            "aws_iam_role.uat-bcp-rep",
            "aws_kms_key.uat-kms",
            "aws_s3_bucket.uat-bce-test"
          ]
        }
      ]
    },
    {
      "mode": "managed",
      "type": "aws_s3_bucket_public_access_block",
      "name": "uat-bcp-cloudwatch",
      "provider": "provider[\"registry.terraform.io/hashicorp/aws\"]",
      "instances": [
        {
          "schema_version": 0,
          "attributes": {
            "block_public_acls": true,
            "block_public_policy": true,
            "bucket": "uat-bcp-cloudwatch",
            "id": "uat-bcp-cloudwatch",
            "ignore_public_acls": true,
            "restrict_public_buckets": true
          },
          "sensitive_attributes": [],
          "private": "bnVsbA==",
          "dependencies": [
            "aws_iam_role.uat-bcp-rep",
            "aws_kms_key.uat-kms",
            "aws_s3_bucket.uat-bcp-cloudwatch"
          ]
        }
      ]
    },
    {
      "mode": "managed",
      "type": "aws_s3_bucket_public_access_block",
      "name": "uat-bcp-logs",
      "provider": "provider[\"registry.terraform.io/hashicorp/aws\"]",
      "instances": [
        {
          "schema_version": 0,
          "attributes": {
            "block_public_acls": true,
            "block_public_policy": true,
            "bucket": "uat-bcp-logs",
            "id": "uat-bcp-logs",
            "ignore_public_acls": true,
            "restrict_public_buckets": true
          },
          "sensitive_attributes": [],
          "private": "bnVsbA==",
          "dependencies": [
            "aws_kms_key.uat-kms",
            "aws_s3_bucket.uat-bcp-logs",
            "data.aws_canonical_user_id.current_user"
          ]
        }
      ]
    },
    {
      "mode": "managed",
      "type": "aws_s3_bucket_public_access_block",
      "name": "uat-bcs-cloudfront-logs",
      "provider": "provider[\"registry.terraform.io/hashicorp/aws\"]",
      "instances": [
        {
          "schema_version": 0,
          "attributes": {
            "block_public_acls": true,
            "block_public_policy": true,
            "bucket": "uat-bcs-cloudfront-logs",
            "id": "uat-bcs-cloudfront-logs",
            "ignore_public_acls": true,
            "restrict_public_buckets": true
          },
          "sensitive_attributes": [],
          "private": "bnVsbA==",
          "dependencies": [
            "aws_kms_key.uat-kms",
            "aws_s3_bucket.uat-bcs-cloudfront-logs",
            "data.aws_canonical_user_id.current_user"
          ]
        }
      ]
    },
    {
      "mode": "managed",
      "type": "aws_s3_bucket_public_access_block",
      "name": "uat-bcs-documents",
      "provider": "provider[\"registry.terraform.io/hashicorp/aws\"]",
      "instances": [
        {
          "schema_version": 0,
          "attributes": {
            "block_public_acls": true,
            "block_public_policy": true,
            "bucket": "uat-bcs-documents",
            "id": "uat-bcs-documents",
            "ignore_public_acls": true,
            "restrict_public_buckets": true
          },
          "sensitive_attributes": [],
          "private": "bnVsbA==",
          "dependencies": [
            "aws_kms_key.uat-kms",
            "aws_s3_bucket.uat-bcs-documents"
          ]
        }
      ]
    },
    {
      "mode": "managed",
      "type": "aws_s3_bucket_public_access_block",
      "name": "uat-bcs-logs",
      "provider": "provider[\"registry.terraform.io/hashicorp/aws\"]",
      "instances": [
        {
          "schema_version": 0,
          "attributes": {
            "block_public_acls": true,
            "block_public_policy": true,
            "bucket": "uat-bcs-logs",
            "id": "uat-bcs-logs",
            "ignore_public_acls": true,
            "restrict_public_buckets": true
          },
          "sensitive_attributes": [],
          "private": "bnVsbA==",
          "dependencies": [
            "aws_iam_role.uat-bcp-rep",
            "aws_kms_key.uat-kms",
            "aws_s3_bucket.uat-bcs-logs",
            "data.aws_canonical_user_id.current_user"
          ]
        }
      ]
    },
    {
      "mode": "managed",
      "type": "aws_s3_bucket_public_access_block",
      "name": "uat-bcs-response",
      "provider": "provider[\"registry.terraform.io/hashicorp/aws\"]",
      "instances": [
        {
          "schema_version": 0,
          "attributes": {
            "block_public_acls": true,
            "block_public_policy": true,
            "bucket": "uat-bcs-response",
            "id": "uat-bcs-response",
            "ignore_public_acls": true,
            "restrict_public_buckets": true
          },
          "sensitive_attributes": [],
          "private": "bnVsbA==",
          "dependencies": [
            "aws_kms_key.uat-kms",
            "aws_s3_bucket.uat-bcs-response"
          ]
        }
      ]
    },
    {
      "mode": "managed",
      "type": "aws_s3_bucket_public_access_block",
      "name": "uat-bcw-cloudfront-logs",
      "provider": "provider[\"registry.terraform.io/hashicorp/aws\"]",
      "instances": [
        {
          "schema_version": 0,
          "attributes": {
            "block_public_acls": true,
            "block_public_policy": true,
            "bucket": "uat-bcw-cloudfront-logs",
            "id": "uat-bcw-cloudfront-logs",
            "ignore_public_acls": true,
            "restrict_public_buckets": true
          },
          "sensitive_attributes": [],
          "private": "bnVsbA==",
          "dependencies": [
            "aws_kms_key.uat-kms",
            "aws_s3_bucket.uat-bcw-cloudfront-logs",
            "data.aws_canonical_user_id.current_user"
          ]
        }
      ]
    },
    {
      "mode": "managed",
      "type": "aws_s3_bucket_public_access_block",
      "name": "uat-bcw-documents",
      "provider": "provider[\"registry.terraform.io/hashicorp/aws\"]",
      "instances": [
        {
          "schema_version": 0,
          "attributes": {
            "block_public_acls": true,
            "block_public_policy": true,
            "bucket": "uat-bcw-documents",
            "id": "uat-bcw-documents",
            "ignore_public_acls": true,
            "restrict_public_buckets": true
          },
          "sensitive_attributes": [],
          "private": "bnVsbA==",
          "dependencies": [
            "aws_kms_key.uat-kms",
            "aws_s3_bucket.uat-bcw-documents"
          ]
        }
      ]
    },
    {
      "mode": "managed",
      "type": "aws_s3_bucket_public_access_block",
      "name": "uat-bcw-logs",
      "provider": "provider[\"registry.terraform.io/hashicorp/aws\"]",
      "instances": [
        {
          "schema_version": 0,
          "attributes": {
            "block_public_acls": true,
            "block_public_policy": true,
            "bucket": "uat-bcw-logs",
            "id": "uat-bcw-logs",
            "ignore_public_acls": true,
            "restrict_public_buckets": true
          },
          "sensitive_attributes": [],
          "private": "bnVsbA==",
          "dependencies": [
            "aws_iam_role.uat-bcp-rep",
            "aws_kms_key.uat-kms",
            "aws_s3_bucket.uat-bcw-logs",
            "data.aws_canonical_user_id.current_user"
          ]
        }
      ]
    },
    {
      "mode": "managed",
      "type": "aws_s3_bucket_public_access_block",
      "name": "uat-bcw-response",
      "provider": "provider[\"registry.terraform.io/hashicorp/aws\"]",
      "instances": [
        {
          "schema_version": 0,
          "attributes": {
            "block_public_acls": true,
            "block_public_policy": true,
            "bucket": "uat-bcw-response",
            "id": "uat-bcw-response",
            "ignore_public_acls": true,
            "restrict_public_buckets": true
          },
          "sensitive_attributes": [],
          "private": "bnVsbA==",
          "dependencies": [
            "aws_kms_key.uat-kms",
            "aws_s3_bucket.uat-bcw-response"
          ]
        }
      ]
    },
    {
      "mode": "managed",
      "type": "aws_s3_bucket_public_access_block",
      "name": "uat-cffg-cloudfront-logs",
      "provider": "provider[\"registry.terraform.io/hashicorp/aws\"]",
      "instances": [
        {
          "schema_version": 0,
          "attributes": {
            "block_public_acls": true,
            "block_public_policy": true,
            "bucket": "uat-cffg-cloudfront-logs",
            "id": "uat-cffg-cloudfront-logs",
            "ignore_public_acls": true,
            "restrict_public_buckets": true
          },
          "sensitive_attributes": [],
          "private": "bnVsbA==",
          "dependencies": [
            "aws_kms_key.uat-kms",
            "aws_s3_bucket.uat-cffg-cloudfront-logs",
            "data.aws_canonical_user_id.current_user"
          ]
        }
      ]
    },
    {
      "mode": "managed",
      "type": "aws_s3_bucket_public_access_block",
      "name": "uat-cffg-documents",
      "provider": "provider[\"registry.terraform.io/hashicorp/aws\"]",
      "instances": [
        {
          "schema_version": 0,
          "attributes": {
            "block_public_acls": true,
            "block_public_policy": true,
            "bucket": "uat-cffg-documents",
            "id": "uat-cffg-documents",
            "ignore_public_acls": true,
            "restrict_public_buckets": true
          },
          "sensitive_attributes": [],
          "private": "bnVsbA==",
          "dependencies": [
            "aws_kms_key.uat-kms",
            "aws_s3_bucket.uat-cffg-documents"
          ]
        }
      ]
    },
    {
      "mode": "managed",
      "type": "aws_s3_bucket_public_access_block",
      "name": "uat-cffg-logs",
      "provider": "provider[\"registry.terraform.io/hashicorp/aws\"]",
      "instances": [
        {
          "schema_version": 0,
          "attributes": {
            "block_public_acls": true,
            "block_public_policy": true,
            "bucket": "uat-cffg-logs",
            "id": "uat-cffg-logs",
            "ignore_public_acls": true,
            "restrict_public_buckets": true
          },
          "sensitive_attributes": [],
          "private": "bnVsbA==",
          "dependencies": [
            "aws_iam_role.uat-bcp-rep",
            "aws_kms_key.uat-kms",
            "aws_s3_bucket.uat-cffg-logs",
            "data.aws_canonical_user_id.current_user"
          ]
        }
      ]
    },
    {
      "mode": "managed",
      "type": "aws_s3_bucket_public_access_block",
      "name": "uat-cffg-response",
      "provider": "provider[\"registry.terraform.io/hashicorp/aws\"]",
      "instances": [
        {
          "schema_version": 0,
          "attributes": {
            "block_public_acls": true,
            "block_public_policy": true,
            "bucket": "uat-cffg-response",
            "id": "uat-cffg-response",
            "ignore_public_acls": true,
            "restrict_public_buckets": true
          },
          "sensitive_attributes": [],
          "private": "bnVsbA==",
          "dependencies": [
            "aws_kms_key.uat-kms",
            "aws_s3_bucket.uat-cffg-response"
          ]
        }
      ]
    },
    {
      "mode": "managed",
      "type": "aws_security_group",
      "name": "UAT-BCE-EXTALB-SG",
      "provider": "provider[\"registry.terraform.io/hashicorp/aws\"]",
      "instances": [
        {
          "schema_version": 1,
          "attributes": {
            "arn": "arn:aws:ec2:eu-west-2:975971611990:security-group/sg-06f7771690362d24d",
            "description": "Security group for the uat BCE external application load balancer",
            "egress": [
              {
                "cidr_blocks": [
                  "0.0.0.0/0"
                ],
                "description": "",
                "from_port": 0,
                "ipv6_cidr_blocks": [],
                "prefix_list_ids": [],
                "protocol": "-1",
                "security_groups": [],
                "self": false,
                "to_port": 0
              }
            ],
            "id": "sg-06f7771690362d24d",
            "ingress": [
              {
                "cidr_blocks": [
                  "0.0.0.0/0"
                ],
                "description": "",
                "from_port": 443,
                "ipv6_cidr_blocks": [],
                "prefix_list_ids": [],
                "protocol": "tcp",
                "security_groups": [],
                "self": false,
                "to_port": 443
              },
              {
                "cidr_blocks": [
                  "0.0.0.0/0"
                ],
                "description": "",
                "from_port": 80,
                "ipv6_cidr_blocks": [],
                "prefix_list_ids": [],
                "protocol": "tcp",
                "security_groups": [],
                "self": false,
                "to_port": 80
              },
              {
                "cidr_blocks": [
                  "92.54.181.130/32",
                  "10.1.0.0/16"
                ],
                "description": "",
                "from_port": 8080,
                "ipv6_cidr_blocks": [],
                "prefix_list_ids": [],
                "protocol": "tcp",
                "security_groups": [],
                "self": false,
                "to_port": 8080
              }
            ],
            "name": "UAT-BCE-EXTALB-SG",
            "name_prefix": "",
            "owner_id": "975971611990",
            "revoke_rules_on_delete": false,
            "tags": {
              "Name": "UAT BCE External ALB security Group"
            },
            "tags_all": {
              "Name": "UAT BCE External ALB security Group"
            },
            "timeouts": null,
            "vpc_id": "vpc-04976fafdcd3c8f88"
          },
          "sensitive_attributes": [],
          "private": "eyJlMmJmYjczMC1lY2FhLTExZTYtOGY4OC0zNDM2M2JjN2M0YzAiOnsiY3JlYXRlIjo2MDAwMDAwMDAwMDAsImRlbGV0ZSI6OTAwMDAwMDAwMDAwfSwic2NoZW1hX3ZlcnNpb24iOiIxIn0=",
          "dependencies": [
            "aws_vpc.uat-default"
          ],
          "create_before_destroy": true
        }
      ]
    },
    {
      "mode": "managed",
      "type": "aws_security_group",
      "name": "UAT-BCS-EXTALB-SG",
      "provider": "provider[\"registry.terraform.io/hashicorp/aws\"]",
      "instances": [
        {
          "schema_version": 1,
          "attributes": {
            "arn": "arn:aws:ec2:eu-west-2:975971611990:security-group/sg-0e1b62c85b1051686",
            "description": "Security group for the uat BCS external application load balancer",
            "egress": [
              {
                "cidr_blocks": [
                  "0.0.0.0/0"
                ],
                "description": "",
                "from_port": 0,
                "ipv6_cidr_blocks": [],
                "prefix_list_ids": [],
                "protocol": "-1",
                "security_groups": [],
                "self": false,
                "to_port": 0
              }
            ],
            "id": "sg-0e1b62c85b1051686",
            "ingress": [
              {
                "cidr_blocks": [
                  "0.0.0.0/0"
                ],
                "description": "",
                "from_port": 443,
                "ipv6_cidr_blocks": [],
                "prefix_list_ids": [],
                "protocol": "tcp",
                "security_groups": [],
                "self": false,
                "to_port": 443
              },
              {
                "cidr_blocks": [
                  "0.0.0.0/0"
                ],
                "description": "",
                "from_port": 80,
                "ipv6_cidr_blocks": [],
                "prefix_list_ids": [],
                "protocol": "tcp",
                "security_groups": [],
                "self": false,
                "to_port": 80
              },
              {
                "cidr_blocks": [
                  "92.54.181.130/32",
                  "5.148.17.54/32",
                  "10.1.0.0/16"
                ],
                "description": "",
                "from_port": 8080,
                "ipv6_cidr_blocks": [],
                "prefix_list_ids": [],
                "protocol": "tcp",
                "security_groups": [],
                "self": false,
                "to_port": 8080
              }
            ],
            "name": "UAT-BCS-EXT-SG",
            "name_prefix": "",
            "owner_id": "975971611990",
            "revoke_rules_on_delete": false,
            "tags": {
              "Name": "UAT BCS External ALB security Group"
            },
            "tags_all": {
              "Name": "UAT BCS External ALB security Group"
            },
            "timeouts": null,
            "vpc_id": "vpc-04976fafdcd3c8f88"
          },
          "sensitive_attributes": [],
          "private": "eyJlMmJmYjczMC1lY2FhLTExZTYtOGY4OC0zNDM2M2JjN2M0YzAiOnsiY3JlYXRlIjo2MDAwMDAwMDAwMDAsImRlbGV0ZSI6OTAwMDAwMDAwMDAwfSwic2NoZW1hX3ZlcnNpb24iOiIxIn0=",
          "dependencies": [
            "aws_vpc.uat-default"
          ],
          "create_before_destroy": true
        }
      ]
    },
    {
      "mode": "managed",
      "type": "aws_security_group",
      "name": "UAT-BCW-EXTALB-SG",
      "provider": "provider[\"registry.terraform.io/hashicorp/aws\"]",
      "instances": [
        {
          "schema_version": 1,
          "attributes": {
            "arn": "arn:aws:ec2:eu-west-2:975971611990:security-group/sg-0d821adc8d34b9bcb",
            "description": "Security group for the uat BCW external application load balancer",
            "egress": [
              {
                "cidr_blocks": [
                  "0.0.0.0/0"
                ],
                "description": "",
                "from_port": 0,
                "ipv6_cidr_blocks": [],
                "prefix_list_ids": [],
                "protocol": "-1",
                "security_groups": [],
                "self": false,
                "to_port": 0
              }
            ],
            "id": "sg-0d821adc8d34b9bcb",
            "ingress": [
              {
                "cidr_blocks": [
                  "0.0.0.0/0"
                ],
                "description": "",
                "from_port": 443,
                "ipv6_cidr_blocks": [],
                "prefix_list_ids": [],
                "protocol": "tcp",
                "security_groups": [],
                "self": false,
                "to_port": 443
              },
              {
                "cidr_blocks": [
                  "0.0.0.0/0"
                ],
                "description": "",
                "from_port": 80,
                "ipv6_cidr_blocks": [],
                "prefix_list_ids": [],
                "protocol": "tcp",
                "security_groups": [],
                "self": false,
                "to_port": 80
              },
              {
                "cidr_blocks": [
                  "92.54.181.130/32",
                  "5.148.17.54/32",
                  "10.1.0.0/16"
                ],
                "description": "",
                "from_port": 8080,
                "ipv6_cidr_blocks": [],
                "prefix_list_ids": [],
                "protocol": "tcp",
                "security_groups": [],
                "self": false,
                "to_port": 8080
              }
            ],
            "name": "UAT-BCW-EXTALB-SG",
            "name_prefix": "",
            "owner_id": "975971611990",
            "revoke_rules_on_delete": false,
            "tags": {
              "Name": "UAT BCW External ALB security Group"
            },
            "tags_all": {
              "Name": "UAT BCW External ALB security Group"
            },
            "timeouts": null,
            "vpc_id": "vpc-04976fafdcd3c8f88"
          },
          "sensitive_attributes": [],
          "private": "eyJlMmJmYjczMC1lY2FhLTExZTYtOGY4OC0zNDM2M2JjN2M0YzAiOnsiY3JlYXRlIjo2MDAwMDAwMDAwMDAsImRlbGV0ZSI6OTAwMDAwMDAwMDAwfSwic2NoZW1hX3ZlcnNpb24iOiIxIn0=",
          "dependencies": [
            "aws_vpc.uat-default"
          ],
          "create_before_destroy": true
        }
      ]
    },
    {
      "mode": "managed",
      "type": "aws_security_group",
      "name": "UAT-CFFG-EXTALB-SG",
      "provider": "provider[\"registry.terraform.io/hashicorp/aws\"]",
      "instances": [
        {
          "schema_version": 1,
          "attributes": {
            "arn": "arn:aws:ec2:eu-west-2:975971611990:security-group/sg-0c36981a232488731",
            "description": "Security group for the uat CFFG external application load balancer",
            "egress": [
              {
                "cidr_blocks": [
                  "0.0.0.0/0"
                ],
                "description": "",
                "from_port": 0,
                "ipv6_cidr_blocks": [],
                "prefix_list_ids": [],
                "protocol": "-1",
                "security_groups": [],
                "self": false,
                "to_port": 0
              }
            ],
            "id": "sg-0c36981a232488731",
            "ingress": [
              {
                "cidr_blocks": [
                  "0.0.0.0/0"
                ],
                "description": "",
                "from_port": 443,
                "ipv6_cidr_blocks": [],
                "prefix_list_ids": [],
                "protocol": "tcp",
                "security_groups": [],
                "self": false,
                "to_port": 443
              },
              {
                "cidr_blocks": [
                  "0.0.0.0/0"
                ],
                "description": "",
                "from_port": 80,
                "ipv6_cidr_blocks": [],
                "prefix_list_ids": [],
                "protocol": "tcp",
                "security_groups": [],
                "self": false,
                "to_port": 80
              },
              {
                "cidr_blocks": [
                  "92.54.181.130/32",
                  "5.148.17.54/32",
                  "10.1.0.0/16"
                ],
                "description": "",
                "from_port": 8080,
                "ipv6_cidr_blocks": [],
                "prefix_list_ids": [],
                "protocol": "tcp",
                "security_groups": [],
                "self": false,
                "to_port": 8080
              }
            ],
            "name": "UAT-CFFG-EXTALB-SG",
            "name_prefix": "",
            "owner_id": "975971611990",
            "revoke_rules_on_delete": false,
            "tags": {
              "Name": "UAT CFFG External ALB security Group"
            },
            "tags_all": {
              "Name": "UAT CFFG External ALB security Group"
            },
            "timeouts": null,
            "vpc_id": "vpc-04976fafdcd3c8f88"
          },
          "sensitive_attributes": [],
          "private": "eyJlMmJmYjczMC1lY2FhLTExZTYtOGY4OC0zNDM2M2JjN2M0YzAiOnsiY3JlYXRlIjo2MDAwMDAwMDAwMDAsImRlbGV0ZSI6OTAwMDAwMDAwMDAwfSwic2NoZW1hX3ZlcnNpb24iOiIxIn0=",
          "dependencies": [
            "aws_vpc.uat-default"
          ],
          "create_before_destroy": true
        }
      ]
    },
    {
      "mode": "managed",
      "type": "aws_security_group",
      "name": "UAT-EC2-APP-SG",
      "provider": "provider[\"registry.terraform.io/hashicorp/aws\"]",
      "instances": [
        {
          "schema_version": 1,
          "attributes": {
            "arn": "arn:aws:ec2:eu-west-2:975971611990:security-group/sg-0ede58afea3e1a9e3",
            "description": "Security group for the uat BCE internal application load balancer",
            "egress": [
              {
                "cidr_blocks": [
                  "0.0.0.0/0"
                ],
                "description": "",
                "from_port": 0,
                "ipv6_cidr_blocks": [],
                "prefix_list_ids": [],
                "protocol": "-1",
                "security_groups": [],
                "self": false,
                "to_port": 0
              }
            ],
            "id": "sg-0ede58afea3e1a9e3",
            "ingress": [
              {
                "cidr_blocks": [],
                "description": "HTTP Access",
                "from_port": 80,
                "ipv6_cidr_blocks": [],
                "prefix_list_ids": [],
                "protocol": "tcp",
                "security_groups": [
                  "sg-06f7771690362d24d",
                  "sg-0c36981a232488731",
                  "sg-0d821adc8d34b9bcb",
                  "sg-0e1b62c85b1051686"
                ],
                "self": false,
                "to_port": 80
              },
              {
                "cidr_blocks": [],
                "description": "SSH Access from bastion",
                "from_port": 22,
                "ipv6_cidr_blocks": [],
                "prefix_list_ids": [],
                "protocol": "tcp",
                "security_groups": [
                  "sg-09aad566388ffe1d7"
                ],
                "self": false,
                "to_port": 22
              }
            ],
            "name": "UAT-EC2-APP-SG",
            "name_prefix": "",
            "owner_id": "975971611990",
            "revoke_rules_on_delete": false,
            "tags": {
              "Name": "UAT EC2 Application security Group"
            },
            "tags_all": {
              "Name": "UAT EC2 Application security Group"
            },
            "timeouts": null,
            "vpc_id": "vpc-04976fafdcd3c8f88"
          },
          "sensitive_attributes": [],
          "private": "eyJlMmJmYjczMC1lY2FhLTExZTYtOGY4OC0zNDM2M2JjN2M0YzAiOnsiY3JlYXRlIjo2MDAwMDAwMDAwMDAsImRlbGV0ZSI6OTAwMDAwMDAwMDAwfSwic2NoZW1hX3ZlcnNpb24iOiIxIn0=",
          "dependencies": [
            "aws_security_group.UAT-BCE-EXTALB-SG",
            "aws_security_group.UAT-BCS-EXTALB-SG",
            "aws_security_group.UAT-BCW-EXTALB-SG",
            "aws_security_group.UAT-CFFG-EXTALB-SG",
            "aws_security_group.allow_ssh",
            "aws_vpc.uat-default"
          ],
          "create_before_destroy": true
        }
      ]
    },
    {
      "mode": "managed",
      "type": "aws_security_group",
      "name": "UAT-EC2-MAP-SG",
      "provider": "provider[\"registry.terraform.io/hashicorp/aws\"]",
      "instances": [
        {
          "schema_version": 1,
          "attributes": {
            "arn": "arn:aws:ec2:eu-west-2:975971611990:security-group/sg-075e9aeb05f5c284c",
            "description": "Security group for the uat mapping server",
            "egress": [
              {
                "cidr_blocks": [
                  "0.0.0.0/0"
                ],
                "description": "",
                "from_port": 0,
                "ipv6_cidr_blocks": [],
                "prefix_list_ids": [],
                "protocol": "-1",
                "security_groups": [],
                "self": false,
                "to_port": 0
              }
            ],
            "id": "sg-075e9aeb05f5c284c",
            "ingress": [
              {
                "cidr_blocks": [],
                "description": "22 from bastion access",
                "from_port": 22,
                "ipv6_cidr_blocks": [],
                "prefix_list_ids": [],
                "protocol": "tcp",
                "security_groups": [
                  "sg-09aad566388ffe1d7"
                ],
                "self": false,
                "to_port": 22
              },
              {
                "cidr_blocks": [],
                "description": "80 Access",
                "from_port": 80,
                "ipv6_cidr_blocks": [],
                "prefix_list_ids": [],
                "protocol": "tcp",
                "security_groups": [
                  "sg-06f7771690362d24d"
                ],
                "self": false,
                "to_port": 80
              },
              {
                "cidr_blocks": [],
                "description": "80 Access",
                "from_port": 80,
                "ipv6_cidr_blocks": [],
                "prefix_list_ids": [],
                "protocol": "tcp",
                "security_groups": [
                  "sg-0c36981a232488731"
                ],
                "self": false,
                "to_port": 80
              },
              {
                "cidr_blocks": [],
                "description": "80 Access",
                "from_port": 80,
                "ipv6_cidr_blocks": [],
                "prefix_list_ids": [],
                "protocol": "tcp",
                "security_groups": [
                  "sg-0d821adc8d34b9bcb"
                ],
                "self": false,
                "to_port": 80
              },
              {
                "cidr_blocks": [],
                "description": "80 Access",
                "from_port": 80,
                "ipv6_cidr_blocks": [],
                "prefix_list_ids": [],
                "protocol": "tcp",
                "security_groups": [
                  "sg-0e1b62c85b1051686"
                ],
                "self": false,
                "to_port": 80
              },
              {
                "cidr_blocks": [],
                "description": "8080 Access",
                "from_port": 8080,
                "ipv6_cidr_blocks": [],
                "prefix_list_ids": [],
                "protocol": "tcp",
                "security_groups": [
                  "sg-06f7771690362d24d"
                ],
                "self": false,
                "to_port": 8080
              },
              {
                "cidr_blocks": [],
                "description": "8080 Access",
                "from_port": 8080,
                "ipv6_cidr_blocks": [],
                "prefix_list_ids": [],
                "protocol": "tcp",
                "security_groups": [
                  "sg-0c36981a232488731"
                ],
                "self": false,
                "to_port": 8080
              },
              {
                "cidr_blocks": [],
                "description": "8080 Access",
                "from_port": 8080,
                "ipv6_cidr_blocks": [],
                "prefix_list_ids": [],
                "protocol": "tcp",
                "security_groups": [
                  "sg-0d821adc8d34b9bcb"
                ],
                "self": false,
                "to_port": 8080
              },
              {
                "cidr_blocks": [],
                "description": "8080 Access",
                "from_port": 8080,
                "ipv6_cidr_blocks": [],
                "prefix_list_ids": [],
                "protocol": "tcp",
                "security_groups": [
                  "sg-0e1b62c85b1051686"
                ],
                "self": false,
                "to_port": 8080
              }
            ],
            "name": "UAT-EC2-MAP-SG",
            "name_prefix": "",
            "owner_id": "975971611990",
            "revoke_rules_on_delete": false,
            "tags": {
              "Name": "UAT EC2 Mapping security Group"
            },
            "tags_all": {
              "Name": "UAT EC2 Mapping security Group"
            },
            "timeouts": null,
            "vpc_id": "vpc-04976fafdcd3c8f88"
          },
          "sensitive_attributes": [],
          "private": "eyJlMmJmYjczMC1lY2FhLTExZTYtOGY4OC0zNDM2M2JjN2M0YzAiOnsiY3JlYXRlIjo2MDAwMDAwMDAwMDAsImRlbGV0ZSI6OTAwMDAwMDAwMDAwfSwic2NoZW1hX3ZlcnNpb24iOiIxIn0=",
          "dependencies": [
            "aws_security_group.UAT-BCE-EXTALB-SG",
            "aws_security_group.UAT-BCS-EXTALB-SG",
            "aws_security_group.UAT-BCW-EXTALB-SG",
            "aws_security_group.UAT-CFFG-EXTALB-SG",
            "aws_security_group.allow_ssh",
            "aws_vpc.uat-default"
          ],
          "create_before_destroy": true
        }
      ]
    },
    {
      "mode": "managed",
      "type": "aws_security_group",
      "name": "UAT-RDS-SG",
      "provider": "provider[\"registry.terraform.io/hashicorp/aws\"]",
      "instances": [
        {
          "schema_version": 1,
          "attributes": {
            "arn": "arn:aws:ec2:eu-west-2:975971611990:security-group/sg-02229b9a482e4dcb4",
            "description": "Security group for the uat mapping server",
            "egress": [
              {
                "cidr_blocks": [
                  "0.0.0.0/0"
                ],
                "description": "",
                "from_port": 0,
                "ipv6_cidr_blocks": [],
                "prefix_list_ids": [],
                "protocol": "-1",
                "security_groups": [],
                "self": false,
                "to_port": 0
              }
            ],
            "id": "sg-02229b9a482e4dcb4",
            "ingress": [
              {
                "cidr_blocks": [],
                "description": "",
                "from_port": 3306,
                "ipv6_cidr_blocks": [],
                "prefix_list_ids": [],
                "protocol": "tcp",
                "security_groups": [
                  "sg-075e9aeb05f5c284c"
                ],
                "self": false,
                "to_port": 3306
              },
              {
                "cidr_blocks": [],
                "description": "",
                "from_port": 3306,
                "ipv6_cidr_blocks": [],
                "prefix_list_ids": [],
                "protocol": "tcp",
                "security_groups": [
                  "sg-0ede58afea3e1a9e3"
                ],
                "self": false,
                "to_port": 3306
              }
            ],
            "name": "UAT-RDS-SG",
            "name_prefix": "",
            "owner_id": "975971611990",
            "revoke_rules_on_delete": false,
            "tags": {
              "Name": "UAT RDS security Group"
            },
            "tags_all": {
              "Name": "UAT RDS security Group"
            },
            "timeouts": null,
            "vpc_id": "vpc-04976fafdcd3c8f88"
          },
          "sensitive_attributes": [],
          "private": "eyJlMmJmYjczMC1lY2FhLTExZTYtOGY4OC0zNDM2M2JjN2M0YzAiOnsiY3JlYXRlIjo2MDAwMDAwMDAwMDAsImRlbGV0ZSI6OTAwMDAwMDAwMDAwfSwic2NoZW1hX3ZlcnNpb24iOiIxIn0=",
          "dependencies": [
            "aws_security_group.UAT-BCE-EXTALB-SG",
            "aws_security_group.UAT-BCS-EXTALB-SG",
            "aws_security_group.UAT-BCW-EXTALB-SG",
            "aws_security_group.UAT-CFFG-EXTALB-SG",
            "aws_security_group.UAT-EC2-APP-SG",
            "aws_security_group.UAT-EC2-MAP-SG",
            "aws_security_group.allow_ssh",
            "aws_vpc.uat-default"
          ]
        }
      ]
    },
    {
      "mode": "managed",
      "type": "aws_security_group",
      "name": "allow_ssh",
      "provider": "provider[\"registry.terraform.io/hashicorp/aws\"]",
      "instances": [
        {
          "schema_version": 1,
          "attributes": {
            "arn": "arn:aws:ec2:eu-west-2:975971611990:security-group/sg-09aad566388ffe1d7",
            "description": "Security group for uat bastion server SSH access",
            "egress": [
              {
                "cidr_blocks": [
                  "0.0.0.0/0"
                ],
                "description": "",
                "from_port": 0,
                "ipv6_cidr_blocks": [],
                "prefix_list_ids": [],
                "protocol": "-1",
                "security_groups": [],
                "self": false,
                "to_port": 0
              }
            ],
            "id": "sg-09aad566388ffe1d7",
            "ingress": [
              {
                "cidr_blocks": [
                  "5.148.32.192/26",
                  "5.148.69.16/28",
                  "31.221.110.80/29",
                  "154.51.64.64/27",
                  "154.51.128.224/27",
                  "167.98.1.160/28",
                  "167.98.25.176/28",
                  "167.98.200.192/27",
                  "195.95.131.0/24"
                ],
                "description": "NCC Temp SSH access",
                "from_port": 22,
                "ipv6_cidr_blocks": [],
                "prefix_list_ids": [],
                "protocol": "tcp",
                "security_groups": [],
                "self": false,
                "to_port": 22
              },
              {
                "cidr_blocks": [
                  "92.54.181.130/32",
                  "5.148.17.54/32"
                ],
                "description": "HTTP access",
                "from_port": 80,
                "ipv6_cidr_blocks": [],
                "prefix_list_ids": [],
                "protocol": "tcp",
                "security_groups": [],
                "self": false,
                "to_port": 80
              },
              {
                "cidr_blocks": [
                  "92.54.181.130/32",
                  "5.148.17.54/32"
                ],
                "description": "HTTPS access",
                "from_port": 443,
                "ipv6_cidr_blocks": [],
                "prefix_list_ids": [],
                "protocol": "tcp",
                "security_groups": [],
                "self": false,
                "to_port": 443
              },
              {
                "cidr_blocks": [
                  "92.54.181.130/32",
                  "5.148.17.54/32"
                ],
                "description": "SSH access",
                "from_port": 22,
                "ipv6_cidr_blocks": [],
                "prefix_list_ids": [],
                "protocol": "tcp",
                "security_groups": [],
                "self": false,
                "to_port": 22
              }
            ],
            "name": "UAT-PUBLIC-BASTION-SG",
            "name_prefix": "",
            "owner_id": "975971611990",
            "revoke_rules_on_delete": false,
            "tags": {
              "Name": "UAT Bastion security Group"
            },
            "tags_all": {
              "Name": "UAT Bastion security Group"
            },
            "timeouts": null,
            "vpc_id": "vpc-04976fafdcd3c8f88"
          },
          "sensitive_attributes": [],
          "private": "eyJlMmJmYjczMC1lY2FhLTExZTYtOGY4OC0zNDM2M2JjN2M0YzAiOnsiY3JlYXRlIjo2MDAwMDAwMDAwMDAsImRlbGV0ZSI6OTAwMDAwMDAwMDAwfSwic2NoZW1hX3ZlcnNpb24iOiIxIn0=",
          "dependencies": [
            "aws_vpc.uat-default"
          ],
          "create_before_destroy": true
        }
      ]
    },
    {
      "mode": "managed",
      "type": "aws_sns_topic",
      "name": "uat-cloudwatch-alerts",
      "provider": "provider[\"registry.terraform.io/hashicorp/aws\"]",
      "instances": [
        {
          "schema_version": 0,
          "attributes": {
            "application_failure_feedback_role_arn": "",
            "application_success_feedback_role_arn": "",
            "application_success_feedback_sample_rate": 0,
            "arn": "arn:aws:sns:eu-west-2:975971611990:UAT-CloudWatch-Alerts",
            "content_based_deduplication": false,
            "delivery_policy": "",
            "display_name": "",
            "fifo_topic": false,
            "firehose_failure_feedback_role_arn": "",
            "firehose_success_feedback_role_arn": "",
            "firehose_success_feedback_sample_rate": 0,
            "http_failure_feedback_role_arn": "",
            "http_success_feedback_role_arn": "",
            "http_success_feedback_sample_rate": 0,
            "id": "arn:aws:sns:eu-west-2:975971611990:UAT-CloudWatch-Alerts",
            "kms_master_key_id": "alias/aws/sns",
            "lambda_failure_feedback_role_arn": "",
            "lambda_success_feedback_role_arn": "",
            "lambda_success_feedback_sample_rate": 0,
            "name": "UAT-CloudWatch-Alerts",
            "name_prefix": "",
            "owner": "975971611990",
            "policy": "{\"Version\":\"2008-10-17\",\"Id\":\"__default_policy_ID\",\"Statement\":[{\"Sid\":\"__default_statement_ID\",\"Effect\":\"Allow\",\"Principal\":{\"AWS\":\"*\"},\"Action\":[\"SNS:GetTopicAttributes\",\"SNS:SetTopicAttributes\",\"SNS:AddPermission\",\"SNS:RemovePermission\",\"SNS:DeleteTopic\",\"SNS:Subscribe\",\"SNS:ListSubscriptionsByTopic\",\"SNS:Publish\",\"SNS:Receive\"],\"Resource\":\"arn:aws:sns:eu-west-2:975971611990:UAT-CloudWatch-Alerts\",\"Condition\":{\"StringEquals\":{\"AWS:SourceOwner\":\"975971611990\"}}}]}",
            "sqs_failure_feedback_role_arn": "",
            "sqs_success_feedback_role_arn": "",
            "sqs_success_feedback_sample_rate": 0,
            "tags": {},
            "tags_all": {}
          },
          "sensitive_attributes": [],
          "private": "bnVsbA=="
        }
      ]
    },
    {
      "mode": "managed",
      "type": "aws_sns_topic_subscription",
      "name": "uat_sns_subsctiption",
      "provider": "provider[\"registry.terraform.io/hashicorp/aws\"]",
      "instances": [
        {
          "schema_version": 0,
          "attributes": {
            "arn": "arn:aws:sns:eu-west-2:975971611990:UAT-CloudWatch-Alerts:809211ae-ca6a-400f-8073-ec419317719d",
            "confirmation_timeout_in_minutes": 1,
            "confirmation_was_authenticated": false,
            "delivery_policy": "",
            "endpoint": "m.rawling@outlook.com",
            "endpoint_auto_confirms": false,
            "filter_policy": "",
            "id": "arn:aws:sns:eu-west-2:975971611990:UAT-CloudWatch-Alerts:809211ae-ca6a-400f-8073-ec419317719d",
            "owner_id": "975971611990",
            "pending_confirmation": false,
            "protocol": "email",
            "raw_message_delivery": false,
            "redrive_policy": "",
            "subscription_role_arn": "",
            "topic_arn": "arn:aws:sns:eu-west-2:975971611990:UAT-CloudWatch-Alerts"
          },
          "sensitive_attributes": [],
          "private": "bnVsbA==",
          "dependencies": [
            "aws_sns_topic.uat-cloudwatch-alerts"
          ]
        }
      ]
    },
    {
      "mode": "managed",
      "type": "aws_subnet",
      "name": "uat-private",
      "provider": "provider[\"registry.terraform.io/hashicorp/aws\"]",
      "instances": [
        {
          "index_key": 0,
          "schema_version": 1,
          "attributes": {
            "arn": "arn:aws:ec2:eu-west-2:975971611990:subnet/subnet-071ca9cea4927a3a7",
            "assign_ipv6_address_on_creation": false,
            "availability_zone": "eu-west-2a",
            "availability_zone_id": "euw2-az2",
            "cidr_block": "10.1.1.0/24",
            "customer_owned_ipv4_pool": "",
            "enable_dns64": false,
            "enable_resource_name_dns_a_record_on_launch": false,
            "enable_resource_name_dns_aaaa_record_on_launch": false,
            "id": "subnet-071ca9cea4927a3a7",
            "ipv6_cidr_block": "",
            "ipv6_cidr_block_association_id": "",
            "ipv6_native": false,
            "map_customer_owned_ip_on_launch": false,
            "map_public_ip_on_launch": false,
            "outpost_arn": "",
            "owner_id": "975971611990",
            "private_dns_hostname_type_on_launch": "ip-name",
            "tags": {
              "Name": "UAT-PRIVATE-SUB1"
            },
            "tags_all": {
              "Name": "UAT-PRIVATE-SUB1"
            },
            "timeouts": null,
            "vpc_id": "vpc-04976fafdcd3c8f88"
          },
          "sensitive_attributes": [],
          "private": "eyJlMmJmYjczMC1lY2FhLTExZTYtOGY4OC0zNDM2M2JjN2M0YzAiOnsiY3JlYXRlIjo2MDAwMDAwMDAwMDAsImRlbGV0ZSI6MTIwMDAwMDAwMDAwMH0sInNjaGVtYV92ZXJzaW9uIjoiMSJ9",
          "dependencies": [
            "aws_vpc.uat-default"
          ],
          "create_before_destroy": true
        },
        {
          "index_key": 1,
          "schema_version": 1,
          "attributes": {
            "arn": "arn:aws:ec2:eu-west-2:975971611990:subnet/subnet-007131e6c2e6bb38f",
            "assign_ipv6_address_on_creation": false,
            "availability_zone": "eu-west-2b",
            "availability_zone_id": "euw2-az3",
            "cidr_block": "10.1.3.0/24",
            "customer_owned_ipv4_pool": "",
            "enable_dns64": false,
            "enable_resource_name_dns_a_record_on_launch": false,
            "enable_resource_name_dns_aaaa_record_on_launch": false,
            "id": "subnet-007131e6c2e6bb38f",
            "ipv6_cidr_block": "",
            "ipv6_cidr_block_association_id": "",
            "ipv6_native": false,
            "map_customer_owned_ip_on_launch": false,
            "map_public_ip_on_launch": false,
            "outpost_arn": "",
            "owner_id": "975971611990",
            "private_dns_hostname_type_on_launch": "ip-name",
            "tags": {
              "Name": "UAT-PRIVATE-SUB2"
            },
            "tags_all": {
              "Name": "UAT-PRIVATE-SUB2"
            },
            "timeouts": null,
            "vpc_id": "vpc-04976fafdcd3c8f88"
          },
          "sensitive_attributes": [],
          "private": "eyJlMmJmYjczMC1lY2FhLTExZTYtOGY4OC0zNDM2M2JjN2M0YzAiOnsiY3JlYXRlIjo2MDAwMDAwMDAwMDAsImRlbGV0ZSI6MTIwMDAwMDAwMDAwMH0sInNjaGVtYV92ZXJzaW9uIjoiMSJ9",
          "dependencies": [
            "aws_vpc.uat-default"
          ],
          "create_before_destroy": true
        }
      ]
    },
    {
      "mode": "managed",
      "type": "aws_subnet",
      "name": "uat-public",
      "provider": "provider[\"registry.terraform.io/hashicorp/aws\"]",
      "instances": [
        {
          "index_key": 0,
          "schema_version": 1,
          "attributes": {
            "arn": "arn:aws:ec2:eu-west-2:975971611990:subnet/subnet-02a3f1323ec0bf31c",
            "assign_ipv6_address_on_creation": false,
            "availability_zone": "eu-west-2a",
            "availability_zone_id": "euw2-az2",
            "cidr_block": "10.1.0.0/24",
            "customer_owned_ipv4_pool": "",
            "enable_dns64": false,
            "enable_resource_name_dns_a_record_on_launch": false,
            "enable_resource_name_dns_aaaa_record_on_launch": false,
            "id": "subnet-02a3f1323ec0bf31c",
            "ipv6_cidr_block": "",
            "ipv6_cidr_block_association_id": "",
            "ipv6_native": false,
            "map_customer_owned_ip_on_launch": false,
            "map_public_ip_on_launch": false,
            "outpost_arn": "",
            "owner_id": "975971611990",
            "private_dns_hostname_type_on_launch": "ip-name",
            "tags": {
              "Name": "UAT-PUBLIC-SUB1"
            },
            "tags_all": {
              "Name": "UAT-PUBLIC-SUB1"
            },
            "timeouts": null,
            "vpc_id": "vpc-04976fafdcd3c8f88"
          },
          "sensitive_attributes": [],
          "private": "eyJlMmJmYjczMC1lY2FhLTExZTYtOGY4OC0zNDM2M2JjN2M0YzAiOnsiY3JlYXRlIjo2MDAwMDAwMDAwMDAsImRlbGV0ZSI6MTIwMDAwMDAwMDAwMH0sInNjaGVtYV92ZXJzaW9uIjoiMSJ9",
          "dependencies": [
            "aws_vpc.uat-default"
          ]
        },
        {
          "index_key": 1,
          "schema_version": 1,
          "attributes": {
            "arn": "arn:aws:ec2:eu-west-2:975971611990:subnet/subnet-095efb040746c54fd",
            "assign_ipv6_address_on_creation": false,
            "availability_zone": "eu-west-2b",
            "availability_zone_id": "euw2-az3",
            "cidr_block": "10.1.2.0/24",
            "customer_owned_ipv4_pool": "",
            "enable_dns64": false,
            "enable_resource_name_dns_a_record_on_launch": false,
            "enable_resource_name_dns_aaaa_record_on_launch": false,
            "id": "subnet-095efb040746c54fd",
            "ipv6_cidr_block": "",
            "ipv6_cidr_block_association_id": "",
            "ipv6_native": false,
            "map_customer_owned_ip_on_launch": false,
            "map_public_ip_on_launch": false,
            "outpost_arn": "",
            "owner_id": "975971611990",
            "private_dns_hostname_type_on_launch": "ip-name",
            "tags": {
              "Name": "UAT-PUBLIC-SUB2"
            },
            "tags_all": {
              "Name": "UAT-PUBLIC-SUB2"
            },
            "timeouts": null,
            "vpc_id": "vpc-04976fafdcd3c8f88"
          },
          "sensitive_attributes": [],
          "private": "eyJlMmJmYjczMC1lY2FhLTExZTYtOGY4OC0zNDM2M2JjN2M0YzAiOnsiY3JlYXRlIjo2MDAwMDAwMDAwMDAsImRlbGV0ZSI6MTIwMDAwMDAwMDAwMH0sInNjaGVtYV92ZXJzaW9uIjoiMSJ9",
          "dependencies": [
            "aws_vpc.uat-default"
          ]
        }
      ]
    },
    {
      "mode": "managed",
      "type": "aws_vpc",
      "name": "uat-default",
      "provider": "provider[\"registry.terraform.io/hashicorp/aws\"]",
      "instances": [
        {
          "schema_version": 1,
          "attributes": {
            "arn": "arn:aws:ec2:eu-west-2:975971611990:vpc/vpc-04976fafdcd3c8f88",
            "assign_generated_ipv6_cidr_block": false,
            "cidr_block": "10.1.0.0/16",
            "default_network_acl_id": "acl-04ef569a417f83169",
            "default_route_table_id": "rtb-062998d4403714fbb",
            "default_security_group_id": "sg-0c6d6192429f6e811",
            "dhcp_options_id": "dopt-b2886bdb",
            "enable_classiclink": false,
            "enable_classiclink_dns_support": false,
            "enable_dns_hostnames": true,
            "enable_dns_support": true,
            "id": "vpc-04976fafdcd3c8f88",
            "instance_tenancy": "default",
            "ipv4_ipam_pool_id": null,
            "ipv4_netmask_length": null,
            "ipv6_association_id": "",
            "ipv6_cidr_block": "",
            "ipv6_cidr_block_network_border_group": "",
            "ipv6_ipam_pool_id": "",
            "ipv6_netmask_length": 0,
            "main_route_table_id": "rtb-062998d4403714fbb",
            "owner_id": "975971611990",
            "tags": {
              "Name": "UAT-VPC"
            },
            "tags_all": {
              "Name": "UAT-VPC"
            }
          },
          "sensitive_attributes": [],
          "private": "eyJzY2hlbWFfdmVyc2lvbiI6IjEifQ==",
          "create_before_destroy": true
        }
      ]
    },
    {
      "mode": "managed",
      "type": "aws_waf_ipset",
      "name": "uat-bce-waf-ip",
      "provider": "provider[\"registry.terraform.io/hashicorp/aws\"]",
      "instances": [
        {
          "schema_version": 0,
          "attributes": {
            "arn": "arn:aws:waf::975971611990:ipset/1268a4e2-5ed5-415c-856a-c37c9f872ace",
            "id": "1268a4e2-5ed5-415c-856a-c37c9f872ace",
            "ip_set_descriptors": [
              {
                "type": "IPV4",
                "value": "213.160.107.50/32"
              },
              {
                "type": "IPV4",
                "value": "5.148.17.54/32"
              },
              {
                "type": "IPV4",
                "value": "51.149.8.0/25"
              },
              {
                "type": "IPV4",
                "value": "51.149.9.112/29"
              },
              {
                "type": "IPV4",
                "value": "51.149.9.240/29"
              },
              {
                "type": "IPV4",
                "value": "92.54.181.130/32"
              }
            ],
            "name": "uat-bce-waf-ip"
          },
          "sensitive_attributes": [],
          "private": "bnVsbA=="
        }
      ]
    },
    {
      "mode": "managed",
      "type": "aws_waf_ipset",
      "name": "uat-bcs-waf-ip",
      "provider": "provider[\"registry.terraform.io/hashicorp/aws\"]",
      "instances": [
        {
          "schema_version": 0,
          "attributes": {
            "arn": "arn:aws:waf::975971611990:ipset/3dda0958-c474-4ccb-9b3f-e644bf4353c5",
            "id": "3dda0958-c474-4ccb-9b3f-e644bf4353c5",
            "ip_set_descriptors": [
              {
                "type": "IPV4",
                "value": "164.134.1.133/32"
              },
              {
                "type": "IPV4",
                "value": "164.134.2.0/24"
              },
              {
                "type": "IPV4",
                "value": "164.134.2.12/32"
              },
              {
                "type": "IPV4",
                "value": "164.134.2.3/32"
              },
              {
                "type": "IPV4",
                "value": "164.134.2.67/32"
              },
              {
                "type": "IPV4",
                "value": "164.134.3.132/32"
              },
              {
                "type": "IPV4",
                "value": "164.134.6.220/32"
              },
              {
                "type": "IPV4",
                "value": "164.134.6.244/32"
              },
              {
                "type": "IPV4",
                "value": "213.160.107.50/32"
              },
              {
                "type": "IPV4",
                "value": "5.148.17.54/32"
              },
              {
                "type": "IPV4",
                "value": "92.54.181.130/32"
              }
            ],
            "name": "uat-bcs-waf-ip"
          },
          "sensitive_attributes": [],
          "private": "bnVsbA=="
        }
      ]
    },
    {
      "mode": "managed",
      "type": "aws_waf_ipset",
      "name": "uat-bcw-waf-ip",
      "provider": "provider[\"registry.terraform.io/hashicorp/aws\"]",
      "instances": [
        {
          "schema_version": 0,
          "attributes": {
            "arn": "arn:aws:waf::975971611990:ipset/fa692724-74b5-47b3-ab1d-85d55302d0f5",
            "id": "fa692724-74b5-47b3-ab1d-85d55302d0f5",
            "ip_set_descriptors": [
              {
                "type": "IPV4",
                "value": "147.161.166.0/24"
              },
              {
                "type": "IPV4",
                "value": "165.225.196.0/24"
              },
              {
                "type": "IPV4",
                "value": "165.225.197.0/24"
              },
              {
                "type": "IPV4",
                "value": "165.225.198.0/24"
              },
              {
                "type": "IPV4",
                "value": "165.225.80.0/24"
              },
              {
                "type": "IPV4",
                "value": "213.160.107.50/32"
              },
              {
                "type": "IPV4",
                "value": "5.148.17.54/32"
              },
              {
                "type": "IPV4",
                "value": "92.54.181.130/32"
              }
            ],
            "name": "uat-bcw-waf-ip"
          },
          "sensitive_attributes": [],
          "private": "bnVsbA=="
        }
      ]
    },
    {
      "mode": "managed",
      "type": "aws_waf_ipset",
      "name": "uat-cffg-waf-ip",
      "provider": "provider[\"registry.terraform.io/hashicorp/aws\"]",
      "instances": [
        {
          "schema_version": 0,
          "attributes": {
            "arn": "arn:aws:waf::975971611990:ipset/4a145ea9-3436-4971-8c82-edc46a495e24",
            "id": "4a145ea9-3436-4971-8c82-edc46a495e24",
            "ip_set_descriptors": [
              {
                "type": "IPV4",
                "value": "213.160.107.50/32"
              },
              {
                "type": "IPV4",
                "value": "5.148.17.54/32"
              },
              {
                "type": "IPV4",
                "value": "92.54.181.130/32"
              }
            ],
            "name": "uat-cffg-waf-ip"
          },
          "sensitive_attributes": [],
          "private": "bnVsbA=="
        }
      ]
    },
    {
      "mode": "managed",
      "type": "aws_waf_rule",
      "name": "uat-bce-waf-rule",
      "provider": "provider[\"registry.terraform.io/hashicorp/aws\"]",
      "instances": [
        {
          "schema_version": 0,
          "attributes": {
            "arn": "arn:aws:waf::975971611990:rule/4efeb357-7729-4aab-9fa7-dc1e85ff154f",
            "id": "4efeb357-7729-4aab-9fa7-dc1e85ff154f",
            "metric_name": "UatBceWafRule",
            "name": "uat-bce-waf-rule",
            "predicates": [
              {
                "data_id": "1268a4e2-5ed5-415c-856a-c37c9f872ace",
                "negated": false,
                "type": "IPMatch"
              }
            ],
            "tags": {},
            "tags_all": {}
          },
          "sensitive_attributes": [],
          "private": "bnVsbA==",
          "dependencies": [
            "aws_waf_ipset.uat-bce-waf-ip"
          ]
        }
      ]
    },
    {
      "mode": "managed",
      "type": "aws_waf_rule",
      "name": "uat-bcs-waf-rule",
      "provider": "provider[\"registry.terraform.io/hashicorp/aws\"]",
      "instances": [
        {
          "schema_version": 0,
          "attributes": {
            "arn": "arn:aws:waf::975971611990:rule/1015c077-cf07-4b53-87eb-f024d719c3f6",
            "id": "1015c077-cf07-4b53-87eb-f024d719c3f6",
            "metric_name": "UatBcsWafRule",
            "name": "uat-bcs-waf-rule",
            "predicates": [
              {
                "data_id": "3dda0958-c474-4ccb-9b3f-e644bf4353c5",
                "negated": false,
                "type": "IPMatch"
              }
            ],
            "tags": {},
            "tags_all": {}
          },
          "sensitive_attributes": [],
          "private": "bnVsbA==",
          "dependencies": [
            "aws_waf_ipset.uat-bcs-waf-ip"
          ]
        }
      ]
    },
    {
      "mode": "managed",
      "type": "aws_waf_rule",
      "name": "uat-bcw-waf-rule",
      "provider": "provider[\"registry.terraform.io/hashicorp/aws\"]",
      "instances": [
        {
          "schema_version": 0,
          "attributes": {
            "arn": "arn:aws:waf::975971611990:rule/8a396903-2469-4776-b5de-7da4b752c131",
            "id": "8a396903-2469-4776-b5de-7da4b752c131",
            "metric_name": "UatBcwWafRule",
            "name": "uat-bcw-waf-rule",
            "predicates": [
              {
                "data_id": "fa692724-74b5-47b3-ab1d-85d55302d0f5",
                "negated": false,
                "type": "IPMatch"
              }
            ],
            "tags": {},
            "tags_all": {}
          },
          "sensitive_attributes": [],
          "private": "bnVsbA==",
          "dependencies": [
            "aws_waf_ipset.uat-bcw-waf-ip"
          ]
        }
      ]
    },
    {
      "mode": "managed",
      "type": "aws_waf_rule",
      "name": "uat-cffg-waf-rule",
      "provider": "provider[\"registry.terraform.io/hashicorp/aws\"]",
      "instances": [
        {
          "schema_version": 0,
          "attributes": {
            "arn": "arn:aws:waf::975971611990:rule/b655e798-c844-450c-9c19-94c503327c34",
            "id": "b655e798-c844-450c-9c19-94c503327c34",
            "metric_name": "UatCffgWafRule",
            "name": "uat-cffg-waf-rule",
            "predicates": [
              {
                "data_id": "4a145ea9-3436-4971-8c82-edc46a495e24",
                "negated": false,
                "type": "IPMatch"
              }
            ],
            "tags": {},
            "tags_all": {}
          },
          "sensitive_attributes": [],
          "private": "bnVsbA==",
          "dependencies": [
            "aws_waf_ipset.uat-cffg-waf-ip"
          ]
        }
      ]
    },
    {
      "mode": "managed",
      "type": "aws_waf_web_acl",
      "name": "uat-bce-waf-acl",
      "provider": "provider[\"registry.terraform.io/hashicorp/aws\"]",
      "instances": [
        {
          "schema_version": 0,
          "attributes": {
            "arn": "arn:aws:waf::975971611990:webacl/3b757360-eeed-4494-b69d-4658305b6065",
            "default_action": [
              {
                "type": "BLOCK"
              }
            ],
            "id": "3b757360-eeed-4494-b69d-4658305b6065",
            "logging_configuration": [],
            "metric_name": "UatBceWafAcl",
            "name": "uat-bce-waf-acl",
            "rules": [
              {
                "action": [
                  {
                    "type": "ALLOW"
                  }
                ],
                "override_action": [],
                "priority": 1,
                "rule_id": "4efeb357-7729-4aab-9fa7-dc1e85ff154f",
                "type": "REGULAR"
              }
            ],
            "tags": {},
            "tags_all": {}
          },
          "sensitive_attributes": [],
          "private": "bnVsbA==",
          "dependencies": [
            "aws_waf_ipset.uat-bce-waf-ip",
            "aws_waf_rule.uat-bce-waf-rule"
          ]
        }
      ]
    },
    {
      "mode": "managed",
      "type": "aws_waf_web_acl",
      "name": "uat-bcs-waf-acl",
      "provider": "provider[\"registry.terraform.io/hashicorp/aws\"]",
      "instances": [
        {
          "schema_version": 0,
          "attributes": {
            "arn": "arn:aws:waf::975971611990:webacl/616319d2-051a-40e3-a5bf-f2344969f8af",
            "default_action": [
              {
                "type": "BLOCK"
              }
            ],
            "id": "616319d2-051a-40e3-a5bf-f2344969f8af",
            "logging_configuration": [],
            "metric_name": "UatBcsWafAcl",
            "name": "uat-bcs-waf-acl",
            "rules": [
              {
                "action": [
                  {
                    "type": "ALLOW"
                  }
                ],
                "override_action": [],
                "priority": 1,
                "rule_id": "1015c077-cf07-4b53-87eb-f024d719c3f6",
                "type": "REGULAR"
              }
            ],
            "tags": {},
            "tags_all": {}
          },
          "sensitive_attributes": [],
          "private": "bnVsbA==",
          "dependencies": [
            "aws_waf_ipset.uat-bcs-waf-ip",
            "aws_waf_rule.uat-bcs-waf-rule"
          ]
        }
      ]
    },
    {
      "mode": "managed",
      "type": "aws_waf_web_acl",
      "name": "uat-bcw-waf-acl",
      "provider": "provider[\"registry.terraform.io/hashicorp/aws\"]",
      "instances": [
        {
          "schema_version": 0,
          "attributes": {
            "arn": "arn:aws:waf::975971611990:webacl/de26f804-2ce8-43eb-a0e4-39797a8cd41f",
            "default_action": [
              {
                "type": "BLOCK"
              }
            ],
            "id": "de26f804-2ce8-43eb-a0e4-39797a8cd41f",
            "logging_configuration": [],
            "metric_name": "UatBcwWafAcl",
            "name": "uat-bcw-waf-acl",
            "rules": [
              {
                "action": [
                  {
                    "type": "ALLOW"
                  }
                ],
                "override_action": [],
                "priority": 1,
                "rule_id": "8a396903-2469-4776-b5de-7da4b752c131",
                "type": "REGULAR"
              }
            ],
            "tags": {},
            "tags_all": {}
          },
          "sensitive_attributes": [],
          "private": "bnVsbA==",
          "dependencies": [
            "aws_waf_ipset.uat-bcw-waf-ip",
            "aws_waf_rule.uat-bcw-waf-rule"
          ]
        }
      ]
    },
    {
      "mode": "managed",
      "type": "aws_waf_web_acl",
      "name": "uat-cffg-waf-acl",
      "provider": "provider[\"registry.terraform.io/hashicorp/aws\"]",
      "instances": [
        {
          "schema_version": 0,
          "attributes": {
            "arn": "arn:aws:waf::975971611990:webacl/5debb511-8195-4e41-9a4a-3ac63030a188",
            "default_action": [
              {
                "type": "BLOCK"
              }
            ],
            "id": "5debb511-8195-4e41-9a4a-3ac63030a188",
            "logging_configuration": [],
            "metric_name": "UatCffgWafAcl",
            "name": "uat-cffg-waf-acl",
            "rules": [
              {
                "action": [
                  {
                    "type": "ALLOW"
                  }
                ],
                "override_action": [],
                "priority": 1,
                "rule_id": "b655e798-c844-450c-9c19-94c503327c34",
                "type": "REGULAR"
              }
            ],
            "tags": {},
            "tags_all": {}
          },
          "sensitive_attributes": [],
          "private": "bnVsbA==",
          "dependencies": [
            "aws_waf_ipset.uat-cffg-waf-ip",
            "aws_waf_rule.uat-cffg-waf-rule"
          ]
        }
      ]
    },
    {
      "mode": "managed",
      "type": "random_string",
      "name": "random",
      "provider": "provider[\"registry.terraform.io/hashicorp/random\"]",
      "instances": [
        {
          "schema_version": 2,
          "attributes": {
            "id": "pxghoaef",
            "keepers": null,
            "length": 8,
            "lower": true,
            "min_lower": 0,
            "min_numeric": 0,
            "min_special": 0,
            "min_upper": 0,
            "number": false,
            "numeric": false,
            "override_special": null,
            "result": "pxghoaef",
            "special": false,
            "upper": false
          },
          "sensitive_attributes": []
        }
      ]
    }
  ]
}
