{
  "version": 4,
  "terraform_version": "0.14.7",
  "serial": 300,
  "lineage": "f2785146-067c-0fce-d6da-15d65d515e3e",
  "outputs": {},
  "resources": [
    {
      "mode": "data",
      "type": "aws_canonical_user_id",
      "name": "current_user",
      "provider": "provider[\"registry.terraform.io/hashicorp/aws\"]",
      "instances": [
        {
          "schema_version": 0,
          "attributes": {
            "display_name": "",
            "id": "aeef684e617b694407271466389f347ede795639fc93eb5f000abfdf328f1340"
          },
          "sensitive_attributes": []
        }
      ]
    },
    {
      "mode": "managed",
      "type": "aws_cloudfront_distribution",
      "name": "uat-bce-cf-ext-b",
      "provider": "provider[\"registry.terraform.io/hashicorp/aws\"]",
      "instances": [
        {
          "schema_version": 1,
          "attributes": {
            "aliases": [
              "bcereviews-uat.org.uk",
              "www.bcereviews-uat.org.uk"
            ],
            "arn": "arn:aws:cloudfront::181623394163:distribution/E38AZVCFHG33ZO",
            "caller_reference": "terraform-20210507210250536400000001",
            "comment": null,
            "custom_error_response": [],
            "default_cache_behavior": [
              {
                "allowed_methods": [
                  "DELETE",
                  "GET",
                  "HEAD",
                  "OPTIONS",
                  "PATCH",
                  "POST",
                  "PUT"
                ],
                "cache_policy_id": "",
                "cached_methods": [
                  "GET",
                  "HEAD"
                ],
                "compress": false,
                "default_ttl": 86400,
                "field_level_encryption_id": "",
                "forwarded_values": [
                  {
                    "cookies": [
                      {
                        "forward": "all",
                        "whitelisted_names": []
                      }
                    ],
                    "headers": [
                      "*"
                    ],
                    "query_string": true,
                    "query_string_cache_keys": []
                  }
                ],
                "function_association": [],
                "lambda_function_association": [],
                "max_ttl": 31536000,
                "min_ttl": 0,
                "origin_request_policy_id": "",
                "realtime_log_config_arn": "",
                "smooth_streaming": false,
                "target_origin_id": "uat-bce-app-alb",
                "trusted_key_groups": [],
                "trusted_signers": [],
                "viewer_protocol_policy": "redirect-to-https"
              }
            ],
            "default_root_object": "",
            "domain_name": "d22gwzqjsqx19y.cloudfront.net",
            "enabled": true,
            "etag": "E20XAYF1I7TQ2H",
            "hosted_zone_id": "Z2FDTNDATAQYW2",
            "http_version": "http2",
            "id": "E38AZVCFHG33ZO",
            "in_progress_validation_batches": 0,
            "is_ipv6_enabled": false,
            "last_modified_time": "2021-06-07 20:50:36.744 +0000 UTC",
            "logging_config": [
              {
                "bucket": "uat-bce-cloudfront-logs-co.s3.amazonaws.com",
                "include_cookies": false,
                "prefix": "uatbceco"
              }
            ],
            "ordered_cache_behavior": [],
            "origin": [
              {
                "connection_attempts": 3,
                "connection_timeout": 10,
                "custom_header": [],
                "custom_origin_config": [
                  {
                    "http_port": 80,
                    "https_port": 443,
                    "origin_keepalive_timeout": 5,
                    "origin_protocol_policy": "match-viewer",
                    "origin_read_timeout": 30,
                    "origin_ssl_protocols": [
                      "TLSv1.2"
                    ]
                  }
                ],
                "domain_name": "uat-bce-app-alb-546190699.eu-west-2.elb.amazonaws.com",
                "origin_id": "uat-bce-app-alb",
                "origin_path": "",
                "origin_shield": [],
                "s3_origin_config": []
              },
              {
                "connection_attempts": 3,
                "connection_timeout": 10,
                "custom_header": [],
                "custom_origin_config": [
                  {
                    "http_port": 80,
                    "https_port": 443,
                    "origin_keepalive_timeout": 5,
                    "origin_protocol_policy": "match-viewer",
                    "origin_read_timeout": 30,
                    "origin_ssl_protocols": [
                      "TLSv1.2"
                    ]
                  }
                ],
                "domain_name": "uat-bcp-maintenance-co.s3-website.eu-west-2.amazonaws.com",
                "origin_id": "UAT-Maintenance-CO",
                "origin_path": "",
                "origin_shield": [],
                "s3_origin_config": []
              }
            ],
            "origin_group": [],
            "price_class": "PriceClass_All",
            "restrictions": [
              {
                "geo_restriction": [
                  {
                    "locations": [],
                    "restriction_type": "none"
                  }
                ]
              }
            ],
            "retain_on_delete": false,
            "status": "Deployed",
            "tags": {},
            "tags_all": {},
            "trusted_key_groups": [
              {
                "enabled": false,
                "items": []
              }
            ],
            "trusted_signers": [
              {
                "enabled": false,
                "items": []
              }
            ],
            "viewer_certificate": [
              {
                "acm_certificate_arn": "arn:aws:acm:us-east-1:181623394163:certificate/0413b71c-6833-46c0-bd8a-5e5f8e42c36c",
                "cloudfront_default_certificate": false,
                "iam_certificate_id": "",
                "minimum_protocol_version": "TLSv1.2_2019",
                "ssl_support_method": "sni-only"
              }
            ],
            "wait_for_deployment": true,
            "web_acl_id": "56335450-a622-466d-bde7-4a164108df61"
          },
          "sensitive_attributes": [],
          "private": "eyJzY2hlbWFfdmVyc2lvbiI6IjEifQ==",
          "dependencies": [
            "aws_kms_key.uat-kms-co",
            "aws_s3_bucket.uat-bce-cloudfront-logs-co",
            "aws_waf_ipset.uat-bce-waf-ip-b",
            "aws_waf_rule.uat-bce-waf-rule-b",
            "aws_waf_web_acl.uat-bce-waf-acl-b",
            "data.aws_canonical_user_id.current_user"
          ]
        }
      ]
    },
    {
      "mode": "managed",
      "type": "aws_cloudfront_distribution",
      "name": "uat-bcs-cf-ext-b",
      "provider": "provider[\"registry.terraform.io/hashicorp/aws\"]",
      "instances": [
        {
          "schema_version": 1,
          "attributes": {
            "aliases": [
              "bcs2023demo.com",
              "www.bcs2023demo.com"
            ],
            "arn": "arn:aws:cloudfront::181623394163:distribution/E3V8EJL5BGJFEK",
            "caller_reference": "terraform-20210519093816865200000001",
            "comment": null,
            "custom_error_response": [],
            "default_cache_behavior": [
              {
                "allowed_methods": [
                  "DELETE",
                  "GET",
                  "HEAD",
                  "OPTIONS",
                  "PATCH",
                  "POST",
                  "PUT"
                ],
                "cache_policy_id": "",
                "cached_methods": [
                  "GET",
                  "HEAD"
                ],
                "compress": false,
                "default_ttl": 86400,
                "field_level_encryption_id": "",
                "forwarded_values": [
                  {
                    "cookies": [
                      {
                        "forward": "all",
                        "whitelisted_names": []
                      }
                    ],
                    "headers": [
                      "*"
                    ],
                    "query_string": true,
                    "query_string_cache_keys": []
                  }
                ],
                "function_association": [],
                "lambda_function_association": [],
                "max_ttl": 31536000,
                "min_ttl": 0,
                "origin_request_policy_id": "",
                "realtime_log_config_arn": "",
                "smooth_streaming": false,
                "target_origin_id": "uat-bcs-app-alb",
                "trusted_key_groups": [],
                "trusted_signers": [],
                "viewer_protocol_policy": "redirect-to-https"
              }
            ],
            "default_root_object": "",
            "domain_name": "d338aziaac7f9b.cloudfront.net",
            "enabled": true,
            "etag": "E1HY6TPIWS6T91",
            "hosted_zone_id": "Z2FDTNDATAQYW2",
            "http_version": "http2",
            "id": "E3V8EJL5BGJFEK",
            "in_progress_validation_batches": 0,
            "is_ipv6_enabled": false,
            "last_modified_time": "2021-06-07 20:50:36.736 +0000 UTC",
            "logging_config": [
              {
                "bucket": "uat-bcs-cloudfront-logs-co.s3.amazonaws.com",
                "include_cookies": false,
                "prefix": "uatbcsco"
              }
            ],
            "ordered_cache_behavior": [],
            "origin": [
              {
                "connection_attempts": 3,
                "connection_timeout": 10,
                "custom_header": [],
                "custom_origin_config": [
                  {
                    "http_port": 80,
                    "https_port": 443,
                    "origin_keepalive_timeout": 5,
                    "origin_protocol_policy": "match-viewer",
                    "origin_read_timeout": 30,
                    "origin_ssl_protocols": [
                      "TLSv1.2"
                    ]
                  }
                ],
                "domain_name": "uat-bcp-maintenance-co.s3-website.eu-west-2.amazonaws.com",
                "origin_id": "UAT-Maintenance-CO",
                "origin_path": "",
                "origin_shield": [],
                "s3_origin_config": []
              },
              {
                "connection_attempts": 3,
                "connection_timeout": 10,
                "custom_header": [],
                "custom_origin_config": [
                  {
                    "http_port": 80,
                    "https_port": 443,
                    "origin_keepalive_timeout": 5,
                    "origin_protocol_policy": "match-viewer",
                    "origin_read_timeout": 30,
                    "origin_ssl_protocols": [
                      "TLSv1.2"
                    ]
                  }
                ],
                "domain_name": "uat-bcs-app-alb-1768519539.eu-west-2.elb.amazonaws.com",
                "origin_id": "uat-bcs-app-alb",
                "origin_path": "",
                "origin_shield": [],
                "s3_origin_config": []
              }
            ],
            "origin_group": [],
            "price_class": "PriceClass_All",
            "restrictions": [
              {
                "geo_restriction": [
                  {
                    "locations": [],
                    "restriction_type": "none"
                  }
                ]
              }
            ],
            "retain_on_delete": false,
            "status": "Deployed",
            "tags": {},
            "tags_all": {},
            "trusted_key_groups": [
              {
                "enabled": false,
                "items": []
              }
            ],
            "trusted_signers": [
              {
                "enabled": false,
                "items": []
              }
            ],
            "viewer_certificate": [
              {
                "acm_certificate_arn": "arn:aws:acm:us-east-1:181623394163:certificate/c2e5c3ff-172e-4870-9ff9-6efdb3cf8f6d",
                "cloudfront_default_certificate": false,
                "iam_certificate_id": "",
                "minimum_protocol_version": "TLSv1.2_2019",
                "ssl_support_method": "sni-only"
              }
            ],
            "wait_for_deployment": true,
            "web_acl_id": "78dc39fc-e647-4c61-8bab-f0e4fbc57536"
          },
          "sensitive_attributes": [],
          "private": "eyJzY2hlbWFfdmVyc2lvbiI6IjEifQ==",
          "dependencies": [
            "aws_kms_key.uat-kms-co",
            "aws_s3_bucket.uat-bcs-cloudfront-logs-co",
            "aws_waf_ipset.uat-bcs-waf-ip-b",
            "aws_waf_rule.uat-bcs-waf-rule-b",
            "aws_waf_web_acl.uat-bcs-waf-acl-b",
            "data.aws_canonical_user_id.current_user"
          ]
        }
      ]
    },
    {
      "mode": "managed",
      "type": "aws_cloudfront_distribution",
      "name": "uat-bcw-cf-ext-b",
      "provider": "provider[\"registry.terraform.io/hashicorp/aws\"]",
      "instances": [
        {
          "schema_version": 1,
          "attributes": {
            "aliases": [
              "bcw-2023.org.uk",
              "www.bcw-2023.org.uk"
            ],
            "arn": "arn:aws:cloudfront::181623394163:distribution/E25335P8E9GYF6",
            "caller_reference": "terraform-20210527151055577800000002",
            "comment": null,
            "custom_error_response": [],
            "default_cache_behavior": [
              {
                "allowed_methods": [
                  "DELETE",
                  "GET",
                  "HEAD",
                  "OPTIONS",
                  "PATCH",
                  "POST",
                  "PUT"
                ],
                "cache_policy_id": "",
                "cached_methods": [
                  "GET",
                  "HEAD"
                ],
                "compress": false,
                "default_ttl": 86400,
                "field_level_encryption_id": "",
                "forwarded_values": [
                  {
                    "cookies": [
                      {
                        "forward": "all",
                        "whitelisted_names": []
                      }
                    ],
                    "headers": [
                      "*"
                    ],
                    "query_string": true,
                    "query_string_cache_keys": []
                  }
                ],
                "function_association": [],
                "lambda_function_association": [],
                "max_ttl": 31536000,
                "min_ttl": 0,
                "origin_request_policy_id": "",
                "realtime_log_config_arn": "",
                "smooth_streaming": false,
                "target_origin_id": "uat-bcw-app-alb",
                "trusted_key_groups": [],
                "trusted_signers": [],
                "viewer_protocol_policy": "redirect-to-https"
              }
            ],
            "default_root_object": "",
            "domain_name": "d3bp7iq9j9cg1b.cloudfront.net",
            "enabled": true,
            "etag": "E1339ZH60REJ6A",
            "hosted_zone_id": "Z2FDTNDATAQYW2",
            "http_version": "http2",
            "id": "E25335P8E9GYF6",
            "in_progress_validation_batches": 0,
            "is_ipv6_enabled": false,
            "last_modified_time": "2021-06-07 20:50:36.732 +0000 UTC",
            "logging_config": [
              {
                "bucket": "uat-bcw-cloudfront-logs-co.s3.amazonaws.com",
                "include_cookies": false,
                "prefix": "uatbcwco"
              }
            ],
            "ordered_cache_behavior": [],
            "origin": [
              {
                "connection_attempts": 3,
                "connection_timeout": 10,
                "custom_header": [],
                "custom_origin_config": [
                  {
                    "http_port": 80,
                    "https_port": 443,
                    "origin_keepalive_timeout": 5,
                    "origin_protocol_policy": "match-viewer",
                    "origin_read_timeout": 30,
                    "origin_ssl_protocols": [
                      "TLSv1.2"
                    ]
                  }
                ],
                "domain_name": "uat-bcp-maintenance-co.s3-website.eu-west-2.amazonaws.com",
                "origin_id": "UAT-Maintenance-CO",
                "origin_path": "",
                "origin_shield": [],
                "s3_origin_config": []
              },
              {
                "connection_attempts": 3,
                "connection_timeout": 10,
                "custom_header": [],
                "custom_origin_config": [
                  {
                    "http_port": 80,
                    "https_port": 443,
                    "origin_keepalive_timeout": 5,
                    "origin_protocol_policy": "match-viewer",
                    "origin_read_timeout": 30,
                    "origin_ssl_protocols": [
                      "TLSv1.2"
                    ]
                  }
                ],
                "domain_name": "uat-bcw-app-alb-815203766.eu-west-2.elb.amazonaws.com",
                "origin_id": "uat-bcw-app-alb",
                "origin_path": "",
                "origin_shield": [],
                "s3_origin_config": []
              }
            ],
            "origin_group": [],
            "price_class": "PriceClass_All",
            "restrictions": [
              {
                "geo_restriction": [
                  {
                    "locations": [],
                    "restriction_type": "none"
                  }
                ]
              }
            ],
            "retain_on_delete": false,
            "status": "Deployed",
            "tags": {},
            "tags_all": {},
            "trusted_key_groups": [
              {
                "enabled": false,
                "items": []
              }
            ],
            "trusted_signers": [
              {
                "enabled": false,
                "items": []
              }
            ],
            "viewer_certificate": [
              {
                "acm_certificate_arn": "arn:aws:acm:us-east-1:181623394163:certificate/6cc45c66-e40b-473b-a4b9-e23ca3d7fa12",
                "cloudfront_default_certificate": false,
                "iam_certificate_id": "",
                "minimum_protocol_version": "TLSv1.2_2019",
                "ssl_support_method": "sni-only"
              }
            ],
            "wait_for_deployment": true,
            "web_acl_id": "c9311afd-c5ed-4a40-94fb-363f67112757"
          },
          "sensitive_attributes": [],
          "private": "eyJzY2hlbWFfdmVyc2lvbiI6IjEifQ==",
          "dependencies": [
            "aws_kms_key.uat-kms-co",
            "aws_s3_bucket.uat-bcw-cloudfront-logs-co",
            "aws_waf_ipset.uat-bcw-waf-ip-b",
            "aws_waf_rule.uat-bcw-waf-rule-b",
            "aws_waf_web_acl.uat-bcw-waf-acl-b",
            "data.aws_canonical_user_id.current_user"
          ]
        }
      ]
    },
    {
      "mode": "managed",
      "type": "aws_cloudfront_distribution",
      "name": "uat-cffg-cf-ext-b",
      "provider": "provider[\"registry.terraform.io/hashicorp/aws\"]",
      "instances": [
        {
          "schema_version": 1,
          "attributes": {
            "aliases": [
              "cffg-2023.org.uk",
              "www.cffg-2023.org.uk"
            ],
            "arn": "arn:aws:cloudfront::181623394163:distribution/EBLBYELNK4AJB",
            "caller_reference": "terraform-20210527151054974700000001",
            "comment": null,
            "custom_error_response": [],
            "default_cache_behavior": [
              {
                "allowed_methods": [
                  "DELETE",
                  "GET",
                  "HEAD",
                  "OPTIONS",
                  "PATCH",
                  "POST",
                  "PUT"
                ],
                "cache_policy_id": "",
                "cached_methods": [
                  "GET",
                  "HEAD"
                ],
                "compress": false,
                "default_ttl": 86400,
                "field_level_encryption_id": "",
                "forwarded_values": [
                  {
                    "cookies": [
                      {
                        "forward": "all",
                        "whitelisted_names": []
                      }
                    ],
                    "headers": [
                      "*"
                    ],
                    "query_string": true,
                    "query_string_cache_keys": []
                  }
                ],
                "function_association": [],
                "lambda_function_association": [],
                "max_ttl": 31536000,
                "min_ttl": 0,
                "origin_request_policy_id": "",
                "realtime_log_config_arn": "",
                "smooth_streaming": false,
                "target_origin_id": "uat-cffg-app-alb",
                "trusted_key_groups": [],
                "trusted_signers": [],
                "viewer_protocol_policy": "redirect-to-https"
              }
            ],
            "default_root_object": "",
            "domain_name": "d3gevfdpkh2g7v.cloudfront.net",
            "enabled": true,
            "etag": "E1QZZ1EL51KIPD",
            "hosted_zone_id": "Z2FDTNDATAQYW2",
            "http_version": "http2",
            "id": "EBLBYELNK4AJB",
            "in_progress_validation_batches": 0,
            "is_ipv6_enabled": false,
            "last_modified_time": "2021-06-07 20:50:36.601 +0000 UTC",
            "logging_config": [
              {
                "bucket": "uat-cffg-cloudfront-logs-co.s3.amazonaws.com",
                "include_cookies": false,
                "prefix": "uatcffgco"
              }
            ],
            "ordered_cache_behavior": [],
            "origin": [
              {
                "connection_attempts": 3,
                "connection_timeout": 10,
                "custom_header": [],
                "custom_origin_config": [
                  {
                    "http_port": 80,
                    "https_port": 443,
                    "origin_keepalive_timeout": 5,
                    "origin_protocol_policy": "match-viewer",
                    "origin_read_timeout": 30,
                    "origin_ssl_protocols": [
                      "TLSv1.2"
                    ]
                  }
                ],
                "domain_name": "uat-bcp-maintenance-co.s3-website.eu-west-2.amazonaws.com",
                "origin_id": "UAT-Maintenance-CO",
                "origin_path": "",
                "origin_shield": [],
                "s3_origin_config": []
              },
              {
                "connection_attempts": 3,
                "connection_timeout": 10,
                "custom_header": [],
                "custom_origin_config": [
                  {
                    "http_port": 80,
                    "https_port": 443,
                    "origin_keepalive_timeout": 5,
                    "origin_protocol_policy": "match-viewer",
                    "origin_read_timeout": 30,
                    "origin_ssl_protocols": [
                      "TLSv1.2"
                    ]
                  }
                ],
                "domain_name": "uat-cffg-app-alb-60691542.eu-west-2.elb.amazonaws.com",
                "origin_id": "uat-cffg-app-alb",
                "origin_path": "",
                "origin_shield": [],
                "s3_origin_config": []
              }
            ],
            "origin_group": [],
            "price_class": "PriceClass_All",
            "restrictions": [
              {
                "geo_restriction": [
                  {
                    "locations": [],
                    "restriction_type": "none"
                  }
                ]
              }
            ],
            "retain_on_delete": false,
            "status": "Deployed",
            "tags": {},
            "tags_all": {},
            "trusted_key_groups": [
              {
                "enabled": false,
                "items": []
              }
            ],
            "trusted_signers": [
              {
                "enabled": false,
                "items": []
              }
            ],
            "viewer_certificate": [
              {
                "acm_certificate_arn": "arn:aws:acm:us-east-1:181623394163:certificate/a328f494-b5b4-466b-af06-c7ca970ba935",
                "cloudfront_default_certificate": false,
                "iam_certificate_id": "",
                "minimum_protocol_version": "TLSv1.2_2019",
                "ssl_support_method": "sni-only"
              }
            ],
            "wait_for_deployment": true,
            "web_acl_id": "1f285b72-6eb1-4aa6-84c1-0fedb8d027bf"
          },
          "sensitive_attributes": [],
          "private": "eyJzY2hlbWFfdmVyc2lvbiI6IjEifQ==",
          "dependencies": [
            "aws_kms_key.uat-kms-co",
            "aws_s3_bucket.uat-cffg-cloudfront-logs-co",
            "aws_waf_ipset.uat-cffg-waf-ip-b",
            "aws_waf_rule.uat-cffg-waf-rule-b",
            "aws_waf_web_acl.uat-cffg-waf-acl-b",
            "data.aws_canonical_user_id.current_user"
          ]
        }
      ]
    },
    {
      "mode": "managed",
      "type": "aws_ebs_encryption_by_default",
      "name": "uat-encryption",
      "provider": "provider[\"registry.terraform.io/hashicorp/aws\"]",
      "instances": [
        {
          "schema_version": 0,
          "attributes": {
            "enabled": true,
            "id": "terraform-20210507210033111300000002"
          },
          "sensitive_attributes": [],
          "private": "bnVsbA=="
        }
      ]
    },
    {
      "mode": "managed",
      "type": "aws_kms_key",
      "name": "uat-kms-co",
      "provider": "provider[\"registry.terraform.io/hashicorp/aws\"]",
      "instances": [
        {
          "schema_version": 0,
          "attributes": {
            "arn": "arn:aws:kms:eu-west-2:181623394163:key/197bbe36-b994-4665-97f8-87e58fdb8836",
            "bypass_policy_lockout_safety_check": null,
            "customer_master_key_spec": "SYMMETRIC_DEFAULT",
            "deletion_window_in_days": 10,
            "description": "Uat-KMS-co",
            "enable_key_rotation": false,
            "id": "197bbe36-b994-4665-97f8-87e58fdb8836",
            "is_enabled": true,
            "key_id": "197bbe36-b994-4665-97f8-87e58fdb8836",
            "key_usage": "ENCRYPT_DECRYPT",
            "policy": "{\"Id\":\"key-default-1\",\"Statement\":[{\"Action\":\"kms:*\",\"Effect\":\"Allow\",\"Principal\":{\"AWS\":[\"arn:aws:iam::975971611990:root\",\"arn:aws:iam::181623394163:root\"]},\"Resource\":\"*\",\"Sid\":\"Enable IAM User Permissions\"}],\"Version\":\"2012-10-17\"}",
            "tags": {},
            "tags_all": {}
          },
          "sensitive_attributes": [],
          "private": "bnVsbA=="
        }
      ]
    },
    {
      "mode": "managed",
      "type": "aws_s3_bucket",
      "name": "bcp-uat-cloudtrail-co",
      "provider": "provider[\"registry.terraform.io/hashicorp/aws\"]",
      "instances": [
        {
          "schema_version": 0,
          "attributes": {
            "acceleration_status": "",
            "acl": "private",
            "arn": "arn:aws:s3:::bcp-uat-cloudtrail-co",
            "bucket": "bcp-uat-cloudtrail-co",
            "bucket_domain_name": "bcp-uat-cloudtrail-co.s3.amazonaws.com",
            "bucket_prefix": null,
            "bucket_regional_domain_name": "bcp-uat-cloudtrail-co.s3.eu-west-2.amazonaws.com",
            "cors_rule": [],
            "force_destroy": true,
            "grant": [],
            "hosted_zone_id": "Z3GKZC51ZF0DB4",
            "id": "bcp-uat-cloudtrail-co",
            "lifecycle_rule": [],
            "logging": [
              {
                "target_bucket": "uat-bcp-logs-co",
                "target_prefix": ""
              }
            ],
            "object_lock_configuration": [],
            "policy": null,
            "region": "eu-west-2",
            "replication_configuration": [],
            "request_payer": "BucketOwner",
            "server_side_encryption_configuration": [
              {
                "rule": [
                  {
                    "apply_server_side_encryption_by_default": [
                      {
                        "kms_master_key_id": "arn:aws:kms:eu-west-2:181623394163:key/197bbe36-b994-4665-97f8-87e58fdb8836",
                        "sse_algorithm": "aws:kms"
                      }
                    ],
                    "bucket_key_enabled": false
                  }
                ]
              }
            ],
            "tags": {},
            "tags_all": {},
            "versioning": [
              {
                "enabled": true,
                "mfa_delete": false
              }
            ],
            "website": [],
            "website_domain": null,
            "website_endpoint": null
          },
          "sensitive_attributes": [],
          "private": "bnVsbA==",
          "dependencies": [
            "aws_kms_key.uat-kms-co"
          ]
        }
      ]
    },
    {
      "mode": "managed",
      "type": "aws_s3_bucket",
      "name": "uat-bce-cloudfront-logs-co",
      "provider": "provider[\"registry.terraform.io/hashicorp/aws\"]",
      "instances": [
        {
          "schema_version": 0,
          "attributes": {
            "acceleration_status": "",
            "acl": "private",
            "arn": "arn:aws:s3:::uat-bce-cloudfront-logs-co",
            "bucket": "uat-bce-cloudfront-logs-co",
            "bucket_domain_name": "uat-bce-cloudfront-logs-co.s3.amazonaws.com",
            "bucket_prefix": null,
            "bucket_regional_domain_name": "uat-bce-cloudfront-logs-co.s3.eu-west-2.amazonaws.com",
            "cors_rule": [],
            "force_destroy": true,
            "grant": [
              {
                "id": "",
                "permissions": [
                  "FULL_CONTROL"
                ],
                "type": "Group",
                "uri": "http://acs.amazonaws.com/groups/s3/LogDelivery"
              },
              {
                "id": "aeef684e617b694407271466389f347ede795639fc93eb5f000abfdf328f1340",
                "permissions": [
                  "FULL_CONTROL"
                ],
                "type": "CanonicalUser",
                "uri": ""
              }
            ],
            "hosted_zone_id": "Z3GKZC51ZF0DB4",
            "id": "uat-bce-cloudfront-logs-co",
            "lifecycle_rule": [],
            "logging": [
              {
                "target_bucket": "uat-bcp-logs-co",
                "target_prefix": ""
              }
            ],
            "object_lock_configuration": [],
            "policy": null,
            "region": "eu-west-2",
            "replication_configuration": [],
            "request_payer": "BucketOwner",
            "server_side_encryption_configuration": [
              {
                "rule": [
                  {
                    "apply_server_side_encryption_by_default": [
                      {
                        "kms_master_key_id": "arn:aws:kms:eu-west-2:181623394163:key/197bbe36-b994-4665-97f8-87e58fdb8836",
                        "sse_algorithm": "aws:kms"
                      }
                    ],
                    "bucket_key_enabled": false
                  }
                ]
              }
            ],
            "tags": {},
            "tags_all": {},
            "versioning": [
              {
                "enabled": true,
                "mfa_delete": false
              }
            ],
            "website": [],
            "website_domain": null,
            "website_endpoint": null
          },
          "sensitive_attributes": [],
          "private": "bnVsbA==",
          "dependencies": [
            "aws_kms_key.uat-kms-co",
            "data.aws_canonical_user_id.current_user"
          ]
        }
      ]
    },
    {
      "mode": "managed",
      "type": "aws_s3_bucket",
      "name": "uat-bce-logs-co",
      "provider": "provider[\"registry.terraform.io/hashicorp/aws\"]",
      "instances": [
        {
          "schema_version": 0,
          "attributes": {
            "acceleration_status": "",
            "acl": "private",
            "arn": "arn:aws:s3:::uat-bce-logs-co",
            "bucket": "uat-bce-logs-co",
            "bucket_domain_name": "uat-bce-logs-co.s3.amazonaws.com",
            "bucket_prefix": null,
            "bucket_regional_domain_name": "uat-bce-logs-co.s3.eu-west-2.amazonaws.com",
            "cors_rule": [],
            "force_destroy": true,
            "grant": [],
            "hosted_zone_id": "Z3GKZC51ZF0DB4",
            "id": "uat-bce-logs-co",
            "lifecycle_rule": [],
            "logging": [
              {
                "target_bucket": "uat-bcp-logs-co",
                "target_prefix": ""
              }
            ],
            "object_lock_configuration": [],
            "policy": null,
            "region": "eu-west-2",
            "replication_configuration": [],
            "request_payer": "BucketOwner",
            "server_side_encryption_configuration": [
              {
                "rule": [
                  {
                    "apply_server_side_encryption_by_default": [
                      {
                        "kms_master_key_id": "arn:aws:kms:eu-west-2:181623394163:key/197bbe36-b994-4665-97f8-87e58fdb8836",
                        "sse_algorithm": "aws:kms"
                      }
                    ],
                    "bucket_key_enabled": false
                  }
                ]
              }
            ],
            "tags": {},
            "tags_all": {},
            "versioning": [
              {
                "enabled": true,
                "mfa_delete": false
              }
            ],
            "website": [],
            "website_domain": null,
            "website_endpoint": null
          },
          "sensitive_attributes": [],
          "private": "bnVsbA==",
          "dependencies": [
            "aws_kms_key.uat-kms-co"
          ]
        }
      ]
    },
    {
      "mode": "managed",
      "type": "aws_s3_bucket",
      "name": "uat-bce-test-co",
      "provider": "provider[\"registry.terraform.io/hashicorp/aws\"]",
      "instances": [
        {
          "schema_version": 0,
          "attributes": {
            "acceleration_status": "",
            "acl": "private",
            "arn": "arn:aws:s3:::uat-bce-test-co",
            "bucket": "uat-bce-test-co",
            "bucket_domain_name": "uat-bce-test-co.s3.amazonaws.com",
            "bucket_prefix": null,
            "bucket_regional_domain_name": "uat-bce-test-co.s3.eu-west-2.amazonaws.com",
            "cors_rule": [],
            "force_destroy": true,
            "grant": [],
            "hosted_zone_id": "Z3GKZC51ZF0DB4",
            "id": "uat-bce-test-co",
            "lifecycle_rule": [],
            "logging": [
              {
                "target_bucket": "uat-bcp-logs-co",
                "target_prefix": ""
              }
            ],
            "object_lock_configuration": [],
            "policy": null,
            "region": "eu-west-2",
            "replication_configuration": [],
            "request_payer": "BucketOwner",
            "server_side_encryption_configuration": [
              {
                "rule": [
                  {
                    "apply_server_side_encryption_by_default": [
                      {
                        "kms_master_key_id": "arn:aws:kms:eu-west-2:181623394163:key/197bbe36-b994-4665-97f8-87e58fdb8836",
                        "sse_algorithm": "aws:kms"
                      }
                    ],
                    "bucket_key_enabled": false
                  }
                ]
              }
            ],
            "tags": {},
            "tags_all": {},
            "versioning": [
              {
                "enabled": true,
                "mfa_delete": false
              }
            ],
            "website": [],
            "website_domain": null,
            "website_endpoint": null
          },
          "sensitive_attributes": [],
          "private": "bnVsbA==",
          "dependencies": [
            "aws_kms_key.uat-kms-co"
          ]
        }
      ]
    },
    {
      "mode": "managed",
      "type": "aws_s3_bucket",
      "name": "uat-bcp-cloudwatch-co",
      "provider": "provider[\"registry.terraform.io/hashicorp/aws\"]",
      "instances": [
        {
          "schema_version": 0,
          "attributes": {
            "acceleration_status": "",
            "acl": "private",
            "arn": "arn:aws:s3:::uat-bcp-cloudwatch-co",
            "bucket": "uat-bcp-cloudwatch-co",
            "bucket_domain_name": "uat-bcp-cloudwatch-co.s3.amazonaws.com",
            "bucket_prefix": null,
            "bucket_regional_domain_name": "uat-bcp-cloudwatch-co.s3.eu-west-2.amazonaws.com",
            "cors_rule": [],
            "force_destroy": true,
            "grant": [],
            "hosted_zone_id": "Z3GKZC51ZF0DB4",
            "id": "uat-bcp-cloudwatch-co",
            "lifecycle_rule": [],
            "logging": [
              {
                "target_bucket": "uat-bcp-logs-co",
                "target_prefix": ""
              }
            ],
            "object_lock_configuration": [],
            "policy": null,
            "region": "eu-west-2",
            "replication_configuration": [],
            "request_payer": "BucketOwner",
            "server_side_encryption_configuration": [
              {
                "rule": [
                  {
                    "apply_server_side_encryption_by_default": [
                      {
                        "kms_master_key_id": "arn:aws:kms:eu-west-2:181623394163:key/197bbe36-b994-4665-97f8-87e58fdb8836",
                        "sse_algorithm": "aws:kms"
                      }
                    ],
                    "bucket_key_enabled": false
                  }
                ]
              }
            ],
            "tags": {},
            "tags_all": {},
            "versioning": [
              {
                "enabled": true,
                "mfa_delete": false
              }
            ],
            "website": [],
            "website_domain": null,
            "website_endpoint": null
          },
          "sensitive_attributes": [],
          "private": "bnVsbA==",
          "dependencies": [
            "aws_kms_key.uat-kms-co"
          ]
        }
      ]
    },
    {
      "mode": "managed",
      "type": "aws_s3_bucket",
      "name": "uat-bcp-logs-co",
      "provider": "provider[\"registry.terraform.io/hashicorp/aws\"]",
      "instances": [
        {
          "schema_version": 0,
          "attributes": {
            "acceleration_status": "",
            "acl": "private",
            "arn": "arn:aws:s3:::uat-bcp-logs-co",
            "bucket": "uat-bcp-logs-co",
            "bucket_domain_name": "uat-bcp-logs-co.s3.amazonaws.com",
            "bucket_prefix": null,
            "bucket_regional_domain_name": "uat-bcp-logs-co.s3.eu-west-2.amazonaws.com",
            "cors_rule": [],
            "force_destroy": true,
            "grant": [
              {
                "id": "",
                "permissions": [
                  "FULL_CONTROL"
                ],
                "type": "Group",
                "uri": "http://acs.amazonaws.com/groups/s3/LogDelivery"
              },
              {
                "id": "aeef684e617b694407271466389f347ede795639fc93eb5f000abfdf328f1340",
                "permissions": [
                  "FULL_CONTROL"
                ],
                "type": "CanonicalUser",
                "uri": ""
              }
            ],
            "hosted_zone_id": "Z3GKZC51ZF0DB4",
            "id": "uat-bcp-logs-co",
            "lifecycle_rule": [],
            "logging": [],
            "object_lock_configuration": [],
            "policy": null,
            "region": "eu-west-2",
            "replication_configuration": [],
            "request_payer": "BucketOwner",
            "server_side_encryption_configuration": [
              {
                "rule": [
                  {
                    "apply_server_side_encryption_by_default": [
                      {
                        "kms_master_key_id": "arn:aws:kms:eu-west-2:181623394163:key/197bbe36-b994-4665-97f8-87e58fdb8836",
                        "sse_algorithm": "aws:kms"
                      }
                    ],
                    "bucket_key_enabled": false
                  }
                ]
              }
            ],
            "tags": {},
            "tags_all": {},
            "versioning": [
              {
                "enabled": true,
                "mfa_delete": false
              }
            ],
            "website": [],
            "website_domain": null,
            "website_endpoint": null
          },
          "sensitive_attributes": [],
          "private": "bnVsbA==",
          "dependencies": [
            "aws_kms_key.uat-kms-co",
            "data.aws_canonical_user_id.current_user"
          ]
        }
      ]
    },
    {
      "mode": "managed",
      "type": "aws_s3_bucket",
      "name": "uat-bcp-maintenance-co",
      "provider": "provider[\"registry.terraform.io/hashicorp/aws\"]",
      "instances": [
        {
          "schema_version": 0,
          "attributes": {
            "acceleration_status": "",
            "acl": "public-read",
            "arn": "arn:aws:s3:::uat-bcp-maintenance-co",
            "bucket": "uat-bcp-maintenance-co",
            "bucket_domain_name": "uat-bcp-maintenance-co.s3.amazonaws.com",
            "bucket_prefix": null,
            "bucket_regional_domain_name": "uat-bcp-maintenance-co.s3.eu-west-2.amazonaws.com",
            "cors_rule": [],
            "force_destroy": true,
            "grant": [],
            "hosted_zone_id": "Z3GKZC51ZF0DB4",
            "id": "uat-bcp-maintenance-co",
            "lifecycle_rule": [],
            "logging": [
              {
                "target_bucket": "uat-bcp-logs-co",
                "target_prefix": ""
              }
            ],
            "object_lock_configuration": [],
            "policy": null,
            "region": "eu-west-2",
            "replication_configuration": [],
            "request_payer": "BucketOwner",
            "server_side_encryption_configuration": [],
            "tags": {},
            "tags_all": {},
            "versioning": [
              {
                "enabled": true,
                "mfa_delete": false
              }
            ],
            "website": [
              {
                "error_document": "index.html",
                "index_document": "index.html",
                "redirect_all_requests_to": "",
                "routing_rules": ""
              }
            ],
            "website_domain": "s3-website.eu-west-2.amazonaws.com",
            "website_endpoint": "uat-bcp-maintenance-co.s3-website.eu-west-2.amazonaws.com"
          },
          "sensitive_attributes": [],
          "private": "bnVsbA=="
        }
      ]
    },
    {
      "mode": "managed",
      "type": "aws_s3_bucket",
      "name": "uat-bcs-cloudfront-logs-co",
      "provider": "provider[\"registry.terraform.io/hashicorp/aws\"]",
      "instances": [
        {
          "schema_version": 0,
          "attributes": {
            "acceleration_status": "",
            "acl": "private",
            "arn": "arn:aws:s3:::uat-bcs-cloudfront-logs-co",
            "bucket": "uat-bcs-cloudfront-logs-co",
            "bucket_domain_name": "uat-bcs-cloudfront-logs-co.s3.amazonaws.com",
            "bucket_prefix": null,
            "bucket_regional_domain_name": "uat-bcs-cloudfront-logs-co.s3.eu-west-2.amazonaws.com",
            "cors_rule": [],
            "force_destroy": true,
            "grant": [
              {
                "id": "",
                "permissions": [
                  "FULL_CONTROL"
                ],
                "type": "Group",
                "uri": "http://acs.amazonaws.com/groups/s3/LogDelivery"
              },
              {
                "id": "aeef684e617b694407271466389f347ede795639fc93eb5f000abfdf328f1340",
                "permissions": [
                  "FULL_CONTROL"
                ],
                "type": "CanonicalUser",
                "uri": ""
              }
            ],
            "hosted_zone_id": "Z3GKZC51ZF0DB4",
            "id": "uat-bcs-cloudfront-logs-co",
            "lifecycle_rule": [],
            "logging": [
              {
                "target_bucket": "uat-bcp-logs-co",
                "target_prefix": ""
              }
            ],
            "object_lock_configuration": [],
            "policy": null,
            "region": "eu-west-2",
            "replication_configuration": [],
            "request_payer": "BucketOwner",
            "server_side_encryption_configuration": [
              {
                "rule": [
                  {
                    "apply_server_side_encryption_by_default": [
                      {
                        "kms_master_key_id": "arn:aws:kms:eu-west-2:181623394163:key/197bbe36-b994-4665-97f8-87e58fdb8836",
                        "sse_algorithm": "aws:kms"
                      }
                    ],
                    "bucket_key_enabled": false
                  }
                ]
              }
            ],
            "tags": {},
            "tags_all": {},
            "versioning": [
              {
                "enabled": true,
                "mfa_delete": false
              }
            ],
            "website": [],
            "website_domain": null,
            "website_endpoint": null
          },
          "sensitive_attributes": [],
          "private": "bnVsbA==",
          "dependencies": [
            "aws_kms_key.uat-kms-co",
            "data.aws_canonical_user_id.current_user"
          ]
        }
      ]
    },
    {
      "mode": "managed",
      "type": "aws_s3_bucket",
      "name": "uat-bcs-logs-co",
      "provider": "provider[\"registry.terraform.io/hashicorp/aws\"]",
      "instances": [
        {
          "schema_version": 0,
          "attributes": {
            "acceleration_status": "",
            "acl": "private",
            "arn": "arn:aws:s3:::uat-bcs-logs-co",
            "bucket": "uat-bcs-logs-co",
            "bucket_domain_name": "uat-bcs-logs-co.s3.amazonaws.com",
            "bucket_prefix": null,
            "bucket_regional_domain_name": "uat-bcs-logs-co.s3.eu-west-2.amazonaws.com",
            "cors_rule": [],
            "force_destroy": true,
            "grant": [],
            "hosted_zone_id": "Z3GKZC51ZF0DB4",
            "id": "uat-bcs-logs-co",
            "lifecycle_rule": [],
            "logging": [
              {
                "target_bucket": "uat-bcp-logs-co",
                "target_prefix": ""
              }
            ],
            "object_lock_configuration": [],
            "policy": null,
            "region": "eu-west-2",
            "replication_configuration": [],
            "request_payer": "BucketOwner",
            "server_side_encryption_configuration": [
              {
                "rule": [
                  {
                    "apply_server_side_encryption_by_default": [
                      {
                        "kms_master_key_id": "arn:aws:kms:eu-west-2:181623394163:key/197bbe36-b994-4665-97f8-87e58fdb8836",
                        "sse_algorithm": "aws:kms"
                      }
                    ],
                    "bucket_key_enabled": false
                  }
                ]
              }
            ],
            "tags": {},
            "tags_all": {},
            "versioning": [
              {
                "enabled": true,
                "mfa_delete": false
              }
            ],
            "website": [],
            "website_domain": null,
            "website_endpoint": null
          },
          "sensitive_attributes": [],
          "private": "bnVsbA==",
          "dependencies": [
            "aws_kms_key.uat-kms-co"
          ]
        }
      ]
    },
    {
      "mode": "managed",
      "type": "aws_s3_bucket",
      "name": "uat-bcw-cloudfront-logs-co",
      "provider": "provider[\"registry.terraform.io/hashicorp/aws\"]",
      "instances": [
        {
          "schema_version": 0,
          "attributes": {
            "acceleration_status": "",
            "acl": "private",
            "arn": "arn:aws:s3:::uat-bcw-cloudfront-logs-co",
            "bucket": "uat-bcw-cloudfront-logs-co",
            "bucket_domain_name": "uat-bcw-cloudfront-logs-co.s3.amazonaws.com",
            "bucket_prefix": null,
            "bucket_regional_domain_name": "uat-bcw-cloudfront-logs-co.s3.eu-west-2.amazonaws.com",
            "cors_rule": [],
            "force_destroy": true,
            "grant": [
              {
                "id": "",
                "permissions": [
                  "FULL_CONTROL"
                ],
                "type": "Group",
                "uri": "http://acs.amazonaws.com/groups/s3/LogDelivery"
              },
              {
                "id": "aeef684e617b694407271466389f347ede795639fc93eb5f000abfdf328f1340",
                "permissions": [
                  "FULL_CONTROL"
                ],
                "type": "CanonicalUser",
                "uri": ""
              }
            ],
            "hosted_zone_id": "Z3GKZC51ZF0DB4",
            "id": "uat-bcw-cloudfront-logs-co",
            "lifecycle_rule": [],
            "logging": [
              {
                "target_bucket": "uat-bcp-logs-co",
                "target_prefix": ""
              }
            ],
            "object_lock_configuration": [],
            "policy": null,
            "region": "eu-west-2",
            "replication_configuration": [],
            "request_payer": "BucketOwner",
            "server_side_encryption_configuration": [
              {
                "rule": [
                  {
                    "apply_server_side_encryption_by_default": [
                      {
                        "kms_master_key_id": "arn:aws:kms:eu-west-2:181623394163:key/197bbe36-b994-4665-97f8-87e58fdb8836",
                        "sse_algorithm": "aws:kms"
                      }
                    ],
                    "bucket_key_enabled": false
                  }
                ]
              }
            ],
            "tags": {},
            "tags_all": {},
            "versioning": [
              {
                "enabled": true,
                "mfa_delete": false
              }
            ],
            "website": [],
            "website_domain": null,
            "website_endpoint": null
          },
          "sensitive_attributes": [],
          "private": "bnVsbA==",
          "dependencies": [
            "aws_kms_key.uat-kms-co",
            "data.aws_canonical_user_id.current_user"
          ]
        }
      ]
    },
    {
      "mode": "managed",
      "type": "aws_s3_bucket",
      "name": "uat-bcw-logs-co",
      "provider": "provider[\"registry.terraform.io/hashicorp/aws\"]",
      "instances": [
        {
          "schema_version": 0,
          "attributes": {
            "acceleration_status": "",
            "acl": "private",
            "arn": "arn:aws:s3:::uat-bcw-logs-co",
            "bucket": "uat-bcw-logs-co",
            "bucket_domain_name": "uat-bcw-logs-co.s3.amazonaws.com",
            "bucket_prefix": null,
            "bucket_regional_domain_name": "uat-bcw-logs-co.s3.eu-west-2.amazonaws.com",
            "cors_rule": [],
            "force_destroy": true,
            "grant": [],
            "hosted_zone_id": "Z3GKZC51ZF0DB4",
            "id": "uat-bcw-logs-co",
            "lifecycle_rule": [],
            "logging": [
              {
                "target_bucket": "uat-bcp-logs-co",
                "target_prefix": ""
              }
            ],
            "object_lock_configuration": [],
            "policy": null,
            "region": "eu-west-2",
            "replication_configuration": [],
            "request_payer": "BucketOwner",
            "server_side_encryption_configuration": [
              {
                "rule": [
                  {
                    "apply_server_side_encryption_by_default": [
                      {
                        "kms_master_key_id": "arn:aws:kms:eu-west-2:181623394163:key/197bbe36-b994-4665-97f8-87e58fdb8836",
                        "sse_algorithm": "aws:kms"
                      }
                    ],
                    "bucket_key_enabled": false
                  }
                ]
              }
            ],
            "tags": {},
            "tags_all": {},
            "versioning": [
              {
                "enabled": true,
                "mfa_delete": false
              }
            ],
            "website": [],
            "website_domain": null,
            "website_endpoint": null
          },
          "sensitive_attributes": [],
          "private": "bnVsbA==",
          "dependencies": [
            "aws_kms_key.uat-kms-co"
          ]
        }
      ]
    },
    {
      "mode": "managed",
      "type": "aws_s3_bucket",
      "name": "uat-cffg-cloudfront-logs-co",
      "provider": "provider[\"registry.terraform.io/hashicorp/aws\"]",
      "instances": [
        {
          "schema_version": 0,
          "attributes": {
            "acceleration_status": "",
            "acl": "private",
            "arn": "arn:aws:s3:::uat-cffg-cloudfront-logs-co",
            "bucket": "uat-cffg-cloudfront-logs-co",
            "bucket_domain_name": "uat-cffg-cloudfront-logs-co.s3.amazonaws.com",
            "bucket_prefix": null,
            "bucket_regional_domain_name": "uat-cffg-cloudfront-logs-co.s3.eu-west-2.amazonaws.com",
            "cors_rule": [],
            "force_destroy": true,
            "grant": [
              {
                "id": "",
                "permissions": [
                  "FULL_CONTROL"
                ],
                "type": "Group",
                "uri": "http://acs.amazonaws.com/groups/s3/LogDelivery"
              },
              {
                "id": "aeef684e617b694407271466389f347ede795639fc93eb5f000abfdf328f1340",
                "permissions": [
                  "FULL_CONTROL"
                ],
                "type": "CanonicalUser",
                "uri": ""
              }
            ],
            "hosted_zone_id": "Z3GKZC51ZF0DB4",
            "id": "uat-cffg-cloudfront-logs-co",
            "lifecycle_rule": [],
            "logging": [
              {
                "target_bucket": "uat-bcp-logs-co",
                "target_prefix": ""
              }
            ],
            "object_lock_configuration": [],
            "policy": null,
            "region": "eu-west-2",
            "replication_configuration": [],
            "request_payer": "BucketOwner",
            "server_side_encryption_configuration": [
              {
                "rule": [
                  {
                    "apply_server_side_encryption_by_default": [
                      {
                        "kms_master_key_id": "arn:aws:kms:eu-west-2:181623394163:key/197bbe36-b994-4665-97f8-87e58fdb8836",
                        "sse_algorithm": "aws:kms"
                      }
                    ],
                    "bucket_key_enabled": false
                  }
                ]
              }
            ],
            "tags": {},
            "tags_all": {},
            "versioning": [
              {
                "enabled": true,
                "mfa_delete": false
              }
            ],
            "website": [],
            "website_domain": null,
            "website_endpoint": null
          },
          "sensitive_attributes": [],
          "private": "bnVsbA==",
          "dependencies": [
            "aws_kms_key.uat-kms-co",
            "data.aws_canonical_user_id.current_user"
          ]
        }
      ]
    },
    {
      "mode": "managed",
      "type": "aws_s3_bucket",
      "name": "uat-cffg-logs-co",
      "provider": "provider[\"registry.terraform.io/hashicorp/aws\"]",
      "instances": [
        {
          "schema_version": 0,
          "attributes": {
            "acceleration_status": "",
            "acl": "private",
            "arn": "arn:aws:s3:::uat-cffg-logs-co",
            "bucket": "uat-cffg-logs-co",
            "bucket_domain_name": "uat-cffg-logs-co.s3.amazonaws.com",
            "bucket_prefix": null,
            "bucket_regional_domain_name": "uat-cffg-logs-co.s3.eu-west-2.amazonaws.com",
            "cors_rule": [],
            "force_destroy": true,
            "grant": [],
            "hosted_zone_id": "Z3GKZC51ZF0DB4",
            "id": "uat-cffg-logs-co",
            "lifecycle_rule": [],
            "logging": [
              {
                "target_bucket": "uat-bcp-logs-co",
                "target_prefix": ""
              }
            ],
            "object_lock_configuration": [],
            "policy": null,
            "region": "eu-west-2",
            "replication_configuration": [],
            "request_payer": "BucketOwner",
            "server_side_encryption_configuration": [
              {
                "rule": [
                  {
                    "apply_server_side_encryption_by_default": [
                      {
                        "kms_master_key_id": "arn:aws:kms:eu-west-2:181623394163:key/197bbe36-b994-4665-97f8-87e58fdb8836",
                        "sse_algorithm": "aws:kms"
                      }
                    ],
                    "bucket_key_enabled": false
                  }
                ]
              }
            ],
            "tags": {},
            "tags_all": {},
            "versioning": [
              {
                "enabled": true,
                "mfa_delete": false
              }
            ],
            "website": [],
            "website_domain": null,
            "website_endpoint": null
          },
          "sensitive_attributes": [],
          "private": "bnVsbA==",
          "dependencies": [
            "aws_kms_key.uat-kms-co"
          ]
        }
      ]
    },
    {
      "mode": "managed",
      "type": "aws_s3_bucket_policy",
      "name": "uat-public-read-co",
      "provider": "provider[\"registry.terraform.io/hashicorp/aws\"]",
      "instances": [
        {
          "schema_version": 0,
          "attributes": {
            "bucket": "uat-bcp-maintenance-co",
            "id": "uat-bcp-maintenance-co",
            "policy": "{\"Version\":\"2012-10-17\",\"Statement\":[{\"Sid\":\"PublicReadGetObject\",\"Effect\":\"Allow\",\"Principal\":\"*\",\"Action\":\"s3:GetObject\",\"Resource\":[\"arn:aws:s3:::uat-bcp-maintenance-co\",\"arn:aws:s3:::uat-bcp-maintenance-co/*\"]}]}"
          },
          "sensitive_attributes": [],
          "private": "bnVsbA==",
          "dependencies": [
            "aws_s3_bucket.uat-bcp-maintenance-co"
          ]
        }
      ]
    },
    {
      "mode": "managed",
      "type": "aws_s3_bucket_public_access_block",
      "name": "bcp-uat-cloudtrail-co",
      "provider": "provider[\"registry.terraform.io/hashicorp/aws\"]",
      "instances": [
        {
          "schema_version": 0,
          "attributes": {
            "block_public_acls": true,
            "block_public_policy": true,
            "bucket": "bcp-uat-cloudtrail-co",
            "id": "bcp-uat-cloudtrail-co",
            "ignore_public_acls": true,
            "restrict_public_buckets": true
          },
          "sensitive_attributes": [],
          "private": "bnVsbA==",
          "dependencies": [
            "aws_kms_key.uat-kms-co",
            "aws_s3_bucket.bcp-uat-cloudtrail-co"
          ]
        }
      ]
    },
    {
      "mode": "managed",
      "type": "aws_s3_bucket_public_access_block",
      "name": "uat-bce-cloudfront-logs-co",
      "provider": "provider[\"registry.terraform.io/hashicorp/aws\"]",
      "instances": [
        {
          "schema_version": 0,
          "attributes": {
            "block_public_acls": true,
            "block_public_policy": true,
            "bucket": "uat-bce-cloudfront-logs-co",
            "id": "uat-bce-cloudfront-logs-co",
            "ignore_public_acls": true,
            "restrict_public_buckets": true
          },
          "sensitive_attributes": [],
          "private": "bnVsbA==",
          "dependencies": [
            "aws_kms_key.uat-kms-co",
            "aws_s3_bucket.uat-bce-cloudfront-logs-co",
            "data.aws_canonical_user_id.current_user"
          ]
        }
      ]
    },
    {
      "mode": "managed",
      "type": "aws_s3_bucket_public_access_block",
      "name": "uat-bce-logs-co",
      "provider": "provider[\"registry.terraform.io/hashicorp/aws\"]",
      "instances": [
        {
          "schema_version": 0,
          "attributes": {
            "block_public_acls": true,
            "block_public_policy": true,
            "bucket": "uat-bce-logs-co",
            "id": "uat-bce-logs-co",
            "ignore_public_acls": true,
            "restrict_public_buckets": true
          },
          "sensitive_attributes": [],
          "private": "bnVsbA==",
          "dependencies": [
            "aws_kms_key.uat-kms-co",
            "aws_s3_bucket.uat-bce-logs-co"
          ]
        }
      ]
    },
    {
      "mode": "managed",
      "type": "aws_s3_bucket_public_access_block",
      "name": "uat-bce-test-co",
      "provider": "provider[\"registry.terraform.io/hashicorp/aws\"]",
      "instances": [
        {
          "schema_version": 0,
          "attributes": {
            "block_public_acls": true,
            "block_public_policy": true,
            "bucket": "uat-bce-test-co",
            "id": "uat-bce-test-co",
            "ignore_public_acls": true,
            "restrict_public_buckets": true
          },
          "sensitive_attributes": [],
          "private": "bnVsbA==",
          "dependencies": [
            "aws_kms_key.uat-kms-co",
            "aws_s3_bucket.uat-bce-test-co"
          ]
        }
      ]
    },
    {
      "mode": "managed",
      "type": "aws_s3_bucket_public_access_block",
      "name": "uat-bcp-cloudwatch-co",
      "provider": "provider[\"registry.terraform.io/hashicorp/aws\"]",
      "instances": [
        {
          "schema_version": 0,
          "attributes": {
            "block_public_acls": true,
            "block_public_policy": true,
            "bucket": "uat-bcp-cloudwatch-co",
            "id": "uat-bcp-cloudwatch-co",
            "ignore_public_acls": true,
            "restrict_public_buckets": true
          },
          "sensitive_attributes": [],
          "private": "bnVsbA==",
          "dependencies": [
            "aws_kms_key.uat-kms-co",
            "aws_s3_bucket.uat-bcp-cloudwatch-co"
          ]
        }
      ]
    },
    {
      "mode": "managed",
      "type": "aws_s3_bucket_public_access_block",
      "name": "uat-bcp-logs-co",
      "provider": "provider[\"registry.terraform.io/hashicorp/aws\"]",
      "instances": [
        {
          "schema_version": 0,
          "attributes": {
            "block_public_acls": true,
            "block_public_policy": true,
            "bucket": "uat-bcp-logs-co",
            "id": "uat-bcp-logs-co",
            "ignore_public_acls": true,
            "restrict_public_buckets": true
          },
          "sensitive_attributes": [],
          "private": "bnVsbA==",
          "dependencies": [
            "aws_kms_key.uat-kms-co",
            "aws_s3_bucket.uat-bcp-logs-co",
            "data.aws_canonical_user_id.current_user"
          ]
        }
      ]
    },
    {
      "mode": "managed",
      "type": "aws_s3_bucket_public_access_block",
      "name": "uat-bcs-cloudfront-logs-co",
      "provider": "provider[\"registry.terraform.io/hashicorp/aws\"]",
      "instances": [
        {
          "schema_version": 0,
          "attributes": {
            "block_public_acls": true,
            "block_public_policy": true,
            "bucket": "uat-bcs-cloudfront-logs-co",
            "id": "uat-bcs-cloudfront-logs-co",
            "ignore_public_acls": true,
            "restrict_public_buckets": true
          },
          "sensitive_attributes": [],
          "private": "bnVsbA==",
          "dependencies": [
            "aws_kms_key.uat-kms-co",
            "aws_s3_bucket.uat-bcs-cloudfront-logs-co",
            "data.aws_canonical_user_id.current_user"
          ]
        }
      ]
    },
    {
      "mode": "managed",
      "type": "aws_s3_bucket_public_access_block",
      "name": "uat-bcs-logs-co",
      "provider": "provider[\"registry.terraform.io/hashicorp/aws\"]",
      "instances": [
        {
          "schema_version": 0,
          "attributes": {
            "block_public_acls": true,
            "block_public_policy": true,
            "bucket": "uat-bcs-logs-co",
            "id": "uat-bcs-logs-co",
            "ignore_public_acls": true,
            "restrict_public_buckets": true
          },
          "sensitive_attributes": [],
          "private": "bnVsbA==",
          "dependencies": [
            "aws_kms_key.uat-kms-co",
            "aws_s3_bucket.uat-bcs-logs-co"
          ]
        }
      ]
    },
    {
      "mode": "managed",
      "type": "aws_s3_bucket_public_access_block",
      "name": "uat-bcw-cloudfront-logs-co",
      "provider": "provider[\"registry.terraform.io/hashicorp/aws\"]",
      "instances": [
        {
          "schema_version": 0,
          "attributes": {
            "block_public_acls": true,
            "block_public_policy": true,
            "bucket": "uat-bcw-cloudfront-logs-co",
            "id": "uat-bcw-cloudfront-logs-co",
            "ignore_public_acls": true,
            "restrict_public_buckets": true
          },
          "sensitive_attributes": [],
          "private": "bnVsbA==",
          "dependencies": [
            "aws_kms_key.uat-kms-co",
            "aws_s3_bucket.uat-bcw-cloudfront-logs-co",
            "data.aws_canonical_user_id.current_user"
          ]
        }
      ]
    },
    {
      "mode": "managed",
      "type": "aws_s3_bucket_public_access_block",
      "name": "uat-bcw-logs-co",
      "provider": "provider[\"registry.terraform.io/hashicorp/aws\"]",
      "instances": [
        {
          "schema_version": 0,
          "attributes": {
            "block_public_acls": true,
            "block_public_policy": true,
            "bucket": "uat-bcw-logs-co",
            "id": "uat-bcw-logs-co",
            "ignore_public_acls": true,
            "restrict_public_buckets": true
          },
          "sensitive_attributes": [],
          "private": "bnVsbA==",
          "dependencies": [
            "aws_kms_key.uat-kms-co",
            "aws_s3_bucket.uat-bcw-logs-co"
          ]
        }
      ]
    },
    {
      "mode": "managed",
      "type": "aws_s3_bucket_public_access_block",
      "name": "uat-cffg-cloudfront-logs-co",
      "provider": "provider[\"registry.terraform.io/hashicorp/aws\"]",
      "instances": [
        {
          "schema_version": 0,
          "attributes": {
            "block_public_acls": true,
            "block_public_policy": true,
            "bucket": "uat-cffg-cloudfront-logs-co",
            "id": "uat-cffg-cloudfront-logs-co",
            "ignore_public_acls": true,
            "restrict_public_buckets": true
          },
          "sensitive_attributes": [],
          "private": "bnVsbA==",
          "dependencies": [
            "aws_kms_key.uat-kms-co",
            "aws_s3_bucket.uat-cffg-cloudfront-logs-co",
            "data.aws_canonical_user_id.current_user"
          ]
        }
      ]
    },
    {
      "mode": "managed",
      "type": "aws_s3_bucket_public_access_block",
      "name": "uat-cffg-logs-co",
      "provider": "provider[\"registry.terraform.io/hashicorp/aws\"]",
      "instances": [
        {
          "schema_version": 0,
          "attributes": {
            "block_public_acls": true,
            "block_public_policy": true,
            "bucket": "uat-cffg-logs-co",
            "id": "uat-cffg-logs-co",
            "ignore_public_acls": true,
            "restrict_public_buckets": true
          },
          "sensitive_attributes": [],
          "private": "bnVsbA==",
          "dependencies": [
            "aws_kms_key.uat-kms-co",
            "aws_s3_bucket.uat-cffg-logs-co"
          ]
        }
      ]
    },
    {
      "mode": "managed",
      "type": "aws_waf_ipset",
      "name": "uat-bce-waf-ip-b",
      "provider": "provider[\"registry.terraform.io/hashicorp/aws\"]",
      "instances": [
        {
          "schema_version": 0,
          "attributes": {
            "arn": "arn:aws:waf::181623394163:ipset/cd4cc5cd-7721-4741-a36b-73c9c43d8fb9",
            "id": "cd4cc5cd-7721-4741-a36b-73c9c43d8fb9",
            "ip_set_descriptors": [
              {
                "type": "IPV4",
                "value": "213.160.107.50/32"
              },
              {
                "type": "IPV4",
                "value": "51.149.9.112/29"
              },
              {
                "type": "IPV4",
                "value": "51.149.9.240/29"
              },
              {
                "type": "IPV4",
                "value": "92.54.181.130/32"
              }
            ],
            "name": "uat-bce-waf-ip-b"
          },
          "sensitive_attributes": [],
          "private": "bnVsbA=="
        }
      ]
    },
    {
      "mode": "managed",
      "type": "aws_waf_ipset",
      "name": "uat-bcs-waf-ip-b",
      "provider": "provider[\"registry.terraform.io/hashicorp/aws\"]",
      "instances": [
        {
          "schema_version": 0,
          "attributes": {
            "arn": "arn:aws:waf::181623394163:ipset/cb5a4eb3-e939-4f2f-97af-d72c4b3d9bc0",
            "id": "cb5a4eb3-e939-4f2f-97af-d72c4b3d9bc0",
            "ip_set_descriptors": [
              {
                "type": "IPV4",
                "value": "164.134.1.133/32"
              },
              {
                "type": "IPV4",
                "value": "164.134.2.0/24"
              },
              {
                "type": "IPV4",
                "value": "164.134.2.12/32"
              },
              {
                "type": "IPV4",
                "value": "164.134.2.3/32"
              },
              {
                "type": "IPV4",
                "value": "164.134.2.67/32"
              },
              {
                "type": "IPV4",
                "value": "164.134.3.132/32"
              },
              {
                "type": "IPV4",
                "value": "164.134.6.220/32"
              },
              {
                "type": "IPV4",
                "value": "164.134.6.244/32"
              },
              {
                "type": "IPV4",
                "value": "213.160.107.50/32"
              },
              {
                "type": "IPV4",
                "value": "92.54.181.130/32"
              }
            ],
            "name": "uat-bcs-waf-ip-b"
          },
          "sensitive_attributes": [],
          "private": "bnVsbA=="
        }
      ]
    },
    {
      "mode": "managed",
      "type": "aws_waf_ipset",
      "name": "uat-bcw-waf-ip-b",
      "provider": "provider[\"registry.terraform.io/hashicorp/aws\"]",
      "instances": [
        {
          "schema_version": 0,
          "attributes": {
            "arn": "arn:aws:waf::181623394163:ipset/d27af704-9dc5-4fdf-a23d-1310835be191",
            "id": "d27af704-9dc5-4fdf-a23d-1310835be191",
            "ip_set_descriptors": [
              {
                "type": "IPV4",
                "value": "147.161.166.0/24"
              },
              {
                "type": "IPV4",
                "value": "165.225.196.0/24"
              },
              {
                "type": "IPV4",
                "value": "165.225.197.0/24"
              },
              {
                "type": "IPV4",
                "value": "165.225.198.0/24"
              },
              {
                "type": "IPV4",
                "value": "165.225.80.0/24"
              },
              {
                "type": "IPV4",
                "value": "213.160.107.50/32"
              },
              {
                "type": "IPV4",
                "value": "92.54.181.130/32"
              }
            ],
            "name": "uat-bcw-waf-ip-b"
          },
          "sensitive_attributes": [],
          "private": "bnVsbA=="
        }
      ]
    },
    {
      "mode": "managed",
      "type": "aws_waf_ipset",
      "name": "uat-cffg-waf-ip-b",
      "provider": "provider[\"registry.terraform.io/hashicorp/aws\"]",
      "instances": [
        {
          "schema_version": 0,
          "attributes": {
            "arn": "arn:aws:waf::181623394163:ipset/2969b500-f1e8-4061-93fc-a0f6549df9cd",
            "id": "2969b500-f1e8-4061-93fc-a0f6549df9cd",
            "ip_set_descriptors": [
              {
                "type": "IPV4",
                "value": "213.160.107.50/32"
              },
              {
                "type": "IPV4",
                "value": "92.54.181.130/32"
              }
            ],
            "name": "uat-cffg-waf-ip-b"
          },
          "sensitive_attributes": [],
          "private": "bnVsbA=="
        }
      ]
    },
    {
      "mode": "managed",
      "type": "aws_waf_rule",
      "name": "uat-bce-waf-rule-b",
      "provider": "provider[\"registry.terraform.io/hashicorp/aws\"]",
      "instances": [
        {
          "schema_version": 0,
          "attributes": {
            "arn": "arn:aws:waf::181623394163:rule/f7a62681-ed14-4f6d-b448-687162f9bb26",
            "id": "f7a62681-ed14-4f6d-b448-687162f9bb26",
            "metric_name": "UatBceWafRuleB",
            "name": "uat-bce-waf-rule-b",
            "predicates": [
              {
                "data_id": "cd4cc5cd-7721-4741-a36b-73c9c43d8fb9",
                "negated": false,
                "type": "IPMatch"
              }
            ],
            "tags": {},
            "tags_all": {}
          },
          "sensitive_attributes": [],
          "private": "bnVsbA==",
          "dependencies": [
            "aws_waf_ipset.uat-bce-waf-ip-b"
          ]
        }
      ]
    },
    {
      "mode": "managed",
      "type": "aws_waf_rule",
      "name": "uat-bcs-waf-rule-b",
      "provider": "provider[\"registry.terraform.io/hashicorp/aws\"]",
      "instances": [
        {
          "schema_version": 0,
          "attributes": {
            "arn": "arn:aws:waf::181623394163:rule/ca86ddd1-d11f-4b54-9564-07a6efcc2885",
            "id": "ca86ddd1-d11f-4b54-9564-07a6efcc2885",
            "metric_name": "UatBcsWafRuleB",
            "name": "uat-bcs-waf-rule-b",
            "predicates": [
              {
                "data_id": "cb5a4eb3-e939-4f2f-97af-d72c4b3d9bc0",
                "negated": false,
                "type": "IPMatch"
              }
            ],
            "tags": {},
            "tags_all": {}
          },
          "sensitive_attributes": [],
          "private": "bnVsbA==",
          "dependencies": [
            "aws_waf_ipset.uat-bcs-waf-ip-b"
          ]
        }
      ]
    },
    {
      "mode": "managed",
      "type": "aws_waf_rule",
      "name": "uat-bcw-waf-rule-b",
      "provider": "provider[\"registry.terraform.io/hashicorp/aws\"]",
      "instances": [
        {
          "schema_version": 0,
          "attributes": {
            "arn": "arn:aws:waf::181623394163:rule/94ea29a5-dcea-4773-828f-b8d02f81ccc1",
            "id": "94ea29a5-dcea-4773-828f-b8d02f81ccc1",
            "metric_name": "UatBcwWafRuleB",
            "name": "uat-bcw-waf-rule-b",
            "predicates": [
              {
                "data_id": "d27af704-9dc5-4fdf-a23d-1310835be191",
                "negated": false,
                "type": "IPMatch"
              }
            ],
            "tags": {},
            "tags_all": {}
          },
          "sensitive_attributes": [],
          "private": "bnVsbA==",
          "dependencies": [
            "aws_waf_ipset.uat-bcw-waf-ip-b"
          ]
        }
      ]
    },
    {
      "mode": "managed",
      "type": "aws_waf_rule",
      "name": "uat-cffg-waf-rule-b",
      "provider": "provider[\"registry.terraform.io/hashicorp/aws\"]",
      "instances": [
        {
          "schema_version": 0,
          "attributes": {
            "arn": "arn:aws:waf::181623394163:rule/2e4c2b75-7a00-47cc-94b8-2711666ab7d3",
            "id": "2e4c2b75-7a00-47cc-94b8-2711666ab7d3",
            "metric_name": "UatCffgWafRuleB",
            "name": "uat-cffg-waf-rule-b",
            "predicates": [
              {
                "data_id": "2969b500-f1e8-4061-93fc-a0f6549df9cd",
                "negated": false,
                "type": "IPMatch"
              }
            ],
            "tags": {},
            "tags_all": {}
          },
          "sensitive_attributes": [],
          "private": "bnVsbA==",
          "dependencies": [
            "aws_waf_ipset.uat-cffg-waf-ip-b"
          ]
        }
      ]
    },
    {
      "mode": "managed",
      "type": "aws_waf_web_acl",
      "name": "uat-bce-waf-acl-b",
      "provider": "provider[\"registry.terraform.io/hashicorp/aws\"]",
      "instances": [
        {
          "schema_version": 0,
          "attributes": {
            "arn": "arn:aws:waf::181623394163:webacl/56335450-a622-466d-bde7-4a164108df61",
            "default_action": [
              {
                "type": "BLOCK"
              }
            ],
            "id": "56335450-a622-466d-bde7-4a164108df61",
            "logging_configuration": [],
            "metric_name": "UatBceWafAclB",
            "name": "uat-bce-waf-acl-b",
            "rules": [
              {
                "action": [
                  {
                    "type": "ALLOW"
                  }
                ],
                "override_action": [],
                "priority": 1,
                "rule_id": "f7a62681-ed14-4f6d-b448-687162f9bb26",
                "type": "REGULAR"
              }
            ],
            "tags": {},
            "tags_all": {}
          },
          "sensitive_attributes": [],
          "private": "bnVsbA==",
          "dependencies": [
            "aws_waf_ipset.uat-bce-waf-ip-b",
            "aws_waf_rule.uat-bce-waf-rule-b"
          ]
        }
      ]
    },
    {
      "mode": "managed",
      "type": "aws_waf_web_acl",
      "name": "uat-bcs-waf-acl-b",
      "provider": "provider[\"registry.terraform.io/hashicorp/aws\"]",
      "instances": [
        {
          "schema_version": 0,
          "attributes": {
            "arn": "arn:aws:waf::181623394163:webacl/78dc39fc-e647-4c61-8bab-f0e4fbc57536",
            "default_action": [
              {
                "type": "BLOCK"
              }
            ],
            "id": "78dc39fc-e647-4c61-8bab-f0e4fbc57536",
            "logging_configuration": [],
            "metric_name": "UatBcsWafAclB",
            "name": "uat-bcs-waf-acl-b",
            "rules": [
              {
                "action": [
                  {
                    "type": "ALLOW"
                  }
                ],
                "override_action": [],
                "priority": 1,
                "rule_id": "ca86ddd1-d11f-4b54-9564-07a6efcc2885",
                "type": "REGULAR"
              }
            ],
            "tags": {},
            "tags_all": {}
          },
          "sensitive_attributes": [],
          "private": "bnVsbA==",
          "dependencies": [
            "aws_waf_ipset.uat-bcs-waf-ip-b",
            "aws_waf_rule.uat-bcs-waf-rule-b"
          ]
        }
      ]
    },
    {
      "mode": "managed",
      "type": "aws_waf_web_acl",
      "name": "uat-bcw-waf-acl-b",
      "provider": "provider[\"registry.terraform.io/hashicorp/aws\"]",
      "instances": [
        {
          "schema_version": 0,
          "attributes": {
            "arn": "arn:aws:waf::181623394163:webacl/c9311afd-c5ed-4a40-94fb-363f67112757",
            "default_action": [
              {
                "type": "BLOCK"
              }
            ],
            "id": "c9311afd-c5ed-4a40-94fb-363f67112757",
            "logging_configuration": [],
            "metric_name": "UatBcwWafAclB",
            "name": "uat-bcw-waf-acl-b",
            "rules": [
              {
                "action": [
                  {
                    "type": "ALLOW"
                  }
                ],
                "override_action": [],
                "priority": 1,
                "rule_id": "94ea29a5-dcea-4773-828f-b8d02f81ccc1",
                "type": "REGULAR"
              }
            ],
            "tags": {},
            "tags_all": {}
          },
          "sensitive_attributes": [],
          "private": "bnVsbA==",
          "dependencies": [
            "aws_waf_ipset.uat-bcw-waf-ip-b",
            "aws_waf_rule.uat-bcw-waf-rule-b"
          ]
        }
      ]
    },
    {
      "mode": "managed",
      "type": "aws_waf_web_acl",
      "name": "uat-cffg-waf-acl-b",
      "provider": "provider[\"registry.terraform.io/hashicorp/aws\"]",
      "instances": [
        {
          "schema_version": 0,
          "attributes": {
            "arn": "arn:aws:waf::181623394163:webacl/1f285b72-6eb1-4aa6-84c1-0fedb8d027bf",
            "default_action": [
              {
                "type": "BLOCK"
              }
            ],
            "id": "1f285b72-6eb1-4aa6-84c1-0fedb8d027bf",
            "logging_configuration": [],
            "metric_name": "UatCffgWafAclB",
            "name": "uat-cffg-waf-acl-b",
            "rules": [
              {
                "action": [
                  {
                    "type": "ALLOW"
                  }
                ],
                "override_action": [],
                "priority": 1,
                "rule_id": "2e4c2b75-7a00-47cc-94b8-2711666ab7d3",
                "type": "REGULAR"
              }
            ],
            "tags": {},
            "tags_all": {}
          },
          "sensitive_attributes": [],
          "private": "bnVsbA==",
          "dependencies": [
            "aws_waf_ipset.uat-cffg-waf-ip-b",
            "aws_waf_rule.uat-cffg-waf-rule-b"
          ]
        }
      ]
    }
  ]
}
