{
  "version": 4,
  "terraform_version": "0.14.7",
  "serial": 908,
  "lineage": "0ea127ff-8d75-123a-4e12-25c30481e78d",
  "outputs": {},
  "resources": [
    {
      "mode": "data",
      "type": "archive_file",
      "name": "prod_log_exporter",
      "provider": "provider[\"registry.terraform.io/hashicorp/archive\"]",
      "instances": [
        {
          "schema_version": 0,
          "attributes": {
            "excludes": null,
            "id": "bd45810f6df1b6f2a6392375e4ee84f3c2cfeb56",
            "output_base64sha256": "5JPs/3KwI4+gWvcH6KgOG2HInzorMS9GxRCQcXWBCXY=",
            "output_file_mode": null,
            "output_md5": "8bf08899f9a2ddb24c35a3be364a95ee",
            "output_path": "./lambda/tmp/cloudwatch-to-s3.zip",
            "output_sha": "bd45810f6df1b6f2a6392375e4ee84f3c2cfeb56",
            "output_size": 1096,
            "source": [],
            "source_content": null,
            "source_content_filename": null,
            "source_dir": null,
            "source_file": "./lambda/cloudwatch-to-s3.py",
            "type": "zip"
          },
          "sensitive_attributes": []
        }
      ]
    },
    {
      "mode": "data",
      "type": "aws_caller_identity",
      "name": "current",
      "provider": "provider[\"registry.terraform.io/hashicorp/aws\"]",
      "instances": [
        {
          "schema_version": 0,
          "attributes": {
            "account_id": "975971611990",
            "arn": "arn:aws:iam::975971611990:user/matthew.rawling@informed.com",
            "id": "975971611990",
            "user_id": "AIDA6GPDQ6VLKH4QHIIT4"
          },
          "sensitive_attributes": []
        }
      ]
    },
    {
      "mode": "data",
      "type": "aws_caller_identity",
      "name": "current1",
      "provider": "provider[\"registry.terraform.io/hashicorp/aws\"]",
      "instances": [
        {
          "schema_version": 0,
          "attributes": {
            "account_id": "975971611990",
            "arn": "arn:aws:iam::975971611990:user/matthew.rawling@informed.com",
            "id": "975971611990",
            "user_id": "AIDA6GPDQ6VLKH4QHIIT4"
          },
          "sensitive_attributes": []
        }
      ]
    },
    {
      "mode": "data",
      "type": "aws_canonical_user_id",
      "name": "current_user",
      "provider": "provider[\"registry.terraform.io/hashicorp/aws\"]",
      "instances": [
        {
          "schema_version": 0,
          "attributes": {
            "display_name": "",
            "id": "7307b95aa6ac0c58ff934c1813d89bcccc87227b7d3dc1a5b109ac1545b5908f"
          },
          "sensitive_attributes": []
        }
      ]
    },
    {
      "mode": "data",
      "type": "aws_db_snapshot",
      "name": "prod-snap",
      "provider": "provider[\"registry.terraform.io/hashicorp/aws\"]",
      "instances": [
        {
          "schema_version": 0,
          "attributes": {
            "allocated_storage": 100,
            "availability_zone": "eu-west-2a",
            "db_instance_identifier": "prod-bcp-db",
            "db_snapshot_arn": "arn:aws:rds:eu-west-2:975971611990:snapshot:rds:prod-bcp-db-2021-09-15-02-05",
            "db_snapshot_identifier": "rds:prod-bcp-db-2021-09-15-02-05",
            "encrypted": true,
            "engine": "mysql",
            "engine_version": "8.0.23",
            "id": "rds:prod-bcp-db-2021-09-15-02-05",
            "include_public": false,
            "include_shared": false,
            "iops": 0,
            "kms_key_id": "arn:aws:kms:eu-west-2:975971611990:key/f356a288-0fce-475a-8223-bd380f9d93cf",
            "license_model": "general-public-license",
            "most_recent": true,
            "option_group_name": "default:mysql-8-0",
            "port": 3306,
            "snapshot_create_time": "2021-09-15T02:05:34Z",
            "snapshot_type": "automated",
            "source_db_snapshot_identifier": "",
            "source_region": "",
            "status": "available",
            "storage_type": "gp2",
            "vpc_id": "vpc-029a5079dd9c90d0a"
          },
          "sensitive_attributes": []
        }
      ]
    },
    {
      "mode": "data",
      "type": "aws_elb_service_account",
      "name": "main",
      "provider": "provider[\"registry.terraform.io/hashicorp/aws\"]",
      "instances": [
        {
          "schema_version": 0,
          "attributes": {
            "arn": "arn:aws:iam::652711504416:root",
            "id": "652711504416",
            "region": null
          },
          "sensitive_attributes": []
        }
      ]
    },
    {
      "mode": "data",
      "type": "aws_iam_policy_document",
      "name": "prod_inspector_event_role_policy",
      "provider": "provider[\"registry.terraform.io/hashicorp/aws\"]",
      "instances": [
        {
          "schema_version": 0,
          "attributes": {
            "id": "2380982186",
            "json": "{\n  \"Version\": \"2012-10-17\",\n  \"Statement\": [\n    {\n      \"Sid\": \"StartAssessment\",\n      \"Effect\": \"Allow\",\n      \"Action\": \"inspector:StartAssessmentRun\",\n      \"Resource\": \"*\"\n    }\n  ]\n}",
            "override_json": null,
            "override_policy_documents": null,
            "policy_id": null,
            "source_json": null,
            "source_policy_documents": null,
            "statement": [
              {
                "actions": [
                  "inspector:StartAssessmentRun"
                ],
                "condition": [],
                "effect": "Allow",
                "not_actions": [],
                "not_principals": [],
                "not_resources": [],
                "principals": [],
                "resources": [
                  "*"
                ],
                "sid": "StartAssessment"
              }
            ],
            "version": "2012-10-17"
          },
          "sensitive_attributes": []
        }
      ]
    },
    {
      "mode": "data",
      "type": "aws_region",
      "name": "current",
      "provider": "provider[\"registry.terraform.io/hashicorp/aws\"]",
      "instances": [
        {
          "schema_version": 0,
          "attributes": {
            "description": "Europe (London)",
            "endpoint": "ec2.eu-west-2.amazonaws.com",
            "id": "eu-west-2",
            "name": "eu-west-2"
          },
          "sensitive_attributes": []
        }
      ]
    },
    {
      "mode": "managed",
      "type": "aws_alb_listener",
      "name": "prod-bce-app-alb-listener",
      "provider": "provider[\"registry.terraform.io/hashicorp/aws\"]",
      "instances": [
        {
          "schema_version": 0,
          "attributes": {
            "alpn_policy": null,
            "arn": "arn:aws:elasticloadbalancing:eu-west-2:975971611990:listener/app/prod-bce-app-alb/eb6057fe311ae623/1440a628c63fc562",
            "certificate_arn": "arn:aws:acm:eu-west-2:975971611990:certificate/ff9e8e41-7993-4d98-bd6f-de71b4702cf2",
            "default_action": [
              {
                "authenticate_cognito": [],
                "authenticate_oidc": [],
                "fixed_response": [],
                "forward": [],
                "order": 1,
                "redirect": [],
                "target_group_arn": "arn:aws:elasticloadbalancing:eu-west-2:975971611990:targetgroup/PROD-BCE-Applicaton-TG/515bc92dcbcce6b8",
                "type": "forward"
              }
            ],
            "id": "arn:aws:elasticloadbalancing:eu-west-2:975971611990:listener/app/prod-bce-app-alb/eb6057fe311ae623/1440a628c63fc562",
            "load_balancer_arn": "arn:aws:elasticloadbalancing:eu-west-2:975971611990:loadbalancer/app/prod-bce-app-alb/eb6057fe311ae623",
            "port": 443,
            "protocol": "HTTPS",
            "ssl_policy": "ELBSecurityPolicy-TLS-1-2-Ext-2018-06",
            "tags": {},
            "tags_all": {},
            "timeouts": null
          },
          "sensitive_attributes": [],
          "private": "eyJlMmJmYjczMC1lY2FhLTExZTYtOGY4OC0zNDM2M2JjN2M0YzAiOnsicmVhZCI6NjAwMDAwMDAwMDAwfX0=",
          "dependencies": [
            "aws_iam_role.prod-bcp-rep",
            "aws_kms_key.prod-kms",
            "aws_lb.prod-bce-app-alb",
            "aws_lb_target_group.PROD-BCE-APP-TG",
            "aws_s3_bucket.prod-bce-logs",
            "aws_security_group.PROD-BCE-EXTALB-SG",
            "aws_subnet.prod-public",
            "aws_vpc.prod-default",
            "data.aws_canonical_user_id.current_user"
          ]
        }
      ]
    },
    {
      "mode": "managed",
      "type": "aws_alb_listener",
      "name": "prod-bce-app-alb-listener80",
      "provider": "provider[\"registry.terraform.io/hashicorp/aws\"]",
      "instances": [
        {
          "schema_version": 0,
          "attributes": {
            "alpn_policy": null,
            "arn": "arn:aws:elasticloadbalancing:eu-west-2:975971611990:listener/app/prod-bce-app-alb/eb6057fe311ae623/6fb93ae7da561ef7",
            "certificate_arn": null,
            "default_action": [
              {
                "authenticate_cognito": [],
                "authenticate_oidc": [],
                "fixed_response": [],
                "forward": [],
                "order": 1,
                "redirect": [],
                "target_group_arn": "arn:aws:elasticloadbalancing:eu-west-2:975971611990:targetgroup/PROD-BCE-Applicaton-TG/515bc92dcbcce6b8",
                "type": "forward"
              }
            ],
            "id": "arn:aws:elasticloadbalancing:eu-west-2:975971611990:listener/app/prod-bce-app-alb/eb6057fe311ae623/6fb93ae7da561ef7",
            "load_balancer_arn": "arn:aws:elasticloadbalancing:eu-west-2:975971611990:loadbalancer/app/prod-bce-app-alb/eb6057fe311ae623",
            "port": 80,
            "protocol": "HTTP",
            "ssl_policy": "",
            "tags": {},
            "tags_all": {},
            "timeouts": null
          },
          "sensitive_attributes": [],
          "private": "eyJlMmJmYjczMC1lY2FhLTExZTYtOGY4OC0zNDM2M2JjN2M0YzAiOnsicmVhZCI6NjAwMDAwMDAwMDAwfX0=",
          "dependencies": [
            "aws_iam_role.prod-bcp-rep",
            "aws_kms_key.prod-kms",
            "aws_lb.prod-bce-app-alb",
            "aws_lb_target_group.PROD-BCE-APP-TG",
            "aws_s3_bucket.prod-bce-logs",
            "aws_security_group.PROD-BCE-EXTALB-SG",
            "aws_subnet.prod-public",
            "aws_vpc.prod-default",
            "data.aws_canonical_user_id.current_user"
          ]
        }
      ]
    },
    {
      "mode": "managed",
      "type": "aws_alb_listener",
      "name": "prod-bce-map-alb-listener",
      "provider": "provider[\"registry.terraform.io/hashicorp/aws\"]",
      "instances": [
        {
          "schema_version": 0,
          "attributes": {
            "alpn_policy": null,
            "arn": "arn:aws:elasticloadbalancing:eu-west-2:975971611990:listener/app/prod-bce-app-alb/eb6057fe311ae623/1e2f9b76e50fe0f4",
            "certificate_arn": null,
            "default_action": [
              {
                "authenticate_cognito": [],
                "authenticate_oidc": [],
                "fixed_response": [],
                "forward": [],
                "order": 1,
                "redirect": [],
                "target_group_arn": "arn:aws:elasticloadbalancing:eu-west-2:975971611990:targetgroup/PROD-BCE-Mapping-TG/a833dd19b06a8329",
                "type": "forward"
              }
            ],
            "id": "arn:aws:elasticloadbalancing:eu-west-2:975971611990:listener/app/prod-bce-app-alb/eb6057fe311ae623/1e2f9b76e50fe0f4",
            "load_balancer_arn": "arn:aws:elasticloadbalancing:eu-west-2:975971611990:loadbalancer/app/prod-bce-app-alb/eb6057fe311ae623",
            "port": 8080,
            "protocol": "HTTP",
            "ssl_policy": "",
            "tags": {},
            "tags_all": {},
            "timeouts": null
          },
          "sensitive_attributes": [],
          "private": "eyJlMmJmYjczMC1lY2FhLTExZTYtOGY4OC0zNDM2M2JjN2M0YzAiOnsicmVhZCI6NjAwMDAwMDAwMDAwfX0=",
          "dependencies": [
            "aws_iam_role.prod-bcp-rep",
            "aws_kms_key.prod-kms",
            "aws_lb.prod-bce-app-alb",
            "aws_lb_target_group.PROD-BCE-MAP-TG",
            "aws_s3_bucket.prod-bce-logs",
            "aws_security_group.PROD-BCE-EXTALB-SG",
            "aws_subnet.prod-public",
            "aws_vpc.prod-default",
            "data.aws_canonical_user_id.current_user"
          ]
        }
      ]
    },
    {
      "mode": "managed",
      "type": "aws_alb_listener",
      "name": "prod-bcs-app-alb-listener",
      "provider": "provider[\"registry.terraform.io/hashicorp/aws\"]",
      "instances": [
        {
          "schema_version": 0,
          "attributes": {
            "alpn_policy": null,
            "arn": "arn:aws:elasticloadbalancing:eu-west-2:975971611990:listener/app/prod-bcs-app-alb/e7f5365879f75898/0b9515d13a41bd0b",
            "certificate_arn": "arn:aws:acm:eu-west-2:975971611990:certificate/ff9e8e41-7993-4d98-bd6f-de71b4702cf2",
            "default_action": [
              {
                "authenticate_cognito": [],
                "authenticate_oidc": [],
                "fixed_response": [],
                "forward": [],
                "order": 1,
                "redirect": [],
                "target_group_arn": "arn:aws:elasticloadbalancing:eu-west-2:975971611990:targetgroup/PROD-BCS-Applicaton-TG/241836f1b07f2ce7",
                "type": "forward"
              }
            ],
            "id": "arn:aws:elasticloadbalancing:eu-west-2:975971611990:listener/app/prod-bcs-app-alb/e7f5365879f75898/0b9515d13a41bd0b",
            "load_balancer_arn": "arn:aws:elasticloadbalancing:eu-west-2:975971611990:loadbalancer/app/prod-bcs-app-alb/e7f5365879f75898",
            "port": 443,
            "protocol": "HTTPS",
            "ssl_policy": "ELBSecurityPolicy-TLS-1-2-Ext-2018-06",
            "tags": {},
            "tags_all": {},
            "timeouts": null
          },
          "sensitive_attributes": [],
          "private": "eyJlMmJmYjczMC1lY2FhLTExZTYtOGY4OC0zNDM2M2JjN2M0YzAiOnsicmVhZCI6NjAwMDAwMDAwMDAwfX0=",
          "dependencies": [
            "aws_iam_role.prod-bcp-rep",
            "aws_kms_key.prod-kms",
            "aws_lb.prod-bcs-app-alb",
            "aws_lb_target_group.PROD-BCS-APP-TG",
            "aws_s3_bucket.prod-bcs-logs",
            "aws_security_group.PROD-BCS-EXTALB-SG",
            "aws_subnet.prod-public",
            "aws_vpc.prod-default",
            "data.aws_canonical_user_id.current_user"
          ]
        }
      ]
    },
    {
      "mode": "managed",
      "type": "aws_alb_listener",
      "name": "prod-bcs-app-alb-listener80",
      "provider": "provider[\"registry.terraform.io/hashicorp/aws\"]",
      "instances": [
        {
          "schema_version": 0,
          "attributes": {
            "alpn_policy": null,
            "arn": "arn:aws:elasticloadbalancing:eu-west-2:975971611990:listener/app/prod-bcs-app-alb/e7f5365879f75898/532cf65dcee64c64",
            "certificate_arn": null,
            "default_action": [
              {
                "authenticate_cognito": [],
                "authenticate_oidc": [],
                "fixed_response": [],
                "forward": [],
                "order": 1,
                "redirect": [],
                "target_group_arn": "arn:aws:elasticloadbalancing:eu-west-2:975971611990:targetgroup/PROD-BCS-Applicaton-TG/241836f1b07f2ce7",
                "type": "forward"
              }
            ],
            "id": "arn:aws:elasticloadbalancing:eu-west-2:975971611990:listener/app/prod-bcs-app-alb/e7f5365879f75898/532cf65dcee64c64",
            "load_balancer_arn": "arn:aws:elasticloadbalancing:eu-west-2:975971611990:loadbalancer/app/prod-bcs-app-alb/e7f5365879f75898",
            "port": 80,
            "protocol": "HTTP",
            "ssl_policy": "",
            "tags": {},
            "tags_all": {},
            "timeouts": null
          },
          "sensitive_attributes": [],
          "private": "eyJlMmJmYjczMC1lY2FhLTExZTYtOGY4OC0zNDM2M2JjN2M0YzAiOnsicmVhZCI6NjAwMDAwMDAwMDAwfX0=",
          "dependencies": [
            "aws_iam_role.prod-bcp-rep",
            "aws_kms_key.prod-kms",
            "aws_lb.prod-bcs-app-alb",
            "aws_lb_target_group.PROD-BCS-APP-TG",
            "aws_s3_bucket.prod-bcs-logs",
            "aws_security_group.PROD-BCS-EXTALB-SG",
            "aws_subnet.prod-public",
            "aws_vpc.prod-default",
            "data.aws_canonical_user_id.current_user"
          ]
        }
      ]
    },
    {
      "mode": "managed",
      "type": "aws_alb_listener",
      "name": "prod-bcs-map-alb-listener",
      "provider": "provider[\"registry.terraform.io/hashicorp/aws\"]",
      "instances": [
        {
          "schema_version": 0,
          "attributes": {
            "alpn_policy": null,
            "arn": "arn:aws:elasticloadbalancing:eu-west-2:975971611990:listener/app/prod-bcs-app-alb/e7f5365879f75898/752bf2ae419f0403",
            "certificate_arn": null,
            "default_action": [
              {
                "authenticate_cognito": [],
                "authenticate_oidc": [],
                "fixed_response": [],
                "forward": [],
                "order": 1,
                "redirect": [],
                "target_group_arn": "arn:aws:elasticloadbalancing:eu-west-2:975971611990:targetgroup/PROD-BCS-Mapping-TG/5dc08d1c70de44dd",
                "type": "forward"
              }
            ],
            "id": "arn:aws:elasticloadbalancing:eu-west-2:975971611990:listener/app/prod-bcs-app-alb/e7f5365879f75898/752bf2ae419f0403",
            "load_balancer_arn": "arn:aws:elasticloadbalancing:eu-west-2:975971611990:loadbalancer/app/prod-bcs-app-alb/e7f5365879f75898",
            "port": 8080,
            "protocol": "HTTP",
            "ssl_policy": "",
            "tags": {},
            "tags_all": {},
            "timeouts": null
          },
          "sensitive_attributes": [],
          "private": "eyJlMmJmYjczMC1lY2FhLTExZTYtOGY4OC0zNDM2M2JjN2M0YzAiOnsicmVhZCI6NjAwMDAwMDAwMDAwfX0=",
          "dependencies": [
            "aws_iam_role.prod-bcp-rep",
            "aws_kms_key.prod-kms",
            "aws_lb.prod-bcs-app-alb",
            "aws_lb_target_group.PROD-BCS-MAP-TG",
            "aws_s3_bucket.prod-bcs-logs",
            "aws_security_group.PROD-BCS-EXTALB-SG",
            "aws_subnet.prod-public",
            "aws_vpc.prod-default",
            "data.aws_canonical_user_id.current_user"
          ]
        }
      ]
    },
    {
      "mode": "managed",
      "type": "aws_alb_listener",
      "name": "prod-bcw-app-alb-listener",
      "provider": "provider[\"registry.terraform.io/hashicorp/aws\"]",
      "instances": [
        {
          "schema_version": 0,
          "attributes": {
            "alpn_policy": null,
            "arn": "arn:aws:elasticloadbalancing:eu-west-2:975971611990:listener/app/prod-bcw-app-alb/912a5f83b16e0ea2/ccaf688cfccdf0e0",
            "certificate_arn": "arn:aws:acm:eu-west-2:975971611990:certificate/ff9e8e41-7993-4d98-bd6f-de71b4702cf2",
            "default_action": [
              {
                "authenticate_cognito": [],
                "authenticate_oidc": [],
                "fixed_response": [],
                "forward": [],
                "order": 1,
                "redirect": [],
                "target_group_arn": "arn:aws:elasticloadbalancing:eu-west-2:975971611990:targetgroup/PROD-BCW-Applicaton-TG/1db34c4facad7408",
                "type": "forward"
              }
            ],
            "id": "arn:aws:elasticloadbalancing:eu-west-2:975971611990:listener/app/prod-bcw-app-alb/912a5f83b16e0ea2/ccaf688cfccdf0e0",
            "load_balancer_arn": "arn:aws:elasticloadbalancing:eu-west-2:975971611990:loadbalancer/app/prod-bcw-app-alb/912a5f83b16e0ea2",
            "port": 443,
            "protocol": "HTTPS",
            "ssl_policy": "ELBSecurityPolicy-TLS-1-2-Ext-2018-06",
            "tags": {},
            "tags_all": {},
            "timeouts": null
          },
          "sensitive_attributes": [],
          "private": "eyJlMmJmYjczMC1lY2FhLTExZTYtOGY4OC0zNDM2M2JjN2M0YzAiOnsicmVhZCI6NjAwMDAwMDAwMDAwfX0=",
          "dependencies": [
            "aws_iam_role.prod-bcp-rep",
            "aws_kms_key.prod-kms",
            "aws_lb.prod-bcw-app-alb",
            "aws_lb_target_group.PROD-BCW-APP-TG",
            "aws_s3_bucket.prod-bcw-logs",
            "aws_security_group.PROD-BCW-EXTALB-SG",
            "aws_subnet.prod-public",
            "aws_vpc.prod-default",
            "data.aws_canonical_user_id.current_user"
          ]
        }
      ]
    },
    {
      "mode": "managed",
      "type": "aws_alb_listener",
      "name": "prod-bcw-app-alb-listener80",
      "provider": "provider[\"registry.terraform.io/hashicorp/aws\"]",
      "instances": [
        {
          "schema_version": 0,
          "attributes": {
            "alpn_policy": null,
            "arn": "arn:aws:elasticloadbalancing:eu-west-2:975971611990:listener/app/prod-bcw-app-alb/912a5f83b16e0ea2/5d27ac73c81dc2d1",
            "certificate_arn": null,
            "default_action": [
              {
                "authenticate_cognito": [],
                "authenticate_oidc": [],
                "fixed_response": [],
                "forward": [],
                "order": 1,
                "redirect": [],
                "target_group_arn": "arn:aws:elasticloadbalancing:eu-west-2:975971611990:targetgroup/PROD-BCW-Applicaton-TG/1db34c4facad7408",
                "type": "forward"
              }
            ],
            "id": "arn:aws:elasticloadbalancing:eu-west-2:975971611990:listener/app/prod-bcw-app-alb/912a5f83b16e0ea2/5d27ac73c81dc2d1",
            "load_balancer_arn": "arn:aws:elasticloadbalancing:eu-west-2:975971611990:loadbalancer/app/prod-bcw-app-alb/912a5f83b16e0ea2",
            "port": 80,
            "protocol": "HTTP",
            "ssl_policy": "",
            "tags": {},
            "tags_all": {},
            "timeouts": null
          },
          "sensitive_attributes": [],
          "private": "eyJlMmJmYjczMC1lY2FhLTExZTYtOGY4OC0zNDM2M2JjN2M0YzAiOnsicmVhZCI6NjAwMDAwMDAwMDAwfX0=",
          "dependencies": [
            "aws_iam_role.prod-bcp-rep",
            "aws_kms_key.prod-kms",
            "aws_lb.prod-bcw-app-alb",
            "aws_lb_target_group.PROD-BCW-APP-TG",
            "aws_s3_bucket.prod-bcw-logs",
            "aws_security_group.PROD-BCW-EXTALB-SG",
            "aws_subnet.prod-public",
            "aws_vpc.prod-default",
            "data.aws_canonical_user_id.current_user"
          ]
        }
      ]
    },
    {
      "mode": "managed",
      "type": "aws_alb_listener",
      "name": "prod-bcw-map-alb-listener",
      "provider": "provider[\"registry.terraform.io/hashicorp/aws\"]",
      "instances": [
        {
          "schema_version": 0,
          "attributes": {
            "alpn_policy": null,
            "arn": "arn:aws:elasticloadbalancing:eu-west-2:975971611990:listener/app/prod-bcw-app-alb/912a5f83b16e0ea2/819cf85cb8b48285",
            "certificate_arn": null,
            "default_action": [
              {
                "authenticate_cognito": [],
                "authenticate_oidc": [],
                "fixed_response": [],
                "forward": [],
                "order": 1,
                "redirect": [],
                "target_group_arn": "arn:aws:elasticloadbalancing:eu-west-2:975971611990:targetgroup/PROD-BCW-Mapping-TG/e3b3f6cf0523fa02",
                "type": "forward"
              }
            ],
            "id": "arn:aws:elasticloadbalancing:eu-west-2:975971611990:listener/app/prod-bcw-app-alb/912a5f83b16e0ea2/819cf85cb8b48285",
            "load_balancer_arn": "arn:aws:elasticloadbalancing:eu-west-2:975971611990:loadbalancer/app/prod-bcw-app-alb/912a5f83b16e0ea2",
            "port": 8080,
            "protocol": "HTTP",
            "ssl_policy": "",
            "tags": {},
            "tags_all": {},
            "timeouts": null
          },
          "sensitive_attributes": [],
          "private": "eyJlMmJmYjczMC1lY2FhLTExZTYtOGY4OC0zNDM2M2JjN2M0YzAiOnsicmVhZCI6NjAwMDAwMDAwMDAwfX0=",
          "dependencies": [
            "aws_iam_role.prod-bcp-rep",
            "aws_kms_key.prod-kms",
            "aws_lb.prod-bcw-app-alb",
            "aws_lb_target_group.PROD-BCW-MAP-TG",
            "aws_s3_bucket.prod-bcw-logs",
            "aws_security_group.PROD-BCW-EXTALB-SG",
            "aws_subnet.prod-public",
            "aws_vpc.prod-default",
            "data.aws_canonical_user_id.current_user"
          ]
        }
      ]
    },
    {
      "mode": "managed",
      "type": "aws_alb_listener",
      "name": "prod-cffg-app-alb-listener",
      "provider": "provider[\"registry.terraform.io/hashicorp/aws\"]",
      "instances": [
        {
          "schema_version": 0,
          "attributes": {
            "alpn_policy": null,
            "arn": "arn:aws:elasticloadbalancing:eu-west-2:975971611990:listener/app/prod-cffg-app-alb/649ef8cc7adac88a/6c1c4ac7a7a7bbd3",
            "certificate_arn": "arn:aws:acm:eu-west-2:975971611990:certificate/ff9e8e41-7993-4d98-bd6f-de71b4702cf2",
            "default_action": [
              {
                "authenticate_cognito": [],
                "authenticate_oidc": [],
                "fixed_response": [],
                "forward": [],
                "order": 1,
                "redirect": [],
                "target_group_arn": "arn:aws:elasticloadbalancing:eu-west-2:975971611990:targetgroup/PROD-CFFG-Applicaton-TG/e0d6ffda960252d1",
                "type": "forward"
              }
            ],
            "id": "arn:aws:elasticloadbalancing:eu-west-2:975971611990:listener/app/prod-cffg-app-alb/649ef8cc7adac88a/6c1c4ac7a7a7bbd3",
            "load_balancer_arn": "arn:aws:elasticloadbalancing:eu-west-2:975971611990:loadbalancer/app/prod-cffg-app-alb/649ef8cc7adac88a",
            "port": 443,
            "protocol": "HTTPS",
            "ssl_policy": "ELBSecurityPolicy-TLS-1-2-Ext-2018-06",
            "tags": {},
            "tags_all": {},
            "timeouts": null
          },
          "sensitive_attributes": [],
          "private": "eyJlMmJmYjczMC1lY2FhLTExZTYtOGY4OC0zNDM2M2JjN2M0YzAiOnsicmVhZCI6NjAwMDAwMDAwMDAwfX0=",
          "dependencies": [
            "aws_iam_role.prod-bcp-rep",
            "aws_kms_key.prod-kms",
            "aws_lb.prod-cffg-app-alb",
            "aws_lb_target_group.PROD-CFFG-APP-TG",
            "aws_s3_bucket.prod-cffg-logs",
            "aws_security_group.PROD-CFFG-EXTALB-SG",
            "aws_subnet.prod-public",
            "aws_vpc.prod-default",
            "data.aws_canonical_user_id.current_user"
          ]
        }
      ]
    },
    {
      "mode": "managed",
      "type": "aws_alb_listener",
      "name": "prod-cffg-app-alb-listener80",
      "provider": "provider[\"registry.terraform.io/hashicorp/aws\"]",
      "instances": [
        {
          "schema_version": 0,
          "attributes": {
            "alpn_policy": null,
            "arn": "arn:aws:elasticloadbalancing:eu-west-2:975971611990:listener/app/prod-cffg-app-alb/649ef8cc7adac88a/f4d977731a78f670",
            "certificate_arn": null,
            "default_action": [
              {
                "authenticate_cognito": [],
                "authenticate_oidc": [],
                "fixed_response": [],
                "forward": [],
                "order": 1,
                "redirect": [],
                "target_group_arn": "arn:aws:elasticloadbalancing:eu-west-2:975971611990:targetgroup/PROD-CFFG-Applicaton-TG/e0d6ffda960252d1",
                "type": "forward"
              }
            ],
            "id": "arn:aws:elasticloadbalancing:eu-west-2:975971611990:listener/app/prod-cffg-app-alb/649ef8cc7adac88a/f4d977731a78f670",
            "load_balancer_arn": "arn:aws:elasticloadbalancing:eu-west-2:975971611990:loadbalancer/app/prod-cffg-app-alb/649ef8cc7adac88a",
            "port": 80,
            "protocol": "HTTP",
            "ssl_policy": "",
            "tags": {},
            "tags_all": {},
            "timeouts": null
          },
          "sensitive_attributes": [],
          "private": "eyJlMmJmYjczMC1lY2FhLTExZTYtOGY4OC0zNDM2M2JjN2M0YzAiOnsicmVhZCI6NjAwMDAwMDAwMDAwfX0=",
          "dependencies": [
            "aws_iam_role.prod-bcp-rep",
            "aws_kms_key.prod-kms",
            "aws_lb.prod-cffg-app-alb",
            "aws_lb_target_group.PROD-CFFG-APP-TG",
            "aws_s3_bucket.prod-cffg-logs",
            "aws_security_group.PROD-CFFG-EXTALB-SG",
            "aws_subnet.prod-public",
            "aws_vpc.prod-default",
            "data.aws_canonical_user_id.current_user"
          ]
        }
      ]
    },
    {
      "mode": "managed",
      "type": "aws_alb_listener",
      "name": "prod-cffg-map-alb-listener",
      "provider": "provider[\"registry.terraform.io/hashicorp/aws\"]",
      "instances": [
        {
          "schema_version": 0,
          "attributes": {
            "alpn_policy": null,
            "arn": "arn:aws:elasticloadbalancing:eu-west-2:975971611990:listener/app/prod-cffg-app-alb/649ef8cc7adac88a/dc0fb610afc8b9f2",
            "certificate_arn": null,
            "default_action": [
              {
                "authenticate_cognito": [],
                "authenticate_oidc": [],
                "fixed_response": [],
                "forward": [],
                "order": 1,
                "redirect": [],
                "target_group_arn": "arn:aws:elasticloadbalancing:eu-west-2:975971611990:targetgroup/PROD-CFFG-Mapping-TG/8d36ec2552c0dba0",
                "type": "forward"
              }
            ],
            "id": "arn:aws:elasticloadbalancing:eu-west-2:975971611990:listener/app/prod-cffg-app-alb/649ef8cc7adac88a/dc0fb610afc8b9f2",
            "load_balancer_arn": "arn:aws:elasticloadbalancing:eu-west-2:975971611990:loadbalancer/app/prod-cffg-app-alb/649ef8cc7adac88a",
            "port": 8080,
            "protocol": "HTTP",
            "ssl_policy": "",
            "tags": {},
            "tags_all": {},
            "timeouts": null
          },
          "sensitive_attributes": [],
          "private": "eyJlMmJmYjczMC1lY2FhLTExZTYtOGY4OC0zNDM2M2JjN2M0YzAiOnsicmVhZCI6NjAwMDAwMDAwMDAwfX0=",
          "dependencies": [
            "aws_iam_role.prod-bcp-rep",
            "aws_kms_key.prod-kms",
            "aws_lb.prod-cffg-app-alb",
            "aws_lb_target_group.PROD-CFFG-MAP-TG",
            "aws_s3_bucket.prod-cffg-logs",
            "aws_security_group.PROD-CFFG-EXTALB-SG",
            "aws_subnet.prod-public",
            "aws_vpc.prod-default",
            "data.aws_canonical_user_id.current_user"
          ]
        }
      ]
    },
    {
      "mode": "managed",
      "type": "aws_alb_listener_rule",
      "name": "prod-map-bce-rule",
      "provider": "provider[\"registry.terraform.io/hashicorp/aws\"]",
      "instances": [
        {
          "schema_version": 0,
          "attributes": {
            "action": [
              {
                "authenticate_cognito": [],
                "authenticate_oidc": [],
                "fixed_response": [],
                "forward": [],
                "order": 1,
                "redirect": [],
                "target_group_arn": "arn:aws:elasticloadbalancing:eu-west-2:975971611990:targetgroup/PROD-BCE-Mapping-TG/a833dd19b06a8329",
                "type": "forward"
              }
            ],
            "arn": "arn:aws:elasticloadbalancing:eu-west-2:975971611990:listener-rule/app/prod-bce-app-alb/eb6057fe311ae623/1440a628c63fc562/dea486979aad3018",
            "condition": [
              {
                "host_header": [],
                "http_header": [],
                "http_request_method": [],
                "path_pattern": [
                  {
                    "values": [
                      "/geoserver/BCE/*"
                    ]
                  }
                ],
                "query_string": [],
                "source_ip": []
              }
            ],
            "id": "arn:aws:elasticloadbalancing:eu-west-2:975971611990:listener-rule/app/prod-bce-app-alb/eb6057fe311ae623/1440a628c63fc562/dea486979aad3018",
            "listener_arn": "arn:aws:elasticloadbalancing:eu-west-2:975971611990:listener/app/prod-bce-app-alb/eb6057fe311ae623/1440a628c63fc562",
            "priority": 1,
            "tags": {},
            "tags_all": {}
          },
          "sensitive_attributes": [],
          "private": "bnVsbA==",
          "dependencies": [
            "aws_alb_listener.prod-bce-app-alb-listener",
            "aws_iam_role.prod-bcp-rep",
            "aws_kms_key.prod-kms",
            "aws_lb.prod-bce-app-alb",
            "aws_lb_target_group.PROD-BCE-APP-TG",
            "aws_lb_target_group.PROD-BCE-MAP-TG",
            "aws_s3_bucket.prod-bce-logs",
            "aws_security_group.PROD-BCE-EXTALB-SG",
            "aws_subnet.prod-public",
            "aws_vpc.prod-default",
            "data.aws_canonical_user_id.current_user"
          ]
        }
      ]
    },
    {
      "mode": "managed",
      "type": "aws_alb_listener_rule",
      "name": "prod-map-bce-rule80",
      "provider": "provider[\"registry.terraform.io/hashicorp/aws\"]",
      "instances": [
        {
          "schema_version": 0,
          "attributes": {
            "action": [
              {
                "authenticate_cognito": [],
                "authenticate_oidc": [],
                "fixed_response": [],
                "forward": [],
                "order": 1,
                "redirect": [],
                "target_group_arn": "arn:aws:elasticloadbalancing:eu-west-2:975971611990:targetgroup/PROD-BCE-Mapping-TG/a833dd19b06a8329",
                "type": "forward"
              }
            ],
            "arn": "arn:aws:elasticloadbalancing:eu-west-2:975971611990:listener-rule/app/prod-bce-app-alb/eb6057fe311ae623/6fb93ae7da561ef7/4492297c473a2d6e",
            "condition": [
              {
                "host_header": [],
                "http_header": [],
                "http_request_method": [],
                "path_pattern": [
                  {
                    "values": [
                      "/geoserver/BCE/*"
                    ]
                  }
                ],
                "query_string": [],
                "source_ip": []
              }
            ],
            "id": "arn:aws:elasticloadbalancing:eu-west-2:975971611990:listener-rule/app/prod-bce-app-alb/eb6057fe311ae623/6fb93ae7da561ef7/4492297c473a2d6e",
            "listener_arn": "arn:aws:elasticloadbalancing:eu-west-2:975971611990:listener/app/prod-bce-app-alb/eb6057fe311ae623/6fb93ae7da561ef7",
            "priority": 1,
            "tags": {},
            "tags_all": {}
          },
          "sensitive_attributes": [],
          "private": "bnVsbA==",
          "dependencies": [
            "aws_alb_listener.prod-bce-app-alb-listener80",
            "aws_iam_role.prod-bcp-rep",
            "aws_kms_key.prod-kms",
            "aws_lb.prod-bce-app-alb",
            "aws_lb_target_group.PROD-BCE-APP-TG",
            "aws_lb_target_group.PROD-BCE-MAP-TG",
            "aws_s3_bucket.prod-bce-logs",
            "aws_security_group.PROD-BCE-EXTALB-SG",
            "aws_subnet.prod-public",
            "aws_vpc.prod-default",
            "data.aws_canonical_user_id.current_user"
          ]
        }
      ]
    },
    {
      "mode": "managed",
      "type": "aws_alb_listener_rule",
      "name": "prod-map-bcs-rule",
      "provider": "provider[\"registry.terraform.io/hashicorp/aws\"]",
      "instances": [
        {
          "schema_version": 0,
          "attributes": {
            "action": [
              {
                "authenticate_cognito": [],
                "authenticate_oidc": [],
                "fixed_response": [],
                "forward": [],
                "order": 1,
                "redirect": [],
                "target_group_arn": "arn:aws:elasticloadbalancing:eu-west-2:975971611990:targetgroup/PROD-BCS-Mapping-TG/5dc08d1c70de44dd",
                "type": "forward"
              }
            ],
            "arn": "arn:aws:elasticloadbalancing:eu-west-2:975971611990:listener-rule/app/prod-bcs-app-alb/e7f5365879f75898/0b9515d13a41bd0b/963fa1a222234107",
            "condition": [
              {
                "host_header": [],
                "http_header": [],
                "http_request_method": [],
                "path_pattern": [
                  {
                    "values": [
                      "/geoserver/BCS/*"
                    ]
                  }
                ],
                "query_string": [],
                "source_ip": []
              }
            ],
            "id": "arn:aws:elasticloadbalancing:eu-west-2:975971611990:listener-rule/app/prod-bcs-app-alb/e7f5365879f75898/0b9515d13a41bd0b/963fa1a222234107",
            "listener_arn": "arn:aws:elasticloadbalancing:eu-west-2:975971611990:listener/app/prod-bcs-app-alb/e7f5365879f75898/0b9515d13a41bd0b",
            "priority": 1,
            "tags": {},
            "tags_all": {}
          },
          "sensitive_attributes": [],
          "private": "bnVsbA==",
          "dependencies": [
            "aws_alb_listener.prod-bcs-app-alb-listener",
            "aws_iam_role.prod-bcp-rep",
            "aws_kms_key.prod-kms",
            "aws_lb.prod-bcs-app-alb",
            "aws_lb_target_group.PROD-BCS-APP-TG",
            "aws_lb_target_group.PROD-BCS-MAP-TG",
            "aws_s3_bucket.prod-bcs-logs",
            "aws_security_group.PROD-BCS-EXTALB-SG",
            "aws_subnet.prod-public",
            "aws_vpc.prod-default",
            "data.aws_canonical_user_id.current_user"
          ]
        }
      ]
    },
    {
      "mode": "managed",
      "type": "aws_alb_listener_rule",
      "name": "prod-map-bcs-rule80",
      "provider": "provider[\"registry.terraform.io/hashicorp/aws\"]",
      "instances": [
        {
          "schema_version": 0,
          "attributes": {
            "action": [
              {
                "authenticate_cognito": [],
                "authenticate_oidc": [],
                "fixed_response": [],
                "forward": [],
                "order": 1,
                "redirect": [],
                "target_group_arn": "arn:aws:elasticloadbalancing:eu-west-2:975971611990:targetgroup/PROD-BCS-Mapping-TG/5dc08d1c70de44dd",
                "type": "forward"
              }
            ],
            "arn": "arn:aws:elasticloadbalancing:eu-west-2:975971611990:listener-rule/app/prod-bcs-app-alb/e7f5365879f75898/532cf65dcee64c64/af69b1e497ff51f1",
            "condition": [
              {
                "host_header": [],
                "http_header": [],
                "http_request_method": [],
                "path_pattern": [
                  {
                    "values": [
                      "/geoserver/BCS/*"
                    ]
                  }
                ],
                "query_string": [],
                "source_ip": []
              }
            ],
            "id": "arn:aws:elasticloadbalancing:eu-west-2:975971611990:listener-rule/app/prod-bcs-app-alb/e7f5365879f75898/532cf65dcee64c64/af69b1e497ff51f1",
            "listener_arn": "arn:aws:elasticloadbalancing:eu-west-2:975971611990:listener/app/prod-bcs-app-alb/e7f5365879f75898/532cf65dcee64c64",
            "priority": 1,
            "tags": {},
            "tags_all": {}
          },
          "sensitive_attributes": [],
          "private": "bnVsbA==",
          "dependencies": [
            "aws_alb_listener.prod-bcs-app-alb-listener80",
            "aws_iam_role.prod-bcp-rep",
            "aws_kms_key.prod-kms",
            "aws_lb.prod-bcs-app-alb",
            "aws_lb_target_group.PROD-BCS-APP-TG",
            "aws_lb_target_group.PROD-BCS-MAP-TG",
            "aws_s3_bucket.prod-bcs-logs",
            "aws_security_group.PROD-BCS-EXTALB-SG",
            "aws_subnet.prod-public",
            "aws_vpc.prod-default",
            "data.aws_canonical_user_id.current_user"
          ]
        }
      ]
    },
    {
      "mode": "managed",
      "type": "aws_alb_listener_rule",
      "name": "prod-map-bcw-rule",
      "provider": "provider[\"registry.terraform.io/hashicorp/aws\"]",
      "instances": [
        {
          "schema_version": 0,
          "attributes": {
            "action": [
              {
                "authenticate_cognito": [],
                "authenticate_oidc": [],
                "fixed_response": [],
                "forward": [],
                "order": 1,
                "redirect": [],
                "target_group_arn": "arn:aws:elasticloadbalancing:eu-west-2:975971611990:targetgroup/PROD-BCW-Mapping-TG/e3b3f6cf0523fa02",
                "type": "forward"
              }
            ],
            "arn": "arn:aws:elasticloadbalancing:eu-west-2:975971611990:listener-rule/app/prod-bcw-app-alb/912a5f83b16e0ea2/ccaf688cfccdf0e0/ec625404921282cf",
            "condition": [
              {
                "host_header": [],
                "http_header": [],
                "http_request_method": [],
                "path_pattern": [
                  {
                    "values": [
                      "/geoserver/BCW/*"
                    ]
                  }
                ],
                "query_string": [],
                "source_ip": []
              }
            ],
            "id": "arn:aws:elasticloadbalancing:eu-west-2:975971611990:listener-rule/app/prod-bcw-app-alb/912a5f83b16e0ea2/ccaf688cfccdf0e0/ec625404921282cf",
            "listener_arn": "arn:aws:elasticloadbalancing:eu-west-2:975971611990:listener/app/prod-bcw-app-alb/912a5f83b16e0ea2/ccaf688cfccdf0e0",
            "priority": 1,
            "tags": {},
            "tags_all": {}
          },
          "sensitive_attributes": [],
          "private": "bnVsbA==",
          "dependencies": [
            "aws_alb_listener.prod-bcw-app-alb-listener",
            "aws_iam_role.prod-bcp-rep",
            "aws_kms_key.prod-kms",
            "aws_lb.prod-bcw-app-alb",
            "aws_lb_target_group.PROD-BCW-APP-TG",
            "aws_lb_target_group.PROD-BCW-MAP-TG",
            "aws_s3_bucket.prod-bcw-logs",
            "aws_security_group.PROD-BCW-EXTALB-SG",
            "aws_subnet.prod-public",
            "aws_vpc.prod-default",
            "data.aws_canonical_user_id.current_user"
          ]
        }
      ]
    },
    {
      "mode": "managed",
      "type": "aws_alb_listener_rule",
      "name": "prod-map-bcw-rule80",
      "provider": "provider[\"registry.terraform.io/hashicorp/aws\"]",
      "instances": [
        {
          "schema_version": 0,
          "attributes": {
            "action": [
              {
                "authenticate_cognito": [],
                "authenticate_oidc": [],
                "fixed_response": [],
                "forward": [],
                "order": 1,
                "redirect": [],
                "target_group_arn": "arn:aws:elasticloadbalancing:eu-west-2:975971611990:targetgroup/PROD-BCW-Mapping-TG/e3b3f6cf0523fa02",
                "type": "forward"
              }
            ],
            "arn": "arn:aws:elasticloadbalancing:eu-west-2:975971611990:listener-rule/app/prod-bcw-app-alb/912a5f83b16e0ea2/5d27ac73c81dc2d1/4a1a01f8604f55c7",
            "condition": [
              {
                "host_header": [],
                "http_header": [],
                "http_request_method": [],
                "path_pattern": [
                  {
                    "values": [
                      "/geoserver/BCW/*"
                    ]
                  }
                ],
                "query_string": [],
                "source_ip": []
              }
            ],
            "id": "arn:aws:elasticloadbalancing:eu-west-2:975971611990:listener-rule/app/prod-bcw-app-alb/912a5f83b16e0ea2/5d27ac73c81dc2d1/4a1a01f8604f55c7",
            "listener_arn": "arn:aws:elasticloadbalancing:eu-west-2:975971611990:listener/app/prod-bcw-app-alb/912a5f83b16e0ea2/5d27ac73c81dc2d1",
            "priority": 1,
            "tags": {},
            "tags_all": {}
          },
          "sensitive_attributes": [],
          "private": "bnVsbA==",
          "dependencies": [
            "aws_alb_listener.prod-bcw-app-alb-listener80",
            "aws_iam_role.prod-bcp-rep",
            "aws_kms_key.prod-kms",
            "aws_lb.prod-bcw-app-alb",
            "aws_lb_target_group.PROD-BCW-APP-TG",
            "aws_lb_target_group.PROD-BCW-MAP-TG",
            "aws_s3_bucket.prod-bcw-logs",
            "aws_security_group.PROD-BCW-EXTALB-SG",
            "aws_subnet.prod-public",
            "aws_vpc.prod-default",
            "data.aws_canonical_user_id.current_user"
          ]
        }
      ]
    },
    {
      "mode": "managed",
      "type": "aws_alb_listener_rule",
      "name": "prod-map-cffg-rule",
      "provider": "provider[\"registry.terraform.io/hashicorp/aws\"]",
      "instances": [
        {
          "schema_version": 0,
          "attributes": {
            "action": [
              {
                "authenticate_cognito": [],
                "authenticate_oidc": [],
                "fixed_response": [],
                "forward": [],
                "order": 1,
                "redirect": [],
                "target_group_arn": "arn:aws:elasticloadbalancing:eu-west-2:975971611990:targetgroup/PROD-CFFG-Mapping-TG/8d36ec2552c0dba0",
                "type": "forward"
              }
            ],
            "arn": "arn:aws:elasticloadbalancing:eu-west-2:975971611990:listener-rule/app/prod-cffg-app-alb/649ef8cc7adac88a/6c1c4ac7a7a7bbd3/8a7652fd306c0aab",
            "condition": [
              {
                "host_header": [],
                "http_header": [],
                "http_request_method": [],
                "path_pattern": [
                  {
                    "values": [
                      "/geoserver/CFFG/*"
                    ]
                  }
                ],
                "query_string": [],
                "source_ip": []
              }
            ],
            "id": "arn:aws:elasticloadbalancing:eu-west-2:975971611990:listener-rule/app/prod-cffg-app-alb/649ef8cc7adac88a/6c1c4ac7a7a7bbd3/8a7652fd306c0aab",
            "listener_arn": "arn:aws:elasticloadbalancing:eu-west-2:975971611990:listener/app/prod-cffg-app-alb/649ef8cc7adac88a/6c1c4ac7a7a7bbd3",
            "priority": 1,
            "tags": {},
            "tags_all": {}
          },
          "sensitive_attributes": [],
          "private": "bnVsbA==",
          "dependencies": [
            "aws_alb_listener.prod-cffg-app-alb-listener",
            "aws_iam_role.prod-bcp-rep",
            "aws_kms_key.prod-kms",
            "aws_lb.prod-cffg-app-alb",
            "aws_lb_target_group.PROD-CFFG-APP-TG",
            "aws_lb_target_group.PROD-CFFG-MAP-TG",
            "aws_s3_bucket.prod-cffg-logs",
            "aws_security_group.PROD-CFFG-EXTALB-SG",
            "aws_subnet.prod-public",
            "aws_vpc.prod-default",
            "data.aws_canonical_user_id.current_user"
          ]
        }
      ]
    },
    {
      "mode": "managed",
      "type": "aws_alb_listener_rule",
      "name": "prod-map-cffg-rule80",
      "provider": "provider[\"registry.terraform.io/hashicorp/aws\"]",
      "instances": [
        {
          "schema_version": 0,
          "attributes": {
            "action": [
              {
                "authenticate_cognito": [],
                "authenticate_oidc": [],
                "fixed_response": [],
                "forward": [],
                "order": 1,
                "redirect": [],
                "target_group_arn": "arn:aws:elasticloadbalancing:eu-west-2:975971611990:targetgroup/PROD-CFFG-Mapping-TG/8d36ec2552c0dba0",
                "type": "forward"
              }
            ],
            "arn": "arn:aws:elasticloadbalancing:eu-west-2:975971611990:listener-rule/app/prod-cffg-app-alb/649ef8cc7adac88a/f4d977731a78f670/171fc080b40978c1",
            "condition": [
              {
                "host_header": [],
                "http_header": [],
                "http_request_method": [],
                "path_pattern": [
                  {
                    "values": [
                      "/geoserver/CFFG/*"
                    ]
                  }
                ],
                "query_string": [],
                "source_ip": []
              }
            ],
            "id": "arn:aws:elasticloadbalancing:eu-west-2:975971611990:listener-rule/app/prod-cffg-app-alb/649ef8cc7adac88a/f4d977731a78f670/171fc080b40978c1",
            "listener_arn": "arn:aws:elasticloadbalancing:eu-west-2:975971611990:listener/app/prod-cffg-app-alb/649ef8cc7adac88a/f4d977731a78f670",
            "priority": 1,
            "tags": {},
            "tags_all": {}
          },
          "sensitive_attributes": [],
          "private": "bnVsbA==",
          "dependencies": [
            "aws_alb_listener.prod-cffg-app-alb-listener80",
            "aws_iam_role.prod-bcp-rep",
            "aws_kms_key.prod-kms",
            "aws_lb.prod-cffg-app-alb",
            "aws_lb_target_group.PROD-CFFG-APP-TG",
            "aws_lb_target_group.PROD-CFFG-MAP-TG",
            "aws_s3_bucket.prod-cffg-logs",
            "aws_security_group.PROD-CFFG-EXTALB-SG",
            "aws_subnet.prod-public",
            "aws_vpc.prod-default",
            "data.aws_canonical_user_id.current_user"
          ]
        }
      ]
    },
    {
      "mode": "managed",
      "type": "aws_autoscaling_group",
      "name": "PROD-APP-ASG",
      "provider": "provider[\"registry.terraform.io/hashicorp/aws\"]",
      "instances": [
        {
          "index_key": 0,
          "schema_version": 0,
          "attributes": {
            "arn": "arn:aws:autoscaling:eu-west-2:975971611990:autoScalingGroup:7d8e5a6d-873c-4347-876c-d2b5c4c3967c:autoScalingGroupName/PROD Application Auto Scale Group",
            "availability_zones": [
              "eu-west-2a",
              "eu-west-2b"
            ],
            "capacity_rebalance": false,
            "default_cooldown": 300,
            "desired_capacity": 2,
            "enabled_metrics": [
              "GroupAndWarmPoolDesiredCapacity",
              "GroupAndWarmPoolTotalCapacity",
              "GroupDesiredCapacity",
              "GroupInServiceCapacity",
              "GroupInServiceInstances",
              "GroupMaxSize",
              "GroupMinSize",
              "GroupPendingCapacity",
              "GroupPendingInstances",
              "GroupStandbyCapacity",
              "GroupStandbyInstances",
              "GroupTerminatingCapacity",
              "GroupTerminatingInstances",
              "GroupTotalCapacity",
              "GroupTotalInstances",
              "WarmPoolDesiredCapacity",
              "WarmPoolMinSize",
              "WarmPoolPendingCapacity",
              "WarmPoolTerminatingCapacity",
              "WarmPoolTotalCapacity",
              "WarmPoolWarmedCapacity"
            ],
            "force_delete": false,
            "force_delete_warm_pool": false,
            "health_check_grace_period": 300,
            "health_check_type": "ELB",
            "id": "PROD Application Auto Scale Group",
            "initial_lifecycle_hook": [],
            "instance_refresh": [],
            "launch_configuration": "PROD BCE Application Launch Configuration",
            "launch_template": [],
            "load_balancers": [],
            "max_instance_lifetime": 0,
            "max_size": 6,
            "metrics_granularity": "1Minute",
            "min_elb_capacity": null,
            "min_size": 2,
            "mixed_instances_policy": [],
            "name": "PROD Application Auto Scale Group",
            "name_prefix": "",
            "placement_group": "",
            "protect_from_scale_in": false,
            "service_linked_role_arn": "arn:aws:iam::975971611990:role/aws-service-role/autoscaling.amazonaws.com/AWSServiceRoleForAutoScaling",
            "suspended_processes": [],
            "tag": [
              {
                "key": "Inspector",
                "propagate_at_launch": true,
                "value": "ON"
              },
              {
                "key": "Name",
                "propagate_at_launch": true,
                "value": "PROD-EC2-APPLICATION1"
              }
            ],
            "tags": null,
            "target_group_arns": [
              "arn:aws:elasticloadbalancing:eu-west-2:975971611990:targetgroup/PROD-BCE-Applicaton-TG/515bc92dcbcce6b8",
              "arn:aws:elasticloadbalancing:eu-west-2:975971611990:targetgroup/PROD-BCS-Applicaton-TG/241836f1b07f2ce7",
              "arn:aws:elasticloadbalancing:eu-west-2:975971611990:targetgroup/PROD-BCW-Applicaton-TG/1db34c4facad7408",
              "arn:aws:elasticloadbalancing:eu-west-2:975971611990:targetgroup/PROD-CFFG-Applicaton-TG/e0d6ffda960252d1"
            ],
            "termination_policies": [
              "OldestInstance"
            ],
            "timeouts": null,
            "vpc_zone_identifier": [
              "subnet-0551d6a61d230bc74",
              "subnet-0a4554d7313b8bd33"
            ],
            "wait_for_capacity_timeout": "10m",
            "wait_for_elb_capacity": null,
            "warm_pool": []
          },
          "sensitive_attributes": [],
          "private": "eyJlMmJmYjczMC1lY2FhLTExZTYtOGY4OC0zNDM2M2JjN2M0YzAiOnsiZGVsZXRlIjo2MDAwMDAwMDAwMDB9fQ==",
          "dependencies": [
            "aws_iam_instance_profile.prod-ec2-cloudwatch",
            "aws_iam_role.prod-ec2-cloudwatch",
            "aws_launch_configuration.PROD-APP-LC",
            "aws_lb_target_group.PROD-BCE-APP-TG",
            "aws_lb_target_group.PROD-BCS-APP-TG",
            "aws_lb_target_group.PROD-BCW-APP-TG",
            "aws_lb_target_group.PROD-CFFG-APP-TG",
            "aws_security_group.PROD-BCE-EXTALB-SG",
            "aws_security_group.PROD-BCS-EXTALB-SG",
            "aws_security_group.PROD-BCW-EXTALB-SG",
            "aws_security_group.PROD-CFFG-EXTALB-SG",
            "aws_security_group.PROD-EC2-APP-SG",
            "aws_security_group.allow_ssh",
            "aws_subnet.prod-private",
            "aws_vpc.prod-default"
          ],
          "create_before_destroy": true
        }
      ]
    },
    {
      "mode": "managed",
      "type": "aws_autoscaling_group",
      "name": "PROD-MAP-ASG",
      "provider": "provider[\"registry.terraform.io/hashicorp/aws\"]",
      "instances": [
        {
          "index_key": 0,
          "schema_version": 0,
          "attributes": {
            "arn": "arn:aws:autoscaling:eu-west-2:975971611990:autoScalingGroup:67ca8822-5da1-4012-8d4d-672c78f57377:autoScalingGroupName/PROD Mapping Auto Scale Group",
            "availability_zones": [
              "eu-west-2a",
              "eu-west-2b"
            ],
            "capacity_rebalance": false,
            "default_cooldown": 300,
            "desired_capacity": 2,
            "enabled_metrics": [
              "GroupAndWarmPoolDesiredCapacity",
              "GroupAndWarmPoolTotalCapacity",
              "GroupDesiredCapacity",
              "GroupInServiceCapacity",
              "GroupInServiceInstances",
              "GroupMaxSize",
              "GroupMinSize",
              "GroupPendingCapacity",
              "GroupPendingInstances",
              "GroupStandbyCapacity",
              "GroupStandbyInstances",
              "GroupTerminatingCapacity",
              "GroupTerminatingInstances",
              "GroupTotalCapacity",
              "GroupTotalInstances",
              "WarmPoolDesiredCapacity",
              "WarmPoolMinSize",
              "WarmPoolPendingCapacity",
              "WarmPoolTerminatingCapacity",
              "WarmPoolTotalCapacity",
              "WarmPoolWarmedCapacity"
            ],
            "force_delete": false,
            "force_delete_warm_pool": false,
            "health_check_grace_period": 300,
            "health_check_type": "ELB",
            "id": "PROD Mapping Auto Scale Group",
            "initial_lifecycle_hook": [],
            "instance_refresh": [],
            "launch_configuration": "PROD BCE Mapping Launch Configuration",
            "launch_template": [],
            "load_balancers": [],
            "max_instance_lifetime": 0,
            "max_size": 6,
            "metrics_granularity": "1Minute",
            "min_elb_capacity": null,
            "min_size": 2,
            "mixed_instances_policy": [],
            "name": "PROD Mapping Auto Scale Group",
            "name_prefix": "",
            "placement_group": "",
            "protect_from_scale_in": false,
            "service_linked_role_arn": "arn:aws:iam::975971611990:role/aws-service-role/autoscaling.amazonaws.com/AWSServiceRoleForAutoScaling",
            "suspended_processes": [],
            "tag": [
              {
                "key": "Inspector",
                "propagate_at_launch": true,
                "value": "ON"
              },
              {
                "key": "Name",
                "propagate_at_launch": true,
                "value": "PROD-EC2-MAPPING1"
              }
            ],
            "tags": null,
            "target_group_arns": [
              "arn:aws:elasticloadbalancing:eu-west-2:975971611990:targetgroup/PROD-BCE-Mapping-TG/a833dd19b06a8329",
              "arn:aws:elasticloadbalancing:eu-west-2:975971611990:targetgroup/PROD-BCS-Mapping-TG/5dc08d1c70de44dd",
              "arn:aws:elasticloadbalancing:eu-west-2:975971611990:targetgroup/PROD-BCW-Mapping-TG/e3b3f6cf0523fa02",
              "arn:aws:elasticloadbalancing:eu-west-2:975971611990:targetgroup/PROD-CFFG-Mapping-TG/8d36ec2552c0dba0"
            ],
            "termination_policies": [
              "OldestInstance"
            ],
            "timeouts": null,
            "vpc_zone_identifier": [
              "subnet-0551d6a61d230bc74",
              "subnet-0a4554d7313b8bd33"
            ],
            "wait_for_capacity_timeout": "10m",
            "wait_for_elb_capacity": null,
            "warm_pool": []
          },
          "sensitive_attributes": [],
          "private": "eyJlMmJmYjczMC1lY2FhLTExZTYtOGY4OC0zNDM2M2JjN2M0YzAiOnsiZGVsZXRlIjo2MDAwMDAwMDAwMDB9fQ==",
          "dependencies": [
            "aws_iam_instance_profile.prod-ec2-cloudwatch",
            "aws_iam_role.prod-ec2-cloudwatch",
            "aws_launch_configuration.PROD-MAP-LC",
            "aws_lb_target_group.PROD-BCE-MAP-TG",
            "aws_lb_target_group.PROD-BCS-MAP-TG",
            "aws_lb_target_group.PROD-BCW-MAP-TG",
            "aws_lb_target_group.PROD-CFFG-MAP-TG",
            "aws_security_group.PROD-BCE-EXTALB-SG",
            "aws_security_group.PROD-BCS-EXTALB-SG",
            "aws_security_group.PROD-BCW-EXTALB-SG",
            "aws_security_group.PROD-CFFG-EXTALB-SG",
            "aws_security_group.PROD-EC2-MAP-SG",
            "aws_security_group.allow_ssh",
            "aws_subnet.prod-private",
            "aws_vpc.prod-default"
          ],
          "create_before_destroy": true
        }
      ]
    },
    {
      "mode": "managed",
      "type": "aws_autoscaling_policy",
      "name": "prod-app-scale-down",
      "provider": "provider[\"registry.terraform.io/hashicorp/aws\"]",
      "instances": [
        {
          "index_key": 0,
          "schema_version": 0,
          "attributes": {
            "adjustment_type": "ChangeInCapacity",
            "arn": "arn:aws:autoscaling:eu-west-2:975971611990:scalingPolicy:57a58eca-fbd3-4e71-a3c2-00188df63ec7:autoScalingGroupName/PROD Application Auto Scale Group:policyName/prod-app-scale-down",
            "autoscaling_group_name": "PROD Application Auto Scale Group",
            "cooldown": 60,
            "estimated_instance_warmup": 0,
            "id": "prod-app-scale-down",
            "metric_aggregation_type": "",
            "min_adjustment_magnitude": null,
            "name": "prod-app-scale-down",
            "policy_type": "SimpleScaling",
            "predictive_scaling_configuration": [],
            "scaling_adjustment": -1,
            "step_adjustment": [],
            "target_tracking_configuration": []
          },
          "sensitive_attributes": [],
          "private": "bnVsbA==",
          "dependencies": [
            "aws_autoscaling_group.PROD-APP-ASG",
            "aws_iam_instance_profile.prod-ec2-cloudwatch",
            "aws_iam_role.prod-ec2-cloudwatch",
            "aws_launch_configuration.PROD-APP-LC",
            "aws_lb_target_group.PROD-BCE-APP-TG",
            "aws_lb_target_group.PROD-BCS-APP-TG",
            "aws_lb_target_group.PROD-BCW-APP-TG",
            "aws_lb_target_group.PROD-CFFG-APP-TG",
            "aws_security_group.PROD-BCE-EXTALB-SG",
            "aws_security_group.PROD-BCS-EXTALB-SG",
            "aws_security_group.PROD-BCW-EXTALB-SG",
            "aws_security_group.PROD-CFFG-EXTALB-SG",
            "aws_security_group.PROD-EC2-APP-SG",
            "aws_security_group.allow_ssh",
            "aws_subnet.prod-private",
            "aws_vpc.prod-default"
          ]
        }
      ]
    },
    {
      "mode": "managed",
      "type": "aws_autoscaling_policy",
      "name": "prod-app-scale-up",
      "provider": "provider[\"registry.terraform.io/hashicorp/aws\"]",
      "instances": [
        {
          "index_key": 0,
          "schema_version": 0,
          "attributes": {
            "adjustment_type": "ChangeInCapacity",
            "arn": "arn:aws:autoscaling:eu-west-2:975971611990:scalingPolicy:f61fea39-ca2e-44a7-ae82-bda2e35809ff:autoScalingGroupName/PROD Application Auto Scale Group:policyName/prod-app-scale-up",
            "autoscaling_group_name": "PROD Application Auto Scale Group",
            "cooldown": 60,
            "estimated_instance_warmup": 0,
            "id": "prod-app-scale-up",
            "metric_aggregation_type": "",
            "min_adjustment_magnitude": null,
            "name": "prod-app-scale-up",
            "policy_type": "SimpleScaling",
            "predictive_scaling_configuration": [],
            "scaling_adjustment": 1,
            "step_adjustment": [],
            "target_tracking_configuration": []
          },
          "sensitive_attributes": [],
          "private": "bnVsbA==",
          "dependencies": [
            "aws_autoscaling_group.PROD-APP-ASG",
            "aws_iam_instance_profile.prod-ec2-cloudwatch",
            "aws_iam_role.prod-ec2-cloudwatch",
            "aws_launch_configuration.PROD-APP-LC",
            "aws_lb_target_group.PROD-BCE-APP-TG",
            "aws_lb_target_group.PROD-BCS-APP-TG",
            "aws_lb_target_group.PROD-BCW-APP-TG",
            "aws_lb_target_group.PROD-CFFG-APP-TG",
            "aws_security_group.PROD-BCE-EXTALB-SG",
            "aws_security_group.PROD-BCS-EXTALB-SG",
            "aws_security_group.PROD-BCW-EXTALB-SG",
            "aws_security_group.PROD-CFFG-EXTALB-SG",
            "aws_security_group.PROD-EC2-APP-SG",
            "aws_security_group.allow_ssh",
            "aws_subnet.prod-private",
            "aws_vpc.prod-default"
          ]
        }
      ]
    },
    {
      "mode": "managed",
      "type": "aws_autoscaling_policy",
      "name": "prod-map-scale-down",
      "provider": "provider[\"registry.terraform.io/hashicorp/aws\"]",
      "instances": [
        {
          "index_key": 0,
          "schema_version": 0,
          "attributes": {
            "adjustment_type": "ChangeInCapacity",
            "arn": "arn:aws:autoscaling:eu-west-2:975971611990:scalingPolicy:55dd9553-506d-4612-bde1-9616d613da8a:autoScalingGroupName/PROD Mapping Auto Scale Group:policyName/prod-map-scale-down",
            "autoscaling_group_name": "PROD Mapping Auto Scale Group",
            "cooldown": 60,
            "estimated_instance_warmup": 0,
            "id": "prod-map-scale-down",
            "metric_aggregation_type": "",
            "min_adjustment_magnitude": null,
            "name": "prod-map-scale-down",
            "policy_type": "SimpleScaling",
            "predictive_scaling_configuration": [],
            "scaling_adjustment": -1,
            "step_adjustment": [],
            "target_tracking_configuration": []
          },
          "sensitive_attributes": [],
          "private": "bnVsbA==",
          "dependencies": [
            "aws_autoscaling_group.PROD-MAP-ASG",
            "aws_iam_instance_profile.prod-ec2-cloudwatch",
            "aws_iam_role.prod-ec2-cloudwatch",
            "aws_launch_configuration.PROD-MAP-LC",
            "aws_lb_target_group.PROD-BCE-MAP-TG",
            "aws_lb_target_group.PROD-BCS-MAP-TG",
            "aws_lb_target_group.PROD-BCW-MAP-TG",
            "aws_lb_target_group.PROD-CFFG-MAP-TG",
            "aws_security_group.PROD-BCE-EXTALB-SG",
            "aws_security_group.PROD-BCS-EXTALB-SG",
            "aws_security_group.PROD-BCW-EXTALB-SG",
            "aws_security_group.PROD-CFFG-EXTALB-SG",
            "aws_security_group.PROD-EC2-MAP-SG",
            "aws_security_group.allow_ssh",
            "aws_subnet.prod-private",
            "aws_vpc.prod-default"
          ]
        }
      ]
    },
    {
      "mode": "managed",
      "type": "aws_autoscaling_policy",
      "name": "prod-map-scale-up",
      "provider": "provider[\"registry.terraform.io/hashicorp/aws\"]",
      "instances": [
        {
          "index_key": 0,
          "schema_version": 0,
          "attributes": {
            "adjustment_type": "ChangeInCapacity",
            "arn": "arn:aws:autoscaling:eu-west-2:975971611990:scalingPolicy:1207c837-5eef-4ea5-90d8-2a37bad9c9ac:autoScalingGroupName/PROD Mapping Auto Scale Group:policyName/prod-map-scale-up",
            "autoscaling_group_name": "PROD Mapping Auto Scale Group",
            "cooldown": 60,
            "estimated_instance_warmup": 0,
            "id": "prod-map-scale-up",
            "metric_aggregation_type": "",
            "min_adjustment_magnitude": null,
            "name": "prod-map-scale-up",
            "policy_type": "SimpleScaling",
            "predictive_scaling_configuration": [],
            "scaling_adjustment": 1,
            "step_adjustment": [],
            "target_tracking_configuration": []
          },
          "sensitive_attributes": [],
          "private": "bnVsbA==",
          "dependencies": [
            "aws_autoscaling_group.PROD-MAP-ASG",
            "aws_iam_instance_profile.prod-ec2-cloudwatch",
            "aws_iam_role.prod-ec2-cloudwatch",
            "aws_launch_configuration.PROD-MAP-LC",
            "aws_lb_target_group.PROD-BCE-MAP-TG",
            "aws_lb_target_group.PROD-BCS-MAP-TG",
            "aws_lb_target_group.PROD-BCW-MAP-TG",
            "aws_lb_target_group.PROD-CFFG-MAP-TG",
            "aws_security_group.PROD-BCE-EXTALB-SG",
            "aws_security_group.PROD-BCS-EXTALB-SG",
            "aws_security_group.PROD-BCW-EXTALB-SG",
            "aws_security_group.PROD-CFFG-EXTALB-SG",
            "aws_security_group.PROD-EC2-MAP-SG",
            "aws_security_group.allow_ssh",
            "aws_subnet.prod-private",
            "aws_vpc.prod-default"
          ]
        }
      ]
    },
    {
      "mode": "managed",
      "type": "aws_cloudfront_distribution",
      "name": "prod-bce-cf",
      "provider": "provider[\"registry.terraform.io/hashicorp/aws\"]",
      "instances": [
        {
          "schema_version": 1,
          "attributes": {
            "aliases": [
              "prod.bce2023.co.uk",
              "www.prod.bce2023.co.uk"
            ],
            "arn": "arn:aws:cloudfront::975971611990:distribution/E2MQIJY1IQVK61",
            "caller_reference": "terraform-20210521202544824600000001",
            "comment": null,
            "custom_error_response": [],
            "default_cache_behavior": [
              {
                "allowed_methods": [
                  "DELETE",
                  "GET",
                  "HEAD",
                  "OPTIONS",
                  "PATCH",
                  "POST",
                  "PUT"
                ],
                "cache_policy_id": "",
                "cached_methods": [
                  "GET",
                  "HEAD"
                ],
                "compress": false,
                "default_ttl": 86400,
                "field_level_encryption_id": "",
                "forwarded_values": [
                  {
                    "cookies": [
                      {
                        "forward": "all",
                        "whitelisted_names": []
                      }
                    ],
                    "headers": [
                      "*"
                    ],
                    "query_string": true,
                    "query_string_cache_keys": []
                  }
                ],
                "function_association": [],
                "lambda_function_association": [],
                "max_ttl": 31536000,
                "min_ttl": 0,
                "origin_request_policy_id": "",
                "realtime_log_config_arn": "",
                "smooth_streaming": false,
                "target_origin_id": "prod-bce-app-alb",
                "trusted_key_groups": [],
                "trusted_signers": [],
                "viewer_protocol_policy": "redirect-to-https"
              }
            ],
            "default_root_object": "",
            "domain_name": "d1g2wg9eed17vc.cloudfront.net",
            "enabled": true,
            "etag": "EGAYUMMGWLE8W",
            "hosted_zone_id": "Z2FDTNDATAQYW2",
            "http_version": "http2",
            "id": "E2MQIJY1IQVK61",
            "in_progress_validation_batches": 0,
            "is_ipv6_enabled": false,
            "last_modified_time": "2021-06-07 20:55:51.765 +0000 UTC",
            "logging_config": [
              {
                "bucket": "prod-bce-cloudfront-logs.s3.amazonaws.com",
                "include_cookies": false,
                "prefix": "prodbce"
              }
            ],
            "ordered_cache_behavior": [],
            "origin": [
              {
                "connection_attempts": 3,
                "connection_timeout": 10,
                "custom_header": [],
                "custom_origin_config": [
                  {
                    "http_port": 80,
                    "https_port": 443,
                    "origin_keepalive_timeout": 5,
                    "origin_protocol_policy": "match-viewer",
                    "origin_read_timeout": 30,
                    "origin_ssl_protocols": [
                      "TLSv1.2"
                    ]
                  }
                ],
                "domain_name": "prod-bce-app-alb-1142007458.eu-west-2.elb.amazonaws.com",
                "origin_id": "prod-bce-app-alb",
                "origin_path": "",
                "origin_shield": [],
                "s3_origin_config": []
              },
              {
                "connection_attempts": 3,
                "connection_timeout": 10,
                "custom_header": [],
                "custom_origin_config": [
                  {
                    "http_port": 80,
                    "https_port": 443,
                    "origin_keepalive_timeout": 5,
                    "origin_protocol_policy": "match-viewer",
                    "origin_read_timeout": 30,
                    "origin_ssl_protocols": [
                      "TLSv1.2"
                    ]
                  }
                ],
                "domain_name": "prod-bcp-maintenance.s3-website.eu-west-2.amazonaws.com",
                "origin_id": "PROD-Maintenance",
                "origin_path": "",
                "origin_shield": [],
                "s3_origin_config": []
              }
            ],
            "origin_group": [],
            "price_class": "PriceClass_All",
            "restrictions": [
              {
                "geo_restriction": [
                  {
                    "locations": [],
                    "restriction_type": "none"
                  }
                ]
              }
            ],
            "retain_on_delete": false,
            "status": "Deployed",
            "tags": {},
            "tags_all": {},
            "trusted_key_groups": [
              {
                "enabled": false,
                "items": []
              }
            ],
            "trusted_signers": [
              {
                "enabled": false,
                "items": []
              }
            ],
            "viewer_certificate": [
              {
                "acm_certificate_arn": "arn:aws:acm:us-east-1:975971611990:certificate/7dc39ace-9113-4077-b1ad-ed015b3a2133",
                "cloudfront_default_certificate": false,
                "iam_certificate_id": "",
                "minimum_protocol_version": "TLSv1.2_2019",
                "ssl_support_method": "sni-only"
              }
            ],
            "wait_for_deployment": true,
            "web_acl_id": "0f7031c9-f06b-4e85-bf80-a3e79310e5d0"
          },
          "sensitive_attributes": [],
          "private": "eyJzY2hlbWFfdmVyc2lvbiI6IjEifQ==",
          "dependencies": [
            "aws_iam_role.prod-bcp-rep",
            "aws_kms_key.prod-kms",
            "aws_lb.prod-bce-app-alb",
            "aws_s3_bucket.prod-bce-cloudfront-logs",
            "aws_s3_bucket.prod-bce-logs",
            "aws_security_group.PROD-BCE-EXTALB-SG",
            "aws_subnet.prod-public",
            "aws_vpc.prod-default",
            "aws_waf_ipset.prod-bce-waf-ip",
            "aws_waf_rule.prod-bce-waf-rule",
            "aws_waf_web_acl.prod-bce-waf-acl",
            "data.aws_canonical_user_id.current_user"
          ]
        }
      ]
    },
    {
      "mode": "managed",
      "type": "aws_cloudfront_distribution",
      "name": "prod-bcs-cf",
      "provider": "provider[\"registry.terraform.io/hashicorp/aws\"]",
      "instances": [
        {
          "schema_version": 1,
          "attributes": {
            "aliases": [
              "prod.bcs2023.co.uk",
              "www.prod.bcs2023.co.uk"
            ],
            "arn": "arn:aws:cloudfront::975971611990:distribution/E2GJJ07HX38CBO",
            "caller_reference": "terraform-20210521192414841700000009",
            "comment": null,
            "custom_error_response": [],
            "default_cache_behavior": [
              {
                "allowed_methods": [
                  "DELETE",
                  "GET",
                  "HEAD",
                  "OPTIONS",
                  "PATCH",
                  "POST",
                  "PUT"
                ],
                "cache_policy_id": "",
                "cached_methods": [
                  "GET",
                  "HEAD"
                ],
                "compress": false,
                "default_ttl": 86400,
                "field_level_encryption_id": "",
                "forwarded_values": [
                  {
                    "cookies": [
                      {
                        "forward": "all",
                        "whitelisted_names": []
                      }
                    ],
                    "headers": [
                      "*"
                    ],
                    "query_string": true,
                    "query_string_cache_keys": []
                  }
                ],
                "function_association": [],
                "lambda_function_association": [],
                "max_ttl": 31536000,
                "min_ttl": 0,
                "origin_request_policy_id": "",
                "realtime_log_config_arn": "",
                "smooth_streaming": false,
                "target_origin_id": "prod-bcs-app-alb",
                "trusted_key_groups": [],
                "trusted_signers": [],
                "viewer_protocol_policy": "redirect-to-https"
              }
            ],
            "default_root_object": "",
            "domain_name": "d35bpp9o69gzy8.cloudfront.net",
            "enabled": true,
            "etag": "E1UFZJ7OB83RU5",
            "hosted_zone_id": "Z2FDTNDATAQYW2",
            "http_version": "http2",
            "id": "E2GJJ07HX38CBO",
            "in_progress_validation_batches": 0,
            "is_ipv6_enabled": false,
            "last_modified_time": "2021-06-07 20:55:51.856 +0000 UTC",
            "logging_config": [
              {
                "bucket": "prod-bcs-cloudfront-logs.s3.amazonaws.com",
                "include_cookies": false,
                "prefix": "prodbcs"
              }
            ],
            "ordered_cache_behavior": [],
            "origin": [
              {
                "connection_attempts": 3,
                "connection_timeout": 10,
                "custom_header": [],
                "custom_origin_config": [
                  {
                    "http_port": 80,
                    "https_port": 443,
                    "origin_keepalive_timeout": 5,
                    "origin_protocol_policy": "match-viewer",
                    "origin_read_timeout": 30,
                    "origin_ssl_protocols": [
                      "TLSv1.2"
                    ]
                  }
                ],
                "domain_name": "prod-bcp-maintenance.s3-website.eu-west-2.amazonaws.com",
                "origin_id": "PROD-Maintenance",
                "origin_path": "",
                "origin_shield": [],
                "s3_origin_config": []
              },
              {
                "connection_attempts": 3,
                "connection_timeout": 10,
                "custom_header": [],
                "custom_origin_config": [
                  {
                    "http_port": 80,
                    "https_port": 443,
                    "origin_keepalive_timeout": 5,
                    "origin_protocol_policy": "match-viewer",
                    "origin_read_timeout": 30,
                    "origin_ssl_protocols": [
                      "TLSv1.2"
                    ]
                  }
                ],
                "domain_name": "prod-bcs-app-alb-164974533.eu-west-2.elb.amazonaws.com",
                "origin_id": "prod-bcs-app-alb",
                "origin_path": "",
                "origin_shield": [],
                "s3_origin_config": []
              }
            ],
            "origin_group": [],
            "price_class": "PriceClass_All",
            "restrictions": [
              {
                "geo_restriction": [
                  {
                    "locations": [],
                    "restriction_type": "none"
                  }
                ]
              }
            ],
            "retain_on_delete": false,
            "status": "Deployed",
            "tags": {},
            "tags_all": {},
            "trusted_key_groups": [
              {
                "enabled": false,
                "items": []
              }
            ],
            "trusted_signers": [
              {
                "enabled": false,
                "items": []
              }
            ],
            "viewer_certificate": [
              {
                "acm_certificate_arn": "arn:aws:acm:us-east-1:975971611990:certificate/7dc39ace-9113-4077-b1ad-ed015b3a2133",
                "cloudfront_default_certificate": false,
                "iam_certificate_id": "",
                "minimum_protocol_version": "TLSv1.2_2019",
                "ssl_support_method": "sni-only"
              }
            ],
            "wait_for_deployment": true,
            "web_acl_id": "74c18280-3550-4d9f-bfd8-3f179c8c7222"
          },
          "sensitive_attributes": [],
          "private": "eyJzY2hlbWFfdmVyc2lvbiI6IjEifQ==",
          "dependencies": [
            "aws_iam_role.prod-bcp-rep",
            "aws_kms_key.prod-kms",
            "aws_lb.prod-bcs-app-alb",
            "aws_s3_bucket.prod-bcs-cloudfront-logs",
            "aws_s3_bucket.prod-bcs-logs",
            "aws_security_group.PROD-BCS-EXTALB-SG",
            "aws_subnet.prod-public",
            "aws_vpc.prod-default",
            "aws_waf_ipset.prod-bcs-waf-ip",
            "aws_waf_rule.prod-bcs-waf-rule",
            "aws_waf_web_acl.prod-bcs-waf-acl",
            "data.aws_canonical_user_id.current_user"
          ]
        }
      ]
    },
    {
      "mode": "managed",
      "type": "aws_cloudfront_distribution",
      "name": "prod-bcw-cf",
      "provider": "provider[\"registry.terraform.io/hashicorp/aws\"]",
      "instances": [
        {
          "schema_version": 1,
          "attributes": {
            "aliases": [
              "prod.bcw2023.co.uk",
              "www.prod.bcw2023.co.uk"
            ],
            "arn": "arn:aws:cloudfront::975971611990:distribution/E1RE76VJGU3F4R",
            "caller_reference": "terraform-20210521192414408500000008",
            "comment": null,
            "custom_error_response": [],
            "default_cache_behavior": [
              {
                "allowed_methods": [
                  "DELETE",
                  "GET",
                  "HEAD",
                  "OPTIONS",
                  "PATCH",
                  "POST",
                  "PUT"
                ],
                "cache_policy_id": "",
                "cached_methods": [
                  "GET",
                  "HEAD"
                ],
                "compress": false,
                "default_ttl": 86400,
                "field_level_encryption_id": "",
                "forwarded_values": [
                  {
                    "cookies": [
                      {
                        "forward": "all",
                        "whitelisted_names": []
                      }
                    ],
                    "headers": [
                      "*"
                    ],
                    "query_string": true,
                    "query_string_cache_keys": []
                  }
                ],
                "function_association": [],
                "lambda_function_association": [],
                "max_ttl": 31536000,
                "min_ttl": 0,
                "origin_request_policy_id": "",
                "realtime_log_config_arn": "",
                "smooth_streaming": false,
                "target_origin_id": "prod-bcw-app-alb",
                "trusted_key_groups": [],
                "trusted_signers": [],
                "viewer_protocol_policy": "redirect-to-https"
              }
            ],
            "default_root_object": "",
            "domain_name": "d2ykst503ktofy.cloudfront.net",
            "enabled": true,
            "etag": "E27G481FP1M6VV",
            "hosted_zone_id": "Z2FDTNDATAQYW2",
            "http_version": "http2",
            "id": "E1RE76VJGU3F4R",
            "in_progress_validation_batches": 0,
            "is_ipv6_enabled": false,
            "last_modified_time": "2021-06-07 20:55:51.812 +0000 UTC",
            "logging_config": [
              {
                "bucket": "prod-bcw-cloudfront-logs.s3.amazonaws.com",
                "include_cookies": false,
                "prefix": "prodbcw"
              }
            ],
            "ordered_cache_behavior": [],
            "origin": [
              {
                "connection_attempts": 3,
                "connection_timeout": 10,
                "custom_header": [],
                "custom_origin_config": [
                  {
                    "http_port": 80,
                    "https_port": 443,
                    "origin_keepalive_timeout": 5,
                    "origin_protocol_policy": "match-viewer",
                    "origin_read_timeout": 30,
                    "origin_ssl_protocols": [
                      "TLSv1.2"
                    ]
                  }
                ],
                "domain_name": "prod-bcp-maintenance.s3-website.eu-west-2.amazonaws.com",
                "origin_id": "PROD-Maintenance",
                "origin_path": "",
                "origin_shield": [],
                "s3_origin_config": []
              },
              {
                "connection_attempts": 3,
                "connection_timeout": 10,
                "custom_header": [],
                "custom_origin_config": [
                  {
                    "http_port": 80,
                    "https_port": 443,
                    "origin_keepalive_timeout": 5,
                    "origin_protocol_policy": "match-viewer",
                    "origin_read_timeout": 30,
                    "origin_ssl_protocols": [
                      "TLSv1.2"
                    ]
                  }
                ],
                "domain_name": "prod-bcw-app-alb-1702065618.eu-west-2.elb.amazonaws.com",
                "origin_id": "prod-bcw-app-alb",
                "origin_path": "",
                "origin_shield": [],
                "s3_origin_config": []
              }
            ],
            "origin_group": [],
            "price_class": "PriceClass_All",
            "restrictions": [
              {
                "geo_restriction": [
                  {
                    "locations": [],
                    "restriction_type": "none"
                  }
                ]
              }
            ],
            "retain_on_delete": false,
            "status": "Deployed",
            "tags": {},
            "tags_all": {},
            "trusted_key_groups": [
              {
                "enabled": false,
                "items": []
              }
            ],
            "trusted_signers": [
              {
                "enabled": false,
                "items": []
              }
            ],
            "viewer_certificate": [
              {
                "acm_certificate_arn": "arn:aws:acm:us-east-1:975971611990:certificate/7dc39ace-9113-4077-b1ad-ed015b3a2133",
                "cloudfront_default_certificate": false,
                "iam_certificate_id": "",
                "minimum_protocol_version": "TLSv1.2_2019",
                "ssl_support_method": "sni-only"
              }
            ],
            "wait_for_deployment": true,
            "web_acl_id": "7edaa9bd-0cc7-4967-a25c-19b238edfe8a"
          },
          "sensitive_attributes": [],
          "private": "eyJzY2hlbWFfdmVyc2lvbiI6IjEifQ==",
          "dependencies": [
            "aws_iam_role.prod-bcp-rep",
            "aws_kms_key.prod-kms",
            "aws_lb.prod-bcw-app-alb",
            "aws_s3_bucket.prod-bcw-cloudfront-logs",
            "aws_s3_bucket.prod-bcw-logs",
            "aws_security_group.PROD-BCW-EXTALB-SG",
            "aws_subnet.prod-public",
            "aws_vpc.prod-default",
            "aws_waf_ipset.prod-bcw-waf-ip",
            "aws_waf_rule.prod-bcw-waf-rule",
            "aws_waf_web_acl.prod-bcw-waf-acl",
            "data.aws_canonical_user_id.current_user"
          ]
        }
      ]
    },
    {
      "mode": "managed",
      "type": "aws_cloudfront_distribution",
      "name": "prod-cffg-cf",
      "provider": "provider[\"registry.terraform.io/hashicorp/aws\"]",
      "instances": [
        {
          "schema_version": 1,
          "attributes": {
            "aliases": [
              "prod.cffg2023.co.uk",
              "www.prod.cffg2023.co.uk"
            ],
            "arn": "arn:aws:cloudfront::975971611990:distribution/E2M1CMYD8U6C4M",
            "caller_reference": "terraform-20210521193227407000000001",
            "comment": null,
            "custom_error_response": [],
            "default_cache_behavior": [
              {
                "allowed_methods": [
                  "DELETE",
                  "GET",
                  "HEAD",
                  "OPTIONS",
                  "PATCH",
                  "POST",
                  "PUT"
                ],
                "cache_policy_id": "",
                "cached_methods": [
                  "GET",
                  "HEAD"
                ],
                "compress": false,
                "default_ttl": 86400,
                "field_level_encryption_id": "",
                "forwarded_values": [
                  {
                    "cookies": [
                      {
                        "forward": "all",
                        "whitelisted_names": []
                      }
                    ],
                    "headers": [
                      "*"
                    ],
                    "query_string": true,
                    "query_string_cache_keys": []
                  }
                ],
                "function_association": [],
                "lambda_function_association": [],
                "max_ttl": 31536000,
                "min_ttl": 0,
                "origin_request_policy_id": "",
                "realtime_log_config_arn": "",
                "smooth_streaming": false,
                "target_origin_id": "prod-cffg-app-alb",
                "trusted_key_groups": [],
                "trusted_signers": [],
                "viewer_protocol_policy": "redirect-to-https"
              }
            ],
            "default_root_object": "",
            "domain_name": "d1p6n0r4qutglu.cloudfront.net",
            "enabled": true,
            "etag": "E1X6CQDO3RUD4O",
            "hosted_zone_id": "Z2FDTNDATAQYW2",
            "http_version": "http2",
            "id": "E2M1CMYD8U6C4M",
            "in_progress_validation_batches": 0,
            "is_ipv6_enabled": false,
            "last_modified_time": "2021-06-07 20:55:51.743 +0000 UTC",
            "logging_config": [
              {
                "bucket": "prod-cffg-cloudfront-logs.s3.amazonaws.com",
                "include_cookies": false,
                "prefix": "prodcffg"
              }
            ],
            "ordered_cache_behavior": [],
            "origin": [
              {
                "connection_attempts": 3,
                "connection_timeout": 10,
                "custom_header": [],
                "custom_origin_config": [
                  {
                    "http_port": 80,
                    "https_port": 443,
                    "origin_keepalive_timeout": 5,
                    "origin_protocol_policy": "match-viewer",
                    "origin_read_timeout": 30,
                    "origin_ssl_protocols": [
                      "TLSv1.2"
                    ]
                  }
                ],
                "domain_name": "prod-bcp-maintenance.s3-website.eu-west-2.amazonaws.com",
                "origin_id": "PROD-Maintenance",
                "origin_path": "",
                "origin_shield": [],
                "s3_origin_config": []
              },
              {
                "connection_attempts": 3,
                "connection_timeout": 10,
                "custom_header": [],
                "custom_origin_config": [
                  {
                    "http_port": 80,
                    "https_port": 443,
                    "origin_keepalive_timeout": 5,
                    "origin_protocol_policy": "match-viewer",
                    "origin_read_timeout": 30,
                    "origin_ssl_protocols": [
                      "TLSv1.2"
                    ]
                  }
                ],
                "domain_name": "prod-cffg-app-alb-498590345.eu-west-2.elb.amazonaws.com",
                "origin_id": "prod-cffg-app-alb",
                "origin_path": "",
                "origin_shield": [],
                "s3_origin_config": []
              }
            ],
            "origin_group": [],
            "price_class": "PriceClass_All",
            "restrictions": [
              {
                "geo_restriction": [
                  {
                    "locations": [],
                    "restriction_type": "none"
                  }
                ]
              }
            ],
            "retain_on_delete": false,
            "status": "Deployed",
            "tags": {},
            "tags_all": {},
            "trusted_key_groups": [
              {
                "enabled": false,
                "items": []
              }
            ],
            "trusted_signers": [
              {
                "enabled": false,
                "items": []
              }
            ],
            "viewer_certificate": [
              {
                "acm_certificate_arn": "arn:aws:acm:us-east-1:975971611990:certificate/7dc39ace-9113-4077-b1ad-ed015b3a2133",
                "cloudfront_default_certificate": false,
                "iam_certificate_id": "",
                "minimum_protocol_version": "TLSv1.2_2019",
                "ssl_support_method": "sni-only"
              }
            ],
            "wait_for_deployment": true,
            "web_acl_id": "b63cf85a-910f-44ad-9c5e-45417002eada"
          },
          "sensitive_attributes": [],
          "private": "eyJzY2hlbWFfdmVyc2lvbiI6IjEifQ==",
          "dependencies": [
            "aws_iam_role.prod-bcp-rep",
            "aws_kms_key.prod-kms",
            "aws_lb.prod-cffg-app-alb",
            "aws_s3_bucket.prod-cffg-cloudfront-logs",
            "aws_s3_bucket.prod-cffg-logs",
            "aws_security_group.PROD-CFFG-EXTALB-SG",
            "aws_subnet.prod-public",
            "aws_vpc.prod-default",
            "aws_waf_ipset.prod-cffg-waf-ip",
            "aws_waf_rule.prod-cffg-waf-rule",
            "aws_waf_web_acl.prod-cffg-waf-acl",
            "data.aws_canonical_user_id.current_user"
          ]
        }
      ]
    },
    {
      "mode": "managed",
      "type": "aws_cloudtrail",
      "name": "prod-cloudtrail",
      "provider": "provider[\"registry.terraform.io/hashicorp/aws\"]",
      "instances": [
        {
          "schema_version": 0,
          "attributes": {
            "arn": "arn:aws:cloudtrail:eu-west-2:975971611990:trail/prod-cloudtrail",
            "cloud_watch_logs_group_arn": "",
            "cloud_watch_logs_role_arn": "",
            "enable_log_file_validation": true,
            "enable_logging": true,
            "event_selector": [],
            "home_region": "eu-west-2",
            "id": "prod-cloudtrail",
            "include_global_service_events": true,
            "insight_selector": [],
            "is_multi_region_trail": true,
            "is_organization_trail": false,
            "kms_key_id": "",
            "name": "prod-cloudtrail",
            "s3_bucket_name": "bcp-prod-cloudtrail",
            "s3_key_prefix": "prefix",
            "sns_topic_name": "",
            "tags": {},
            "tags_all": {}
          },
          "sensitive_attributes": [],
          "private": "bnVsbA==",
          "dependencies": [
            "aws_iam_role.prod-bcp-rep",
            "aws_kms_key.prod-kms",
            "aws_s3_bucket.bcp-prod-cloudtrail",
            "data.aws_caller_identity.current1"
          ]
        }
      ]
    },
    {
      "mode": "managed",
      "type": "aws_cloudwatch_event_rule",
      "name": "prod-inspector",
      "provider": "provider[\"registry.terraform.io/hashicorp/aws\"]",
      "instances": [
        {
          "schema_version": 0,
          "attributes": {
            "arn": "arn:aws:events:eu-west-2:975971611990:rule/prod-scheduled-inspector-assessment",
            "description": "Scheduled Inspector Assessment for arn:aws:inspector:eu-west-2:975971611990:target/0-QykRFCXt/template/0-io27u4uQ",
            "event_bus_name": "default",
            "event_pattern": null,
            "id": "prod-scheduled-inspector-assessment",
            "is_enabled": true,
            "name": "prod-scheduled-inspector-assessment",
            "name_prefix": "",
            "role_arn": "",
            "schedule_expression": "rate(1 day)",
            "tags": {},
            "tags_all": {}
          },
          "sensitive_attributes": [],
          "private": "bnVsbA==",
          "dependencies": [
            "aws_inspector_assessment_target.prod-target",
            "aws_inspector_assessment_template.prod-template",
            "aws_inspector_resource_group.prod-inspector"
          ]
        }
      ]
    },
    {
      "mode": "managed",
      "type": "aws_cloudwatch_event_rule",
      "name": "prod_log_exporter",
      "provider": "provider[\"registry.terraform.io/hashicorp/aws\"]",
      "instances": [
        {
          "schema_version": 0,
          "attributes": {
            "arn": "arn:aws:events:eu-west-2:975971611990:rule/prod-log-exporter-heyjkisf",
            "description": "periodically sends PROD cloudwatch log groups to S3",
            "event_bus_name": "default",
            "event_pattern": null,
            "id": "prod-log-exporter-heyjkisf",
            "is_enabled": true,
            "name": "prod-log-exporter-heyjkisf",
            "name_prefix": "",
            "role_arn": "",
            "schedule_expression": "rate(4 hours)",
            "tags": {},
            "tags_all": {}
          },
          "sensitive_attributes": [],
          "private": "bnVsbA==",
          "dependencies": [
            "random_string.random"
          ]
        }
      ]
    },
    {
      "mode": "managed",
      "type": "aws_cloudwatch_event_target",
      "name": "prod-inspect",
      "provider": "provider[\"registry.terraform.io/hashicorp/aws\"]",
      "instances": [
        {
          "schema_version": 1,
          "attributes": {
            "arn": "arn:aws:inspector:eu-west-2:975971611990:target/0-QykRFCXt/template/0-io27u4uQ",
            "batch_target": [],
            "dead_letter_config": [],
            "ecs_target": [],
            "event_bus_name": "default",
            "http_target": [],
            "id": "prod-scheduled-inspector-assessment-Amazon_Inspector_Assess",
            "input": "",
            "input_path": "",
            "input_transformer": [],
            "kinesis_target": [],
            "redshift_target": [],
            "retry_policy": [],
            "role_arn": "arn:aws:iam::975971611990:role/prod-inspector-event-role",
            "rule": "prod-scheduled-inspector-assessment",
            "run_command_targets": [],
            "sqs_target": [],
            "target_id": "Amazon_Inspector_Assess"
          },
          "sensitive_attributes": [],
          "private": "eyJzY2hlbWFfdmVyc2lvbiI6IjEifQ==",
          "dependencies": [
            "aws_cloudwatch_event_rule.prod-inspector",
            "aws_iam_role.prod_inspector_event_role",
            "aws_inspector_assessment_target.prod-target",
            "aws_inspector_assessment_template.prod-template",
            "aws_inspector_resource_group.prod-inspector"
          ]
        }
      ]
    },
    {
      "mode": "managed",
      "type": "aws_cloudwatch_event_target",
      "name": "prod_log_exporter",
      "provider": "provider[\"registry.terraform.io/hashicorp/aws\"]",
      "instances": [
        {
          "schema_version": 1,
          "attributes": {
            "arn": "arn:aws:lambda:eu-west-2:975971611990:function:prod-log-exporter-heyjkisf",
            "batch_target": [],
            "dead_letter_config": [],
            "ecs_target": [],
            "event_bus_name": "default",
            "http_target": [],
            "id": "prod-log-exporter-heyjkisf-prod-log-exporter-heyjkisf",
            "input": "",
            "input_path": "",
            "input_transformer": [],
            "kinesis_target": [],
            "redshift_target": [],
            "retry_policy": [],
            "role_arn": "",
            "rule": "prod-log-exporter-heyjkisf",
            "run_command_targets": [],
            "sqs_target": [],
            "target_id": "prod-log-exporter-heyjkisf"
          },
          "sensitive_attributes": [],
          "private": "eyJzY2hlbWFfdmVyc2lvbiI6IjEifQ==",
          "dependencies": [
            "aws_cloudwatch_event_rule.prod_log_exporter",
            "aws_iam_role.prod-bcp-rep",
            "aws_iam_role.prod_log_exporter",
            "aws_kms_key.prod-kms",
            "aws_lambda_function.prod_log_exporter",
            "aws_s3_bucket.prod-bcp-cloudwatch",
            "data.archive_file.prod_log_exporter",
            "random_string.random"
          ]
        }
      ]
    },
    {
      "mode": "managed",
      "type": "aws_cloudwatch_log_group",
      "name": "prod-apache",
      "provider": "provider[\"registry.terraform.io/hashicorp/aws\"]",
      "instances": [
        {
          "schema_version": 0,
          "attributes": {
            "arn": "arn:aws:logs:eu-west-2:975971611990:log-group:ProdApacheLogGroup",
            "id": "ProdApacheLogGroup",
            "kms_key_id": "",
            "name": "ProdApacheLogGroup",
            "name_prefix": null,
            "retention_in_days": 0,
            "tags": {},
            "tags_all": {}
          },
          "sensitive_attributes": [],
          "private": "bnVsbA=="
        }
      ]
    },
    {
      "mode": "managed",
      "type": "aws_cloudwatch_log_group",
      "name": "prod-drupal",
      "provider": "provider[\"registry.terraform.io/hashicorp/aws\"]",
      "instances": [
        {
          "schema_version": 0,
          "attributes": {
            "arn": "arn:aws:logs:eu-west-2:975971611990:log-group:ProdDrupalLogGroup",
            "id": "ProdDrupalLogGroup",
            "kms_key_id": "",
            "name": "ProdDrupalLogGroup",
            "name_prefix": null,
            "retention_in_days": 0,
            "tags": {},
            "tags_all": {}
          },
          "sensitive_attributes": [],
          "private": "bnVsbA=="
        }
      ]
    },
    {
      "mode": "managed",
      "type": "aws_cloudwatch_log_group",
      "name": "prod-geoserver",
      "provider": "provider[\"registry.terraform.io/hashicorp/aws\"]",
      "instances": [
        {
          "schema_version": 0,
          "attributes": {
            "arn": "arn:aws:logs:eu-west-2:975971611990:log-group:ProdGeoserverLogGroup",
            "id": "ProdGeoserverLogGroup",
            "kms_key_id": "",
            "name": "ProdGeoserverLogGroup",
            "name_prefix": null,
            "retention_in_days": 0,
            "tags": {},
            "tags_all": {}
          },
          "sensitive_attributes": [],
          "private": "bnVsbA=="
        }
      ]
    },
    {
      "mode": "managed",
      "type": "aws_cloudwatch_metric_alarm",
      "name": "prod-app-cpu-high",
      "provider": "provider[\"registry.terraform.io/hashicorp/aws\"]",
      "instances": [
        {
          "index_key": 0,
          "schema_version": 1,
          "attributes": {
            "actions_enabled": true,
            "alarm_actions": [
              "arn:aws:autoscaling:eu-west-2:975971611990:scalingPolicy:f61fea39-ca2e-44a7-ae82-bda2e35809ff:autoScalingGroupName/PROD Application Auto Scale Group:policyName/prod-app-scale-up"
            ],
            "alarm_description": "This metric monitors ec2 cpu for high utilization on agent hosts",
            "alarm_name": "prod-app-cpu-high",
            "arn": "arn:aws:cloudwatch:eu-west-2:975971611990:alarm:prod-app-cpu-high",
            "comparison_operator": "GreaterThanOrEqualToThreshold",
            "datapoints_to_alarm": 1,
            "dimensions": {
              "AutoScalingGroupName": "PROD Application Auto Scale Group"
            },
            "evaluate_low_sample_count_percentiles": "",
            "evaluation_periods": 1,
            "extended_statistic": "",
            "id": "prod-app-cpu-high",
            "insufficient_data_actions": [],
            "metric_name": "CPUUtilization",
            "metric_query": [],
            "namespace": "AWS/EC2",
            "ok_actions": [],
            "period": 60,
            "statistic": "Average",
            "tags": {},
            "tags_all": {},
            "threshold": 75,
            "threshold_metric_id": "",
            "treat_missing_data": "missing",
            "unit": ""
          },
          "sensitive_attributes": [],
          "private": "eyJzY2hlbWFfdmVyc2lvbiI6IjEifQ==",
          "dependencies": [
            "aws_autoscaling_group.PROD-APP-ASG",
            "aws_autoscaling_policy.prod-app-scale-up",
            "aws_iam_instance_profile.prod-ec2-cloudwatch",
            "aws_iam_role.prod-ec2-cloudwatch",
            "aws_launch_configuration.PROD-APP-LC",
            "aws_lb_target_group.PROD-BCE-APP-TG",
            "aws_lb_target_group.PROD-BCS-APP-TG",
            "aws_lb_target_group.PROD-BCW-APP-TG",
            "aws_lb_target_group.PROD-CFFG-APP-TG",
            "aws_security_group.PROD-BCE-EXTALB-SG",
            "aws_security_group.PROD-BCS-EXTALB-SG",
            "aws_security_group.PROD-BCW-EXTALB-SG",
            "aws_security_group.PROD-CFFG-EXTALB-SG",
            "aws_security_group.PROD-EC2-APP-SG",
            "aws_security_group.allow_ssh",
            "aws_subnet.prod-private",
            "aws_vpc.prod-default"
          ]
        }
      ]
    },
    {
      "mode": "managed",
      "type": "aws_cloudwatch_metric_alarm",
      "name": "prod-app-cpu-low",
      "provider": "provider[\"registry.terraform.io/hashicorp/aws\"]",
      "instances": [
        {
          "index_key": 0,
          "schema_version": 1,
          "attributes": {
            "actions_enabled": true,
            "alarm_actions": [
              "arn:aws:autoscaling:eu-west-2:975971611990:scalingPolicy:57a58eca-fbd3-4e71-a3c2-00188df63ec7:autoScalingGroupName/PROD Application Auto Scale Group:policyName/prod-app-scale-down"
            ],
            "alarm_description": "This metric monitors ec2 cpu for low utilization on agent hosts",
            "alarm_name": "prod-app-cpu-low",
            "arn": "arn:aws:cloudwatch:eu-west-2:975971611990:alarm:prod-app-cpu-low",
            "comparison_operator": "LessThanOrEqualToThreshold",
            "datapoints_to_alarm": 0,
            "dimensions": {
              "AutoScalingGroupName": "PROD Application Auto Scale Group"
            },
            "evaluate_low_sample_count_percentiles": "",
            "evaluation_periods": 1,
            "extended_statistic": "",
            "id": "prod-app-cpu-low",
            "insufficient_data_actions": [],
            "metric_name": "CPUUtilization",
            "metric_query": [],
            "namespace": "AWS/EC2",
            "ok_actions": [],
            "period": 120,
            "statistic": "Average",
            "tags": {},
            "tags_all": {},
            "threshold": 50,
            "threshold_metric_id": "",
            "treat_missing_data": "missing",
            "unit": ""
          },
          "sensitive_attributes": [],
          "private": "eyJzY2hlbWFfdmVyc2lvbiI6IjEifQ==",
          "dependencies": [
            "aws_autoscaling_group.PROD-APP-ASG",
            "aws_autoscaling_policy.prod-app-scale-down",
            "aws_iam_instance_profile.prod-ec2-cloudwatch",
            "aws_iam_role.prod-ec2-cloudwatch",
            "aws_launch_configuration.PROD-APP-LC",
            "aws_lb_target_group.PROD-BCE-APP-TG",
            "aws_lb_target_group.PROD-BCS-APP-TG",
            "aws_lb_target_group.PROD-BCW-APP-TG",
            "aws_lb_target_group.PROD-CFFG-APP-TG",
            "aws_security_group.PROD-BCE-EXTALB-SG",
            "aws_security_group.PROD-BCS-EXTALB-SG",
            "aws_security_group.PROD-BCW-EXTALB-SG",
            "aws_security_group.PROD-CFFG-EXTALB-SG",
            "aws_security_group.PROD-EC2-APP-SG",
            "aws_security_group.allow_ssh",
            "aws_subnet.prod-private",
            "aws_vpc.prod-default"
          ]
        }
      ]
    },
    {
      "mode": "managed",
      "type": "aws_cloudwatch_metric_alarm",
      "name": "prod-map-cpu-high",
      "provider": "provider[\"registry.terraform.io/hashicorp/aws\"]",
      "instances": [
        {
          "index_key": 0,
          "schema_version": 1,
          "attributes": {
            "actions_enabled": true,
            "alarm_actions": [
              "arn:aws:autoscaling:eu-west-2:975971611990:scalingPolicy:1207c837-5eef-4ea5-90d8-2a37bad9c9ac:autoScalingGroupName/PROD Mapping Auto Scale Group:policyName/prod-map-scale-up"
            ],
            "alarm_description": "This metric monitors ec2 cpu for high utilization on agent hosts",
            "alarm_name": "prod-map-cpu-high",
            "arn": "arn:aws:cloudwatch:eu-west-2:975971611990:alarm:prod-map-cpu-high",
            "comparison_operator": "GreaterThanOrEqualToThreshold",
            "datapoints_to_alarm": 1,
            "dimensions": {
              "AutoScalingGroupName": "PROD Mapping Auto Scale Group"
            },
            "evaluate_low_sample_count_percentiles": "",
            "evaluation_periods": 1,
            "extended_statistic": "",
            "id": "prod-map-cpu-high",
            "insufficient_data_actions": [],
            "metric_name": "CPUUtilization",
            "metric_query": [],
            "namespace": "AWS/EC2",
            "ok_actions": [],
            "period": 60,
            "statistic": "Average",
            "tags": {},
            "tags_all": {},
            "threshold": 75,
            "threshold_metric_id": "",
            "treat_missing_data": "missing",
            "unit": ""
          },
          "sensitive_attributes": [],
          "private": "eyJzY2hlbWFfdmVyc2lvbiI6IjEifQ==",
          "dependencies": [
            "aws_autoscaling_group.PROD-MAP-ASG",
            "aws_autoscaling_policy.prod-map-scale-up",
            "aws_iam_instance_profile.prod-ec2-cloudwatch",
            "aws_iam_role.prod-ec2-cloudwatch",
            "aws_launch_configuration.PROD-MAP-LC",
            "aws_lb_target_group.PROD-BCE-MAP-TG",
            "aws_lb_target_group.PROD-BCS-MAP-TG",
            "aws_lb_target_group.PROD-BCW-MAP-TG",
            "aws_lb_target_group.PROD-CFFG-MAP-TG",
            "aws_security_group.PROD-BCE-EXTALB-SG",
            "aws_security_group.PROD-BCS-EXTALB-SG",
            "aws_security_group.PROD-BCW-EXTALB-SG",
            "aws_security_group.PROD-CFFG-EXTALB-SG",
            "aws_security_group.PROD-EC2-MAP-SG",
            "aws_security_group.allow_ssh",
            "aws_subnet.prod-private",
            "aws_vpc.prod-default"
          ]
        }
      ]
    },
    {
      "mode": "managed",
      "type": "aws_cloudwatch_metric_alarm",
      "name": "prod-map-cpu-low",
      "provider": "provider[\"registry.terraform.io/hashicorp/aws\"]",
      "instances": [
        {
          "index_key": 0,
          "schema_version": 1,
          "attributes": {
            "actions_enabled": true,
            "alarm_actions": [
              "arn:aws:autoscaling:eu-west-2:975971611990:scalingPolicy:55dd9553-506d-4612-bde1-9616d613da8a:autoScalingGroupName/PROD Mapping Auto Scale Group:policyName/prod-map-scale-down"
            ],
            "alarm_description": "This metric monitors ec2 cpu for low utilization on agent hosts",
            "alarm_name": "prod-map-cpu-low",
            "arn": "arn:aws:cloudwatch:eu-west-2:975971611990:alarm:prod-map-cpu-low",
            "comparison_operator": "LessThanOrEqualToThreshold",
            "datapoints_to_alarm": 0,
            "dimensions": {
              "AutoScalingGroupName": "PROD Mapping Auto Scale Group"
            },
            "evaluate_low_sample_count_percentiles": "",
            "evaluation_periods": 1,
            "extended_statistic": "",
            "id": "prod-map-cpu-low",
            "insufficient_data_actions": [],
            "metric_name": "CPUUtilization",
            "metric_query": [],
            "namespace": "AWS/EC2",
            "ok_actions": [],
            "period": 120,
            "statistic": "Average",
            "tags": {},
            "tags_all": {},
            "threshold": 50,
            "threshold_metric_id": "",
            "treat_missing_data": "missing",
            "unit": ""
          },
          "sensitive_attributes": [],
          "private": "eyJzY2hlbWFfdmVyc2lvbiI6IjEifQ==",
          "dependencies": [
            "aws_autoscaling_group.PROD-MAP-ASG",
            "aws_autoscaling_policy.prod-map-scale-down",
            "aws_iam_instance_profile.prod-ec2-cloudwatch",
            "aws_iam_role.prod-ec2-cloudwatch",
            "aws_launch_configuration.PROD-MAP-LC",
            "aws_lb_target_group.PROD-BCE-MAP-TG",
            "aws_lb_target_group.PROD-BCS-MAP-TG",
            "aws_lb_target_group.PROD-BCW-MAP-TG",
            "aws_lb_target_group.PROD-CFFG-MAP-TG",
            "aws_security_group.PROD-BCE-EXTALB-SG",
            "aws_security_group.PROD-BCS-EXTALB-SG",
            "aws_security_group.PROD-BCW-EXTALB-SG",
            "aws_security_group.PROD-CFFG-EXTALB-SG",
            "aws_security_group.PROD-EC2-MAP-SG",
            "aws_security_group.allow_ssh",
            "aws_subnet.prod-private",
            "aws_vpc.prod-default"
          ]
        }
      ]
    },
    {
      "mode": "managed",
      "type": "aws_cloudwatch_metric_alarm",
      "name": "prod-rds-connections",
      "provider": "provider[\"registry.terraform.io/hashicorp/aws\"]",
      "instances": [
        {
          "schema_version": 1,
          "attributes": {
            "actions_enabled": true,
            "alarm_actions": [
              "arn:aws:sns:eu-west-2:975971611990:PROD-CloudWatch-Alerts"
            ],
            "alarm_description": "Alarm at more than 25 concurrent connections",
            "alarm_name": "prod-rds-high-connections",
            "arn": "arn:aws:cloudwatch:eu-west-2:975971611990:alarm:prod-rds-high-connections",
            "comparison_operator": "GreaterThanOrEqualToThreshold",
            "datapoints_to_alarm": 0,
            "dimensions": {
              "DBInstanceIdentifier": "prod-bcp-db"
            },
            "evaluate_low_sample_count_percentiles": "",
            "evaluation_periods": 1,
            "extended_statistic": "",
            "id": "prod-rds-high-connections",
            "insufficient_data_actions": [],
            "metric_name": "DatabaseConnections",
            "metric_query": [],
            "namespace": "AWS/RDS",
            "ok_actions": [
              "arn:aws:sns:eu-west-2:975971611990:PROD-CloudWatch-Alerts"
            ],
            "period": 60,
            "statistic": "Average",
            "tags": {},
            "tags_all": {},
            "threshold": 25,
            "threshold_metric_id": "",
            "treat_missing_data": "missing",
            "unit": ""
          },
          "sensitive_attributes": [],
          "private": "eyJzY2hlbWFfdmVyc2lvbiI6IjEifQ==",
          "dependencies": [
            "aws_db_instance.prod-bcp-db",
            "aws_db_subnet_group.prod-rds-sub",
            "aws_security_group.PROD-BCE-EXTALB-SG",
            "aws_security_group.PROD-BCS-EXTALB-SG",
            "aws_security_group.PROD-BCW-EXTALB-SG",
            "aws_security_group.PROD-CFFG-EXTALB-SG",
            "aws_security_group.PROD-EC2-APP-SG",
            "aws_security_group.PROD-EC2-MAP-SG",
            "aws_security_group.PROD-RDS-SG",
            "aws_security_group.allow_ssh",
            "aws_sns_topic.prod-cloudwatch-alerts",
            "aws_subnet.prod-private",
            "aws_vpc.prod-default",
            "data.aws_db_snapshot.prod-snap"
          ]
        }
      ]
    },
    {
      "mode": "managed",
      "type": "aws_cloudwatch_metric_alarm",
      "name": "prod-rds-cpu",
      "provider": "provider[\"registry.terraform.io/hashicorp/aws\"]",
      "instances": [
        {
          "schema_version": 1,
          "attributes": {
            "actions_enabled": true,
            "alarm_actions": [
              "arn:aws:sns:eu-west-2:975971611990:PROD-CloudWatch-Alerts"
            ],
            "alarm_description": "Alarm at more than 50% CPU",
            "alarm_name": "prod-rds-high-cpu",
            "arn": "arn:aws:cloudwatch:eu-west-2:975971611990:alarm:prod-rds-high-cpu",
            "comparison_operator": "GreaterThanOrEqualToThreshold",
            "datapoints_to_alarm": 0,
            "dimensions": {
              "DBInstanceIdentifier": "prod-bcp-db"
            },
            "evaluate_low_sample_count_percentiles": "",
            "evaluation_periods": 1,
            "extended_statistic": "",
            "id": "prod-rds-high-cpu",
            "insufficient_data_actions": [],
            "metric_name": "CPUUtilization",
            "metric_query": [],
            "namespace": "AWS/RDS",
            "ok_actions": [
              "arn:aws:sns:eu-west-2:975971611990:PROD-CloudWatch-Alerts"
            ],
            "period": 120,
            "statistic": "Average",
            "tags": {},
            "tags_all": {},
            "threshold": 50,
            "threshold_metric_id": "",
            "treat_missing_data": "missing",
            "unit": ""
          },
          "sensitive_attributes": [],
          "private": "eyJzY2hlbWFfdmVyc2lvbiI6IjEifQ==",
          "dependencies": [
            "aws_db_instance.prod-bcp-db",
            "aws_db_subnet_group.prod-rds-sub",
            "aws_security_group.PROD-BCE-EXTALB-SG",
            "aws_security_group.PROD-BCS-EXTALB-SG",
            "aws_security_group.PROD-BCW-EXTALB-SG",
            "aws_security_group.PROD-CFFG-EXTALB-SG",
            "aws_security_group.PROD-EC2-APP-SG",
            "aws_security_group.PROD-EC2-MAP-SG",
            "aws_security_group.PROD-RDS-SG",
            "aws_security_group.allow_ssh",
            "aws_sns_topic.prod-cloudwatch-alerts",
            "aws_subnet.prod-private",
            "aws_vpc.prod-default",
            "data.aws_db_snapshot.prod-snap"
          ]
        }
      ]
    },
    {
      "mode": "managed",
      "type": "aws_cloudwatch_metric_alarm",
      "name": "prod-rds-freemem",
      "provider": "provider[\"registry.terraform.io/hashicorp/aws\"]",
      "instances": [
        {
          "schema_version": 1,
          "attributes": {
            "actions_enabled": true,
            "alarm_actions": [
              "arn:aws:sns:eu-west-2:975971611990:PROD-CloudWatch-Alerts"
            ],
            "alarm_description": "Alarm at less than 1000MB freeable",
            "alarm_name": "prod-rds-low-freemem",
            "arn": "arn:aws:cloudwatch:eu-west-2:975971611990:alarm:prod-rds-low-freemem",
            "comparison_operator": "LessThanOrEqualToThreshold",
            "datapoints_to_alarm": 0,
            "dimensions": {
              "DBInstanceIdentifier": "prod-bcp-db"
            },
            "evaluate_low_sample_count_percentiles": "",
            "evaluation_periods": 1,
            "extended_statistic": "",
            "id": "prod-rds-low-freemem",
            "insufficient_data_actions": [],
            "metric_name": "FreeableMemory",
            "metric_query": [],
            "namespace": "AWS/RDS",
            "ok_actions": [
              "arn:aws:sns:eu-west-2:975971611990:PROD-CloudWatch-Alerts"
            ],
            "period": 60,
            "statistic": "Average",
            "tags": {},
            "tags_all": {},
            "threshold": 1000,
            "threshold_metric_id": "",
            "treat_missing_data": "missing",
            "unit": ""
          },
          "sensitive_attributes": [],
          "private": "eyJzY2hlbWFfdmVyc2lvbiI6IjEifQ==",
          "dependencies": [
            "aws_db_instance.prod-bcp-db",
            "aws_db_subnet_group.prod-rds-sub",
            "aws_security_group.PROD-BCE-EXTALB-SG",
            "aws_security_group.PROD-BCS-EXTALB-SG",
            "aws_security_group.PROD-BCW-EXTALB-SG",
            "aws_security_group.PROD-CFFG-EXTALB-SG",
            "aws_security_group.PROD-EC2-APP-SG",
            "aws_security_group.PROD-EC2-MAP-SG",
            "aws_security_group.PROD-RDS-SG",
            "aws_security_group.allow_ssh",
            "aws_sns_topic.prod-cloudwatch-alerts",
            "aws_subnet.prod-private",
            "aws_vpc.prod-default",
            "data.aws_db_snapshot.prod-snap"
          ]
        }
      ]
    },
    {
      "mode": "managed",
      "type": "aws_cloudwatch_metric_alarm",
      "name": "prod-rds-latency",
      "provider": "provider[\"registry.terraform.io/hashicorp/aws\"]",
      "instances": [
        {
          "schema_version": 1,
          "attributes": {
            "actions_enabled": true,
            "alarm_actions": [
              "arn:aws:sns:eu-west-2:975971611990:PROD-CloudWatch-Alerts"
            ],
            "alarm_description": "Alarm at more 10 latency",
            "alarm_name": "prod-rds-high-latency",
            "arn": "arn:aws:cloudwatch:eu-west-2:975971611990:alarm:prod-rds-high-latency",
            "comparison_operator": "GreaterThanOrEqualToThreshold",
            "datapoints_to_alarm": 0,
            "dimensions": {
              "DBInstanceIdentifier": "prod-bcp-db"
            },
            "evaluate_low_sample_count_percentiles": "",
            "evaluation_periods": 1,
            "extended_statistic": "",
            "id": "prod-rds-high-latency",
            "insufficient_data_actions": [],
            "metric_name": "WriteLatency",
            "metric_query": [],
            "namespace": "AWS/RDS",
            "ok_actions": [
              "arn:aws:sns:eu-west-2:975971611990:PROD-CloudWatch-Alerts"
            ],
            "period": 60,
            "statistic": "Average",
            "tags": {},
            "tags_all": {},
            "threshold": 10,
            "threshold_metric_id": "",
            "treat_missing_data": "missing",
            "unit": ""
          },
          "sensitive_attributes": [],
          "private": "eyJzY2hlbWFfdmVyc2lvbiI6IjEifQ==",
          "dependencies": [
            "aws_db_instance.prod-bcp-db",
            "aws_db_subnet_group.prod-rds-sub",
            "aws_security_group.PROD-BCE-EXTALB-SG",
            "aws_security_group.PROD-BCS-EXTALB-SG",
            "aws_security_group.PROD-BCW-EXTALB-SG",
            "aws_security_group.PROD-CFFG-EXTALB-SG",
            "aws_security_group.PROD-EC2-APP-SG",
            "aws_security_group.PROD-EC2-MAP-SG",
            "aws_security_group.PROD-RDS-SG",
            "aws_security_group.allow_ssh",
            "aws_sns_topic.prod-cloudwatch-alerts",
            "aws_subnet.prod-private",
            "aws_vpc.prod-default",
            "data.aws_db_snapshot.prod-snap"
          ]
        }
      ]
    },
    {
      "mode": "managed",
      "type": "aws_cloudwatch_metric_alarm",
      "name": "prod-rds-queue",
      "provider": "provider[\"registry.terraform.io/hashicorp/aws\"]",
      "instances": [
        {
          "schema_version": 1,
          "attributes": {
            "actions_enabled": true,
            "alarm_actions": [
              "arn:aws:sns:eu-west-2:975971611990:PROD-CloudWatch-Alerts"
            ],
            "alarm_description": "Alarm at more 20 queue",
            "alarm_name": "prod-rds-high-queue",
            "arn": "arn:aws:cloudwatch:eu-west-2:975971611990:alarm:prod-rds-high-queue",
            "comparison_operator": "GreaterThanOrEqualToThreshold",
            "datapoints_to_alarm": 0,
            "dimensions": {
              "DBInstanceIdentifier": "prod-bcp-db"
            },
            "evaluate_low_sample_count_percentiles": "",
            "evaluation_periods": 1,
            "extended_statistic": "",
            "id": "prod-rds-high-queue",
            "insufficient_data_actions": [],
            "metric_name": "DiskQueueDepth",
            "metric_query": [],
            "namespace": "AWS/RDS",
            "ok_actions": [
              "arn:aws:sns:eu-west-2:975971611990:PROD-CloudWatch-Alerts"
            ],
            "period": 60,
            "statistic": "Average",
            "tags": {},
            "tags_all": {},
            "threshold": 20,
            "threshold_metric_id": "",
            "treat_missing_data": "missing",
            "unit": ""
          },
          "sensitive_attributes": [],
          "private": "eyJzY2hlbWFfdmVyc2lvbiI6IjEifQ==",
          "dependencies": [
            "aws_db_instance.prod-bcp-db",
            "aws_db_subnet_group.prod-rds-sub",
            "aws_security_group.PROD-BCE-EXTALB-SG",
            "aws_security_group.PROD-BCS-EXTALB-SG",
            "aws_security_group.PROD-BCW-EXTALB-SG",
            "aws_security_group.PROD-CFFG-EXTALB-SG",
            "aws_security_group.PROD-EC2-APP-SG",
            "aws_security_group.PROD-EC2-MAP-SG",
            "aws_security_group.PROD-RDS-SG",
            "aws_security_group.allow_ssh",
            "aws_sns_topic.prod-cloudwatch-alerts",
            "aws_subnet.prod-private",
            "aws_vpc.prod-default",
            "data.aws_db_snapshot.prod-snap"
          ]
        }
      ]
    },
    {
      "mode": "managed",
      "type": "aws_cloudwatch_metric_alarm",
      "name": "prod-rds-storage",
      "provider": "provider[\"registry.terraform.io/hashicorp/aws\"]",
      "instances": [
        {
          "schema_version": 1,
          "attributes": {
            "actions_enabled": true,
            "alarm_actions": [
              "arn:aws:sns:eu-west-2:975971611990:PROD-CloudWatch-Alerts"
            ],
            "alarm_description": "Alarm at less than 10GB free storage ",
            "alarm_name": "prod-rds-low-storage",
            "arn": "arn:aws:cloudwatch:eu-west-2:975971611990:alarm:prod-rds-low-storage",
            "comparison_operator": "LessThanOrEqualToThreshold",
            "datapoints_to_alarm": 0,
            "dimensions": {
              "DBInstanceIdentifier": "prod-bcp-db"
            },
            "evaluate_low_sample_count_percentiles": "",
            "evaluation_periods": 1,
            "extended_statistic": "",
            "id": "prod-rds-low-storage",
            "insufficient_data_actions": [],
            "metric_name": "FreeStorageSpace",
            "metric_query": [],
            "namespace": "AWS/RDS",
            "ok_actions": [
              "arn:aws:sns:eu-west-2:975971611990:PROD-CloudWatch-Alerts"
            ],
            "period": 60,
            "statistic": "Average",
            "tags": {},
            "tags_all": {},
            "threshold": 10,
            "threshold_metric_id": "",
            "treat_missing_data": "missing",
            "unit": ""
          },
          "sensitive_attributes": [],
          "private": "eyJzY2hlbWFfdmVyc2lvbiI6IjEifQ==",
          "dependencies": [
            "aws_db_instance.prod-bcp-db",
            "aws_db_subnet_group.prod-rds-sub",
            "aws_security_group.PROD-BCE-EXTALB-SG",
            "aws_security_group.PROD-BCS-EXTALB-SG",
            "aws_security_group.PROD-BCW-EXTALB-SG",
            "aws_security_group.PROD-CFFG-EXTALB-SG",
            "aws_security_group.PROD-EC2-APP-SG",
            "aws_security_group.PROD-EC2-MAP-SG",
            "aws_security_group.PROD-RDS-SG",
            "aws_security_group.allow_ssh",
            "aws_sns_topic.prod-cloudwatch-alerts",
            "aws_subnet.prod-private",
            "aws_vpc.prod-default",
            "data.aws_db_snapshot.prod-snap"
          ]
        }
      ]
    },
    {
      "mode": "managed",
      "type": "aws_db_instance",
      "name": "prod-bcp-db",
      "provider": "provider[\"registry.terraform.io/hashicorp/aws\"]",
      "instances": [
        {
          "schema_version": 1,
          "attributes": {
            "address": "prod-bcp-db.crjf8wrofi48.eu-west-2.rds.amazonaws.com",
            "allocated_storage": 100,
            "allow_major_version_upgrade": null,
            "apply_immediately": null,
            "arn": "arn:aws:rds:eu-west-2:975971611990:db:prod-bcp-db",
            "auto_minor_version_upgrade": true,
            "availability_zone": "eu-west-2a",
            "backup_retention_period": 7,
            "backup_window": "02:00-02:30",
            "ca_cert_identifier": "rds-ca-2019",
            "character_set_name": "",
            "copy_tags_to_snapshot": false,
            "customer_owned_ip_enabled": false,
            "db_subnet_group_name": "prod-main",
            "delete_automated_backups": true,
            "deletion_protection": false,
            "domain": "",
            "domain_iam_role_name": "",
            "enabled_cloudwatch_logs_exports": [],
            "endpoint": "prod-bcp-db.crjf8wrofi48.eu-west-2.rds.amazonaws.com:3306",
            "engine": "mysql",
            "engine_version": "8.0.23",
            "engine_version_actual": "8.0.23",
            "final_snapshot_identifier": null,
            "hosted_zone_id": "Z1TTGA775OQIYO",
            "iam_database_authentication_enabled": false,
            "id": "prod-bcp-db",
            "identifier": "prod-bcp-db",
            "identifier_prefix": null,
            "instance_class": "db.m5.8xlarge",
            "iops": 0,
            "kms_key_id": "arn:aws:kms:eu-west-2:975971611990:key/f356a288-0fce-475a-8223-bd380f9d93cf",
            "latest_restorable_time": "2021-09-15T12:30:00Z",
            "license_model": "general-public-license",
            "maintenance_window": "mon:03:00-mon:03:30",
            "max_allocated_storage": 0,
            "monitoring_interval": 0,
            "monitoring_role_arn": "",
            "multi_az": true,
            "name": "CO_BCP",
            "nchar_character_set_name": "",
            "option_group_name": "default:mysql-8-0",
            "parameter_group_name": "default.mysql8.0",
            "password": null,
            "performance_insights_enabled": false,
            "performance_insights_kms_key_id": "",
            "performance_insights_retention_period": 0,
            "port": 3306,
            "publicly_accessible": false,
            "replicas": [],
            "replicate_source_db": "",
            "resource_id": "db-3T654ZJ37U3ZR4E7KGTHQOGGJ4",
            "restore_to_point_in_time": [],
            "s3_import": [],
            "security_group_names": [],
            "skip_final_snapshot": true,
            "snapshot_identifier": "prod-bcp-db-gold-21052021",
            "status": "available",
            "storage_encrypted": true,
            "storage_type": "gp2",
            "tags": {},
            "tags_all": {},
            "timeouts": null,
            "timezone": "",
            "username": "cobcp_user",
            "vpc_security_group_ids": [
              "sg-092cdfe0c3c82c169"
            ]
          },
          "sensitive_attributes": [],
          "private": "eyJlMmJmYjczMC1lY2FhLTExZTYtOGY4OC0zNDM2M2JjN2M0YzAiOnsiY3JlYXRlIjoyNDAwMDAwMDAwMDAwLCJkZWxldGUiOjM2MDAwMDAwMDAwMDAsInVwZGF0ZSI6NDgwMDAwMDAwMDAwMH0sInNjaGVtYV92ZXJzaW9uIjoiMSJ9",
          "dependencies": [
            "aws_db_subnet_group.prod-rds-sub",
            "aws_security_group.PROD-BCE-EXTALB-SG",
            "aws_security_group.PROD-BCS-EXTALB-SG",
            "aws_security_group.PROD-BCW-EXTALB-SG",
            "aws_security_group.PROD-CFFG-EXTALB-SG",
            "aws_security_group.PROD-EC2-APP-SG",
            "aws_security_group.PROD-EC2-MAP-SG",
            "aws_security_group.PROD-RDS-SG",
            "aws_security_group.allow_ssh",
            "aws_subnet.prod-private",
            "aws_vpc.prod-default",
            "data.aws_db_snapshot.prod-snap"
          ]
        }
      ]
    },
    {
      "mode": "managed",
      "type": "aws_db_subnet_group",
      "name": "prod-rds-sub",
      "provider": "provider[\"registry.terraform.io/hashicorp/aws\"]",
      "instances": [
        {
          "schema_version": 0,
          "attributes": {
            "arn": "arn:aws:rds:eu-west-2:975971611990:subgrp:prod-main",
            "description": "Managed by Terraform",
            "id": "prod-main",
            "name": "prod-main",
            "name_prefix": null,
            "subnet_ids": [
              "subnet-0551d6a61d230bc74",
              "subnet-0a4554d7313b8bd33"
            ],
            "tags": {
              "Name": "PROD RDS Subnet Group"
            },
            "tags_all": {
              "Name": "PROD RDS Subnet Group"
            }
          },
          "sensitive_attributes": [],
          "private": "bnVsbA==",
          "dependencies": [
            "aws_subnet.prod-private",
            "aws_vpc.prod-default"
          ]
        }
      ]
    },
    {
      "mode": "managed",
      "type": "aws_ebs_encryption_by_default",
      "name": "prod-encryption",
      "provider": "provider[\"registry.terraform.io/hashicorp/aws\"]",
      "instances": [
        {
          "schema_version": 0,
          "attributes": {
            "enabled": true,
            "id": "terraform-20210521192157500700000004"
          },
          "sensitive_attributes": [],
          "private": "bnVsbA=="
        }
      ]
    },
    {
      "mode": "managed",
      "type": "aws_eip",
      "name": "prod-eip",
      "provider": "provider[\"registry.terraform.io/hashicorp/aws\"]",
      "instances": [
        {
          "index_key": 0,
          "schema_version": 0,
          "attributes": {
            "address": null,
            "allocation_id": null,
            "associate_with_private_ip": null,
            "association_id": "eipassoc-0bb2265c687b65341",
            "carrier_ip": "",
            "customer_owned_ip": "",
            "customer_owned_ipv4_pool": "",
            "domain": "vpc",
            "id": "eipalloc-0b6c8498a85a46784",
            "instance": "",
            "network_border_group": "eu-west-2",
            "network_interface": "eni-0a6bd28a81877a0f6",
            "private_dns": "ip-10-2-0-206.eu-west-2.compute.internal",
            "private_ip": "10.2.0.206",
            "public_dns": "ec2-3-9-120-48.eu-west-2.compute.amazonaws.com",
            "public_ip": "3.9.120.48",
            "public_ipv4_pool": "amazon",
            "tags": {
              "Name": "PROD-EIP1"
            },
            "tags_all": {
              "Name": "PROD-EIP1"
            },
            "timeouts": null,
            "vpc": true
          },
          "sensitive_attributes": [],
          "private": "eyJlMmJmYjczMC1lY2FhLTExZTYtOGY4OC0zNDM2M2JjN2M0YzAiOnsiZGVsZXRlIjoxODAwMDAwMDAwMDAsInJlYWQiOjkwMDAwMDAwMDAwMCwidXBkYXRlIjozMDAwMDAwMDAwMDB9fQ=="
        },
        {
          "index_key": 1,
          "schema_version": 0,
          "attributes": {
            "address": null,
            "allocation_id": null,
            "associate_with_private_ip": null,
            "association_id": "eipassoc-006936e0e6759b5c6",
            "carrier_ip": "",
            "customer_owned_ip": "",
            "customer_owned_ipv4_pool": "",
            "domain": "vpc",
            "id": "eipalloc-01c7b9e4a9f839a23",
            "instance": "",
            "network_border_group": "eu-west-2",
            "network_interface": "eni-048d89b8465ea7e04",
            "private_dns": "ip-10-2-2-134.eu-west-2.compute.internal",
            "private_ip": "10.2.2.134",
            "public_dns": "ec2-18-168-156-1.eu-west-2.compute.amazonaws.com",
            "public_ip": "18.168.156.1",
            "public_ipv4_pool": "amazon",
            "tags": {
              "Name": "PROD-EIP2"
            },
            "tags_all": {
              "Name": "PROD-EIP2"
            },
            "timeouts": null,
            "vpc": true
          },
          "sensitive_attributes": [],
          "private": "eyJlMmJmYjczMC1lY2FhLTExZTYtOGY4OC0zNDM2M2JjN2M0YzAiOnsiZGVsZXRlIjoxODAwMDAwMDAwMDAsInJlYWQiOjkwMDAwMDAwMDAwMCwidXBkYXRlIjozMDAwMDAwMDAwMDB9fQ=="
        }
      ]
    },
    {
      "mode": "managed",
      "type": "aws_iam_instance_profile",
      "name": "prod-ec2-cloudwatch",
      "provider": "provider[\"registry.terraform.io/hashicorp/aws\"]",
      "instances": [
        {
          "schema_version": 0,
          "attributes": {
            "arn": "arn:aws:iam::975971611990:instance-profile/prod-ec2-cloudwatch",
            "create_date": "2021-05-21T19:22:00Z",
            "id": "prod-ec2-cloudwatch",
            "name": "prod-ec2-cloudwatch",
            "name_prefix": null,
            "path": "/",
            "role": "prod-ec2-cloudwatch",
            "tags": {},
            "tags_all": {},
            "unique_id": "AIPA6GPDQ6VLHOTUO3QGP"
          },
          "sensitive_attributes": [],
          "private": "bnVsbA==",
          "dependencies": [
            "aws_iam_role.prod-ec2-cloudwatch"
          ],
          "create_before_destroy": true
        }
      ]
    },
    {
      "mode": "managed",
      "type": "aws_iam_policy",
      "name": "prod-s3-replication",
      "provider": "provider[\"registry.terraform.io/hashicorp/aws\"]",
      "instances": [
        {
          "schema_version": 0,
          "attributes": {
            "arn": "arn:aws:iam::975971611990:policy/prod-s3-rep-policy",
            "description": "PROD S3 Replication Policy",
            "id": "arn:aws:iam::975971611990:policy/prod-s3-rep-policy",
            "name": "prod-s3-rep-policy",
            "name_prefix": null,
            "path": "/",
            "policy": "{\n  \"Version\": \"2012-10-17\",\n  \"Statement\": [\n    {\n      \"Action\": [\n        \"s3:Describe*\"\n      ],\n      \"Effect\": \"Allow\",\n      \"Resource\": \"*\"\n    }\n  ]\n}\n",
            "policy_id": "ANPA6GPDQ6VLMS4YDYFPR",
            "tags": {},
            "tags_all": {}
          },
          "sensitive_attributes": [],
          "private": "bnVsbA=="
        }
      ]
    },
    {
      "mode": "managed",
      "type": "aws_iam_role",
      "name": "prod-bcp-rep",
      "provider": "provider[\"registry.terraform.io/hashicorp/aws\"]",
      "instances": [
        {
          "schema_version": 0,
          "attributes": {
            "arn": "arn:aws:iam::975971611990:role/prod-bcp-rep",
            "assume_role_policy": "{\"Version\":\"2012-10-17\",\"Statement\":[{\"Sid\":\"\",\"Effect\":\"Allow\",\"Principal\":{\"Service\":\"s3.amazonaws.com\"},\"Action\":\"sts:AssumeRole\"}]}",
            "create_date": "2021-06-05T12:43:07Z",
            "description": "",
            "force_detach_policies": false,
            "id": "prod-bcp-rep",
            "inline_policy": [
              {
                "name": "prod-bcp-rep-pol",
                "policy": "{\"Statement\":[{\"Action\":[\"s3:ListBucket\",\"s3:GetReplicationConfiguration\",\"s3:GetObjectVersionForReplication\",\"s3:GetObjectVersionAcl\",\"s3:GetObjectVersionTagging\",\"s3:GetObjectRetention\",\"s3:GetObjectLegalHold\"],\"Effect\":\"Allow\",\"Resource\":[\"arn:aws:s3:::prod-bce-logs\",\"arn:aws:s3:::prod-bce-logs/*\",\"arn:aws:s3:::prod-bcs-logs\",\"arn:aws:s3:::prod-bcs-logs/*\",\"arn:aws:s3:::prod-bcw-logs\",\"arn:aws:s3:::prod-bcw-logs/*\",\"arn:aws:s3:::prod-cffg-logs\",\"arn:aws:s3:::prod-cffg-logs/*\",\"arn:aws:s3:::bcp-prod-cloudtrail\",\"arn:aws:s3:::bcp-prod-cloudtrail/*\",\"arn:aws:s3:::prod-bcp-cloudwatch\",\"arn:aws:s3:::prod-bcp-cloudwatch/*\"]},{\"Action\":[\"s3:ReplicateObject\",\"s3:ReplicateDelete\",\"s3:ReplicateTags\",\"s3:GetObjectVersionTagging\",\"s3:ObjectOwnerOverrideToBucketOwner\"],\"Condition\":{\"StringLikeIfExists\":{\"s3:x-amz-server-side-encryption\":[\"aws:kms\",\"AES256\"],\"s3:x-amz-server-side-encryption-aws-kms-key-id\":[\"arn:aws:kms:eu-west-2:181623394163:key/c2a60189-801b-41f9-953e-ec3efcffc819\"]}},\"Effect\":\"Allow\",\"Resource\":[\"arn:aws:s3:::prod-bce-test-co/*\",\"arn:aws:s3:::prod-bce-logs-co/*\",\"arn:aws:s3:::prod-bcs-logs-co/*\",\"arn:aws:s3:::prod-bcw-logs-co/*\",\"arn:aws:s3:::prod-cffg-logs-co/*\",\"arn:aws:s3:::bcp-prod-cloudtrail-co/*\",\"arn:aws:s3:::prod-bcp-cloudwatch-co/*\"]},{\"Action\":[\"kms:Decrypt\"],\"Condition\":{\"StringLike\":{\"kms:EncryptionContext:aws:s3:arn\":[\"arn:aws:s3:::prod-bce-logs/*\",\"arn:aws:s3:::prod-bcs-logs/*\",\"arn:aws:s3:::prod-bcw-logs/*\",\"arn:aws:s3:::prod-cffg-logs/*\",\"arn:aws:s3:::bcp-prod-cloudtrail/*\",\"arn:aws:s3:::prod-bcp-cloudwatch/*\"],\"kms:ViaService\":\"s3.eu-west-2.amazonaws.com\"}},\"Effect\":\"Allow\",\"Resource\":[\"arn:aws:kms:eu-west-2:975971611990:key/1de91818-0a1a-4d10-af80-ab0c0076226a\"]},{\"Action\":[\"kms:Encrypt\"],\"Condition\":{\"StringLike\":{\"kms:EncryptionContext:aws:s3:arn\":[\"arn:aws:s3:::prod-bce-logs-co/*\",\"arn:aws:s3:::prod-bcs-logs-co/*\",\"arn:aws:s3:::prod-bcw-logs-co/*\",\"arn:aws:s3:::prod-cffg-logs-co/*\",\"arn:aws:s3:::bcp-prod-cloudtrail/*\",\"arn:aws:s3:::prod-bcp-cloudwatch/*\"],\"kms:ViaService\":[\"s3.eu-west-2.amazonaws.com\"]}},\"Effect\":\"Allow\",\"Resource\":[\"arn:aws:kms:eu-west-2:181623394163:key/c2a60189-801b-41f9-953e-ec3efcffc819\"]}],\"Version\":\"2012-10-17\"}"
              }
            ],
            "managed_policy_arns": [],
            "max_session_duration": 3600,
            "name": "prod-bcp-rep",
            "name_prefix": null,
            "path": "/",
            "permissions_boundary": null,
            "tags": {},
            "tags_all": {},
            "unique_id": "AROA6GPDQ6VLPC7QBW446"
          },
          "sensitive_attributes": [],
          "private": "bnVsbA=="
        }
      ]
    },
    {
      "mode": "managed",
      "type": "aws_iam_role",
      "name": "prod-ec2-cloudwatch",
      "provider": "provider[\"registry.terraform.io/hashicorp/aws\"]",
      "instances": [
        {
          "schema_version": 0,
          "attributes": {
            "arn": "arn:aws:iam::975971611990:role/prod-ec2-cloudwatch",
            "assume_role_policy": "{\"Version\":\"2012-10-17\",\"Statement\":[{\"Sid\":\"\",\"Effect\":\"Allow\",\"Principal\":{\"Service\":\"ec2.amazonaws.com\"},\"Action\":\"sts:AssumeRole\"}]}",
            "create_date": "2021-05-21T19:21:47Z",
            "description": "",
            "force_detach_policies": false,
            "id": "prod-ec2-cloudwatch",
            "inline_policy": [
              {
                "name": "",
                "policy": ""
              }
            ],
            "managed_policy_arns": [
              "arn:aws:iam::aws:policy/CloudWatchAgentServerPolicy"
            ],
            "max_session_duration": 3600,
            "name": "prod-ec2-cloudwatch",
            "name_prefix": null,
            "path": "/",
            "permissions_boundary": null,
            "tags": {
              "tag-key": "prod-ec2-cloudwatch"
            },
            "tags_all": {
              "tag-key": "prod-ec2-cloudwatch"
            },
            "unique_id": "AROA6GPDQ6VLCVJEHJM2F"
          },
          "sensitive_attributes": [],
          "private": "bnVsbA==",
          "create_before_destroy": true
        }
      ]
    },
    {
      "mode": "managed",
      "type": "aws_iam_role",
      "name": "prod-s3-replication",
      "provider": "provider[\"registry.terraform.io/hashicorp/aws\"]",
      "instances": [
        {
          "schema_version": 0,
          "attributes": {
            "arn": "arn:aws:iam::975971611990:role/prod-s3-replication",
            "assume_role_policy": "{\"Version\":\"2012-10-17\",\"Statement\":[{\"Sid\":\"\",\"Effect\":\"Allow\",\"Principal\":{\"Service\":\"s3.amazonaws.com\"},\"Action\":\"sts:AssumeRole\"}]}",
            "create_date": "2021-05-21T19:21:54Z",
            "description": "",
            "force_detach_policies": false,
            "id": "prod-s3-replication",
            "inline_policy": [
              {
                "name": "",
                "policy": ""
              }
            ],
            "managed_policy_arns": [
              "arn:aws:iam::975971611990:policy/prod-s3-rep-policy"
            ],
            "max_session_duration": 3600,
            "name": "prod-s3-replication",
            "name_prefix": null,
            "path": "/",
            "permissions_boundary": null,
            "tags": {},
            "tags_all": {},
            "unique_id": "AROA6GPDQ6VLFB3Q5YPCF"
          },
          "sensitive_attributes": [],
          "private": "bnVsbA=="
        }
      ]
    },
    {
      "mode": "managed",
      "type": "aws_iam_role",
      "name": "prod_inspector_event_role",
      "provider": "provider[\"registry.terraform.io/hashicorp/aws\"]",
      "instances": [
        {
          "schema_version": 0,
          "attributes": {
            "arn": "arn:aws:iam::975971611990:role/prod-inspector-event-role",
            "assume_role_policy": "{\"Version\":\"2012-10-17\",\"Statement\":[{\"Sid\":\"\",\"Effect\":\"Allow\",\"Principal\":{\"Service\":\"events.amazonaws.com\"},\"Action\":\"sts:AssumeRole\"}]}",
            "create_date": "2021-05-21T19:21:59Z",
            "description": "",
            "force_detach_policies": false,
            "id": "prod-inspector-event-role",
            "inline_policy": [
              {
                "name": "prod-inspector-event-policy",
                "policy": "{\n  \"Version\": \"2012-10-17\",\n  \"Statement\": [\n    {\n      \"Sid\": \"StartAssessment\",\n      \"Effect\": \"Allow\",\n      \"Action\": \"inspector:StartAssessmentRun\",\n      \"Resource\": \"*\"\n    }\n  ]\n}"
              }
            ],
            "managed_policy_arns": [],
            "max_session_duration": 3600,
            "name": "prod-inspector-event-role",
            "name_prefix": null,
            "path": "/",
            "permissions_boundary": null,
            "tags": {},
            "tags_all": {},
            "unique_id": "AROA6GPDQ6VLDG42LDQVW"
          },
          "sensitive_attributes": [],
          "private": "bnVsbA=="
        }
      ]
    },
    {
      "mode": "managed",
      "type": "aws_iam_role",
      "name": "prod_log_exporter",
      "provider": "provider[\"registry.terraform.io/hashicorp/aws\"]",
      "instances": [
        {
          "schema_version": 0,
          "attributes": {
            "arn": "arn:aws:iam::975971611990:role/prod-log-exporter-heyjkisf",
            "assume_role_policy": "{\"Version\":\"2012-10-17\",\"Statement\":[{\"Sid\":\"\",\"Effect\":\"Allow\",\"Principal\":{\"Service\":\"lambda.amazonaws.com\"},\"Action\":\"sts:AssumeRole\"}]}",
            "create_date": "2021-05-21T19:21:56Z",
            "description": "",
            "force_detach_policies": false,
            "id": "prod-log-exporter-heyjkisf",
            "inline_policy": [
              {
                "name": "prod-log-exporter-heyjkisf",
                "policy": "{\n  \"Version\": \"2012-10-17\",\n  \"Statement\": [\n    {\n      \"Action\": [\n        \"logs:CreateExportTask\",\n        \"logs:Describe*\",\n        \"logs:ListTagsLogGroup\",\n        \"ssm:DescribeParameters\",\n        \"ssm:GetParameter\",\n        \"ssm:GetParameters\",\n        \"ssm:GetParametersByPath\",\n        \"ssm:PutParameter\",\n        \"s3:*\"\n      ],\n      \"Effect\": \"Allow\",\n      \"Resource\": \"*\"\n    },\n    {\n      \"Action\": [\n        \"logs:CreateLogGroup\",\n        \"logs:CreateLogStream\",\n        \"logs:PutLogEvents\"\n      ],\n      \"Resource\": \"arn:aws:logs:*:*:*\",\n      \"Effect\": \"Allow\"\n    }\n  ]\n}\n"
              }
            ],
            "managed_policy_arns": [],
            "max_session_duration": 3600,
            "name": "prod-log-exporter-heyjkisf",
            "name_prefix": null,
            "path": "/",
            "permissions_boundary": null,
            "tags": {},
            "tags_all": {},
            "unique_id": "AROA6GPDQ6VLIC262MW25"
          },
          "sensitive_attributes": [],
          "private": "bnVsbA==",
          "dependencies": [
            "random_string.random"
          ]
        }
      ]
    },
    {
      "mode": "managed",
      "type": "aws_iam_role_policy",
      "name": "prod-bcp-rep-pol",
      "provider": "provider[\"registry.terraform.io/hashicorp/aws\"]",
      "instances": [
        {
          "schema_version": 0,
          "attributes": {
            "id": "prod-bcp-rep:prod-bcp-rep-pol",
            "name": "prod-bcp-rep-pol",
            "name_prefix": null,
            "policy": "{\"Statement\":[{\"Action\":[\"s3:ListBucket\",\"s3:GetReplicationConfiguration\",\"s3:GetObjectVersionForReplication\",\"s3:GetObjectVersionAcl\",\"s3:GetObjectVersionTagging\",\"s3:GetObjectRetention\",\"s3:GetObjectLegalHold\"],\"Effect\":\"Allow\",\"Resource\":[\"arn:aws:s3:::prod-bce-logs\",\"arn:aws:s3:::prod-bce-logs/*\",\"arn:aws:s3:::prod-bcs-logs\",\"arn:aws:s3:::prod-bcs-logs/*\",\"arn:aws:s3:::prod-bcw-logs\",\"arn:aws:s3:::prod-bcw-logs/*\",\"arn:aws:s3:::prod-cffg-logs\",\"arn:aws:s3:::prod-cffg-logs/*\",\"arn:aws:s3:::bcp-prod-cloudtrail\",\"arn:aws:s3:::bcp-prod-cloudtrail/*\",\"arn:aws:s3:::prod-bcp-cloudwatch\",\"arn:aws:s3:::prod-bcp-cloudwatch/*\"]},{\"Action\":[\"s3:ReplicateObject\",\"s3:ReplicateDelete\",\"s3:ReplicateTags\",\"s3:GetObjectVersionTagging\",\"s3:ObjectOwnerOverrideToBucketOwner\"],\"Condition\":{\"StringLikeIfExists\":{\"s3:x-amz-server-side-encryption\":[\"aws:kms\",\"AES256\"],\"s3:x-amz-server-side-encryption-aws-kms-key-id\":[\"arn:aws:kms:eu-west-2:181623394163:key/c2a60189-801b-41f9-953e-ec3efcffc819\"]}},\"Effect\":\"Allow\",\"Resource\":[\"arn:aws:s3:::prod-bce-test-co/*\",\"arn:aws:s3:::prod-bce-logs-co/*\",\"arn:aws:s3:::prod-bcs-logs-co/*\",\"arn:aws:s3:::prod-bcw-logs-co/*\",\"arn:aws:s3:::prod-cffg-logs-co/*\",\"arn:aws:s3:::bcp-prod-cloudtrail-co/*\",\"arn:aws:s3:::prod-bcp-cloudwatch-co/*\"]},{\"Action\":[\"kms:Decrypt\"],\"Condition\":{\"StringLike\":{\"kms:EncryptionContext:aws:s3:arn\":[\"arn:aws:s3:::prod-bce-logs/*\",\"arn:aws:s3:::prod-bcs-logs/*\",\"arn:aws:s3:::prod-bcw-logs/*\",\"arn:aws:s3:::prod-cffg-logs/*\",\"arn:aws:s3:::bcp-prod-cloudtrail/*\",\"arn:aws:s3:::prod-bcp-cloudwatch/*\"],\"kms:ViaService\":\"s3.eu-west-2.amazonaws.com\"}},\"Effect\":\"Allow\",\"Resource\":[\"arn:aws:kms:eu-west-2:975971611990:key/1de91818-0a1a-4d10-af80-ab0c0076226a\"]},{\"Action\":[\"kms:Encrypt\"],\"Condition\":{\"StringLike\":{\"kms:EncryptionContext:aws:s3:arn\":[\"arn:aws:s3:::prod-bce-logs-co/*\",\"arn:aws:s3:::prod-bcs-logs-co/*\",\"arn:aws:s3:::prod-bcw-logs-co/*\",\"arn:aws:s3:::prod-cffg-logs-co/*\",\"arn:aws:s3:::bcp-prod-cloudtrail/*\",\"arn:aws:s3:::prod-bcp-cloudwatch/*\"],\"kms:ViaService\":[\"s3.eu-west-2.amazonaws.com\"]}},\"Effect\":\"Allow\",\"Resource\":[\"arn:aws:kms:eu-west-2:181623394163:key/c2a60189-801b-41f9-953e-ec3efcffc819\"]}],\"Version\":\"2012-10-17\"}",
            "role": "prod-bcp-rep"
          },
          "sensitive_attributes": [],
          "private": "bnVsbA==",
          "dependencies": [
            "aws_iam_role.prod-bcp-rep"
          ]
        }
      ]
    },
    {
      "mode": "managed",
      "type": "aws_iam_role_policy",
      "name": "prod_inspector_event",
      "provider": "provider[\"registry.terraform.io/hashicorp/aws\"]",
      "instances": [
        {
          "schema_version": 0,
          "attributes": {
            "id": "prod-inspector-event-role:prod-inspector-event-policy",
            "name": "prod-inspector-event-policy",
            "name_prefix": null,
            "policy": "{\n  \"Version\": \"2012-10-17\",\n  \"Statement\": [\n    {\n      \"Sid\": \"StartAssessment\",\n      \"Effect\": \"Allow\",\n      \"Action\": \"inspector:StartAssessmentRun\",\n      \"Resource\": \"*\"\n    }\n  ]\n}",
            "role": "prod-inspector-event-role"
          },
          "sensitive_attributes": [],
          "private": "bnVsbA==",
          "dependencies": [
            "aws_iam_role.prod_inspector_event_role",
            "data.aws_iam_policy_document.prod_inspector_event_role_policy"
          ]
        }
      ]
    },
    {
      "mode": "managed",
      "type": "aws_iam_role_policy",
      "name": "prod_log_exporter",
      "provider": "provider[\"registry.terraform.io/hashicorp/aws\"]",
      "instances": [
        {
          "schema_version": 0,
          "attributes": {
            "id": "prod-log-exporter-heyjkisf:prod-log-exporter-heyjkisf",
            "name": "prod-log-exporter-heyjkisf",
            "name_prefix": null,
            "policy": "{\n  \"Version\": \"2012-10-17\",\n  \"Statement\": [\n    {\n      \"Action\": [\n        \"logs:CreateExportTask\",\n        \"logs:Describe*\",\n        \"logs:ListTagsLogGroup\",\n        \"ssm:DescribeParameters\",\n        \"ssm:GetParameter\",\n        \"ssm:GetParameters\",\n        \"ssm:GetParametersByPath\",\n        \"ssm:PutParameter\",\n        \"s3:*\"\n      ],\n      \"Effect\": \"Allow\",\n      \"Resource\": \"*\"\n    },\n    {\n      \"Action\": [\n        \"logs:CreateLogGroup\",\n        \"logs:CreateLogStream\",\n        \"logs:PutLogEvents\"\n      ],\n      \"Resource\": \"arn:aws:logs:*:*:*\",\n      \"Effect\": \"Allow\"\n    }\n  ]\n}\n",
            "role": "prod-log-exporter-heyjkisf"
          },
          "sensitive_attributes": [],
          "private": "bnVsbA==",
          "dependencies": [
            "aws_iam_role.prod_log_exporter",
            "random_string.random"
          ]
        }
      ]
    },
    {
      "mode": "managed",
      "type": "aws_iam_role_policy_attachment",
      "name": "prod-ec2-cloudwatch",
      "provider": "provider[\"registry.terraform.io/hashicorp/aws\"]",
      "instances": [
        {
          "schema_version": 0,
          "attributes": {
            "id": "prod-ec2-cloudwatch-20210521192158674200000006",
            "policy_arn": "arn:aws:iam::aws:policy/CloudWatchAgentServerPolicy",
            "role": "prod-ec2-cloudwatch"
          },
          "sensitive_attributes": [],
          "private": "bnVsbA==",
          "dependencies": [
            "aws_iam_role.prod-ec2-cloudwatch"
          ]
        }
      ]
    },
    {
      "mode": "managed",
      "type": "aws_iam_role_policy_attachment",
      "name": "prod-s3-replication",
      "provider": "provider[\"registry.terraform.io/hashicorp/aws\"]",
      "instances": [
        {
          "schema_version": 0,
          "attributes": {
            "id": "prod-s3-replication-20210521192202054000000007",
            "policy_arn": "arn:aws:iam::975971611990:policy/prod-s3-rep-policy",
            "role": "prod-s3-replication"
          },
          "sensitive_attributes": [],
          "private": "bnVsbA==",
          "dependencies": [
            "aws_iam_policy.prod-s3-replication",
            "aws_iam_role.prod-s3-replication"
          ]
        }
      ]
    },
    {
      "mode": "managed",
      "type": "aws_inspector_assessment_target",
      "name": "prod-target",
      "provider": "provider[\"registry.terraform.io/hashicorp/aws\"]",
      "instances": [
        {
          "schema_version": 0,
          "attributes": {
            "arn": "arn:aws:inspector:eu-west-2:975971611990:target/0-QykRFCXt",
            "id": "arn:aws:inspector:eu-west-2:975971611990:target/0-QykRFCXt",
            "name": "PROD Assessment Target",
            "resource_group_arn": "arn:aws:inspector:eu-west-2:975971611990:resourcegroup/0-VX3PngTt"
          },
          "sensitive_attributes": [],
          "private": "bnVsbA==",
          "dependencies": [
            "aws_inspector_resource_group.prod-inspector"
          ]
        }
      ]
    },
    {
      "mode": "managed",
      "type": "aws_inspector_assessment_template",
      "name": "prod-template",
      "provider": "provider[\"registry.terraform.io/hashicorp/aws\"]",
      "instances": [
        {
          "schema_version": 0,
          "attributes": {
            "arn": "arn:aws:inspector:eu-west-2:975971611990:target/0-QykRFCXt/template/0-io27u4uQ",
            "duration": 3600,
            "id": "arn:aws:inspector:eu-west-2:975971611990:target/0-QykRFCXt/template/0-io27u4uQ",
            "name": "PROD Assessment Template",
            "rules_package_arns": [
              "arn:aws:inspector:eu-west-2:146838936955:rulespackage/0-AizSYyNq",
              "arn:aws:inspector:eu-west-2:146838936955:rulespackage/0-XApUiSaP",
              "arn:aws:inspector:eu-west-2:146838936955:rulespackage/0-kZGCqcE1"
            ],
            "tags": {},
            "tags_all": {},
            "target_arn": "arn:aws:inspector:eu-west-2:975971611990:target/0-QykRFCXt"
          },
          "sensitive_attributes": [],
          "private": "bnVsbA==",
          "dependencies": [
            "aws_inspector_assessment_target.prod-target",
            "aws_inspector_resource_group.prod-inspector"
          ]
        }
      ]
    },
    {
      "mode": "managed",
      "type": "aws_inspector_resource_group",
      "name": "prod-inspector",
      "provider": "provider[\"registry.terraform.io/hashicorp/aws\"]",
      "instances": [
        {
          "schema_version": 0,
          "attributes": {
            "arn": "arn:aws:inspector:eu-west-2:975971611990:resourcegroup/0-VX3PngTt",
            "id": "arn:aws:inspector:eu-west-2:975971611990:resourcegroup/0-VX3PngTt",
            "tags": {
              "Inspector": "ON"
            }
          },
          "sensitive_attributes": [],
          "private": "bnVsbA=="
        }
      ]
    },
    {
      "mode": "managed",
      "type": "aws_instance",
      "name": "PROD-EC2-BAST",
      "provider": "provider[\"registry.terraform.io/hashicorp/aws\"]",
      "instances": [
        {
          "index_key": 0,
          "schema_version": 1,
          "attributes": {
            "ami": "ami-0a1a17886f455a17d",
            "arn": "arn:aws:ec2:eu-west-2:975971611990:instance/i-0c227ad9a8718dd78",
            "associate_public_ip_address": true,
            "availability_zone": "eu-west-2a",
            "capacity_reservation_specification": [
              {
                "capacity_reservation_preference": "open",
                "capacity_reservation_target": []
              }
            ],
            "cpu_core_count": 1,
            "cpu_threads_per_core": 1,
            "credit_specification": [
              {
                "cpu_credits": "standard"
              }
            ],
            "disable_api_termination": false,
            "ebs_block_device": [],
            "ebs_optimized": false,
            "enclave_options": [
              {
                "enabled": false
              }
            ],
            "ephemeral_block_device": [],
            "get_password_data": false,
            "hibernation": false,
            "host_id": null,
            "iam_instance_profile": "prod-ec2-cloudwatch",
            "id": "i-0c227ad9a8718dd78",
            "instance_initiated_shutdown_behavior": "stop",
            "instance_state": "running",
            "instance_type": "t2.micro",
            "ipv6_address_count": 0,
            "ipv6_addresses": [],
            "key_name": "CO-BCP",
            "launch_template": [],
            "metadata_options": [
              {
                "http_endpoint": "enabled",
                "http_put_response_hop_limit": 1,
                "http_tokens": "optional"
              }
            ],
            "monitoring": true,
            "network_interface": [],
            "outpost_arn": "",
            "password_data": "",
            "placement_group": "",
            "primary_network_interface_id": "eni-0bb2dc58723e6d936",
            "private_dns": "ip-10-2-0-74.eu-west-2.compute.internal",
            "private_ip": "10.2.0.74",
            "public_dns": "ec2-3-9-175-234.eu-west-2.compute.amazonaws.com",
            "public_ip": "3.9.175.234",
            "root_block_device": [
              {
                "delete_on_termination": true,
                "device_name": "/dev/sda1",
                "encrypted": true,
                "iops": 100,
                "kms_key_id": "arn:aws:kms:eu-west-2:975971611990:key/9140cbb3-2afd-4221-9c3f-ce5ba6c56f7d",
                "tags": {},
                "throughput": 0,
                "volume_id": "vol-0911e3d8460244414",
                "volume_size": 8,
                "volume_type": "gp2"
              }
            ],
            "secondary_private_ips": [],
            "security_groups": [],
            "source_dest_check": true,
            "subnet_id": "subnet-04b38ea46fd33e82a",
            "tags": {
              "Name": "PROD-EC2-BASTION1"
            },
            "tags_all": {
              "Name": "PROD-EC2-BASTION1"
            },
            "tenancy": "default",
            "timeouts": null,
            "user_data": null,
            "user_data_base64": null,
            "volume_tags": null,
            "vpc_security_group_ids": [
              "sg-042a8e4dae163c572"
            ]
          },
          "sensitive_attributes": [],
          "private": "eyJlMmJmYjczMC1lY2FhLTExZTYtOGY4OC0zNDM2M2JjN2M0YzAiOnsiY3JlYXRlIjo2MDAwMDAwMDAwMDAsImRlbGV0ZSI6MTIwMDAwMDAwMDAwMCwidXBkYXRlIjo2MDAwMDAwMDAwMDB9LCJzY2hlbWFfdmVyc2lvbiI6IjEifQ==",
          "dependencies": [
            "aws_iam_instance_profile.prod-ec2-cloudwatch",
            "aws_iam_role.prod-ec2-cloudwatch",
            "aws_security_group.allow_ssh",
            "aws_subnet.prod-public",
            "aws_vpc.prod-default"
          ]
        }
      ]
    },
    {
      "mode": "managed",
      "type": "aws_internet_gateway",
      "name": "prod-default",
      "provider": "provider[\"registry.terraform.io/hashicorp/aws\"]",
      "instances": [
        {
          "schema_version": 0,
          "attributes": {
            "arn": "arn:aws:ec2:eu-west-2:975971611990:internet-gateway/igw-054f8f86ce612e4cf",
            "id": "igw-054f8f86ce612e4cf",
            "owner_id": "975971611990",
            "tags": {
              "Name": "PROD-IGW"
            },
            "tags_all": {
              "Name": "PROD-IGW"
            },
            "vpc_id": "vpc-029a5079dd9c90d0a"
          },
          "sensitive_attributes": [],
          "private": "bnVsbA==",
          "dependencies": [
            "aws_vpc.prod-default"
          ]
        }
      ]
    },
    {
      "mode": "managed",
      "type": "aws_kms_key",
      "name": "prod-kms",
      "provider": "provider[\"registry.terraform.io/hashicorp/aws\"]",
      "instances": [
        {
          "schema_version": 0,
          "attributes": {
            "arn": "arn:aws:kms:eu-west-2:975971611990:key/1de91818-0a1a-4d10-af80-ab0c0076226a",
            "bypass_policy_lockout_safety_check": null,
            "customer_master_key_spec": "SYMMETRIC_DEFAULT",
            "deletion_window_in_days": 10,
            "description": "Prod-KMS",
            "enable_key_rotation": false,
            "id": "1de91818-0a1a-4d10-af80-ab0c0076226a",
            "is_enabled": true,
            "key_id": "1de91818-0a1a-4d10-af80-ab0c0076226a",
            "key_usage": "ENCRYPT_DECRYPT",
            "policy": "{\"Id\":\"key-default-1\",\"Statement\":[{\"Action\":\"kms:*\",\"Effect\":\"Allow\",\"Principal\":{\"AWS\":\"arn:aws:iam::975971611990:root\"},\"Resource\":\"*\",\"Sid\":\"Enable IAM User Permissions\"}],\"Version\":\"2012-10-17\"}",
            "tags": {},
            "tags_all": {}
          },
          "sensitive_attributes": [],
          "private": "bnVsbA=="
        }
      ]
    },
    {
      "mode": "managed",
      "type": "aws_lambda_function",
      "name": "prod_log_exporter",
      "provider": "provider[\"registry.terraform.io/hashicorp/aws\"]",
      "instances": [
        {
          "schema_version": 0,
          "attributes": {
            "arn": "arn:aws:lambda:eu-west-2:975971611990:function:prod-log-exporter-heyjkisf",
            "code_signing_config_arn": "",
            "dead_letter_config": [],
            "description": "",
            "environment": [
              {
                "variables": {
                  "S3_BUCKET": "prod-bcp-cloudwatch"
                }
              }
            ],
            "file_system_config": [],
            "filename": "./lambda/tmp/cloudwatch-to-s3.zip",
            "function_name": "prod-log-exporter-heyjkisf",
            "handler": "cloudwatch-to-s3.lambda_handler",
            "id": "prod-log-exporter-heyjkisf",
            "image_config": [],
            "image_uri": "",
            "invoke_arn": "arn:aws:apigateway:eu-west-2:lambda:path/2015-03-31/functions/arn:aws:lambda:eu-west-2:975971611990:function:prod-log-exporter-heyjkisf/invocations",
            "kms_key_arn": "",
            "last_modified": "2021-05-21T19:22:36.542+0000",
            "layers": [],
            "memory_size": 128,
            "package_type": "Zip",
            "publish": false,
            "qualified_arn": "arn:aws:lambda:eu-west-2:975971611990:function:prod-log-exporter-heyjkisf:$LATEST",
            "reserved_concurrent_executions": -1,
            "role": "arn:aws:iam::975971611990:role/prod-log-exporter-heyjkisf",
            "runtime": "python3.8",
            "s3_bucket": null,
            "s3_key": null,
            "s3_object_version": null,
            "signing_job_arn": "",
            "signing_profile_version_arn": "",
            "source_code_hash": "5JPs/3KwI4+gWvcH6KgOG2HInzorMS9GxRCQcXWBCXY=",
            "source_code_size": 1096,
            "tags": {},
            "tags_all": {},
            "timeout": 300,
            "timeouts": null,
            "tracing_config": [
              {
                "mode": "PassThrough"
              }
            ],
            "version": "$LATEST",
            "vpc_config": []
          },
          "sensitive_attributes": [],
          "private": "eyJlMmJmYjczMC1lY2FhLTExZTYtOGY4OC0zNDM2M2JjN2M0YzAiOnsiY3JlYXRlIjo2MDAwMDAwMDAwMDB9fQ==",
          "dependencies": [
            "aws_iam_role.prod-bcp-rep",
            "aws_iam_role.prod_log_exporter",
            "aws_kms_key.prod-kms",
            "aws_s3_bucket.prod-bcp-cloudwatch",
            "data.archive_file.prod_log_exporter",
            "random_string.random"
          ]
        }
      ]
    },
    {
      "mode": "managed",
      "type": "aws_lambda_permission",
      "name": "dev_log_exporter",
      "provider": "provider[\"registry.terraform.io/hashicorp/aws\"]",
      "instances": [
        {
          "schema_version": 0,
          "attributes": {
            "action": "lambda:InvokeFunction",
            "event_source_token": null,
            "function_name": "prod-log-exporter-heyjkisf",
            "id": "AllowExecutionFromCloudWatch",
            "principal": "events.amazonaws.com",
            "qualifier": "",
            "source_account": null,
            "source_arn": "arn:aws:events:eu-west-2:975971611990:rule/prod-log-exporter-heyjkisf",
            "statement_id": "AllowExecutionFromCloudWatch",
            "statement_id_prefix": null
          },
          "sensitive_attributes": [],
          "private": "bnVsbA==",
          "dependencies": [
            "aws_cloudwatch_event_rule.prod_log_exporter",
            "aws_iam_role.prod-bcp-rep",
            "aws_iam_role.prod_log_exporter",
            "aws_kms_key.prod-kms",
            "aws_lambda_function.prod_log_exporter",
            "aws_s3_bucket.prod-bcp-cloudwatch",
            "data.archive_file.prod_log_exporter",
            "random_string.random"
          ]
        }
      ]
    },
    {
      "mode": "managed",
      "type": "aws_launch_configuration",
      "name": "PROD-APP-LC",
      "provider": "provider[\"registry.terraform.io/hashicorp/aws\"]",
      "instances": [
        {
          "schema_version": 0,
          "attributes": {
            "arn": "arn:aws:autoscaling:eu-west-2:975971611990:launchConfiguration:aa8abb9b-d6fa-4e70-a21e-e3467fb25fde:launchConfigurationName/PROD BCE Application Launch Configuration",
            "associate_public_ip_address": false,
            "ebs_block_device": [],
            "ebs_optimized": false,
            "enable_monitoring": true,
            "ephemeral_block_device": [],
            "iam_instance_profile": "prod-ec2-cloudwatch",
            "id": "PROD BCE Application Launch Configuration",
            "image_id": "ami-00cac81ff58eb4f1c",
            "instance_type": "m5a.large",
            "key_name": "CO-BCP",
            "metadata_options": [],
            "name": "PROD BCE Application Launch Configuration",
            "name_prefix": "",
            "placement_tenancy": null,
            "root_block_device": [],
            "security_groups": [
              "sg-07ff10bc20e1fb538"
            ],
            "spot_price": "",
            "user_data": null,
            "user_data_base64": null,
            "vpc_classic_link_id": "",
            "vpc_classic_link_security_groups": []
          },
          "sensitive_attributes": [],
          "private": "bnVsbA==",
          "dependencies": [
            "aws_iam_instance_profile.prod-ec2-cloudwatch",
            "aws_iam_role.prod-ec2-cloudwatch",
            "aws_security_group.PROD-BCE-EXTALB-SG",
            "aws_security_group.PROD-BCS-EXTALB-SG",
            "aws_security_group.PROD-BCW-EXTALB-SG",
            "aws_security_group.PROD-CFFG-EXTALB-SG",
            "aws_security_group.PROD-EC2-APP-SG",
            "aws_security_group.allow_ssh",
            "aws_vpc.prod-default"
          ],
          "create_before_destroy": true
        }
      ]
    },
    {
      "mode": "managed",
      "type": "aws_launch_configuration",
      "name": "PROD-APP-LC-TEMP",
      "provider": "provider[\"registry.terraform.io/hashicorp/aws\"]",
      "instances": [
        {
          "schema_version": 0,
          "attributes": {
            "arn": "arn:aws:autoscaling:eu-west-2:975971611990:launchConfiguration:58505ce5-3fdf-409d-b15e-e1febd0e5559:launchConfigurationName/PROD BCE Temporary Application Launch Configuration",
            "associate_public_ip_address": false,
            "ebs_block_device": [],
            "ebs_optimized": false,
            "enable_monitoring": true,
            "ephemeral_block_device": [],
            "iam_instance_profile": "prod-ec2-cloudwatch",
            "id": "PROD BCE Temporary Application Launch Configuration",
            "image_id": "ami-00cac81ff58eb4f1c",
            "instance_type": "m5a.large",
            "key_name": "CO-BCP",
            "metadata_options": [],
            "name": "PROD BCE Temporary Application Launch Configuration",
            "name_prefix": "",
            "placement_tenancy": null,
            "root_block_device": [],
            "security_groups": [
              "sg-07ff10bc20e1fb538"
            ],
            "spot_price": "",
            "user_data": null,
            "user_data_base64": null,
            "vpc_classic_link_id": "",
            "vpc_classic_link_security_groups": null
          },
          "sensitive_attributes": [],
          "private": "bnVsbA==",
          "dependencies": [
            "aws_iam_instance_profile.prod-ec2-cloudwatch",
            "aws_security_group.PROD-EC2-APP-SG"
          ]
        }
      ]
    },
    {
      "mode": "managed",
      "type": "aws_launch_configuration",
      "name": "PROD-MAP-LC",
      "provider": "provider[\"registry.terraform.io/hashicorp/aws\"]",
      "instances": [
        {
          "schema_version": 0,
          "attributes": {
            "arn": "arn:aws:autoscaling:eu-west-2:975971611990:launchConfiguration:a440ffb8-c441-46bb-b88b-629e088fcddd:launchConfigurationName/PROD BCE Mapping Launch Configuration",
            "associate_public_ip_address": false,
            "ebs_block_device": [],
            "ebs_optimized": false,
            "enable_monitoring": true,
            "ephemeral_block_device": [],
            "iam_instance_profile": "prod-ec2-cloudwatch",
            "id": "PROD BCE Mapping Launch Configuration",
            "image_id": "ami-0d308b3e3401c8d32",
            "instance_type": "c5a.4xlarge",
            "key_name": "CO-BCP",
            "metadata_options": [],
            "name": "PROD BCE Mapping Launch Configuration",
            "name_prefix": "",
            "placement_tenancy": null,
            "root_block_device": [],
            "security_groups": [
              "sg-0fcfb94c73fec9acd"
            ],
            "spot_price": "",
            "user_data": null,
            "user_data_base64": null,
            "vpc_classic_link_id": "",
            "vpc_classic_link_security_groups": []
          },
          "sensitive_attributes": [],
          "private": "bnVsbA==",
          "dependencies": [
            "aws_iam_instance_profile.prod-ec2-cloudwatch",
            "aws_iam_role.prod-ec2-cloudwatch",
            "aws_security_group.PROD-BCE-EXTALB-SG",
            "aws_security_group.PROD-BCS-EXTALB-SG",
            "aws_security_group.PROD-BCW-EXTALB-SG",
            "aws_security_group.PROD-CFFG-EXTALB-SG",
            "aws_security_group.PROD-EC2-MAP-SG",
            "aws_security_group.allow_ssh",
            "aws_vpc.prod-default"
          ],
          "create_before_destroy": true
        }
      ]
    },
    {
      "mode": "managed",
      "type": "aws_launch_configuration",
      "name": "PROD-MAP-LC-TEMP",
      "provider": "provider[\"registry.terraform.io/hashicorp/aws\"]",
      "instances": [
        {
          "schema_version": 0,
          "attributes": {
            "arn": "arn:aws:autoscaling:eu-west-2:975971611990:launchConfiguration:be1bda27-458d-4d60-b3f5-342c0d1769aa:launchConfigurationName/PROD BCE Temporary Mapping Launch Configuration",
            "associate_public_ip_address": false,
            "ebs_block_device": [],
            "ebs_optimized": false,
            "enable_monitoring": true,
            "ephemeral_block_device": [],
            "iam_instance_profile": "prod-ec2-cloudwatch",
            "id": "PROD BCE Temporary Mapping Launch Configuration",
            "image_id": "ami-04b5725d83339aee3",
            "instance_type": "c5a.4xlarge",
            "key_name": "CO-BCP",
            "metadata_options": [],
            "name": "PROD BCE Temporary Mapping Launch Configuration",
            "name_prefix": "",
            "placement_tenancy": null,
            "root_block_device": [],
            "security_groups": [
              "sg-0fcfb94c73fec9acd"
            ],
            "spot_price": "",
            "user_data": null,
            "user_data_base64": null,
            "vpc_classic_link_id": "",
            "vpc_classic_link_security_groups": null
          },
          "sensitive_attributes": [],
          "private": "bnVsbA==",
          "dependencies": [
            "aws_iam_instance_profile.prod-ec2-cloudwatch",
            "aws_security_group.PROD-EC2-MAP-SG"
          ]
        }
      ]
    },
    {
      "mode": "managed",
      "type": "aws_lb",
      "name": "prod-bce-app-alb",
      "provider": "provider[\"registry.terraform.io/hashicorp/aws\"]",
      "instances": [
        {
          "schema_version": 0,
          "attributes": {
            "access_logs": [
              {
                "bucket": "prod-bce-logs",
                "enabled": true,
                "prefix": "prodbce"
              }
            ],
            "arn": "arn:aws:elasticloadbalancing:eu-west-2:975971611990:loadbalancer/app/prod-bce-app-alb/eb6057fe311ae623",
            "arn_suffix": "app/prod-bce-app-alb/eb6057fe311ae623",
            "customer_owned_ipv4_pool": "",
            "dns_name": "prod-bce-app-alb-1142007458.eu-west-2.elb.amazonaws.com",
            "drop_invalid_header_fields": true,
            "enable_cross_zone_load_balancing": null,
            "enable_deletion_protection": false,
            "enable_http2": true,
            "id": "arn:aws:elasticloadbalancing:eu-west-2:975971611990:loadbalancer/app/prod-bce-app-alb/eb6057fe311ae623",
            "idle_timeout": 60,
            "internal": false,
            "ip_address_type": "ipv4",
            "load_balancer_type": "application",
            "name": "prod-bce-app-alb",
            "name_prefix": null,
            "security_groups": [
              "sg-0e9c391dd83a21a00"
            ],
            "subnet_mapping": [
              {
                "allocation_id": "",
                "ipv6_address": "",
                "outpost_id": "",
                "private_ipv4_address": "",
                "subnet_id": "subnet-04b38ea46fd33e82a"
              },
              {
                "allocation_id": "",
                "ipv6_address": "",
                "outpost_id": "",
                "private_ipv4_address": "",
                "subnet_id": "subnet-0721e608cda26fc90"
              }
            ],
            "subnets": [
              "subnet-04b38ea46fd33e82a",
              "subnet-0721e608cda26fc90"
            ],
            "tags": {},
            "tags_all": {},
            "timeouts": null,
            "vpc_id": "vpc-029a5079dd9c90d0a",
            "zone_id": "ZHURV8PSTC4K8"
          },
          "sensitive_attributes": [],
          "private": "eyJlMmJmYjczMC1lY2FhLTExZTYtOGY4OC0zNDM2M2JjN2M0YzAiOnsiY3JlYXRlIjo2MDAwMDAwMDAwMDAsImRlbGV0ZSI6NjAwMDAwMDAwMDAwLCJ1cGRhdGUiOjYwMDAwMDAwMDAwMH19",
          "dependencies": [
            "aws_iam_role.prod-bcp-rep",
            "aws_kms_key.prod-kms",
            "aws_s3_bucket.prod-bce-logs",
            "aws_security_group.PROD-BCE-EXTALB-SG",
            "aws_subnet.prod-public",
            "aws_vpc.prod-default",
            "data.aws_canonical_user_id.current_user"
          ]
        }
      ]
    },
    {
      "mode": "managed",
      "type": "aws_lb",
      "name": "prod-bcs-app-alb",
      "provider": "provider[\"registry.terraform.io/hashicorp/aws\"]",
      "instances": [
        {
          "schema_version": 0,
          "attributes": {
            "access_logs": [
              {
                "bucket": "prod-bcs-logs",
                "enabled": true,
                "prefix": "prodbcs"
              }
            ],
            "arn": "arn:aws:elasticloadbalancing:eu-west-2:975971611990:loadbalancer/app/prod-bcs-app-alb/e7f5365879f75898",
            "arn_suffix": "app/prod-bcs-app-alb/e7f5365879f75898",
            "customer_owned_ipv4_pool": "",
            "dns_name": "prod-bcs-app-alb-164974533.eu-west-2.elb.amazonaws.com",
            "drop_invalid_header_fields": true,
            "enable_cross_zone_load_balancing": null,
            "enable_deletion_protection": false,
            "enable_http2": true,
            "id": "arn:aws:elasticloadbalancing:eu-west-2:975971611990:loadbalancer/app/prod-bcs-app-alb/e7f5365879f75898",
            "idle_timeout": 60,
            "internal": false,
            "ip_address_type": "ipv4",
            "load_balancer_type": "application",
            "name": "prod-bcs-app-alb",
            "name_prefix": null,
            "security_groups": [
              "sg-0a3f92f1fd8780e01"
            ],
            "subnet_mapping": [
              {
                "allocation_id": "",
                "ipv6_address": "",
                "outpost_id": "",
                "private_ipv4_address": "",
                "subnet_id": "subnet-04b38ea46fd33e82a"
              },
              {
                "allocation_id": "",
                "ipv6_address": "",
                "outpost_id": "",
                "private_ipv4_address": "",
                "subnet_id": "subnet-0721e608cda26fc90"
              }
            ],
            "subnets": [
              "subnet-04b38ea46fd33e82a",
              "subnet-0721e608cda26fc90"
            ],
            "tags": {},
            "tags_all": {},
            "timeouts": null,
            "vpc_id": "vpc-029a5079dd9c90d0a",
            "zone_id": "ZHURV8PSTC4K8"
          },
          "sensitive_attributes": [],
          "private": "eyJlMmJmYjczMC1lY2FhLTExZTYtOGY4OC0zNDM2M2JjN2M0YzAiOnsiY3JlYXRlIjo2MDAwMDAwMDAwMDAsImRlbGV0ZSI6NjAwMDAwMDAwMDAwLCJ1cGRhdGUiOjYwMDAwMDAwMDAwMH19",
          "dependencies": [
            "aws_iam_role.prod-bcp-rep",
            "aws_kms_key.prod-kms",
            "aws_s3_bucket.prod-bcs-logs",
            "aws_security_group.PROD-BCS-EXTALB-SG",
            "aws_subnet.prod-public",
            "aws_vpc.prod-default",
            "data.aws_canonical_user_id.current_user"
          ]
        }
      ]
    },
    {
      "mode": "managed",
      "type": "aws_lb",
      "name": "prod-bcw-app-alb",
      "provider": "provider[\"registry.terraform.io/hashicorp/aws\"]",
      "instances": [
        {
          "schema_version": 0,
          "attributes": {
            "access_logs": [
              {
                "bucket": "prod-bcw-logs",
                "enabled": true,
                "prefix": "prodbcw"
              }
            ],
            "arn": "arn:aws:elasticloadbalancing:eu-west-2:975971611990:loadbalancer/app/prod-bcw-app-alb/912a5f83b16e0ea2",
            "arn_suffix": "app/prod-bcw-app-alb/912a5f83b16e0ea2",
            "customer_owned_ipv4_pool": "",
            "dns_name": "prod-bcw-app-alb-1702065618.eu-west-2.elb.amazonaws.com",
            "drop_invalid_header_fields": true,
            "enable_cross_zone_load_balancing": null,
            "enable_deletion_protection": false,
            "enable_http2": true,
            "id": "arn:aws:elasticloadbalancing:eu-west-2:975971611990:loadbalancer/app/prod-bcw-app-alb/912a5f83b16e0ea2",
            "idle_timeout": 60,
            "internal": false,
            "ip_address_type": "ipv4",
            "load_balancer_type": "application",
            "name": "prod-bcw-app-alb",
            "name_prefix": null,
            "security_groups": [
              "sg-065ce2fbccd13c76c"
            ],
            "subnet_mapping": [
              {
                "allocation_id": "",
                "ipv6_address": "",
                "outpost_id": "",
                "private_ipv4_address": "",
                "subnet_id": "subnet-04b38ea46fd33e82a"
              },
              {
                "allocation_id": "",
                "ipv6_address": "",
                "outpost_id": "",
                "private_ipv4_address": "",
                "subnet_id": "subnet-0721e608cda26fc90"
              }
            ],
            "subnets": [
              "subnet-04b38ea46fd33e82a",
              "subnet-0721e608cda26fc90"
            ],
            "tags": {},
            "tags_all": {},
            "timeouts": null,
            "vpc_id": "vpc-029a5079dd9c90d0a",
            "zone_id": "ZHURV8PSTC4K8"
          },
          "sensitive_attributes": [],
          "private": "eyJlMmJmYjczMC1lY2FhLTExZTYtOGY4OC0zNDM2M2JjN2M0YzAiOnsiY3JlYXRlIjo2MDAwMDAwMDAwMDAsImRlbGV0ZSI6NjAwMDAwMDAwMDAwLCJ1cGRhdGUiOjYwMDAwMDAwMDAwMH19",
          "dependencies": [
            "aws_iam_role.prod-bcp-rep",
            "aws_kms_key.prod-kms",
            "aws_s3_bucket.prod-bcw-logs",
            "aws_security_group.PROD-BCW-EXTALB-SG",
            "aws_subnet.prod-public",
            "aws_vpc.prod-default",
            "data.aws_canonical_user_id.current_user"
          ]
        }
      ]
    },
    {
      "mode": "managed",
      "type": "aws_lb",
      "name": "prod-cffg-app-alb",
      "provider": "provider[\"registry.terraform.io/hashicorp/aws\"]",
      "instances": [
        {
          "schema_version": 0,
          "attributes": {
            "access_logs": [
              {
                "bucket": "prod-cffg-logs",
                "enabled": true,
                "prefix": "prodcffg"
              }
            ],
            "arn": "arn:aws:elasticloadbalancing:eu-west-2:975971611990:loadbalancer/app/prod-cffg-app-alb/649ef8cc7adac88a",
            "arn_suffix": "app/prod-cffg-app-alb/649ef8cc7adac88a",
            "customer_owned_ipv4_pool": "",
            "dns_name": "prod-cffg-app-alb-498590345.eu-west-2.elb.amazonaws.com",
            "drop_invalid_header_fields": true,
            "enable_cross_zone_load_balancing": null,
            "enable_deletion_protection": false,
            "enable_http2": true,
            "id": "arn:aws:elasticloadbalancing:eu-west-2:975971611990:loadbalancer/app/prod-cffg-app-alb/649ef8cc7adac88a",
            "idle_timeout": 60,
            "internal": false,
            "ip_address_type": "ipv4",
            "load_balancer_type": "application",
            "name": "prod-cffg-app-alb",
            "name_prefix": null,
            "security_groups": [
              "sg-074f4b9a0fcdb1041"
            ],
            "subnet_mapping": [
              {
                "allocation_id": "",
                "ipv6_address": "",
                "outpost_id": "",
                "private_ipv4_address": "",
                "subnet_id": "subnet-04b38ea46fd33e82a"
              },
              {
                "allocation_id": "",
                "ipv6_address": "",
                "outpost_id": "",
                "private_ipv4_address": "",
                "subnet_id": "subnet-0721e608cda26fc90"
              }
            ],
            "subnets": [
              "subnet-04b38ea46fd33e82a",
              "subnet-0721e608cda26fc90"
            ],
            "tags": {},
            "tags_all": {},
            "timeouts": null,
            "vpc_id": "vpc-029a5079dd9c90d0a",
            "zone_id": "ZHURV8PSTC4K8"
          },
          "sensitive_attributes": [],
          "private": "eyJlMmJmYjczMC1lY2FhLTExZTYtOGY4OC0zNDM2M2JjN2M0YzAiOnsiY3JlYXRlIjo2MDAwMDAwMDAwMDAsImRlbGV0ZSI6NjAwMDAwMDAwMDAwLCJ1cGRhdGUiOjYwMDAwMDAwMDAwMH19",
          "dependencies": [
            "aws_iam_role.prod-bcp-rep",
            "aws_kms_key.prod-kms",
            "aws_s3_bucket.prod-cffg-logs",
            "aws_security_group.PROD-CFFG-EXTALB-SG",
            "aws_subnet.prod-public",
            "aws_vpc.prod-default",
            "data.aws_canonical_user_id.current_user"
          ]
        }
      ]
    },
    {
      "mode": "managed",
      "type": "aws_lb_listener_certificate",
      "name": "prod-app-bce-cert",
      "provider": "provider[\"registry.terraform.io/hashicorp/aws\"]",
      "instances": [
        {
          "schema_version": 0,
          "attributes": {
            "certificate_arn": "arn:aws:acm:eu-west-2:975971611990:certificate/f9defe89-d151-43f4-974a-d5f7eaae30cc",
            "id": "arn:aws:elasticloadbalancing:eu-west-2:975971611990:listener/app/prod-bce-app-alb/eb6057fe311ae623/1440a628c63fc562_arn:aws:acm:eu-west-2:975971611990:certificate/f9defe89-d151-43f4-974a-d5f7eaae30cc",
            "listener_arn": "arn:aws:elasticloadbalancing:eu-west-2:975971611990:listener/app/prod-bce-app-alb/eb6057fe311ae623/1440a628c63fc562"
          },
          "sensitive_attributes": [],
          "private": "bnVsbA==",
          "dependencies": [
            "aws_alb_listener.prod-bce-app-alb-listener",
            "aws_iam_role.prod-bcp-rep",
            "aws_kms_key.prod-kms",
            "aws_lb.prod-bce-app-alb",
            "aws_lb_target_group.PROD-BCE-APP-TG",
            "aws_s3_bucket.prod-bce-logs",
            "aws_security_group.PROD-BCE-EXTALB-SG",
            "aws_subnet.prod-public",
            "aws_vpc.prod-default",
            "data.aws_canonical_user_id.current_user"
          ]
        }
      ]
    },
    {
      "mode": "managed",
      "type": "aws_lb_listener_certificate",
      "name": "prod-app-bcs-cert",
      "provider": "provider[\"registry.terraform.io/hashicorp/aws\"]",
      "instances": [
        {
          "schema_version": 0,
          "attributes": {
            "certificate_arn": "arn:aws:acm:eu-west-2:975971611990:certificate/b2c57bd4-5dcb-4258-bd1d-8150dfdb1bea",
            "id": "arn:aws:elasticloadbalancing:eu-west-2:975971611990:listener/app/prod-bcs-app-alb/e7f5365879f75898/0b9515d13a41bd0b_arn:aws:acm:eu-west-2:975971611990:certificate/b2c57bd4-5dcb-4258-bd1d-8150dfdb1bea",
            "listener_arn": "arn:aws:elasticloadbalancing:eu-west-2:975971611990:listener/app/prod-bcs-app-alb/e7f5365879f75898/0b9515d13a41bd0b"
          },
          "sensitive_attributes": [],
          "private": "bnVsbA==",
          "dependencies": [
            "aws_alb_listener.prod-bcs-app-alb-listener",
            "aws_iam_role.prod-bcp-rep",
            "aws_kms_key.prod-kms",
            "aws_lb.prod-bcs-app-alb",
            "aws_lb_target_group.PROD-BCS-APP-TG",
            "aws_s3_bucket.prod-bcs-logs",
            "aws_security_group.PROD-BCS-EXTALB-SG",
            "aws_subnet.prod-public",
            "aws_vpc.prod-default",
            "data.aws_canonical_user_id.current_user"
          ]
        }
      ]
    },
    {
      "mode": "managed",
      "type": "aws_lb_listener_certificate",
      "name": "prod-app-bcw-cert",
      "provider": "provider[\"registry.terraform.io/hashicorp/aws\"]",
      "instances": [
        {
          "schema_version": 0,
          "attributes": {
            "certificate_arn": "arn:aws:acm:eu-west-2:975971611990:certificate/cc40c391-6b4e-451f-92ca-106032188192",
            "id": "arn:aws:elasticloadbalancing:eu-west-2:975971611990:listener/app/prod-bcw-app-alb/912a5f83b16e0ea2/ccaf688cfccdf0e0_arn:aws:acm:eu-west-2:975971611990:certificate/cc40c391-6b4e-451f-92ca-106032188192",
            "listener_arn": "arn:aws:elasticloadbalancing:eu-west-2:975971611990:listener/app/prod-bcw-app-alb/912a5f83b16e0ea2/ccaf688cfccdf0e0"
          },
          "sensitive_attributes": [],
          "private": "bnVsbA==",
          "dependencies": [
            "aws_alb_listener.prod-bcw-app-alb-listener",
            "aws_iam_role.prod-bcp-rep",
            "aws_kms_key.prod-kms",
            "aws_lb.prod-bcw-app-alb",
            "aws_lb_target_group.PROD-BCW-APP-TG",
            "aws_s3_bucket.prod-bcw-logs",
            "aws_security_group.PROD-BCW-EXTALB-SG",
            "aws_subnet.prod-public",
            "aws_vpc.prod-default",
            "data.aws_canonical_user_id.current_user"
          ]
        }
      ]
    },
    {
      "mode": "managed",
      "type": "aws_lb_listener_certificate",
      "name": "prod-app-cffg-cert",
      "provider": "provider[\"registry.terraform.io/hashicorp/aws\"]",
      "instances": [
        {
          "schema_version": 0,
          "attributes": {
            "certificate_arn": "arn:aws:acm:eu-west-2:975971611990:certificate/93f9aeb1-fade-4dc9-bfcf-cd5ce1e10d6d",
            "id": "arn:aws:elasticloadbalancing:eu-west-2:975971611990:listener/app/prod-cffg-app-alb/649ef8cc7adac88a/6c1c4ac7a7a7bbd3_arn:aws:acm:eu-west-2:975971611990:certificate/93f9aeb1-fade-4dc9-bfcf-cd5ce1e10d6d",
            "listener_arn": "arn:aws:elasticloadbalancing:eu-west-2:975971611990:listener/app/prod-cffg-app-alb/649ef8cc7adac88a/6c1c4ac7a7a7bbd3"
          },
          "sensitive_attributes": [],
          "private": "bnVsbA==",
          "dependencies": [
            "aws_alb_listener.prod-cffg-app-alb-listener",
            "aws_iam_role.prod-bcp-rep",
            "aws_kms_key.prod-kms",
            "aws_lb.prod-cffg-app-alb",
            "aws_lb_target_group.PROD-CFFG-APP-TG",
            "aws_s3_bucket.prod-cffg-logs",
            "aws_security_group.PROD-CFFG-EXTALB-SG",
            "aws_subnet.prod-public",
            "aws_vpc.prod-default",
            "data.aws_canonical_user_id.current_user"
          ]
        }
      ]
    },
    {
      "mode": "managed",
      "type": "aws_lb_target_group",
      "name": "PROD-BCE-APP-TG",
      "provider": "provider[\"registry.terraform.io/hashicorp/aws\"]",
      "instances": [
        {
          "schema_version": 0,
          "attributes": {
            "arn": "arn:aws:elasticloadbalancing:eu-west-2:975971611990:targetgroup/PROD-BCE-Applicaton-TG/515bc92dcbcce6b8",
            "arn_suffix": "targetgroup/PROD-BCE-Applicaton-TG/515bc92dcbcce6b8",
            "deregistration_delay": 300,
            "health_check": [
              {
                "enabled": true,
                "healthy_threshold": 3,
                "interval": 30,
                "matcher": "200",
                "path": "/health.txt",
                "port": "traffic-port",
                "protocol": "HTTP",
                "timeout": 5,
                "unhealthy_threshold": 3
              }
            ],
            "id": "arn:aws:elasticloadbalancing:eu-west-2:975971611990:targetgroup/PROD-BCE-Applicaton-TG/515bc92dcbcce6b8",
            "lambda_multi_value_headers_enabled": false,
            "load_balancing_algorithm_type": "round_robin",
            "name": "PROD-BCE-Applicaton-TG",
            "name_prefix": null,
            "port": 80,
            "preserve_client_ip": null,
            "protocol": "HTTP",
            "protocol_version": "HTTP1",
            "proxy_protocol_v2": false,
            "slow_start": 0,
            "stickiness": [
              {
                "cookie_duration": 86400,
                "cookie_name": "",
                "enabled": true,
                "type": "lb_cookie"
              }
            ],
            "tags": {},
            "tags_all": {},
            "target_type": "instance",
            "vpc_id": "vpc-029a5079dd9c90d0a"
          },
          "sensitive_attributes": [],
          "private": "bnVsbA==",
          "dependencies": [
            "aws_vpc.prod-default"
          ],
          "create_before_destroy": true
        }
      ]
    },
    {
      "mode": "managed",
      "type": "aws_lb_target_group",
      "name": "PROD-BCE-MAP-TG",
      "provider": "provider[\"registry.terraform.io/hashicorp/aws\"]",
      "instances": [
        {
          "schema_version": 0,
          "attributes": {
            "arn": "arn:aws:elasticloadbalancing:eu-west-2:975971611990:targetgroup/PROD-BCE-Mapping-TG/a833dd19b06a8329",
            "arn_suffix": "targetgroup/PROD-BCE-Mapping-TG/a833dd19b06a8329",
            "deregistration_delay": 300,
            "health_check": [
              {
                "enabled": true,
                "healthy_threshold": 3,
                "interval": 30,
                "matcher": "200",
                "path": "/geoserver/web/",
                "port": "traffic-port",
                "protocol": "HTTP",
                "timeout": 5,
                "unhealthy_threshold": 3
              }
            ],
            "id": "arn:aws:elasticloadbalancing:eu-west-2:975971611990:targetgroup/PROD-BCE-Mapping-TG/a833dd19b06a8329",
            "lambda_multi_value_headers_enabled": false,
            "load_balancing_algorithm_type": "round_robin",
            "name": "PROD-BCE-Mapping-TG",
            "name_prefix": null,
            "port": 8080,
            "preserve_client_ip": null,
            "protocol": "HTTP",
            "protocol_version": "HTTP1",
            "proxy_protocol_v2": false,
            "slow_start": 0,
            "stickiness": [
              {
                "cookie_duration": 86400,
                "cookie_name": "",
                "enabled": false,
                "type": "lb_cookie"
              }
            ],
            "tags": {},
            "tags_all": {},
            "target_type": "instance",
            "vpc_id": "vpc-029a5079dd9c90d0a"
          },
          "sensitive_attributes": [],
          "private": "bnVsbA==",
          "dependencies": [
            "aws_vpc.prod-default"
          ],
          "create_before_destroy": true
        }
      ]
    },
    {
      "mode": "managed",
      "type": "aws_lb_target_group",
      "name": "PROD-BCS-APP-TG",
      "provider": "provider[\"registry.terraform.io/hashicorp/aws\"]",
      "instances": [
        {
          "schema_version": 0,
          "attributes": {
            "arn": "arn:aws:elasticloadbalancing:eu-west-2:975971611990:targetgroup/PROD-BCS-Applicaton-TG/241836f1b07f2ce7",
            "arn_suffix": "targetgroup/PROD-BCS-Applicaton-TG/241836f1b07f2ce7",
            "deregistration_delay": 300,
            "health_check": [
              {
                "enabled": true,
                "healthy_threshold": 3,
                "interval": 30,
                "matcher": "200",
                "path": "/health.txt",
                "port": "traffic-port",
                "protocol": "HTTP",
                "timeout": 5,
                "unhealthy_threshold": 3
              }
            ],
            "id": "arn:aws:elasticloadbalancing:eu-west-2:975971611990:targetgroup/PROD-BCS-Applicaton-TG/241836f1b07f2ce7",
            "lambda_multi_value_headers_enabled": false,
            "load_balancing_algorithm_type": "round_robin",
            "name": "PROD-BCS-Applicaton-TG",
            "name_prefix": null,
            "port": 80,
            "preserve_client_ip": null,
            "protocol": "HTTP",
            "protocol_version": "HTTP1",
            "proxy_protocol_v2": false,
            "slow_start": 0,
            "stickiness": [
              {
                "cookie_duration": 86400,
                "cookie_name": "",
                "enabled": true,
                "type": "lb_cookie"
              }
            ],
            "tags": {},
            "tags_all": {},
            "target_type": "instance",
            "vpc_id": "vpc-029a5079dd9c90d0a"
          },
          "sensitive_attributes": [],
          "private": "bnVsbA==",
          "dependencies": [
            "aws_vpc.prod-default"
          ],
          "create_before_destroy": true
        }
      ]
    },
    {
      "mode": "managed",
      "type": "aws_lb_target_group",
      "name": "PROD-BCS-MAP-TG",
      "provider": "provider[\"registry.terraform.io/hashicorp/aws\"]",
      "instances": [
        {
          "schema_version": 0,
          "attributes": {
            "arn": "arn:aws:elasticloadbalancing:eu-west-2:975971611990:targetgroup/PROD-BCS-Mapping-TG/5dc08d1c70de44dd",
            "arn_suffix": "targetgroup/PROD-BCS-Mapping-TG/5dc08d1c70de44dd",
            "deregistration_delay": 300,
            "health_check": [
              {
                "enabled": true,
                "healthy_threshold": 3,
                "interval": 30,
                "matcher": "200",
                "path": "/geoserver/web/",
                "port": "traffic-port",
                "protocol": "HTTP",
                "timeout": 5,
                "unhealthy_threshold": 3
              }
            ],
            "id": "arn:aws:elasticloadbalancing:eu-west-2:975971611990:targetgroup/PROD-BCS-Mapping-TG/5dc08d1c70de44dd",
            "lambda_multi_value_headers_enabled": false,
            "load_balancing_algorithm_type": "round_robin",
            "name": "PROD-BCS-Mapping-TG",
            "name_prefix": null,
            "port": 8080,
            "preserve_client_ip": null,
            "protocol": "HTTP",
            "protocol_version": "HTTP1",
            "proxy_protocol_v2": false,
            "slow_start": 0,
            "stickiness": [
              {
                "cookie_duration": 86400,
                "cookie_name": "",
                "enabled": false,
                "type": "lb_cookie"
              }
            ],
            "tags": {},
            "tags_all": {},
            "target_type": "instance",
            "vpc_id": "vpc-029a5079dd9c90d0a"
          },
          "sensitive_attributes": [],
          "private": "bnVsbA==",
          "dependencies": [
            "aws_vpc.prod-default"
          ],
          "create_before_destroy": true
        }
      ]
    },
    {
      "mode": "managed",
      "type": "aws_lb_target_group",
      "name": "PROD-BCW-APP-TG",
      "provider": "provider[\"registry.terraform.io/hashicorp/aws\"]",
      "instances": [
        {
          "schema_version": 0,
          "attributes": {
            "arn": "arn:aws:elasticloadbalancing:eu-west-2:975971611990:targetgroup/PROD-BCW-Applicaton-TG/1db34c4facad7408",
            "arn_suffix": "targetgroup/PROD-BCW-Applicaton-TG/1db34c4facad7408",
            "deregistration_delay": 300,
            "health_check": [
              {
                "enabled": true,
                "healthy_threshold": 3,
                "interval": 30,
                "matcher": "200",
                "path": "/health.txt",
                "port": "traffic-port",
                "protocol": "HTTP",
                "timeout": 5,
                "unhealthy_threshold": 3
              }
            ],
            "id": "arn:aws:elasticloadbalancing:eu-west-2:975971611990:targetgroup/PROD-BCW-Applicaton-TG/1db34c4facad7408",
            "lambda_multi_value_headers_enabled": false,
            "load_balancing_algorithm_type": "round_robin",
            "name": "PROD-BCW-Applicaton-TG",
            "name_prefix": null,
            "port": 80,
            "preserve_client_ip": null,
            "protocol": "HTTP",
            "protocol_version": "HTTP1",
            "proxy_protocol_v2": false,
            "slow_start": 0,
            "stickiness": [
              {
                "cookie_duration": 86400,
                "cookie_name": "",
                "enabled": true,
                "type": "lb_cookie"
              }
            ],
            "tags": {},
            "tags_all": {},
            "target_type": "instance",
            "vpc_id": "vpc-029a5079dd9c90d0a"
          },
          "sensitive_attributes": [],
          "private": "bnVsbA==",
          "dependencies": [
            "aws_vpc.prod-default"
          ],
          "create_before_destroy": true
        }
      ]
    },
    {
      "mode": "managed",
      "type": "aws_lb_target_group",
      "name": "PROD-BCW-MAP-TG",
      "provider": "provider[\"registry.terraform.io/hashicorp/aws\"]",
      "instances": [
        {
          "schema_version": 0,
          "attributes": {
            "arn": "arn:aws:elasticloadbalancing:eu-west-2:975971611990:targetgroup/PROD-BCW-Mapping-TG/e3b3f6cf0523fa02",
            "arn_suffix": "targetgroup/PROD-BCW-Mapping-TG/e3b3f6cf0523fa02",
            "deregistration_delay": 300,
            "health_check": [
              {
                "enabled": true,
                "healthy_threshold": 3,
                "interval": 30,
                "matcher": "200",
                "path": "/geoserver/web/",
                "port": "traffic-port",
                "protocol": "HTTP",
                "timeout": 5,
                "unhealthy_threshold": 3
              }
            ],
            "id": "arn:aws:elasticloadbalancing:eu-west-2:975971611990:targetgroup/PROD-BCW-Mapping-TG/e3b3f6cf0523fa02",
            "lambda_multi_value_headers_enabled": false,
            "load_balancing_algorithm_type": "round_robin",
            "name": "PROD-BCW-Mapping-TG",
            "name_prefix": null,
            "port": 8080,
            "preserve_client_ip": null,
            "protocol": "HTTP",
            "protocol_version": "HTTP1",
            "proxy_protocol_v2": false,
            "slow_start": 0,
            "stickiness": [
              {
                "cookie_duration": 86400,
                "cookie_name": "",
                "enabled": false,
                "type": "lb_cookie"
              }
            ],
            "tags": {},
            "tags_all": {},
            "target_type": "instance",
            "vpc_id": "vpc-029a5079dd9c90d0a"
          },
          "sensitive_attributes": [],
          "private": "bnVsbA==",
          "dependencies": [
            "aws_vpc.prod-default"
          ],
          "create_before_destroy": true
        }
      ]
    },
    {
      "mode": "managed",
      "type": "aws_lb_target_group",
      "name": "PROD-CFFG-APP-TG",
      "provider": "provider[\"registry.terraform.io/hashicorp/aws\"]",
      "instances": [
        {
          "schema_version": 0,
          "attributes": {
            "arn": "arn:aws:elasticloadbalancing:eu-west-2:975971611990:targetgroup/PROD-CFFG-Applicaton-TG/e0d6ffda960252d1",
            "arn_suffix": "targetgroup/PROD-CFFG-Applicaton-TG/e0d6ffda960252d1",
            "deregistration_delay": 300,
            "health_check": [
              {
                "enabled": true,
                "healthy_threshold": 3,
                "interval": 30,
                "matcher": "200",
                "path": "/health.txt",
                "port": "traffic-port",
                "protocol": "HTTP",
                "timeout": 5,
                "unhealthy_threshold": 3
              }
            ],
            "id": "arn:aws:elasticloadbalancing:eu-west-2:975971611990:targetgroup/PROD-CFFG-Applicaton-TG/e0d6ffda960252d1",
            "lambda_multi_value_headers_enabled": false,
            "load_balancing_algorithm_type": "round_robin",
            "name": "PROD-CFFG-Applicaton-TG",
            "name_prefix": null,
            "port": 80,
            "preserve_client_ip": null,
            "protocol": "HTTP",
            "protocol_version": "HTTP1",
            "proxy_protocol_v2": false,
            "slow_start": 0,
            "stickiness": [
              {
                "cookie_duration": 86400,
                "cookie_name": "",
                "enabled": true,
                "type": "lb_cookie"
              }
            ],
            "tags": {},
            "tags_all": {},
            "target_type": "instance",
            "vpc_id": "vpc-029a5079dd9c90d0a"
          },
          "sensitive_attributes": [],
          "private": "bnVsbA==",
          "dependencies": [
            "aws_vpc.prod-default"
          ],
          "create_before_destroy": true
        }
      ]
    },
    {
      "mode": "managed",
      "type": "aws_lb_target_group",
      "name": "PROD-CFFG-MAP-TG",
      "provider": "provider[\"registry.terraform.io/hashicorp/aws\"]",
      "instances": [
        {
          "schema_version": 0,
          "attributes": {
            "arn": "arn:aws:elasticloadbalancing:eu-west-2:975971611990:targetgroup/PROD-CFFG-Mapping-TG/8d36ec2552c0dba0",
            "arn_suffix": "targetgroup/PROD-CFFG-Mapping-TG/8d36ec2552c0dba0",
            "deregistration_delay": 300,
            "health_check": [
              {
                "enabled": true,
                "healthy_threshold": 3,
                "interval": 30,
                "matcher": "200",
                "path": "/geoserver/web/",
                "port": "traffic-port",
                "protocol": "HTTP",
                "timeout": 5,
                "unhealthy_threshold": 3
              }
            ],
            "id": "arn:aws:elasticloadbalancing:eu-west-2:975971611990:targetgroup/PROD-CFFG-Mapping-TG/8d36ec2552c0dba0",
            "lambda_multi_value_headers_enabled": false,
            "load_balancing_algorithm_type": "round_robin",
            "name": "PROD-CFFG-Mapping-TG",
            "name_prefix": null,
            "port": 8080,
            "preserve_client_ip": null,
            "protocol": "HTTP",
            "protocol_version": "HTTP1",
            "proxy_protocol_v2": false,
            "slow_start": 0,
            "stickiness": [
              {
                "cookie_duration": 86400,
                "cookie_name": "",
                "enabled": false,
                "type": "lb_cookie"
              }
            ],
            "tags": {},
            "tags_all": {},
            "target_type": "instance",
            "vpc_id": "vpc-029a5079dd9c90d0a"
          },
          "sensitive_attributes": [],
          "private": "bnVsbA==",
          "dependencies": [
            "aws_vpc.prod-default"
          ],
          "create_before_destroy": true
        }
      ]
    },
    {
      "mode": "managed",
      "type": "aws_nat_gateway",
      "name": "prod-default",
      "provider": "provider[\"registry.terraform.io/hashicorp/aws\"]",
      "instances": [
        {
          "index_key": 0,
          "schema_version": 0,
          "attributes": {
            "allocation_id": "eipalloc-0b6c8498a85a46784",
            "connectivity_type": "public",
            "id": "nat-0402754807a4a9ef4",
            "network_interface_id": "eni-0a6bd28a81877a0f6",
            "private_ip": "10.2.0.206",
            "public_ip": "3.9.120.48",
            "subnet_id": "subnet-04b38ea46fd33e82a",
            "tags": {
              "Name": "PROD-NAT1"
            },
            "tags_all": {
              "Name": "PROD-NAT1"
            }
          },
          "sensitive_attributes": [],
          "private": "bnVsbA==",
          "dependencies": [
            "aws_eip.prod-eip",
            "aws_internet_gateway.prod-default",
            "aws_subnet.prod-public",
            "aws_vpc.prod-default"
          ]
        },
        {
          "index_key": 1,
          "schema_version": 0,
          "attributes": {
            "allocation_id": "eipalloc-01c7b9e4a9f839a23",
            "connectivity_type": "public",
            "id": "nat-0f9f48edecf78a4ce",
            "network_interface_id": "eni-048d89b8465ea7e04",
            "private_ip": "10.2.2.134",
            "public_ip": "18.168.156.1",
            "subnet_id": "subnet-0721e608cda26fc90",
            "tags": {
              "Name": "PROD-NAT2"
            },
            "tags_all": {
              "Name": "PROD-NAT2"
            }
          },
          "sensitive_attributes": [],
          "private": "bnVsbA==",
          "dependencies": [
            "aws_eip.prod-eip",
            "aws_internet_gateway.prod-default",
            "aws_subnet.prod-public",
            "aws_vpc.prod-default"
          ]
        }
      ]
    },
    {
      "mode": "managed",
      "type": "aws_route",
      "name": "prod-private",
      "provider": "provider[\"registry.terraform.io/hashicorp/aws\"]",
      "instances": [
        {
          "index_key": 0,
          "schema_version": 0,
          "attributes": {
            "carrier_gateway_id": "",
            "destination_cidr_block": "0.0.0.0/0",
            "destination_ipv6_cidr_block": "",
            "destination_prefix_list_id": "",
            "egress_only_gateway_id": "",
            "gateway_id": "",
            "id": "r-rtb-04f7462285fa978aa1080289494",
            "instance_id": "",
            "instance_owner_id": "",
            "local_gateway_id": "",
            "nat_gateway_id": "nat-0402754807a4a9ef4",
            "network_interface_id": "",
            "origin": "CreateRoute",
            "route_table_id": "rtb-04f7462285fa978aa",
            "state": "active",
            "timeouts": null,
            "transit_gateway_id": "",
            "vpc_endpoint_id": "",
            "vpc_peering_connection_id": ""
          },
          "sensitive_attributes": [],
          "private": "eyJlMmJmYjczMC1lY2FhLTExZTYtOGY4OC0zNDM2M2JjN2M0YzAiOnsiY3JlYXRlIjoxMjAwMDAwMDAwMDAsImRlbGV0ZSI6MzAwMDAwMDAwMDAwfX0=",
          "dependencies": [
            "aws_eip.prod-eip",
            "aws_internet_gateway.prod-default",
            "aws_nat_gateway.prod-default",
            "aws_route_table.prod-private",
            "aws_subnet.prod-public",
            "aws_vpc.prod-default"
          ]
        },
        {
          "index_key": 1,
          "schema_version": 0,
          "attributes": {
            "carrier_gateway_id": "",
            "destination_cidr_block": "0.0.0.0/0",
            "destination_ipv6_cidr_block": "",
            "destination_prefix_list_id": "",
            "egress_only_gateway_id": "",
            "gateway_id": "",
            "id": "r-rtb-078ee43ac3d3b61fd1080289494",
            "instance_id": "",
            "instance_owner_id": "",
            "local_gateway_id": "",
            "nat_gateway_id": "nat-0f9f48edecf78a4ce",
            "network_interface_id": "",
            "origin": "CreateRoute",
            "route_table_id": "rtb-078ee43ac3d3b61fd",
            "state": "active",
            "timeouts": null,
            "transit_gateway_id": "",
            "vpc_endpoint_id": "",
            "vpc_peering_connection_id": ""
          },
          "sensitive_attributes": [],
          "private": "eyJlMmJmYjczMC1lY2FhLTExZTYtOGY4OC0zNDM2M2JjN2M0YzAiOnsiY3JlYXRlIjoxMjAwMDAwMDAwMDAsImRlbGV0ZSI6MzAwMDAwMDAwMDAwfX0=",
          "dependencies": [
            "aws_eip.prod-eip",
            "aws_internet_gateway.prod-default",
            "aws_nat_gateway.prod-default",
            "aws_route_table.prod-private",
            "aws_subnet.prod-public",
            "aws_vpc.prod-default"
          ]
        }
      ]
    },
    {
      "mode": "managed",
      "type": "aws_route",
      "name": "prod-public",
      "provider": "provider[\"registry.terraform.io/hashicorp/aws\"]",
      "instances": [
        {
          "schema_version": 0,
          "attributes": {
            "carrier_gateway_id": "",
            "destination_cidr_block": "0.0.0.0/0",
            "destination_ipv6_cidr_block": "",
            "destination_prefix_list_id": "",
            "egress_only_gateway_id": "",
            "gateway_id": "igw-054f8f86ce612e4cf",
            "id": "r-rtb-05949f9ff63467cc81080289494",
            "instance_id": "",
            "instance_owner_id": "",
            "local_gateway_id": "",
            "nat_gateway_id": "",
            "network_interface_id": "",
            "origin": "CreateRoute",
            "route_table_id": "rtb-05949f9ff63467cc8",
            "state": "active",
            "timeouts": null,
            "transit_gateway_id": "",
            "vpc_endpoint_id": "",
            "vpc_peering_connection_id": ""
          },
          "sensitive_attributes": [],
          "private": "eyJlMmJmYjczMC1lY2FhLTExZTYtOGY4OC0zNDM2M2JjN2M0YzAiOnsiY3JlYXRlIjoxMjAwMDAwMDAwMDAsImRlbGV0ZSI6MzAwMDAwMDAwMDAwfX0=",
          "dependencies": [
            "aws_internet_gateway.prod-default",
            "aws_route_table.prod-public",
            "aws_vpc.prod-default"
          ]
        }
      ]
    },
    {
      "mode": "managed",
      "type": "aws_route53_record",
      "name": "bce_prod_alb",
      "provider": "provider[\"registry.terraform.io/hashicorp/aws\"]",
      "instances": [
        {
          "schema_version": 2,
          "attributes": {
            "alias": [],
            "allow_overwrite": null,
            "failover_routing_policy": [],
            "fqdn": "prod-alb.bce2023.co.uk",
            "geolocation_routing_policy": [],
            "health_check_id": "",
            "id": "Z04517471XDEFZB5FO5DB_prod-alb.bce2023.co.uk_CNAME",
            "latency_routing_policy": [],
            "multivalue_answer_routing_policy": null,
            "name": "prod-alb.bce2023.co.uk",
            "records": [
              "prod-bce-app-alb-1142007458.eu-west-2.elb.amazonaws.com"
            ],
            "set_identifier": "",
            "ttl": 60,
            "type": "CNAME",
            "weighted_routing_policy": [],
            "zone_id": "Z04517471XDEFZB5FO5DB"
          },
          "sensitive_attributes": [],
          "private": "eyJzY2hlbWFfdmVyc2lvbiI6IjIifQ==",
          "dependencies": [
            "aws_iam_role.prod-bcp-rep",
            "aws_kms_key.prod-kms",
            "aws_lb.prod-bce-app-alb",
            "aws_s3_bucket.prod-bce-logs",
            "aws_security_group.PROD-BCE-EXTALB-SG",
            "aws_subnet.prod-public",
            "aws_vpc.prod-default",
            "data.aws_canonical_user_id.current_user"
          ]
        }
      ]
    },
    {
      "mode": "managed",
      "type": "aws_route53_record",
      "name": "bce_prod_db",
      "provider": "provider[\"registry.terraform.io/hashicorp/aws\"]",
      "instances": [
        {
          "schema_version": 2,
          "attributes": {
            "alias": [],
            "allow_overwrite": null,
            "failover_routing_policy": [],
            "fqdn": "proddb.bce2023.co.uk",
            "geolocation_routing_policy": [],
            "health_check_id": "",
            "id": "Z04517471XDEFZB5FO5DB_proddb.bce2023.co.uk_CNAME",
            "latency_routing_policy": [],
            "multivalue_answer_routing_policy": null,
            "name": "proddb.bce2023.co.uk",
            "records": [
              "prod-bcp-db.crjf8wrofi48.eu-west-2.rds.amazonaws.com"
            ],
            "set_identifier": "",
            "ttl": 60,
            "type": "CNAME",
            "weighted_routing_policy": [],
            "zone_id": "Z04517471XDEFZB5FO5DB"
          },
          "sensitive_attributes": [],
          "private": "eyJzY2hlbWFfdmVyc2lvbiI6IjIifQ==",
          "dependencies": [
            "aws_db_instance.prod-bcp-db",
            "aws_db_subnet_group.prod-rds-sub",
            "aws_security_group.PROD-BCE-EXTALB-SG",
            "aws_security_group.PROD-BCS-EXTALB-SG",
            "aws_security_group.PROD-BCW-EXTALB-SG",
            "aws_security_group.PROD-CFFG-EXTALB-SG",
            "aws_security_group.PROD-EC2-APP-SG",
            "aws_security_group.PROD-EC2-MAP-SG",
            "aws_security_group.PROD-RDS-SG",
            "aws_security_group.allow_ssh",
            "aws_subnet.prod-private",
            "aws_vpc.prod-default",
            "data.aws_db_snapshot.prod-snap"
          ]
        }
      ]
    },
    {
      "mode": "managed",
      "type": "aws_route53_record",
      "name": "bce_prod_ext_db",
      "provider": "provider[\"registry.terraform.io/hashicorp/aws\"]",
      "instances": [
        {
          "schema_version": 2,
          "attributes": {
            "alias": [],
            "allow_overwrite": null,
            "failover_routing_policy": [],
            "fqdn": "proddb.bcereviews.org.uk",
            "geolocation_routing_policy": [],
            "health_check_id": "",
            "id": "Z0445598KZ4K3Q2NE9I9_proddb.bcereviews.org.uk_CNAME",
            "latency_routing_policy": [],
            "multivalue_answer_routing_policy": null,
            "name": "proddb.bcereviews.org.uk",
            "records": [
              "prod-bcp-db.crjf8wrofi48.eu-west-2.rds.amazonaws.com"
            ],
            "set_identifier": "",
            "ttl": 60,
            "type": "CNAME",
            "weighted_routing_policy": [],
            "zone_id": "Z0445598KZ4K3Q2NE9I9"
          },
          "sensitive_attributes": [],
          "private": "eyJzY2hlbWFfdmVyc2lvbiI6IjIifQ==",
          "dependencies": [
            "aws_db_instance.prod-bcp-db",
            "aws_db_subnet_group.prod-rds-sub",
            "aws_route53_zone.prod-bce",
            "aws_security_group.PROD-BCE-EXTALB-SG",
            "aws_security_group.PROD-BCS-EXTALB-SG",
            "aws_security_group.PROD-BCW-EXTALB-SG",
            "aws_security_group.PROD-CFFG-EXTALB-SG",
            "aws_security_group.PROD-EC2-APP-SG",
            "aws_security_group.PROD-EC2-MAP-SG",
            "aws_security_group.PROD-RDS-SG",
            "aws_security_group.allow_ssh",
            "aws_subnet.prod-private",
            "aws_vpc.prod-default",
            "data.aws_db_snapshot.prod-snap"
          ]
        }
      ]
    },
    {
      "mode": "managed",
      "type": "aws_route53_record",
      "name": "bcs_prod_alb",
      "provider": "provider[\"registry.terraform.io/hashicorp/aws\"]",
      "instances": [
        {
          "schema_version": 2,
          "attributes": {
            "alias": [],
            "allow_overwrite": null,
            "failover_routing_policy": [],
            "fqdn": "prod-alb.bcs2023.co.uk",
            "geolocation_routing_policy": [],
            "health_check_id": "",
            "id": "Z00762241G67N0D1GZ0KC_prod-alb.bcs2023.co.uk_CNAME",
            "latency_routing_policy": [],
            "multivalue_answer_routing_policy": null,
            "name": "prod-alb.bcs2023.co.uk",
            "records": [
              "prod-bcs-app-alb-164974533.eu-west-2.elb.amazonaws.com"
            ],
            "set_identifier": "",
            "ttl": 60,
            "type": "CNAME",
            "weighted_routing_policy": [],
            "zone_id": "Z00762241G67N0D1GZ0KC"
          },
          "sensitive_attributes": [],
          "private": "eyJzY2hlbWFfdmVyc2lvbiI6IjIifQ==",
          "dependencies": [
            "aws_iam_role.prod-bcp-rep",
            "aws_kms_key.prod-kms",
            "aws_lb.prod-bcs-app-alb",
            "aws_s3_bucket.prod-bcs-logs",
            "aws_security_group.PROD-BCS-EXTALB-SG",
            "aws_subnet.prod-public",
            "aws_vpc.prod-default",
            "data.aws_canonical_user_id.current_user"
          ]
        }
      ]
    },
    {
      "mode": "managed",
      "type": "aws_route53_record",
      "name": "bcs_prod_db",
      "provider": "provider[\"registry.terraform.io/hashicorp/aws\"]",
      "instances": [
        {
          "schema_version": 2,
          "attributes": {
            "alias": [],
            "allow_overwrite": null,
            "failover_routing_policy": [],
            "fqdn": "proddb.bcs2023.co.uk",
            "geolocation_routing_policy": [],
            "health_check_id": "",
            "id": "Z00762241G67N0D1GZ0KC_proddb.bcs2023.co.uk_CNAME",
            "latency_routing_policy": [],
            "multivalue_answer_routing_policy": null,
            "name": "proddb.bcs2023.co.uk",
            "records": [
              "prod-bcp-db.crjf8wrofi48.eu-west-2.rds.amazonaws.com"
            ],
            "set_identifier": "",
            "ttl": 60,
            "type": "CNAME",
            "weighted_routing_policy": [],
            "zone_id": "Z00762241G67N0D1GZ0KC"
          },
          "sensitive_attributes": [],
          "private": "eyJzY2hlbWFfdmVyc2lvbiI6IjIifQ==",
          "dependencies": [
            "aws_db_instance.prod-bcp-db",
            "aws_db_subnet_group.prod-rds-sub",
            "aws_security_group.PROD-BCE-EXTALB-SG",
            "aws_security_group.PROD-BCS-EXTALB-SG",
            "aws_security_group.PROD-BCW-EXTALB-SG",
            "aws_security_group.PROD-CFFG-EXTALB-SG",
            "aws_security_group.PROD-EC2-APP-SG",
            "aws_security_group.PROD-EC2-MAP-SG",
            "aws_security_group.PROD-RDS-SG",
            "aws_security_group.allow_ssh",
            "aws_subnet.prod-private",
            "aws_vpc.prod-default",
            "data.aws_db_snapshot.prod-snap"
          ]
        }
      ]
    },
    {
      "mode": "managed",
      "type": "aws_route53_record",
      "name": "bcs_prod_ext_db",
      "provider": "provider[\"registry.terraform.io/hashicorp/aws\"]",
      "instances": [
        {
          "schema_version": 2,
          "attributes": {
            "alias": [],
            "allow_overwrite": null,
            "failover_routing_policy": [],
            "fqdn": "proddb.bcs2023review.com",
            "geolocation_routing_policy": [],
            "health_check_id": "",
            "id": "Z0775564JUO7HWDR55ZG_proddb.bcs2023review.com_CNAME",
            "latency_routing_policy": [],
            "multivalue_answer_routing_policy": null,
            "name": "proddb.bcs2023review.com",
            "records": [
              "prod-bcp-db.crjf8wrofi48.eu-west-2.rds.amazonaws.com"
            ],
            "set_identifier": "",
            "ttl": 60,
            "type": "CNAME",
            "weighted_routing_policy": [],
            "zone_id": "Z0775564JUO7HWDR55ZG"
          },
          "sensitive_attributes": [],
          "private": "eyJzY2hlbWFfdmVyc2lvbiI6IjIifQ==",
          "dependencies": [
            "aws_db_instance.prod-bcp-db",
            "aws_db_subnet_group.prod-rds-sub",
            "aws_route53_zone.prod-bcs",
            "aws_security_group.PROD-BCE-EXTALB-SG",
            "aws_security_group.PROD-BCS-EXTALB-SG",
            "aws_security_group.PROD-BCW-EXTALB-SG",
            "aws_security_group.PROD-CFFG-EXTALB-SG",
            "aws_security_group.PROD-EC2-APP-SG",
            "aws_security_group.PROD-EC2-MAP-SG",
            "aws_security_group.PROD-RDS-SG",
            "aws_security_group.allow_ssh",
            "aws_subnet.prod-private",
            "aws_vpc.prod-default",
            "data.aws_db_snapshot.prod-snap"
          ]
        }
      ]
    },
    {
      "mode": "managed",
      "type": "aws_route53_record",
      "name": "bcw_prod_alb",
      "provider": "provider[\"registry.terraform.io/hashicorp/aws\"]",
      "instances": [
        {
          "schema_version": 2,
          "attributes": {
            "alias": [],
            "allow_overwrite": null,
            "failover_routing_policy": [],
            "fqdn": "prod-alb.bcw2023.co.uk",
            "geolocation_routing_policy": [],
            "health_check_id": "",
            "id": "Z031797914Y0JGYK1EOWO_prod-alb.bcw2023.co.uk_CNAME",
            "latency_routing_policy": [],
            "multivalue_answer_routing_policy": null,
            "name": "prod-alb.bcw2023.co.uk",
            "records": [
              "prod-bcw-app-alb-1702065618.eu-west-2.elb.amazonaws.com"
            ],
            "set_identifier": "",
            "ttl": 60,
            "type": "CNAME",
            "weighted_routing_policy": [],
            "zone_id": "Z031797914Y0JGYK1EOWO"
          },
          "sensitive_attributes": [],
          "private": "eyJzY2hlbWFfdmVyc2lvbiI6IjIifQ==",
          "dependencies": [
            "aws_iam_role.prod-bcp-rep",
            "aws_kms_key.prod-kms",
            "aws_lb.prod-bcw-app-alb",
            "aws_s3_bucket.prod-bcw-logs",
            "aws_security_group.PROD-BCW-EXTALB-SG",
            "aws_subnet.prod-public",
            "aws_vpc.prod-default",
            "data.aws_canonical_user_id.current_user"
          ]
        }
      ]
    },
    {
      "mode": "managed",
      "type": "aws_route53_record",
      "name": "bcw_prod_db",
      "provider": "provider[\"registry.terraform.io/hashicorp/aws\"]",
      "instances": [
        {
          "schema_version": 2,
          "attributes": {
            "alias": [],
            "allow_overwrite": null,
            "failover_routing_policy": [],
            "fqdn": "proddb.bcw2023.co.uk",
            "geolocation_routing_policy": [],
            "health_check_id": "",
            "id": "Z031797914Y0JGYK1EOWO_proddb.bcw2023.co.uk_CNAME",
            "latency_routing_policy": [],
            "multivalue_answer_routing_policy": null,
            "name": "proddb.bcw2023.co.uk",
            "records": [
              "prod-bcp-db.crjf8wrofi48.eu-west-2.rds.amazonaws.com"
            ],
            "set_identifier": "",
            "ttl": 60,
            "type": "CNAME",
            "weighted_routing_policy": [],
            "zone_id": "Z031797914Y0JGYK1EOWO"
          },
          "sensitive_attributes": [],
          "private": "eyJzY2hlbWFfdmVyc2lvbiI6IjIifQ==",
          "dependencies": [
            "aws_db_instance.prod-bcp-db",
            "aws_db_subnet_group.prod-rds-sub",
            "aws_security_group.PROD-BCE-EXTALB-SG",
            "aws_security_group.PROD-BCS-EXTALB-SG",
            "aws_security_group.PROD-BCW-EXTALB-SG",
            "aws_security_group.PROD-CFFG-EXTALB-SG",
            "aws_security_group.PROD-EC2-APP-SG",
            "aws_security_group.PROD-EC2-MAP-SG",
            "aws_security_group.PROD-RDS-SG",
            "aws_security_group.allow_ssh",
            "aws_subnet.prod-private",
            "aws_vpc.prod-default",
            "data.aws_db_snapshot.prod-snap"
          ]
        }
      ]
    },
    {
      "mode": "managed",
      "type": "aws_route53_record",
      "name": "bcw_prod_ext_db",
      "provider": "provider[\"registry.terraform.io/hashicorp/aws\"]",
      "instances": [
        {
          "schema_version": 2,
          "attributes": {
            "alias": [],
            "allow_overwrite": null,
            "failover_routing_policy": [],
            "fqdn": "proddb.bcw-reviews.org.uk",
            "geolocation_routing_policy": [],
            "health_check_id": "",
            "id": "Z077560324M6Q3R73ZIP7_proddb.bcw-reviews.org.uk_CNAME",
            "latency_routing_policy": [],
            "multivalue_answer_routing_policy": null,
            "name": "proddb.bcw-reviews.org.uk",
            "records": [
              "prod-bcp-db.crjf8wrofi48.eu-west-2.rds.amazonaws.com"
            ],
            "set_identifier": "",
            "ttl": 60,
            "type": "CNAME",
            "weighted_routing_policy": [],
            "zone_id": "Z077560324M6Q3R73ZIP7"
          },
          "sensitive_attributes": [],
          "private": "eyJzY2hlbWFfdmVyc2lvbiI6IjIifQ==",
          "dependencies": [
            "aws_db_instance.prod-bcp-db",
            "aws_db_subnet_group.prod-rds-sub",
            "aws_route53_zone.prod-bcw",
            "aws_security_group.PROD-BCE-EXTALB-SG",
            "aws_security_group.PROD-BCS-EXTALB-SG",
            "aws_security_group.PROD-BCW-EXTALB-SG",
            "aws_security_group.PROD-CFFG-EXTALB-SG",
            "aws_security_group.PROD-EC2-APP-SG",
            "aws_security_group.PROD-EC2-MAP-SG",
            "aws_security_group.PROD-RDS-SG",
            "aws_security_group.allow_ssh",
            "aws_subnet.prod-private",
            "aws_vpc.prod-default",
            "data.aws_db_snapshot.prod-snap"
          ]
        }
      ]
    },
    {
      "mode": "managed",
      "type": "aws_route53_record",
      "name": "cffg_prod_alb",
      "provider": "provider[\"registry.terraform.io/hashicorp/aws\"]",
      "instances": [
        {
          "schema_version": 2,
          "attributes": {
            "alias": [],
            "allow_overwrite": null,
            "failover_routing_policy": [],
            "fqdn": "prod-alb.cffg2023.co.uk",
            "geolocation_routing_policy": [],
            "health_check_id": "",
            "id": "Z03174633CRGT06QCWDSS_prod-alb.cffg2023.co.uk_CNAME",
            "latency_routing_policy": [],
            "multivalue_answer_routing_policy": null,
            "name": "prod-alb.cffg2023.co.uk",
            "records": [
              "prod-cffg-app-alb-498590345.eu-west-2.elb.amazonaws.com"
            ],
            "set_identifier": "",
            "ttl": 60,
            "type": "CNAME",
            "weighted_routing_policy": [],
            "zone_id": "Z03174633CRGT06QCWDSS"
          },
          "sensitive_attributes": [],
          "private": "eyJzY2hlbWFfdmVyc2lvbiI6IjIifQ==",
          "dependencies": [
            "aws_iam_role.prod-bcp-rep",
            "aws_kms_key.prod-kms",
            "aws_lb.prod-cffg-app-alb",
            "aws_s3_bucket.prod-cffg-logs",
            "aws_security_group.PROD-CFFG-EXTALB-SG",
            "aws_subnet.prod-public",
            "aws_vpc.prod-default",
            "data.aws_canonical_user_id.current_user"
          ]
        }
      ]
    },
    {
      "mode": "managed",
      "type": "aws_route53_record",
      "name": "cffg_prod_db",
      "provider": "provider[\"registry.terraform.io/hashicorp/aws\"]",
      "instances": [
        {
          "schema_version": 2,
          "attributes": {
            "alias": [],
            "allow_overwrite": null,
            "failover_routing_policy": [],
            "fqdn": "proddb.cffg2023.co.uk",
            "geolocation_routing_policy": [],
            "health_check_id": "",
            "id": "Z03174633CRGT06QCWDSS_proddb.cffg2023.co.uk_CNAME",
            "latency_routing_policy": [],
            "multivalue_answer_routing_policy": null,
            "name": "proddb.cffg2023.co.uk",
            "records": [
              "prod-bcp-db.crjf8wrofi48.eu-west-2.rds.amazonaws.com"
            ],
            "set_identifier": "",
            "ttl": 60,
            "type": "CNAME",
            "weighted_routing_policy": [],
            "zone_id": "Z03174633CRGT06QCWDSS"
          },
          "sensitive_attributes": [],
          "private": "eyJzY2hlbWFfdmVyc2lvbiI6IjIifQ==",
          "dependencies": [
            "aws_db_instance.prod-bcp-db",
            "aws_db_subnet_group.prod-rds-sub",
            "aws_security_group.PROD-BCE-EXTALB-SG",
            "aws_security_group.PROD-BCS-EXTALB-SG",
            "aws_security_group.PROD-BCW-EXTALB-SG",
            "aws_security_group.PROD-CFFG-EXTALB-SG",
            "aws_security_group.PROD-EC2-APP-SG",
            "aws_security_group.PROD-EC2-MAP-SG",
            "aws_security_group.PROD-RDS-SG",
            "aws_security_group.allow_ssh",
            "aws_subnet.prod-private",
            "aws_vpc.prod-default",
            "data.aws_db_snapshot.prod-snap"
          ]
        }
      ]
    },
    {
      "mode": "managed",
      "type": "aws_route53_record",
      "name": "cffg_prod_ext_db",
      "provider": "provider[\"registry.terraform.io/hashicorp/aws\"]",
      "instances": [
        {
          "schema_version": 2,
          "attributes": {
            "alias": [],
            "allow_overwrite": null,
            "failover_routing_policy": [],
            "fqdn": "proddb.cffg-arolygon.org.uk",
            "geolocation_routing_policy": [],
            "health_check_id": "",
            "id": "Z0445149WCKPY3G86CV3_proddb.cffg-arolygon.org.uk_CNAME",
            "latency_routing_policy": [],
            "multivalue_answer_routing_policy": null,
            "name": "proddb.cffg-arolygon.org.uk",
            "records": [
              "prod-bcp-db.crjf8wrofi48.eu-west-2.rds.amazonaws.com"
            ],
            "set_identifier": "",
            "ttl": 60,
            "type": "CNAME",
            "weighted_routing_policy": [],
            "zone_id": "Z0445149WCKPY3G86CV3"
          },
          "sensitive_attributes": [],
          "private": "eyJzY2hlbWFfdmVyc2lvbiI6IjIifQ==",
          "dependencies": [
            "aws_db_instance.prod-bcp-db",
            "aws_db_subnet_group.prod-rds-sub",
            "aws_route53_zone.prod-cffg",
            "aws_security_group.PROD-BCE-EXTALB-SG",
            "aws_security_group.PROD-BCS-EXTALB-SG",
            "aws_security_group.PROD-BCW-EXTALB-SG",
            "aws_security_group.PROD-CFFG-EXTALB-SG",
            "aws_security_group.PROD-EC2-APP-SG",
            "aws_security_group.PROD-EC2-MAP-SG",
            "aws_security_group.PROD-RDS-SG",
            "aws_security_group.allow_ssh",
            "aws_subnet.prod-private",
            "aws_vpc.prod-default",
            "data.aws_db_snapshot.prod-snap"
          ]
        }
      ]
    },
    {
      "mode": "managed",
      "type": "aws_route53_record",
      "name": "prod_bce",
      "provider": "provider[\"registry.terraform.io/hashicorp/aws\"]",
      "instances": [
        {
          "schema_version": 2,
          "attributes": {
            "alias": [],
            "allow_overwrite": null,
            "failover_routing_policy": [],
            "fqdn": "prod.bce2023.co.uk",
            "geolocation_routing_policy": [],
            "health_check_id": "",
            "id": "Z04517471XDEFZB5FO5DB_prod.bce2023.co.uk_CNAME",
            "latency_routing_policy": [],
            "multivalue_answer_routing_policy": null,
            "name": "prod.bce2023.co.uk",
            "records": [
              "d1g2wg9eed17vc.cloudfront.net"
            ],
            "set_identifier": "",
            "ttl": 60,
            "type": "CNAME",
            "weighted_routing_policy": [],
            "zone_id": "Z04517471XDEFZB5FO5DB"
          },
          "sensitive_attributes": [],
          "private": "eyJzY2hlbWFfdmVyc2lvbiI6IjIifQ==",
          "dependencies": [
            "aws_cloudfront_distribution.prod-bce-cf",
            "aws_iam_role.prod-bcp-rep",
            "aws_kms_key.prod-kms",
            "aws_lb.prod-bce-app-alb",
            "aws_s3_bucket.prod-bce-cloudfront-logs",
            "aws_s3_bucket.prod-bce-logs",
            "aws_security_group.PROD-BCE-EXTALB-SG",
            "aws_subnet.prod-public",
            "aws_vpc.prod-default",
            "aws_waf_ipset.prod-bce-waf-ip",
            "aws_waf_rule.prod-bce-waf-rule",
            "aws_waf_web_acl.prod-bce-waf-acl",
            "data.aws_canonical_user_id.current_user"
          ]
        }
      ]
    },
    {
      "mode": "managed",
      "type": "aws_route53_record",
      "name": "prod_bcs",
      "provider": "provider[\"registry.terraform.io/hashicorp/aws\"]",
      "instances": [
        {
          "schema_version": 2,
          "attributes": {
            "alias": [],
            "allow_overwrite": null,
            "failover_routing_policy": [],
            "fqdn": "prod.bcs2023.co.uk",
            "geolocation_routing_policy": [],
            "health_check_id": "",
            "id": "Z00762241G67N0D1GZ0KC_prod.bcs2023.co.uk_CNAME",
            "latency_routing_policy": [],
            "multivalue_answer_routing_policy": null,
            "name": "prod.bcs2023.co.uk",
            "records": [
              "d35bpp9o69gzy8.cloudfront.net"
            ],
            "set_identifier": "",
            "ttl": 60,
            "type": "CNAME",
            "weighted_routing_policy": [],
            "zone_id": "Z00762241G67N0D1GZ0KC"
          },
          "sensitive_attributes": [],
          "private": "eyJzY2hlbWFfdmVyc2lvbiI6IjIifQ==",
          "dependencies": [
            "aws_cloudfront_distribution.prod-bcs-cf",
            "aws_iam_role.prod-bcp-rep",
            "aws_kms_key.prod-kms",
            "aws_lb.prod-bcs-app-alb",
            "aws_s3_bucket.prod-bcs-cloudfront-logs",
            "aws_s3_bucket.prod-bcs-logs",
            "aws_security_group.PROD-BCS-EXTALB-SG",
            "aws_subnet.prod-public",
            "aws_vpc.prod-default",
            "aws_waf_ipset.prod-bcs-waf-ip",
            "aws_waf_rule.prod-bcs-waf-rule",
            "aws_waf_web_acl.prod-bcs-waf-acl",
            "data.aws_canonical_user_id.current_user"
          ]
        }
      ]
    },
    {
      "mode": "managed",
      "type": "aws_route53_record",
      "name": "prod_bcw",
      "provider": "provider[\"registry.terraform.io/hashicorp/aws\"]",
      "instances": [
        {
          "schema_version": 2,
          "attributes": {
            "alias": [],
            "allow_overwrite": null,
            "failover_routing_policy": [],
            "fqdn": "prod.bcw2023.co.uk",
            "geolocation_routing_policy": [],
            "health_check_id": "",
            "id": "Z031797914Y0JGYK1EOWO_prod.bcw2023.co.uk_CNAME",
            "latency_routing_policy": [],
            "multivalue_answer_routing_policy": null,
            "name": "prod.bcw2023.co.uk",
            "records": [
              "d2ykst503ktofy.cloudfront.net"
            ],
            "set_identifier": "",
            "ttl": 60,
            "type": "CNAME",
            "weighted_routing_policy": [],
            "zone_id": "Z031797914Y0JGYK1EOWO"
          },
          "sensitive_attributes": [],
          "private": "eyJzY2hlbWFfdmVyc2lvbiI6IjIifQ==",
          "dependencies": [
            "aws_cloudfront_distribution.prod-bcw-cf",
            "aws_iam_role.prod-bcp-rep",
            "aws_kms_key.prod-kms",
            "aws_lb.prod-bcw-app-alb",
            "aws_s3_bucket.prod-bcw-cloudfront-logs",
            "aws_s3_bucket.prod-bcw-logs",
            "aws_security_group.PROD-BCW-EXTALB-SG",
            "aws_subnet.prod-public",
            "aws_vpc.prod-default",
            "aws_waf_ipset.prod-bcw-waf-ip",
            "aws_waf_rule.prod-bcw-waf-rule",
            "aws_waf_web_acl.prod-bcw-waf-acl",
            "data.aws_canonical_user_id.current_user"
          ]
        }
      ]
    },
    {
      "mode": "managed",
      "type": "aws_route53_record",
      "name": "prod_cffg",
      "provider": "provider[\"registry.terraform.io/hashicorp/aws\"]",
      "instances": [
        {
          "schema_version": 2,
          "attributes": {
            "alias": [],
            "allow_overwrite": null,
            "failover_routing_policy": [],
            "fqdn": "prod.cffg2023.co.uk",
            "geolocation_routing_policy": [],
            "health_check_id": "",
            "id": "Z03174633CRGT06QCWDSS_prod.cffg2023.co.uk_CNAME",
            "latency_routing_policy": [],
            "multivalue_answer_routing_policy": null,
            "name": "prod.cffg2023.co.uk",
            "records": [
              "d1p6n0r4qutglu.cloudfront.net"
            ],
            "set_identifier": "",
            "ttl": 60,
            "type": "CNAME",
            "weighted_routing_policy": [],
            "zone_id": "Z03174633CRGT06QCWDSS"
          },
          "sensitive_attributes": [],
          "private": "eyJzY2hlbWFfdmVyc2lvbiI6IjIifQ==",
          "dependencies": [
            "aws_cloudfront_distribution.prod-cffg-cf",
            "aws_iam_role.prod-bcp-rep",
            "aws_kms_key.prod-kms",
            "aws_lb.prod-cffg-app-alb",
            "aws_s3_bucket.prod-cffg-cloudfront-logs",
            "aws_s3_bucket.prod-cffg-logs",
            "aws_security_group.PROD-CFFG-EXTALB-SG",
            "aws_subnet.prod-public",
            "aws_vpc.prod-default",
            "aws_waf_ipset.prod-cffg-waf-ip",
            "aws_waf_rule.prod-cffg-waf-rule",
            "aws_waf_web_acl.prod-cffg-waf-acl",
            "data.aws_canonical_user_id.current_user"
          ]
        }
      ]
    },
    {
      "mode": "managed",
      "type": "aws_route53_record",
      "name": "prod_ext_bce",
      "provider": "provider[\"registry.terraform.io/hashicorp/aws\"]",
      "instances": [
        {
          "schema_version": 2,
          "attributes": {
            "alias": [
              {
                "evaluate_target_health": false,
                "name": "d25sxuc2gisn3p.cloudfront.net",
                "zone_id": "Z2FDTNDATAQYW2"
              }
            ],
            "allow_overwrite": null,
            "failover_routing_policy": [],
            "fqdn": "bcereviews.org.uk",
            "geolocation_routing_policy": [],
            "health_check_id": "",
            "id": "Z0445598KZ4K3Q2NE9I9_bcereviews.org.uk_A",
            "latency_routing_policy": [],
            "multivalue_answer_routing_policy": null,
            "name": "bcereviews.org.uk",
            "records": [],
            "set_identifier": "",
            "ttl": 0,
            "type": "A",
            "weighted_routing_policy": [],
            "zone_id": "Z0445598KZ4K3Q2NE9I9"
          },
          "sensitive_attributes": [],
          "private": "eyJzY2hlbWFfdmVyc2lvbiI6IjIifQ==",
          "dependencies": [
            "aws_route53_zone.prod-bce"
          ]
        }
      ]
    },
    {
      "mode": "managed",
      "type": "aws_route53_record",
      "name": "prod_ext_bcs",
      "provider": "provider[\"registry.terraform.io/hashicorp/aws\"]",
      "instances": [
        {
          "schema_version": 2,
          "attributes": {
            "alias": [
              {
                "evaluate_target_health": false,
                "name": "d2ick9puu68nsc.cloudfront.net",
                "zone_id": "Z2FDTNDATAQYW2"
              }
            ],
            "allow_overwrite": null,
            "failover_routing_policy": [],
            "fqdn": "bcs2023review.com",
            "geolocation_routing_policy": [],
            "health_check_id": "",
            "id": "Z0775564JUO7HWDR55ZG_bcs2023review.com_A",
            "latency_routing_policy": [],
            "multivalue_answer_routing_policy": null,
            "name": "bcs2023review.com",
            "records": [],
            "set_identifier": "",
            "ttl": 0,
            "type": "A",
            "weighted_routing_policy": [],
            "zone_id": "Z0775564JUO7HWDR55ZG"
          },
          "sensitive_attributes": [],
          "private": "eyJzY2hlbWFfdmVyc2lvbiI6IjIifQ==",
          "dependencies": [
            "aws_route53_zone.prod-bcs"
          ]
        }
      ]
    },
    {
      "mode": "managed",
      "type": "aws_route53_record",
      "name": "prod_ext_bcw",
      "provider": "provider[\"registry.terraform.io/hashicorp/aws\"]",
      "instances": [
        {
          "schema_version": 2,
          "attributes": {
            "alias": [
              {
                "evaluate_target_health": false,
                "name": "d3qmqqmwnu4ong.cloudfront.net",
                "zone_id": "Z2FDTNDATAQYW2"
              }
            ],
            "allow_overwrite": null,
            "failover_routing_policy": [],
            "fqdn": "bcw-reviews.org.uk",
            "geolocation_routing_policy": [],
            "health_check_id": "",
            "id": "Z077560324M6Q3R73ZIP7_bcw-reviews.org.uk_A",
            "latency_routing_policy": [],
            "multivalue_answer_routing_policy": null,
            "name": "bcw-reviews.org.uk",
            "records": [],
            "set_identifier": "",
            "ttl": 0,
            "type": "A",
            "weighted_routing_policy": [],
            "zone_id": "Z077560324M6Q3R73ZIP7"
          },
          "sensitive_attributes": [],
          "private": "eyJzY2hlbWFfdmVyc2lvbiI6IjIifQ==",
          "dependencies": [
            "aws_route53_zone.prod-bcw"
          ]
        }
      ]
    },
    {
      "mode": "managed",
      "type": "aws_route53_record",
      "name": "prod_ext_cffg",
      "provider": "provider[\"registry.terraform.io/hashicorp/aws\"]",
      "instances": [
        {
          "schema_version": 2,
          "attributes": {
            "alias": [
              {
                "evaluate_target_health": false,
                "name": "d17s7034xejv85.cloudfront.net",
                "zone_id": "Z2FDTNDATAQYW2"
              }
            ],
            "allow_overwrite": null,
            "failover_routing_policy": [],
            "fqdn": "cffg-arolygon.org.uk",
            "geolocation_routing_policy": [],
            "health_check_id": "",
            "id": "Z0445149WCKPY3G86CV3_cffg-arolygon.org.uk_A",
            "latency_routing_policy": [],
            "multivalue_answer_routing_policy": null,
            "name": "cffg-arolygon.org.uk",
            "records": [],
            "set_identifier": "",
            "ttl": 0,
            "type": "A",
            "weighted_routing_policy": [],
            "zone_id": "Z0445149WCKPY3G86CV3"
          },
          "sensitive_attributes": [],
          "private": "eyJzY2hlbWFfdmVyc2lvbiI6IjIifQ==",
          "dependencies": [
            "aws_route53_zone.prod-cffg"
          ]
        }
      ]
    },
    {
      "mode": "managed",
      "type": "aws_route53_record",
      "name": "www_prod_bce",
      "provider": "provider[\"registry.terraform.io/hashicorp/aws\"]",
      "instances": [
        {
          "schema_version": 2,
          "attributes": {
            "alias": [],
            "allow_overwrite": null,
            "failover_routing_policy": [],
            "fqdn": "www.prod.bce2023.co.uk",
            "geolocation_routing_policy": [],
            "health_check_id": "",
            "id": "Z04517471XDEFZB5FO5DB_www.prod.bce2023.co.uk_CNAME",
            "latency_routing_policy": [],
            "multivalue_answer_routing_policy": null,
            "name": "www.prod.bce2023.co.uk",
            "records": [
              "d1g2wg9eed17vc.cloudfront.net"
            ],
            "set_identifier": "",
            "ttl": 60,
            "type": "CNAME",
            "weighted_routing_policy": [],
            "zone_id": "Z04517471XDEFZB5FO5DB"
          },
          "sensitive_attributes": [],
          "private": "eyJzY2hlbWFfdmVyc2lvbiI6IjIifQ==",
          "dependencies": [
            "aws_cloudfront_distribution.prod-bce-cf",
            "aws_iam_role.prod-bcp-rep",
            "aws_kms_key.prod-kms",
            "aws_lb.prod-bce-app-alb",
            "aws_s3_bucket.prod-bce-cloudfront-logs",
            "aws_s3_bucket.prod-bce-logs",
            "aws_security_group.PROD-BCE-EXTALB-SG",
            "aws_subnet.prod-public",
            "aws_vpc.prod-default",
            "aws_waf_ipset.prod-bce-waf-ip",
            "aws_waf_rule.prod-bce-waf-rule",
            "aws_waf_web_acl.prod-bce-waf-acl",
            "data.aws_canonical_user_id.current_user"
          ]
        }
      ]
    },
    {
      "mode": "managed",
      "type": "aws_route53_record",
      "name": "www_prod_bcs",
      "provider": "provider[\"registry.terraform.io/hashicorp/aws\"]",
      "instances": [
        {
          "schema_version": 2,
          "attributes": {
            "alias": [],
            "allow_overwrite": null,
            "failover_routing_policy": [],
            "fqdn": "www.prod.bcs2023.co.uk",
            "geolocation_routing_policy": [],
            "health_check_id": "",
            "id": "Z00762241G67N0D1GZ0KC_www.prod.bcs2023.co.uk_CNAME",
            "latency_routing_policy": [],
            "multivalue_answer_routing_policy": null,
            "name": "www.prod.bcs2023.co.uk",
            "records": [
              "d35bpp9o69gzy8.cloudfront.net"
            ],
            "set_identifier": "",
            "ttl": 60,
            "type": "CNAME",
            "weighted_routing_policy": [],
            "zone_id": "Z00762241G67N0D1GZ0KC"
          },
          "sensitive_attributes": [],
          "private": "eyJzY2hlbWFfdmVyc2lvbiI6IjIifQ==",
          "dependencies": [
            "aws_cloudfront_distribution.prod-bcs-cf",
            "aws_iam_role.prod-bcp-rep",
            "aws_kms_key.prod-kms",
            "aws_lb.prod-bcs-app-alb",
            "aws_s3_bucket.prod-bcs-cloudfront-logs",
            "aws_s3_bucket.prod-bcs-logs",
            "aws_security_group.PROD-BCS-EXTALB-SG",
            "aws_subnet.prod-public",
            "aws_vpc.prod-default",
            "aws_waf_ipset.prod-bcs-waf-ip",
            "aws_waf_rule.prod-bcs-waf-rule",
            "aws_waf_web_acl.prod-bcs-waf-acl",
            "data.aws_canonical_user_id.current_user"
          ]
        }
      ]
    },
    {
      "mode": "managed",
      "type": "aws_route53_record",
      "name": "www_prod_bcw",
      "provider": "provider[\"registry.terraform.io/hashicorp/aws\"]",
      "instances": [
        {
          "schema_version": 2,
          "attributes": {
            "alias": [],
            "allow_overwrite": null,
            "failover_routing_policy": [],
            "fqdn": "www.prod.bcw2023.co.uk",
            "geolocation_routing_policy": [],
            "health_check_id": "",
            "id": "Z031797914Y0JGYK1EOWO_www.prod.bcw2023.co.uk_CNAME",
            "latency_routing_policy": [],
            "multivalue_answer_routing_policy": null,
            "name": "www.prod.bcw2023.co.uk",
            "records": [
              "d2ykst503ktofy.cloudfront.net"
            ],
            "set_identifier": "",
            "ttl": 60,
            "type": "CNAME",
            "weighted_routing_policy": [],
            "zone_id": "Z031797914Y0JGYK1EOWO"
          },
          "sensitive_attributes": [],
          "private": "eyJzY2hlbWFfdmVyc2lvbiI6IjIifQ==",
          "dependencies": [
            "aws_cloudfront_distribution.prod-bcw-cf",
            "aws_iam_role.prod-bcp-rep",
            "aws_kms_key.prod-kms",
            "aws_lb.prod-bcw-app-alb",
            "aws_s3_bucket.prod-bcw-cloudfront-logs",
            "aws_s3_bucket.prod-bcw-logs",
            "aws_security_group.PROD-BCW-EXTALB-SG",
            "aws_subnet.prod-public",
            "aws_vpc.prod-default",
            "aws_waf_ipset.prod-bcw-waf-ip",
            "aws_waf_rule.prod-bcw-waf-rule",
            "aws_waf_web_acl.prod-bcw-waf-acl",
            "data.aws_canonical_user_id.current_user"
          ]
        }
      ]
    },
    {
      "mode": "managed",
      "type": "aws_route53_record",
      "name": "www_prod_cffg",
      "provider": "provider[\"registry.terraform.io/hashicorp/aws\"]",
      "instances": [
        {
          "schema_version": 2,
          "attributes": {
            "alias": [],
            "allow_overwrite": null,
            "failover_routing_policy": [],
            "fqdn": "www.prod.cffg2023.co.uk",
            "geolocation_routing_policy": [],
            "health_check_id": "",
            "id": "Z03174633CRGT06QCWDSS_www.prod.cffg2023.co.uk_CNAME",
            "latency_routing_policy": [],
            "multivalue_answer_routing_policy": null,
            "name": "www.prod.cffg2023.co.uk",
            "records": [
              "d1p6n0r4qutglu.cloudfront.net"
            ],
            "set_identifier": "",
            "ttl": 60,
            "type": "CNAME",
            "weighted_routing_policy": [],
            "zone_id": "Z03174633CRGT06QCWDSS"
          },
          "sensitive_attributes": [],
          "private": "eyJzY2hlbWFfdmVyc2lvbiI6IjIifQ==",
          "dependencies": [
            "aws_cloudfront_distribution.prod-cffg-cf",
            "aws_iam_role.prod-bcp-rep",
            "aws_kms_key.prod-kms",
            "aws_lb.prod-cffg-app-alb",
            "aws_s3_bucket.prod-cffg-cloudfront-logs",
            "aws_s3_bucket.prod-cffg-logs",
            "aws_security_group.PROD-CFFG-EXTALB-SG",
            "aws_subnet.prod-public",
            "aws_vpc.prod-default",
            "aws_waf_ipset.prod-cffg-waf-ip",
            "aws_waf_rule.prod-cffg-waf-rule",
            "aws_waf_web_acl.prod-cffg-waf-acl",
            "data.aws_canonical_user_id.current_user"
          ]
        }
      ]
    },
    {
      "mode": "managed",
      "type": "aws_route53_record",
      "name": "www_prod_ext_bce",
      "provider": "provider[\"registry.terraform.io/hashicorp/aws\"]",
      "instances": [
        {
          "schema_version": 2,
          "attributes": {
            "alias": [],
            "allow_overwrite": null,
            "failover_routing_policy": [],
            "fqdn": "www.bcereviews.org.uk",
            "geolocation_routing_policy": [],
            "health_check_id": "",
            "id": "Z0445598KZ4K3Q2NE9I9_www.bcereviews.org.uk_CNAME",
            "latency_routing_policy": [],
            "multivalue_answer_routing_policy": null,
            "name": "www.bcereviews.org.uk",
            "records": [
              "d22gwzqjsqx19y.cloudfront.net"
            ],
            "set_identifier": "",
            "ttl": 60,
            "type": "CNAME",
            "weighted_routing_policy": [],
            "zone_id": "Z0445598KZ4K3Q2NE9I9"
          },
          "sensitive_attributes": [],
          "private": "eyJzY2hlbWFfdmVyc2lvbiI6IjIifQ==",
          "dependencies": [
            "aws_route53_zone.prod-bce"
          ]
        }
      ]
    },
    {
      "mode": "managed",
      "type": "aws_route53_record",
      "name": "www_prod_ext_bcs",
      "provider": "provider[\"registry.terraform.io/hashicorp/aws\"]",
      "instances": [
        {
          "schema_version": 2,
          "attributes": {
            "alias": [],
            "allow_overwrite": null,
            "failover_routing_policy": [],
            "fqdn": "www.bcs2023review.com",
            "geolocation_routing_policy": [],
            "health_check_id": "",
            "id": "Z0775564JUO7HWDR55ZG_www.bcs2023review.com_CNAME",
            "latency_routing_policy": [],
            "multivalue_answer_routing_policy": null,
            "name": "www.bcs2023review.com",
            "records": [
              "d338aziaac7f9b.cloudfront.net"
            ],
            "set_identifier": "",
            "ttl": 60,
            "type": "CNAME",
            "weighted_routing_policy": [],
            "zone_id": "Z0775564JUO7HWDR55ZG"
          },
          "sensitive_attributes": [],
          "private": "eyJzY2hlbWFfdmVyc2lvbiI6IjIifQ==",
          "dependencies": [
            "aws_route53_zone.prod-bcs"
          ]
        }
      ]
    },
    {
      "mode": "managed",
      "type": "aws_route53_record",
      "name": "www_prod_ext_bcw",
      "provider": "provider[\"registry.terraform.io/hashicorp/aws\"]",
      "instances": [
        {
          "schema_version": 2,
          "attributes": {
            "alias": [],
            "allow_overwrite": null,
            "failover_routing_policy": [],
            "fqdn": "www.bcw-reviews.org.uk",
            "geolocation_routing_policy": [],
            "health_check_id": "",
            "id": "Z077560324M6Q3R73ZIP7_www.bcw-reviews.org.uk_CNAME",
            "latency_routing_policy": [],
            "multivalue_answer_routing_policy": null,
            "name": "www.bcw-reviews.org.uk",
            "records": [
              "d3qmqqmwnu4ong.cloudfront.net"
            ],
            "set_identifier": "",
            "ttl": 60,
            "type": "CNAME",
            "weighted_routing_policy": [],
            "zone_id": "Z077560324M6Q3R73ZIP7"
          },
          "sensitive_attributes": [],
          "private": "eyJzY2hlbWFfdmVyc2lvbiI6IjIifQ==",
          "dependencies": [
            "aws_route53_zone.prod-bcw"
          ]
        }
      ]
    },
    {
      "mode": "managed",
      "type": "aws_route53_record",
      "name": "www_prod_ext_cffg",
      "provider": "provider[\"registry.terraform.io/hashicorp/aws\"]",
      "instances": [
        {
          "schema_version": 2,
          "attributes": {
            "alias": [],
            "allow_overwrite": null,
            "failover_routing_policy": [],
            "fqdn": "www.cffg-arolygon.org.uk",
            "geolocation_routing_policy": [],
            "health_check_id": "",
            "id": "Z0445149WCKPY3G86CV3_www.cffg-arolygon.org.uk_CNAME",
            "latency_routing_policy": [],
            "multivalue_answer_routing_policy": null,
            "name": "www.cffg-arolygon.org.uk",
            "records": [
              "d17s7034xejv85.cloudfront.net"
            ],
            "set_identifier": "",
            "ttl": 60,
            "type": "CNAME",
            "weighted_routing_policy": [],
            "zone_id": "Z0445149WCKPY3G86CV3"
          },
          "sensitive_attributes": [],
          "private": "eyJzY2hlbWFfdmVyc2lvbiI6IjIifQ==",
          "dependencies": [
            "aws_route53_zone.prod-cffg"
          ]
        }
      ]
    },
    {
      "mode": "managed",
      "type": "aws_route53_zone",
      "name": "prod-bce",
      "provider": "provider[\"registry.terraform.io/hashicorp/aws\"]",
      "instances": [
        {
          "schema_version": 0,
          "attributes": {
            "arn": "arn:aws:route53:::hostedzone/Z0445598KZ4K3Q2NE9I9",
            "comment": "Managed by Terraform",
            "delegation_set_id": "",
            "force_destroy": true,
            "id": "Z0445598KZ4K3Q2NE9I9",
            "name": "bcereviews.org.uk",
            "name_servers": [
              "ns-1045.awsdns-02.org",
              "ns-1896.awsdns-45.co.uk",
              "ns-229.awsdns-28.com",
              "ns-667.awsdns-19.net"
            ],
            "tags": {},
            "tags_all": {},
            "vpc": [],
            "zone_id": "Z0445598KZ4K3Q2NE9I9"
          },
          "sensitive_attributes": [],
          "private": "bnVsbA=="
        }
      ]
    },
    {
      "mode": "managed",
      "type": "aws_route53_zone",
      "name": "prod-bcs",
      "provider": "provider[\"registry.terraform.io/hashicorp/aws\"]",
      "instances": [
        {
          "schema_version": 0,
          "attributes": {
            "arn": "arn:aws:route53:::hostedzone/Z0775564JUO7HWDR55ZG",
            "comment": "Managed by Terraform",
            "delegation_set_id": "",
            "force_destroy": true,
            "id": "Z0775564JUO7HWDR55ZG",
            "name": "bcs2023review.com",
            "name_servers": [
              "ns-1366.awsdns-42.org",
              "ns-1803.awsdns-33.co.uk",
              "ns-438.awsdns-54.com",
              "ns-552.awsdns-05.net"
            ],
            "tags": {},
            "tags_all": {},
            "vpc": [],
            "zone_id": "Z0775564JUO7HWDR55ZG"
          },
          "sensitive_attributes": [],
          "private": "bnVsbA=="
        }
      ]
    },
    {
      "mode": "managed",
      "type": "aws_route53_zone",
      "name": "prod-bcw",
      "provider": "provider[\"registry.terraform.io/hashicorp/aws\"]",
      "instances": [
        {
          "schema_version": 0,
          "attributes": {
            "arn": "arn:aws:route53:::hostedzone/Z077560324M6Q3R73ZIP7",
            "comment": "Managed by Terraform",
            "delegation_set_id": "",
            "force_destroy": true,
            "id": "Z077560324M6Q3R73ZIP7",
            "name": "bcw-reviews.org.uk",
            "name_servers": [
              "ns-1439.awsdns-51.org",
              "ns-1753.awsdns-27.co.uk",
              "ns-784.awsdns-34.net",
              "ns-85.awsdns-10.com"
            ],
            "tags": {},
            "tags_all": {},
            "vpc": [],
            "zone_id": "Z077560324M6Q3R73ZIP7"
          },
          "sensitive_attributes": [],
          "private": "bnVsbA=="
        }
      ]
    },
    {
      "mode": "managed",
      "type": "aws_route53_zone",
      "name": "prod-cffg",
      "provider": "provider[\"registry.terraform.io/hashicorp/aws\"]",
      "instances": [
        {
          "schema_version": 0,
          "attributes": {
            "arn": "arn:aws:route53:::hostedzone/Z0445149WCKPY3G86CV3",
            "comment": "Managed by Terraform",
            "delegation_set_id": "",
            "force_destroy": true,
            "id": "Z0445149WCKPY3G86CV3",
            "name": "cffg-arolygon.org.uk",
            "name_servers": [
              "ns-1452.awsdns-53.org",
              "ns-1610.awsdns-09.co.uk",
              "ns-199.awsdns-24.com",
              "ns-514.awsdns-00.net"
            ],
            "tags": {},
            "tags_all": {},
            "vpc": [],
            "zone_id": "Z0445149WCKPY3G86CV3"
          },
          "sensitive_attributes": [],
          "private": "bnVsbA=="
        }
      ]
    },
    {
      "mode": "managed",
      "type": "aws_route_table",
      "name": "prod-private",
      "provider": "provider[\"registry.terraform.io/hashicorp/aws\"]",
      "instances": [
        {
          "index_key": 0,
          "schema_version": 0,
          "attributes": {
            "arn": "arn:aws:ec2:eu-west-2:975971611990:route-table/rtb-04f7462285fa978aa",
            "id": "rtb-04f7462285fa978aa",
            "owner_id": "975971611990",
            "propagating_vgws": [],
            "route": [
              {
                "carrier_gateway_id": "",
                "cidr_block": "0.0.0.0/0",
                "destination_prefix_list_id": "",
                "egress_only_gateway_id": "",
                "gateway_id": "",
                "instance_id": "",
                "ipv6_cidr_block": "",
                "local_gateway_id": "",
                "nat_gateway_id": "nat-0402754807a4a9ef4",
                "network_interface_id": "",
                "transit_gateway_id": "",
                "vpc_endpoint_id": "",
                "vpc_peering_connection_id": ""
              }
            ],
            "tags": {
              "Name": "PROD-PRIVATE-RT"
            },
            "tags_all": {
              "Name": "PROD-PRIVATE-RT"
            },
            "vpc_id": "vpc-029a5079dd9c90d0a"
          },
          "sensitive_attributes": [],
          "private": "bnVsbA==",
          "dependencies": [
            "aws_vpc.prod-default"
          ]
        },
        {
          "index_key": 1,
          "schema_version": 0,
          "attributes": {
            "arn": "arn:aws:ec2:eu-west-2:975971611990:route-table/rtb-078ee43ac3d3b61fd",
            "id": "rtb-078ee43ac3d3b61fd",
            "owner_id": "975971611990",
            "propagating_vgws": [],
            "route": [
              {
                "carrier_gateway_id": "",
                "cidr_block": "0.0.0.0/0",
                "destination_prefix_list_id": "",
                "egress_only_gateway_id": "",
                "gateway_id": "",
                "instance_id": "",
                "ipv6_cidr_block": "",
                "local_gateway_id": "",
                "nat_gateway_id": "nat-0f9f48edecf78a4ce",
                "network_interface_id": "",
                "transit_gateway_id": "",
                "vpc_endpoint_id": "",
                "vpc_peering_connection_id": ""
              }
            ],
            "tags": {
              "Name": "PROD-PRIVATE-RT"
            },
            "tags_all": {
              "Name": "PROD-PRIVATE-RT"
            },
            "vpc_id": "vpc-029a5079dd9c90d0a"
          },
          "sensitive_attributes": [],
          "private": "bnVsbA==",
          "dependencies": [
            "aws_vpc.prod-default"
          ]
        }
      ]
    },
    {
      "mode": "managed",
      "type": "aws_route_table",
      "name": "prod-public",
      "provider": "provider[\"registry.terraform.io/hashicorp/aws\"]",
      "instances": [
        {
          "schema_version": 0,
          "attributes": {
            "arn": "arn:aws:ec2:eu-west-2:975971611990:route-table/rtb-05949f9ff63467cc8",
            "id": "rtb-05949f9ff63467cc8",
            "owner_id": "975971611990",
            "propagating_vgws": [],
            "route": [
              {
                "carrier_gateway_id": "",
                "cidr_block": "0.0.0.0/0",
                "destination_prefix_list_id": "",
                "egress_only_gateway_id": "",
                "gateway_id": "igw-054f8f86ce612e4cf",
                "instance_id": "",
                "ipv6_cidr_block": "",
                "local_gateway_id": "",
                "nat_gateway_id": "",
                "network_interface_id": "",
                "transit_gateway_id": "",
                "vpc_endpoint_id": "",
                "vpc_peering_connection_id": ""
              }
            ],
            "tags": {
              "Name": "PROD-PUBLIC_RT"
            },
            "tags_all": {
              "Name": "PROD-PUBLIC_RT"
            },
            "vpc_id": "vpc-029a5079dd9c90d0a"
          },
          "sensitive_attributes": [],
          "private": "bnVsbA==",
          "dependencies": [
            "aws_vpc.prod-default"
          ]
        }
      ]
    },
    {
      "mode": "managed",
      "type": "aws_route_table_association",
      "name": "prod-private",
      "provider": "provider[\"registry.terraform.io/hashicorp/aws\"]",
      "instances": [
        {
          "index_key": 0,
          "schema_version": 0,
          "attributes": {
            "gateway_id": "",
            "id": "rtbassoc-0b2ded16b65ea0cf7",
            "route_table_id": "rtb-04f7462285fa978aa",
            "subnet_id": "subnet-0a4554d7313b8bd33"
          },
          "sensitive_attributes": [],
          "private": "bnVsbA==",
          "dependencies": [
            "aws_route_table.prod-private",
            "aws_subnet.prod-private",
            "aws_vpc.prod-default"
          ]
        },
        {
          "index_key": 1,
          "schema_version": 0,
          "attributes": {
            "gateway_id": "",
            "id": "rtbassoc-0d141c2eb01aed0ce",
            "route_table_id": "rtb-078ee43ac3d3b61fd",
            "subnet_id": "subnet-0551d6a61d230bc74"
          },
          "sensitive_attributes": [],
          "private": "bnVsbA==",
          "dependencies": [
            "aws_route_table.prod-private",
            "aws_subnet.prod-private",
            "aws_vpc.prod-default"
          ]
        }
      ]
    },
    {
      "mode": "managed",
      "type": "aws_route_table_association",
      "name": "prod-public",
      "provider": "provider[\"registry.terraform.io/hashicorp/aws\"]",
      "instances": [
        {
          "index_key": 0,
          "schema_version": 0,
          "attributes": {
            "gateway_id": "",
            "id": "rtbassoc-07ea836fea21306bb",
            "route_table_id": "rtb-05949f9ff63467cc8",
            "subnet_id": "subnet-04b38ea46fd33e82a"
          },
          "sensitive_attributes": [],
          "private": "bnVsbA==",
          "dependencies": [
            "aws_route_table.prod-public",
            "aws_subnet.prod-public",
            "aws_vpc.prod-default"
          ]
        },
        {
          "index_key": 1,
          "schema_version": 0,
          "attributes": {
            "gateway_id": "",
            "id": "rtbassoc-05f386719e60b4a44",
            "route_table_id": "rtb-05949f9ff63467cc8",
            "subnet_id": "subnet-0721e608cda26fc90"
          },
          "sensitive_attributes": [],
          "private": "bnVsbA==",
          "dependencies": [
            "aws_route_table.prod-public",
            "aws_subnet.prod-public",
            "aws_vpc.prod-default"
          ]
        }
      ]
    },
    {
      "mode": "managed",
      "type": "aws_s3_bucket",
      "name": "bcp-prod-cloudtrail",
      "provider": "provider[\"registry.terraform.io/hashicorp/aws\"]",
      "instances": [
        {
          "schema_version": 0,
          "attributes": {
            "acceleration_status": "",
            "acl": "private",
            "arn": "arn:aws:s3:::bcp-prod-cloudtrail",
            "bucket": "bcp-prod-cloudtrail",
            "bucket_domain_name": "bcp-prod-cloudtrail.s3.amazonaws.com",
            "bucket_prefix": null,
            "bucket_regional_domain_name": "bcp-prod-cloudtrail.s3.eu-west-2.amazonaws.com",
            "cors_rule": [],
            "force_destroy": true,
            "grant": [],
            "hosted_zone_id": "Z3GKZC51ZF0DB4",
            "id": "bcp-prod-cloudtrail",
            "lifecycle_rule": [],
            "logging": [
              {
                "target_bucket": "prod-bcp-logs",
                "target_prefix": ""
              }
            ],
            "object_lock_configuration": [],
            "policy": "{\"Statement\":[{\"Action\":\"s3:GetBucketAcl\",\"Effect\":\"Allow\",\"Principal\":{\"Service\":\"cloudtrail.amazonaws.com\"},\"Resource\":\"arn:aws:s3:::bcp-prod-cloudtrail\",\"Sid\":\"AWSCloudTrailAclCheck\"},{\"Action\":\"s3:PutObject\",\"Condition\":{\"StringEquals\":{\"s3:x-amz-acl\":\"bucket-owner-full-control\"}},\"Effect\":\"Allow\",\"Principal\":{\"Service\":\"cloudtrail.amazonaws.com\"},\"Resource\":\"arn:aws:s3:::bcp-prod-cloudtrail/prefix/AWSLogs/975971611990/*\",\"Sid\":\"AWSCloudTrailWrite\"}],\"Version\":\"2012-10-17\"}",
            "region": "eu-west-2",
            "replication_configuration": [
              {
                "role": "arn:aws:iam::975971611990:role/prod-bcp-rep",
                "rules": [
                  {
                    "delete_marker_replication_status": "",
                    "destination": [
                      {
                        "access_control_translation": [
                          {
                            "owner": "Destination"
                          }
                        ],
                        "account_id": "416173853406",
                        "bucket": "arn:aws:s3:::bcp-prod-cloudtrail-co",
                        "replica_kms_key_id": "arn:aws:kms:eu-west-2:416173853406:key/c2a60189-801b-41f9-953e-ec3efcffc819",
                        "storage_class": ""
                      }
                    ],
                    "filter": [
                      {
                        "prefix": "",
                        "tags": {}
                      }
                    ],
                    "id": "prod-bcp-cloudtrail-rep",
                    "prefix": "",
                    "priority": 0,
                    "source_selection_criteria": [
                      {
                        "sse_kms_encrypted_objects": [
                          {
                            "enabled": true
                          }
                        ]
                      }
                    ],
                    "status": "Enabled"
                  }
                ]
              }
            ],
            "request_payer": "BucketOwner",
            "server_side_encryption_configuration": [
              {
                "rule": [
                  {
                    "apply_server_side_encryption_by_default": [
                      {
                        "kms_master_key_id": "arn:aws:kms:eu-west-2:975971611990:key/1de91818-0a1a-4d10-af80-ab0c0076226a",
                        "sse_algorithm": "aws:kms"
                      }
                    ],
                    "bucket_key_enabled": false
                  }
                ]
              }
            ],
            "tags": {},
            "tags_all": {},
            "versioning": [
              {
                "enabled": true,
                "mfa_delete": false
              }
            ],
            "website": [],
            "website_domain": null,
            "website_endpoint": null
          },
          "sensitive_attributes": [],
          "private": "bnVsbA==",
          "dependencies": [
            "aws_iam_role.prod-bcp-rep",
            "aws_kms_key.prod-kms",
            "data.aws_caller_identity.current1"
          ]
        }
      ]
    },
    {
      "mode": "managed",
      "type": "aws_s3_bucket",
      "name": "prod-bce-cloudfront-logs",
      "provider": "provider[\"registry.terraform.io/hashicorp/aws\"]",
      "instances": [
        {
          "schema_version": 0,
          "attributes": {
            "acceleration_status": "",
            "acl": "private",
            "arn": "arn:aws:s3:::prod-bce-cloudfront-logs",
            "bucket": "prod-bce-cloudfront-logs",
            "bucket_domain_name": "prod-bce-cloudfront-logs.s3.amazonaws.com",
            "bucket_prefix": null,
            "bucket_regional_domain_name": "prod-bce-cloudfront-logs.s3.eu-west-2.amazonaws.com",
            "cors_rule": [],
            "force_destroy": true,
            "grant": [
              {
                "id": "",
                "permissions": [
                  "FULL_CONTROL"
                ],
                "type": "Group",
                "uri": "http://acs.amazonaws.com/groups/s3/LogDelivery"
              },
              {
                "id": "7307b95aa6ac0c58ff934c1813d89bcccc87227b7d3dc1a5b109ac1545b5908f",
                "permissions": [
                  "FULL_CONTROL"
                ],
                "type": "CanonicalUser",
                "uri": ""
              }
            ],
            "hosted_zone_id": "Z3GKZC51ZF0DB4",
            "id": "prod-bce-cloudfront-logs",
            "lifecycle_rule": [],
            "logging": [
              {
                "target_bucket": "prod-bcp-logs",
                "target_prefix": ""
              }
            ],
            "object_lock_configuration": [],
            "policy": null,
            "region": "eu-west-2",
            "replication_configuration": [],
            "request_payer": "BucketOwner",
            "server_side_encryption_configuration": [
              {
                "rule": [
                  {
                    "apply_server_side_encryption_by_default": [
                      {
                        "kms_master_key_id": "arn:aws:kms:eu-west-2:975971611990:key/1de91818-0a1a-4d10-af80-ab0c0076226a",
                        "sse_algorithm": "aws:kms"
                      }
                    ],
                    "bucket_key_enabled": false
                  }
                ]
              }
            ],
            "tags": {},
            "tags_all": {},
            "versioning": [
              {
                "enabled": true,
                "mfa_delete": false
              }
            ],
            "website": [],
            "website_domain": null,
            "website_endpoint": null
          },
          "sensitive_attributes": [],
          "private": "bnVsbA==",
          "dependencies": [
            "aws_kms_key.prod-kms",
            "data.aws_canonical_user_id.current_user"
          ]
        }
      ]
    },
    {
      "mode": "managed",
      "type": "aws_s3_bucket",
      "name": "prod-bce-documents",
      "provider": "provider[\"registry.terraform.io/hashicorp/aws\"]",
      "instances": [
        {
          "schema_version": 0,
          "attributes": {
            "acceleration_status": "",
            "acl": "private",
            "arn": "arn:aws:s3:::prod-bce-documents",
            "bucket": "prod-bce-documents",
            "bucket_domain_name": "prod-bce-documents.s3.amazonaws.com",
            "bucket_prefix": null,
            "bucket_regional_domain_name": "prod-bce-documents.s3.eu-west-2.amazonaws.com",
            "cors_rule": [],
            "force_destroy": true,
            "grant": [],
            "hosted_zone_id": "Z3GKZC51ZF0DB4",
            "id": "prod-bce-documents",
            "lifecycle_rule": [],
            "logging": [
              {
                "target_bucket": "prod-bcp-logs",
                "target_prefix": ""
              }
            ],
            "object_lock_configuration": [],
            "policy": null,
            "region": "eu-west-2",
            "replication_configuration": [],
            "request_payer": "BucketOwner",
            "server_side_encryption_configuration": [
              {
                "rule": [
                  {
                    "apply_server_side_encryption_by_default": [
                      {
                        "kms_master_key_id": "arn:aws:kms:eu-west-2:975971611990:key/1de91818-0a1a-4d10-af80-ab0c0076226a",
                        "sse_algorithm": "aws:kms"
                      }
                    ],
                    "bucket_key_enabled": false
                  }
                ]
              }
            ],
            "tags": {},
            "tags_all": {},
            "versioning": [
              {
                "enabled": true,
                "mfa_delete": false
              }
            ],
            "website": [],
            "website_domain": null,
            "website_endpoint": null
          },
          "sensitive_attributes": [],
          "private": "bnVsbA==",
          "dependencies": [
            "aws_kms_key.prod-kms"
          ]
        }
      ]
    },
    {
      "mode": "managed",
      "type": "aws_s3_bucket",
      "name": "prod-bce-logs",
      "provider": "provider[\"registry.terraform.io/hashicorp/aws\"]",
      "instances": [
        {
          "schema_version": 0,
          "attributes": {
            "acceleration_status": "",
            "acl": "private",
            "arn": "arn:aws:s3:::prod-bce-logs",
            "bucket": "prod-bce-logs",
            "bucket_domain_name": "prod-bce-logs.s3.amazonaws.com",
            "bucket_prefix": null,
            "bucket_regional_domain_name": "prod-bce-logs.s3.eu-west-2.amazonaws.com",
            "cors_rule": [],
            "force_destroy": true,
            "grant": [
              {
                "id": "",
                "permissions": [
                  "FULL_CONTROL"
                ],
                "type": "Group",
                "uri": "http://acs.amazonaws.com/groups/s3/LogDelivery"
              },
              {
                "id": "7307b95aa6ac0c58ff934c1813d89bcccc87227b7d3dc1a5b109ac1545b5908f",
                "permissions": [
                  "FULL_CONTROL"
                ],
                "type": "CanonicalUser",
                "uri": ""
              }
            ],
            "hosted_zone_id": "Z3GKZC51ZF0DB4",
            "id": "prod-bce-logs",
            "lifecycle_rule": [],
            "logging": [
              {
                "target_bucket": "prod-bcp-logs",
                "target_prefix": ""
              }
            ],
            "object_lock_configuration": [],
            "policy": null,
            "region": "eu-west-2",
            "replication_configuration": [
              {
                "role": "arn:aws:iam::975971611990:role/prod-bcp-rep",
                "rules": [
                  {
                    "delete_marker_replication_status": "",
                    "destination": [
                      {
                        "access_control_translation": [
                          {
                            "owner": "Destination"
                          }
                        ],
                        "account_id": "416173853406",
                        "bucket": "arn:aws:s3:::prod-bce-logs-co",
                        "replica_kms_key_id": "arn:aws:kms:eu-west-2:416173853406:key/c2a60189-801b-41f9-953e-ec3efcffc819",
                        "storage_class": ""
                      }
                    ],
                    "filter": [
                      {
                        "prefix": "",
                        "tags": {}
                      }
                    ],
                    "id": "prod-bce-logs-rep",
                    "prefix": "",
                    "priority": 0,
                    "source_selection_criteria": [
                      {
                        "sse_kms_encrypted_objects": [
                          {
                            "enabled": true
                          }
                        ]
                      }
                    ],
                    "status": "Enabled"
                  }
                ]
              }
            ],
            "request_payer": "BucketOwner",
            "server_side_encryption_configuration": [
              {
                "rule": [
                  {
                    "apply_server_side_encryption_by_default": [
                      {
                        "kms_master_key_id": "arn:aws:kms:eu-west-2:975971611990:key/1de91818-0a1a-4d10-af80-ab0c0076226a",
                        "sse_algorithm": "aws:kms"
                      }
                    ],
                    "bucket_key_enabled": false
                  }
                ]
              }
            ],
            "tags": {},
            "tags_all": {},
            "versioning": [
              {
                "enabled": true,
                "mfa_delete": false
              }
            ],
            "website": [],
            "website_domain": null,
            "website_endpoint": null
          },
          "sensitive_attributes": [],
          "private": "bnVsbA==",
          "dependencies": [
            "aws_iam_role.prod-bcp-rep",
            "aws_kms_key.prod-kms",
            "data.aws_canonical_user_id.current_user"
          ]
        }
      ]
    },
    {
      "mode": "managed",
      "type": "aws_s3_bucket",
      "name": "prod-bce-response",
      "provider": "provider[\"registry.terraform.io/hashicorp/aws\"]",
      "instances": [
        {
          "schema_version": 0,
          "attributes": {
            "acceleration_status": "",
            "acl": "private",
            "arn": "arn:aws:s3:::prod-bce-response",
            "bucket": "prod-bce-response",
            "bucket_domain_name": "prod-bce-response.s3.amazonaws.com",
            "bucket_prefix": null,
            "bucket_regional_domain_name": "prod-bce-response.s3.eu-west-2.amazonaws.com",
            "cors_rule": [],
            "force_destroy": true,
            "grant": [],
            "hosted_zone_id": "Z3GKZC51ZF0DB4",
            "id": "prod-bce-response",
            "lifecycle_rule": [],
            "logging": [
              {
                "target_bucket": "prod-bcp-logs",
                "target_prefix": ""
              }
            ],
            "object_lock_configuration": [],
            "policy": null,
            "region": "eu-west-2",
            "replication_configuration": [],
            "request_payer": "BucketOwner",
            "server_side_encryption_configuration": [
              {
                "rule": [
                  {
                    "apply_server_side_encryption_by_default": [
                      {
                        "kms_master_key_id": "arn:aws:kms:eu-west-2:975971611990:key/1de91818-0a1a-4d10-af80-ab0c0076226a",
                        "sse_algorithm": "aws:kms"
                      }
                    ],
                    "bucket_key_enabled": false
                  }
                ]
              }
            ],
            "tags": {},
            "tags_all": {},
            "versioning": [
              {
                "enabled": true,
                "mfa_delete": false
              }
            ],
            "website": [],
            "website_domain": null,
            "website_endpoint": null
          },
          "sensitive_attributes": [],
          "private": "bnVsbA==",
          "dependencies": [
            "aws_kms_key.prod-kms"
          ]
        }
      ]
    },
    {
      "mode": "managed",
      "type": "aws_s3_bucket",
      "name": "prod-bcp-cloudwatch",
      "provider": "provider[\"registry.terraform.io/hashicorp/aws\"]",
      "instances": [
        {
          "schema_version": 0,
          "attributes": {
            "acceleration_status": "",
            "acl": "private",
            "arn": "arn:aws:s3:::prod-bcp-cloudwatch",
            "bucket": "prod-bcp-cloudwatch",
            "bucket_domain_name": "prod-bcp-cloudwatch.s3.amazonaws.com",
            "bucket_prefix": null,
            "bucket_regional_domain_name": "prod-bcp-cloudwatch.s3.eu-west-2.amazonaws.com",
            "cors_rule": [],
            "force_destroy": true,
            "grant": [],
            "hosted_zone_id": "Z3GKZC51ZF0DB4",
            "id": "prod-bcp-cloudwatch",
            "lifecycle_rule": [],
            "logging": [
              {
                "target_bucket": "prod-bcp-logs",
                "target_prefix": ""
              }
            ],
            "object_lock_configuration": [],
            "policy": null,
            "region": "eu-west-2",
            "replication_configuration": [
              {
                "role": "arn:aws:iam::975971611990:role/prod-bcp-rep",
                "rules": [
                  {
                    "delete_marker_replication_status": "",
                    "destination": [
                      {
                        "access_control_translation": [
                          {
                            "owner": "Destination"
                          }
                        ],
                        "account_id": "416173853406",
                        "bucket": "arn:aws:s3:::prod-bcp-cloudwatch-co",
                        "replica_kms_key_id": "arn:aws:kms:eu-west-2:416173853406:key/c2a60189-801b-41f9-953e-ec3efcffc819",
                        "storage_class": ""
                      }
                    ],
                    "filter": [
                      {
                        "prefix": "",
                        "tags": {}
                      }
                    ],
                    "id": "prod-bcp-cloudwatch-rep",
                    "prefix": "",
                    "priority": 0,
                    "source_selection_criteria": [
                      {
                        "sse_kms_encrypted_objects": [
                          {
                            "enabled": true
                          }
                        ]
                      }
                    ],
                    "status": "Enabled"
                  }
                ]
              }
            ],
            "request_payer": "BucketOwner",
            "server_side_encryption_configuration": [
              {
                "rule": [
                  {
                    "apply_server_side_encryption_by_default": [
                      {
                        "kms_master_key_id": "arn:aws:kms:eu-west-2:975971611990:key/1de91818-0a1a-4d10-af80-ab0c0076226a",
                        "sse_algorithm": "aws:kms"
                      }
                    ],
                    "bucket_key_enabled": false
                  }
                ]
              }
            ],
            "tags": {},
            "tags_all": {},
            "versioning": [
              {
                "enabled": true,
                "mfa_delete": false
              }
            ],
            "website": [],
            "website_domain": null,
            "website_endpoint": null
          },
          "sensitive_attributes": [],
          "private": "bnVsbA==",
          "dependencies": [
            "aws_iam_role.prod-bcp-rep",
            "aws_kms_key.prod-kms"
          ]
        }
      ]
    },
    {
      "mode": "managed",
      "type": "aws_s3_bucket",
      "name": "prod-bcp-logs",
      "provider": "provider[\"registry.terraform.io/hashicorp/aws\"]",
      "instances": [
        {
          "schema_version": 0,
          "attributes": {
            "acceleration_status": "",
            "acl": "private",
            "arn": "arn:aws:s3:::prod-bcp-logs",
            "bucket": "prod-bcp-logs",
            "bucket_domain_name": "prod-bcp-logs.s3.amazonaws.com",
            "bucket_prefix": null,
            "bucket_regional_domain_name": "prod-bcp-logs.s3.eu-west-2.amazonaws.com",
            "cors_rule": [],
            "force_destroy": true,
            "grant": [
              {
                "id": "",
                "permissions": [
                  "FULL_CONTROL"
                ],
                "type": "Group",
                "uri": "http://acs.amazonaws.com/groups/s3/LogDelivery"
              },
              {
                "id": "7307b95aa6ac0c58ff934c1813d89bcccc87227b7d3dc1a5b109ac1545b5908f",
                "permissions": [
                  "FULL_CONTROL"
                ],
                "type": "CanonicalUser",
                "uri": ""
              }
            ],
            "hosted_zone_id": "Z3GKZC51ZF0DB4",
            "id": "prod-bcp-logs",
            "lifecycle_rule": [],
            "logging": [],
            "object_lock_configuration": [],
            "policy": null,
            "region": "eu-west-2",
            "replication_configuration": [],
            "request_payer": "BucketOwner",
            "server_side_encryption_configuration": [
              {
                "rule": [
                  {
                    "apply_server_side_encryption_by_default": [
                      {
                        "kms_master_key_id": "arn:aws:kms:eu-west-2:975971611990:key/1de91818-0a1a-4d10-af80-ab0c0076226a",
                        "sse_algorithm": "aws:kms"
                      }
                    ],
                    "bucket_key_enabled": false
                  }
                ]
              }
            ],
            "tags": {},
            "tags_all": {},
            "versioning": [
              {
                "enabled": true,
                "mfa_delete": false
              }
            ],
            "website": [],
            "website_domain": null,
            "website_endpoint": null
          },
          "sensitive_attributes": [],
          "private": "bnVsbA==",
          "dependencies": [
            "aws_kms_key.prod-kms",
            "data.aws_canonical_user_id.current_user"
          ]
        }
      ]
    },
    {
      "mode": "managed",
      "type": "aws_s3_bucket",
      "name": "prod-bcp-maintenance",
      "provider": "provider[\"registry.terraform.io/hashicorp/aws\"]",
      "instances": [
        {
          "schema_version": 0,
          "attributes": {
            "acceleration_status": "",
            "acl": "public-read",
            "arn": "arn:aws:s3:::prod-bcp-maintenance",
            "bucket": "prod-bcp-maintenance",
            "bucket_domain_name": "prod-bcp-maintenance.s3.amazonaws.com",
            "bucket_prefix": null,
            "bucket_regional_domain_name": "prod-bcp-maintenance.s3.eu-west-2.amazonaws.com",
            "cors_rule": [],
            "force_destroy": true,
            "grant": [],
            "hosted_zone_id": "Z3GKZC51ZF0DB4",
            "id": "prod-bcp-maintenance",
            "lifecycle_rule": [],
            "logging": [
              {
                "target_bucket": "prod-bcp-logs",
                "target_prefix": ""
              }
            ],
            "object_lock_configuration": [],
            "policy": null,
            "region": "eu-west-2",
            "replication_configuration": [],
            "request_payer": "BucketOwner",
            "server_side_encryption_configuration": [],
            "tags": {},
            "tags_all": {},
            "versioning": [
              {
                "enabled": true,
                "mfa_delete": false
              }
            ],
            "website": [
              {
                "error_document": "index.html",
                "index_document": "index.html",
                "redirect_all_requests_to": "",
                "routing_rules": ""
              }
            ],
            "website_domain": "s3-website.eu-west-2.amazonaws.com",
            "website_endpoint": "prod-bcp-maintenance.s3-website.eu-west-2.amazonaws.com"
          },
          "sensitive_attributes": [],
          "private": "bnVsbA=="
        }
      ]
    },
    {
      "mode": "managed",
      "type": "aws_s3_bucket",
      "name": "prod-bcs-cloudfront-logs",
      "provider": "provider[\"registry.terraform.io/hashicorp/aws\"]",
      "instances": [
        {
          "schema_version": 0,
          "attributes": {
            "acceleration_status": "",
            "acl": "private",
            "arn": "arn:aws:s3:::prod-bcs-cloudfront-logs",
            "bucket": "prod-bcs-cloudfront-logs",
            "bucket_domain_name": "prod-bcs-cloudfront-logs.s3.amazonaws.com",
            "bucket_prefix": null,
            "bucket_regional_domain_name": "prod-bcs-cloudfront-logs.s3.eu-west-2.amazonaws.com",
            "cors_rule": [],
            "force_destroy": true,
            "grant": [
              {
                "id": "",
                "permissions": [
                  "FULL_CONTROL"
                ],
                "type": "Group",
                "uri": "http://acs.amazonaws.com/groups/s3/LogDelivery"
              },
              {
                "id": "7307b95aa6ac0c58ff934c1813d89bcccc87227b7d3dc1a5b109ac1545b5908f",
                "permissions": [
                  "FULL_CONTROL"
                ],
                "type": "CanonicalUser",
                "uri": ""
              }
            ],
            "hosted_zone_id": "Z3GKZC51ZF0DB4",
            "id": "prod-bcs-cloudfront-logs",
            "lifecycle_rule": [],
            "logging": [
              {
                "target_bucket": "prod-bcp-logs",
                "target_prefix": ""
              }
            ],
            "object_lock_configuration": [],
            "policy": null,
            "region": "eu-west-2",
            "replication_configuration": [],
            "request_payer": "BucketOwner",
            "server_side_encryption_configuration": [
              {
                "rule": [
                  {
                    "apply_server_side_encryption_by_default": [
                      {
                        "kms_master_key_id": "arn:aws:kms:eu-west-2:975971611990:key/1de91818-0a1a-4d10-af80-ab0c0076226a",
                        "sse_algorithm": "aws:kms"
                      }
                    ],
                    "bucket_key_enabled": false
                  }
                ]
              }
            ],
            "tags": {},
            "tags_all": {},
            "versioning": [
              {
                "enabled": true,
                "mfa_delete": false
              }
            ],
            "website": [],
            "website_domain": null,
            "website_endpoint": null
          },
          "sensitive_attributes": [],
          "private": "bnVsbA==",
          "dependencies": [
            "aws_kms_key.prod-kms",
            "data.aws_canonical_user_id.current_user"
          ]
        }
      ]
    },
    {
      "mode": "managed",
      "type": "aws_s3_bucket",
      "name": "prod-bcs-documents",
      "provider": "provider[\"registry.terraform.io/hashicorp/aws\"]",
      "instances": [
        {
          "schema_version": 0,
          "attributes": {
            "acceleration_status": "",
            "acl": "private",
            "arn": "arn:aws:s3:::prod-bcs-documents",
            "bucket": "prod-bcs-documents",
            "bucket_domain_name": "prod-bcs-documents.s3.amazonaws.com",
            "bucket_prefix": null,
            "bucket_regional_domain_name": "prod-bcs-documents.s3.eu-west-2.amazonaws.com",
            "cors_rule": [],
            "force_destroy": true,
            "grant": [],
            "hosted_zone_id": "Z3GKZC51ZF0DB4",
            "id": "prod-bcs-documents",
            "lifecycle_rule": [],
            "logging": [
              {
                "target_bucket": "prod-bcp-logs",
                "target_prefix": ""
              }
            ],
            "object_lock_configuration": [],
            "policy": null,
            "region": "eu-west-2",
            "replication_configuration": [],
            "request_payer": "BucketOwner",
            "server_side_encryption_configuration": [
              {
                "rule": [
                  {
                    "apply_server_side_encryption_by_default": [
                      {
                        "kms_master_key_id": "arn:aws:kms:eu-west-2:975971611990:key/1de91818-0a1a-4d10-af80-ab0c0076226a",
                        "sse_algorithm": "aws:kms"
                      }
                    ],
                    "bucket_key_enabled": false
                  }
                ]
              }
            ],
            "tags": {},
            "tags_all": {},
            "versioning": [
              {
                "enabled": true,
                "mfa_delete": false
              }
            ],
            "website": [],
            "website_domain": null,
            "website_endpoint": null
          },
          "sensitive_attributes": [],
          "private": "bnVsbA==",
          "dependencies": [
            "aws_kms_key.prod-kms"
          ]
        }
      ]
    },
    {
      "mode": "managed",
      "type": "aws_s3_bucket",
      "name": "prod-bcs-logs",
      "provider": "provider[\"registry.terraform.io/hashicorp/aws\"]",
      "instances": [
        {
          "schema_version": 0,
          "attributes": {
            "acceleration_status": "",
            "acl": "private",
            "arn": "arn:aws:s3:::prod-bcs-logs",
            "bucket": "prod-bcs-logs",
            "bucket_domain_name": "prod-bcs-logs.s3.amazonaws.com",
            "bucket_prefix": null,
            "bucket_regional_domain_name": "prod-bcs-logs.s3.eu-west-2.amazonaws.com",
            "cors_rule": [],
            "force_destroy": true,
            "grant": [
              {
                "id": "",
                "permissions": [
                  "FULL_CONTROL"
                ],
                "type": "Group",
                "uri": "http://acs.amazonaws.com/groups/s3/LogDelivery"
              },
              {
                "id": "7307b95aa6ac0c58ff934c1813d89bcccc87227b7d3dc1a5b109ac1545b5908f",
                "permissions": [
                  "FULL_CONTROL"
                ],
                "type": "CanonicalUser",
                "uri": ""
              }
            ],
            "hosted_zone_id": "Z3GKZC51ZF0DB4",
            "id": "prod-bcs-logs",
            "lifecycle_rule": [],
            "logging": [
              {
                "target_bucket": "prod-bcp-logs",
                "target_prefix": ""
              }
            ],
            "object_lock_configuration": [],
            "policy": null,
            "region": "eu-west-2",
            "replication_configuration": [
              {
                "role": "arn:aws:iam::975971611990:role/prod-bcp-rep",
                "rules": [
                  {
                    "delete_marker_replication_status": "",
                    "destination": [
                      {
                        "access_control_translation": [
                          {
                            "owner": "Destination"
                          }
                        ],
                        "account_id": "416173853406",
                        "bucket": "arn:aws:s3:::prod-bcs-logs-co",
                        "replica_kms_key_id": "arn:aws:kms:eu-west-2:416173853406:key/c2a60189-801b-41f9-953e-ec3efcffc819",
                        "storage_class": ""
                      }
                    ],
                    "filter": [
                      {
                        "prefix": "",
                        "tags": {}
                      }
                    ],
                    "id": "prod-bcs-logs-rep",
                    "prefix": "",
                    "priority": 0,
                    "source_selection_criteria": [
                      {
                        "sse_kms_encrypted_objects": [
                          {
                            "enabled": true
                          }
                        ]
                      }
                    ],
                    "status": "Enabled"
                  }
                ]
              }
            ],
            "request_payer": "BucketOwner",
            "server_side_encryption_configuration": [
              {
                "rule": [
                  {
                    "apply_server_side_encryption_by_default": [
                      {
                        "kms_master_key_id": "arn:aws:kms:eu-west-2:975971611990:key/1de91818-0a1a-4d10-af80-ab0c0076226a",
                        "sse_algorithm": "aws:kms"
                      }
                    ],
                    "bucket_key_enabled": false
                  }
                ]
              }
            ],
            "tags": {},
            "tags_all": {},
            "versioning": [
              {
                "enabled": true,
                "mfa_delete": false
              }
            ],
            "website": [],
            "website_domain": null,
            "website_endpoint": null
          },
          "sensitive_attributes": [],
          "private": "bnVsbA==",
          "dependencies": [
            "aws_iam_role.prod-bcp-rep",
            "aws_kms_key.prod-kms",
            "data.aws_canonical_user_id.current_user"
          ]
        }
      ]
    },
    {
      "mode": "managed",
      "type": "aws_s3_bucket",
      "name": "prod-bcs-response",
      "provider": "provider[\"registry.terraform.io/hashicorp/aws\"]",
      "instances": [
        {
          "schema_version": 0,
          "attributes": {
            "acceleration_status": "",
            "acl": "private",
            "arn": "arn:aws:s3:::prod-bcs-response",
            "bucket": "prod-bcs-response",
            "bucket_domain_name": "prod-bcs-response.s3.amazonaws.com",
            "bucket_prefix": null,
            "bucket_regional_domain_name": "prod-bcs-response.s3.eu-west-2.amazonaws.com",
            "cors_rule": [],
            "force_destroy": true,
            "grant": [],
            "hosted_zone_id": "Z3GKZC51ZF0DB4",
            "id": "prod-bcs-response",
            "lifecycle_rule": [],
            "logging": [
              {
                "target_bucket": "prod-bcp-logs",
                "target_prefix": ""
              }
            ],
            "object_lock_configuration": [],
            "policy": null,
            "region": "eu-west-2",
            "replication_configuration": [],
            "request_payer": "BucketOwner",
            "server_side_encryption_configuration": [
              {
                "rule": [
                  {
                    "apply_server_side_encryption_by_default": [
                      {
                        "kms_master_key_id": "arn:aws:kms:eu-west-2:975971611990:key/1de91818-0a1a-4d10-af80-ab0c0076226a",
                        "sse_algorithm": "aws:kms"
                      }
                    ],
                    "bucket_key_enabled": false
                  }
                ]
              }
            ],
            "tags": {},
            "tags_all": {},
            "versioning": [
              {
                "enabled": true,
                "mfa_delete": false
              }
            ],
            "website": [],
            "website_domain": null,
            "website_endpoint": null
          },
          "sensitive_attributes": [],
          "private": "bnVsbA==",
          "dependencies": [
            "aws_kms_key.prod-kms"
          ]
        }
      ]
    },
    {
      "mode": "managed",
      "type": "aws_s3_bucket",
      "name": "prod-bcw-cloudfront-logs",
      "provider": "provider[\"registry.terraform.io/hashicorp/aws\"]",
      "instances": [
        {
          "schema_version": 0,
          "attributes": {
            "acceleration_status": "",
            "acl": "private",
            "arn": "arn:aws:s3:::prod-bcw-cloudfront-logs",
            "bucket": "prod-bcw-cloudfront-logs",
            "bucket_domain_name": "prod-bcw-cloudfront-logs.s3.amazonaws.com",
            "bucket_prefix": null,
            "bucket_regional_domain_name": "prod-bcw-cloudfront-logs.s3.eu-west-2.amazonaws.com",
            "cors_rule": [],
            "force_destroy": true,
            "grant": [
              {
                "id": "",
                "permissions": [
                  "FULL_CONTROL"
                ],
                "type": "Group",
                "uri": "http://acs.amazonaws.com/groups/s3/LogDelivery"
              },
              {
                "id": "7307b95aa6ac0c58ff934c1813d89bcccc87227b7d3dc1a5b109ac1545b5908f",
                "permissions": [
                  "FULL_CONTROL"
                ],
                "type": "CanonicalUser",
                "uri": ""
              }
            ],
            "hosted_zone_id": "Z3GKZC51ZF0DB4",
            "id": "prod-bcw-cloudfront-logs",
            "lifecycle_rule": [],
            "logging": [
              {
                "target_bucket": "prod-bcp-logs",
                "target_prefix": ""
              }
            ],
            "object_lock_configuration": [],
            "policy": null,
            "region": "eu-west-2",
            "replication_configuration": [],
            "request_payer": "BucketOwner",
            "server_side_encryption_configuration": [
              {
                "rule": [
                  {
                    "apply_server_side_encryption_by_default": [
                      {
                        "kms_master_key_id": "arn:aws:kms:eu-west-2:975971611990:key/1de91818-0a1a-4d10-af80-ab0c0076226a",
                        "sse_algorithm": "aws:kms"
                      }
                    ],
                    "bucket_key_enabled": false
                  }
                ]
              }
            ],
            "tags": {},
            "tags_all": {},
            "versioning": [
              {
                "enabled": true,
                "mfa_delete": false
              }
            ],
            "website": [],
            "website_domain": null,
            "website_endpoint": null
          },
          "sensitive_attributes": [],
          "private": "bnVsbA==",
          "dependencies": [
            "aws_kms_key.prod-kms",
            "data.aws_canonical_user_id.current_user"
          ]
        }
      ]
    },
    {
      "mode": "managed",
      "type": "aws_s3_bucket",
      "name": "prod-bcw-documents",
      "provider": "provider[\"registry.terraform.io/hashicorp/aws\"]",
      "instances": [
        {
          "schema_version": 0,
          "attributes": {
            "acceleration_status": "",
            "acl": "private",
            "arn": "arn:aws:s3:::prod-bcw-documents",
            "bucket": "prod-bcw-documents",
            "bucket_domain_name": "prod-bcw-documents.s3.amazonaws.com",
            "bucket_prefix": null,
            "bucket_regional_domain_name": "prod-bcw-documents.s3.eu-west-2.amazonaws.com",
            "cors_rule": [],
            "force_destroy": true,
            "grant": [],
            "hosted_zone_id": "Z3GKZC51ZF0DB4",
            "id": "prod-bcw-documents",
            "lifecycle_rule": [],
            "logging": [
              {
                "target_bucket": "prod-bcp-logs",
                "target_prefix": ""
              }
            ],
            "object_lock_configuration": [],
            "policy": null,
            "region": "eu-west-2",
            "replication_configuration": [],
            "request_payer": "BucketOwner",
            "server_side_encryption_configuration": [
              {
                "rule": [
                  {
                    "apply_server_side_encryption_by_default": [
                      {
                        "kms_master_key_id": "arn:aws:kms:eu-west-2:975971611990:key/1de91818-0a1a-4d10-af80-ab0c0076226a",
                        "sse_algorithm": "aws:kms"
                      }
                    ],
                    "bucket_key_enabled": false
                  }
                ]
              }
            ],
            "tags": {},
            "tags_all": {},
            "versioning": [
              {
                "enabled": true,
                "mfa_delete": false
              }
            ],
            "website": [],
            "website_domain": null,
            "website_endpoint": null
          },
          "sensitive_attributes": [],
          "private": "bnVsbA==",
          "dependencies": [
            "aws_kms_key.prod-kms"
          ]
        }
      ]
    },
    {
      "mode": "managed",
      "type": "aws_s3_bucket",
      "name": "prod-bcw-logs",
      "provider": "provider[\"registry.terraform.io/hashicorp/aws\"]",
      "instances": [
        {
          "schema_version": 0,
          "attributes": {
            "acceleration_status": "",
            "acl": "private",
            "arn": "arn:aws:s3:::prod-bcw-logs",
            "bucket": "prod-bcw-logs",
            "bucket_domain_name": "prod-bcw-logs.s3.amazonaws.com",
            "bucket_prefix": null,
            "bucket_regional_domain_name": "prod-bcw-logs.s3.eu-west-2.amazonaws.com",
            "cors_rule": [],
            "force_destroy": true,
            "grant": [
              {
                "id": "",
                "permissions": [
                  "FULL_CONTROL"
                ],
                "type": "Group",
                "uri": "http://acs.amazonaws.com/groups/s3/LogDelivery"
              },
              {
                "id": "7307b95aa6ac0c58ff934c1813d89bcccc87227b7d3dc1a5b109ac1545b5908f",
                "permissions": [
                  "FULL_CONTROL"
                ],
                "type": "CanonicalUser",
                "uri": ""
              }
            ],
            "hosted_zone_id": "Z3GKZC51ZF0DB4",
            "id": "prod-bcw-logs",
            "lifecycle_rule": [],
            "logging": [
              {
                "target_bucket": "prod-bcp-logs",
                "target_prefix": ""
              }
            ],
            "object_lock_configuration": [],
            "policy": null,
            "region": "eu-west-2",
            "replication_configuration": [
              {
                "role": "arn:aws:iam::975971611990:role/prod-bcp-rep",
                "rules": [
                  {
                    "delete_marker_replication_status": "",
                    "destination": [
                      {
                        "access_control_translation": [
                          {
                            "owner": "Destination"
                          }
                        ],
                        "account_id": "416173853406",
                        "bucket": "arn:aws:s3:::prod-bcw-logs-co",
                        "replica_kms_key_id": "arn:aws:kms:eu-west-2:416173853406:key/c2a60189-801b-41f9-953e-ec3efcffc819",
                        "storage_class": ""
                      }
                    ],
                    "filter": [
                      {
                        "prefix": "",
                        "tags": {}
                      }
                    ],
                    "id": "prod-bcw-logs-rep",
                    "prefix": "",
                    "priority": 0,
                    "source_selection_criteria": [
                      {
                        "sse_kms_encrypted_objects": [
                          {
                            "enabled": true
                          }
                        ]
                      }
                    ],
                    "status": "Enabled"
                  }
                ]
              }
            ],
            "request_payer": "BucketOwner",
            "server_side_encryption_configuration": [
              {
                "rule": [
                  {
                    "apply_server_side_encryption_by_default": [
                      {
                        "kms_master_key_id": "arn:aws:kms:eu-west-2:975971611990:key/1de91818-0a1a-4d10-af80-ab0c0076226a",
                        "sse_algorithm": "aws:kms"
                      }
                    ],
                    "bucket_key_enabled": false
                  }
                ]
              }
            ],
            "tags": {},
            "tags_all": {},
            "versioning": [
              {
                "enabled": true,
                "mfa_delete": false
              }
            ],
            "website": [],
            "website_domain": null,
            "website_endpoint": null
          },
          "sensitive_attributes": [],
          "private": "bnVsbA==",
          "dependencies": [
            "aws_iam_role.prod-bcp-rep",
            "aws_kms_key.prod-kms",
            "data.aws_canonical_user_id.current_user"
          ]
        }
      ]
    },
    {
      "mode": "managed",
      "type": "aws_s3_bucket",
      "name": "prod-bcw-response",
      "provider": "provider[\"registry.terraform.io/hashicorp/aws\"]",
      "instances": [
        {
          "schema_version": 0,
          "attributes": {
            "acceleration_status": "",
            "acl": "private",
            "arn": "arn:aws:s3:::prod-bcw-response",
            "bucket": "prod-bcw-response",
            "bucket_domain_name": "prod-bcw-response.s3.amazonaws.com",
            "bucket_prefix": null,
            "bucket_regional_domain_name": "prod-bcw-response.s3.eu-west-2.amazonaws.com",
            "cors_rule": [],
            "force_destroy": true,
            "grant": [],
            "hosted_zone_id": "Z3GKZC51ZF0DB4",
            "id": "prod-bcw-response",
            "lifecycle_rule": [],
            "logging": [
              {
                "target_bucket": "prod-bcp-logs",
                "target_prefix": ""
              }
            ],
            "object_lock_configuration": [],
            "policy": null,
            "region": "eu-west-2",
            "replication_configuration": [],
            "request_payer": "BucketOwner",
            "server_side_encryption_configuration": [
              {
                "rule": [
                  {
                    "apply_server_side_encryption_by_default": [
                      {
                        "kms_master_key_id": "arn:aws:kms:eu-west-2:975971611990:key/1de91818-0a1a-4d10-af80-ab0c0076226a",
                        "sse_algorithm": "aws:kms"
                      }
                    ],
                    "bucket_key_enabled": false
                  }
                ]
              }
            ],
            "tags": {},
            "tags_all": {},
            "versioning": [
              {
                "enabled": true,
                "mfa_delete": false
              }
            ],
            "website": [],
            "website_domain": null,
            "website_endpoint": null
          },
          "sensitive_attributes": [],
          "private": "bnVsbA==",
          "dependencies": [
            "aws_kms_key.prod-kms"
          ]
        }
      ]
    },
    {
      "mode": "managed",
      "type": "aws_s3_bucket",
      "name": "prod-cffg-cloudfront-logs",
      "provider": "provider[\"registry.terraform.io/hashicorp/aws\"]",
      "instances": [
        {
          "schema_version": 0,
          "attributes": {
            "acceleration_status": "",
            "acl": "private",
            "arn": "arn:aws:s3:::prod-cffg-cloudfront-logs",
            "bucket": "prod-cffg-cloudfront-logs",
            "bucket_domain_name": "prod-cffg-cloudfront-logs.s3.amazonaws.com",
            "bucket_prefix": null,
            "bucket_regional_domain_name": "prod-cffg-cloudfront-logs.s3.eu-west-2.amazonaws.com",
            "cors_rule": [],
            "force_destroy": true,
            "grant": [
              {
                "id": "",
                "permissions": [
                  "FULL_CONTROL"
                ],
                "type": "Group",
                "uri": "http://acs.amazonaws.com/groups/s3/LogDelivery"
              },
              {
                "id": "7307b95aa6ac0c58ff934c1813d89bcccc87227b7d3dc1a5b109ac1545b5908f",
                "permissions": [
                  "FULL_CONTROL"
                ],
                "type": "CanonicalUser",
                "uri": ""
              }
            ],
            "hosted_zone_id": "Z3GKZC51ZF0DB4",
            "id": "prod-cffg-cloudfront-logs",
            "lifecycle_rule": [],
            "logging": [
              {
                "target_bucket": "prod-bcp-logs",
                "target_prefix": ""
              }
            ],
            "object_lock_configuration": [],
            "policy": null,
            "region": "eu-west-2",
            "replication_configuration": [],
            "request_payer": "BucketOwner",
            "server_side_encryption_configuration": [
              {
                "rule": [
                  {
                    "apply_server_side_encryption_by_default": [
                      {
                        "kms_master_key_id": "arn:aws:kms:eu-west-2:975971611990:key/1de91818-0a1a-4d10-af80-ab0c0076226a",
                        "sse_algorithm": "aws:kms"
                      }
                    ],
                    "bucket_key_enabled": false
                  }
                ]
              }
            ],
            "tags": {},
            "tags_all": {},
            "versioning": [
              {
                "enabled": true,
                "mfa_delete": false
              }
            ],
            "website": [],
            "website_domain": null,
            "website_endpoint": null
          },
          "sensitive_attributes": [],
          "private": "bnVsbA==",
          "dependencies": [
            "aws_kms_key.prod-kms",
            "data.aws_canonical_user_id.current_user"
          ]
        }
      ]
    },
    {
      "mode": "managed",
      "type": "aws_s3_bucket",
      "name": "prod-cffg-documents",
      "provider": "provider[\"registry.terraform.io/hashicorp/aws\"]",
      "instances": [
        {
          "schema_version": 0,
          "attributes": {
            "acceleration_status": "",
            "acl": "private",
            "arn": "arn:aws:s3:::prod-cffg-documents",
            "bucket": "prod-cffg-documents",
            "bucket_domain_name": "prod-cffg-documents.s3.amazonaws.com",
            "bucket_prefix": null,
            "bucket_regional_domain_name": "prod-cffg-documents.s3.eu-west-2.amazonaws.com",
            "cors_rule": [],
            "force_destroy": true,
            "grant": [],
            "hosted_zone_id": "Z3GKZC51ZF0DB4",
            "id": "prod-cffg-documents",
            "lifecycle_rule": [],
            "logging": [
              {
                "target_bucket": "prod-bcp-logs",
                "target_prefix": ""
              }
            ],
            "object_lock_configuration": [],
            "policy": null,
            "region": "eu-west-2",
            "replication_configuration": [],
            "request_payer": "BucketOwner",
            "server_side_encryption_configuration": [
              {
                "rule": [
                  {
                    "apply_server_side_encryption_by_default": [
                      {
                        "kms_master_key_id": "arn:aws:kms:eu-west-2:975971611990:key/1de91818-0a1a-4d10-af80-ab0c0076226a",
                        "sse_algorithm": "aws:kms"
                      }
                    ],
                    "bucket_key_enabled": false
                  }
                ]
              }
            ],
            "tags": {},
            "tags_all": {},
            "versioning": [
              {
                "enabled": true,
                "mfa_delete": false
              }
            ],
            "website": [],
            "website_domain": null,
            "website_endpoint": null
          },
          "sensitive_attributes": [],
          "private": "bnVsbA==",
          "dependencies": [
            "aws_kms_key.prod-kms"
          ]
        }
      ]
    },
    {
      "mode": "managed",
      "type": "aws_s3_bucket",
      "name": "prod-cffg-logs",
      "provider": "provider[\"registry.terraform.io/hashicorp/aws\"]",
      "instances": [
        {
          "schema_version": 0,
          "attributes": {
            "acceleration_status": "",
            "acl": "private",
            "arn": "arn:aws:s3:::prod-cffg-logs",
            "bucket": "prod-cffg-logs",
            "bucket_domain_name": "prod-cffg-logs.s3.amazonaws.com",
            "bucket_prefix": null,
            "bucket_regional_domain_name": "prod-cffg-logs.s3.eu-west-2.amazonaws.com",
            "cors_rule": [],
            "force_destroy": true,
            "grant": [
              {
                "id": "",
                "permissions": [
                  "FULL_CONTROL"
                ],
                "type": "Group",
                "uri": "http://acs.amazonaws.com/groups/s3/LogDelivery"
              },
              {
                "id": "7307b95aa6ac0c58ff934c1813d89bcccc87227b7d3dc1a5b109ac1545b5908f",
                "permissions": [
                  "FULL_CONTROL"
                ],
                "type": "CanonicalUser",
                "uri": ""
              }
            ],
            "hosted_zone_id": "Z3GKZC51ZF0DB4",
            "id": "prod-cffg-logs",
            "lifecycle_rule": [],
            "logging": [
              {
                "target_bucket": "prod-bcp-logs",
                "target_prefix": ""
              }
            ],
            "object_lock_configuration": [],
            "policy": null,
            "region": "eu-west-2",
            "replication_configuration": [
              {
                "role": "arn:aws:iam::975971611990:role/prod-bcp-rep",
                "rules": [
                  {
                    "delete_marker_replication_status": "",
                    "destination": [
                      {
                        "access_control_translation": [
                          {
                            "owner": "Destination"
                          }
                        ],
                        "account_id": "416173853406",
                        "bucket": "arn:aws:s3:::prod-cffg-logs-co",
                        "replica_kms_key_id": "arn:aws:kms:eu-west-2:416173853406:key/c2a60189-801b-41f9-953e-ec3efcffc819",
                        "storage_class": ""
                      }
                    ],
                    "filter": [
                      {
                        "prefix": "",
                        "tags": {}
                      }
                    ],
                    "id": "prod-cffg-logs-rep",
                    "prefix": "",
                    "priority": 0,
                    "source_selection_criteria": [
                      {
                        "sse_kms_encrypted_objects": [
                          {
                            "enabled": true
                          }
                        ]
                      }
                    ],
                    "status": "Enabled"
                  }
                ]
              }
            ],
            "request_payer": "BucketOwner",
            "server_side_encryption_configuration": [
              {
                "rule": [
                  {
                    "apply_server_side_encryption_by_default": [
                      {
                        "kms_master_key_id": "arn:aws:kms:eu-west-2:975971611990:key/1de91818-0a1a-4d10-af80-ab0c0076226a",
                        "sse_algorithm": "aws:kms"
                      }
                    ],
                    "bucket_key_enabled": false
                  }
                ]
              }
            ],
            "tags": {},
            "tags_all": {},
            "versioning": [
              {
                "enabled": true,
                "mfa_delete": false
              }
            ],
            "website": [],
            "website_domain": null,
            "website_endpoint": null
          },
          "sensitive_attributes": [],
          "private": "bnVsbA==",
          "dependencies": [
            "aws_iam_role.prod-bcp-rep",
            "aws_kms_key.prod-kms",
            "data.aws_canonical_user_id.current_user"
          ]
        }
      ]
    },
    {
      "mode": "managed",
      "type": "aws_s3_bucket",
      "name": "prod-cffg-response",
      "provider": "provider[\"registry.terraform.io/hashicorp/aws\"]",
      "instances": [
        {
          "schema_version": 0,
          "attributes": {
            "acceleration_status": "",
            "acl": "private",
            "arn": "arn:aws:s3:::prod-cffg-response",
            "bucket": "prod-cffg-response",
            "bucket_domain_name": "prod-cffg-response.s3.amazonaws.com",
            "bucket_prefix": null,
            "bucket_regional_domain_name": "prod-cffg-response.s3.eu-west-2.amazonaws.com",
            "cors_rule": [],
            "force_destroy": true,
            "grant": [],
            "hosted_zone_id": "Z3GKZC51ZF0DB4",
            "id": "prod-cffg-response",
            "lifecycle_rule": [],
            "logging": [
              {
                "target_bucket": "prod-bcp-logs",
                "target_prefix": ""
              }
            ],
            "object_lock_configuration": [],
            "policy": null,
            "region": "eu-west-2",
            "replication_configuration": [],
            "request_payer": "BucketOwner",
            "server_side_encryption_configuration": [
              {
                "rule": [
                  {
                    "apply_server_side_encryption_by_default": [
                      {
                        "kms_master_key_id": "arn:aws:kms:eu-west-2:975971611990:key/1de91818-0a1a-4d10-af80-ab0c0076226a",
                        "sse_algorithm": "aws:kms"
                      }
                    ],
                    "bucket_key_enabled": false
                  }
                ]
              }
            ],
            "tags": {},
            "tags_all": {},
            "versioning": [
              {
                "enabled": true,
                "mfa_delete": false
              }
            ],
            "website": [],
            "website_domain": null,
            "website_endpoint": null
          },
          "sensitive_attributes": [],
          "private": "bnVsbA==",
          "dependencies": [
            "aws_kms_key.prod-kms"
          ]
        }
      ]
    },
    {
      "mode": "managed",
      "type": "aws_s3_bucket_policy",
      "name": "prod-public-read",
      "provider": "provider[\"registry.terraform.io/hashicorp/aws\"]",
      "instances": [
        {
          "schema_version": 0,
          "attributes": {
            "bucket": "prod-bcp-maintenance",
            "id": "prod-bcp-maintenance",
            "policy": "{\"Version\":\"2012-10-17\",\"Statement\":[{\"Sid\":\"PublicReadGetObject\",\"Effect\":\"Allow\",\"Principal\":\"*\",\"Action\":\"s3:GetObject\",\"Resource\":[\"arn:aws:s3:::prod-bcp-maintenance\",\"arn:aws:s3:::prod-bcp-maintenance/*\"]}]}"
          },
          "sensitive_attributes": [],
          "private": "bnVsbA==",
          "dependencies": [
            "aws_s3_bucket.prod-bcp-maintenance"
          ]
        }
      ]
    },
    {
      "mode": "managed",
      "type": "aws_s3_bucket_policy",
      "name": "s3-prod-bce-documents-policy",
      "provider": "provider[\"registry.terraform.io/hashicorp/aws\"]",
      "instances": [
        {
          "schema_version": 0,
          "attributes": {
            "bucket": "prod-bce-documents",
            "id": "prod-bce-documents",
            "policy": "{\"Version\":\"2012-10-17\",\"Id\":\"Policy\",\"Statement\":[{\"Sid\":\"\",\"Effect\":\"Allow\",\"Principal\":{\"AWS\":\"arn:aws:iam::975971611990:user/S3USER\"},\"Action\":\"s3:ListBucket\",\"Resource\":\"arn:aws:s3:::prod-bce-documents\"},{\"Sid\":\"\",\"Effect\":\"Allow\",\"Principal\":{\"AWS\":\"arn:aws:iam::975971611990:user/S3USER\"},\"Action\":[\"s3:DeleteObject\",\"s3:GetObject\",\"s3:PutObject\"],\"Resource\":\"arn:aws:s3:::prod-bce-documents/*\"}]}"
          },
          "sensitive_attributes": [],
          "private": "bnVsbA==",
          "dependencies": [
            "aws_kms_key.prod-kms",
            "aws_s3_bucket.prod-bce-documents"
          ]
        }
      ]
    },
    {
      "mode": "managed",
      "type": "aws_s3_bucket_policy",
      "name": "s3-prod-bce-policy",
      "provider": "provider[\"registry.terraform.io/hashicorp/aws\"]",
      "instances": [
        {
          "schema_version": 0,
          "attributes": {
            "bucket": "prod-bce-logs",
            "id": "prod-bce-logs",
            "policy": "{\"Version\":\"2012-10-17\",\"Id\":\"Policy\",\"Statement\":[{\"Effect\":\"Allow\",\"Principal\":{\"AWS\":\"arn:aws:iam::652711504416:root\"},\"Action\":\"s3:PutObject\",\"Resource\":\"arn:aws:s3:::prod-bce-logs/prodbce/AWSLogs/975971611990/*\"},{\"Effect\":\"Allow\",\"Principal\":{\"Service\":\"delivery.logs.amazonaws.com\"},\"Action\":\"s3:PutObject\",\"Resource\":\"arn:aws:s3:::prod-bce-logs/prodbce/AWSLogs/975971611990/*\",\"Condition\":{\"StringEquals\":{\"s3:x-amz-acl\":\"bucket-owner-full-control\"}}},{\"Effect\":\"Allow\",\"Principal\":{\"Service\":\"delivery.logs.amazonaws.com\"},\"Action\":\"s3:GetBucketAcl\",\"Resource\":\"arn:aws:s3:::prod-bce-logs\"}]}"
          },
          "sensitive_attributes": [],
          "private": "bnVsbA==",
          "dependencies": [
            "aws_iam_role.prod-bcp-rep",
            "aws_kms_key.prod-kms",
            "aws_s3_bucket.prod-bce-logs",
            "data.aws_caller_identity.current",
            "data.aws_canonical_user_id.current_user",
            "data.aws_elb_service_account.main"
          ]
        }
      ]
    },
    {
      "mode": "managed",
      "type": "aws_s3_bucket_policy",
      "name": "s3-prod-bce-response-policy",
      "provider": "provider[\"registry.terraform.io/hashicorp/aws\"]",
      "instances": [
        {
          "schema_version": 0,
          "attributes": {
            "bucket": "prod-bce-response",
            "id": "prod-bce-response",
            "policy": "{\"Version\":\"2012-10-17\",\"Id\":\"Policy\",\"Statement\":[{\"Sid\":\"\",\"Effect\":\"Allow\",\"Principal\":{\"AWS\":\"arn:aws:iam::975971611990:user/S3USER\"},\"Action\":\"s3:ListBucket\",\"Resource\":\"arn:aws:s3:::prod-bce-response\"},{\"Sid\":\"\",\"Effect\":\"Allow\",\"Principal\":{\"AWS\":\"arn:aws:iam::975971611990:user/S3USER\"},\"Action\":[\"s3:DeleteObject\",\"s3:GetObject\",\"s3:PutObject\"],\"Resource\":\"arn:aws:s3:::prod-bce-response/*\"}]}"
          },
          "sensitive_attributes": [],
          "private": "bnVsbA==",
          "dependencies": [
            "aws_kms_key.prod-kms",
            "aws_s3_bucket.prod-bce-response"
          ]
        }
      ]
    },
    {
      "mode": "managed",
      "type": "aws_s3_bucket_policy",
      "name": "s3-prod-bcs-documents-policy",
      "provider": "provider[\"registry.terraform.io/hashicorp/aws\"]",
      "instances": [
        {
          "schema_version": 0,
          "attributes": {
            "bucket": "prod-bcs-documents",
            "id": "prod-bcs-documents",
            "policy": "{\"Version\":\"2012-10-17\",\"Id\":\"Policy\",\"Statement\":[{\"Sid\":\"\",\"Effect\":\"Allow\",\"Principal\":{\"AWS\":\"arn:aws:iam::975971611990:user/S3USER\"},\"Action\":\"s3:ListBucket\",\"Resource\":\"arn:aws:s3:::prod-bcs-documents\"},{\"Sid\":\"\",\"Effect\":\"Allow\",\"Principal\":{\"AWS\":\"arn:aws:iam::975971611990:user/S3USER\"},\"Action\":[\"s3:DeleteObject\",\"s3:GetObject\",\"s3:PutObject\"],\"Resource\":\"arn:aws:s3:::prod-bcs-documents/*\"}]}"
          },
          "sensitive_attributes": [],
          "private": "bnVsbA==",
          "dependencies": [
            "aws_kms_key.prod-kms",
            "aws_s3_bucket.prod-bcs-documents"
          ]
        }
      ]
    },
    {
      "mode": "managed",
      "type": "aws_s3_bucket_policy",
      "name": "s3-prod-bcs-policy",
      "provider": "provider[\"registry.terraform.io/hashicorp/aws\"]",
      "instances": [
        {
          "schema_version": 0,
          "attributes": {
            "bucket": "prod-bcs-logs",
            "id": "prod-bcs-logs",
            "policy": "{\"Version\":\"2012-10-17\",\"Id\":\"Policy\",\"Statement\":[{\"Effect\":\"Allow\",\"Principal\":{\"AWS\":\"arn:aws:iam::652711504416:root\"},\"Action\":\"s3:PutObject\",\"Resource\":\"arn:aws:s3:::prod-bcs-logs/prodbcs/AWSLogs/975971611990/*\"},{\"Effect\":\"Allow\",\"Principal\":{\"Service\":\"delivery.logs.amazonaws.com\"},\"Action\":\"s3:PutObject\",\"Resource\":\"arn:aws:s3:::prod-bcs-logs/prodbcs/AWSLogs/975971611990/*\",\"Condition\":{\"StringEquals\":{\"s3:x-amz-acl\":\"bucket-owner-full-control\"}}},{\"Effect\":\"Allow\",\"Principal\":{\"Service\":\"delivery.logs.amazonaws.com\"},\"Action\":\"s3:GetBucketAcl\",\"Resource\":\"arn:aws:s3:::prod-bcs-logs\"}]}"
          },
          "sensitive_attributes": [],
          "private": "bnVsbA==",
          "dependencies": [
            "aws_iam_role.prod-bcp-rep",
            "aws_kms_key.prod-kms",
            "aws_s3_bucket.prod-bcs-logs",
            "data.aws_caller_identity.current",
            "data.aws_canonical_user_id.current_user",
            "data.aws_elb_service_account.main"
          ]
        }
      ]
    },
    {
      "mode": "managed",
      "type": "aws_s3_bucket_policy",
      "name": "s3-prod-bcs-response-policy",
      "provider": "provider[\"registry.terraform.io/hashicorp/aws\"]",
      "instances": [
        {
          "schema_version": 0,
          "attributes": {
            "bucket": "prod-bcs-response",
            "id": "prod-bcs-response",
            "policy": "{\"Version\":\"2012-10-17\",\"Id\":\"Policy\",\"Statement\":[{\"Sid\":\"\",\"Effect\":\"Allow\",\"Principal\":{\"AWS\":\"arn:aws:iam::975971611990:user/S3USER\"},\"Action\":\"s3:ListBucket\",\"Resource\":\"arn:aws:s3:::prod-bcs-response\"},{\"Sid\":\"\",\"Effect\":\"Allow\",\"Principal\":{\"AWS\":\"arn:aws:iam::975971611990:user/S3USER\"},\"Action\":[\"s3:DeleteObject\",\"s3:GetObject\",\"s3:PutObject\"],\"Resource\":\"arn:aws:s3:::prod-bcs-response/*\"}]}"
          },
          "sensitive_attributes": [],
          "private": "bnVsbA==",
          "dependencies": [
            "aws_kms_key.prod-kms",
            "aws_s3_bucket.prod-bcs-response"
          ]
        }
      ]
    },
    {
      "mode": "managed",
      "type": "aws_s3_bucket_policy",
      "name": "s3-prod-bcw-documents-policy",
      "provider": "provider[\"registry.terraform.io/hashicorp/aws\"]",
      "instances": [
        {
          "schema_version": 0,
          "attributes": {
            "bucket": "prod-bcw-documents",
            "id": "prod-bcw-documents",
            "policy": "{\"Version\":\"2012-10-17\",\"Id\":\"Policy\",\"Statement\":[{\"Sid\":\"\",\"Effect\":\"Allow\",\"Principal\":{\"AWS\":\"arn:aws:iam::975971611990:user/S3USER\"},\"Action\":\"s3:ListBucket\",\"Resource\":\"arn:aws:s3:::prod-bcw-documents\"},{\"Sid\":\"\",\"Effect\":\"Allow\",\"Principal\":{\"AWS\":\"arn:aws:iam::975971611990:user/S3USER\"},\"Action\":[\"s3:DeleteObject\",\"s3:GetObject\",\"s3:PutObject\"],\"Resource\":\"arn:aws:s3:::prod-bcw-documents/*\"}]}"
          },
          "sensitive_attributes": [],
          "private": "bnVsbA==",
          "dependencies": [
            "aws_kms_key.prod-kms",
            "aws_s3_bucket.prod-bcw-documents"
          ]
        }
      ]
    },
    {
      "mode": "managed",
      "type": "aws_s3_bucket_policy",
      "name": "s3-prod-bcw-policy",
      "provider": "provider[\"registry.terraform.io/hashicorp/aws\"]",
      "instances": [
        {
          "schema_version": 0,
          "attributes": {
            "bucket": "prod-bcw-logs",
            "id": "prod-bcw-logs",
            "policy": "{\"Version\":\"2012-10-17\",\"Id\":\"Policy\",\"Statement\":[{\"Effect\":\"Allow\",\"Principal\":{\"AWS\":\"arn:aws:iam::652711504416:root\"},\"Action\":\"s3:PutObject\",\"Resource\":\"arn:aws:s3:::prod-bcw-logs/prodbcw/AWSLogs/975971611990/*\"},{\"Effect\":\"Allow\",\"Principal\":{\"Service\":\"delivery.logs.amazonaws.com\"},\"Action\":\"s3:PutObject\",\"Resource\":\"arn:aws:s3:::prod-bcw-logs/prodbcw/AWSLogs/975971611990/*\",\"Condition\":{\"StringEquals\":{\"s3:x-amz-acl\":\"bucket-owner-full-control\"}}},{\"Effect\":\"Allow\",\"Principal\":{\"Service\":\"delivery.logs.amazonaws.com\"},\"Action\":\"s3:GetBucketAcl\",\"Resource\":\"arn:aws:s3:::prod-bcw-logs\"}]}"
          },
          "sensitive_attributes": [],
          "private": "bnVsbA==",
          "dependencies": [
            "aws_iam_role.prod-bcp-rep",
            "aws_kms_key.prod-kms",
            "aws_s3_bucket.prod-bcw-logs",
            "data.aws_caller_identity.current",
            "data.aws_canonical_user_id.current_user",
            "data.aws_elb_service_account.main"
          ]
        }
      ]
    },
    {
      "mode": "managed",
      "type": "aws_s3_bucket_policy",
      "name": "s3-prod-bcw-response-policy",
      "provider": "provider[\"registry.terraform.io/hashicorp/aws\"]",
      "instances": [
        {
          "schema_version": 0,
          "attributes": {
            "bucket": "prod-bcw-response",
            "id": "prod-bcw-response",
            "policy": "{\"Version\":\"2012-10-17\",\"Id\":\"Policy\",\"Statement\":[{\"Sid\":\"\",\"Effect\":\"Allow\",\"Principal\":{\"AWS\":\"arn:aws:iam::975971611990:user/S3USER\"},\"Action\":\"s3:ListBucket\",\"Resource\":\"arn:aws:s3:::prod-bcw-response\"},{\"Sid\":\"\",\"Effect\":\"Allow\",\"Principal\":{\"AWS\":\"arn:aws:iam::975971611990:user/S3USER\"},\"Action\":[\"s3:DeleteObject\",\"s3:GetObject\",\"s3:PutObject\"],\"Resource\":\"arn:aws:s3:::prod-bcw-response/*\"}]}"
          },
          "sensitive_attributes": [],
          "private": "bnVsbA==",
          "dependencies": [
            "aws_kms_key.prod-kms",
            "aws_s3_bucket.prod-bcw-response"
          ]
        }
      ]
    },
    {
      "mode": "managed",
      "type": "aws_s3_bucket_policy",
      "name": "s3-prod-cffg-documents-policy",
      "provider": "provider[\"registry.terraform.io/hashicorp/aws\"]",
      "instances": [
        {
          "schema_version": 0,
          "attributes": {
            "bucket": "prod-cffg-documents",
            "id": "prod-cffg-documents",
            "policy": "{\"Version\":\"2012-10-17\",\"Id\":\"Policy\",\"Statement\":[{\"Sid\":\"\",\"Effect\":\"Allow\",\"Principal\":{\"AWS\":\"arn:aws:iam::975971611990:user/S3USER\"},\"Action\":\"s3:ListBucket\",\"Resource\":\"arn:aws:s3:::prod-cffg-documents\"},{\"Sid\":\"\",\"Effect\":\"Allow\",\"Principal\":{\"AWS\":\"arn:aws:iam::975971611990:user/S3USER\"},\"Action\":[\"s3:DeleteObject\",\"s3:GetObject\",\"s3:PutObject\"],\"Resource\":\"arn:aws:s3:::prod-cffg-documents/*\"}]}"
          },
          "sensitive_attributes": [],
          "private": "bnVsbA==",
          "dependencies": [
            "aws_kms_key.prod-kms",
            "aws_s3_bucket.prod-cffg-documents"
          ]
        }
      ]
    },
    {
      "mode": "managed",
      "type": "aws_s3_bucket_policy",
      "name": "s3-prod-cffg-policy",
      "provider": "provider[\"registry.terraform.io/hashicorp/aws\"]",
      "instances": [
        {
          "schema_version": 0,
          "attributes": {
            "bucket": "prod-cffg-logs",
            "id": "prod-cffg-logs",
            "policy": "{\"Version\":\"2012-10-17\",\"Id\":\"Policy\",\"Statement\":[{\"Effect\":\"Allow\",\"Principal\":{\"AWS\":\"arn:aws:iam::652711504416:root\"},\"Action\":\"s3:PutObject\",\"Resource\":\"arn:aws:s3:::prod-cffg-logs/prodcffg/AWSLogs/975971611990/*\"},{\"Effect\":\"Allow\",\"Principal\":{\"Service\":\"delivery.logs.amazonaws.com\"},\"Action\":\"s3:PutObject\",\"Resource\":\"arn:aws:s3:::prod-cffg-logs/prodcffg/AWSLogs/975971611990/*\",\"Condition\":{\"StringEquals\":{\"s3:x-amz-acl\":\"bucket-owner-full-control\"}}},{\"Effect\":\"Allow\",\"Principal\":{\"Service\":\"delivery.logs.amazonaws.com\"},\"Action\":\"s3:GetBucketAcl\",\"Resource\":\"arn:aws:s3:::prod-cffg-logs\"}]}"
          },
          "sensitive_attributes": [],
          "private": "bnVsbA==",
          "dependencies": [
            "aws_iam_role.prod-bcp-rep",
            "aws_kms_key.prod-kms",
            "aws_s3_bucket.prod-cffg-logs",
            "data.aws_caller_identity.current",
            "data.aws_canonical_user_id.current_user",
            "data.aws_elb_service_account.main"
          ]
        }
      ]
    },
    {
      "mode": "managed",
      "type": "aws_s3_bucket_policy",
      "name": "s3-prod-cffg-response-policy",
      "provider": "provider[\"registry.terraform.io/hashicorp/aws\"]",
      "instances": [
        {
          "schema_version": 0,
          "attributes": {
            "bucket": "prod-cffg-response",
            "id": "prod-cffg-response",
            "policy": "{\"Version\":\"2012-10-17\",\"Id\":\"Policy\",\"Statement\":[{\"Sid\":\"\",\"Effect\":\"Allow\",\"Principal\":{\"AWS\":\"arn:aws:iam::975971611990:user/S3USER\"},\"Action\":\"s3:ListBucket\",\"Resource\":\"arn:aws:s3:::prod-cffg-response\"},{\"Sid\":\"\",\"Effect\":\"Allow\",\"Principal\":{\"AWS\":\"arn:aws:iam::975971611990:user/S3USER\"},\"Action\":[\"s3:DeleteObject\",\"s3:GetObject\",\"s3:PutObject\"],\"Resource\":\"arn:aws:s3:::prod-cffg-response/*\"}]}"
          },
          "sensitive_attributes": [],
          "private": "bnVsbA==",
          "dependencies": [
            "aws_kms_key.prod-kms",
            "aws_s3_bucket.prod-cffg-response"
          ]
        }
      ]
    },
    {
      "mode": "managed",
      "type": "aws_s3_bucket_public_access_block",
      "name": "bcp-prod-cloudtrail",
      "provider": "provider[\"registry.terraform.io/hashicorp/aws\"]",
      "instances": [
        {
          "schema_version": 0,
          "attributes": {
            "block_public_acls": true,
            "block_public_policy": true,
            "bucket": "bcp-prod-cloudtrail",
            "id": "bcp-prod-cloudtrail",
            "ignore_public_acls": true,
            "restrict_public_buckets": true
          },
          "sensitive_attributes": [],
          "private": "bnVsbA==",
          "dependencies": [
            "aws_iam_role.prod-bcp-rep",
            "aws_kms_key.prod-kms",
            "aws_s3_bucket.bcp-prod-cloudtrail",
            "data.aws_caller_identity.current1"
          ]
        }
      ]
    },
    {
      "mode": "managed",
      "type": "aws_s3_bucket_public_access_block",
      "name": "prod-bce-cloudfront-logs",
      "provider": "provider[\"registry.terraform.io/hashicorp/aws\"]",
      "instances": [
        {
          "schema_version": 0,
          "attributes": {
            "block_public_acls": true,
            "block_public_policy": true,
            "bucket": "prod-bce-cloudfront-logs",
            "id": "prod-bce-cloudfront-logs",
            "ignore_public_acls": true,
            "restrict_public_buckets": true
          },
          "sensitive_attributes": [],
          "private": "bnVsbA==",
          "dependencies": [
            "aws_kms_key.prod-kms",
            "aws_s3_bucket.prod-bce-cloudfront-logs",
            "data.aws_canonical_user_id.current_user"
          ]
        }
      ]
    },
    {
      "mode": "managed",
      "type": "aws_s3_bucket_public_access_block",
      "name": "prod-bce-documents",
      "provider": "provider[\"registry.terraform.io/hashicorp/aws\"]",
      "instances": [
        {
          "schema_version": 0,
          "attributes": {
            "block_public_acls": true,
            "block_public_policy": true,
            "bucket": "prod-bce-documents",
            "id": "prod-bce-documents",
            "ignore_public_acls": true,
            "restrict_public_buckets": true
          },
          "sensitive_attributes": [],
          "private": "bnVsbA==",
          "dependencies": [
            "aws_kms_key.prod-kms",
            "aws_s3_bucket.prod-bce-documents"
          ]
        }
      ]
    },
    {
      "mode": "managed",
      "type": "aws_s3_bucket_public_access_block",
      "name": "prod-bce-logs",
      "provider": "provider[\"registry.terraform.io/hashicorp/aws\"]",
      "instances": [
        {
          "schema_version": 0,
          "attributes": {
            "block_public_acls": true,
            "block_public_policy": true,
            "bucket": "prod-bce-logs",
            "id": "prod-bce-logs",
            "ignore_public_acls": true,
            "restrict_public_buckets": true
          },
          "sensitive_attributes": [],
          "private": "bnVsbA==",
          "dependencies": [
            "aws_iam_role.prod-bcp-rep",
            "aws_kms_key.prod-kms",
            "aws_s3_bucket.prod-bce-logs",
            "data.aws_canonical_user_id.current_user"
          ]
        }
      ]
    },
    {
      "mode": "managed",
      "type": "aws_s3_bucket_public_access_block",
      "name": "prod-bce-response",
      "provider": "provider[\"registry.terraform.io/hashicorp/aws\"]",
      "instances": [
        {
          "schema_version": 0,
          "attributes": {
            "block_public_acls": true,
            "block_public_policy": true,
            "bucket": "prod-bce-response",
            "id": "prod-bce-response",
            "ignore_public_acls": true,
            "restrict_public_buckets": true
          },
          "sensitive_attributes": [],
          "private": "bnVsbA==",
          "dependencies": [
            "aws_kms_key.prod-kms",
            "aws_s3_bucket.prod-bce-response"
          ]
        }
      ]
    },
    {
      "mode": "managed",
      "type": "aws_s3_bucket_public_access_block",
      "name": "prod-bcp-cloudwatch",
      "provider": "provider[\"registry.terraform.io/hashicorp/aws\"]",
      "instances": [
        {
          "schema_version": 0,
          "attributes": {
            "block_public_acls": true,
            "block_public_policy": true,
            "bucket": "prod-bcp-cloudwatch",
            "id": "prod-bcp-cloudwatch",
            "ignore_public_acls": true,
            "restrict_public_buckets": true
          },
          "sensitive_attributes": [],
          "private": "bnVsbA==",
          "dependencies": [
            "aws_iam_role.prod-bcp-rep",
            "aws_kms_key.prod-kms",
            "aws_s3_bucket.prod-bcp-cloudwatch"
          ]
        }
      ]
    },
    {
      "mode": "managed",
      "type": "aws_s3_bucket_public_access_block",
      "name": "prod-bcp-logs",
      "provider": "provider[\"registry.terraform.io/hashicorp/aws\"]",
      "instances": [
        {
          "schema_version": 0,
          "attributes": {
            "block_public_acls": true,
            "block_public_policy": true,
            "bucket": "prod-bcp-logs",
            "id": "prod-bcp-logs",
            "ignore_public_acls": true,
            "restrict_public_buckets": true
          },
          "sensitive_attributes": [],
          "private": "bnVsbA==",
          "dependencies": [
            "aws_kms_key.prod-kms",
            "aws_s3_bucket.prod-bcp-logs",
            "data.aws_canonical_user_id.current_user"
          ]
        }
      ]
    },
    {
      "mode": "managed",
      "type": "aws_s3_bucket_public_access_block",
      "name": "prod-bcs-cloudfront-logs",
      "provider": "provider[\"registry.terraform.io/hashicorp/aws\"]",
      "instances": [
        {
          "schema_version": 0,
          "attributes": {
            "block_public_acls": true,
            "block_public_policy": true,
            "bucket": "prod-bcs-cloudfront-logs",
            "id": "prod-bcs-cloudfront-logs",
            "ignore_public_acls": true,
            "restrict_public_buckets": true
          },
          "sensitive_attributes": [],
          "private": "bnVsbA==",
          "dependencies": [
            "aws_kms_key.prod-kms",
            "aws_s3_bucket.prod-bcs-cloudfront-logs",
            "data.aws_canonical_user_id.current_user"
          ]
        }
      ]
    },
    {
      "mode": "managed",
      "type": "aws_s3_bucket_public_access_block",
      "name": "prod-bcs-documents",
      "provider": "provider[\"registry.terraform.io/hashicorp/aws\"]",
      "instances": [
        {
          "schema_version": 0,
          "attributes": {
            "block_public_acls": true,
            "block_public_policy": true,
            "bucket": "prod-bcs-documents",
            "id": "prod-bcs-documents",
            "ignore_public_acls": true,
            "restrict_public_buckets": true
          },
          "sensitive_attributes": [],
          "private": "bnVsbA==",
          "dependencies": [
            "aws_kms_key.prod-kms",
            "aws_s3_bucket.prod-bcs-documents"
          ]
        }
      ]
    },
    {
      "mode": "managed",
      "type": "aws_s3_bucket_public_access_block",
      "name": "prod-bcs-logs",
      "provider": "provider[\"registry.terraform.io/hashicorp/aws\"]",
      "instances": [
        {
          "schema_version": 0,
          "attributes": {
            "block_public_acls": true,
            "block_public_policy": true,
            "bucket": "prod-bcs-logs",
            "id": "prod-bcs-logs",
            "ignore_public_acls": true,
            "restrict_public_buckets": true
          },
          "sensitive_attributes": [],
          "private": "bnVsbA==",
          "dependencies": [
            "aws_iam_role.prod-bcp-rep",
            "aws_kms_key.prod-kms",
            "aws_s3_bucket.prod-bcs-logs",
            "data.aws_canonical_user_id.current_user"
          ]
        }
      ]
    },
    {
      "mode": "managed",
      "type": "aws_s3_bucket_public_access_block",
      "name": "prod-bcs-response",
      "provider": "provider[\"registry.terraform.io/hashicorp/aws\"]",
      "instances": [
        {
          "schema_version": 0,
          "attributes": {
            "block_public_acls": true,
            "block_public_policy": true,
            "bucket": "prod-bcs-response",
            "id": "prod-bcs-response",
            "ignore_public_acls": true,
            "restrict_public_buckets": true
          },
          "sensitive_attributes": [],
          "private": "bnVsbA==",
          "dependencies": [
            "aws_kms_key.prod-kms",
            "aws_s3_bucket.prod-bcs-response"
          ]
        }
      ]
    },
    {
      "mode": "managed",
      "type": "aws_s3_bucket_public_access_block",
      "name": "prod-bcw-cloudfront-logs",
      "provider": "provider[\"registry.terraform.io/hashicorp/aws\"]",
      "instances": [
        {
          "schema_version": 0,
          "attributes": {
            "block_public_acls": true,
            "block_public_policy": true,
            "bucket": "prod-bcw-cloudfront-logs",
            "id": "prod-bcw-cloudfront-logs",
            "ignore_public_acls": true,
            "restrict_public_buckets": true
          },
          "sensitive_attributes": [],
          "private": "bnVsbA==",
          "dependencies": [
            "aws_kms_key.prod-kms",
            "aws_s3_bucket.prod-bcw-cloudfront-logs",
            "data.aws_canonical_user_id.current_user"
          ]
        }
      ]
    },
    {
      "mode": "managed",
      "type": "aws_s3_bucket_public_access_block",
      "name": "prod-bcw-documents",
      "provider": "provider[\"registry.terraform.io/hashicorp/aws\"]",
      "instances": [
        {
          "schema_version": 0,
          "attributes": {
            "block_public_acls": true,
            "block_public_policy": true,
            "bucket": "prod-bcw-documents",
            "id": "prod-bcw-documents",
            "ignore_public_acls": true,
            "restrict_public_buckets": true
          },
          "sensitive_attributes": [],
          "private": "bnVsbA==",
          "dependencies": [
            "aws_kms_key.prod-kms",
            "aws_s3_bucket.prod-bcw-documents"
          ]
        }
      ]
    },
    {
      "mode": "managed",
      "type": "aws_s3_bucket_public_access_block",
      "name": "prod-bcw-logs",
      "provider": "provider[\"registry.terraform.io/hashicorp/aws\"]",
      "instances": [
        {
          "schema_version": 0,
          "attributes": {
            "block_public_acls": true,
            "block_public_policy": true,
            "bucket": "prod-bcw-logs",
            "id": "prod-bcw-logs",
            "ignore_public_acls": true,
            "restrict_public_buckets": true
          },
          "sensitive_attributes": [],
          "private": "bnVsbA==",
          "dependencies": [
            "aws_iam_role.prod-bcp-rep",
            "aws_kms_key.prod-kms",
            "aws_s3_bucket.prod-bcw-logs",
            "data.aws_canonical_user_id.current_user"
          ]
        }
      ]
    },
    {
      "mode": "managed",
      "type": "aws_s3_bucket_public_access_block",
      "name": "prod-bcw-response",
      "provider": "provider[\"registry.terraform.io/hashicorp/aws\"]",
      "instances": [
        {
          "schema_version": 0,
          "attributes": {
            "block_public_acls": true,
            "block_public_policy": true,
            "bucket": "prod-bcw-response",
            "id": "prod-bcw-response",
            "ignore_public_acls": true,
            "restrict_public_buckets": true
          },
          "sensitive_attributes": [],
          "private": "bnVsbA==",
          "dependencies": [
            "aws_kms_key.prod-kms",
            "aws_s3_bucket.prod-bcw-response"
          ]
        }
      ]
    },
    {
      "mode": "managed",
      "type": "aws_s3_bucket_public_access_block",
      "name": "prod-cffg-cloudfront-logs",
      "provider": "provider[\"registry.terraform.io/hashicorp/aws\"]",
      "instances": [
        {
          "schema_version": 0,
          "attributes": {
            "block_public_acls": true,
            "block_public_policy": true,
            "bucket": "prod-cffg-cloudfront-logs",
            "id": "prod-cffg-cloudfront-logs",
            "ignore_public_acls": true,
            "restrict_public_buckets": true
          },
          "sensitive_attributes": [],
          "private": "bnVsbA==",
          "dependencies": [
            "aws_kms_key.prod-kms",
            "aws_s3_bucket.prod-cffg-cloudfront-logs",
            "data.aws_canonical_user_id.current_user"
          ]
        }
      ]
    },
    {
      "mode": "managed",
      "type": "aws_s3_bucket_public_access_block",
      "name": "prod-cffg-documents",
      "provider": "provider[\"registry.terraform.io/hashicorp/aws\"]",
      "instances": [
        {
          "schema_version": 0,
          "attributes": {
            "block_public_acls": true,
            "block_public_policy": true,
            "bucket": "prod-cffg-documents",
            "id": "prod-cffg-documents",
            "ignore_public_acls": true,
            "restrict_public_buckets": true
          },
          "sensitive_attributes": [],
          "private": "bnVsbA==",
          "dependencies": [
            "aws_kms_key.prod-kms",
            "aws_s3_bucket.prod-cffg-documents"
          ]
        }
      ]
    },
    {
      "mode": "managed",
      "type": "aws_s3_bucket_public_access_block",
      "name": "prod-cffg-logs",
      "provider": "provider[\"registry.terraform.io/hashicorp/aws\"]",
      "instances": [
        {
          "schema_version": 0,
          "attributes": {
            "block_public_acls": true,
            "block_public_policy": true,
            "bucket": "prod-cffg-logs",
            "id": "prod-cffg-logs",
            "ignore_public_acls": true,
            "restrict_public_buckets": true
          },
          "sensitive_attributes": [],
          "private": "bnVsbA==",
          "dependencies": [
            "aws_iam_role.prod-bcp-rep",
            "aws_kms_key.prod-kms",
            "aws_s3_bucket.prod-cffg-logs",
            "data.aws_canonical_user_id.current_user"
          ]
        }
      ]
    },
    {
      "mode": "managed",
      "type": "aws_s3_bucket_public_access_block",
      "name": "prod-cffg-response",
      "provider": "provider[\"registry.terraform.io/hashicorp/aws\"]",
      "instances": [
        {
          "schema_version": 0,
          "attributes": {
            "block_public_acls": true,
            "block_public_policy": true,
            "bucket": "prod-cffg-response",
            "id": "prod-cffg-response",
            "ignore_public_acls": true,
            "restrict_public_buckets": true
          },
          "sensitive_attributes": [],
          "private": "bnVsbA==",
          "dependencies": [
            "aws_kms_key.prod-kms",
            "aws_s3_bucket.prod-cffg-response"
          ]
        }
      ]
    },
    {
      "mode": "managed",
      "type": "aws_security_group",
      "name": "PROD-BCE-EXTALB-SG",
      "provider": "provider[\"registry.terraform.io/hashicorp/aws\"]",
      "instances": [
        {
          "schema_version": 1,
          "attributes": {
            "arn": "arn:aws:ec2:eu-west-2:975971611990:security-group/sg-0e9c391dd83a21a00",
            "description": "Security group for the prod BCE external application load balancer",
            "egress": [
              {
                "cidr_blocks": [
                  "0.0.0.0/0"
                ],
                "description": "",
                "from_port": 0,
                "ipv6_cidr_blocks": [],
                "prefix_list_ids": [],
                "protocol": "-1",
                "security_groups": [],
                "self": false,
                "to_port": 0
              }
            ],
            "id": "sg-0e9c391dd83a21a00",
            "ingress": [
              {
                "cidr_blocks": [
                  "0.0.0.0/0"
                ],
                "description": "",
                "from_port": 443,
                "ipv6_cidr_blocks": [],
                "prefix_list_ids": [],
                "protocol": "tcp",
                "security_groups": [],
                "self": false,
                "to_port": 443
              },
              {
                "cidr_blocks": [
                  "0.0.0.0/0"
                ],
                "description": "",
                "from_port": 80,
                "ipv6_cidr_blocks": [],
                "prefix_list_ids": [],
                "protocol": "tcp",
                "security_groups": [],
                "self": false,
                "to_port": 80
              },
              {
                "cidr_blocks": [
                  "92.54.181.130/32",
                  "10.2.0.0/16"
                ],
                "description": "",
                "from_port": 8080,
                "ipv6_cidr_blocks": [],
                "prefix_list_ids": [],
                "protocol": "tcp",
                "security_groups": [],
                "self": false,
                "to_port": 8080
              }
            ],
            "name": "PROD-BCE-EXTALB-SG",
            "name_prefix": "",
            "owner_id": "975971611990",
            "revoke_rules_on_delete": false,
            "tags": {
              "Name": "PROD BCE External ALB security Group"
            },
            "tags_all": {
              "Name": "PROD BCE External ALB security Group"
            },
            "timeouts": null,
            "vpc_id": "vpc-029a5079dd9c90d0a"
          },
          "sensitive_attributes": [],
          "private": "eyJlMmJmYjczMC1lY2FhLTExZTYtOGY4OC0zNDM2M2JjN2M0YzAiOnsiY3JlYXRlIjo2MDAwMDAwMDAwMDAsImRlbGV0ZSI6OTAwMDAwMDAwMDAwfSwic2NoZW1hX3ZlcnNpb24iOiIxIn0=",
          "dependencies": [
            "aws_vpc.prod-default"
          ],
          "create_before_destroy": true
        }
      ]
    },
    {
      "mode": "managed",
      "type": "aws_security_group",
      "name": "PROD-BCS-EXTALB-SG",
      "provider": "provider[\"registry.terraform.io/hashicorp/aws\"]",
      "instances": [
        {
          "schema_version": 1,
          "attributes": {
            "arn": "arn:aws:ec2:eu-west-2:975971611990:security-group/sg-0a3f92f1fd8780e01",
            "description": "Security group for the prod BCS external application load balancer",
            "egress": [
              {
                "cidr_blocks": [
                  "0.0.0.0/0"
                ],
                "description": "",
                "from_port": 0,
                "ipv6_cidr_blocks": [],
                "prefix_list_ids": [],
                "protocol": "-1",
                "security_groups": [],
                "self": false,
                "to_port": 0
              }
            ],
            "id": "sg-0a3f92f1fd8780e01",
            "ingress": [
              {
                "cidr_blocks": [
                  "0.0.0.0/0"
                ],
                "description": "",
                "from_port": 443,
                "ipv6_cidr_blocks": [],
                "prefix_list_ids": [],
                "protocol": "tcp",
                "security_groups": [],
                "self": false,
                "to_port": 443
              },
              {
                "cidr_blocks": [
                  "0.0.0.0/0"
                ],
                "description": "",
                "from_port": 80,
                "ipv6_cidr_blocks": [],
                "prefix_list_ids": [],
                "protocol": "tcp",
                "security_groups": [],
                "self": false,
                "to_port": 80
              },
              {
                "cidr_blocks": [
                  "92.54.181.130/32",
                  "10.2.0.0/16"
                ],
                "description": "",
                "from_port": 8080,
                "ipv6_cidr_blocks": [],
                "prefix_list_ids": [],
                "protocol": "tcp",
                "security_groups": [],
                "self": false,
                "to_port": 8080
              }
            ],
            "name": "PROD-BCS-EXT-SG",
            "name_prefix": "",
            "owner_id": "975971611990",
            "revoke_rules_on_delete": false,
            "tags": {
              "Name": "PROD BCS External ALB security Group"
            },
            "tags_all": {
              "Name": "PROD BCS External ALB security Group"
            },
            "timeouts": null,
            "vpc_id": "vpc-029a5079dd9c90d0a"
          },
          "sensitive_attributes": [],
          "private": "eyJlMmJmYjczMC1lY2FhLTExZTYtOGY4OC0zNDM2M2JjN2M0YzAiOnsiY3JlYXRlIjo2MDAwMDAwMDAwMDAsImRlbGV0ZSI6OTAwMDAwMDAwMDAwfSwic2NoZW1hX3ZlcnNpb24iOiIxIn0=",
          "dependencies": [
            "aws_vpc.prod-default"
          ],
          "create_before_destroy": true
        }
      ]
    },
    {
      "mode": "managed",
      "type": "aws_security_group",
      "name": "PROD-BCW-EXTALB-SG",
      "provider": "provider[\"registry.terraform.io/hashicorp/aws\"]",
      "instances": [
        {
          "schema_version": 1,
          "attributes": {
            "arn": "arn:aws:ec2:eu-west-2:975971611990:security-group/sg-065ce2fbccd13c76c",
            "description": "Security group for the prod BCW external application load balancer",
            "egress": [
              {
                "cidr_blocks": [
                  "0.0.0.0/0"
                ],
                "description": "",
                "from_port": 0,
                "ipv6_cidr_blocks": [],
                "prefix_list_ids": [],
                "protocol": "-1",
                "security_groups": [],
                "self": false,
                "to_port": 0
              }
            ],
            "id": "sg-065ce2fbccd13c76c",
            "ingress": [
              {
                "cidr_blocks": [
                  "0.0.0.0/0"
                ],
                "description": "",
                "from_port": 443,
                "ipv6_cidr_blocks": [],
                "prefix_list_ids": [],
                "protocol": "tcp",
                "security_groups": [],
                "self": false,
                "to_port": 443
              },
              {
                "cidr_blocks": [
                  "0.0.0.0/0"
                ],
                "description": "",
                "from_port": 80,
                "ipv6_cidr_blocks": [],
                "prefix_list_ids": [],
                "protocol": "tcp",
                "security_groups": [],
                "self": false,
                "to_port": 80
              },
              {
                "cidr_blocks": [
                  "92.54.181.130/32",
                  "10.2.0.0/16"
                ],
                "description": "",
                "from_port": 8080,
                "ipv6_cidr_blocks": [],
                "prefix_list_ids": [],
                "protocol": "tcp",
                "security_groups": [],
                "self": false,
                "to_port": 8080
              }
            ],
            "name": "PROD-BCW-EXTALB-SG",
            "name_prefix": "",
            "owner_id": "975971611990",
            "revoke_rules_on_delete": false,
            "tags": {
              "Name": "PROD BCW External ALB security Group"
            },
            "tags_all": {
              "Name": "PROD BCW External ALB security Group"
            },
            "timeouts": null,
            "vpc_id": "vpc-029a5079dd9c90d0a"
          },
          "sensitive_attributes": [],
          "private": "eyJlMmJmYjczMC1lY2FhLTExZTYtOGY4OC0zNDM2M2JjN2M0YzAiOnsiY3JlYXRlIjo2MDAwMDAwMDAwMDAsImRlbGV0ZSI6OTAwMDAwMDAwMDAwfSwic2NoZW1hX3ZlcnNpb24iOiIxIn0=",
          "dependencies": [
            "aws_vpc.prod-default"
          ],
          "create_before_destroy": true
        }
      ]
    },
    {
      "mode": "managed",
      "type": "aws_security_group",
      "name": "PROD-CFFG-EXTALB-SG",
      "provider": "provider[\"registry.terraform.io/hashicorp/aws\"]",
      "instances": [
        {
          "schema_version": 1,
          "attributes": {
            "arn": "arn:aws:ec2:eu-west-2:975971611990:security-group/sg-074f4b9a0fcdb1041",
            "description": "Security group for the prod CFFG external application load balancer",
            "egress": [
              {
                "cidr_blocks": [
                  "0.0.0.0/0"
                ],
                "description": "",
                "from_port": 0,
                "ipv6_cidr_blocks": [],
                "prefix_list_ids": [],
                "protocol": "-1",
                "security_groups": [],
                "self": false,
                "to_port": 0
              }
            ],
            "id": "sg-074f4b9a0fcdb1041",
            "ingress": [
              {
                "cidr_blocks": [
                  "0.0.0.0/0"
                ],
                "description": "",
                "from_port": 443,
                "ipv6_cidr_blocks": [],
                "prefix_list_ids": [],
                "protocol": "tcp",
                "security_groups": [],
                "self": false,
                "to_port": 443
              },
              {
                "cidr_blocks": [
                  "0.0.0.0/0"
                ],
                "description": "",
                "from_port": 80,
                "ipv6_cidr_blocks": [],
                "prefix_list_ids": [],
                "protocol": "tcp",
                "security_groups": [],
                "self": false,
                "to_port": 80
              },
              {
                "cidr_blocks": [
                  "92.54.181.130/32",
                  "10.2.0.0/16"
                ],
                "description": "",
                "from_port": 8080,
                "ipv6_cidr_blocks": [],
                "prefix_list_ids": [],
                "protocol": "tcp",
                "security_groups": [],
                "self": false,
                "to_port": 8080
              }
            ],
            "name": "PROD-CFFG-EXTALB-SG",
            "name_prefix": "",
            "owner_id": "975971611990",
            "revoke_rules_on_delete": false,
            "tags": {
              "Name": "PROD CFFG External ALB security Group"
            },
            "tags_all": {
              "Name": "PROD CFFG External ALB security Group"
            },
            "timeouts": null,
            "vpc_id": "vpc-029a5079dd9c90d0a"
          },
          "sensitive_attributes": [],
          "private": "eyJlMmJmYjczMC1lY2FhLTExZTYtOGY4OC0zNDM2M2JjN2M0YzAiOnsiY3JlYXRlIjo2MDAwMDAwMDAwMDAsImRlbGV0ZSI6OTAwMDAwMDAwMDAwfSwic2NoZW1hX3ZlcnNpb24iOiIxIn0=",
          "dependencies": [
            "aws_vpc.prod-default"
          ],
          "create_before_destroy": true
        }
      ]
    },
    {
      "mode": "managed",
      "type": "aws_security_group",
      "name": "PROD-EC2-APP-SG",
      "provider": "provider[\"registry.terraform.io/hashicorp/aws\"]",
      "instances": [
        {
          "schema_version": 1,
          "attributes": {
            "arn": "arn:aws:ec2:eu-west-2:975971611990:security-group/sg-07ff10bc20e1fb538",
            "description": "Security group for the prod BCE internal application load balancer",
            "egress": [
              {
                "cidr_blocks": [
                  "0.0.0.0/0"
                ],
                "description": "",
                "from_port": 0,
                "ipv6_cidr_blocks": [],
                "prefix_list_ids": [],
                "protocol": "-1",
                "security_groups": [],
                "self": false,
                "to_port": 0
              }
            ],
            "id": "sg-07ff10bc20e1fb538",
            "ingress": [
              {
                "cidr_blocks": [],
                "description": "HTTP Access",
                "from_port": 80,
                "ipv6_cidr_blocks": [],
                "prefix_list_ids": [],
                "protocol": "tcp",
                "security_groups": [
                  "sg-065ce2fbccd13c76c",
                  "sg-074f4b9a0fcdb1041",
                  "sg-0a3f92f1fd8780e01",
                  "sg-0e9c391dd83a21a00"
                ],
                "self": false,
                "to_port": 80
              },
              {
                "cidr_blocks": [],
                "description": "SSH Access from bastion",
                "from_port": 22,
                "ipv6_cidr_blocks": [],
                "prefix_list_ids": [],
                "protocol": "tcp",
                "security_groups": [
                  "sg-042a8e4dae163c572"
                ],
                "self": false,
                "to_port": 22
              }
            ],
            "name": "PROD-EC2-APP-SG",
            "name_prefix": "",
            "owner_id": "975971611990",
            "revoke_rules_on_delete": false,
            "tags": {
              "Name": "PROD EC2 Application security Group"
            },
            "tags_all": {
              "Name": "PROD EC2 Application security Group"
            },
            "timeouts": null,
            "vpc_id": "vpc-029a5079dd9c90d0a"
          },
          "sensitive_attributes": [],
          "private": "eyJlMmJmYjczMC1lY2FhLTExZTYtOGY4OC0zNDM2M2JjN2M0YzAiOnsiY3JlYXRlIjo2MDAwMDAwMDAwMDAsImRlbGV0ZSI6OTAwMDAwMDAwMDAwfSwic2NoZW1hX3ZlcnNpb24iOiIxIn0=",
          "dependencies": [
            "aws_security_group.PROD-BCE-EXTALB-SG",
            "aws_security_group.PROD-BCS-EXTALB-SG",
            "aws_security_group.PROD-BCW-EXTALB-SG",
            "aws_security_group.PROD-CFFG-EXTALB-SG",
            "aws_security_group.allow_ssh",
            "aws_vpc.prod-default"
          ],
          "create_before_destroy": true
        }
      ]
    },
    {
      "mode": "managed",
      "type": "aws_security_group",
      "name": "PROD-EC2-MAP-SG",
      "provider": "provider[\"registry.terraform.io/hashicorp/aws\"]",
      "instances": [
        {
          "schema_version": 1,
          "attributes": {
            "arn": "arn:aws:ec2:eu-west-2:975971611990:security-group/sg-0fcfb94c73fec9acd",
            "description": "Security group for the prod mapping server",
            "egress": [
              {
                "cidr_blocks": [
                  "0.0.0.0/0"
                ],
                "description": "",
                "from_port": 0,
                "ipv6_cidr_blocks": [],
                "prefix_list_ids": [],
                "protocol": "-1",
                "security_groups": [],
                "self": false,
                "to_port": 0
              }
            ],
            "id": "sg-0fcfb94c73fec9acd",
            "ingress": [
              {
                "cidr_blocks": [],
                "description": "22 from bastion access",
                "from_port": 22,
                "ipv6_cidr_blocks": [],
                "prefix_list_ids": [],
                "protocol": "tcp",
                "security_groups": [
                  "sg-042a8e4dae163c572"
                ],
                "self": false,
                "to_port": 22
              },
              {
                "cidr_blocks": [],
                "description": "80 Access",
                "from_port": 80,
                "ipv6_cidr_blocks": [],
                "prefix_list_ids": [],
                "protocol": "tcp",
                "security_groups": [
                  "sg-065ce2fbccd13c76c"
                ],
                "self": false,
                "to_port": 80
              },
              {
                "cidr_blocks": [],
                "description": "80 Access",
                "from_port": 80,
                "ipv6_cidr_blocks": [],
                "prefix_list_ids": [],
                "protocol": "tcp",
                "security_groups": [
                  "sg-074f4b9a0fcdb1041"
                ],
                "self": false,
                "to_port": 80
              },
              {
                "cidr_blocks": [],
                "description": "80 Access",
                "from_port": 80,
                "ipv6_cidr_blocks": [],
                "prefix_list_ids": [],
                "protocol": "tcp",
                "security_groups": [
                  "sg-0a3f92f1fd8780e01"
                ],
                "self": false,
                "to_port": 80
              },
              {
                "cidr_blocks": [],
                "description": "80 Access",
                "from_port": 80,
                "ipv6_cidr_blocks": [],
                "prefix_list_ids": [],
                "protocol": "tcp",
                "security_groups": [
                  "sg-0e9c391dd83a21a00"
                ],
                "self": false,
                "to_port": 80
              },
              {
                "cidr_blocks": [],
                "description": "8080 Access",
                "from_port": 8080,
                "ipv6_cidr_blocks": [],
                "prefix_list_ids": [],
                "protocol": "tcp",
                "security_groups": [
                  "sg-065ce2fbccd13c76c"
                ],
                "self": false,
                "to_port": 8080
              },
              {
                "cidr_blocks": [],
                "description": "8080 Access",
                "from_port": 8080,
                "ipv6_cidr_blocks": [],
                "prefix_list_ids": [],
                "protocol": "tcp",
                "security_groups": [
                  "sg-074f4b9a0fcdb1041"
                ],
                "self": false,
                "to_port": 8080
              },
              {
                "cidr_blocks": [],
                "description": "8080 Access",
                "from_port": 8080,
                "ipv6_cidr_blocks": [],
                "prefix_list_ids": [],
                "protocol": "tcp",
                "security_groups": [
                  "sg-0a3f92f1fd8780e01"
                ],
                "self": false,
                "to_port": 8080
              },
              {
                "cidr_blocks": [],
                "description": "8080 Access",
                "from_port": 8080,
                "ipv6_cidr_blocks": [],
                "prefix_list_ids": [],
                "protocol": "tcp",
                "security_groups": [
                  "sg-0e9c391dd83a21a00"
                ],
                "self": false,
                "to_port": 8080
              }
            ],
            "name": "PROD-EC2-MAP-SG",
            "name_prefix": "",
            "owner_id": "975971611990",
            "revoke_rules_on_delete": false,
            "tags": {
              "Name": "PROD EC2 Mapping security Group"
            },
            "tags_all": {
              "Name": "PROD EC2 Mapping security Group"
            },
            "timeouts": null,
            "vpc_id": "vpc-029a5079dd9c90d0a"
          },
          "sensitive_attributes": [],
          "private": "eyJlMmJmYjczMC1lY2FhLTExZTYtOGY4OC0zNDM2M2JjN2M0YzAiOnsiY3JlYXRlIjo2MDAwMDAwMDAwMDAsImRlbGV0ZSI6OTAwMDAwMDAwMDAwfSwic2NoZW1hX3ZlcnNpb24iOiIxIn0=",
          "dependencies": [
            "aws_security_group.PROD-BCE-EXTALB-SG",
            "aws_security_group.PROD-BCS-EXTALB-SG",
            "aws_security_group.PROD-BCW-EXTALB-SG",
            "aws_security_group.PROD-CFFG-EXTALB-SG",
            "aws_security_group.allow_ssh",
            "aws_vpc.prod-default"
          ],
          "create_before_destroy": true
        }
      ]
    },
    {
      "mode": "managed",
      "type": "aws_security_group",
      "name": "PROD-RDS-SG",
      "provider": "provider[\"registry.terraform.io/hashicorp/aws\"]",
      "instances": [
        {
          "schema_version": 1,
          "attributes": {
            "arn": "arn:aws:ec2:eu-west-2:975971611990:security-group/sg-092cdfe0c3c82c169",
            "description": "Security group for the prod mapping server",
            "egress": [
              {
                "cidr_blocks": [
                  "0.0.0.0/0"
                ],
                "description": "",
                "from_port": 0,
                "ipv6_cidr_blocks": [],
                "prefix_list_ids": [],
                "protocol": "-1",
                "security_groups": [],
                "self": false,
                "to_port": 0
              }
            ],
            "id": "sg-092cdfe0c3c82c169",
            "ingress": [
              {
                "cidr_blocks": [],
                "description": "",
                "from_port": 3306,
                "ipv6_cidr_blocks": [],
                "prefix_list_ids": [],
                "protocol": "tcp",
                "security_groups": [
                  "sg-07ff10bc20e1fb538"
                ],
                "self": false,
                "to_port": 3306
              },
              {
                "cidr_blocks": [],
                "description": "",
                "from_port": 3306,
                "ipv6_cidr_blocks": [],
                "prefix_list_ids": [],
                "protocol": "tcp",
                "security_groups": [
                  "sg-0fcfb94c73fec9acd"
                ],
                "self": false,
                "to_port": 3306
              }
            ],
            "name": "PROD-RDS-SG",
            "name_prefix": "",
            "owner_id": "975971611990",
            "revoke_rules_on_delete": false,
            "tags": {
              "Name": "PROD RDS security Group"
            },
            "tags_all": {
              "Name": "PROD RDS security Group"
            },
            "timeouts": null,
            "vpc_id": "vpc-029a5079dd9c90d0a"
          },
          "sensitive_attributes": [],
          "private": "eyJlMmJmYjczMC1lY2FhLTExZTYtOGY4OC0zNDM2M2JjN2M0YzAiOnsiY3JlYXRlIjo2MDAwMDAwMDAwMDAsImRlbGV0ZSI6OTAwMDAwMDAwMDAwfSwic2NoZW1hX3ZlcnNpb24iOiIxIn0=",
          "dependencies": [
            "aws_security_group.PROD-BCE-EXTALB-SG",
            "aws_security_group.PROD-BCS-EXTALB-SG",
            "aws_security_group.PROD-BCW-EXTALB-SG",
            "aws_security_group.PROD-CFFG-EXTALB-SG",
            "aws_security_group.PROD-EC2-APP-SG",
            "aws_security_group.PROD-EC2-MAP-SG",
            "aws_security_group.allow_ssh",
            "aws_vpc.prod-default"
          ]
        }
      ]
    },
    {
      "mode": "managed",
      "type": "aws_security_group",
      "name": "allow_ssh",
      "provider": "provider[\"registry.terraform.io/hashicorp/aws\"]",
      "instances": [
        {
          "schema_version": 1,
          "attributes": {
            "arn": "arn:aws:ec2:eu-west-2:975971611990:security-group/sg-042a8e4dae163c572",
            "description": "Security group for prod bastion server SSH access",
            "egress": [
              {
                "cidr_blocks": [
                  "0.0.0.0/0"
                ],
                "description": "",
                "from_port": 0,
                "ipv6_cidr_blocks": [],
                "prefix_list_ids": [],
                "protocol": "-1",
                "security_groups": [],
                "self": false,
                "to_port": 0
              }
            ],
            "id": "sg-042a8e4dae163c572",
            "ingress": [
              {
                "cidr_blocks": [
                  "5.148.32.192/26",
                  "5.148.69.16/28",
                  "31.221.110.80/29",
                  "154.51.64.64/27",
                  "154.51.128.224/27",
                  "167.98.1.160/28",
                  "167.98.25.176/28",
                  "167.98.200.192/27",
                  "195.95.131.0/24"
                ],
                "description": "NCC Temp SSH access",
                "from_port": 22,
                "ipv6_cidr_blocks": [],
                "prefix_list_ids": [],
                "protocol": "tcp",
                "security_groups": [],
                "self": false,
                "to_port": 22
              },
              {
                "cidr_blocks": [
                  "92.54.181.130/32"
                ],
                "description": "HTTP access",
                "from_port": 80,
                "ipv6_cidr_blocks": [],
                "prefix_list_ids": [],
                "protocol": "tcp",
                "security_groups": [],
                "self": false,
                "to_port": 80
              },
              {
                "cidr_blocks": [
                  "92.54.181.130/32"
                ],
                "description": "HTTPS access",
                "from_port": 443,
                "ipv6_cidr_blocks": [],
                "prefix_list_ids": [],
                "protocol": "tcp",
                "security_groups": [],
                "self": false,
                "to_port": 443
              },
              {
                "cidr_blocks": [
                  "92.54.181.130/32"
                ],
                "description": "SSH access",
                "from_port": 22,
                "ipv6_cidr_blocks": [],
                "prefix_list_ids": [],
                "protocol": "tcp",
                "security_groups": [],
                "self": false,
                "to_port": 22
              }
            ],
            "name": "PROD-PUBLIC-BASTION-SG",
            "name_prefix": "",
            "owner_id": "975971611990",
            "revoke_rules_on_delete": false,
            "tags": {
              "Name": "PROD Bastion security Group"
            },
            "tags_all": {
              "Name": "PROD Bastion security Group"
            },
            "timeouts": null,
            "vpc_id": "vpc-029a5079dd9c90d0a"
          },
          "sensitive_attributes": [],
          "private": "eyJlMmJmYjczMC1lY2FhLTExZTYtOGY4OC0zNDM2M2JjN2M0YzAiOnsiY3JlYXRlIjo2MDAwMDAwMDAwMDAsImRlbGV0ZSI6OTAwMDAwMDAwMDAwfSwic2NoZW1hX3ZlcnNpb24iOiIxIn0=",
          "dependencies": [
            "aws_vpc.prod-default"
          ],
          "create_before_destroy": true
        }
      ]
    },
    {
      "mode": "managed",
      "type": "aws_sns_topic",
      "name": "prod-cloudwatch-alerts",
      "provider": "provider[\"registry.terraform.io/hashicorp/aws\"]",
      "instances": [
        {
          "schema_version": 0,
          "attributes": {
            "application_failure_feedback_role_arn": "",
            "application_success_feedback_role_arn": "",
            "application_success_feedback_sample_rate": null,
            "arn": "arn:aws:sns:eu-west-2:975971611990:PROD-CloudWatch-Alerts",
            "content_based_deduplication": false,
            "delivery_policy": "",
            "display_name": "",
            "fifo_topic": false,
            "firehose_failure_feedback_role_arn": "",
            "firehose_success_feedback_role_arn": "",
            "firehose_success_feedback_sample_rate": null,
            "http_failure_feedback_role_arn": "",
            "http_success_feedback_role_arn": "",
            "http_success_feedback_sample_rate": null,
            "id": "arn:aws:sns:eu-west-2:975971611990:PROD-CloudWatch-Alerts",
            "kms_master_key_id": "",
            "lambda_failure_feedback_role_arn": "",
            "lambda_success_feedback_role_arn": "",
            "lambda_success_feedback_sample_rate": null,
            "name": "PROD-CloudWatch-Alerts",
            "name_prefix": "",
            "owner": "975971611990",
            "policy": "{\"Version\":\"2008-10-17\",\"Id\":\"__default_policy_ID\",\"Statement\":[{\"Sid\":\"__default_statement_ID\",\"Effect\":\"Allow\",\"Principal\":{\"AWS\":\"*\"},\"Action\":[\"SNS:GetTopicAttributes\",\"SNS:SetTopicAttributes\",\"SNS:AddPermission\",\"SNS:RemovePermission\",\"SNS:DeleteTopic\",\"SNS:Subscribe\",\"SNS:ListSubscriptionsByTopic\",\"SNS:Publish\",\"SNS:Receive\"],\"Resource\":\"arn:aws:sns:eu-west-2:975971611990:PROD-CloudWatch-Alerts\",\"Condition\":{\"StringEquals\":{\"AWS:SourceOwner\":\"975971611990\"}}}]}",
            "sqs_failure_feedback_role_arn": "",
            "sqs_success_feedback_role_arn": "",
            "sqs_success_feedback_sample_rate": null,
            "tags": {},
            "tags_all": {}
          },
          "sensitive_attributes": [],
          "private": "bnVsbA=="
        }
      ]
    },
    {
      "mode": "managed",
      "type": "aws_sns_topic_subscription",
      "name": "prod_sns_subsctiption",
      "provider": "provider[\"registry.terraform.io/hashicorp/aws\"]",
      "instances": [
        {
          "schema_version": 0,
          "attributes": {
            "arn": "arn:aws:sns:eu-west-2:975971611990:PROD-CloudWatch-Alerts:c92df88b-578f-49a8-9c82-3c38252fe261",
            "confirmation_timeout_in_minutes": 1,
            "confirmation_was_authenticated": false,
            "delivery_policy": "",
            "endpoint": "issupport-co@informed.com",
            "endpoint_auto_confirms": false,
            "filter_policy": "",
            "id": "arn:aws:sns:eu-west-2:975971611990:PROD-CloudWatch-Alerts:c92df88b-578f-49a8-9c82-3c38252fe261",
            "owner_id": "975971611990",
            "pending_confirmation": false,
            "protocol": "email",
            "raw_message_delivery": false,
            "redrive_policy": "",
            "subscription_role_arn": "",
            "topic_arn": "arn:aws:sns:eu-west-2:975971611990:PROD-CloudWatch-Alerts"
          },
          "sensitive_attributes": [],
          "private": "bnVsbA==",
          "dependencies": [
            "aws_sns_topic.prod-cloudwatch-alerts"
          ]
        }
      ]
    },
    {
      "mode": "managed",
      "type": "aws_subnet",
      "name": "prod-private",
      "provider": "provider[\"registry.terraform.io/hashicorp/aws\"]",
      "instances": [
        {
          "index_key": 0,
          "schema_version": 1,
          "attributes": {
            "arn": "arn:aws:ec2:eu-west-2:975971611990:subnet/subnet-0a4554d7313b8bd33",
            "assign_ipv6_address_on_creation": false,
            "availability_zone": "eu-west-2a",
            "availability_zone_id": "euw2-az2",
            "cidr_block": "10.2.1.0/24",
            "customer_owned_ipv4_pool": "",
            "id": "subnet-0a4554d7313b8bd33",
            "ipv6_cidr_block": "",
            "ipv6_cidr_block_association_id": "",
            "map_customer_owned_ip_on_launch": false,
            "map_public_ip_on_launch": false,
            "outpost_arn": "",
            "owner_id": "975971611990",
            "tags": {
              "Name": "PROD-PRIVATE-SUB1"
            },
            "tags_all": {
              "Name": "PROD-PRIVATE-SUB1"
            },
            "timeouts": null,
            "vpc_id": "vpc-029a5079dd9c90d0a"
          },
          "sensitive_attributes": [],
          "private": "eyJlMmJmYjczMC1lY2FhLTExZTYtOGY4OC0zNDM2M2JjN2M0YzAiOnsiY3JlYXRlIjo2MDAwMDAwMDAwMDAsImRlbGV0ZSI6MTIwMDAwMDAwMDAwMH0sInNjaGVtYV92ZXJzaW9uIjoiMSJ9",
          "dependencies": [
            "aws_vpc.prod-default"
          ],
          "create_before_destroy": true
        },
        {
          "index_key": 1,
          "schema_version": 1,
          "attributes": {
            "arn": "arn:aws:ec2:eu-west-2:975971611990:subnet/subnet-0551d6a61d230bc74",
            "assign_ipv6_address_on_creation": false,
            "availability_zone": "eu-west-2b",
            "availability_zone_id": "euw2-az3",
            "cidr_block": "10.2.3.0/24",
            "customer_owned_ipv4_pool": "",
            "id": "subnet-0551d6a61d230bc74",
            "ipv6_cidr_block": "",
            "ipv6_cidr_block_association_id": "",
            "map_customer_owned_ip_on_launch": false,
            "map_public_ip_on_launch": false,
            "outpost_arn": "",
            "owner_id": "975971611990",
            "tags": {
              "Name": "PROD-PRIVATE-SUB2"
            },
            "tags_all": {
              "Name": "PROD-PRIVATE-SUB2"
            },
            "timeouts": null,
            "vpc_id": "vpc-029a5079dd9c90d0a"
          },
          "sensitive_attributes": [],
          "private": "eyJlMmJmYjczMC1lY2FhLTExZTYtOGY4OC0zNDM2M2JjN2M0YzAiOnsiY3JlYXRlIjo2MDAwMDAwMDAwMDAsImRlbGV0ZSI6MTIwMDAwMDAwMDAwMH0sInNjaGVtYV92ZXJzaW9uIjoiMSJ9",
          "dependencies": [
            "aws_vpc.prod-default"
          ],
          "create_before_destroy": true
        }
      ]
    },
    {
      "mode": "managed",
      "type": "aws_subnet",
      "name": "prod-public",
      "provider": "provider[\"registry.terraform.io/hashicorp/aws\"]",
      "instances": [
        {
          "index_key": 0,
          "schema_version": 1,
          "attributes": {
            "arn": "arn:aws:ec2:eu-west-2:975971611990:subnet/subnet-04b38ea46fd33e82a",
            "assign_ipv6_address_on_creation": false,
            "availability_zone": "eu-west-2a",
            "availability_zone_id": "euw2-az2",
            "cidr_block": "10.2.0.0/24",
            "customer_owned_ipv4_pool": "",
            "id": "subnet-04b38ea46fd33e82a",
            "ipv6_cidr_block": "",
            "ipv6_cidr_block_association_id": "",
            "map_customer_owned_ip_on_launch": false,
            "map_public_ip_on_launch": false,
            "outpost_arn": "",
            "owner_id": "975971611990",
            "tags": {
              "Name": "PROD-PUBLIC-SUB1"
            },
            "tags_all": {
              "Name": "PROD-PUBLIC-SUB1"
            },
            "timeouts": null,
            "vpc_id": "vpc-029a5079dd9c90d0a"
          },
          "sensitive_attributes": [],
          "private": "eyJlMmJmYjczMC1lY2FhLTExZTYtOGY4OC0zNDM2M2JjN2M0YzAiOnsiY3JlYXRlIjo2MDAwMDAwMDAwMDAsImRlbGV0ZSI6MTIwMDAwMDAwMDAwMH0sInNjaGVtYV92ZXJzaW9uIjoiMSJ9",
          "dependencies": [
            "aws_vpc.prod-default"
          ]
        },
        {
          "index_key": 1,
          "schema_version": 1,
          "attributes": {
            "arn": "arn:aws:ec2:eu-west-2:975971611990:subnet/subnet-0721e608cda26fc90",
            "assign_ipv6_address_on_creation": false,
            "availability_zone": "eu-west-2b",
            "availability_zone_id": "euw2-az3",
            "cidr_block": "10.2.2.0/24",
            "customer_owned_ipv4_pool": "",
            "id": "subnet-0721e608cda26fc90",
            "ipv6_cidr_block": "",
            "ipv6_cidr_block_association_id": "",
            "map_customer_owned_ip_on_launch": false,
            "map_public_ip_on_launch": false,
            "outpost_arn": "",
            "owner_id": "975971611990",
            "tags": {
              "Name": "PROD-PUBLIC-SUB2"
            },
            "tags_all": {
              "Name": "PROD-PUBLIC-SUB2"
            },
            "timeouts": null,
            "vpc_id": "vpc-029a5079dd9c90d0a"
          },
          "sensitive_attributes": [],
          "private": "eyJlMmJmYjczMC1lY2FhLTExZTYtOGY4OC0zNDM2M2JjN2M0YzAiOnsiY3JlYXRlIjo2MDAwMDAwMDAwMDAsImRlbGV0ZSI6MTIwMDAwMDAwMDAwMH0sInNjaGVtYV92ZXJzaW9uIjoiMSJ9",
          "dependencies": [
            "aws_vpc.prod-default"
          ]
        }
      ]
    },
    {
      "mode": "managed",
      "type": "aws_vpc",
      "name": "prod-default",
      "provider": "provider[\"registry.terraform.io/hashicorp/aws\"]",
      "instances": [
        {
          "schema_version": 1,
          "attributes": {
            "arn": "arn:aws:ec2:eu-west-2:975971611990:vpc/vpc-029a5079dd9c90d0a",
            "assign_generated_ipv6_cidr_block": false,
            "cidr_block": "10.2.0.0/16",
            "default_network_acl_id": "acl-03be66ecd3abc66c9",
            "default_route_table_id": "rtb-0ab86549b49e105a7",
            "default_security_group_id": "sg-016f6c5000f194808",
            "dhcp_options_id": "dopt-b2886bdb",
            "enable_classiclink": null,
            "enable_classiclink_dns_support": null,
            "enable_dns_hostnames": true,
            "enable_dns_support": true,
            "id": "vpc-029a5079dd9c90d0a",
            "instance_tenancy": "default",
            "ipv6_association_id": "",
            "ipv6_cidr_block": "",
            "main_route_table_id": "rtb-0ab86549b49e105a7",
            "owner_id": "975971611990",
            "tags": {
              "Name": "PROD-VPC"
            },
            "tags_all": {
              "Name": "PROD-VPC"
            }
          },
          "sensitive_attributes": [],
          "private": "eyJzY2hlbWFfdmVyc2lvbiI6IjEifQ==",
          "create_before_destroy": true
        }
      ]
    },
    {
      "mode": "managed",
      "type": "aws_waf_ipset",
      "name": "prod-bce-waf-ip",
      "provider": "provider[\"registry.terraform.io/hashicorp/aws\"]",
      "instances": [
        {
          "schema_version": 0,
          "attributes": {
            "arn": "arn:aws:waf::975971611990:ipset/92faf90a-0194-4155-888b-5bfc43a474a8",
            "id": "92faf90a-0194-4155-888b-5bfc43a474a8",
            "ip_set_descriptors": [
              {
                "type": "IPV4",
                "value": "213.160.107.50/32"
              },
              {
                "type": "IPV4",
                "value": "92.54.181.130/32"
              }
            ],
            "name": "prod-bce-waf-ip"
          },
          "sensitive_attributes": [],
          "private": "bnVsbA=="
        }
      ]
    },
    {
      "mode": "managed",
      "type": "aws_waf_ipset",
      "name": "prod-bcs-waf-ip",
      "provider": "provider[\"registry.terraform.io/hashicorp/aws\"]",
      "instances": [
        {
          "schema_version": 0,
          "attributes": {
            "arn": "arn:aws:waf::975971611990:ipset/4b73439e-a5e8-4b7b-b262-36c5e1fd88f4",
            "id": "4b73439e-a5e8-4b7b-b262-36c5e1fd88f4",
            "ip_set_descriptors": [
              {
                "type": "IPV4",
                "value": "164.134.1.133/32"
              },
              {
                "type": "IPV4",
                "value": "164.134.2.0/24"
              },
              {
                "type": "IPV4",
                "value": "164.134.2.12/32"
              },
              {
                "type": "IPV4",
                "value": "164.134.2.3/32"
              },
              {
                "type": "IPV4",
                "value": "164.134.2.67/32"
              },
              {
                "type": "IPV4",
                "value": "164.134.3.132/32"
              },
              {
                "type": "IPV4",
                "value": "164.134.6.220/32"
              },
              {
                "type": "IPV4",
                "value": "164.134.6.244/32"
              },
              {
                "type": "IPV4",
                "value": "213.160.107.50/32"
              },
              {
                "type": "IPV4",
                "value": "92.54.181.130/32"
              }
            ],
            "name": "prod-bcs-waf-ip"
          },
          "sensitive_attributes": [],
          "private": "bnVsbA=="
        }
      ]
    },
    {
      "mode": "managed",
      "type": "aws_waf_ipset",
      "name": "prod-bcw-waf-ip",
      "provider": "provider[\"registry.terraform.io/hashicorp/aws\"]",
      "instances": [
        {
          "schema_version": 0,
          "attributes": {
            "arn": "arn:aws:waf::975971611990:ipset/caf9cc3b-56d5-4687-97c3-b6158c9bfff5",
            "id": "caf9cc3b-56d5-4687-97c3-b6158c9bfff5",
            "ip_set_descriptors": [
              {
                "type": "IPV4",
                "value": "147.161.166.0/24"
              },
              {
                "type": "IPV4",
                "value": "165.225.196.0/24"
              },
              {
                "type": "IPV4",
                "value": "165.225.197.0/24"
              },
              {
                "type": "IPV4",
                "value": "165.225.198.0/24"
              },
              {
                "type": "IPV4",
                "value": "165.225.80.0/24"
              },
              {
                "type": "IPV4",
                "value": "213.160.107.50/32"
              },
              {
                "type": "IPV4",
                "value": "92.54.181.130/32"
              }
            ],
            "name": "prod-bcw-waf-ip"
          },
          "sensitive_attributes": [],
          "private": "bnVsbA=="
        }
      ]
    },
    {
      "mode": "managed",
      "type": "aws_waf_ipset",
      "name": "prod-cffg-waf-ip",
      "provider": "provider[\"registry.terraform.io/hashicorp/aws\"]",
      "instances": [
        {
          "schema_version": 0,
          "attributes": {
            "arn": "arn:aws:waf::975971611990:ipset/24910cb3-76a6-4cb6-aa20-62e56da8e808",
            "id": "24910cb3-76a6-4cb6-aa20-62e56da8e808",
            "ip_set_descriptors": [
              {
                "type": "IPV4",
                "value": "147.161.166.0/24"
              },
              {
                "type": "IPV4",
                "value": "165.225.196.0/24"
              },
              {
                "type": "IPV4",
                "value": "165.225.197.0/24"
              },
              {
                "type": "IPV4",
                "value": "165.225.198.0/24"
              },
              {
                "type": "IPV4",
                "value": "165.225.80.0/24"
              },
              {
                "type": "IPV4",
                "value": "213.160.107.50/32"
              },
              {
                "type": "IPV4",
                "value": "92.54.181.130/32"
              }
            ],
            "name": "prod-cffg-waf-ip"
          },
          "sensitive_attributes": [],
          "private": "bnVsbA=="
        }
      ]
    },
    {
      "mode": "managed",
      "type": "aws_waf_rule",
      "name": "prod-bce-waf-rule",
      "provider": "provider[\"registry.terraform.io/hashicorp/aws\"]",
      "instances": [
        {
          "schema_version": 0,
          "attributes": {
            "arn": "arn:aws:waf::975971611990:rule/32dd1cf6-f9a9-4fa1-8ee8-70fdfb448cca",
            "id": "32dd1cf6-f9a9-4fa1-8ee8-70fdfb448cca",
            "metric_name": "ProdBceWafRule",
            "name": "prod-bce-waf-rule",
            "predicates": [
              {
                "data_id": "92faf90a-0194-4155-888b-5bfc43a474a8",
                "negated": false,
                "type": "IPMatch"
              }
            ],
            "tags": {},
            "tags_all": {}
          },
          "sensitive_attributes": [],
          "private": "bnVsbA==",
          "dependencies": [
            "aws_waf_ipset.prod-bce-waf-ip"
          ]
        }
      ]
    },
    {
      "mode": "managed",
      "type": "aws_waf_rule",
      "name": "prod-bcs-waf-rule",
      "provider": "provider[\"registry.terraform.io/hashicorp/aws\"]",
      "instances": [
        {
          "schema_version": 0,
          "attributes": {
            "arn": "arn:aws:waf::975971611990:rule/bd12a726-2521-4b5c-b237-4039a0603021",
            "id": "bd12a726-2521-4b5c-b237-4039a0603021",
            "metric_name": "ProdBcsWafRule",
            "name": "prod-bcs-waf-rule",
            "predicates": [
              {
                "data_id": "4b73439e-a5e8-4b7b-b262-36c5e1fd88f4",
                "negated": false,
                "type": "IPMatch"
              }
            ],
            "tags": {},
            "tags_all": {}
          },
          "sensitive_attributes": [],
          "private": "bnVsbA==",
          "dependencies": [
            "aws_waf_ipset.prod-bcs-waf-ip"
          ]
        }
      ]
    },
    {
      "mode": "managed",
      "type": "aws_waf_rule",
      "name": "prod-bcw-waf-rule",
      "provider": "provider[\"registry.terraform.io/hashicorp/aws\"]",
      "instances": [
        {
          "schema_version": 0,
          "attributes": {
            "arn": "arn:aws:waf::975971611990:rule/6b292b04-5398-483a-b0a8-93681ab6edda",
            "id": "6b292b04-5398-483a-b0a8-93681ab6edda",
            "metric_name": "ProdBcwWafRule",
            "name": "prod-bcw-waf-rule",
            "predicates": [
              {
                "data_id": "caf9cc3b-56d5-4687-97c3-b6158c9bfff5",
                "negated": false,
                "type": "IPMatch"
              }
            ],
            "tags": {},
            "tags_all": {}
          },
          "sensitive_attributes": [],
          "private": "bnVsbA==",
          "dependencies": [
            "aws_waf_ipset.prod-bcw-waf-ip"
          ]
        }
      ]
    },
    {
      "mode": "managed",
      "type": "aws_waf_rule",
      "name": "prod-cffg-waf-rule",
      "provider": "provider[\"registry.terraform.io/hashicorp/aws\"]",
      "instances": [
        {
          "schema_version": 0,
          "attributes": {
            "arn": "arn:aws:waf::975971611990:rule/8c13cc33-f4f1-475a-8f38-2ce2f565b3ba",
            "id": "8c13cc33-f4f1-475a-8f38-2ce2f565b3ba",
            "metric_name": "ProdCffgWafRule",
            "name": "prod-cffg-waf-rule",
            "predicates": [
              {
                "data_id": "24910cb3-76a6-4cb6-aa20-62e56da8e808",
                "negated": false,
                "type": "IPMatch"
              }
            ],
            "tags": {},
            "tags_all": {}
          },
          "sensitive_attributes": [],
          "private": "bnVsbA==",
          "dependencies": [
            "aws_waf_ipset.prod-cffg-waf-ip"
          ]
        }
      ]
    },
    {
      "mode": "managed",
      "type": "aws_waf_web_acl",
      "name": "prod-bce-waf-acl",
      "provider": "provider[\"registry.terraform.io/hashicorp/aws\"]",
      "instances": [
        {
          "schema_version": 0,
          "attributes": {
            "arn": "arn:aws:waf::975971611990:webacl/0f7031c9-f06b-4e85-bf80-a3e79310e5d0",
            "default_action": [
              {
                "type": "BLOCK"
              }
            ],
            "id": "0f7031c9-f06b-4e85-bf80-a3e79310e5d0",
            "logging_configuration": [],
            "metric_name": "ProdBceWafAcl",
            "name": "prod-bce-waf-acl",
            "rules": [
              {
                "action": [
                  {
                    "type": "ALLOW"
                  }
                ],
                "override_action": [],
                "priority": 1,
                "rule_id": "32dd1cf6-f9a9-4fa1-8ee8-70fdfb448cca",
                "type": "REGULAR"
              }
            ],
            "tags": {},
            "tags_all": {}
          },
          "sensitive_attributes": [],
          "private": "bnVsbA==",
          "dependencies": [
            "aws_waf_ipset.prod-bce-waf-ip",
            "aws_waf_rule.prod-bce-waf-rule"
          ]
        }
      ]
    },
    {
      "mode": "managed",
      "type": "aws_waf_web_acl",
      "name": "prod-bcs-waf-acl",
      "provider": "provider[\"registry.terraform.io/hashicorp/aws\"]",
      "instances": [
        {
          "schema_version": 0,
          "attributes": {
            "arn": "arn:aws:waf::975971611990:webacl/74c18280-3550-4d9f-bfd8-3f179c8c7222",
            "default_action": [
              {
                "type": "BLOCK"
              }
            ],
            "id": "74c18280-3550-4d9f-bfd8-3f179c8c7222",
            "logging_configuration": [],
            "metric_name": "ProdBcsWafAcl",
            "name": "prod-bcs-waf-acl",
            "rules": [
              {
                "action": [
                  {
                    "type": "ALLOW"
                  }
                ],
                "override_action": [],
                "priority": 1,
                "rule_id": "bd12a726-2521-4b5c-b237-4039a0603021",
                "type": "REGULAR"
              }
            ],
            "tags": {},
            "tags_all": {}
          },
          "sensitive_attributes": [],
          "private": "bnVsbA==",
          "dependencies": [
            "aws_waf_ipset.prod-bcs-waf-ip",
            "aws_waf_rule.prod-bcs-waf-rule"
          ]
        }
      ]
    },
    {
      "mode": "managed",
      "type": "aws_waf_web_acl",
      "name": "prod-bcw-waf-acl",
      "provider": "provider[\"registry.terraform.io/hashicorp/aws\"]",
      "instances": [
        {
          "schema_version": 0,
          "attributes": {
            "arn": "arn:aws:waf::975971611990:webacl/7edaa9bd-0cc7-4967-a25c-19b238edfe8a",
            "default_action": [
              {
                "type": "BLOCK"
              }
            ],
            "id": "7edaa9bd-0cc7-4967-a25c-19b238edfe8a",
            "logging_configuration": [],
            "metric_name": "ProdBcwWafAcl",
            "name": "prod-bcw-waf-acl",
            "rules": [
              {
                "action": [
                  {
                    "type": "ALLOW"
                  }
                ],
                "override_action": [],
                "priority": 1,
                "rule_id": "6b292b04-5398-483a-b0a8-93681ab6edda",
                "type": "REGULAR"
              }
            ],
            "tags": {},
            "tags_all": {}
          },
          "sensitive_attributes": [],
          "private": "bnVsbA==",
          "dependencies": [
            "aws_waf_ipset.prod-bcw-waf-ip",
            "aws_waf_rule.prod-bcw-waf-rule"
          ]
        }
      ]
    },
    {
      "mode": "managed",
      "type": "aws_waf_web_acl",
      "name": "prod-cffg-waf-acl",
      "provider": "provider[\"registry.terraform.io/hashicorp/aws\"]",
      "instances": [
        {
          "schema_version": 0,
          "attributes": {
            "arn": "arn:aws:waf::975971611990:webacl/b63cf85a-910f-44ad-9c5e-45417002eada",
            "default_action": [
              {
                "type": "BLOCK"
              }
            ],
            "id": "b63cf85a-910f-44ad-9c5e-45417002eada",
            "logging_configuration": [],
            "metric_name": "ProdCffgWafAcl",
            "name": "prod-cffg-waf-acl",
            "rules": [
              {
                "action": [
                  {
                    "type": "ALLOW"
                  }
                ],
                "override_action": [],
                "priority": 1,
                "rule_id": "8c13cc33-f4f1-475a-8f38-2ce2f565b3ba",
                "type": "REGULAR"
              }
            ],
            "tags": {},
            "tags_all": {}
          },
          "sensitive_attributes": [],
          "private": "bnVsbA==",
          "dependencies": [
            "aws_waf_ipset.prod-cffg-waf-ip",
            "aws_waf_rule.prod-cffg-waf-rule"
          ]
        }
      ]
    },
    {
      "mode": "managed",
      "type": "random_string",
      "name": "random",
      "provider": "provider[\"registry.terraform.io/hashicorp/random\"]",
      "instances": [
        {
          "schema_version": 1,
          "attributes": {
            "id": "heyjkisf",
            "keepers": null,
            "length": 8,
            "lower": true,
            "min_lower": 0,
            "min_numeric": 0,
            "min_special": 0,
            "min_upper": 0,
            "number": false,
            "override_special": null,
            "result": "heyjkisf",
            "special": false,
            "upper": false
          },
          "sensitive_attributes": [],
          "private": "eyJzY2hlbWFfdmVyc2lvbiI6IjEifQ=="
        }
      ]
    }
  ]
}
